{
  "version": 4,
  "terraform_version": "1.12.5",
  "serial": 13,
  "lineage": "d0adbf97-18eb-afaa-aead-b60446d0fce5",
  "outputs": {},
  "resources": [
    {
      "mode": "managed",
      "type": "github_team",
      "name": "approvers",
      "provider": "provider[\"registry.opentofu.org/integrations/github\"]",
      "instances": [
        {
          "schema_version": 0,
          "attributes": {
            "create_default_maintainer": false,
            "description": "Members whose approval satisfies the pull request review requirement",
            "etag": "W/\"83fc8ef754875df0710fa7d81b0e39cd889f08891ed16bb0cbe6227c46ff3f31\"",
            "id": "18867552",
            "ldap_dn": null,
            "members_count": 1,
            "name": "approvers",
            "node_id": "T_kwDOAamxGc4BH-Vg",
            "notification_setting": "notifications_enabled",
            "parent_team_id": "",
            "parent_team_read_id": "",
            "parent_team_read_slug": "",
            "privacy": "closed",
            "slug": "approvers"
          },
          "sensitive_attributes": [],
          "private": "bnVsbA=="
        }
      ]
    },
    {
      "mode": "managed",
      "type": "github_team_membership",
      "name": "approvers_melech",
      "provider": "provider[\"registry.opentofu.org/integrations/github\"]",
      "instances": [
        {
          "schema_version": 0,
          "attributes": {
            "etag": "W/\"df21f3b250f13ef94d47c838db42d0559f8fddd87ffc8785cee6a2cfb2d357fe\"",
            "id": "18867552:MelechMizrachi",
            "role": "maintainer",
            "team_id": "18867552",
            "username": "MelechMizrachi"
          },
          "sensitive_attributes": [],
          "private": "bnVsbA==",
          "dependencies": [
            "github_team.approvers"
          ]
        }
      ]
    },
    {
      "module": "module.repo[\".github\"]",
      "mode": "managed",
      "type": "github_issue_label",
      "name": "claude_review",
      "provider": "provider[\"registry.opentofu.org/integrations/github\"]",
      "instances": [
        {
          "schema_version": 0,
          "attributes": {
            "color": "5319e7",
            "description": "Ask Claude to review this pull request",
            "etag": "W/\"3ab683b5e9c0b7c2ecf89ae2a611d25fcc2f16d5457e95debc3a7bfc9f6603fc\"",
            "id": ".github:claude-review",
            "name": "claude-review",
            "repository": ".github",
            "url": "https://api.github.com/repos/valkyrjaio/.github/labels/claude-review"
          },
          "sensitive_attributes": [],
          "private": "eyJzY2hlbWFfdmVyc2lvbiI6IjAifQ==",
          "dependencies": [
            "module.repo.github_repository.this"
          ]
        }
      ]
    },
    {
      "module": "module.repo[\".github\"]",
      "mode": "managed",
      "type": "github_repository",
      "name": "this",
      "provider": "provider[\"registry.opentofu.org/integrations/github\"]",
      "instances": [
        {
          "schema_version": 1,
          "attributes": {
            "allow_auto_merge": false,
            "allow_forking": true,
            "allow_merge_commit": false,
            "allow_rebase_merge": false,
            "allow_squash_merge": true,
            "allow_update_branch": false,
            "archive_on_destroy": null,
            "archived": false,
            "auto_init": false,
            "default_branch": "26.x",
            "delete_branch_on_merge": true,
            "description": "GitHub specific files and project wide workflows",
            "etag": "W/\"de7ce5058be16c6bc2353bfd4370ce6bf2b25efc9717f1a6f153d8fa9d56faa6\"",
            "fork": "false",
            "full_name": "valkyrjaio/.github",
            "git_clone_url": "git://github.com/valkyrjaio/.github.git",
            "gitignore_template": null,
            "has_discussions": false,
            "has_downloads": false,
            "has_issues": true,
            "has_projects": false,
            "has_wiki": false,
            "homepage_url": "",
            "html_url": "https://github.com/valkyrjaio/.github",
            "http_clone_url": "https://github.com/valkyrjaio/.github.git",
            "id": ".github",
            "ignore_vulnerability_alerts_during_read": null,
            "is_template": false,
            "license_template": null,
            "merge_commit_message": "PR_TITLE",
            "merge_commit_title": "MERGE_MESSAGE",
            "name": ".github",
            "node_id": "R_kgDOH-WmMQ",
            "pages": [],
            "primary_language": "Shell",
            "private": false,
            "repo_id": 535143985,
            "security_and_analysis": [
              {
                "advanced_security": [],
                "code_security": [],
                "secret_scanning": [
                  {
                    "status": "disabled"
                  }
                ],
                "secret_scanning_ai_detection": [],
                "secret_scanning_non_provider_patterns": [],
                "secret_scanning_push_protection": [
                  {
                    "status": "disabled"
                  }
                ]
              }
            ],
            "source_owner": "",
            "source_repo": "",
            "squash_merge_commit_message": "PR_BODY",
            "squash_merge_commit_title": "PR_TITLE",
            "ssh_clone_url": "git@github.com:valkyrjaio/.github.git",
            "svn_url": "https://github.com/valkyrjaio/.github",
            "template": [],
            "topics": [],
            "visibility": "public",
            "vulnerability_alerts": true,
            "web_commit_signoff_required": false
          },
          "sensitive_attributes": [],
          "private": "eyJzY2hlbWFfdmVyc2lvbiI6IjEifQ=="
        }
      ]
    },
    {
      "module": "module.repo[\".github\"]",
      "mode": "managed",
      "type": "github_repository_ruleset",
      "name": "force_push_protection",
      "provider": "provider[\"registry.opentofu.org/integrations/github\"]",
      "instances": [
        {
          "schema_version": 1,
          "attributes": {
            "bypass_actors": [
              {
                "actor_id": 0,
                "actor_type": "OrganizationAdmin",
                "bypass_mode": "always"
              }
            ],
            "conditions": [
              {
                "ref_name": [
                  {
                    "exclude": [],
                    "include": [
                      "refs/heads/??.x"
                    ]
                  }
                ]
              }
            ],
            "enforcement": "active",
            "etag": "W/\"fdb66acf0cf335855ab002c055f4e26bd3c6e733abf0c4b2375f1fe5fd02189f\"",
            "id": "15225374",
            "name": "Protect Against Force Pushes and Deletion",
            "node_id": "RRS_lACqUmVwb3NpdG9yec4f5aYxzgDoUh4",
            "repository": ".github",
            "rules": [
              {
                "branch_name_pattern": [],
                "commit_author_email_pattern": [],
                "commit_message_pattern": [],
                "committer_email_pattern": [],
                "copilot_code_review": [],
                "creation": false,
                "deletion": true,
                "file_extension_restriction": [],
                "file_path_restriction": [],
                "max_file_path_length": [],
                "max_file_size": [],
                "merge_queue": [],
                "non_fast_forward": true,
                "pull_request": [],
                "required_code_scanning": [],
                "required_deployments": [],
                "required_linear_history": false,
                "required_signatures": false,
                "required_status_checks": [],
                "tag_name_pattern": [],
                "update": false,
                "update_allows_fetch_and_merge": false
              }
            ],
            "ruleset_id": 15225374,
            "target": "branch"
          },
          "sensitive_attributes": [],
          "private": "eyJzY2hlbWFfdmVyc2lvbiI6IjEifQ==",
          "dependencies": [
            "module.repo.github_repository.this"
          ]
        }
      ]
    },
    {
      "module": "module.repo[\".github\"]",
      "mode": "managed",
      "type": "github_repository_ruleset",
      "name": "protect_master",
      "provider": "provider[\"registry.opentofu.org/integrations/github\"]",
      "instances": [
        {
          "schema_version": 1,
          "attributes": {
            "bypass_actors": [],
            "conditions": [
              {
                "ref_name": [
                  {
                    "exclude": [],
                    "include": [
                      "refs/heads/master"
                    ]
                  }
                ]
              }
            ],
            "enforcement": "active",
            "etag": "W/\"f5f0a3b9ace5ef34269cb3bfe264340a09cc2ca8bfdf6f11b5c33a62ff145088\"",
            "id": "15225375",
            "name": "Protect Master At All Times",
            "node_id": "RRS_lACqUmVwb3NpdG9yec4f5aYxzgDoUh8",
            "repository": ".github",
            "rules": [
              {
                "branch_name_pattern": [],
                "commit_author_email_pattern": [],
                "commit_message_pattern": [],
                "committer_email_pattern": [],
                "copilot_code_review": [],
                "creation": false,
                "deletion": true,
                "file_extension_restriction": [],
                "file_path_restriction": [],
                "max_file_path_length": [],
                "max_file_size": [],
                "merge_queue": [],
                "non_fast_forward": true,
                "pull_request": [],
                "required_code_scanning": [],
                "required_deployments": [],
                "required_linear_history": false,
                "required_signatures": false,
                "required_status_checks": [],
                "tag_name_pattern": [],
                "update": false,
                "update_allows_fetch_and_merge": false
              }
            ],
            "ruleset_id": 15225375,
            "target": "branch"
          },
          "sensitive_attributes": [],
          "private": "eyJzY2hlbWFfdmVyc2lvbiI6IjEifQ==",
          "dependencies": [
            "module.repo.github_repository.this"
          ]
        }
      ]
    },
    {
      "module": "module.repo[\".github\"]",
      "mode": "managed",
      "type": "github_repository_ruleset",
      "name": "protect_release_tags",
      "provider": "provider[\"registry.opentofu.org/integrations/github\"]",
      "instances": [
        {
          "schema_version": 1,
          "attributes": {
            "bypass_actors": [
              {
                "actor_id": 0,
                "actor_type": "OrganizationAdmin",
                "bypass_mode": "always"
              }
            ],
            "conditions": [
              {
                "ref_name": [
                  {
                    "exclude": [],
                    "include": [
                      "refs/tags/*.*.*"
                    ]
                  }
                ]
              }
            ],
            "enforcement": "active",
            "etag": "W/\"1dc20b8341ea79d5fa09f855fef68d78221d2cd83a65e445d2c17103c759805b\"",
            "id": "15225376",
            "name": "Protect Release Tags",
            "node_id": "RRS_lACqUmVwb3NpdG9yec4f5aYxzgDoUiA",
            "repository": ".github",
            "rules": [
              {
                "branch_name_pattern": [],
                "commit_author_email_pattern": [],
                "commit_message_pattern": [],
                "committer_email_pattern": [],
                "copilot_code_review": [],
                "creation": false,
                "deletion": true,
                "file_extension_restriction": [],
                "file_path_restriction": [],
                "max_file_path_length": [],
                "max_file_size": [],
                "merge_queue": [],
                "non_fast_forward": true,
                "pull_request": [],
                "required_code_scanning": [],
                "required_deployments": [],
                "required_linear_history": false,
                "required_signatures": false,
                "required_status_checks": [],
                "tag_name_pattern": [],
                "update": false,
                "update_allows_fetch_and_merge": false
              }
            ],
            "ruleset_id": 15225376,
            "target": "tag"
          },
          "sensitive_attributes": [],
          "private": "eyJzY2hlbWFfdmVyc2lvbiI6IjEifQ==",
          "dependencies": [
            "module.repo.github_repository.this"
          ]
        }
      ]
    },
    {
      "module": "module.repo[\".github\"]",
      "mode": "managed",
      "type": "github_repository_ruleset",
      "name": "require_pull_request",
      "provider": "provider[\"registry.opentofu.org/integrations/github\"]",
      "instances": [
        {
          "schema_version": 1,
          "attributes": {
            "bypass_actors": [
              {
                "actor_id": 0,
                "actor_type": "OrganizationAdmin",
                "bypass_mode": "always"
              },
              {
                "actor_id": 2462900,
                "actor_type": "Integration",
                "bypass_mode": "always"
              }
            ],
            "conditions": [
              {
                "ref_name": [
                  {
                    "exclude": [],
                    "include": [
                      "~DEFAULT_BRANCH",
                      "refs/heads/??.x",
                      "refs/heads/master"
                    ]
                  }
                ]
              }
            ],
            "enforcement": "active",
            "etag": "W/\"7d2c3aa7bf8d1c3ea4fa98f9f889342ac8949679e82e8d4cf906f4b73d357464\"",
            "id": "15225377",
            "name": "Require Pull Request",
            "node_id": "RRS_lACqUmVwb3NpdG9yec4f5aYxzgDoUiE",
            "repository": ".github",
            "rules": [
              {
                "branch_name_pattern": [],
                "commit_author_email_pattern": [],
                "commit_message_pattern": [],
                "committer_email_pattern": [],
                "copilot_code_review": [],
                "creation": false,
                "deletion": false,
                "file_extension_restriction": [],
                "file_path_restriction": [],
                "max_file_path_length": [],
                "max_file_size": [],
                "merge_queue": [],
                "non_fast_forward": false,
                "pull_request": [
                  {
                    "allowed_merge_methods": [
                      "squash"
                    ],
                    "dismiss_stale_reviews_on_push": false,
                    "require_code_owner_review": true,
                    "require_last_push_approval": false,
                    "required_approving_review_count": 0,
                    "required_review_thread_resolution": false,
                    "required_reviewers": []
                  }
                ],
                "required_code_scanning": [],
                "required_deployments": [],
                "required_linear_history": false,
                "required_signatures": false,
                "required_status_checks": [],
                "tag_name_pattern": [],
                "update": false,
                "update_allows_fetch_and_merge": false
              }
            ],
            "ruleset_id": 15225377,
            "target": "branch"
          },
          "sensitive_attributes": [],
          "private": "eyJzY2hlbWFfdmVyc2lvbiI6IjEifQ==",
          "dependencies": [
            "github_team.approvers",
            "module.repo.github_repository.this"
          ]
        }
      ]
    },
    {
      "module": "module.repo[\".github\"]",
      "mode": "managed",
      "type": "github_repository_ruleset",
      "name": "required_default_checks",
      "provider": "provider[\"registry.opentofu.org/integrations/github\"]",
      "instances": [
        {
          "schema_version": 1,
          "attributes": {
            "bypass_actors": [
              {
                "actor_id": 0,
                "actor_type": "OrganizationAdmin",
                "bypass_mode": "always"
              },
              {
                "actor_id": 2462900,
                "actor_type": "Integration",
                "bypass_mode": "always"
              }
            ],
            "conditions": [
              {
                "ref_name": [
                  {
                    "exclude": [],
                    "include": [
                      "~DEFAULT_BRANCH",
                      "refs/heads/??.x"
                    ]
                  }
                ]
              }
            ],
            "enforcement": "active",
            "etag": "W/\"bbc45d6a607f70f381c89b4352a6a5a26658e055b8a691cf5a291a4bf1edae3d\"",
            "id": "15273964",
            "name": "Required Default PR Checks",
            "node_id": "RRS_lACqUmVwb3NpdG9yec4f5aYxzgDpD-w",
            "repository": ".github",
            "rules": [
              {
                "branch_name_pattern": [],
                "commit_author_email_pattern": [],
                "commit_message_pattern": [],
                "committer_email_pattern": [],
                "copilot_code_review": [],
                "creation": false,
                "deletion": false,
                "file_extension_restriction": [],
                "file_path_restriction": [],
                "max_file_path_length": [],
                "max_file_size": [],
                "merge_queue": [],
                "non_fast_forward": false,
                "pull_request": [],
                "required_code_scanning": [],
                "required_deployments": [],
                "required_linear_history": false,
                "required_signatures": false,
                "required_status_checks": [
                  {
                    "do_not_enforce_on_create": false,
                    "required_check": [
                      {
                        "context": "Commit Message Check / Check Commit Message",
                        "integration_id": 15368
                      },
                      {
                        "context": "Copyright Header Check / Check Copyright Header",
                        "integration_id": 15368
                      },
                      {
                        "context": "Markdown Check / Check Markdown",
                        "integration_id": 15368
                      },
                      {
                        "context": "Trailing Newline Check / Check Trailing Newline",
                        "integration_id": 15368
                      }
                    ],
                    "strict_required_status_checks_policy": false
                  }
                ],
                "tag_name_pattern": [],
                "update": false,
                "update_allows_fetch_and_merge": false
              }
            ],
            "ruleset_id": 15273964,
            "target": "branch"
          },
          "sensitive_attributes": [],
          "private": "eyJzY2hlbWFfdmVyc2lvbiI6IjEifQ==",
          "dependencies": [
            "module.repo.github_repository.this"
          ]
        }
      ]
    },
    {
      "module": "module.repo[\".github\"]",
      "mode": "managed",
      "type": "github_repository_ruleset",
      "name": "restrict_unsupported_branches",
      "provider": "provider[\"registry.opentofu.org/integrations/github\"]",
      "instances": [
        {
          "schema_version": 1,
          "attributes": {
            "bypass_actors": [
              {
                "actor_id": 2462900,
                "actor_type": "Integration",
                "bypass_mode": "always"
              }
            ],
            "conditions": [
              {
                "ref_name": [
                  {
                    "exclude": [],
                    "include": [
                      "refs/heads/??.x-backup",
                      "refs/heads/master-backup"
                    ]
                  }
                ]
              }
            ],
            "enforcement": "active",
            "etag": "W/\"2324e4f18161a019f117c0074608e378ab48e751da4c9376a5fc7d81eb1e9aac\"",
            "id": "15225378",
            "name": "Restrict Changes to Unsupported Branches",
            "node_id": "RRS_lACqUmVwb3NpdG9yec4f5aYxzgDoUiI",
            "repository": ".github",
            "rules": [
              {
                "branch_name_pattern": [],
                "commit_author_email_pattern": [],
                "commit_message_pattern": [],
                "committer_email_pattern": [],
                "copilot_code_review": [],
                "creation": true,
                "deletion": true,
                "file_extension_restriction": [],
                "file_path_restriction": [],
                "max_file_path_length": [],
                "max_file_size": [],
                "merge_queue": [],
                "non_fast_forward": true,
                "pull_request": [],
                "required_code_scanning": [],
                "required_deployments": [],
                "required_linear_history": false,
                "required_signatures": false,
                "required_status_checks": [],
                "tag_name_pattern": [],
                "update": true,
                "update_allows_fetch_and_merge": false
              }
            ],
            "ruleset_id": 15225378,
            "target": "branch"
          },
          "sensitive_attributes": [],
          "private": "eyJzY2hlbWFfdmVyc2lvbiI6IjEifQ==",
          "dependencies": [
            "module.repo.github_repository.this"
          ]
        }
      ]
    },
    {
      "module": "module.repo[\".github\"]",
      "mode": "managed",
      "type": "github_repository_vulnerability_alerts",
      "name": "this",
      "provider": "provider[\"registry.opentofu.org/integrations/github\"]",
      "instances": [
        {
          "schema_version": 0,
          "attributes": {
            "enabled": true,
            "id": "535143985",
            "repository": ".github",
            "repository_id": 535143985
          },
          "sensitive_attributes": [],
          "private": "eyJzY2hlbWFfdmVyc2lvbiI6IjAifQ==",
          "dependencies": [
            "module.repo.github_repository.this"
          ]
        }
      ]
    },
    {
      "module": "module.repo[\".github\"]",
      "mode": "managed",
      "type": "github_team_repository",
      "name": "approvers",
      "provider": "provider[\"registry.opentofu.org/integrations/github\"]",
      "instances": [
        {
          "index_key": 0,
          "schema_version": 0,
          "attributes": {
            "etag": "W/\"770f9de05d8ab98103b6d06de95d9f4f404d5d4f5c94505d55781b0535736bc9\"",
            "id": "18867552:.github",
            "permission": "push",
            "repository": ".github",
            "team_id": "approvers"
          },
          "sensitive_attributes": [],
          "private": "bnVsbA==",
          "dependencies": [
            "module.repo.github_repository.this"
          ]
        }
      ]
    },
    {
      "module": "module.repo[\"infra-github\"]",
      "mode": "managed",
      "type": "github_issue_label",
      "name": "claude_review",
      "provider": "provider[\"registry.opentofu.org/integrations/github\"]",
      "instances": [
        {
          "schema_version": 0,
          "attributes": {
            "color": "5319e7",
            "description": "Ask Claude to review this pull request",
            "etag": "\"211454282910a526f1365633ab03d608e42b8c9eaf2f0758d797bab8b0aac697\"",
            "id": "infra-github:claude-review",
            "name": "claude-review",
            "repository": "infra-github",
            "url": "https://api.github.com/repos/valkyrjaio/infra-github/labels/claude-review"
          },
          "sensitive_attributes": [],
          "private": "bnVsbA==",
          "dependencies": [
            "module.repo.github_repository.this"
          ]
        }
      ]
    },
    {
      "module": "module.repo[\"infra-github\"]",
      "mode": "managed",
      "type": "github_repository",
      "name": "this",
      "provider": "provider[\"registry.opentofu.org/integrations/github\"]",
      "instances": [
        {
          "schema_version": 1,
          "attributes": {
            "allow_auto_merge": false,
            "allow_forking": true,
            "allow_merge_commit": false,
            "allow_rebase_merge": false,
            "allow_squash_merge": true,
            "allow_update_branch": false,
            "archive_on_destroy": null,
            "archived": false,
            "auto_init": null,
            "default_branch": "26.x",
            "delete_branch_on_merge": true,
            "description": "Declarative GitHub organization configuration",
            "etag": "W/\"245deeae4b5eef6d3c4ac22a1f76b28e24189c7ca2485447401368e148b21653\"",
            "fork": "false",
            "full_name": "valkyrjaio/infra-github",
            "git_clone_url": "git://github.com/valkyrjaio/infra-github.git",
            "gitignore_template": null,
            "has_discussions": false,
            "has_downloads": false,
            "has_issues": true,
            "has_projects": false,
            "has_wiki": false,
            "homepage_url": "",
            "html_url": "https://github.com/valkyrjaio/infra-github",
            "http_clone_url": "https://github.com/valkyrjaio/infra-github.git",
            "id": "infra-github",
            "ignore_vulnerability_alerts_during_read": false,
            "is_template": false,
            "license_template": null,
            "merge_commit_message": "PR_TITLE",
            "merge_commit_title": "MERGE_MESSAGE",
            "name": "infra-github",
            "node_id": "R_kgDOTvbxIw",
            "pages": [],
            "primary_language": "HCL",
            "private": false,
            "repo_id": 1324806435,
            "security_and_analysis": [
              {
                "advanced_security": [],
                "code_security": [],
                "secret_scanning": [
                  {
                    "status": "disabled"
                  }
                ],
                "secret_scanning_ai_detection": [],
                "secret_scanning_non_provider_patterns": [],
                "secret_scanning_push_protection": [
                  {
                    "status": "disabled"
                  }
                ]
              }
            ],
            "source_owner": "",
            "source_repo": "",
            "squash_merge_commit_message": "PR_BODY",
            "squash_merge_commit_title": "PR_TITLE",
            "ssh_clone_url": "git@github.com:valkyrjaio/infra-github.git",
            "svn_url": "https://github.com/valkyrjaio/infra-github",
            "template": [],
            "topics": [],
            "visibility": "public",
            "vulnerability_alerts": true,
            "web_commit_signoff_required": false
          },
          "sensitive_attributes": [],
          "private": "eyJzY2hlbWFfdmVyc2lvbiI6IjEifQ=="
        }
      ]
    },
    {
      "module": "module.repo[\"infra-github\"]",
      "mode": "managed",
      "type": "github_repository_ruleset",
      "name": "extra_checks",
      "provider": "provider[\"registry.opentofu.org/integrations/github\"]",
      "instances": [
        {
          "index_key": "Required Infra PR Checks",
          "schema_version": 1,
          "attributes": {
            "bypass_actors": [
              {
                "actor_id": 0,
                "actor_type": "OrganizationAdmin",
                "bypass_mode": "always"
              },
              {
                "actor_id": 2462900,
                "actor_type": "Integration",
                "bypass_mode": "always"
              }
            ],
            "conditions": [
              {
                "ref_name": [
                  {
                    "exclude": [],
                    "include": [
                      "~DEFAULT_BRANCH",
                      "refs/heads/??.x"
                    ]
                  }
                ]
              }
            ],
            "enforcement": "active",
            "etag": "W/\"dbcfea7c72b544105022274c5159b09c919858ccf0c9c757cadedbfaba298b38\"",
            "id": "20493744",
            "name": "Required Infra PR Checks",
            "node_id": "RRS_lACqUmVwb3NpdG9yec5O9vEjzgE4tbA",
            "repository": "infra-github",
            "rules": [
              {
                "branch_name_pattern": [],
                "commit_author_email_pattern": [],
                "commit_message_pattern": [],
                "committer_email_pattern": [],
                "copilot_code_review": [],
                "creation": false,
                "deletion": false,
                "file_extension_restriction": [],
                "file_path_restriction": [],
                "max_file_path_length": [],
                "max_file_size": [],
                "merge_queue": [],
                "non_fast_forward": false,
                "pull_request": [],
                "required_code_scanning": [],
                "required_deployments": [],
                "required_linear_history": false,
                "required_signatures": false,
                "required_status_checks": [
                  {
                    "do_not_enforce_on_create": false,
                    "required_check": [
                      {
                        "context": "Config Plan",
                        "integration_id": 15368
                      }
                    ],
                    "strict_required_status_checks_policy": false
                  }
                ],
                "tag_name_pattern": [],
                "update": false,
                "update_allows_fetch_and_merge": false
              }
            ],
            "ruleset_id": 20493744,
            "target": "branch"
          },
          "sensitive_attributes": [],
          "private": "eyJzY2hlbWFfdmVyc2lvbiI6IjEifQ==",
          "dependencies": [
            "module.repo.github_repository.this"
          ]
        }
      ]
    },
    {
      "module": "module.repo[\"infra-github\"]",
      "mode": "managed",
      "type": "github_repository_ruleset",
      "name": "force_push_protection",
      "provider": "provider[\"registry.opentofu.org/integrations/github\"]",
      "instances": [
        {
          "schema_version": 1,
          "attributes": {
            "bypass_actors": [
              {
                "actor_id": 0,
                "actor_type": "OrganizationAdmin",
                "bypass_mode": "always"
              }
            ],
            "conditions": [
              {
                "ref_name": [
                  {
                    "exclude": [],
                    "include": [
                      "refs/heads/??.x"
                    ]
                  }
                ]
              }
            ],
            "enforcement": "active",
            "etag": "W/\"ba163631e168514e6dba078a4887025abd64efa79b7a005c94f1f12dd29f8386\"",
            "id": "20493739",
            "name": "Protect Against Force Pushes and Deletion",
            "node_id": "RRS_lACqUmVwb3NpdG9yec5O9vEjzgE4tas",
            "repository": "infra-github",
            "rules": [
              {
                "branch_name_pattern": [],
                "commit_author_email_pattern": [],
                "commit_message_pattern": [],
                "committer_email_pattern": [],
                "copilot_code_review": [],
                "creation": false,
                "deletion": true,
                "file_extension_restriction": [],
                "file_path_restriction": [],
                "max_file_path_length": [],
                "max_file_size": [],
                "merge_queue": [],
                "non_fast_forward": true,
                "pull_request": [],
                "required_code_scanning": [],
                "required_deployments": [],
                "required_linear_history": false,
                "required_signatures": false,
                "required_status_checks": [],
                "tag_name_pattern": [],
                "update": false,
                "update_allows_fetch_and_merge": false
              }
            ],
            "ruleset_id": 20493739,
            "target": "branch"
          },
          "sensitive_attributes": [],
          "private": "eyJzY2hlbWFfdmVyc2lvbiI6IjEifQ==",
          "dependencies": [
            "module.repo.github_repository.this"
          ]
        }
      ]
    },
    {
      "module": "module.repo[\"infra-github\"]",
      "mode": "managed",
      "type": "github_repository_ruleset",
      "name": "protect_master",
      "provider": "provider[\"registry.opentofu.org/integrations/github\"]",
      "instances": [
        {
          "schema_version": 1,
          "attributes": {
            "bypass_actors": [],
            "conditions": [
              {
                "ref_name": [
                  {
                    "exclude": [],
                    "include": [
                      "refs/heads/master"
                    ]
                  }
                ]
              }
            ],
            "enforcement": "active",
            "etag": "W/\"45684fac1aae9e05198c9cf71a1a47ecae8db5ebd374f726e0f12f0074aa6851\"",
            "id": "20493741",
            "name": "Protect Master At All Times",
            "node_id": "RRS_lACqUmVwb3NpdG9yec5O9vEjzgE4ta0",
            "repository": "infra-github",
            "rules": [
              {
                "branch_name_pattern": [],
                "commit_author_email_pattern": [],
                "commit_message_pattern": [],
                "committer_email_pattern": [],
                "copilot_code_review": [],
                "creation": false,
                "deletion": true,
                "file_extension_restriction": [],
                "file_path_restriction": [],
                "max_file_path_length": [],
                "max_file_size": [],
                "merge_queue": [],
                "non_fast_forward": true,
                "pull_request": [],
                "required_code_scanning": [],
                "required_deployments": [],
                "required_linear_history": false,
                "required_signatures": false,
                "required_status_checks": [],
                "tag_name_pattern": [],
                "update": false,
                "update_allows_fetch_and_merge": false
              }
            ],
            "ruleset_id": 20493741,
            "target": "branch"
          },
          "sensitive_attributes": [],
          "private": "eyJzY2hlbWFfdmVyc2lvbiI6IjEifQ==",
          "dependencies": [
            "module.repo.github_repository.this"
          ]
        }
      ]
    },
    {
      "module": "module.repo[\"infra-github\"]",
      "mode": "managed",
      "type": "github_repository_ruleset",
      "name": "protect_release_tags",
      "provider": "provider[\"registry.opentofu.org/integrations/github\"]",
      "instances": [
        {
          "schema_version": 1,
          "attributes": {
            "bypass_actors": [
              {
                "actor_id": 0,
                "actor_type": "OrganizationAdmin",
                "bypass_mode": "always"
              }
            ],
            "conditions": [
              {
                "ref_name": [
                  {
                    "exclude": [],
                    "include": [
                      "refs/tags/*.*.*"
                    ]
                  }
                ]
              }
            ],
            "enforcement": "active",
            "etag": "W/\"c926ef74ed346412624df66074d2e731c3382e8f3ac547e8aed0858fc564c9aa\"",
            "id": "20493737",
            "name": "Protect Release Tags",
            "node_id": "RRS_lACqUmVwb3NpdG9yec5O9vEjzgE4tak",
            "repository": "infra-github",
            "rules": [
              {
                "branch_name_pattern": [],
                "commit_author_email_pattern": [],
                "commit_message_pattern": [],
                "committer_email_pattern": [],
                "copilot_code_review": [],
                "creation": false,
                "deletion": true,
                "file_extension_restriction": [],
                "file_path_restriction": [],
                "max_file_path_length": [],
                "max_file_size": [],
                "merge_queue": [],
                "non_fast_forward": true,
                "pull_request": [],
                "required_code_scanning": [],
                "required_deployments": [],
                "required_linear_history": false,
                "required_signatures": false,
                "required_status_checks": [],
                "tag_name_pattern": [],
                "update": false,
                "update_allows_fetch_and_merge": false
              }
            ],
            "ruleset_id": 20493737,
            "target": "tag"
          },
          "sensitive_attributes": [],
          "private": "eyJzY2hlbWFfdmVyc2lvbiI6IjEifQ==",
          "dependencies": [
            "module.repo.github_repository.this"
          ]
        }
      ]
    },
    {
      "module": "module.repo[\"infra-github\"]",
      "mode": "managed",
      "type": "github_repository_ruleset",
      "name": "require_pull_request",
      "provider": "provider[\"registry.opentofu.org/integrations/github\"]",
      "instances": [
        {
          "schema_version": 1,
          "attributes": {
            "bypass_actors": [
              {
                "actor_id": 0,
                "actor_type": "OrganizationAdmin",
                "bypass_mode": "always"
              },
              {
                "actor_id": 2462900,
                "actor_type": "Integration",
                "bypass_mode": "always"
              }
            ],
            "conditions": [
              {
                "ref_name": [
                  {
                    "exclude": [],
                    "include": [
                      "~DEFAULT_BRANCH",
                      "refs/heads/??.x",
                      "refs/heads/master"
                    ]
                  }
                ]
              }
            ],
            "enforcement": "active",
            "etag": "W/\"a739c080b01151020532b2e782db648f5d44da384b8d2f80fa9874168e173946\"",
            "id": "20493745",
            "name": "Require Pull Request",
            "node_id": "RRS_lACqUmVwb3NpdG9yec5O9vEjzgE4tbE",
            "repository": "infra-github",
            "rules": [
              {
                "branch_name_pattern": [],
                "commit_author_email_pattern": [],
                "commit_message_pattern": [],
                "committer_email_pattern": [],
                "copilot_code_review": [],
                "creation": false,
                "deletion": false,
                "file_extension_restriction": [],
                "file_path_restriction": [],
                "max_file_path_length": [],
                "max_file_size": [],
                "merge_queue": [],
                "non_fast_forward": false,
                "pull_request": [
                  {
                    "allowed_merge_methods": [
                      "squash"
                    ],
                    "dismiss_stale_reviews_on_push": false,
                    "require_code_owner_review": true,
                    "require_last_push_approval": false,
                    "required_approving_review_count": 0,
                    "required_review_thread_resolution": false,
                    "required_reviewers": []
                  }
                ],
                "required_code_scanning": [],
                "required_deployments": [],
                "required_linear_history": false,
                "required_signatures": false,
                "required_status_checks": [],
                "tag_name_pattern": [],
                "update": false,
                "update_allows_fetch_and_merge": false
              }
            ],
            "ruleset_id": 20493745,
            "target": "branch"
          },
          "sensitive_attributes": [],
          "private": "eyJzY2hlbWFfdmVyc2lvbiI6IjEifQ==",
          "dependencies": [
            "github_team.approvers",
            "module.repo.github_repository.this"
          ]
        }
      ]
    },
    {
      "module": "module.repo[\"infra-github\"]",
      "mode": "managed",
      "type": "github_repository_ruleset",
      "name": "required_default_checks",
      "provider": "provider[\"registry.opentofu.org/integrations/github\"]",
      "instances": [
        {
          "schema_version": 1,
          "attributes": {
            "bypass_actors": [
              {
                "actor_id": 0,
                "actor_type": "OrganizationAdmin",
                "bypass_mode": "always"
              },
              {
                "actor_id": 2462900,
                "actor_type": "Integration",
                "bypass_mode": "always"
              }
            ],
            "conditions": [
              {
                "ref_name": [
                  {
                    "exclude": [],
                    "include": [
                      "~DEFAULT_BRANCH",
                      "refs/heads/??.x"
                    ]
                  }
                ]
              }
            ],
            "enforcement": "active",
            "etag": "W/\"b92c2bd179b930318f7b4c44e80421c9b1cddf01b9e4c83918f98546f45b9e1b\"",
            "id": "20493740",
            "name": "Required Default PR Checks",
            "node_id": "RRS_lACqUmVwb3NpdG9yec5O9vEjzgE4taw",
            "repository": "infra-github",
            "rules": [
              {
                "branch_name_pattern": [],
                "commit_author_email_pattern": [],
                "commit_message_pattern": [],
                "committer_email_pattern": [],
                "copilot_code_review": [],
                "creation": false,
                "deletion": false,
                "file_extension_restriction": [],
                "file_path_restriction": [],
                "max_file_path_length": [],
                "max_file_size": [],
                "merge_queue": [],
                "non_fast_forward": false,
                "pull_request": [],
                "required_code_scanning": [],
                "required_deployments": [],
                "required_linear_history": false,
                "required_signatures": false,
                "required_status_checks": [
                  {
                    "do_not_enforce_on_create": false,
                    "required_check": [
                      {
                        "context": "Commit Message Check / Check Commit Message",
                        "integration_id": 15368
                      },
                      {
                        "context": "Copyright Header Check / Check Copyright Header",
                        "integration_id": 15368
                      },
                      {
                        "context": "Markdown Check / Check Markdown",
                        "integration_id": 15368
                      },
                      {
                        "context": "Trailing Newline Check / Check Trailing Newline",
                        "integration_id": 15368
                      }
                    ],
                    "strict_required_status_checks_policy": false
                  }
                ],
                "tag_name_pattern": [],
                "update": false,
                "update_allows_fetch_and_merge": false
              }
            ],
            "ruleset_id": 20493740,
            "target": "branch"
          },
          "sensitive_attributes": [],
          "private": "eyJzY2hlbWFfdmVyc2lvbiI6IjEifQ==",
          "dependencies": [
            "module.repo.github_repository.this"
          ]
        }
      ]
    },
    {
      "module": "module.repo[\"infra-github\"]",
      "mode": "managed",
      "type": "github_repository_ruleset",
      "name": "restrict_unsupported_branches",
      "provider": "provider[\"registry.opentofu.org/integrations/github\"]",
      "instances": [
        {
          "schema_version": 1,
          "attributes": {
            "bypass_actors": [
              {
                "actor_id": 2462900,
                "actor_type": "Integration",
                "bypass_mode": "always"
              }
            ],
            "conditions": [
              {
                "ref_name": [
                  {
                    "exclude": [],
                    "include": [
                      "refs/heads/??.x-backup",
                      "refs/heads/master-backup"
                    ]
                  }
                ]
              }
            ],
            "enforcement": "active",
            "etag": "W/\"81cc613bd461c9b55353624617d9bb0c00bcbb90116fc8b074eaa83dbf503daa\"",
            "id": "20493742",
            "name": "Restrict Changes to Unsupported Branches",
            "node_id": "RRS_lACqUmVwb3NpdG9yec5O9vEjzgE4ta4",
            "repository": "infra-github",
            "rules": [
              {
                "branch_name_pattern": [],
                "commit_author_email_pattern": [],
                "commit_message_pattern": [],
                "committer_email_pattern": [],
                "copilot_code_review": [],
                "creation": true,
                "deletion": true,
                "file_extension_restriction": [],
                "file_path_restriction": [],
                "max_file_path_length": [],
                "max_file_size": [],
                "merge_queue": [],
                "non_fast_forward": true,
                "pull_request": [],
                "required_code_scanning": [],
                "required_deployments": [],
                "required_linear_history": false,
                "required_signatures": false,
                "required_status_checks": [],
                "tag_name_pattern": [],
                "update": true,
                "update_allows_fetch_and_merge": false
              }
            ],
            "ruleset_id": 20493742,
            "target": "branch"
          },
          "sensitive_attributes": [],
          "private": "eyJzY2hlbWFfdmVyc2lvbiI6IjEifQ==",
          "dependencies": [
            "module.repo.github_repository.this"
          ]
        }
      ]
    },
    {
      "module": "module.repo[\"infra-github\"]",
      "mode": "managed",
      "type": "github_repository_vulnerability_alerts",
      "name": "this",
      "provider": "provider[\"registry.opentofu.org/integrations/github\"]",
      "instances": [
        {
          "schema_version": 0,
          "attributes": {
            "enabled": true,
            "id": "1324806435",
            "repository": "infra-github",
            "repository_id": 1324806435
          },
          "sensitive_attributes": [],
          "private": "bnVsbA==",
          "dependencies": [
            "module.repo.github_repository.this"
          ]
        }
      ]
    },
    {
      "module": "module.repo[\"infra-github\"]",
      "mode": "managed",
      "type": "github_team_repository",
      "name": "approvers",
      "provider": "provider[\"registry.opentofu.org/integrations/github\"]",
      "instances": [
        {
          "index_key": 0,
          "schema_version": 0,
          "attributes": {
            "etag": "W/\"500250ff60683610d4a8ff367df8f369d369f3ac38678c2c52b7739b01eec94a\"",
            "id": "18867552:infra-github",
            "permission": "push",
            "repository": "infra-github",
            "team_id": "approvers"
          },
          "sensitive_attributes": [],
          "private": "bnVsbA==",
          "dependencies": [
            "module.repo.github_repository.this"
          ]
        }
      ]
    }
  ],
  "check_results": null
}

