{
  "version": 4,
  "terraform_version": "1.12.5",
  "serial": 5,
  "lineage": "d0adbf97-18eb-afaa-aead-b60446d0fce5",
  "outputs": {},
  "resources": [
    {
      "mode": "managed",
      "type": "github_team",
      "name": "approvers",
      "provider": "provider[\"registry.opentofu.org/integrations/github\"]",
      "instances": [
        {
          "schema_version": 0,
          "attributes": {
            "create_default_maintainer": false,
            "description": "Members whose approval satisfies the pull request review requirement",
            "etag": "W/\"ebea13fc00e40c8e0421b359716843c93ff336da9422767b7ab0465bf2a09bb5\"",
            "id": "18867552",
            "ldap_dn": null,
            "members_count": 1,
            "name": "approvers",
            "node_id": "T_kwDOAamxGc4BH-Vg",
            "notification_setting": "notifications_enabled",
            "parent_team_id": "",
            "parent_team_read_id": "",
            "parent_team_read_slug": "",
            "privacy": "closed",
            "slug": "approvers"
          },
          "sensitive_attributes": [],
          "private": "bnVsbA=="
        }
      ]
    },
    {
      "mode": "managed",
      "type": "github_team_membership",
      "name": "approvers_melech",
      "provider": "provider[\"registry.opentofu.org/integrations/github\"]",
      "instances": [
        {
          "schema_version": 0,
          "attributes": {
            "etag": "W/\"5ef07ee7cc11f7c626d81e838db89e0b796c63d2da9ec2dd7af46fcec932b868\"",
            "id": "18867552:MelechMizrachi",
            "role": "maintainer",
            "team_id": "18867552",
            "username": "MelechMizrachi"
          },
          "sensitive_attributes": [],
          "private": "bnVsbA==",
          "dependencies": [
            "github_team.approvers"
          ]
        }
      ]
    },
    {
      "module": "module.repo[\"infra-github\"]",
      "mode": "managed",
      "type": "github_issue_label",
      "name": "claude_review",
      "provider": "provider[\"registry.opentofu.org/integrations/github\"]",
      "instances": [
        {
          "schema_version": 0,
          "attributes": {
            "color": "5319e7",
            "description": "Ask Claude to review this pull request",
            "etag": "\"211454282910a526f1365633ab03d608e42b8c9eaf2f0758d797bab8b0aac697\"",
            "id": "infra-github:claude-review",
            "name": "claude-review",
            "repository": "infra-github",
            "url": "https://api.github.com/repos/valkyrjaio/infra-github/labels/claude-review"
          },
          "sensitive_attributes": [],
          "private": "bnVsbA==",
          "dependencies": [
            "module.repo.github_repository.this"
          ]
        }
      ]
    },
    {
      "module": "module.repo[\"infra-github\"]",
      "mode": "managed",
      "type": "github_repository",
      "name": "this",
      "provider": "provider[\"registry.opentofu.org/integrations/github\"]",
      "instances": [
        {
          "schema_version": 1,
          "attributes": {
            "allow_auto_merge": false,
            "allow_forking": true,
            "allow_merge_commit": false,
            "allow_rebase_merge": false,
            "allow_squash_merge": true,
            "allow_update_branch": false,
            "archive_on_destroy": null,
            "archived": false,
            "auto_init": null,
            "default_branch": "26.x",
            "delete_branch_on_merge": true,
            "description": "Declarative GitHub organization configuration",
            "etag": "W/\"245deeae4b5eef6d3c4ac22a1f76b28e24189c7ca2485447401368e148b21653\"",
            "fork": "false",
            "full_name": "valkyrjaio/infra-github",
            "git_clone_url": "git://github.com/valkyrjaio/infra-github.git",
            "gitignore_template": null,
            "has_discussions": false,
            "has_downloads": false,
            "has_issues": true,
            "has_projects": false,
            "has_wiki": false,
            "homepage_url": "",
            "html_url": "https://github.com/valkyrjaio/infra-github",
            "http_clone_url": "https://github.com/valkyrjaio/infra-github.git",
            "id": "infra-github",
            "ignore_vulnerability_alerts_during_read": false,
            "is_template": false,
            "license_template": null,
            "merge_commit_message": "PR_TITLE",
            "merge_commit_title": "MERGE_MESSAGE",
            "name": "infra-github",
            "node_id": "R_kgDOTvbxIw",
            "pages": [],
            "primary_language": "HCL",
            "private": false,
            "repo_id": 1324806435,
            "security_and_analysis": [
              {
                "advanced_security": [],
                "code_security": [],
                "secret_scanning": [
                  {
                    "status": "disabled"
                  }
                ],
                "secret_scanning_ai_detection": [],
                "secret_scanning_non_provider_patterns": [],
                "secret_scanning_push_protection": [
                  {
                    "status": "disabled"
                  }
                ]
              }
            ],
            "source_owner": "",
            "source_repo": "",
            "squash_merge_commit_message": "PR_BODY",
            "squash_merge_commit_title": "PR_TITLE",
            "ssh_clone_url": "git@github.com:valkyrjaio/infra-github.git",
            "svn_url": "https://github.com/valkyrjaio/infra-github",
            "template": [],
            "topics": [],
            "visibility": "public",
            "vulnerability_alerts": true,
            "web_commit_signoff_required": false
          },
          "sensitive_attributes": [],
          "private": "eyJzY2hlbWFfdmVyc2lvbiI6IjEifQ=="
        }
      ]
    },
    {
      "module": "module.repo[\"infra-github\"]",
      "mode": "managed",
      "type": "github_repository_ruleset",
      "name": "extra_checks",
      "provider": "provider[\"registry.opentofu.org/integrations/github\"]",
      "instances": [
        {
          "index_key": "Required Infra PR Checks",
          "schema_version": 1,
          "attributes": {
            "bypass_actors": [
              {
                "actor_id": 0,
                "actor_type": "OrganizationAdmin",
                "bypass_mode": "always"
              },
              {
                "actor_id": 2462900,
                "actor_type": "Integration",
                "bypass_mode": "always"
              }
            ],
            "conditions": [
              {
                "ref_name": [
                  {
                    "exclude": [],
                    "include": [
                      "~DEFAULT_BRANCH",
                      "refs/heads/??.x"
                    ]
                  }
                ]
              }
            ],
            "enforcement": "active",
            "etag": "W/\"0f0a9f18656ee9aa1893a1f1c2a78a3231a4765f687ccd3a0b5c7e9087ccf617\"",
            "id": "20493744",
            "name": "Required Infra PR Checks",
            "node_id": "RRS_lACqUmVwb3NpdG9yec5O9vEjzgE4tbA",
            "repository": "infra-github",
            "rules": [
              {
                "branch_name_pattern": [],
                "commit_author_email_pattern": [],
                "commit_message_pattern": [],
                "committer_email_pattern": [],
                "copilot_code_review": [],
                "creation": false,
                "deletion": false,
                "file_extension_restriction": [],
                "file_path_restriction": [],
                "max_file_path_length": [],
                "max_file_size": [],
                "merge_queue": [],
                "non_fast_forward": false,
                "pull_request": [],
                "required_code_scanning": [],
                "required_deployments": [],
                "required_linear_history": false,
                "required_signatures": false,
                "required_status_checks": [
                  {
                    "do_not_enforce_on_create": false,
                    "required_check": [
                      {
                        "context": "Config Plan",
                        "integration_id": 15368
                      }
                    ],
                    "strict_required_status_checks_policy": false
                  }
                ],
                "tag_name_pattern": [],
                "update": false,
                "update_allows_fetch_and_merge": false
              }
            ],
            "ruleset_id": 20493744,
            "target": "branch"
          },
          "sensitive_attributes": [],
          "private": "eyJzY2hlbWFfdmVyc2lvbiI6IjEifQ==",
          "dependencies": [
            "module.repo.github_repository.this"
          ]
        }
      ]
    },
    {
      "module": "module.repo[\"infra-github\"]",
      "mode": "managed",
      "type": "github_repository_ruleset",
      "name": "force_push_protection",
      "provider": "provider[\"registry.opentofu.org/integrations/github\"]",
      "instances": [
        {
          "schema_version": 1,
          "attributes": {
            "bypass_actors": [
              {
                "actor_id": 0,
                "actor_type": "OrganizationAdmin",
                "bypass_mode": "always"
              }
            ],
            "conditions": [
              {
                "ref_name": [
                  {
                    "exclude": [],
                    "include": [
                      "refs/heads/??.x"
                    ]
                  }
                ]
              }
            ],
            "enforcement": "active",
            "etag": "W/\"856d6a9e249e268c908ca1777f88cf15fa453aef1089dfb6ee1603ac6ac5e574\"",
            "id": "20493739",
            "name": "Protect Against Force Pushes and Deletion",
            "node_id": "RRS_lACqUmVwb3NpdG9yec5O9vEjzgE4tas",
            "repository": "infra-github",
            "rules": [
              {
                "branch_name_pattern": [],
                "commit_author_email_pattern": [],
                "commit_message_pattern": [],
                "committer_email_pattern": [],
                "copilot_code_review": [],
                "creation": false,
                "deletion": true,
                "file_extension_restriction": [],
                "file_path_restriction": [],
                "max_file_path_length": [],
                "max_file_size": [],
                "merge_queue": [],
                "non_fast_forward": true,
                "pull_request": [],
                "required_code_scanning": [],
                "required_deployments": [],
                "required_linear_history": false,
                "required_signatures": false,
                "required_status_checks": [],
                "tag_name_pattern": [],
                "update": false,
                "update_allows_fetch_and_merge": false
              }
            ],
            "ruleset_id": 20493739,
            "target": "branch"
          },
          "sensitive_attributes": [],
          "private": "eyJzY2hlbWFfdmVyc2lvbiI6IjEifQ==",
          "dependencies": [
            "module.repo.github_repository.this"
          ]
        }
      ]
    },
    {
      "module": "module.repo[\"infra-github\"]",
      "mode": "managed",
      "type": "github_repository_ruleset",
      "name": "protect_master",
      "provider": "provider[\"registry.opentofu.org/integrations/github\"]",
      "instances": [
        {
          "schema_version": 1,
          "attributes": {
            "bypass_actors": [],
            "conditions": [
              {
                "ref_name": [
                  {
                    "exclude": [],
                    "include": [
                      "refs/heads/master"
                    ]
                  }
                ]
              }
            ],
            "enforcement": "active",
            "etag": "W/\"b37a454231fc0230abc814285a8edd44517d48d502ef660e9851541d87ec2bf9\"",
            "id": "20493741",
            "name": "Protect Master At All Times",
            "node_id": "RRS_lACqUmVwb3NpdG9yec5O9vEjzgE4ta0",
            "repository": "infra-github",
            "rules": [
              {
                "branch_name_pattern": [],
                "commit_author_email_pattern": [],
                "commit_message_pattern": [],
                "committer_email_pattern": [],
                "copilot_code_review": [],
                "creation": false,
                "deletion": true,
                "file_extension_restriction": [],
                "file_path_restriction": [],
                "max_file_path_length": [],
                "max_file_size": [],
                "merge_queue": [],
                "non_fast_forward": true,
                "pull_request": [],
                "required_code_scanning": [],
                "required_deployments": [],
                "required_linear_history": false,
                "required_signatures": false,
                "required_status_checks": [],
                "tag_name_pattern": [],
                "update": false,
                "update_allows_fetch_and_merge": false
              }
            ],
            "ruleset_id": 20493741,
            "target": "branch"
          },
          "sensitive_attributes": [],
          "private": "eyJzY2hlbWFfdmVyc2lvbiI6IjEifQ==",
          "dependencies": [
            "module.repo.github_repository.this"
          ]
        }
      ]
    },
    {
      "module": "module.repo[\"infra-github\"]",
      "mode": "managed",
      "type": "github_repository_ruleset",
      "name": "protect_release_tags",
      "provider": "provider[\"registry.opentofu.org/integrations/github\"]",
      "instances": [
        {
          "schema_version": 1,
          "attributes": {
            "bypass_actors": [
              {
                "actor_id": 0,
                "actor_type": "OrganizationAdmin",
                "bypass_mode": "always"
              }
            ],
            "conditions": [
              {
                "ref_name": [
                  {
                    "exclude": [],
                    "include": [
                      "refs/tags/*.*.*"
                    ]
                  }
                ]
              }
            ],
            "enforcement": "active",
            "etag": "W/\"0526a39c9e10f9f6aa074ca6162c95b6cac1f16d9a95acb21efc06a24ec46546\"",
            "id": "20493737",
            "name": "Protect Release Tags",
            "node_id": "RRS_lACqUmVwb3NpdG9yec5O9vEjzgE4tak",
            "repository": "infra-github",
            "rules": [
              {
                "branch_name_pattern": [],
                "commit_author_email_pattern": [],
                "commit_message_pattern": [],
                "committer_email_pattern": [],
                "copilot_code_review": [],
                "creation": false,
                "deletion": true,
                "file_extension_restriction": [],
                "file_path_restriction": [],
                "max_file_path_length": [],
                "max_file_size": [],
                "merge_queue": [],
                "non_fast_forward": true,
                "pull_request": [],
                "required_code_scanning": [],
                "required_deployments": [],
                "required_linear_history": false,
                "required_signatures": false,
                "required_status_checks": [],
                "tag_name_pattern": [],
                "update": false,
                "update_allows_fetch_and_merge": false
              }
            ],
            "ruleset_id": 20493737,
            "target": "tag"
          },
          "sensitive_attributes": [],
          "private": "eyJzY2hlbWFfdmVyc2lvbiI6IjEifQ==",
          "dependencies": [
            "module.repo.github_repository.this"
          ]
        }
      ]
    },
    {
      "module": "module.repo[\"infra-github\"]",
      "mode": "managed",
      "type": "github_repository_ruleset",
      "name": "require_pull_request",
      "provider": "provider[\"registry.opentofu.org/integrations/github\"]",
      "instances": [
        {
          "schema_version": 1,
          "attributes": {
            "bypass_actors": [
              {
                "actor_id": 0,
                "actor_type": "OrganizationAdmin",
                "bypass_mode": "always"
              },
              {
                "actor_id": 2462900,
                "actor_type": "Integration",
                "bypass_mode": "always"
              }
            ],
            "conditions": [
              {
                "ref_name": [
                  {
                    "exclude": [],
                    "include": [
                      "~DEFAULT_BRANCH",
                      "refs/heads/??.x",
                      "refs/heads/master"
                    ]
                  }
                ]
              }
            ],
            "enforcement": "active",
            "etag": "W/\"9d452a2a28fe447abe78ed330c4d5e44188476fcf569684a95393d24890ebb5b\"",
            "id": "20493745",
            "name": "Require Pull Request",
            "node_id": "RRS_lACqUmVwb3NpdG9yec5O9vEjzgE4tbE",
            "repository": "infra-github",
            "rules": [
              {
                "branch_name_pattern": [],
                "commit_author_email_pattern": [],
                "commit_message_pattern": [],
                "committer_email_pattern": [],
                "copilot_code_review": [],
                "creation": false,
                "deletion": false,
                "file_extension_restriction": [],
                "file_path_restriction": [],
                "max_file_path_length": [],
                "max_file_size": [],
                "merge_queue": [],
                "non_fast_forward": false,
                "pull_request": [
                  {
                    "allowed_merge_methods": [
                      "squash"
                    ],
                    "dismiss_stale_reviews_on_push": false,
                    "require_code_owner_review": true,
                    "require_last_push_approval": false,
                    "required_approving_review_count": 1,
                    "required_review_thread_resolution": false,
                    "required_reviewers": [
                      {
                        "file_patterns": [
                          "**"
                        ],
                        "minimum_approvals": 1,
                        "reviewer": [
                          {
                            "id": 18867552,
                            "type": "Team"
                          }
                        ]
                      }
                    ]
                  }
                ],
                "required_code_scanning": [],
                "required_deployments": [],
                "required_linear_history": false,
                "required_signatures": false,
                "required_status_checks": [],
                "tag_name_pattern": [],
                "update": false,
                "update_allows_fetch_and_merge": false
              }
            ],
            "ruleset_id": 20493745,
            "target": "branch"
          },
          "sensitive_attributes": [],
          "private": "eyJzY2hlbWFfdmVyc2lvbiI6IjEifQ==",
          "dependencies": [
            "github_team.approvers",
            "module.repo.github_repository.this"
          ]
        }
      ]
    },
    {
      "module": "module.repo[\"infra-github\"]",
      "mode": "managed",
      "type": "github_repository_ruleset",
      "name": "required_default_checks",
      "provider": "provider[\"registry.opentofu.org/integrations/github\"]",
      "instances": [
        {
          "schema_version": 1,
          "attributes": {
            "bypass_actors": [
              {
                "actor_id": 0,
                "actor_type": "OrganizationAdmin",
                "bypass_mode": "always"
              },
              {
                "actor_id": 2462900,
                "actor_type": "Integration",
                "bypass_mode": "always"
              }
            ],
            "conditions": [
              {
                "ref_name": [
                  {
                    "exclude": [],
                    "include": [
                      "~DEFAULT_BRANCH",
                      "refs/heads/??.x"
                    ]
                  }
                ]
              }
            ],
            "enforcement": "active",
            "etag": "W/\"640691135e14f7f6117fb315a10ab25c99c19ad905b4b7af31c6647fd75981ca\"",
            "id": "20493740",
            "name": "Required Default PR Checks",
            "node_id": "RRS_lACqUmVwb3NpdG9yec5O9vEjzgE4taw",
            "repository": "infra-github",
            "rules": [
              {
                "branch_name_pattern": [],
                "commit_author_email_pattern": [],
                "commit_message_pattern": [],
                "committer_email_pattern": [],
                "copilot_code_review": [],
                "creation": false,
                "deletion": false,
                "file_extension_restriction": [],
                "file_path_restriction": [],
                "max_file_path_length": [],
                "max_file_size": [],
                "merge_queue": [],
                "non_fast_forward": false,
                "pull_request": [],
                "required_code_scanning": [],
                "required_deployments": [],
                "required_linear_history": false,
                "required_signatures": false,
                "required_status_checks": [
                  {
                    "do_not_enforce_on_create": false,
                    "required_check": [
                      {
                        "context": "Commit Message Check / Check Commit Message",
                        "integration_id": 15368
                      },
                      {
                        "context": "Copyright Header Check / Check Copyright Header",
                        "integration_id": 15368
                      },
                      {
                        "context": "Markdown Check / Check Markdown",
                        "integration_id": 15368
                      },
                      {
                        "context": "Trailing Newline Check / Check Trailing Newline",
                        "integration_id": 15368
                      }
                    ],
                    "strict_required_status_checks_policy": false
                  }
                ],
                "tag_name_pattern": [],
                "update": false,
                "update_allows_fetch_and_merge": false
              }
            ],
            "ruleset_id": 20493740,
            "target": "branch"
          },
          "sensitive_attributes": [],
          "private": "eyJzY2hlbWFfdmVyc2lvbiI6IjEifQ==",
          "dependencies": [
            "module.repo.github_repository.this"
          ]
        }
      ]
    },
    {
      "module": "module.repo[\"infra-github\"]",
      "mode": "managed",
      "type": "github_repository_ruleset",
      "name": "restrict_unsupported_branches",
      "provider": "provider[\"registry.opentofu.org/integrations/github\"]",
      "instances": [
        {
          "schema_version": 1,
          "attributes": {
            "bypass_actors": [
              {
                "actor_id": 2462900,
                "actor_type": "Integration",
                "bypass_mode": "always"
              }
            ],
            "conditions": [
              {
                "ref_name": [
                  {
                    "exclude": [],
                    "include": [
                      "refs/heads/??.x-backup",
                      "refs/heads/master-backup"
                    ]
                  }
                ]
              }
            ],
            "enforcement": "active",
            "etag": "W/\"4c8333a9258068c26040420e059a18d293bd4752bad00bac37a73b37a8d3eebd\"",
            "id": "20493742",
            "name": "Restrict Changes to Unsupported Branches",
            "node_id": "RRS_lACqUmVwb3NpdG9yec5O9vEjzgE4ta4",
            "repository": "infra-github",
            "rules": [
              {
                "branch_name_pattern": [],
                "commit_author_email_pattern": [],
                "commit_message_pattern": [],
                "committer_email_pattern": [],
                "copilot_code_review": [],
                "creation": true,
                "deletion": true,
                "file_extension_restriction": [],
                "file_path_restriction": [],
                "max_file_path_length": [],
                "max_file_size": [],
                "merge_queue": [],
                "non_fast_forward": true,
                "pull_request": [],
                "required_code_scanning": [],
                "required_deployments": [],
                "required_linear_history": false,
                "required_signatures": false,
                "required_status_checks": [],
                "tag_name_pattern": [],
                "update": true,
                "update_allows_fetch_and_merge": false
              }
            ],
            "ruleset_id": 20493742,
            "target": "branch"
          },
          "sensitive_attributes": [],
          "private": "eyJzY2hlbWFfdmVyc2lvbiI6IjEifQ==",
          "dependencies": [
            "module.repo.github_repository.this"
          ]
        }
      ]
    },
    {
      "module": "module.repo[\"infra-github\"]",
      "mode": "managed",
      "type": "github_repository_vulnerability_alerts",
      "name": "this",
      "provider": "provider[\"registry.opentofu.org/integrations/github\"]",
      "instances": [
        {
          "schema_version": 0,
          "attributes": {
            "enabled": true,
            "id": "1324806435",
            "repository": "infra-github",
            "repository_id": 1324806435
          },
          "sensitive_attributes": [],
          "private": "bnVsbA==",
          "dependencies": [
            "module.repo.github_repository.this"
          ]
        }
      ]
    },
    {
      "module": "module.repo[\"infra-github\"]",
      "mode": "managed",
      "type": "github_team_repository",
      "name": "approvers",
      "provider": "provider[\"registry.opentofu.org/integrations/github\"]",
      "instances": [
        {
          "index_key": 0,
          "schema_version": 0,
          "attributes": {
            "etag": "W/\"b0c565156a3e3830acf492c5845784243b694302035e6905c09a2ff1b9e8a521\"",
            "id": "18867552:infra-github",
            "permission": "push",
            "repository": "infra-github",
            "team_id": "approvers"
          },
          "sensitive_attributes": [],
          "private": "bnVsbA==",
          "dependencies": [
            "module.repo.github_repository.this"
          ]
        }
      ]
    }
  ],
  "check_results": [
    {
      "object_kind": "var",
      "config_addr": "module.repo.var.language",
      "status": "pass",
      "objects": [
        {
          "object_addr": "module.repo[\"infra-github\"].var.language",
          "status": "pass"
        }
      ]
    }
  ]
}

