{
  "version": 4,
  "terraform_version": "1.12.5",
  "serial": 25,
  "lineage": "d0adbf97-18eb-afaa-aead-b60446d0fce5",
  "outputs": {},
  "resources": [
    {
      "mode": "managed",
      "type": "github_team",
      "name": "approvers",
      "provider": "provider[\"registry.opentofu.org/integrations/github\"]",
      "instances": [
        {
          "schema_version": 0,
          "attributes": {
            "create_default_maintainer": false,
            "description": "Members whose approval satisfies the pull request review requirement",
            "etag": "W/\"9562e47bec2e2516b8bde6f25dd6ce5a6371b25c9cd126d2275da4f2c4fc4c11\"",
            "id": "18867552",
            "ldap_dn": null,
            "members_count": 1,
            "name": "approvers",
            "node_id": "T_kwDOAamxGc4BH-Vg",
            "notification_setting": "notifications_enabled",
            "parent_team_id": "",
            "parent_team_read_id": "",
            "parent_team_read_slug": "",
            "privacy": "closed",
            "slug": "approvers"
          },
          "sensitive_attributes": [],
          "private": "bnVsbA=="
        }
      ]
    },
    {
      "mode": "managed",
      "type": "github_team_membership",
      "name": "approvers_melech",
      "provider": "provider[\"registry.opentofu.org/integrations/github\"]",
      "instances": [
        {
          "schema_version": 0,
          "attributes": {
            "etag": "W/\"03acf2ec33f09dce6a96cca5119c5c55809d73c63d0a8658ec668b130e6db310\"",
            "id": "18867552:MelechMizrachi",
            "role": "maintainer",
            "team_id": "18867552",
            "username": "MelechMizrachi"
          },
          "sensitive_attributes": [],
          "private": "bnVsbA==",
          "dependencies": [
            "github_team.approvers"
          ]
        }
      ]
    },
    {
      "module": "module.repo[\".github\"]",
      "mode": "managed",
      "type": "github_issue_label",
      "name": "claude_review",
      "provider": "provider[\"registry.opentofu.org/integrations/github\"]",
      "instances": [
        {
          "schema_version": 0,
          "attributes": {
            "color": "5319e7",
            "description": "Ask Claude to review this pull request",
            "etag": "W/\"3ab683b5e9c0b7c2ecf89ae2a611d25fcc2f16d5457e95debc3a7bfc9f6603fc\"",
            "id": ".github:claude-review",
            "name": "claude-review",
            "repository": ".github",
            "url": "https://api.github.com/repos/valkyrjaio/.github/labels/claude-review"
          },
          "sensitive_attributes": [],
          "private": "eyJzY2hlbWFfdmVyc2lvbiI6IjAifQ==",
          "dependencies": [
            "module.repo.github_repository.this"
          ]
        }
      ]
    },
    {
      "module": "module.repo[\".github\"]",
      "mode": "managed",
      "type": "github_repository",
      "name": "this",
      "provider": "provider[\"registry.opentofu.org/integrations/github\"]",
      "instances": [
        {
          "schema_version": 1,
          "attributes": {
            "allow_auto_merge": false,
            "allow_forking": true,
            "allow_merge_commit": false,
            "allow_rebase_merge": false,
            "allow_squash_merge": true,
            "allow_update_branch": false,
            "archive_on_destroy": null,
            "archived": false,
            "auto_init": false,
            "default_branch": "26.x",
            "delete_branch_on_merge": true,
            "description": "GitHub specific files and project wide workflows",
            "etag": "W/\"de7ce5058be16c6bc2353bfd4370ce6bf2b25efc9717f1a6f153d8fa9d56faa6\"",
            "fork": "false",
            "full_name": "valkyrjaio/.github",
            "git_clone_url": "git://github.com/valkyrjaio/.github.git",
            "gitignore_template": null,
            "has_discussions": false,
            "has_downloads": false,
            "has_issues": true,
            "has_projects": false,
            "has_wiki": false,
            "homepage_url": "",
            "html_url": "https://github.com/valkyrjaio/.github",
            "http_clone_url": "https://github.com/valkyrjaio/.github.git",
            "id": ".github",
            "ignore_vulnerability_alerts_during_read": null,
            "is_template": false,
            "license_template": null,
            "merge_commit_message": "PR_TITLE",
            "merge_commit_title": "MERGE_MESSAGE",
            "name": ".github",
            "node_id": "R_kgDOH-WmMQ",
            "pages": [],
            "primary_language": "Shell",
            "private": false,
            "repo_id": 535143985,
            "security_and_analysis": [
              {
                "advanced_security": [],
                "code_security": [],
                "secret_scanning": [
                  {
                    "status": "disabled"
                  }
                ],
                "secret_scanning_ai_detection": [],
                "secret_scanning_non_provider_patterns": [],
                "secret_scanning_push_protection": [
                  {
                    "status": "disabled"
                  }
                ]
              }
            ],
            "source_owner": "",
            "source_repo": "",
            "squash_merge_commit_message": "PR_BODY",
            "squash_merge_commit_title": "PR_TITLE",
            "ssh_clone_url": "git@github.com:valkyrjaio/.github.git",
            "svn_url": "https://github.com/valkyrjaio/.github",
            "template": [],
            "topics": [],
            "visibility": "public",
            "vulnerability_alerts": true,
            "web_commit_signoff_required": false
          },
          "sensitive_attributes": [],
          "private": "eyJzY2hlbWFfdmVyc2lvbiI6IjEifQ=="
        }
      ]
    },
    {
      "module": "module.repo[\".github\"]",
      "mode": "managed",
      "type": "github_repository_ruleset",
      "name": "force_push_protection",
      "provider": "provider[\"registry.opentofu.org/integrations/github\"]",
      "instances": [
        {
          "schema_version": 1,
          "attributes": {
            "bypass_actors": [
              {
                "actor_id": 0,
                "actor_type": "OrganizationAdmin",
                "bypass_mode": "always"
              }
            ],
            "conditions": [
              {
                "ref_name": [
                  {
                    "exclude": [],
                    "include": [
                      "refs/heads/??.x"
                    ]
                  }
                ]
              }
            ],
            "enforcement": "active",
            "etag": "W/\"77bff4d9f4075fa31f1139600e517ac95e856c791dda70079abd9ed8e2d13b9a\"",
            "id": "15225374",
            "name": "Protect Against Force Pushes and Deletion",
            "node_id": "RRS_lACqUmVwb3NpdG9yec4f5aYxzgDoUh4",
            "repository": ".github",
            "rules": [
              {
                "branch_name_pattern": [],
                "commit_author_email_pattern": [],
                "commit_message_pattern": [],
                "committer_email_pattern": [],
                "copilot_code_review": [],
                "creation": false,
                "deletion": true,
                "file_extension_restriction": [],
                "file_path_restriction": [],
                "max_file_path_length": [],
                "max_file_size": [],
                "merge_queue": [],
                "non_fast_forward": true,
                "pull_request": [],
                "required_code_scanning": [],
                "required_deployments": [],
                "required_linear_history": false,
                "required_signatures": false,
                "required_status_checks": [],
                "tag_name_pattern": [],
                "update": false,
                "update_allows_fetch_and_merge": false
              }
            ],
            "ruleset_id": 15225374,
            "target": "branch"
          },
          "sensitive_attributes": [],
          "private": "eyJzY2hlbWFfdmVyc2lvbiI6IjEifQ==",
          "dependencies": [
            "module.repo.github_repository.this"
          ]
        }
      ]
    },
    {
      "module": "module.repo[\".github\"]",
      "mode": "managed",
      "type": "github_repository_ruleset",
      "name": "protect_master",
      "provider": "provider[\"registry.opentofu.org/integrations/github\"]",
      "instances": [
        {
          "schema_version": 1,
          "attributes": {
            "bypass_actors": [],
            "conditions": [
              {
                "ref_name": [
                  {
                    "exclude": [],
                    "include": [
                      "refs/heads/master"
                    ]
                  }
                ]
              }
            ],
            "enforcement": "active",
            "etag": "W/\"6b7ce250dfd001616c61e75bddf9ac1e099829333265bd505fb5dd1f57598ad3\"",
            "id": "15225375",
            "name": "Protect Master At All Times",
            "node_id": "RRS_lACqUmVwb3NpdG9yec4f5aYxzgDoUh8",
            "repository": ".github",
            "rules": [
              {
                "branch_name_pattern": [],
                "commit_author_email_pattern": [],
                "commit_message_pattern": [],
                "committer_email_pattern": [],
                "copilot_code_review": [],
                "creation": false,
                "deletion": true,
                "file_extension_restriction": [],
                "file_path_restriction": [],
                "max_file_path_length": [],
                "max_file_size": [],
                "merge_queue": [],
                "non_fast_forward": true,
                "pull_request": [],
                "required_code_scanning": [],
                "required_deployments": [],
                "required_linear_history": false,
                "required_signatures": false,
                "required_status_checks": [],
                "tag_name_pattern": [],
                "update": false,
                "update_allows_fetch_and_merge": false
              }
            ],
            "ruleset_id": 15225375,
            "target": "branch"
          },
          "sensitive_attributes": [],
          "private": "eyJzY2hlbWFfdmVyc2lvbiI6IjEifQ==",
          "dependencies": [
            "module.repo.github_repository.this"
          ]
        }
      ]
    },
    {
      "module": "module.repo[\".github\"]",
      "mode": "managed",
      "type": "github_repository_ruleset",
      "name": "protect_release_tags",
      "provider": "provider[\"registry.opentofu.org/integrations/github\"]",
      "instances": [
        {
          "schema_version": 1,
          "attributes": {
            "bypass_actors": [
              {
                "actor_id": 0,
                "actor_type": "OrganizationAdmin",
                "bypass_mode": "always"
              }
            ],
            "conditions": [
              {
                "ref_name": [
                  {
                    "exclude": [],
                    "include": [
                      "refs/tags/*.*.*"
                    ]
                  }
                ]
              }
            ],
            "enforcement": "active",
            "etag": "W/\"25fd92d9dc2dc16fd7b9214d8cc95a1fc361f25ca0c05cc757793f3383202c8d\"",
            "id": "15225376",
            "name": "Protect Release Tags",
            "node_id": "RRS_lACqUmVwb3NpdG9yec4f5aYxzgDoUiA",
            "repository": ".github",
            "rules": [
              {
                "branch_name_pattern": [],
                "commit_author_email_pattern": [],
                "commit_message_pattern": [],
                "committer_email_pattern": [],
                "copilot_code_review": [],
                "creation": false,
                "deletion": true,
                "file_extension_restriction": [],
                "file_path_restriction": [],
                "max_file_path_length": [],
                "max_file_size": [],
                "merge_queue": [],
                "non_fast_forward": true,
                "pull_request": [],
                "required_code_scanning": [],
                "required_deployments": [],
                "required_linear_history": false,
                "required_signatures": false,
                "required_status_checks": [],
                "tag_name_pattern": [],
                "update": false,
                "update_allows_fetch_and_merge": false
              }
            ],
            "ruleset_id": 15225376,
            "target": "tag"
          },
          "sensitive_attributes": [],
          "private": "eyJzY2hlbWFfdmVyc2lvbiI6IjEifQ==",
          "dependencies": [
            "module.repo.github_repository.this"
          ]
        }
      ]
    },
    {
      "module": "module.repo[\".github\"]",
      "mode": "managed",
      "type": "github_repository_ruleset",
      "name": "require_pull_request",
      "provider": "provider[\"registry.opentofu.org/integrations/github\"]",
      "instances": [
        {
          "schema_version": 1,
          "attributes": {
            "bypass_actors": [
              {
                "actor_id": 0,
                "actor_type": "OrganizationAdmin",
                "bypass_mode": "always"
              },
              {
                "actor_id": 2462900,
                "actor_type": "Integration",
                "bypass_mode": "always"
              }
            ],
            "conditions": [
              {
                "ref_name": [
                  {
                    "exclude": [],
                    "include": [
                      "~DEFAULT_BRANCH",
                      "refs/heads/??.x",
                      "refs/heads/master"
                    ]
                  }
                ]
              }
            ],
            "enforcement": "active",
            "etag": "W/\"e5f97e01adcd017a0b27d1587f929699e51e0eeec22a899d8d74c2c922597d9d\"",
            "id": "15225377",
            "name": "Require Pull Request",
            "node_id": "RRS_lACqUmVwb3NpdG9yec4f5aYxzgDoUiE",
            "repository": ".github",
            "rules": [
              {
                "branch_name_pattern": [],
                "commit_author_email_pattern": [],
                "commit_message_pattern": [],
                "committer_email_pattern": [],
                "copilot_code_review": [],
                "creation": false,
                "deletion": false,
                "file_extension_restriction": [],
                "file_path_restriction": [],
                "max_file_path_length": [],
                "max_file_size": [],
                "merge_queue": [],
                "non_fast_forward": false,
                "pull_request": [
                  {
                    "allowed_merge_methods": [
                      "squash"
                    ],
                    "dismiss_stale_reviews_on_push": false,
                    "require_code_owner_review": true,
                    "require_last_push_approval": false,
                    "required_approving_review_count": 0,
                    "required_review_thread_resolution": false,
                    "required_reviewers": []
                  }
                ],
                "required_code_scanning": [],
                "required_deployments": [],
                "required_linear_history": false,
                "required_signatures": false,
                "required_status_checks": [],
                "tag_name_pattern": [],
                "update": false,
                "update_allows_fetch_and_merge": false
              }
            ],
            "ruleset_id": 15225377,
            "target": "branch"
          },
          "sensitive_attributes": [],
          "private": "eyJzY2hlbWFfdmVyc2lvbiI6IjEifQ==",
          "dependencies": [
            "github_team.approvers",
            "module.repo.github_repository.this"
          ]
        }
      ]
    },
    {
      "module": "module.repo[\".github\"]",
      "mode": "managed",
      "type": "github_repository_ruleset",
      "name": "required_default_checks",
      "provider": "provider[\"registry.opentofu.org/integrations/github\"]",
      "instances": [
        {
          "schema_version": 1,
          "attributes": {
            "bypass_actors": [
              {
                "actor_id": 0,
                "actor_type": "OrganizationAdmin",
                "bypass_mode": "always"
              },
              {
                "actor_id": 2462900,
                "actor_type": "Integration",
                "bypass_mode": "always"
              }
            ],
            "conditions": [
              {
                "ref_name": [
                  {
                    "exclude": [],
                    "include": [
                      "~DEFAULT_BRANCH",
                      "refs/heads/??.x"
                    ]
                  }
                ]
              }
            ],
            "enforcement": "active",
            "etag": "W/\"8b02c4b5bfa1f914cb6619655249cf99762a52c0c6a5af0e47bc0f7469c7e59f\"",
            "id": "15273964",
            "name": "Required Default PR Checks",
            "node_id": "RRS_lACqUmVwb3NpdG9yec4f5aYxzgDpD-w",
            "repository": ".github",
            "rules": [
              {
                "branch_name_pattern": [],
                "commit_author_email_pattern": [],
                "commit_message_pattern": [],
                "committer_email_pattern": [],
                "copilot_code_review": [],
                "creation": false,
                "deletion": false,
                "file_extension_restriction": [],
                "file_path_restriction": [],
                "max_file_path_length": [],
                "max_file_size": [],
                "merge_queue": [],
                "non_fast_forward": false,
                "pull_request": [],
                "required_code_scanning": [],
                "required_deployments": [],
                "required_linear_history": false,
                "required_signatures": false,
                "required_status_checks": [
                  {
                    "do_not_enforce_on_create": false,
                    "required_check": [
                      {
                        "context": "Commit Message Check / Check Commit Message",
                        "integration_id": 15368
                      },
                      {
                        "context": "Copyright Header Check / Check Copyright Header",
                        "integration_id": 15368
                      },
                      {
                        "context": "Markdown Check / Check Markdown",
                        "integration_id": 15368
                      },
                      {
                        "context": "Trailing Newline Check / Check Trailing Newline",
                        "integration_id": 15368
                      }
                    ],
                    "strict_required_status_checks_policy": false
                  }
                ],
                "tag_name_pattern": [],
                "update": false,
                "update_allows_fetch_and_merge": false
              }
            ],
            "ruleset_id": 15273964,
            "target": "branch"
          },
          "sensitive_attributes": [],
          "private": "eyJzY2hlbWFfdmVyc2lvbiI6IjEifQ==",
          "dependencies": [
            "module.repo.github_repository.this"
          ]
        }
      ]
    },
    {
      "module": "module.repo[\".github\"]",
      "mode": "managed",
      "type": "github_repository_ruleset",
      "name": "restrict_unsupported_branches",
      "provider": "provider[\"registry.opentofu.org/integrations/github\"]",
      "instances": [
        {
          "schema_version": 1,
          "attributes": {
            "bypass_actors": [
              {
                "actor_id": 2462900,
                "actor_type": "Integration",
                "bypass_mode": "always"
              }
            ],
            "conditions": [
              {
                "ref_name": [
                  {
                    "exclude": [],
                    "include": [
                      "refs/heads/??.x-backup",
                      "refs/heads/master-backup"
                    ]
                  }
                ]
              }
            ],
            "enforcement": "active",
            "etag": "W/\"47b97c158cd6aab1674b69fe3b2f20f4d5886685335be044a38a6f146a17687c\"",
            "id": "15225378",
            "name": "Restrict Changes to Unsupported Branches",
            "node_id": "RRS_lACqUmVwb3NpdG9yec4f5aYxzgDoUiI",
            "repository": ".github",
            "rules": [
              {
                "branch_name_pattern": [],
                "commit_author_email_pattern": [],
                "commit_message_pattern": [],
                "committer_email_pattern": [],
                "copilot_code_review": [],
                "creation": true,
                "deletion": true,
                "file_extension_restriction": [],
                "file_path_restriction": [],
                "max_file_path_length": [],
                "max_file_size": [],
                "merge_queue": [],
                "non_fast_forward": true,
                "pull_request": [],
                "required_code_scanning": [],
                "required_deployments": [],
                "required_linear_history": false,
                "required_signatures": false,
                "required_status_checks": [],
                "tag_name_pattern": [],
                "update": true,
                "update_allows_fetch_and_merge": false
              }
            ],
            "ruleset_id": 15225378,
            "target": "branch"
          },
          "sensitive_attributes": [],
          "private": "eyJzY2hlbWFfdmVyc2lvbiI6IjEifQ==",
          "dependencies": [
            "module.repo.github_repository.this"
          ]
        }
      ]
    },
    {
      "module": "module.repo[\".github\"]",
      "mode": "managed",
      "type": "github_repository_vulnerability_alerts",
      "name": "this",
      "provider": "provider[\"registry.opentofu.org/integrations/github\"]",
      "instances": [
        {
          "schema_version": 0,
          "attributes": {
            "enabled": true,
            "id": "535143985",
            "repository": ".github",
            "repository_id": 535143985
          },
          "sensitive_attributes": [],
          "private": "eyJzY2hlbWFfdmVyc2lvbiI6IjAifQ==",
          "dependencies": [
            "module.repo.github_repository.this"
          ]
        }
      ]
    },
    {
      "module": "module.repo[\".github\"]",
      "mode": "managed",
      "type": "github_team_repository",
      "name": "approvers",
      "provider": "provider[\"registry.opentofu.org/integrations/github\"]",
      "instances": [
        {
          "index_key": 0,
          "schema_version": 0,
          "attributes": {
            "etag": "W/\"6185ad7cd81795b053cf88477afc9a70ffb8ceec92e1a5471467d489f3edf6f3\"",
            "id": "18867552:.github",
            "permission": "push",
            "repository": ".github",
            "team_id": "approvers"
          },
          "sensitive_attributes": [],
          "private": "bnVsbA==",
          "dependencies": [
            "module.repo.github_repository.this"
          ]
        }
      ]
    },
    {
      "module": "module.repo[\"architecture\"]",
      "mode": "managed",
      "type": "github_issue_label",
      "name": "claude_review",
      "provider": "provider[\"registry.opentofu.org/integrations/github\"]",
      "instances": [
        {
          "schema_version": 0,
          "attributes": {
            "color": "5319e7",
            "description": "Ask Claude to review this pull request",
            "etag": "W/\"6c49e9299cffb5443d9849f1151d26d329ff0784deeb5e1520dff49c4517518d\"",
            "id": "architecture:claude-review",
            "name": "claude-review",
            "repository": "architecture",
            "url": "https://api.github.com/repos/valkyrjaio/architecture/labels/claude-review"
          },
          "sensitive_attributes": [],
          "private": "eyJzY2hlbWFfdmVyc2lvbiI6IjAifQ==",
          "dependencies": [
            "module.repo.github_repository.this"
          ]
        }
      ]
    },
    {
      "module": "module.repo[\"architecture\"]",
      "mode": "managed",
      "type": "github_repository",
      "name": "this",
      "provider": "provider[\"registry.opentofu.org/integrations/github\"]",
      "instances": [
        {
          "schema_version": 1,
          "attributes": {
            "allow_auto_merge": false,
            "allow_forking": true,
            "allow_merge_commit": false,
            "allow_rebase_merge": false,
            "allow_squash_merge": true,
            "allow_update_branch": false,
            "archive_on_destroy": null,
            "archived": false,
            "auto_init": false,
            "default_branch": "26.x",
            "delete_branch_on_merge": true,
            "description": "Cross-language design decisions, implementation roadmaps, and port planning for the Valkyrja framework ecosystem",
            "etag": "W/\"ff9f0333d9c4d5841cadb0b1e9c922dae72376806362fcff4d4f9f0559a193c3\"",
            "fork": "false",
            "full_name": "valkyrjaio/architecture",
            "git_clone_url": "git://github.com/valkyrjaio/architecture.git",
            "gitignore_template": null,
            "has_discussions": false,
            "has_downloads": false,
            "has_issues": true,
            "has_projects": false,
            "has_wiki": false,
            "homepage_url": "",
            "html_url": "https://github.com/valkyrjaio/architecture",
            "http_clone_url": "https://github.com/valkyrjaio/architecture.git",
            "id": "architecture",
            "ignore_vulnerability_alerts_during_read": null,
            "is_template": false,
            "license_template": null,
            "merge_commit_message": "PR_TITLE",
            "merge_commit_title": "MERGE_MESSAGE",
            "name": "architecture",
            "node_id": "R_kgDOSA1Xcg",
            "pages": [],
            "primary_language": "",
            "private": false,
            "repo_id": 1208833906,
            "security_and_analysis": [
              {
                "advanced_security": [],
                "code_security": [],
                "secret_scanning": [
                  {
                    "status": "disabled"
                  }
                ],
                "secret_scanning_ai_detection": [],
                "secret_scanning_non_provider_patterns": [],
                "secret_scanning_push_protection": [
                  {
                    "status": "disabled"
                  }
                ]
              }
            ],
            "source_owner": "",
            "source_repo": "",
            "squash_merge_commit_message": "PR_BODY",
            "squash_merge_commit_title": "PR_TITLE",
            "ssh_clone_url": "git@github.com:valkyrjaio/architecture.git",
            "svn_url": "https://github.com/valkyrjaio/architecture",
            "template": [],
            "topics": [],
            "visibility": "public",
            "vulnerability_alerts": true,
            "web_commit_signoff_required": false
          },
          "sensitive_attributes": [],
          "private": "eyJzY2hlbWFfdmVyc2lvbiI6IjEifQ=="
        }
      ]
    },
    {
      "module": "module.repo[\"architecture\"]",
      "mode": "managed",
      "type": "github_repository_ruleset",
      "name": "force_push_protection",
      "provider": "provider[\"registry.opentofu.org/integrations/github\"]",
      "instances": [
        {
          "schema_version": 1,
          "attributes": {
            "bypass_actors": [
              {
                "actor_id": 0,
                "actor_type": "OrganizationAdmin",
                "bypass_mode": "always"
              }
            ],
            "conditions": [
              {
                "ref_name": [
                  {
                    "exclude": [],
                    "include": [
                      "refs/heads/??.x"
                    ]
                  }
                ]
              }
            ],
            "enforcement": "active",
            "etag": "W/\"4ca4e466bbf143455d74874354c2b7fcbfe7c09088ec614720717c19b4565f44\"",
            "id": "15195232",
            "name": "Protect Against Force Pushes and Deletion",
            "node_id": "RRS_lACqUmVwb3NpdG9yec5IDVdyzgDn3GA",
            "repository": "architecture",
            "rules": [
              {
                "branch_name_pattern": [],
                "commit_author_email_pattern": [],
                "commit_message_pattern": [],
                "committer_email_pattern": [],
                "copilot_code_review": [],
                "creation": false,
                "deletion": true,
                "file_extension_restriction": [],
                "file_path_restriction": [],
                "max_file_path_length": [],
                "max_file_size": [],
                "merge_queue": [],
                "non_fast_forward": true,
                "pull_request": [],
                "required_code_scanning": [],
                "required_deployments": [],
                "required_linear_history": false,
                "required_signatures": false,
                "required_status_checks": [],
                "tag_name_pattern": [],
                "update": false,
                "update_allows_fetch_and_merge": false
              }
            ],
            "ruleset_id": 15195232,
            "target": "branch"
          },
          "sensitive_attributes": [],
          "private": "eyJzY2hlbWFfdmVyc2lvbiI6IjEifQ==",
          "dependencies": [
            "module.repo.github_repository.this"
          ]
        }
      ]
    },
    {
      "module": "module.repo[\"architecture\"]",
      "mode": "managed",
      "type": "github_repository_ruleset",
      "name": "protect_master",
      "provider": "provider[\"registry.opentofu.org/integrations/github\"]",
      "instances": [
        {
          "schema_version": 1,
          "attributes": {
            "bypass_actors": [],
            "conditions": [
              {
                "ref_name": [
                  {
                    "exclude": [],
                    "include": [
                      "refs/heads/master"
                    ]
                  }
                ]
              }
            ],
            "enforcement": "active",
            "etag": "W/\"61590a0c1c1298b463ae2d73fb0638b08fd4a9ef8a30b7636322274519c9c3cd\"",
            "id": "15195233",
            "name": "Protect Master At All Times",
            "node_id": "RRS_lACqUmVwb3NpdG9yec5IDVdyzgDn3GE",
            "repository": "architecture",
            "rules": [
              {
                "branch_name_pattern": [],
                "commit_author_email_pattern": [],
                "commit_message_pattern": [],
                "committer_email_pattern": [],
                "copilot_code_review": [],
                "creation": false,
                "deletion": true,
                "file_extension_restriction": [],
                "file_path_restriction": [],
                "max_file_path_length": [],
                "max_file_size": [],
                "merge_queue": [],
                "non_fast_forward": true,
                "pull_request": [],
                "required_code_scanning": [],
                "required_deployments": [],
                "required_linear_history": false,
                "required_signatures": false,
                "required_status_checks": [],
                "tag_name_pattern": [],
                "update": false,
                "update_allows_fetch_and_merge": false
              }
            ],
            "ruleset_id": 15195233,
            "target": "branch"
          },
          "sensitive_attributes": [],
          "private": "eyJzY2hlbWFfdmVyc2lvbiI6IjEifQ==",
          "dependencies": [
            "module.repo.github_repository.this"
          ]
        }
      ]
    },
    {
      "module": "module.repo[\"architecture\"]",
      "mode": "managed",
      "type": "github_repository_ruleset",
      "name": "protect_release_tags",
      "provider": "provider[\"registry.opentofu.org/integrations/github\"]",
      "instances": [
        {
          "schema_version": 1,
          "attributes": {
            "bypass_actors": [
              {
                "actor_id": 0,
                "actor_type": "OrganizationAdmin",
                "bypass_mode": "always"
              }
            ],
            "conditions": [
              {
                "ref_name": [
                  {
                    "exclude": [],
                    "include": [
                      "refs/tags/*.*.*"
                    ]
                  }
                ]
              }
            ],
            "enforcement": "active",
            "etag": "W/\"868143b91f98e1c228fab29fa5f0c77acd1879f1989b11018c7d8429170975b0\"",
            "id": "15200877",
            "name": "Protect Release Tags",
            "node_id": "RRS_lACqUmVwb3NpdG9yec5IDVdyzgDn8m0",
            "repository": "architecture",
            "rules": [
              {
                "branch_name_pattern": [],
                "commit_author_email_pattern": [],
                "commit_message_pattern": [],
                "committer_email_pattern": [],
                "copilot_code_review": [],
                "creation": false,
                "deletion": true,
                "file_extension_restriction": [],
                "file_path_restriction": [],
                "max_file_path_length": [],
                "max_file_size": [],
                "merge_queue": [],
                "non_fast_forward": true,
                "pull_request": [],
                "required_code_scanning": [],
                "required_deployments": [],
                "required_linear_history": false,
                "required_signatures": false,
                "required_status_checks": [],
                "tag_name_pattern": [],
                "update": false,
                "update_allows_fetch_and_merge": false
              }
            ],
            "ruleset_id": 15200877,
            "target": "tag"
          },
          "sensitive_attributes": [],
          "private": "eyJzY2hlbWFfdmVyc2lvbiI6IjEifQ==",
          "dependencies": [
            "module.repo.github_repository.this"
          ]
        }
      ]
    },
    {
      "module": "module.repo[\"architecture\"]",
      "mode": "managed",
      "type": "github_repository_ruleset",
      "name": "require_pull_request",
      "provider": "provider[\"registry.opentofu.org/integrations/github\"]",
      "instances": [
        {
          "schema_version": 1,
          "attributes": {
            "bypass_actors": [
              {
                "actor_id": 0,
                "actor_type": "OrganizationAdmin",
                "bypass_mode": "always"
              },
              {
                "actor_id": 2462900,
                "actor_type": "Integration",
                "bypass_mode": "always"
              }
            ],
            "conditions": [
              {
                "ref_name": [
                  {
                    "exclude": [],
                    "include": [
                      "~DEFAULT_BRANCH",
                      "refs/heads/??.x",
                      "refs/heads/master"
                    ]
                  }
                ]
              }
            ],
            "enforcement": "active",
            "etag": "W/\"19f3ec1f36d44d426aa7c4b81dfc9a6f0beec74627be1a9126951df845fcccf2\"",
            "id": "15195234",
            "name": "Require Pull Request",
            "node_id": "RRS_lACqUmVwb3NpdG9yec5IDVdyzgDn3GI",
            "repository": "architecture",
            "rules": [
              {
                "branch_name_pattern": [],
                "commit_author_email_pattern": [],
                "commit_message_pattern": [],
                "committer_email_pattern": [],
                "copilot_code_review": [],
                "creation": false,
                "deletion": false,
                "file_extension_restriction": [],
                "file_path_restriction": [],
                "max_file_path_length": [],
                "max_file_size": [],
                "merge_queue": [],
                "non_fast_forward": false,
                "pull_request": [
                  {
                    "allowed_merge_methods": [
                      "squash"
                    ],
                    "dismiss_stale_reviews_on_push": false,
                    "require_code_owner_review": true,
                    "require_last_push_approval": false,
                    "required_approving_review_count": 0,
                    "required_review_thread_resolution": false,
                    "required_reviewers": []
                  }
                ],
                "required_code_scanning": [],
                "required_deployments": [],
                "required_linear_history": false,
                "required_signatures": false,
                "required_status_checks": [],
                "tag_name_pattern": [],
                "update": false,
                "update_allows_fetch_and_merge": false
              }
            ],
            "ruleset_id": 15195234,
            "target": "branch"
          },
          "sensitive_attributes": [],
          "private": "eyJzY2hlbWFfdmVyc2lvbiI6IjEifQ==",
          "dependencies": [
            "github_team.approvers",
            "module.repo.github_repository.this"
          ]
        }
      ]
    },
    {
      "module": "module.repo[\"architecture\"]",
      "mode": "managed",
      "type": "github_repository_ruleset",
      "name": "required_default_checks",
      "provider": "provider[\"registry.opentofu.org/integrations/github\"]",
      "instances": [
        {
          "schema_version": 1,
          "attributes": {
            "bypass_actors": [
              {
                "actor_id": 0,
                "actor_type": "OrganizationAdmin",
                "bypass_mode": "always"
              },
              {
                "actor_id": 2462900,
                "actor_type": "Integration",
                "bypass_mode": "always"
              }
            ],
            "conditions": [
              {
                "ref_name": [
                  {
                    "exclude": [],
                    "include": [
                      "~DEFAULT_BRANCH",
                      "refs/heads/??.x"
                    ]
                  }
                ]
              }
            ],
            "enforcement": "active",
            "etag": "W/\"f484e8111d4bb0d43e113537a69d2060a3892872eac047578450ff19f7be50ca\"",
            "id": "15273975",
            "name": "Required Default PR Checks",
            "node_id": "RRS_lACqUmVwb3NpdG9yec5IDVdyzgDpD_c",
            "repository": "architecture",
            "rules": [
              {
                "branch_name_pattern": [],
                "commit_author_email_pattern": [],
                "commit_message_pattern": [],
                "committer_email_pattern": [],
                "copilot_code_review": [],
                "creation": false,
                "deletion": false,
                "file_extension_restriction": [],
                "file_path_restriction": [],
                "max_file_path_length": [],
                "max_file_size": [],
                "merge_queue": [],
                "non_fast_forward": false,
                "pull_request": [],
                "required_code_scanning": [],
                "required_deployments": [],
                "required_linear_history": false,
                "required_signatures": false,
                "required_status_checks": [
                  {
                    "do_not_enforce_on_create": false,
                    "required_check": [
                      {
                        "context": "Commit Message Check / Check Commit Message",
                        "integration_id": 15368
                      },
                      {
                        "context": "Copyright Header Check / Check Copyright Header",
                        "integration_id": 15368
                      },
                      {
                        "context": "Markdown Check / Check Markdown",
                        "integration_id": 15368
                      },
                      {
                        "context": "Trailing Newline Check / Check Trailing Newline",
                        "integration_id": 15368
                      }
                    ],
                    "strict_required_status_checks_policy": false
                  }
                ],
                "tag_name_pattern": [],
                "update": false,
                "update_allows_fetch_and_merge": false
              }
            ],
            "ruleset_id": 15273975,
            "target": "branch"
          },
          "sensitive_attributes": [],
          "private": "eyJzY2hlbWFfdmVyc2lvbiI6IjEifQ==",
          "dependencies": [
            "module.repo.github_repository.this"
          ]
        }
      ]
    },
    {
      "module": "module.repo[\"architecture\"]",
      "mode": "managed",
      "type": "github_repository_ruleset",
      "name": "restrict_unsupported_branches",
      "provider": "provider[\"registry.opentofu.org/integrations/github\"]",
      "instances": [
        {
          "schema_version": 1,
          "attributes": {
            "bypass_actors": [
              {
                "actor_id": 2462900,
                "actor_type": "Integration",
                "bypass_mode": "always"
              }
            ],
            "conditions": [
              {
                "ref_name": [
                  {
                    "exclude": [],
                    "include": [
                      "refs/heads/??.x-backup",
                      "refs/heads/master-backup"
                    ]
                  }
                ]
              }
            ],
            "enforcement": "active",
            "etag": "W/\"e54b4339165c53612518bb4ca19362e8cfa89a20d09c7b91a355c0c6255883b4\"",
            "id": "15195235",
            "name": "Restrict Changes to Unsupported Branches",
            "node_id": "RRS_lACqUmVwb3NpdG9yec5IDVdyzgDn3GM",
            "repository": "architecture",
            "rules": [
              {
                "branch_name_pattern": [],
                "commit_author_email_pattern": [],
                "commit_message_pattern": [],
                "committer_email_pattern": [],
                "copilot_code_review": [],
                "creation": true,
                "deletion": true,
                "file_extension_restriction": [],
                "file_path_restriction": [],
                "max_file_path_length": [],
                "max_file_size": [],
                "merge_queue": [],
                "non_fast_forward": true,
                "pull_request": [],
                "required_code_scanning": [],
                "required_deployments": [],
                "required_linear_history": false,
                "required_signatures": false,
                "required_status_checks": [],
                "tag_name_pattern": [],
                "update": true,
                "update_allows_fetch_and_merge": false
              }
            ],
            "ruleset_id": 15195235,
            "target": "branch"
          },
          "sensitive_attributes": [],
          "private": "eyJzY2hlbWFfdmVyc2lvbiI6IjEifQ==",
          "dependencies": [
            "module.repo.github_repository.this"
          ]
        }
      ]
    },
    {
      "module": "module.repo[\"architecture\"]",
      "mode": "managed",
      "type": "github_repository_vulnerability_alerts",
      "name": "this",
      "provider": "provider[\"registry.opentofu.org/integrations/github\"]",
      "instances": [
        {
          "schema_version": 0,
          "attributes": {
            "enabled": true,
            "id": "1208833906",
            "repository": "architecture",
            "repository_id": 1208833906
          },
          "sensitive_attributes": [],
          "private": "eyJzY2hlbWFfdmVyc2lvbiI6IjAifQ==",
          "dependencies": [
            "module.repo.github_repository.this"
          ]
        }
      ]
    },
    {
      "module": "module.repo[\"architecture\"]",
      "mode": "managed",
      "type": "github_team_repository",
      "name": "approvers",
      "provider": "provider[\"registry.opentofu.org/integrations/github\"]",
      "instances": [
        {
          "index_key": 0,
          "schema_version": 0,
          "attributes": {
            "etag": "W/\"32e5aa790c93b284586f344ff8116a45f81d8a31ef9e5f154f0a325a4a6bc320\"",
            "id": "18867552:architecture",
            "permission": "push",
            "repository": "architecture",
            "team_id": "approvers"
          },
          "sensitive_attributes": [],
          "private": "bnVsbA==",
          "dependencies": [
            "module.repo.github_repository.this"
          ]
        }
      ]
    },
    {
      "module": "module.repo[\"art\"]",
      "mode": "managed",
      "type": "github_issue_label",
      "name": "claude_review",
      "provider": "provider[\"registry.opentofu.org/integrations/github\"]",
      "instances": [
        {
          "schema_version": 0,
          "attributes": {
            "color": "5319e7",
            "description": "Ask Claude to review this pull request",
            "etag": "W/\"e117074979406bcb43c23916aada8a18abb034003388af4eebc570072df60513\"",
            "id": "art:claude-review",
            "name": "claude-review",
            "repository": "art",
            "url": "https://api.github.com/repos/valkyrjaio/art/labels/claude-review"
          },
          "sensitive_attributes": [],
          "private": "eyJzY2hlbWFfdmVyc2lvbiI6IjAifQ==",
          "dependencies": [
            "module.repo.github_repository.this"
          ]
        }
      ]
    },
    {
      "module": "module.repo[\"art\"]",
      "mode": "managed",
      "type": "github_repository",
      "name": "this",
      "provider": "provider[\"registry.opentofu.org/integrations/github\"]",
      "instances": [
        {
          "schema_version": 1,
          "attributes": {
            "allow_auto_merge": false,
            "allow_forking": true,
            "allow_merge_commit": false,
            "allow_rebase_merge": false,
            "allow_squash_merge": true,
            "allow_update_branch": false,
            "archive_on_destroy": null,
            "archived": false,
            "auto_init": false,
            "default_branch": "26.x",
            "delete_branch_on_merge": true,
            "description": "Various art for the Valkyrja Framework",
            "etag": "W/\"13c33da4e08b65881c8356a813627fa84af92589b4f386ace8decf2b67cba5f2\"",
            "fork": "false",
            "full_name": "valkyrjaio/art",
            "git_clone_url": "git://github.com/valkyrjaio/art.git",
            "gitignore_template": null,
            "has_discussions": false,
            "has_downloads": false,
            "has_issues": true,
            "has_projects": false,
            "has_wiki": false,
            "homepage_url": "",
            "html_url": "https://github.com/valkyrjaio/art",
            "http_clone_url": "https://github.com/valkyrjaio/art.git",
            "id": "art",
            "ignore_vulnerability_alerts_during_read": null,
            "is_template": false,
            "license_template": null,
            "merge_commit_message": "PR_TITLE",
            "merge_commit_title": "MERGE_MESSAGE",
            "name": "art",
            "node_id": "R_kgDORo8mJw",
            "pages": [],
            "primary_language": "",
            "private": false,
            "repo_id": 1183786535,
            "security_and_analysis": [
              {
                "advanced_security": [],
                "code_security": [],
                "secret_scanning": [
                  {
                    "status": "disabled"
                  }
                ],
                "secret_scanning_ai_detection": [],
                "secret_scanning_non_provider_patterns": [],
                "secret_scanning_push_protection": [
                  {
                    "status": "disabled"
                  }
                ]
              }
            ],
            "source_owner": "",
            "source_repo": "",
            "squash_merge_commit_message": "PR_BODY",
            "squash_merge_commit_title": "PR_TITLE",
            "ssh_clone_url": "git@github.com:valkyrjaio/art.git",
            "svn_url": "https://github.com/valkyrjaio/art",
            "template": [],
            "topics": [],
            "visibility": "public",
            "vulnerability_alerts": true,
            "web_commit_signoff_required": false
          },
          "sensitive_attributes": [],
          "private": "eyJzY2hlbWFfdmVyc2lvbiI6IjEifQ=="
        }
      ]
    },
    {
      "module": "module.repo[\"art\"]",
      "mode": "managed",
      "type": "github_repository_ruleset",
      "name": "force_push_protection",
      "provider": "provider[\"registry.opentofu.org/integrations/github\"]",
      "instances": [
        {
          "schema_version": 1,
          "attributes": {
            "bypass_actors": [
              {
                "actor_id": 0,
                "actor_type": "OrganizationAdmin",
                "bypass_mode": "always"
              }
            ],
            "conditions": [
              {
                "ref_name": [
                  {
                    "exclude": [],
                    "include": [
                      "refs/heads/??.x"
                    ]
                  }
                ]
              }
            ],
            "enforcement": "active",
            "etag": "W/\"bc8d671b059df22346a3452b4cc36e92f30c3ce90f5181a0904e9460d6dba504\"",
            "id": "15195220",
            "name": "Protect Against Force Pushes and Deletion",
            "node_id": "RRS_lACqUmVwb3NpdG9yec5GjyYnzgDn3FQ",
            "repository": "art",
            "rules": [
              {
                "branch_name_pattern": [],
                "commit_author_email_pattern": [],
                "commit_message_pattern": [],
                "committer_email_pattern": [],
                "copilot_code_review": [],
                "creation": false,
                "deletion": true,
                "file_extension_restriction": [],
                "file_path_restriction": [],
                "max_file_path_length": [],
                "max_file_size": [],
                "merge_queue": [],
                "non_fast_forward": true,
                "pull_request": [],
                "required_code_scanning": [],
                "required_deployments": [],
                "required_linear_history": false,
                "required_signatures": false,
                "required_status_checks": [],
                "tag_name_pattern": [],
                "update": false,
                "update_allows_fetch_and_merge": false
              }
            ],
            "ruleset_id": 15195220,
            "target": "branch"
          },
          "sensitive_attributes": [],
          "private": "eyJzY2hlbWFfdmVyc2lvbiI6IjEifQ==",
          "dependencies": [
            "module.repo.github_repository.this"
          ]
        }
      ]
    },
    {
      "module": "module.repo[\"art\"]",
      "mode": "managed",
      "type": "github_repository_ruleset",
      "name": "protect_master",
      "provider": "provider[\"registry.opentofu.org/integrations/github\"]",
      "instances": [
        {
          "schema_version": 1,
          "attributes": {
            "bypass_actors": [],
            "conditions": [
              {
                "ref_name": [
                  {
                    "exclude": [],
                    "include": [
                      "refs/heads/master"
                    ]
                  }
                ]
              }
            ],
            "enforcement": "active",
            "etag": "W/\"02b73f2a2e151285d539851eaca6b75c2862ee950b82791cfd179fa2769832d6\"",
            "id": "15195221",
            "name": "Protect Master At All Times",
            "node_id": "RRS_lACqUmVwb3NpdG9yec5GjyYnzgDn3FU",
            "repository": "art",
            "rules": [
              {
                "branch_name_pattern": [],
                "commit_author_email_pattern": [],
                "commit_message_pattern": [],
                "committer_email_pattern": [],
                "copilot_code_review": [],
                "creation": false,
                "deletion": true,
                "file_extension_restriction": [],
                "file_path_restriction": [],
                "max_file_path_length": [],
                "max_file_size": [],
                "merge_queue": [],
                "non_fast_forward": true,
                "pull_request": [],
                "required_code_scanning": [],
                "required_deployments": [],
                "required_linear_history": false,
                "required_signatures": false,
                "required_status_checks": [],
                "tag_name_pattern": [],
                "update": false,
                "update_allows_fetch_and_merge": false
              }
            ],
            "ruleset_id": 15195221,
            "target": "branch"
          },
          "sensitive_attributes": [],
          "private": "eyJzY2hlbWFfdmVyc2lvbiI6IjEifQ==",
          "dependencies": [
            "module.repo.github_repository.this"
          ]
        }
      ]
    },
    {
      "module": "module.repo[\"art\"]",
      "mode": "managed",
      "type": "github_repository_ruleset",
      "name": "protect_release_tags",
      "provider": "provider[\"registry.opentofu.org/integrations/github\"]",
      "instances": [
        {
          "schema_version": 1,
          "attributes": {
            "bypass_actors": [
              {
                "actor_id": 0,
                "actor_type": "OrganizationAdmin",
                "bypass_mode": "always"
              }
            ],
            "conditions": [
              {
                "ref_name": [
                  {
                    "exclude": [],
                    "include": [
                      "refs/tags/*.*.*"
                    ]
                  }
                ]
              }
            ],
            "enforcement": "active",
            "etag": "W/\"6df33a9b185c8b660c88719c753b66ff16e9c61f3c0f398bd61fbe976e32e16b\"",
            "id": "15200876",
            "name": "Protect Release Tags",
            "node_id": "RRS_lACqUmVwb3NpdG9yec5GjyYnzgDn8mw",
            "repository": "art",
            "rules": [
              {
                "branch_name_pattern": [],
                "commit_author_email_pattern": [],
                "commit_message_pattern": [],
                "committer_email_pattern": [],
                "copilot_code_review": [],
                "creation": false,
                "deletion": true,
                "file_extension_restriction": [],
                "file_path_restriction": [],
                "max_file_path_length": [],
                "max_file_size": [],
                "merge_queue": [],
                "non_fast_forward": true,
                "pull_request": [],
                "required_code_scanning": [],
                "required_deployments": [],
                "required_linear_history": false,
                "required_signatures": false,
                "required_status_checks": [],
                "tag_name_pattern": [],
                "update": false,
                "update_allows_fetch_and_merge": false
              }
            ],
            "ruleset_id": 15200876,
            "target": "tag"
          },
          "sensitive_attributes": [],
          "private": "eyJzY2hlbWFfdmVyc2lvbiI6IjEifQ==",
          "dependencies": [
            "module.repo.github_repository.this"
          ]
        }
      ]
    },
    {
      "module": "module.repo[\"art\"]",
      "mode": "managed",
      "type": "github_repository_ruleset",
      "name": "require_pull_request",
      "provider": "provider[\"registry.opentofu.org/integrations/github\"]",
      "instances": [
        {
          "schema_version": 1,
          "attributes": {
            "bypass_actors": [
              {
                "actor_id": 0,
                "actor_type": "OrganizationAdmin",
                "bypass_mode": "always"
              },
              {
                "actor_id": 2462900,
                "actor_type": "Integration",
                "bypass_mode": "always"
              }
            ],
            "conditions": [
              {
                "ref_name": [
                  {
                    "exclude": [],
                    "include": [
                      "~DEFAULT_BRANCH",
                      "refs/heads/??.x",
                      "refs/heads/master"
                    ]
                  }
                ]
              }
            ],
            "enforcement": "active",
            "etag": "W/\"7477dd1e3362aa51432a7eb1ce9254a48e39f2e0259c3d68c991396b324df850\"",
            "id": "15195223",
            "name": "Require Pull Request",
            "node_id": "RRS_lACqUmVwb3NpdG9yec5GjyYnzgDn3Fc",
            "repository": "art",
            "rules": [
              {
                "branch_name_pattern": [],
                "commit_author_email_pattern": [],
                "commit_message_pattern": [],
                "committer_email_pattern": [],
                "copilot_code_review": [],
                "creation": false,
                "deletion": false,
                "file_extension_restriction": [],
                "file_path_restriction": [],
                "max_file_path_length": [],
                "max_file_size": [],
                "merge_queue": [],
                "non_fast_forward": false,
                "pull_request": [
                  {
                    "allowed_merge_methods": [
                      "squash"
                    ],
                    "dismiss_stale_reviews_on_push": false,
                    "require_code_owner_review": true,
                    "require_last_push_approval": false,
                    "required_approving_review_count": 0,
                    "required_review_thread_resolution": false,
                    "required_reviewers": []
                  }
                ],
                "required_code_scanning": [],
                "required_deployments": [],
                "required_linear_history": false,
                "required_signatures": false,
                "required_status_checks": [],
                "tag_name_pattern": [],
                "update": false,
                "update_allows_fetch_and_merge": false
              }
            ],
            "ruleset_id": 15195223,
            "target": "branch"
          },
          "sensitive_attributes": [],
          "private": "eyJzY2hlbWFfdmVyc2lvbiI6IjEifQ==",
          "dependencies": [
            "github_team.approvers",
            "module.repo.github_repository.this"
          ]
        }
      ]
    },
    {
      "module": "module.repo[\"art\"]",
      "mode": "managed",
      "type": "github_repository_ruleset",
      "name": "required_default_checks",
      "provider": "provider[\"registry.opentofu.org/integrations/github\"]",
      "instances": [
        {
          "schema_version": 1,
          "attributes": {
            "bypass_actors": [
              {
                "actor_id": 0,
                "actor_type": "OrganizationAdmin",
                "bypass_mode": "always"
              },
              {
                "actor_id": 2462900,
                "actor_type": "Integration",
                "bypass_mode": "always"
              }
            ],
            "conditions": [
              {
                "ref_name": [
                  {
                    "exclude": [],
                    "include": [
                      "~DEFAULT_BRANCH",
                      "refs/heads/??.x"
                    ]
                  }
                ]
              }
            ],
            "enforcement": "active",
            "etag": "W/\"8daeb498456af01ba7a2c5c356c974686e7cca135d6671c023453b791ea0a515\"",
            "id": "15273974",
            "name": "Required Default PR Checks",
            "node_id": "RRS_lACqUmVwb3NpdG9yec5GjyYnzgDpD_Y",
            "repository": "art",
            "rules": [
              {
                "branch_name_pattern": [],
                "commit_author_email_pattern": [],
                "commit_message_pattern": [],
                "committer_email_pattern": [],
                "copilot_code_review": [],
                "creation": false,
                "deletion": false,
                "file_extension_restriction": [],
                "file_path_restriction": [],
                "max_file_path_length": [],
                "max_file_size": [],
                "merge_queue": [],
                "non_fast_forward": false,
                "pull_request": [],
                "required_code_scanning": [],
                "required_deployments": [],
                "required_linear_history": false,
                "required_signatures": false,
                "required_status_checks": [
                  {
                    "do_not_enforce_on_create": false,
                    "required_check": [
                      {
                        "context": "Commit Message Check / Check Commit Message",
                        "integration_id": 15368
                      },
                      {
                        "context": "Copyright Header Check / Check Copyright Header",
                        "integration_id": 15368
                      },
                      {
                        "context": "Markdown Check / Check Markdown",
                        "integration_id": 15368
                      },
                      {
                        "context": "Trailing Newline Check / Check Trailing Newline",
                        "integration_id": 15368
                      }
                    ],
                    "strict_required_status_checks_policy": false
                  }
                ],
                "tag_name_pattern": [],
                "update": false,
                "update_allows_fetch_and_merge": false
              }
            ],
            "ruleset_id": 15273974,
            "target": "branch"
          },
          "sensitive_attributes": [],
          "private": "eyJzY2hlbWFfdmVyc2lvbiI6IjEifQ==",
          "dependencies": [
            "module.repo.github_repository.this"
          ]
        }
      ]
    },
    {
      "module": "module.repo[\"art\"]",
      "mode": "managed",
      "type": "github_repository_ruleset",
      "name": "restrict_unsupported_branches",
      "provider": "provider[\"registry.opentofu.org/integrations/github\"]",
      "instances": [
        {
          "schema_version": 1,
          "attributes": {
            "bypass_actors": [
              {
                "actor_id": 2462900,
                "actor_type": "Integration",
                "bypass_mode": "always"
              }
            ],
            "conditions": [
              {
                "ref_name": [
                  {
                    "exclude": [],
                    "include": [
                      "refs/heads/??.x-backup",
                      "refs/heads/master-backup"
                    ]
                  }
                ]
              }
            ],
            "enforcement": "active",
            "etag": "W/\"30caa64db9c435ac61514960fc64b963cfa8cebe390d6a87516a855d07fde133\"",
            "id": "15195224",
            "name": "Restrict Changes to Unsupported Branches",
            "node_id": "RRS_lACqUmVwb3NpdG9yec5GjyYnzgDn3Fg",
            "repository": "art",
            "rules": [
              {
                "branch_name_pattern": [],
                "commit_author_email_pattern": [],
                "commit_message_pattern": [],
                "committer_email_pattern": [],
                "copilot_code_review": [],
                "creation": true,
                "deletion": true,
                "file_extension_restriction": [],
                "file_path_restriction": [],
                "max_file_path_length": [],
                "max_file_size": [],
                "merge_queue": [],
                "non_fast_forward": true,
                "pull_request": [],
                "required_code_scanning": [],
                "required_deployments": [],
                "required_linear_history": false,
                "required_signatures": false,
                "required_status_checks": [],
                "tag_name_pattern": [],
                "update": true,
                "update_allows_fetch_and_merge": false
              }
            ],
            "ruleset_id": 15195224,
            "target": "branch"
          },
          "sensitive_attributes": [],
          "private": "eyJzY2hlbWFfdmVyc2lvbiI6IjEifQ==",
          "dependencies": [
            "module.repo.github_repository.this"
          ]
        }
      ]
    },
    {
      "module": "module.repo[\"art\"]",
      "mode": "managed",
      "type": "github_repository_vulnerability_alerts",
      "name": "this",
      "provider": "provider[\"registry.opentofu.org/integrations/github\"]",
      "instances": [
        {
          "schema_version": 0,
          "attributes": {
            "enabled": true,
            "id": "1183786535",
            "repository": "art",
            "repository_id": 1183786535
          },
          "sensitive_attributes": [],
          "private": "eyJzY2hlbWFfdmVyc2lvbiI6IjAifQ==",
          "dependencies": [
            "module.repo.github_repository.this"
          ]
        }
      ]
    },
    {
      "module": "module.repo[\"art\"]",
      "mode": "managed",
      "type": "github_team_repository",
      "name": "approvers",
      "provider": "provider[\"registry.opentofu.org/integrations/github\"]",
      "instances": [
        {
          "index_key": 0,
          "schema_version": 0,
          "attributes": {
            "etag": "W/\"30cbb2c0736ca705cbe358aadaba2c1dd95b7bf7a6b68f774ec436bb9a0dbb30\"",
            "id": "18867552:art",
            "permission": "push",
            "repository": "art",
            "team_id": "approvers"
          },
          "sensitive_attributes": [],
          "private": "bnVsbA==",
          "dependencies": [
            "module.repo.github_repository.this"
          ]
        }
      ]
    },
    {
      "module": "module.repo[\"ci-eslint-ts\"]",
      "mode": "managed",
      "type": "github_issue_label",
      "name": "claude_review",
      "provider": "provider[\"registry.opentofu.org/integrations/github\"]",
      "instances": [
        {
          "schema_version": 0,
          "attributes": {
            "color": "5319e7",
            "description": "Ask Claude to review this pull request",
            "etag": "W/\"fadd2fad66fa5fec89e85bdcb3b789a2f4fde4c5e9d50d665b0ba9d59b89d882\"",
            "id": "ci-eslint-ts:claude-review",
            "name": "claude-review",
            "repository": "ci-eslint-ts",
            "url": "https://api.github.com/repos/valkyrjaio/ci-eslint-ts/labels/claude-review"
          },
          "sensitive_attributes": [],
          "private": "eyJzY2hlbWFfdmVyc2lvbiI6IjAifQ==",
          "dependencies": [
            "module.repo.github_repository.this"
          ]
        }
      ]
    },
    {
      "module": "module.repo[\"ci-eslint-ts\"]",
      "mode": "managed",
      "type": "github_repository",
      "name": "this",
      "provider": "provider[\"registry.opentofu.org/integrations/github\"]",
      "instances": [
        {
          "schema_version": 1,
          "attributes": {
            "allow_auto_merge": false,
            "allow_forking": true,
            "allow_merge_commit": false,
            "allow_rebase_merge": false,
            "allow_squash_merge": true,
            "allow_update_branch": false,
            "archive_on_destroy": null,
            "archived": false,
            "auto_init": false,
            "default_branch": "26.x",
            "delete_branch_on_merge": true,
            "description": "Shared ESLint configuration for Valkyrja TypeScript repositories",
            "etag": "W/\"021c593d148a7832f3a4bf2345bf0ad61e64a6715de5ba53d66efb0bda5e07f8\"",
            "fork": "false",
            "full_name": "valkyrjaio/ci-eslint-ts",
            "git_clone_url": "git://github.com/valkyrjaio/ci-eslint-ts.git",
            "gitignore_template": null,
            "has_discussions": false,
            "has_downloads": false,
            "has_issues": true,
            "has_projects": false,
            "has_wiki": false,
            "homepage_url": "",
            "html_url": "https://github.com/valkyrjaio/ci-eslint-ts",
            "http_clone_url": "https://github.com/valkyrjaio/ci-eslint-ts.git",
            "id": "ci-eslint-ts",
            "ignore_vulnerability_alerts_during_read": null,
            "is_template": false,
            "license_template": null,
            "merge_commit_message": "PR_TITLE",
            "merge_commit_title": "MERGE_MESSAGE",
            "name": "ci-eslint-ts",
            "node_id": "R_kgDOTr5oNA",
            "pages": [],
            "primary_language": "TypeScript",
            "private": false,
            "repo_id": 1321101364,
            "security_and_analysis": [
              {
                "advanced_security": [],
                "code_security": [],
                "secret_scanning": [
                  {
                    "status": "disabled"
                  }
                ],
                "secret_scanning_ai_detection": [],
                "secret_scanning_non_provider_patterns": [],
                "secret_scanning_push_protection": [
                  {
                    "status": "disabled"
                  }
                ]
              }
            ],
            "source_owner": "",
            "source_repo": "",
            "squash_merge_commit_message": "PR_BODY",
            "squash_merge_commit_title": "PR_TITLE",
            "ssh_clone_url": "git@github.com:valkyrjaio/ci-eslint-ts.git",
            "svn_url": "https://github.com/valkyrjaio/ci-eslint-ts",
            "template": [
              {
                "include_all_branches": false,
                "owner": "valkyrjaio",
                "repository": "project-template-ts"
              }
            ],
            "topics": [],
            "visibility": "public",
            "vulnerability_alerts": true,
            "web_commit_signoff_required": false
          },
          "sensitive_attributes": [],
          "private": "eyJzY2hlbWFfdmVyc2lvbiI6IjEifQ=="
        }
      ]
    },
    {
      "module": "module.repo[\"ci-eslint-ts\"]",
      "mode": "managed",
      "type": "github_repository_ruleset",
      "name": "force_push_protection",
      "provider": "provider[\"registry.opentofu.org/integrations/github\"]",
      "instances": [
        {
          "schema_version": 1,
          "attributes": {
            "bypass_actors": [
              {
                "actor_id": 0,
                "actor_type": "OrganizationAdmin",
                "bypass_mode": "always"
              }
            ],
            "conditions": [
              {
                "ref_name": [
                  {
                    "exclude": [],
                    "include": [
                      "refs/heads/??.x"
                    ]
                  }
                ]
              }
            ],
            "enforcement": "active",
            "etag": "W/\"dcea634bb036502973d95c6a222fed019ec3ae6b3db45771a12f8c95f5f6ce39\"",
            "id": "20266766",
            "name": "Protect Against Force Pushes and Deletion",
            "node_id": "RRS_lACqUmVwb3NpdG9yec5Ovmg0zgE1Pw4",
            "repository": "ci-eslint-ts",
            "rules": [
              {
                "branch_name_pattern": [],
                "commit_author_email_pattern": [],
                "commit_message_pattern": [],
                "committer_email_pattern": [],
                "copilot_code_review": [],
                "creation": false,
                "deletion": true,
                "file_extension_restriction": [],
                "file_path_restriction": [],
                "max_file_path_length": [],
                "max_file_size": [],
                "merge_queue": [],
                "non_fast_forward": true,
                "pull_request": [],
                "required_code_scanning": [],
                "required_deployments": [],
                "required_linear_history": false,
                "required_signatures": false,
                "required_status_checks": [],
                "tag_name_pattern": [],
                "update": false,
                "update_allows_fetch_and_merge": false
              }
            ],
            "ruleset_id": 20266766,
            "target": "branch"
          },
          "sensitive_attributes": [],
          "private": "eyJzY2hlbWFfdmVyc2lvbiI6IjEifQ==",
          "dependencies": [
            "module.repo.github_repository.this"
          ]
        }
      ]
    },
    {
      "module": "module.repo[\"ci-eslint-ts\"]",
      "mode": "managed",
      "type": "github_repository_ruleset",
      "name": "protect_master",
      "provider": "provider[\"registry.opentofu.org/integrations/github\"]",
      "instances": [
        {
          "schema_version": 1,
          "attributes": {
            "bypass_actors": [],
            "conditions": [
              {
                "ref_name": [
                  {
                    "exclude": [],
                    "include": [
                      "refs/heads/master"
                    ]
                  }
                ]
              }
            ],
            "enforcement": "active",
            "etag": "W/\"12063a81c81d6ef4aded6772cbb1071d8b142a42785905d28b8ab0fe072d20b5\"",
            "id": "20266767",
            "name": "Protect Master At All Times",
            "node_id": "RRS_lACqUmVwb3NpdG9yec5Ovmg0zgE1Pw8",
            "repository": "ci-eslint-ts",
            "rules": [
              {
                "branch_name_pattern": [],
                "commit_author_email_pattern": [],
                "commit_message_pattern": [],
                "committer_email_pattern": [],
                "copilot_code_review": [],
                "creation": false,
                "deletion": true,
                "file_extension_restriction": [],
                "file_path_restriction": [],
                "max_file_path_length": [],
                "max_file_size": [],
                "merge_queue": [],
                "non_fast_forward": true,
                "pull_request": [],
                "required_code_scanning": [],
                "required_deployments": [],
                "required_linear_history": false,
                "required_signatures": false,
                "required_status_checks": [],
                "tag_name_pattern": [],
                "update": false,
                "update_allows_fetch_and_merge": false
              }
            ],
            "ruleset_id": 20266767,
            "target": "branch"
          },
          "sensitive_attributes": [],
          "private": "eyJzY2hlbWFfdmVyc2lvbiI6IjEifQ==",
          "dependencies": [
            "module.repo.github_repository.this"
          ]
        }
      ]
    },
    {
      "module": "module.repo[\"ci-eslint-ts\"]",
      "mode": "managed",
      "type": "github_repository_ruleset",
      "name": "protect_release_tags",
      "provider": "provider[\"registry.opentofu.org/integrations/github\"]",
      "instances": [
        {
          "schema_version": 1,
          "attributes": {
            "bypass_actors": [
              {
                "actor_id": 0,
                "actor_type": "OrganizationAdmin",
                "bypass_mode": "always"
              }
            ],
            "conditions": [
              {
                "ref_name": [
                  {
                    "exclude": [],
                    "include": [
                      "refs/tags/*.*.*"
                    ]
                  }
                ]
              }
            ],
            "enforcement": "active",
            "etag": "W/\"d195d83f974f39379531be94a67ed7391b074e7eababd8cd21573d5070824168\"",
            "id": "20266769",
            "name": "Protect Release Tags",
            "node_id": "RRS_lACqUmVwb3NpdG9yec5Ovmg0zgE1PxE",
            "repository": "ci-eslint-ts",
            "rules": [
              {
                "branch_name_pattern": [],
                "commit_author_email_pattern": [],
                "commit_message_pattern": [],
                "committer_email_pattern": [],
                "copilot_code_review": [],
                "creation": false,
                "deletion": true,
                "file_extension_restriction": [],
                "file_path_restriction": [],
                "max_file_path_length": [],
                "max_file_size": [],
                "merge_queue": [],
                "non_fast_forward": true,
                "pull_request": [],
                "required_code_scanning": [],
                "required_deployments": [],
                "required_linear_history": false,
                "required_signatures": false,
                "required_status_checks": [],
                "tag_name_pattern": [],
                "update": false,
                "update_allows_fetch_and_merge": false
              }
            ],
            "ruleset_id": 20266769,
            "target": "tag"
          },
          "sensitive_attributes": [],
          "private": "eyJzY2hlbWFfdmVyc2lvbiI6IjEifQ==",
          "dependencies": [
            "module.repo.github_repository.this"
          ]
        }
      ]
    },
    {
      "module": "module.repo[\"ci-eslint-ts\"]",
      "mode": "managed",
      "type": "github_repository_ruleset",
      "name": "require_pull_request",
      "provider": "provider[\"registry.opentofu.org/integrations/github\"]",
      "instances": [
        {
          "schema_version": 1,
          "attributes": {
            "bypass_actors": [
              {
                "actor_id": 0,
                "actor_type": "OrganizationAdmin",
                "bypass_mode": "always"
              },
              {
                "actor_id": 2462900,
                "actor_type": "Integration",
                "bypass_mode": "always"
              }
            ],
            "conditions": [
              {
                "ref_name": [
                  {
                    "exclude": [],
                    "include": [
                      "~DEFAULT_BRANCH",
                      "refs/heads/??.x",
                      "refs/heads/master"
                    ]
                  }
                ]
              }
            ],
            "enforcement": "active",
            "etag": "W/\"c65c3cd557a28450f84f12306684efc249b14d47f3e538fc150f129815052e08\"",
            "id": "20266770",
            "name": "Require Pull Request",
            "node_id": "RRS_lACqUmVwb3NpdG9yec5Ovmg0zgE1PxI",
            "repository": "ci-eslint-ts",
            "rules": [
              {
                "branch_name_pattern": [],
                "commit_author_email_pattern": [],
                "commit_message_pattern": [],
                "committer_email_pattern": [],
                "copilot_code_review": [],
                "creation": false,
                "deletion": false,
                "file_extension_restriction": [],
                "file_path_restriction": [],
                "max_file_path_length": [],
                "max_file_size": [],
                "merge_queue": [],
                "non_fast_forward": false,
                "pull_request": [
                  {
                    "allowed_merge_methods": [
                      "squash"
                    ],
                    "dismiss_stale_reviews_on_push": false,
                    "require_code_owner_review": true,
                    "require_last_push_approval": false,
                    "required_approving_review_count": 0,
                    "required_review_thread_resolution": false,
                    "required_reviewers": []
                  }
                ],
                "required_code_scanning": [],
                "required_deployments": [],
                "required_linear_history": false,
                "required_signatures": false,
                "required_status_checks": [],
                "tag_name_pattern": [],
                "update": false,
                "update_allows_fetch_and_merge": false
              }
            ],
            "ruleset_id": 20266770,
            "target": "branch"
          },
          "sensitive_attributes": [],
          "private": "eyJzY2hlbWFfdmVyc2lvbiI6IjEifQ==",
          "dependencies": [
            "github_team.approvers",
            "module.repo.github_repository.this"
          ]
        }
      ]
    },
    {
      "module": "module.repo[\"ci-eslint-ts\"]",
      "mode": "managed",
      "type": "github_repository_ruleset",
      "name": "required_default_checks",
      "provider": "provider[\"registry.opentofu.org/integrations/github\"]",
      "instances": [
        {
          "schema_version": 1,
          "attributes": {
            "bypass_actors": [
              {
                "actor_id": 0,
                "actor_type": "OrganizationAdmin",
                "bypass_mode": "always"
              },
              {
                "actor_id": 2462900,
                "actor_type": "Integration",
                "bypass_mode": "always"
              }
            ],
            "conditions": [
              {
                "ref_name": [
                  {
                    "exclude": [],
                    "include": [
                      "~DEFAULT_BRANCH",
                      "refs/heads/??.x"
                    ]
                  }
                ]
              }
            ],
            "enforcement": "active",
            "etag": "W/\"bdb970a116191dafb9de69b23d1f7ac4ec5568a1e52331fec93844a269c51cc0\"",
            "id": "20266772",
            "name": "Required Default PR Checks",
            "node_id": "RRS_lACqUmVwb3NpdG9yec5Ovmg0zgE1PxQ",
            "repository": "ci-eslint-ts",
            "rules": [
              {
                "branch_name_pattern": [],
                "commit_author_email_pattern": [],
                "commit_message_pattern": [],
                "committer_email_pattern": [],
                "copilot_code_review": [],
                "creation": false,
                "deletion": false,
                "file_extension_restriction": [],
                "file_path_restriction": [],
                "max_file_path_length": [],
                "max_file_size": [],
                "merge_queue": [],
                "non_fast_forward": false,
                "pull_request": [],
                "required_code_scanning": [],
                "required_deployments": [],
                "required_linear_history": false,
                "required_signatures": false,
                "required_status_checks": [
                  {
                    "do_not_enforce_on_create": false,
                    "required_check": [
                      {
                        "context": "Commit Message Check / Check Commit Message",
                        "integration_id": 15368
                      },
                      {
                        "context": "Copyright Header Check / Check Copyright Header",
                        "integration_id": 15368
                      },
                      {
                        "context": "Markdown Check / Check Markdown",
                        "integration_id": 15368
                      },
                      {
                        "context": "Trailing Newline Check / Check Trailing Newline",
                        "integration_id": 15368
                      }
                    ],
                    "strict_required_status_checks_policy": false
                  }
                ],
                "tag_name_pattern": [],
                "update": false,
                "update_allows_fetch_and_merge": false
              }
            ],
            "ruleset_id": 20266772,
            "target": "branch"
          },
          "sensitive_attributes": [],
          "private": "eyJzY2hlbWFfdmVyc2lvbiI6IjEifQ==",
          "dependencies": [
            "module.repo.github_repository.this"
          ]
        }
      ]
    },
    {
      "module": "module.repo[\"ci-eslint-ts\"]",
      "mode": "managed",
      "type": "github_repository_ruleset",
      "name": "required_language_checks",
      "provider": "provider[\"registry.opentofu.org/integrations/github\"]",
      "instances": [
        {
          "index_key": 0,
          "schema_version": 1,
          "attributes": {
            "bypass_actors": [
              {
                "actor_id": 0,
                "actor_type": "OrganizationAdmin",
                "bypass_mode": "always"
              },
              {
                "actor_id": 2462900,
                "actor_type": "Integration",
                "bypass_mode": "always"
              }
            ],
            "conditions": [
              {
                "ref_name": [
                  {
                    "exclude": [],
                    "include": [
                      "~DEFAULT_BRANCH",
                      "refs/heads/??.x"
                    ]
                  }
                ]
              }
            ],
            "enforcement": "active",
            "etag": "W/\"3dbd6b084123e4666f458741007ce88548e0a967684d2d028b26f3b359505c55\"",
            "id": "20266777",
            "name": "Required TypeScript PR Checks",
            "node_id": "RRS_lACqUmVwb3NpdG9yec5Ovmg0zgE1Pxk",
            "repository": "ci-eslint-ts",
            "rules": [
              {
                "branch_name_pattern": [],
                "commit_author_email_pattern": [],
                "commit_message_pattern": [],
                "committer_email_pattern": [],
                "copilot_code_review": [],
                "creation": false,
                "deletion": false,
                "file_extension_restriction": [],
                "file_path_restriction": [],
                "max_file_path_length": [],
                "max_file_size": [],
                "merge_queue": [],
                "non_fast_forward": false,
                "pull_request": [],
                "required_code_scanning": [],
                "required_deployments": [],
                "required_linear_history": false,
                "required_signatures": false,
                "required_status_checks": [
                  {
                    "do_not_enforce_on_create": false,
                    "required_check": [
                      {
                        "context": "Tools / ESLint / ESLint",
                        "integration_id": 15368
                      },
                      {
                        "context": "Tools / Prettier / Prettier",
                        "integration_id": 15368
                      },
                      {
                        "context": "Tools / TypeScript / TypeScript",
                        "integration_id": 15368
                      },
                      {
                        "context": "Tools / Vitest / Vitest",
                        "integration_id": 15368
                      }
                    ],
                    "strict_required_status_checks_policy": false
                  }
                ],
                "tag_name_pattern": [],
                "update": false,
                "update_allows_fetch_and_merge": false
              }
            ],
            "ruleset_id": 20266777,
            "target": "branch"
          },
          "sensitive_attributes": [],
          "private": "eyJzY2hlbWFfdmVyc2lvbiI6IjEifQ==",
          "dependencies": [
            "module.repo.github_repository.this"
          ]
        }
      ]
    },
    {
      "module": "module.repo[\"ci-eslint-ts\"]",
      "mode": "managed",
      "type": "github_repository_ruleset",
      "name": "restrict_unsupported_branches",
      "provider": "provider[\"registry.opentofu.org/integrations/github\"]",
      "instances": [
        {
          "schema_version": 1,
          "attributes": {
            "bypass_actors": [
              {
                "actor_id": 2462900,
                "actor_type": "Integration",
                "bypass_mode": "always"
              }
            ],
            "conditions": [
              {
                "ref_name": [
                  {
                    "exclude": [],
                    "include": [
                      "refs/heads/??.x-backup",
                      "refs/heads/master-backup"
                    ]
                  }
                ]
              }
            ],
            "enforcement": "active",
            "etag": "W/\"91b3d1dd573d17668b91330c875a53961d59f9f9ea693cb105d1970382c456b7\"",
            "id": "20266775",
            "name": "Restrict Changes to Unsupported Branches",
            "node_id": "RRS_lACqUmVwb3NpdG9yec5Ovmg0zgE1Pxc",
            "repository": "ci-eslint-ts",
            "rules": [
              {
                "branch_name_pattern": [],
                "commit_author_email_pattern": [],
                "commit_message_pattern": [],
                "committer_email_pattern": [],
                "copilot_code_review": [],
                "creation": true,
                "deletion": true,
                "file_extension_restriction": [],
                "file_path_restriction": [],
                "max_file_path_length": [],
                "max_file_size": [],
                "merge_queue": [],
                "non_fast_forward": true,
                "pull_request": [],
                "required_code_scanning": [],
                "required_deployments": [],
                "required_linear_history": false,
                "required_signatures": false,
                "required_status_checks": [],
                "tag_name_pattern": [],
                "update": true,
                "update_allows_fetch_and_merge": false
              }
            ],
            "ruleset_id": 20266775,
            "target": "branch"
          },
          "sensitive_attributes": [],
          "private": "eyJzY2hlbWFfdmVyc2lvbiI6IjEifQ==",
          "dependencies": [
            "module.repo.github_repository.this"
          ]
        }
      ]
    },
    {
      "module": "module.repo[\"ci-eslint-ts\"]",
      "mode": "managed",
      "type": "github_repository_vulnerability_alerts",
      "name": "this",
      "provider": "provider[\"registry.opentofu.org/integrations/github\"]",
      "instances": [
        {
          "schema_version": 0,
          "attributes": {
            "enabled": true,
            "id": "1321101364",
            "repository": "ci-eslint-ts",
            "repository_id": 1321101364
          },
          "sensitive_attributes": [],
          "private": "eyJzY2hlbWFfdmVyc2lvbiI6IjAifQ==",
          "dependencies": [
            "module.repo.github_repository.this"
          ]
        }
      ]
    },
    {
      "module": "module.repo[\"ci-eslint-ts\"]",
      "mode": "managed",
      "type": "github_team_repository",
      "name": "approvers",
      "provider": "provider[\"registry.opentofu.org/integrations/github\"]",
      "instances": [
        {
          "index_key": 0,
          "schema_version": 0,
          "attributes": {
            "etag": "W/\"482f2d440c4273761a1787fbc998a3d5e8ef4d88d9790943da0efe163d50a37a\"",
            "id": "18867552:ci-eslint-ts",
            "permission": "push",
            "repository": "ci-eslint-ts",
            "team_id": "approvers"
          },
          "sensitive_attributes": [],
          "private": "bnVsbA==",
          "dependencies": [
            "module.repo.github_repository.this"
          ]
        }
      ]
    },
    {
      "module": "module.repo[\"ci-golangcilint-go\"]",
      "mode": "managed",
      "type": "github_issue_label",
      "name": "claude_review",
      "provider": "provider[\"registry.opentofu.org/integrations/github\"]",
      "instances": [
        {
          "schema_version": 0,
          "attributes": {
            "color": "5319e7",
            "description": "Ask Claude to review this pull request",
            "etag": "W/\"792617c074aa8fc7ec3136accdf7e0e9fc5d8d1c61f3a800ca3346025c352d01\"",
            "id": "ci-golangcilint-go:claude-review",
            "name": "claude-review",
            "repository": "ci-golangcilint-go",
            "url": "https://api.github.com/repos/valkyrjaio/ci-golangcilint-go/labels/claude-review"
          },
          "sensitive_attributes": [],
          "private": "eyJzY2hlbWFfdmVyc2lvbiI6IjAifQ==",
          "dependencies": [
            "module.repo.github_repository.this"
          ]
        }
      ]
    },
    {
      "module": "module.repo[\"ci-golangcilint-go\"]",
      "mode": "managed",
      "type": "github_repository",
      "name": "this",
      "provider": "provider[\"registry.opentofu.org/integrations/github\"]",
      "instances": [
        {
          "schema_version": 1,
          "attributes": {
            "allow_auto_merge": false,
            "allow_forking": true,
            "allow_merge_commit": false,
            "allow_rebase_merge": false,
            "allow_squash_merge": true,
            "allow_update_branch": false,
            "archive_on_destroy": null,
            "archived": false,
            "auto_init": false,
            "default_branch": "26.x",
            "delete_branch_on_merge": true,
            "description": "Shared golangci-lint configuration for Valkyrja Go repositories",
            "etag": "W/\"d39e18ef1408cf9da3771962015700cfcbb5424c13e15a47b8b6298998e56edc\"",
            "fork": "false",
            "full_name": "valkyrjaio/ci-golangcilint-go",
            "git_clone_url": "git://github.com/valkyrjaio/ci-golangcilint-go.git",
            "gitignore_template": null,
            "has_discussions": false,
            "has_downloads": false,
            "has_issues": true,
            "has_projects": false,
            "has_wiki": false,
            "homepage_url": "",
            "html_url": "https://github.com/valkyrjaio/ci-golangcilint-go",
            "http_clone_url": "https://github.com/valkyrjaio/ci-golangcilint-go.git",
            "id": "ci-golangcilint-go",
            "ignore_vulnerability_alerts_during_read": null,
            "is_template": false,
            "license_template": null,
            "merge_commit_message": "PR_TITLE",
            "merge_commit_title": "MERGE_MESSAGE",
            "name": "ci-golangcilint-go",
            "node_id": "R_kgDOTr6Arg",
            "pages": [],
            "primary_language": "Go",
            "private": false,
            "repo_id": 1321107630,
            "security_and_analysis": [
              {
                "advanced_security": [],
                "code_security": [],
                "secret_scanning": [
                  {
                    "status": "disabled"
                  }
                ],
                "secret_scanning_ai_detection": [],
                "secret_scanning_non_provider_patterns": [],
                "secret_scanning_push_protection": [
                  {
                    "status": "disabled"
                  }
                ]
              }
            ],
            "source_owner": "",
            "source_repo": "",
            "squash_merge_commit_message": "PR_BODY",
            "squash_merge_commit_title": "PR_TITLE",
            "ssh_clone_url": "git@github.com:valkyrjaio/ci-golangcilint-go.git",
            "svn_url": "https://github.com/valkyrjaio/ci-golangcilint-go",
            "template": [
              {
                "include_all_branches": false,
                "owner": "valkyrjaio",
                "repository": "project-template-go"
              }
            ],
            "topics": [],
            "visibility": "public",
            "vulnerability_alerts": true,
            "web_commit_signoff_required": false
          },
          "sensitive_attributes": [],
          "private": "eyJzY2hlbWFfdmVyc2lvbiI6IjEifQ=="
        }
      ]
    },
    {
      "module": "module.repo[\"ci-golangcilint-go\"]",
      "mode": "managed",
      "type": "github_repository_ruleset",
      "name": "force_push_protection",
      "provider": "provider[\"registry.opentofu.org/integrations/github\"]",
      "instances": [
        {
          "schema_version": 1,
          "attributes": {
            "bypass_actors": [
              {
                "actor_id": 0,
                "actor_type": "OrganizationAdmin",
                "bypass_mode": "always"
              }
            ],
            "conditions": [
              {
                "ref_name": [
                  {
                    "exclude": [],
                    "include": [
                      "refs/heads/??.x"
                    ]
                  }
                ]
              }
            ],
            "enforcement": "active",
            "etag": "W/\"a88d7c55cedec6e7feded4fb99f8cbdcc562980b60f2c7bbdff41d4bfeb02d57\"",
            "id": "20265244",
            "name": "Protect Against Force Pushes and Deletion",
            "node_id": "RRS_lACqUmVwb3NpdG9yec5OvoCuzgE1ORw",
            "repository": "ci-golangcilint-go",
            "rules": [
              {
                "branch_name_pattern": [],
                "commit_author_email_pattern": [],
                "commit_message_pattern": [],
                "committer_email_pattern": [],
                "copilot_code_review": [],
                "creation": false,
                "deletion": true,
                "file_extension_restriction": [],
                "file_path_restriction": [],
                "max_file_path_length": [],
                "max_file_size": [],
                "merge_queue": [],
                "non_fast_forward": true,
                "pull_request": [],
                "required_code_scanning": [],
                "required_deployments": [],
                "required_linear_history": false,
                "required_signatures": false,
                "required_status_checks": [],
                "tag_name_pattern": [],
                "update": false,
                "update_allows_fetch_and_merge": false
              }
            ],
            "ruleset_id": 20265244,
            "target": "branch"
          },
          "sensitive_attributes": [],
          "private": "eyJzY2hlbWFfdmVyc2lvbiI6IjEifQ==",
          "dependencies": [
            "module.repo.github_repository.this"
          ]
        }
      ]
    },
    {
      "module": "module.repo[\"ci-golangcilint-go\"]",
      "mode": "managed",
      "type": "github_repository_ruleset",
      "name": "protect_master",
      "provider": "provider[\"registry.opentofu.org/integrations/github\"]",
      "instances": [
        {
          "schema_version": 1,
          "attributes": {
            "bypass_actors": [],
            "conditions": [
              {
                "ref_name": [
                  {
                    "exclude": [],
                    "include": [
                      "refs/heads/master"
                    ]
                  }
                ]
              }
            ],
            "enforcement": "active",
            "etag": "W/\"429f3a624754b3c02743cbc7d2c0eeb7f5fe4f7e1d9f638ca819cb2da5b9d355\"",
            "id": "20265245",
            "name": "Protect Master At All Times",
            "node_id": "RRS_lACqUmVwb3NpdG9yec5OvoCuzgE1OR0",
            "repository": "ci-golangcilint-go",
            "rules": [
              {
                "branch_name_pattern": [],
                "commit_author_email_pattern": [],
                "commit_message_pattern": [],
                "committer_email_pattern": [],
                "copilot_code_review": [],
                "creation": false,
                "deletion": true,
                "file_extension_restriction": [],
                "file_path_restriction": [],
                "max_file_path_length": [],
                "max_file_size": [],
                "merge_queue": [],
                "non_fast_forward": true,
                "pull_request": [],
                "required_code_scanning": [],
                "required_deployments": [],
                "required_linear_history": false,
                "required_signatures": false,
                "required_status_checks": [],
                "tag_name_pattern": [],
                "update": false,
                "update_allows_fetch_and_merge": false
              }
            ],
            "ruleset_id": 20265245,
            "target": "branch"
          },
          "sensitive_attributes": [],
          "private": "eyJzY2hlbWFfdmVyc2lvbiI6IjEifQ==",
          "dependencies": [
            "module.repo.github_repository.this"
          ]
        }
      ]
    },
    {
      "module": "module.repo[\"ci-golangcilint-go\"]",
      "mode": "managed",
      "type": "github_repository_ruleset",
      "name": "protect_release_tags",
      "provider": "provider[\"registry.opentofu.org/integrations/github\"]",
      "instances": [
        {
          "schema_version": 1,
          "attributes": {
            "bypass_actors": [
              {
                "actor_id": 0,
                "actor_type": "OrganizationAdmin",
                "bypass_mode": "always"
              }
            ],
            "conditions": [
              {
                "ref_name": [
                  {
                    "exclude": [],
                    "include": [
                      "refs/tags/*.*.*"
                    ]
                  }
                ]
              }
            ],
            "enforcement": "active",
            "etag": "W/\"b871376030f3344cefb31ff96a642120215f4412abad70d0dfb85338ec31b099\"",
            "id": "20265246",
            "name": "Protect Release Tags",
            "node_id": "RRS_lACqUmVwb3NpdG9yec5OvoCuzgE1OR4",
            "repository": "ci-golangcilint-go",
            "rules": [
              {
                "branch_name_pattern": [],
                "commit_author_email_pattern": [],
                "commit_message_pattern": [],
                "committer_email_pattern": [],
                "copilot_code_review": [],
                "creation": false,
                "deletion": true,
                "file_extension_restriction": [],
                "file_path_restriction": [],
                "max_file_path_length": [],
                "max_file_size": [],
                "merge_queue": [],
                "non_fast_forward": true,
                "pull_request": [],
                "required_code_scanning": [],
                "required_deployments": [],
                "required_linear_history": false,
                "required_signatures": false,
                "required_status_checks": [],
                "tag_name_pattern": [],
                "update": false,
                "update_allows_fetch_and_merge": false
              }
            ],
            "ruleset_id": 20265246,
            "target": "tag"
          },
          "sensitive_attributes": [],
          "private": "eyJzY2hlbWFfdmVyc2lvbiI6IjEifQ==",
          "dependencies": [
            "module.repo.github_repository.this"
          ]
        }
      ]
    },
    {
      "module": "module.repo[\"ci-golangcilint-go\"]",
      "mode": "managed",
      "type": "github_repository_ruleset",
      "name": "require_pull_request",
      "provider": "provider[\"registry.opentofu.org/integrations/github\"]",
      "instances": [
        {
          "schema_version": 1,
          "attributes": {
            "bypass_actors": [
              {
                "actor_id": 0,
                "actor_type": "OrganizationAdmin",
                "bypass_mode": "always"
              },
              {
                "actor_id": 2462900,
                "actor_type": "Integration",
                "bypass_mode": "always"
              }
            ],
            "conditions": [
              {
                "ref_name": [
                  {
                    "exclude": [],
                    "include": [
                      "~DEFAULT_BRANCH",
                      "refs/heads/??.x",
                      "refs/heads/master"
                    ]
                  }
                ]
              }
            ],
            "enforcement": "active",
            "etag": "W/\"3322c9ed63769eb9bc4e6cced3f22f7274dfed10d59a0bab19222a6926e35b60\"",
            "id": "20265247",
            "name": "Require Pull Request",
            "node_id": "RRS_lACqUmVwb3NpdG9yec5OvoCuzgE1OR8",
            "repository": "ci-golangcilint-go",
            "rules": [
              {
                "branch_name_pattern": [],
                "commit_author_email_pattern": [],
                "commit_message_pattern": [],
                "committer_email_pattern": [],
                "copilot_code_review": [],
                "creation": false,
                "deletion": false,
                "file_extension_restriction": [],
                "file_path_restriction": [],
                "max_file_path_length": [],
                "max_file_size": [],
                "merge_queue": [],
                "non_fast_forward": false,
                "pull_request": [
                  {
                    "allowed_merge_methods": [
                      "squash"
                    ],
                    "dismiss_stale_reviews_on_push": false,
                    "require_code_owner_review": true,
                    "require_last_push_approval": false,
                    "required_approving_review_count": 0,
                    "required_review_thread_resolution": false,
                    "required_reviewers": []
                  }
                ],
                "required_code_scanning": [],
                "required_deployments": [],
                "required_linear_history": false,
                "required_signatures": false,
                "required_status_checks": [],
                "tag_name_pattern": [],
                "update": false,
                "update_allows_fetch_and_merge": false
              }
            ],
            "ruleset_id": 20265247,
            "target": "branch"
          },
          "sensitive_attributes": [],
          "private": "eyJzY2hlbWFfdmVyc2lvbiI6IjEifQ==",
          "dependencies": [
            "github_team.approvers",
            "module.repo.github_repository.this"
          ]
        }
      ]
    },
    {
      "module": "module.repo[\"ci-golangcilint-go\"]",
      "mode": "managed",
      "type": "github_repository_ruleset",
      "name": "required_default_checks",
      "provider": "provider[\"registry.opentofu.org/integrations/github\"]",
      "instances": [
        {
          "schema_version": 1,
          "attributes": {
            "bypass_actors": [
              {
                "actor_id": 0,
                "actor_type": "OrganizationAdmin",
                "bypass_mode": "always"
              },
              {
                "actor_id": 2462900,
                "actor_type": "Integration",
                "bypass_mode": "always"
              }
            ],
            "conditions": [
              {
                "ref_name": [
                  {
                    "exclude": [],
                    "include": [
                      "~DEFAULT_BRANCH",
                      "refs/heads/??.x"
                    ]
                  }
                ]
              }
            ],
            "enforcement": "active",
            "etag": "W/\"0b6261ebe98e3756e18ba011490baba0542b8d0cb47020b00a829a6e7c81765d\"",
            "id": "20265248",
            "name": "Required Default PR Checks",
            "node_id": "RRS_lACqUmVwb3NpdG9yec5OvoCuzgE1OSA",
            "repository": "ci-golangcilint-go",
            "rules": [
              {
                "branch_name_pattern": [],
                "commit_author_email_pattern": [],
                "commit_message_pattern": [],
                "committer_email_pattern": [],
                "copilot_code_review": [],
                "creation": false,
                "deletion": false,
                "file_extension_restriction": [],
                "file_path_restriction": [],
                "max_file_path_length": [],
                "max_file_size": [],
                "merge_queue": [],
                "non_fast_forward": false,
                "pull_request": [],
                "required_code_scanning": [],
                "required_deployments": [],
                "required_linear_history": false,
                "required_signatures": false,
                "required_status_checks": [
                  {
                    "do_not_enforce_on_create": false,
                    "required_check": [
                      {
                        "context": "Commit Message Check / Check Commit Message",
                        "integration_id": 15368
                      },
                      {
                        "context": "Copyright Header Check / Check Copyright Header",
                        "integration_id": 15368
                      },
                      {
                        "context": "Markdown Check / Check Markdown",
                        "integration_id": 15368
                      },
                      {
                        "context": "Trailing Newline Check / Check Trailing Newline",
                        "integration_id": 15368
                      }
                    ],
                    "strict_required_status_checks_policy": false
                  }
                ],
                "tag_name_pattern": [],
                "update": false,
                "update_allows_fetch_and_merge": false
              }
            ],
            "ruleset_id": 20265248,
            "target": "branch"
          },
          "sensitive_attributes": [],
          "private": "eyJzY2hlbWFfdmVyc2lvbiI6IjEifQ==",
          "dependencies": [
            "module.repo.github_repository.this"
          ]
        }
      ]
    },
    {
      "module": "module.repo[\"ci-golangcilint-go\"]",
      "mode": "managed",
      "type": "github_repository_ruleset",
      "name": "required_language_checks",
      "provider": "provider[\"registry.opentofu.org/integrations/github\"]",
      "instances": [
        {
          "index_key": 0,
          "schema_version": 1,
          "attributes": {
            "bypass_actors": [
              {
                "actor_id": 0,
                "actor_type": "OrganizationAdmin",
                "bypass_mode": "always"
              },
              {
                "actor_id": 2462900,
                "actor_type": "Integration",
                "bypass_mode": "always"
              }
            ],
            "conditions": [
              {
                "ref_name": [
                  {
                    "exclude": [],
                    "include": [
                      "~DEFAULT_BRANCH",
                      "refs/heads/??.x"
                    ]
                  }
                ]
              }
            ],
            "enforcement": "active",
            "etag": "W/\"5a755cf4c15c01d5f2fdf3d4368fa4644f70f5129ab4ecd6dd4c33f821dd7eb9\"",
            "id": "20265251",
            "name": "Required Go PR Checks",
            "node_id": "RRS_lACqUmVwb3NpdG9yec5OvoCuzgE1OSM",
            "repository": "ci-golangcilint-go",
            "rules": [
              {
                "branch_name_pattern": [],
                "commit_author_email_pattern": [],
                "commit_message_pattern": [],
                "committer_email_pattern": [],
                "copilot_code_review": [],
                "creation": false,
                "deletion": false,
                "file_extension_restriction": [],
                "file_path_restriction": [],
                "max_file_path_length": [],
                "max_file_size": [],
                "merge_queue": [],
                "non_fast_forward": false,
                "pull_request": [],
                "required_code_scanning": [],
                "required_deployments": [],
                "required_linear_history": false,
                "required_signatures": false,
                "required_status_checks": [
                  {
                    "do_not_enforce_on_create": false,
                    "required_check": [
                      {
                        "context": "Tools / Test / Test",
                        "integration_id": 15368
                      },
                      {
                        "context": "Tools / golangci-lint / golangci-lint",
                        "integration_id": 15368
                      }
                    ],
                    "strict_required_status_checks_policy": false
                  }
                ],
                "tag_name_pattern": [],
                "update": false,
                "update_allows_fetch_and_merge": false
              }
            ],
            "ruleset_id": 20265251,
            "target": "branch"
          },
          "sensitive_attributes": [],
          "private": "eyJzY2hlbWFfdmVyc2lvbiI6IjEifQ==",
          "dependencies": [
            "module.repo.github_repository.this"
          ]
        }
      ]
    },
    {
      "module": "module.repo[\"ci-golangcilint-go\"]",
      "mode": "managed",
      "type": "github_repository_ruleset",
      "name": "restrict_unsupported_branches",
      "provider": "provider[\"registry.opentofu.org/integrations/github\"]",
      "instances": [
        {
          "schema_version": 1,
          "attributes": {
            "bypass_actors": [
              {
                "actor_id": 2462900,
                "actor_type": "Integration",
                "bypass_mode": "always"
              }
            ],
            "conditions": [
              {
                "ref_name": [
                  {
                    "exclude": [],
                    "include": [
                      "refs/heads/??.x-backup",
                      "refs/heads/master-backup"
                    ]
                  }
                ]
              }
            ],
            "enforcement": "active",
            "etag": "W/\"5e334e55b5650d981fdb10ecdc50f5d8de22a7adcdaef647137c6b54e2a0fc5f\"",
            "id": "20265250",
            "name": "Restrict Changes to Unsupported Branches",
            "node_id": "RRS_lACqUmVwb3NpdG9yec5OvoCuzgE1OSI",
            "repository": "ci-golangcilint-go",
            "rules": [
              {
                "branch_name_pattern": [],
                "commit_author_email_pattern": [],
                "commit_message_pattern": [],
                "committer_email_pattern": [],
                "copilot_code_review": [],
                "creation": true,
                "deletion": true,
                "file_extension_restriction": [],
                "file_path_restriction": [],
                "max_file_path_length": [],
                "max_file_size": [],
                "merge_queue": [],
                "non_fast_forward": true,
                "pull_request": [],
                "required_code_scanning": [],
                "required_deployments": [],
                "required_linear_history": false,
                "required_signatures": false,
                "required_status_checks": [],
                "tag_name_pattern": [],
                "update": true,
                "update_allows_fetch_and_merge": false
              }
            ],
            "ruleset_id": 20265250,
            "target": "branch"
          },
          "sensitive_attributes": [],
          "private": "eyJzY2hlbWFfdmVyc2lvbiI6IjEifQ==",
          "dependencies": [
            "module.repo.github_repository.this"
          ]
        }
      ]
    },
    {
      "module": "module.repo[\"ci-golangcilint-go\"]",
      "mode": "managed",
      "type": "github_repository_vulnerability_alerts",
      "name": "this",
      "provider": "provider[\"registry.opentofu.org/integrations/github\"]",
      "instances": [
        {
          "schema_version": 0,
          "attributes": {
            "enabled": true,
            "id": "1321107630",
            "repository": "ci-golangcilint-go",
            "repository_id": 1321107630
          },
          "sensitive_attributes": [],
          "private": "eyJzY2hlbWFfdmVyc2lvbiI6IjAifQ==",
          "dependencies": [
            "module.repo.github_repository.this"
          ]
        }
      ]
    },
    {
      "module": "module.repo[\"ci-golangcilint-go\"]",
      "mode": "managed",
      "type": "github_team_repository",
      "name": "approvers",
      "provider": "provider[\"registry.opentofu.org/integrations/github\"]",
      "instances": [
        {
          "index_key": 0,
          "schema_version": 0,
          "attributes": {
            "etag": "W/\"084901c24cd04fb4442596abda1bd55eac40a166eb5a598d69b383178c2e737c\"",
            "id": "18867552:ci-golangcilint-go",
            "permission": "push",
            "repository": "ci-golangcilint-go",
            "team_id": "approvers"
          },
          "sensitive_attributes": [],
          "private": "bnVsbA==",
          "dependencies": [
            "module.repo.github_repository.this"
          ]
        }
      ]
    },
    {
      "module": "module.repo[\"ci-phparkitect-php\"]",
      "mode": "managed",
      "type": "github_issue_label",
      "name": "claude_review",
      "provider": "provider[\"registry.opentofu.org/integrations/github\"]",
      "instances": [
        {
          "schema_version": 0,
          "attributes": {
            "color": "5319e7",
            "description": "Ask Claude to review this pull request",
            "etag": "W/\"025939797d5cfcca6a918e810d7e99a962a9ee7fcffc4880160b1166ca40a692\"",
            "id": "ci-phparkitect-php:claude-review",
            "name": "claude-review",
            "repository": "ci-phparkitect-php",
            "url": "https://api.github.com/repos/valkyrjaio/ci-phparkitect-php/labels/claude-review"
          },
          "sensitive_attributes": [],
          "private": "eyJzY2hlbWFfdmVyc2lvbiI6IjAifQ==",
          "dependencies": [
            "module.repo.github_repository.this"
          ]
        }
      ]
    },
    {
      "module": "module.repo[\"ci-phparkitect-php\"]",
      "mode": "managed",
      "type": "github_repository",
      "name": "this",
      "provider": "provider[\"registry.opentofu.org/integrations/github\"]",
      "instances": [
        {
          "schema_version": 1,
          "attributes": {
            "allow_auto_merge": false,
            "allow_forking": true,
            "allow_merge_commit": false,
            "allow_rebase_merge": false,
            "allow_squash_merge": true,
            "allow_update_branch": false,
            "archive_on_destroy": null,
            "archived": false,
            "auto_init": false,
            "default_branch": "26.x",
            "delete_branch_on_merge": true,
            "description": "Shared PHPArkitect configuration for Valkyrja PHP projects",
            "etag": "W/\"c94a46a83e3b3c6e79e321802b52edeac26a2a7b9f9066a43acf1364386f09b1\"",
            "fork": "false",
            "full_name": "valkyrjaio/ci-phparkitect-php",
            "git_clone_url": "git://github.com/valkyrjaio/ci-phparkitect-php.git",
            "gitignore_template": null,
            "has_discussions": false,
            "has_downloads": false,
            "has_issues": true,
            "has_projects": false,
            "has_wiki": false,
            "homepage_url": "",
            "html_url": "https://github.com/valkyrjaio/ci-phparkitect-php",
            "http_clone_url": "https://github.com/valkyrjaio/ci-phparkitect-php.git",
            "id": "ci-phparkitect-php",
            "ignore_vulnerability_alerts_during_read": null,
            "is_template": false,
            "license_template": null,
            "merge_commit_message": "PR_TITLE",
            "merge_commit_title": "MERGE_MESSAGE",
            "name": "ci-phparkitect-php",
            "node_id": "R_kgDOSDw78g",
            "pages": [],
            "primary_language": "PHP",
            "private": false,
            "repo_id": 1211907058,
            "security_and_analysis": [
              {
                "advanced_security": [],
                "code_security": [],
                "secret_scanning": [
                  {
                    "status": "disabled"
                  }
                ],
                "secret_scanning_ai_detection": [],
                "secret_scanning_non_provider_patterns": [],
                "secret_scanning_push_protection": [
                  {
                    "status": "disabled"
                  }
                ]
              }
            ],
            "source_owner": "",
            "source_repo": "",
            "squash_merge_commit_message": "PR_BODY",
            "squash_merge_commit_title": "PR_TITLE",
            "ssh_clone_url": "git@github.com:valkyrjaio/ci-phparkitect-php.git",
            "svn_url": "https://github.com/valkyrjaio/ci-phparkitect-php",
            "template": [],
            "topics": [],
            "visibility": "public",
            "vulnerability_alerts": true,
            "web_commit_signoff_required": false
          },
          "sensitive_attributes": [],
          "private": "eyJzY2hlbWFfdmVyc2lvbiI6IjEifQ=="
        }
      ]
    },
    {
      "module": "module.repo[\"ci-phparkitect-php\"]",
      "mode": "managed",
      "type": "github_repository_ruleset",
      "name": "force_push_protection",
      "provider": "provider[\"registry.opentofu.org/integrations/github\"]",
      "instances": [
        {
          "schema_version": 1,
          "attributes": {
            "bypass_actors": [
              {
                "actor_id": 0,
                "actor_type": "OrganizationAdmin",
                "bypass_mode": "always"
              }
            ],
            "conditions": [
              {
                "ref_name": [
                  {
                    "exclude": [],
                    "include": [
                      "refs/heads/??.x"
                    ]
                  }
                ]
              }
            ],
            "enforcement": "active",
            "etag": "W/\"6db2371922a1aef6347580b302603cff082bb1769ee34e72f4f4eb112bac517f\"",
            "id": "15191256",
            "name": "Protect Against Force Pushes and Deletion",
            "node_id": "RRS_lACqUmVwb3NpdG9yec5IPDvyzgDnzNg",
            "repository": "ci-phparkitect-php",
            "rules": [
              {
                "branch_name_pattern": [],
                "commit_author_email_pattern": [],
                "commit_message_pattern": [],
                "committer_email_pattern": [],
                "copilot_code_review": [],
                "creation": false,
                "deletion": true,
                "file_extension_restriction": [],
                "file_path_restriction": [],
                "max_file_path_length": [],
                "max_file_size": [],
                "merge_queue": [],
                "non_fast_forward": true,
                "pull_request": [],
                "required_code_scanning": [],
                "required_deployments": [],
                "required_linear_history": false,
                "required_signatures": false,
                "required_status_checks": [],
                "tag_name_pattern": [],
                "update": false,
                "update_allows_fetch_and_merge": false
              }
            ],
            "ruleset_id": 15191256,
            "target": "branch"
          },
          "sensitive_attributes": [],
          "private": "eyJzY2hlbWFfdmVyc2lvbiI6IjEifQ==",
          "dependencies": [
            "module.repo.github_repository.this"
          ]
        }
      ]
    },
    {
      "module": "module.repo[\"ci-phparkitect-php\"]",
      "mode": "managed",
      "type": "github_repository_ruleset",
      "name": "protect_master",
      "provider": "provider[\"registry.opentofu.org/integrations/github\"]",
      "instances": [
        {
          "schema_version": 1,
          "attributes": {
            "bypass_actors": [],
            "conditions": [
              {
                "ref_name": [
                  {
                    "exclude": [],
                    "include": [
                      "refs/heads/master"
                    ]
                  }
                ]
              }
            ],
            "enforcement": "active",
            "etag": "W/\"6cff165b97d0d00d6146bbf7eac290850ae3f643f9048ca1599baaa7e405261e\"",
            "id": "15191257",
            "name": "Protect Master At All Times",
            "node_id": "RRS_lACqUmVwb3NpdG9yec5IPDvyzgDnzNk",
            "repository": "ci-phparkitect-php",
            "rules": [
              {
                "branch_name_pattern": [],
                "commit_author_email_pattern": [],
                "commit_message_pattern": [],
                "committer_email_pattern": [],
                "copilot_code_review": [],
                "creation": false,
                "deletion": true,
                "file_extension_restriction": [],
                "file_path_restriction": [],
                "max_file_path_length": [],
                "max_file_size": [],
                "merge_queue": [],
                "non_fast_forward": true,
                "pull_request": [],
                "required_code_scanning": [],
                "required_deployments": [],
                "required_linear_history": false,
                "required_signatures": false,
                "required_status_checks": [],
                "tag_name_pattern": [],
                "update": false,
                "update_allows_fetch_and_merge": false
              }
            ],
            "ruleset_id": 15191257,
            "target": "branch"
          },
          "sensitive_attributes": [],
          "private": "eyJzY2hlbWFfdmVyc2lvbiI6IjEifQ==",
          "dependencies": [
            "module.repo.github_repository.this"
          ]
        }
      ]
    },
    {
      "module": "module.repo[\"ci-phparkitect-php\"]",
      "mode": "managed",
      "type": "github_repository_ruleset",
      "name": "protect_release_tags",
      "provider": "provider[\"registry.opentofu.org/integrations/github\"]",
      "instances": [
        {
          "schema_version": 1,
          "attributes": {
            "bypass_actors": [
              {
                "actor_id": 0,
                "actor_type": "OrganizationAdmin",
                "bypass_mode": "always"
              }
            ],
            "conditions": [
              {
                "ref_name": [
                  {
                    "exclude": [],
                    "include": [
                      "refs/tags/*.*.*"
                    ]
                  }
                ]
              }
            ],
            "enforcement": "active",
            "etag": "W/\"053f2c7ab1374ce70b690a4122ea99368f88e019b57f4f0938e8c055ecf8af8f\"",
            "id": "15200850",
            "name": "Protect Release Tags",
            "node_id": "RRS_lACqUmVwb3NpdG9yec5IPDvyzgDn8lI",
            "repository": "ci-phparkitect-php",
            "rules": [
              {
                "branch_name_pattern": [],
                "commit_author_email_pattern": [],
                "commit_message_pattern": [],
                "committer_email_pattern": [],
                "copilot_code_review": [],
                "creation": false,
                "deletion": true,
                "file_extension_restriction": [],
                "file_path_restriction": [],
                "max_file_path_length": [],
                "max_file_size": [],
                "merge_queue": [],
                "non_fast_forward": true,
                "pull_request": [],
                "required_code_scanning": [],
                "required_deployments": [],
                "required_linear_history": false,
                "required_signatures": false,
                "required_status_checks": [],
                "tag_name_pattern": [],
                "update": false,
                "update_allows_fetch_and_merge": false
              }
            ],
            "ruleset_id": 15200850,
            "target": "tag"
          },
          "sensitive_attributes": [],
          "private": "eyJzY2hlbWFfdmVyc2lvbiI6IjEifQ==",
          "dependencies": [
            "module.repo.github_repository.this"
          ]
        }
      ]
    },
    {
      "module": "module.repo[\"ci-phparkitect-php\"]",
      "mode": "managed",
      "type": "github_repository_ruleset",
      "name": "require_pull_request",
      "provider": "provider[\"registry.opentofu.org/integrations/github\"]",
      "instances": [
        {
          "schema_version": 1,
          "attributes": {
            "bypass_actors": [
              {
                "actor_id": 0,
                "actor_type": "OrganizationAdmin",
                "bypass_mode": "always"
              },
              {
                "actor_id": 2462900,
                "actor_type": "Integration",
                "bypass_mode": "always"
              }
            ],
            "conditions": [
              {
                "ref_name": [
                  {
                    "exclude": [],
                    "include": [
                      "~DEFAULT_BRANCH",
                      "refs/heads/??.x",
                      "refs/heads/master"
                    ]
                  }
                ]
              }
            ],
            "enforcement": "active",
            "etag": "W/\"67e60754b420c1493aaece24f1283c6189698c4f22b58c02ba9f6c93a46b6e20\"",
            "id": "15191261",
            "name": "Require Pull Request",
            "node_id": "RRS_lACqUmVwb3NpdG9yec5IPDvyzgDnzN0",
            "repository": "ci-phparkitect-php",
            "rules": [
              {
                "branch_name_pattern": [],
                "commit_author_email_pattern": [],
                "commit_message_pattern": [],
                "committer_email_pattern": [],
                "copilot_code_review": [],
                "creation": false,
                "deletion": false,
                "file_extension_restriction": [],
                "file_path_restriction": [],
                "max_file_path_length": [],
                "max_file_size": [],
                "merge_queue": [],
                "non_fast_forward": false,
                "pull_request": [
                  {
                    "allowed_merge_methods": [
                      "squash"
                    ],
                    "dismiss_stale_reviews_on_push": false,
                    "require_code_owner_review": true,
                    "require_last_push_approval": false,
                    "required_approving_review_count": 0,
                    "required_review_thread_resolution": false,
                    "required_reviewers": []
                  }
                ],
                "required_code_scanning": [],
                "required_deployments": [],
                "required_linear_history": false,
                "required_signatures": false,
                "required_status_checks": [],
                "tag_name_pattern": [],
                "update": false,
                "update_allows_fetch_and_merge": false
              }
            ],
            "ruleset_id": 15191261,
            "target": "branch"
          },
          "sensitive_attributes": [],
          "private": "eyJzY2hlbWFfdmVyc2lvbiI6IjEifQ==",
          "dependencies": [
            "github_team.approvers",
            "module.repo.github_repository.this"
          ]
        }
      ]
    },
    {
      "module": "module.repo[\"ci-phparkitect-php\"]",
      "mode": "managed",
      "type": "github_repository_ruleset",
      "name": "required_default_checks",
      "provider": "provider[\"registry.opentofu.org/integrations/github\"]",
      "instances": [
        {
          "schema_version": 1,
          "attributes": {
            "bypass_actors": [
              {
                "actor_id": 0,
                "actor_type": "OrganizationAdmin",
                "bypass_mode": "always"
              },
              {
                "actor_id": 2462900,
                "actor_type": "Integration",
                "bypass_mode": "always"
              }
            ],
            "conditions": [
              {
                "ref_name": [
                  {
                    "exclude": [],
                    "include": [
                      "~DEFAULT_BRANCH",
                      "refs/heads/??.x"
                    ]
                  }
                ]
              }
            ],
            "enforcement": "active",
            "etag": "W/\"e7e32c08640d569e0c362b7605e50caffee6483e8eea46717c26199cf502227e\"",
            "id": "15273977",
            "name": "Required Default PR Checks",
            "node_id": "RRS_lACqUmVwb3NpdG9yec5IPDvyzgDpD_k",
            "repository": "ci-phparkitect-php",
            "rules": [
              {
                "branch_name_pattern": [],
                "commit_author_email_pattern": [],
                "commit_message_pattern": [],
                "committer_email_pattern": [],
                "copilot_code_review": [],
                "creation": false,
                "deletion": false,
                "file_extension_restriction": [],
                "file_path_restriction": [],
                "max_file_path_length": [],
                "max_file_size": [],
                "merge_queue": [],
                "non_fast_forward": false,
                "pull_request": [],
                "required_code_scanning": [],
                "required_deployments": [],
                "required_linear_history": false,
                "required_signatures": false,
                "required_status_checks": [
                  {
                    "do_not_enforce_on_create": false,
                    "required_check": [
                      {
                        "context": "Commit Message Check / Check Commit Message",
                        "integration_id": 15368
                      },
                      {
                        "context": "Copyright Header Check / Check Copyright Header",
                        "integration_id": 15368
                      },
                      {
                        "context": "Markdown Check / Check Markdown",
                        "integration_id": 15368
                      },
                      {
                        "context": "Trailing Newline Check / Check Trailing Newline",
                        "integration_id": 15368
                      }
                    ],
                    "strict_required_status_checks_policy": false
                  }
                ],
                "tag_name_pattern": [],
                "update": false,
                "update_allows_fetch_and_merge": false
              }
            ],
            "ruleset_id": 15273977,
            "target": "branch"
          },
          "sensitive_attributes": [],
          "private": "eyJzY2hlbWFfdmVyc2lvbiI6IjEifQ==",
          "dependencies": [
            "module.repo.github_repository.this"
          ]
        }
      ]
    },
    {
      "module": "module.repo[\"ci-phparkitect-php\"]",
      "mode": "managed",
      "type": "github_repository_ruleset",
      "name": "required_language_checks",
      "provider": "provider[\"registry.opentofu.org/integrations/github\"]",
      "instances": [
        {
          "index_key": 0,
          "schema_version": 1,
          "attributes": {
            "bypass_actors": [
              {
                "actor_id": 0,
                "actor_type": "OrganizationAdmin",
                "bypass_mode": "always"
              },
              {
                "actor_id": 2462900,
                "actor_type": "Integration",
                "bypass_mode": "always"
              }
            ],
            "conditions": [
              {
                "ref_name": [
                  {
                    "exclude": [],
                    "include": [
                      "~DEFAULT_BRANCH",
                      "refs/heads/??.x"
                    ]
                  }
                ]
              }
            ],
            "enforcement": "active",
            "etag": "W/\"bda66867744e2c52771469b75947c72a47380e7838233916b32dcc595de7e60e\"",
            "id": "15273978",
            "name": "Required PHP PR Checks",
            "node_id": "RRS_lACqUmVwb3NpdG9yec5IPDvyzgDpD_o",
            "repository": "ci-phparkitect-php",
            "rules": [
              {
                "branch_name_pattern": [],
                "commit_author_email_pattern": [],
                "commit_message_pattern": [],
                "committer_email_pattern": [],
                "copilot_code_review": [],
                "creation": false,
                "deletion": false,
                "file_extension_restriction": [],
                "file_path_restriction": [],
                "max_file_path_length": [],
                "max_file_size": [],
                "merge_queue": [],
                "non_fast_forward": false,
                "pull_request": [],
                "required_code_scanning": [],
                "required_deployments": [],
                "required_linear_history": false,
                "required_signatures": false,
                "required_status_checks": [
                  {
                    "do_not_enforce_on_create": false,
                    "required_check": [
                      {
                        "context": "Tools / PHP CS Fixer / PHP 8.4",
                        "integration_id": 15368
                      },
                      {
                        "context": "Tools / PHP Code Sniffer / PHP 8.4",
                        "integration_id": 15368
                      },
                      {
                        "context": "Tools / PHPArkitect / PHP 8.4",
                        "integration_id": 15368
                      },
                      {
                        "context": "Tools / PHPStan / PHP 8.4",
                        "integration_id": 15368
                      },
                      {
                        "context": "Tools / PHPUnit / PHP 8.4",
                        "integration_id": 15368
                      },
                      {
                        "context": "Tools / PHPUnit / PHP 8.5",
                        "integration_id": 15368
                      },
                      {
                        "context": "Tools / PHPUnit / PHP 8.6",
                        "integration_id": 15368
                      },
                      {
                        "context": "Tools / Psalm / PHP 8.4",
                        "integration_id": 15368
                      },
                      {
                        "context": "Tools / Rector / PHP 8.4",
                        "integration_id": 15368
                      }
                    ],
                    "strict_required_status_checks_policy": false
                  }
                ],
                "tag_name_pattern": [],
                "update": false,
                "update_allows_fetch_and_merge": false
              }
            ],
            "ruleset_id": 15273978,
            "target": "branch"
          },
          "sensitive_attributes": [],
          "private": "eyJzY2hlbWFfdmVyc2lvbiI6IjEifQ==",
          "dependencies": [
            "module.repo.github_repository.this"
          ]
        }
      ]
    },
    {
      "module": "module.repo[\"ci-phparkitect-php\"]",
      "mode": "managed",
      "type": "github_repository_ruleset",
      "name": "restrict_unsupported_branches",
      "provider": "provider[\"registry.opentofu.org/integrations/github\"]",
      "instances": [
        {
          "schema_version": 1,
          "attributes": {
            "bypass_actors": [
              {
                "actor_id": 2462900,
                "actor_type": "Integration",
                "bypass_mode": "always"
              }
            ],
            "conditions": [
              {
                "ref_name": [
                  {
                    "exclude": [],
                    "include": [
                      "refs/heads/??.x-backup",
                      "refs/heads/master-backup"
                    ]
                  }
                ]
              }
            ],
            "enforcement": "active",
            "etag": "W/\"538532722d2bc189c8d197567802792a6de3f95f55ba04b5fb1ee26b503a3bdb\"",
            "id": "15191264",
            "name": "Restrict Changes to Unsupported Branches",
            "node_id": "RRS_lACqUmVwb3NpdG9yec5IPDvyzgDnzOA",
            "repository": "ci-phparkitect-php",
            "rules": [
              {
                "branch_name_pattern": [],
                "commit_author_email_pattern": [],
                "commit_message_pattern": [],
                "committer_email_pattern": [],
                "copilot_code_review": [],
                "creation": true,
                "deletion": true,
                "file_extension_restriction": [],
                "file_path_restriction": [],
                "max_file_path_length": [],
                "max_file_size": [],
                "merge_queue": [],
                "non_fast_forward": true,
                "pull_request": [],
                "required_code_scanning": [],
                "required_deployments": [],
                "required_linear_history": false,
                "required_signatures": false,
                "required_status_checks": [],
                "tag_name_pattern": [],
                "update": true,
                "update_allows_fetch_and_merge": false
              }
            ],
            "ruleset_id": 15191264,
            "target": "branch"
          },
          "sensitive_attributes": [],
          "private": "eyJzY2hlbWFfdmVyc2lvbiI6IjEifQ==",
          "dependencies": [
            "module.repo.github_repository.this"
          ]
        }
      ]
    },
    {
      "module": "module.repo[\"ci-phparkitect-php\"]",
      "mode": "managed",
      "type": "github_repository_vulnerability_alerts",
      "name": "this",
      "provider": "provider[\"registry.opentofu.org/integrations/github\"]",
      "instances": [
        {
          "schema_version": 0,
          "attributes": {
            "enabled": true,
            "id": "1211907058",
            "repository": "ci-phparkitect-php",
            "repository_id": 1211907058
          },
          "sensitive_attributes": [],
          "private": "eyJzY2hlbWFfdmVyc2lvbiI6IjAifQ==",
          "dependencies": [
            "module.repo.github_repository.this"
          ]
        }
      ]
    },
    {
      "module": "module.repo[\"ci-phparkitect-php\"]",
      "mode": "managed",
      "type": "github_team_repository",
      "name": "approvers",
      "provider": "provider[\"registry.opentofu.org/integrations/github\"]",
      "instances": [
        {
          "index_key": 0,
          "schema_version": 0,
          "attributes": {
            "etag": "W/\"c4e67889040d3fad77129de5a5f7d7ba2b2b6adcc2821c52579b7d818e25a944\"",
            "id": "18867552:ci-phparkitect-php",
            "permission": "push",
            "repository": "ci-phparkitect-php",
            "team_id": "approvers"
          },
          "sensitive_attributes": [],
          "private": "bnVsbA==",
          "dependencies": [
            "module.repo.github_repository.this"
          ]
        }
      ]
    },
    {
      "module": "module.repo[\"ci-phpcodesniffer-php\"]",
      "mode": "managed",
      "type": "github_issue_label",
      "name": "claude_review",
      "provider": "provider[\"registry.opentofu.org/integrations/github\"]",
      "instances": [
        {
          "schema_version": 0,
          "attributes": {
            "color": "5319e7",
            "description": "Ask Claude to review this pull request",
            "etag": "W/\"e93cff7012195465bc2be9e39925a87591a3f8cfa14ca5db36205d10c780b9e8\"",
            "id": "ci-phpcodesniffer-php:claude-review",
            "name": "claude-review",
            "repository": "ci-phpcodesniffer-php",
            "url": "https://api.github.com/repos/valkyrjaio/ci-phpcodesniffer-php/labels/claude-review"
          },
          "sensitive_attributes": [],
          "private": "eyJzY2hlbWFfdmVyc2lvbiI6IjAifQ==",
          "dependencies": [
            "module.repo.github_repository.this"
          ]
        }
      ]
    },
    {
      "module": "module.repo[\"ci-phpcodesniffer-php\"]",
      "mode": "managed",
      "type": "github_repository",
      "name": "this",
      "provider": "provider[\"registry.opentofu.org/integrations/github\"]",
      "instances": [
        {
          "schema_version": 1,
          "attributes": {
            "allow_auto_merge": false,
            "allow_forking": true,
            "allow_merge_commit": false,
            "allow_rebase_merge": false,
            "allow_squash_merge": true,
            "allow_update_branch": false,
            "archive_on_destroy": null,
            "archived": false,
            "auto_init": false,
            "default_branch": "26.x",
            "delete_branch_on_merge": true,
            "description": "Shared PHPCodeSniffer configuration for Valkyrja PHP projects",
            "etag": "W/\"b10932c6f95f600d6d096668be9354efb83ac3c4da638098caa9d4fb5a6b2fa3\"",
            "fork": "false",
            "full_name": "valkyrjaio/ci-phpcodesniffer-php",
            "git_clone_url": "git://github.com/valkyrjaio/ci-phpcodesniffer-php.git",
            "gitignore_template": null,
            "has_discussions": false,
            "has_downloads": false,
            "has_issues": true,
            "has_projects": false,
            "has_wiki": false,
            "homepage_url": "",
            "html_url": "https://github.com/valkyrjaio/ci-phpcodesniffer-php",
            "http_clone_url": "https://github.com/valkyrjaio/ci-phpcodesniffer-php.git",
            "id": "ci-phpcodesniffer-php",
            "ignore_vulnerability_alerts_during_read": null,
            "is_template": false,
            "license_template": null,
            "merge_commit_message": "PR_TITLE",
            "merge_commit_title": "MERGE_MESSAGE",
            "name": "ci-phpcodesniffer-php",
            "node_id": "R_kgDOSD2NhQ",
            "pages": [],
            "primary_language": "PHP",
            "private": false,
            "repo_id": 1211993477,
            "security_and_analysis": [
              {
                "advanced_security": [],
                "code_security": [],
                "secret_scanning": [
                  {
                    "status": "disabled"
                  }
                ],
                "secret_scanning_ai_detection": [],
                "secret_scanning_non_provider_patterns": [],
                "secret_scanning_push_protection": [
                  {
                    "status": "disabled"
                  }
                ]
              }
            ],
            "source_owner": "",
            "source_repo": "",
            "squash_merge_commit_message": "PR_BODY",
            "squash_merge_commit_title": "PR_TITLE",
            "ssh_clone_url": "git@github.com:valkyrjaio/ci-phpcodesniffer-php.git",
            "svn_url": "https://github.com/valkyrjaio/ci-phpcodesniffer-php",
            "template": [],
            "topics": [],
            "visibility": "public",
            "vulnerability_alerts": true,
            "web_commit_signoff_required": false
          },
          "sensitive_attributes": [],
          "private": "eyJzY2hlbWFfdmVyc2lvbiI6IjEifQ=="
        }
      ]
    },
    {
      "module": "module.repo[\"ci-phpcodesniffer-php\"]",
      "mode": "managed",
      "type": "github_repository_ruleset",
      "name": "force_push_protection",
      "provider": "provider[\"registry.opentofu.org/integrations/github\"]",
      "instances": [
        {
          "schema_version": 1,
          "attributes": {
            "bypass_actors": [
              {
                "actor_id": 0,
                "actor_type": "OrganizationAdmin",
                "bypass_mode": "always"
              }
            ],
            "conditions": [
              {
                "ref_name": [
                  {
                    "exclude": [],
                    "include": [
                      "refs/heads/??.x"
                    ]
                  }
                ]
              }
            ],
            "enforcement": "active",
            "etag": "W/\"915c2e447372c617e639220f9364dbb3c23a8ff508a064aad0fd0c5078a60ae0\"",
            "id": "15191299",
            "name": "Protect Against Force Pushes and Deletion",
            "node_id": "RRS_lACqUmVwb3NpdG9yec5IPY2FzgDnzQM",
            "repository": "ci-phpcodesniffer-php",
            "rules": [
              {
                "branch_name_pattern": [],
                "commit_author_email_pattern": [],
                "commit_message_pattern": [],
                "committer_email_pattern": [],
                "copilot_code_review": [],
                "creation": false,
                "deletion": true,
                "file_extension_restriction": [],
                "file_path_restriction": [],
                "max_file_path_length": [],
                "max_file_size": [],
                "merge_queue": [],
                "non_fast_forward": true,
                "pull_request": [],
                "required_code_scanning": [],
                "required_deployments": [],
                "required_linear_history": false,
                "required_signatures": false,
                "required_status_checks": [],
                "tag_name_pattern": [],
                "update": false,
                "update_allows_fetch_and_merge": false
              }
            ],
            "ruleset_id": 15191299,
            "target": "branch"
          },
          "sensitive_attributes": [],
          "private": "eyJzY2hlbWFfdmVyc2lvbiI6IjEifQ==",
          "dependencies": [
            "module.repo.github_repository.this"
          ]
        }
      ]
    },
    {
      "module": "module.repo[\"ci-phpcodesniffer-php\"]",
      "mode": "managed",
      "type": "github_repository_ruleset",
      "name": "protect_master",
      "provider": "provider[\"registry.opentofu.org/integrations/github\"]",
      "instances": [
        {
          "schema_version": 1,
          "attributes": {
            "bypass_actors": [],
            "conditions": [
              {
                "ref_name": [
                  {
                    "exclude": [],
                    "include": [
                      "refs/heads/master"
                    ]
                  }
                ]
              }
            ],
            "enforcement": "active",
            "etag": "W/\"e87f8eee5183c429834f58eb15874901f5639f54196b3755c9668b1b932610a5\"",
            "id": "15191301",
            "name": "Protect Master At All Times",
            "node_id": "RRS_lACqUmVwb3NpdG9yec5IPY2FzgDnzQU",
            "repository": "ci-phpcodesniffer-php",
            "rules": [
              {
                "branch_name_pattern": [],
                "commit_author_email_pattern": [],
                "commit_message_pattern": [],
                "committer_email_pattern": [],
                "copilot_code_review": [],
                "creation": false,
                "deletion": true,
                "file_extension_restriction": [],
                "file_path_restriction": [],
                "max_file_path_length": [],
                "max_file_size": [],
                "merge_queue": [],
                "non_fast_forward": true,
                "pull_request": [],
                "required_code_scanning": [],
                "required_deployments": [],
                "required_linear_history": false,
                "required_signatures": false,
                "required_status_checks": [],
                "tag_name_pattern": [],
                "update": false,
                "update_allows_fetch_and_merge": false
              }
            ],
            "ruleset_id": 15191301,
            "target": "branch"
          },
          "sensitive_attributes": [],
          "private": "eyJzY2hlbWFfdmVyc2lvbiI6IjEifQ==",
          "dependencies": [
            "module.repo.github_repository.this"
          ]
        }
      ]
    },
    {
      "module": "module.repo[\"ci-phpcodesniffer-php\"]",
      "mode": "managed",
      "type": "github_repository_ruleset",
      "name": "protect_release_tags",
      "provider": "provider[\"registry.opentofu.org/integrations/github\"]",
      "instances": [
        {
          "schema_version": 1,
          "attributes": {
            "bypass_actors": [
              {
                "actor_id": 0,
                "actor_type": "OrganizationAdmin",
                "bypass_mode": "always"
              }
            ],
            "conditions": [
              {
                "ref_name": [
                  {
                    "exclude": [],
                    "include": [
                      "refs/tags/*.*.*"
                    ]
                  }
                ]
              }
            ],
            "enforcement": "active",
            "etag": "W/\"e3a5d8f6d954d2520addcac7a693b8bbe1026f2476d578c1635760a7a1a6fd7b\"",
            "id": "15200848",
            "name": "Protect Release Tags",
            "node_id": "RRS_lACqUmVwb3NpdG9yec5IPY2FzgDn8lA",
            "repository": "ci-phpcodesniffer-php",
            "rules": [
              {
                "branch_name_pattern": [],
                "commit_author_email_pattern": [],
                "commit_message_pattern": [],
                "committer_email_pattern": [],
                "copilot_code_review": [],
                "creation": false,
                "deletion": true,
                "file_extension_restriction": [],
                "file_path_restriction": [],
                "max_file_path_length": [],
                "max_file_size": [],
                "merge_queue": [],
                "non_fast_forward": true,
                "pull_request": [],
                "required_code_scanning": [],
                "required_deployments": [],
                "required_linear_history": false,
                "required_signatures": false,
                "required_status_checks": [],
                "tag_name_pattern": [],
                "update": false,
                "update_allows_fetch_and_merge": false
              }
            ],
            "ruleset_id": 15200848,
            "target": "tag"
          },
          "sensitive_attributes": [],
          "private": "eyJzY2hlbWFfdmVyc2lvbiI6IjEifQ==",
          "dependencies": [
            "module.repo.github_repository.this"
          ]
        }
      ]
    },
    {
      "module": "module.repo[\"ci-phpcodesniffer-php\"]",
      "mode": "managed",
      "type": "github_repository_ruleset",
      "name": "require_pull_request",
      "provider": "provider[\"registry.opentofu.org/integrations/github\"]",
      "instances": [
        {
          "schema_version": 1,
          "attributes": {
            "bypass_actors": [
              {
                "actor_id": 0,
                "actor_type": "OrganizationAdmin",
                "bypass_mode": "always"
              },
              {
                "actor_id": 2462900,
                "actor_type": "Integration",
                "bypass_mode": "always"
              }
            ],
            "conditions": [
              {
                "ref_name": [
                  {
                    "exclude": [],
                    "include": [
                      "~DEFAULT_BRANCH",
                      "refs/heads/??.x",
                      "refs/heads/master"
                    ]
                  }
                ]
              }
            ],
            "enforcement": "active",
            "etag": "W/\"9915d95575fd7c2f7504890973eae8659abf782587e8e595d7f489bcd02845be\"",
            "id": "15191305",
            "name": "Require Pull Request",
            "node_id": "RRS_lACqUmVwb3NpdG9yec5IPY2FzgDnzQk",
            "repository": "ci-phpcodesniffer-php",
            "rules": [
              {
                "branch_name_pattern": [],
                "commit_author_email_pattern": [],
                "commit_message_pattern": [],
                "committer_email_pattern": [],
                "copilot_code_review": [],
                "creation": false,
                "deletion": false,
                "file_extension_restriction": [],
                "file_path_restriction": [],
                "max_file_path_length": [],
                "max_file_size": [],
                "merge_queue": [],
                "non_fast_forward": false,
                "pull_request": [
                  {
                    "allowed_merge_methods": [
                      "squash"
                    ],
                    "dismiss_stale_reviews_on_push": false,
                    "require_code_owner_review": true,
                    "require_last_push_approval": false,
                    "required_approving_review_count": 0,
                    "required_review_thread_resolution": false,
                    "required_reviewers": []
                  }
                ],
                "required_code_scanning": [],
                "required_deployments": [],
                "required_linear_history": false,
                "required_signatures": false,
                "required_status_checks": [],
                "tag_name_pattern": [],
                "update": false,
                "update_allows_fetch_and_merge": false
              }
            ],
            "ruleset_id": 15191305,
            "target": "branch"
          },
          "sensitive_attributes": [],
          "private": "eyJzY2hlbWFfdmVyc2lvbiI6IjEifQ==",
          "dependencies": [
            "github_team.approvers",
            "module.repo.github_repository.this"
          ]
        }
      ]
    },
    {
      "module": "module.repo[\"ci-phpcodesniffer-php\"]",
      "mode": "managed",
      "type": "github_repository_ruleset",
      "name": "required_default_checks",
      "provider": "provider[\"registry.opentofu.org/integrations/github\"]",
      "instances": [
        {
          "schema_version": 1,
          "attributes": {
            "bypass_actors": [
              {
                "actor_id": 0,
                "actor_type": "OrganizationAdmin",
                "bypass_mode": "always"
              },
              {
                "actor_id": 2462900,
                "actor_type": "Integration",
                "bypass_mode": "always"
              }
            ],
            "conditions": [
              {
                "ref_name": [
                  {
                    "exclude": [],
                    "include": [
                      "~DEFAULT_BRANCH",
                      "refs/heads/??.x"
                    ]
                  }
                ]
              }
            ],
            "enforcement": "active",
            "etag": "W/\"7f6a132d6c225ed711bb786f53865df3d5332fd6ad9372c1f1bc3cdb61e0c861\"",
            "id": "15273979",
            "name": "Required Default PR Checks",
            "node_id": "RRS_lACqUmVwb3NpdG9yec5IPY2FzgDpD_s",
            "repository": "ci-phpcodesniffer-php",
            "rules": [
              {
                "branch_name_pattern": [],
                "commit_author_email_pattern": [],
                "commit_message_pattern": [],
                "committer_email_pattern": [],
                "copilot_code_review": [],
                "creation": false,
                "deletion": false,
                "file_extension_restriction": [],
                "file_path_restriction": [],
                "max_file_path_length": [],
                "max_file_size": [],
                "merge_queue": [],
                "non_fast_forward": false,
                "pull_request": [],
                "required_code_scanning": [],
                "required_deployments": [],
                "required_linear_history": false,
                "required_signatures": false,
                "required_status_checks": [
                  {
                    "do_not_enforce_on_create": false,
                    "required_check": [
                      {
                        "context": "Commit Message Check / Check Commit Message",
                        "integration_id": 15368
                      },
                      {
                        "context": "Copyright Header Check / Check Copyright Header",
                        "integration_id": 15368
                      },
                      {
                        "context": "Markdown Check / Check Markdown",
                        "integration_id": 15368
                      },
                      {
                        "context": "Trailing Newline Check / Check Trailing Newline",
                        "integration_id": 15368
                      }
                    ],
                    "strict_required_status_checks_policy": false
                  }
                ],
                "tag_name_pattern": [],
                "update": false,
                "update_allows_fetch_and_merge": false
              }
            ],
            "ruleset_id": 15273979,
            "target": "branch"
          },
          "sensitive_attributes": [],
          "private": "eyJzY2hlbWFfdmVyc2lvbiI6IjEifQ==",
          "dependencies": [
            "module.repo.github_repository.this"
          ]
        }
      ]
    },
    {
      "module": "module.repo[\"ci-phpcodesniffer-php\"]",
      "mode": "managed",
      "type": "github_repository_ruleset",
      "name": "required_language_checks",
      "provider": "provider[\"registry.opentofu.org/integrations/github\"]",
      "instances": [
        {
          "index_key": 0,
          "schema_version": 1,
          "attributes": {
            "bypass_actors": [
              {
                "actor_id": 0,
                "actor_type": "OrganizationAdmin",
                "bypass_mode": "always"
              },
              {
                "actor_id": 2462900,
                "actor_type": "Integration",
                "bypass_mode": "always"
              }
            ],
            "conditions": [
              {
                "ref_name": [
                  {
                    "exclude": [],
                    "include": [
                      "~DEFAULT_BRANCH",
                      "refs/heads/??.x"
                    ]
                  }
                ]
              }
            ],
            "enforcement": "active",
            "etag": "W/\"f92a985ea71ca737af90cc0a7b1128f7d0c0c56ef7fbcfd739b729fe30b798c6\"",
            "id": "15273980",
            "name": "Required PHP PR Checks",
            "node_id": "RRS_lACqUmVwb3NpdG9yec5IPY2FzgDpD_w",
            "repository": "ci-phpcodesniffer-php",
            "rules": [
              {
                "branch_name_pattern": [],
                "commit_author_email_pattern": [],
                "commit_message_pattern": [],
                "committer_email_pattern": [],
                "copilot_code_review": [],
                "creation": false,
                "deletion": false,
                "file_extension_restriction": [],
                "file_path_restriction": [],
                "max_file_path_length": [],
                "max_file_size": [],
                "merge_queue": [],
                "non_fast_forward": false,
                "pull_request": [],
                "required_code_scanning": [],
                "required_deployments": [],
                "required_linear_history": false,
                "required_signatures": false,
                "required_status_checks": [
                  {
                    "do_not_enforce_on_create": false,
                    "required_check": [
                      {
                        "context": "Tools / PHP CS Fixer / PHP 8.4",
                        "integration_id": 15368
                      },
                      {
                        "context": "Tools / PHP Code Sniffer / PHP 8.4",
                        "integration_id": 15368
                      },
                      {
                        "context": "Tools / PHPArkitect / PHP 8.4",
                        "integration_id": 15368
                      },
                      {
                        "context": "Tools / PHPStan / PHP 8.4",
                        "integration_id": 15368
                      },
                      {
                        "context": "Tools / PHPUnit / PHP 8.4",
                        "integration_id": 15368
                      },
                      {
                        "context": "Tools / PHPUnit / PHP 8.5",
                        "integration_id": 15368
                      },
                      {
                        "context": "Tools / PHPUnit / PHP 8.6",
                        "integration_id": 15368
                      },
                      {
                        "context": "Tools / Psalm / PHP 8.4",
                        "integration_id": 15368
                      },
                      {
                        "context": "Tools / Rector / PHP 8.4",
                        "integration_id": 15368
                      }
                    ],
                    "strict_required_status_checks_policy": false
                  }
                ],
                "tag_name_pattern": [],
                "update": false,
                "update_allows_fetch_and_merge": false
              }
            ],
            "ruleset_id": 15273980,
            "target": "branch"
          },
          "sensitive_attributes": [],
          "private": "eyJzY2hlbWFfdmVyc2lvbiI6IjEifQ==",
          "dependencies": [
            "module.repo.github_repository.this"
          ]
        }
      ]
    },
    {
      "module": "module.repo[\"ci-phpcodesniffer-php\"]",
      "mode": "managed",
      "type": "github_repository_ruleset",
      "name": "restrict_unsupported_branches",
      "provider": "provider[\"registry.opentofu.org/integrations/github\"]",
      "instances": [
        {
          "schema_version": 1,
          "attributes": {
            "bypass_actors": [
              {
                "actor_id": 2462900,
                "actor_type": "Integration",
                "bypass_mode": "always"
              }
            ],
            "conditions": [
              {
                "ref_name": [
                  {
                    "exclude": [],
                    "include": [
                      "refs/heads/??.x-backup",
                      "refs/heads/master-backup"
                    ]
                  }
                ]
              }
            ],
            "enforcement": "active",
            "etag": "W/\"e6689fe6aef3fd01e68e3f6364e17450db85dacdfbc9b46af291a507bcaa461b\"",
            "id": "15191307",
            "name": "Restrict Changes to Unsupported Branches",
            "node_id": "RRS_lACqUmVwb3NpdG9yec5IPY2FzgDnzQs",
            "repository": "ci-phpcodesniffer-php",
            "rules": [
              {
                "branch_name_pattern": [],
                "commit_author_email_pattern": [],
                "commit_message_pattern": [],
                "committer_email_pattern": [],
                "copilot_code_review": [],
                "creation": true,
                "deletion": true,
                "file_extension_restriction": [],
                "file_path_restriction": [],
                "max_file_path_length": [],
                "max_file_size": [],
                "merge_queue": [],
                "non_fast_forward": true,
                "pull_request": [],
                "required_code_scanning": [],
                "required_deployments": [],
                "required_linear_history": false,
                "required_signatures": false,
                "required_status_checks": [],
                "tag_name_pattern": [],
                "update": true,
                "update_allows_fetch_and_merge": false
              }
            ],
            "ruleset_id": 15191307,
            "target": "branch"
          },
          "sensitive_attributes": [],
          "private": "eyJzY2hlbWFfdmVyc2lvbiI6IjEifQ==",
          "dependencies": [
            "module.repo.github_repository.this"
          ]
        }
      ]
    },
    {
      "module": "module.repo[\"ci-phpcodesniffer-php\"]",
      "mode": "managed",
      "type": "github_repository_vulnerability_alerts",
      "name": "this",
      "provider": "provider[\"registry.opentofu.org/integrations/github\"]",
      "instances": [
        {
          "schema_version": 0,
          "attributes": {
            "enabled": true,
            "id": "1211993477",
            "repository": "ci-phpcodesniffer-php",
            "repository_id": 1211993477
          },
          "sensitive_attributes": [],
          "private": "eyJzY2hlbWFfdmVyc2lvbiI6IjAifQ==",
          "dependencies": [
            "module.repo.github_repository.this"
          ]
        }
      ]
    },
    {
      "module": "module.repo[\"ci-phpcodesniffer-php\"]",
      "mode": "managed",
      "type": "github_team_repository",
      "name": "approvers",
      "provider": "provider[\"registry.opentofu.org/integrations/github\"]",
      "instances": [
        {
          "index_key": 0,
          "schema_version": 0,
          "attributes": {
            "etag": "W/\"3e8fcd12aea511f973a0f441ed921af2bddaad92ff1353caa236c88638d5fe45\"",
            "id": "18867552:ci-phpcodesniffer-php",
            "permission": "push",
            "repository": "ci-phpcodesniffer-php",
            "team_id": "approvers"
          },
          "sensitive_attributes": [],
          "private": "bnVsbA==",
          "dependencies": [
            "module.repo.github_repository.this"
          ]
        }
      ]
    },
    {
      "module": "module.repo[\"ci-phpcsfixer-php\"]",
      "mode": "managed",
      "type": "github_issue_label",
      "name": "claude_review",
      "provider": "provider[\"registry.opentofu.org/integrations/github\"]",
      "instances": [
        {
          "schema_version": 0,
          "attributes": {
            "color": "5319e7",
            "description": "Ask Claude to review this pull request",
            "etag": "W/\"e94ed59584d700412747f29f3e9b95dc83cada563470e8e10c02e5925f1fac93\"",
            "id": "ci-phpcsfixer-php:claude-review",
            "name": "claude-review",
            "repository": "ci-phpcsfixer-php",
            "url": "https://api.github.com/repos/valkyrjaio/ci-phpcsfixer-php/labels/claude-review"
          },
          "sensitive_attributes": [],
          "private": "eyJzY2hlbWFfdmVyc2lvbiI6IjAifQ==",
          "dependencies": [
            "module.repo.github_repository.this"
          ]
        }
      ]
    },
    {
      "module": "module.repo[\"ci-phpcsfixer-php\"]",
      "mode": "managed",
      "type": "github_repository",
      "name": "this",
      "provider": "provider[\"registry.opentofu.org/integrations/github\"]",
      "instances": [
        {
          "schema_version": 1,
          "attributes": {
            "allow_auto_merge": false,
            "allow_forking": true,
            "allow_merge_commit": false,
            "allow_rebase_merge": false,
            "allow_squash_merge": true,
            "allow_update_branch": false,
            "archive_on_destroy": null,
            "archived": false,
            "auto_init": false,
            "default_branch": "26.x",
            "delete_branch_on_merge": true,
            "description": "Shared PHP CS Fixer configuration for Valkyrja PHP projects",
            "etag": "W/\"aabf02e199e6d8962c85f83cbbc32422392c2d8589dd5eabd4267a1bcce087d7\"",
            "fork": "false",
            "full_name": "valkyrjaio/ci-phpcsfixer-php",
            "git_clone_url": "git://github.com/valkyrjaio/ci-phpcsfixer-php.git",
            "gitignore_template": null,
            "has_discussions": false,
            "has_downloads": false,
            "has_issues": true,
            "has_projects": false,
            "has_wiki": false,
            "homepage_url": "",
            "html_url": "https://github.com/valkyrjaio/ci-phpcsfixer-php",
            "http_clone_url": "https://github.com/valkyrjaio/ci-phpcsfixer-php.git",
            "id": "ci-phpcsfixer-php",
            "ignore_vulnerability_alerts_during_read": null,
            "is_template": false,
            "license_template": null,
            "merge_commit_message": "PR_TITLE",
            "merge_commit_title": "MERGE_MESSAGE",
            "name": "ci-phpcsfixer-php",
            "node_id": "R_kgDOSDx6gQ",
            "pages": [],
            "primary_language": "PHP",
            "private": false,
            "repo_id": 1211923073,
            "security_and_analysis": [
              {
                "advanced_security": [],
                "code_security": [],
                "secret_scanning": [
                  {
                    "status": "disabled"
                  }
                ],
                "secret_scanning_ai_detection": [],
                "secret_scanning_non_provider_patterns": [],
                "secret_scanning_push_protection": [
                  {
                    "status": "disabled"
                  }
                ]
              }
            ],
            "source_owner": "",
            "source_repo": "",
            "squash_merge_commit_message": "PR_BODY",
            "squash_merge_commit_title": "PR_TITLE",
            "ssh_clone_url": "git@github.com:valkyrjaio/ci-phpcsfixer-php.git",
            "svn_url": "https://github.com/valkyrjaio/ci-phpcsfixer-php",
            "template": [],
            "topics": [],
            "visibility": "public",
            "vulnerability_alerts": true,
            "web_commit_signoff_required": false
          },
          "sensitive_attributes": [],
          "private": "eyJzY2hlbWFfdmVyc2lvbiI6IjEifQ=="
        }
      ]
    },
    {
      "module": "module.repo[\"ci-phpcsfixer-php\"]",
      "mode": "managed",
      "type": "github_repository_ruleset",
      "name": "force_push_protection",
      "provider": "provider[\"registry.opentofu.org/integrations/github\"]",
      "instances": [
        {
          "schema_version": 1,
          "attributes": {
            "bypass_actors": [
              {
                "actor_id": 0,
                "actor_type": "OrganizationAdmin",
                "bypass_mode": "always"
              }
            ],
            "conditions": [
              {
                "ref_name": [
                  {
                    "exclude": [],
                    "include": [
                      "refs/heads/??.x"
                    ]
                  }
                ]
              }
            ],
            "enforcement": "active",
            "etag": "W/\"8f258311e8b8730a70a44dec927add6a8bcd57f77b54ebcee56995f866941407\"",
            "id": "15189593",
            "name": "Protect Against Force Pushes and Deletion",
            "node_id": "RRS_lACqUmVwb3NpdG9yec5IPHqBzgDnxlk",
            "repository": "ci-phpcsfixer-php",
            "rules": [
              {
                "branch_name_pattern": [],
                "commit_author_email_pattern": [],
                "commit_message_pattern": [],
                "committer_email_pattern": [],
                "copilot_code_review": [],
                "creation": false,
                "deletion": true,
                "file_extension_restriction": [],
                "file_path_restriction": [],
                "max_file_path_length": [],
                "max_file_size": [],
                "merge_queue": [],
                "non_fast_forward": true,
                "pull_request": [],
                "required_code_scanning": [],
                "required_deployments": [],
                "required_linear_history": false,
                "required_signatures": false,
                "required_status_checks": [],
                "tag_name_pattern": [],
                "update": false,
                "update_allows_fetch_and_merge": false
              }
            ],
            "ruleset_id": 15189593,
            "target": "branch"
          },
          "sensitive_attributes": [],
          "private": "eyJzY2hlbWFfdmVyc2lvbiI6IjEifQ==",
          "dependencies": [
            "module.repo.github_repository.this"
          ]
        }
      ]
    },
    {
      "module": "module.repo[\"ci-phpcsfixer-php\"]",
      "mode": "managed",
      "type": "github_repository_ruleset",
      "name": "protect_master",
      "provider": "provider[\"registry.opentofu.org/integrations/github\"]",
      "instances": [
        {
          "schema_version": 1,
          "attributes": {
            "bypass_actors": [],
            "conditions": [
              {
                "ref_name": [
                  {
                    "exclude": [],
                    "include": [
                      "refs/heads/master"
                    ]
                  }
                ]
              }
            ],
            "enforcement": "active",
            "etag": "W/\"c63d31bb257f58d3115d9c703a1f6e7f1adf72e4de6dff000bcd9f48c7cfd455\"",
            "id": "15189597",
            "name": "Protect Master At All Times",
            "node_id": "RRS_lACqUmVwb3NpdG9yec5IPHqBzgDnxl0",
            "repository": "ci-phpcsfixer-php",
            "rules": [
              {
                "branch_name_pattern": [],
                "commit_author_email_pattern": [],
                "commit_message_pattern": [],
                "committer_email_pattern": [],
                "copilot_code_review": [],
                "creation": false,
                "deletion": true,
                "file_extension_restriction": [],
                "file_path_restriction": [],
                "max_file_path_length": [],
                "max_file_size": [],
                "merge_queue": [],
                "non_fast_forward": true,
                "pull_request": [],
                "required_code_scanning": [],
                "required_deployments": [],
                "required_linear_history": false,
                "required_signatures": false,
                "required_status_checks": [],
                "tag_name_pattern": [],
                "update": false,
                "update_allows_fetch_and_merge": false
              }
            ],
            "ruleset_id": 15189597,
            "target": "branch"
          },
          "sensitive_attributes": [],
          "private": "eyJzY2hlbWFfdmVyc2lvbiI6IjEifQ==",
          "dependencies": [
            "module.repo.github_repository.this"
          ]
        }
      ]
    },
    {
      "module": "module.repo[\"ci-phpcsfixer-php\"]",
      "mode": "managed",
      "type": "github_repository_ruleset",
      "name": "protect_release_tags",
      "provider": "provider[\"registry.opentofu.org/integrations/github\"]",
      "instances": [
        {
          "schema_version": 1,
          "attributes": {
            "bypass_actors": [
              {
                "actor_id": 0,
                "actor_type": "OrganizationAdmin",
                "bypass_mode": "always"
              }
            ],
            "conditions": [
              {
                "ref_name": [
                  {
                    "exclude": [],
                    "include": [
                      "refs/tags/*.*.*"
                    ]
                  }
                ]
              }
            ],
            "enforcement": "active",
            "etag": "W/\"6afc5356ea2d8642f823adb16bd8c6b6778c2f88b891d5c68c81c0c55f8cf872\"",
            "id": "15200853",
            "name": "Protect Release Tags",
            "node_id": "RRS_lACqUmVwb3NpdG9yec5IPHqBzgDn8lU",
            "repository": "ci-phpcsfixer-php",
            "rules": [
              {
                "branch_name_pattern": [],
                "commit_author_email_pattern": [],
                "commit_message_pattern": [],
                "committer_email_pattern": [],
                "copilot_code_review": [],
                "creation": false,
                "deletion": true,
                "file_extension_restriction": [],
                "file_path_restriction": [],
                "max_file_path_length": [],
                "max_file_size": [],
                "merge_queue": [],
                "non_fast_forward": true,
                "pull_request": [],
                "required_code_scanning": [],
                "required_deployments": [],
                "required_linear_history": false,
                "required_signatures": false,
                "required_status_checks": [],
                "tag_name_pattern": [],
                "update": false,
                "update_allows_fetch_and_merge": false
              }
            ],
            "ruleset_id": 15200853,
            "target": "tag"
          },
          "sensitive_attributes": [],
          "private": "eyJzY2hlbWFfdmVyc2lvbiI6IjEifQ==",
          "dependencies": [
            "module.repo.github_repository.this"
          ]
        }
      ]
    },
    {
      "module": "module.repo[\"ci-phpcsfixer-php\"]",
      "mode": "managed",
      "type": "github_repository_ruleset",
      "name": "require_pull_request",
      "provider": "provider[\"registry.opentofu.org/integrations/github\"]",
      "instances": [
        {
          "schema_version": 1,
          "attributes": {
            "bypass_actors": [
              {
                "actor_id": 0,
                "actor_type": "OrganizationAdmin",
                "bypass_mode": "always"
              },
              {
                "actor_id": 2462900,
                "actor_type": "Integration",
                "bypass_mode": "always"
              }
            ],
            "conditions": [
              {
                "ref_name": [
                  {
                    "exclude": [],
                    "include": [
                      "~DEFAULT_BRANCH",
                      "refs/heads/??.x",
                      "refs/heads/master"
                    ]
                  }
                ]
              }
            ],
            "enforcement": "active",
            "etag": "W/\"4d898d191bf228663444a54792e1c26f8efc053c519750a375d82d1f71eef55e\"",
            "id": "15189599",
            "name": "Require Pull Request",
            "node_id": "RRS_lACqUmVwb3NpdG9yec5IPHqBzgDnxl8",
            "repository": "ci-phpcsfixer-php",
            "rules": [
              {
                "branch_name_pattern": [],
                "commit_author_email_pattern": [],
                "commit_message_pattern": [],
                "committer_email_pattern": [],
                "copilot_code_review": [],
                "creation": false,
                "deletion": false,
                "file_extension_restriction": [],
                "file_path_restriction": [],
                "max_file_path_length": [],
                "max_file_size": [],
                "merge_queue": [],
                "non_fast_forward": false,
                "pull_request": [
                  {
                    "allowed_merge_methods": [
                      "squash"
                    ],
                    "dismiss_stale_reviews_on_push": false,
                    "require_code_owner_review": true,
                    "require_last_push_approval": false,
                    "required_approving_review_count": 0,
                    "required_review_thread_resolution": false,
                    "required_reviewers": []
                  }
                ],
                "required_code_scanning": [],
                "required_deployments": [],
                "required_linear_history": false,
                "required_signatures": false,
                "required_status_checks": [],
                "tag_name_pattern": [],
                "update": false,
                "update_allows_fetch_and_merge": false
              }
            ],
            "ruleset_id": 15189599,
            "target": "branch"
          },
          "sensitive_attributes": [],
          "private": "eyJzY2hlbWFfdmVyc2lvbiI6IjEifQ==",
          "dependencies": [
            "github_team.approvers",
            "module.repo.github_repository.this"
          ]
        }
      ]
    },
    {
      "module": "module.repo[\"ci-phpcsfixer-php\"]",
      "mode": "managed",
      "type": "github_repository_ruleset",
      "name": "required_default_checks",
      "provider": "provider[\"registry.opentofu.org/integrations/github\"]",
      "instances": [
        {
          "schema_version": 1,
          "attributes": {
            "bypass_actors": [
              {
                "actor_id": 0,
                "actor_type": "OrganizationAdmin",
                "bypass_mode": "always"
              },
              {
                "actor_id": 2462900,
                "actor_type": "Integration",
                "bypass_mode": "always"
              }
            ],
            "conditions": [
              {
                "ref_name": [
                  {
                    "exclude": [],
                    "include": [
                      "~DEFAULT_BRANCH",
                      "refs/heads/??.x"
                    ]
                  }
                ]
              }
            ],
            "enforcement": "active",
            "etag": "W/\"3c4d47b8bbd53819c141353c7aead3bed4fe828675755d220d3f07bafff80748\"",
            "id": "15273981",
            "name": "Required Default PR Checks",
            "node_id": "RRS_lACqUmVwb3NpdG9yec5IPHqBzgDpD_0",
            "repository": "ci-phpcsfixer-php",
            "rules": [
              {
                "branch_name_pattern": [],
                "commit_author_email_pattern": [],
                "commit_message_pattern": [],
                "committer_email_pattern": [],
                "copilot_code_review": [],
                "creation": false,
                "deletion": false,
                "file_extension_restriction": [],
                "file_path_restriction": [],
                "max_file_path_length": [],
                "max_file_size": [],
                "merge_queue": [],
                "non_fast_forward": false,
                "pull_request": [],
                "required_code_scanning": [],
                "required_deployments": [],
                "required_linear_history": false,
                "required_signatures": false,
                "required_status_checks": [
                  {
                    "do_not_enforce_on_create": false,
                    "required_check": [
                      {
                        "context": "Commit Message Check / Check Commit Message",
                        "integration_id": 15368
                      },
                      {
                        "context": "Copyright Header Check / Check Copyright Header",
                        "integration_id": 15368
                      },
                      {
                        "context": "Markdown Check / Check Markdown",
                        "integration_id": 15368
                      },
                      {
                        "context": "Trailing Newline Check / Check Trailing Newline",
                        "integration_id": 15368
                      }
                    ],
                    "strict_required_status_checks_policy": false
                  }
                ],
                "tag_name_pattern": [],
                "update": false,
                "update_allows_fetch_and_merge": false
              }
            ],
            "ruleset_id": 15273981,
            "target": "branch"
          },
          "sensitive_attributes": [],
          "private": "eyJzY2hlbWFfdmVyc2lvbiI6IjEifQ==",
          "dependencies": [
            "module.repo.github_repository.this"
          ]
        }
      ]
    },
    {
      "module": "module.repo[\"ci-phpcsfixer-php\"]",
      "mode": "managed",
      "type": "github_repository_ruleset",
      "name": "required_language_checks",
      "provider": "provider[\"registry.opentofu.org/integrations/github\"]",
      "instances": [
        {
          "index_key": 0,
          "schema_version": 1,
          "attributes": {
            "bypass_actors": [
              {
                "actor_id": 0,
                "actor_type": "OrganizationAdmin",
                "bypass_mode": "always"
              },
              {
                "actor_id": 2462900,
                "actor_type": "Integration",
                "bypass_mode": "always"
              }
            ],
            "conditions": [
              {
                "ref_name": [
                  {
                    "exclude": [],
                    "include": [
                      "~DEFAULT_BRANCH",
                      "refs/heads/??.x"
                    ]
                  }
                ]
              }
            ],
            "enforcement": "active",
            "etag": "W/\"db503637c67bc9f42cde1df9f2dc38966e50f2eba8b54a0d66cb73ab98299703\"",
            "id": "15273982",
            "name": "Required PHP PR Checks",
            "node_id": "RRS_lACqUmVwb3NpdG9yec5IPHqBzgDpD_4",
            "repository": "ci-phpcsfixer-php",
            "rules": [
              {
                "branch_name_pattern": [],
                "commit_author_email_pattern": [],
                "commit_message_pattern": [],
                "committer_email_pattern": [],
                "copilot_code_review": [],
                "creation": false,
                "deletion": false,
                "file_extension_restriction": [],
                "file_path_restriction": [],
                "max_file_path_length": [],
                "max_file_size": [],
                "merge_queue": [],
                "non_fast_forward": false,
                "pull_request": [],
                "required_code_scanning": [],
                "required_deployments": [],
                "required_linear_history": false,
                "required_signatures": false,
                "required_status_checks": [
                  {
                    "do_not_enforce_on_create": false,
                    "required_check": [
                      {
                        "context": "Tools / PHP CS Fixer / PHP 8.4",
                        "integration_id": 15368
                      },
                      {
                        "context": "Tools / PHP Code Sniffer / PHP 8.4",
                        "integration_id": 15368
                      },
                      {
                        "context": "Tools / PHPArkitect / PHP 8.4",
                        "integration_id": 15368
                      },
                      {
                        "context": "Tools / PHPStan / PHP 8.4",
                        "integration_id": 15368
                      },
                      {
                        "context": "Tools / PHPUnit / PHP 8.4",
                        "integration_id": 15368
                      },
                      {
                        "context": "Tools / PHPUnit / PHP 8.5",
                        "integration_id": 15368
                      },
                      {
                        "context": "Tools / PHPUnit / PHP 8.6",
                        "integration_id": 15368
                      },
                      {
                        "context": "Tools / Psalm / PHP 8.4",
                        "integration_id": 15368
                      },
                      {
                        "context": "Tools / Rector / PHP 8.4",
                        "integration_id": 15368
                      }
                    ],
                    "strict_required_status_checks_policy": false
                  }
                ],
                "tag_name_pattern": [],
                "update": false,
                "update_allows_fetch_and_merge": false
              }
            ],
            "ruleset_id": 15273982,
            "target": "branch"
          },
          "sensitive_attributes": [],
          "private": "eyJzY2hlbWFfdmVyc2lvbiI6IjEifQ==",
          "dependencies": [
            "module.repo.github_repository.this"
          ]
        }
      ]
    },
    {
      "module": "module.repo[\"ci-phpcsfixer-php\"]",
      "mode": "managed",
      "type": "github_repository_ruleset",
      "name": "restrict_unsupported_branches",
      "provider": "provider[\"registry.opentofu.org/integrations/github\"]",
      "instances": [
        {
          "schema_version": 1,
          "attributes": {
            "bypass_actors": [
              {
                "actor_id": 2462900,
                "actor_type": "Integration",
                "bypass_mode": "always"
              }
            ],
            "conditions": [
              {
                "ref_name": [
                  {
                    "exclude": [],
                    "include": [
                      "refs/heads/??.x-backup",
                      "refs/heads/master-backup"
                    ]
                  }
                ]
              }
            ],
            "enforcement": "active",
            "etag": "W/\"5aebe5e2527b169477ada886c55059d79812d1326dc47fde83e7855f4ce3b1e9\"",
            "id": "15189602",
            "name": "Restrict Changes to Unsupported Branches",
            "node_id": "RRS_lACqUmVwb3NpdG9yec5IPHqBzgDnxmI",
            "repository": "ci-phpcsfixer-php",
            "rules": [
              {
                "branch_name_pattern": [],
                "commit_author_email_pattern": [],
                "commit_message_pattern": [],
                "committer_email_pattern": [],
                "copilot_code_review": [],
                "creation": true,
                "deletion": true,
                "file_extension_restriction": [],
                "file_path_restriction": [],
                "max_file_path_length": [],
                "max_file_size": [],
                "merge_queue": [],
                "non_fast_forward": true,
                "pull_request": [],
                "required_code_scanning": [],
                "required_deployments": [],
                "required_linear_history": false,
                "required_signatures": false,
                "required_status_checks": [],
                "tag_name_pattern": [],
                "update": true,
                "update_allows_fetch_and_merge": false
              }
            ],
            "ruleset_id": 15189602,
            "target": "branch"
          },
          "sensitive_attributes": [],
          "private": "eyJzY2hlbWFfdmVyc2lvbiI6IjEifQ==",
          "dependencies": [
            "module.repo.github_repository.this"
          ]
        }
      ]
    },
    {
      "module": "module.repo[\"ci-phpcsfixer-php\"]",
      "mode": "managed",
      "type": "github_repository_vulnerability_alerts",
      "name": "this",
      "provider": "provider[\"registry.opentofu.org/integrations/github\"]",
      "instances": [
        {
          "schema_version": 0,
          "attributes": {
            "enabled": true,
            "id": "1211923073",
            "repository": "ci-phpcsfixer-php",
            "repository_id": 1211923073
          },
          "sensitive_attributes": [],
          "private": "eyJzY2hlbWFfdmVyc2lvbiI6IjAifQ==",
          "dependencies": [
            "module.repo.github_repository.this"
          ]
        }
      ]
    },
    {
      "module": "module.repo[\"ci-phpcsfixer-php\"]",
      "mode": "managed",
      "type": "github_team_repository",
      "name": "approvers",
      "provider": "provider[\"registry.opentofu.org/integrations/github\"]",
      "instances": [
        {
          "index_key": 0,
          "schema_version": 0,
          "attributes": {
            "etag": "W/\"4b7bf9713d856af0a539e1f3679011120a9a57b755cb8d36e7c285d8278c543b\"",
            "id": "18867552:ci-phpcsfixer-php",
            "permission": "push",
            "repository": "ci-phpcsfixer-php",
            "team_id": "approvers"
          },
          "sensitive_attributes": [],
          "private": "bnVsbA==",
          "dependencies": [
            "module.repo.github_repository.this"
          ]
        }
      ]
    },
    {
      "module": "module.repo[\"ci-phpstan-php\"]",
      "mode": "managed",
      "type": "github_issue_label",
      "name": "claude_review",
      "provider": "provider[\"registry.opentofu.org/integrations/github\"]",
      "instances": [
        {
          "schema_version": 0,
          "attributes": {
            "color": "5319e7",
            "description": "Ask Claude to review this pull request",
            "etag": "W/\"1a0f29deaccb6ca3e0632c202d79e135447c4ed968aca9f19138a49342c62efb\"",
            "id": "ci-phpstan-php:claude-review",
            "name": "claude-review",
            "repository": "ci-phpstan-php",
            "url": "https://api.github.com/repos/valkyrjaio/ci-phpstan-php/labels/claude-review"
          },
          "sensitive_attributes": [],
          "private": "eyJzY2hlbWFfdmVyc2lvbiI6IjAifQ==",
          "dependencies": [
            "module.repo.github_repository.this"
          ]
        }
      ]
    },
    {
      "module": "module.repo[\"ci-phpstan-php\"]",
      "mode": "managed",
      "type": "github_repository",
      "name": "this",
      "provider": "provider[\"registry.opentofu.org/integrations/github\"]",
      "instances": [
        {
          "schema_version": 1,
          "attributes": {
            "allow_auto_merge": false,
            "allow_forking": true,
            "allow_merge_commit": false,
            "allow_rebase_merge": false,
            "allow_squash_merge": true,
            "allow_update_branch": false,
            "archive_on_destroy": null,
            "archived": false,
            "auto_init": false,
            "default_branch": "26.x",
            "delete_branch_on_merge": true,
            "description": "Shared PHPStan configuration for Valkyrja PHP projects",
            "etag": "W/\"7d30cba098a230c9a0ada9da1bd635e5f1f1eb7869b7d6526eb97ca50f97530a\"",
            "fork": "false",
            "full_name": "valkyrjaio/ci-phpstan-php",
            "git_clone_url": "git://github.com/valkyrjaio/ci-phpstan-php.git",
            "gitignore_template": null,
            "has_discussions": false,
            "has_downloads": false,
            "has_issues": true,
            "has_projects": false,
            "has_wiki": false,
            "homepage_url": "",
            "html_url": "https://github.com/valkyrjaio/ci-phpstan-php",
            "http_clone_url": "https://github.com/valkyrjaio/ci-phpstan-php.git",
            "id": "ci-phpstan-php",
            "ignore_vulnerability_alerts_during_read": null,
            "is_template": false,
            "license_template": null,
            "merge_commit_message": "PR_TITLE",
            "merge_commit_title": "MERGE_MESSAGE",
            "name": "ci-phpstan-php",
            "node_id": "R_kgDOSD7jDA",
            "pages": [],
            "primary_language": "PHP",
            "private": false,
            "repo_id": 1212080908,
            "security_and_analysis": [
              {
                "advanced_security": [],
                "code_security": [],
                "secret_scanning": [
                  {
                    "status": "disabled"
                  }
                ],
                "secret_scanning_ai_detection": [],
                "secret_scanning_non_provider_patterns": [],
                "secret_scanning_push_protection": [
                  {
                    "status": "disabled"
                  }
                ]
              }
            ],
            "source_owner": "",
            "source_repo": "",
            "squash_merge_commit_message": "PR_BODY",
            "squash_merge_commit_title": "PR_TITLE",
            "ssh_clone_url": "git@github.com:valkyrjaio/ci-phpstan-php.git",
            "svn_url": "https://github.com/valkyrjaio/ci-phpstan-php",
            "template": [],
            "topics": [],
            "visibility": "public",
            "vulnerability_alerts": true,
            "web_commit_signoff_required": false
          },
          "sensitive_attributes": [],
          "private": "eyJzY2hlbWFfdmVyc2lvbiI6IjEifQ=="
        }
      ]
    },
    {
      "module": "module.repo[\"ci-phpstan-php\"]",
      "mode": "managed",
      "type": "github_repository_ruleset",
      "name": "force_push_protection",
      "provider": "provider[\"registry.opentofu.org/integrations/github\"]",
      "instances": [
        {
          "schema_version": 1,
          "attributes": {
            "bypass_actors": [
              {
                "actor_id": 0,
                "actor_type": "OrganizationAdmin",
                "bypass_mode": "always"
              }
            ],
            "conditions": [
              {
                "ref_name": [
                  {
                    "exclude": [],
                    "include": [
                      "refs/heads/??.x"
                    ]
                  }
                ]
              }
            ],
            "enforcement": "active",
            "etag": "W/\"88426a7558ffe386956aeaf175a669552d667345921caf32a4174626c6c93a78\"",
            "id": "15189204",
            "name": "Protect Against Force Pushes and Deletion",
            "node_id": "RRS_lACqUmVwb3NpdG9yec5IPuMMzgDnxNQ",
            "repository": "ci-phpstan-php",
            "rules": [
              {
                "branch_name_pattern": [],
                "commit_author_email_pattern": [],
                "commit_message_pattern": [],
                "committer_email_pattern": [],
                "copilot_code_review": [],
                "creation": false,
                "deletion": true,
                "file_extension_restriction": [],
                "file_path_restriction": [],
                "max_file_path_length": [],
                "max_file_size": [],
                "merge_queue": [],
                "non_fast_forward": true,
                "pull_request": [],
                "required_code_scanning": [],
                "required_deployments": [],
                "required_linear_history": false,
                "required_signatures": false,
                "required_status_checks": [],
                "tag_name_pattern": [],
                "update": false,
                "update_allows_fetch_and_merge": false
              }
            ],
            "ruleset_id": 15189204,
            "target": "branch"
          },
          "sensitive_attributes": [],
          "private": "eyJzY2hlbWFfdmVyc2lvbiI6IjEifQ==",
          "dependencies": [
            "module.repo.github_repository.this"
          ]
        }
      ]
    },
    {
      "module": "module.repo[\"ci-phpstan-php\"]",
      "mode": "managed",
      "type": "github_repository_ruleset",
      "name": "protect_master",
      "provider": "provider[\"registry.opentofu.org/integrations/github\"]",
      "instances": [
        {
          "schema_version": 1,
          "attributes": {
            "bypass_actors": [],
            "conditions": [
              {
                "ref_name": [
                  {
                    "exclude": [],
                    "include": [
                      "refs/heads/master"
                    ]
                  }
                ]
              }
            ],
            "enforcement": "active",
            "etag": "W/\"227dea798ba0ea918be755ef1098d4cae52d590c263e5f84711b018347b98bb7\"",
            "id": "15189205",
            "name": "Protect Master At All Times",
            "node_id": "RRS_lACqUmVwb3NpdG9yec5IPuMMzgDnxNU",
            "repository": "ci-phpstan-php",
            "rules": [
              {
                "branch_name_pattern": [],
                "commit_author_email_pattern": [],
                "commit_message_pattern": [],
                "committer_email_pattern": [],
                "copilot_code_review": [],
                "creation": false,
                "deletion": true,
                "file_extension_restriction": [],
                "file_path_restriction": [],
                "max_file_path_length": [],
                "max_file_size": [],
                "merge_queue": [],
                "non_fast_forward": true,
                "pull_request": [],
                "required_code_scanning": [],
                "required_deployments": [],
                "required_linear_history": false,
                "required_signatures": false,
                "required_status_checks": [],
                "tag_name_pattern": [],
                "update": false,
                "update_allows_fetch_and_merge": false
              }
            ],
            "ruleset_id": 15189205,
            "target": "branch"
          },
          "sensitive_attributes": [],
          "private": "eyJzY2hlbWFfdmVyc2lvbiI6IjEifQ==",
          "dependencies": [
            "module.repo.github_repository.this"
          ]
        }
      ]
    },
    {
      "module": "module.repo[\"ci-phpstan-php\"]",
      "mode": "managed",
      "type": "github_repository_ruleset",
      "name": "protect_release_tags",
      "provider": "provider[\"registry.opentofu.org/integrations/github\"]",
      "instances": [
        {
          "schema_version": 1,
          "attributes": {
            "bypass_actors": [
              {
                "actor_id": 0,
                "actor_type": "OrganizationAdmin",
                "bypass_mode": "always"
              }
            ],
            "conditions": [
              {
                "ref_name": [
                  {
                    "exclude": [],
                    "include": [
                      "refs/tags/*.*.*"
                    ]
                  }
                ]
              }
            ],
            "enforcement": "active",
            "etag": "W/\"4810850394432e4d69e4ec0ecf1899444ec1497ba2f2b91b8d443f49b3aa357e\"",
            "id": "15200858",
            "name": "Protect Release Tags",
            "node_id": "RRS_lACqUmVwb3NpdG9yec5IPuMMzgDn8lo",
            "repository": "ci-phpstan-php",
            "rules": [
              {
                "branch_name_pattern": [],
                "commit_author_email_pattern": [],
                "commit_message_pattern": [],
                "committer_email_pattern": [],
                "copilot_code_review": [],
                "creation": false,
                "deletion": true,
                "file_extension_restriction": [],
                "file_path_restriction": [],
                "max_file_path_length": [],
                "max_file_size": [],
                "merge_queue": [],
                "non_fast_forward": true,
                "pull_request": [],
                "required_code_scanning": [],
                "required_deployments": [],
                "required_linear_history": false,
                "required_signatures": false,
                "required_status_checks": [],
                "tag_name_pattern": [],
                "update": false,
                "update_allows_fetch_and_merge": false
              }
            ],
            "ruleset_id": 15200858,
            "target": "tag"
          },
          "sensitive_attributes": [],
          "private": "eyJzY2hlbWFfdmVyc2lvbiI6IjEifQ==",
          "dependencies": [
            "module.repo.github_repository.this"
          ]
        }
      ]
    },
    {
      "module": "module.repo[\"ci-phpstan-php\"]",
      "mode": "managed",
      "type": "github_repository_ruleset",
      "name": "require_pull_request",
      "provider": "provider[\"registry.opentofu.org/integrations/github\"]",
      "instances": [
        {
          "schema_version": 1,
          "attributes": {
            "bypass_actors": [
              {
                "actor_id": 0,
                "actor_type": "OrganizationAdmin",
                "bypass_mode": "always"
              },
              {
                "actor_id": 2462900,
                "actor_type": "Integration",
                "bypass_mode": "always"
              }
            ],
            "conditions": [
              {
                "ref_name": [
                  {
                    "exclude": [],
                    "include": [
                      "~DEFAULT_BRANCH",
                      "refs/heads/??.x",
                      "refs/heads/master"
                    ]
                  }
                ]
              }
            ],
            "enforcement": "active",
            "etag": "W/\"4aba803b0d0dba2f24e5cefd7272e94d085c371a62caba6a68eb6409c6d05ee9\"",
            "id": "15189210",
            "name": "Require Pull Request",
            "node_id": "RRS_lACqUmVwb3NpdG9yec5IPuMMzgDnxNo",
            "repository": "ci-phpstan-php",
            "rules": [
              {
                "branch_name_pattern": [],
                "commit_author_email_pattern": [],
                "commit_message_pattern": [],
                "committer_email_pattern": [],
                "copilot_code_review": [],
                "creation": false,
                "deletion": false,
                "file_extension_restriction": [],
                "file_path_restriction": [],
                "max_file_path_length": [],
                "max_file_size": [],
                "merge_queue": [],
                "non_fast_forward": false,
                "pull_request": [
                  {
                    "allowed_merge_methods": [
                      "squash"
                    ],
                    "dismiss_stale_reviews_on_push": false,
                    "require_code_owner_review": true,
                    "require_last_push_approval": false,
                    "required_approving_review_count": 0,
                    "required_review_thread_resolution": false,
                    "required_reviewers": []
                  }
                ],
                "required_code_scanning": [],
                "required_deployments": [],
                "required_linear_history": false,
                "required_signatures": false,
                "required_status_checks": [],
                "tag_name_pattern": [],
                "update": false,
                "update_allows_fetch_and_merge": false
              }
            ],
            "ruleset_id": 15189210,
            "target": "branch"
          },
          "sensitive_attributes": [],
          "private": "eyJzY2hlbWFfdmVyc2lvbiI6IjEifQ==",
          "dependencies": [
            "github_team.approvers",
            "module.repo.github_repository.this"
          ]
        }
      ]
    },
    {
      "module": "module.repo[\"ci-phpstan-php\"]",
      "mode": "managed",
      "type": "github_repository_ruleset",
      "name": "required_default_checks",
      "provider": "provider[\"registry.opentofu.org/integrations/github\"]",
      "instances": [
        {
          "schema_version": 1,
          "attributes": {
            "bypass_actors": [
              {
                "actor_id": 0,
                "actor_type": "OrganizationAdmin",
                "bypass_mode": "always"
              },
              {
                "actor_id": 2462900,
                "actor_type": "Integration",
                "bypass_mode": "always"
              }
            ],
            "conditions": [
              {
                "ref_name": [
                  {
                    "exclude": [],
                    "include": [
                      "~DEFAULT_BRANCH",
                      "refs/heads/??.x"
                    ]
                  }
                ]
              }
            ],
            "enforcement": "active",
            "etag": "W/\"acfe9ee626f0d9d9397d40829e8eb833af4f191a5006142ca9b5bda37a089e99\"",
            "id": "15273986",
            "name": "Required Default PR Checks",
            "node_id": "RRS_lACqUmVwb3NpdG9yec5IPuMMzgDpEAI",
            "repository": "ci-phpstan-php",
            "rules": [
              {
                "branch_name_pattern": [],
                "commit_author_email_pattern": [],
                "commit_message_pattern": [],
                "committer_email_pattern": [],
                "copilot_code_review": [],
                "creation": false,
                "deletion": false,
                "file_extension_restriction": [],
                "file_path_restriction": [],
                "max_file_path_length": [],
                "max_file_size": [],
                "merge_queue": [],
                "non_fast_forward": false,
                "pull_request": [],
                "required_code_scanning": [],
                "required_deployments": [],
                "required_linear_history": false,
                "required_signatures": false,
                "required_status_checks": [
                  {
                    "do_not_enforce_on_create": false,
                    "required_check": [
                      {
                        "context": "Commit Message Check / Check Commit Message",
                        "integration_id": 15368
                      },
                      {
                        "context": "Copyright Header Check / Check Copyright Header",
                        "integration_id": 15368
                      },
                      {
                        "context": "Markdown Check / Check Markdown",
                        "integration_id": 15368
                      },
                      {
                        "context": "Trailing Newline Check / Check Trailing Newline",
                        "integration_id": 15368
                      }
                    ],
                    "strict_required_status_checks_policy": false
                  }
                ],
                "tag_name_pattern": [],
                "update": false,
                "update_allows_fetch_and_merge": false
              }
            ],
            "ruleset_id": 15273986,
            "target": "branch"
          },
          "sensitive_attributes": [],
          "private": "eyJzY2hlbWFfdmVyc2lvbiI6IjEifQ==",
          "dependencies": [
            "module.repo.github_repository.this"
          ]
        }
      ]
    },
    {
      "module": "module.repo[\"ci-phpstan-php\"]",
      "mode": "managed",
      "type": "github_repository_ruleset",
      "name": "required_language_checks",
      "provider": "provider[\"registry.opentofu.org/integrations/github\"]",
      "instances": [
        {
          "index_key": 0,
          "schema_version": 1,
          "attributes": {
            "bypass_actors": [
              {
                "actor_id": 0,
                "actor_type": "OrganizationAdmin",
                "bypass_mode": "always"
              },
              {
                "actor_id": 2462900,
                "actor_type": "Integration",
                "bypass_mode": "always"
              }
            ],
            "conditions": [
              {
                "ref_name": [
                  {
                    "exclude": [],
                    "include": [
                      "~DEFAULT_BRANCH",
                      "refs/heads/??.x"
                    ]
                  }
                ]
              }
            ],
            "enforcement": "active",
            "etag": "W/\"fbb6cc1f142d40b88740377a786597aa061e60752c7a1706f85ba7776b9b55d8\"",
            "id": "15273987",
            "name": "Required PHP PR Checks",
            "node_id": "RRS_lACqUmVwb3NpdG9yec5IPuMMzgDpEAM",
            "repository": "ci-phpstan-php",
            "rules": [
              {
                "branch_name_pattern": [],
                "commit_author_email_pattern": [],
                "commit_message_pattern": [],
                "committer_email_pattern": [],
                "copilot_code_review": [],
                "creation": false,
                "deletion": false,
                "file_extension_restriction": [],
                "file_path_restriction": [],
                "max_file_path_length": [],
                "max_file_size": [],
                "merge_queue": [],
                "non_fast_forward": false,
                "pull_request": [],
                "required_code_scanning": [],
                "required_deployments": [],
                "required_linear_history": false,
                "required_signatures": false,
                "required_status_checks": [
                  {
                    "do_not_enforce_on_create": false,
                    "required_check": [
                      {
                        "context": "Tools / PHP CS Fixer / PHP 8.4",
                        "integration_id": 15368
                      },
                      {
                        "context": "Tools / PHP Code Sniffer / PHP 8.4",
                        "integration_id": 15368
                      },
                      {
                        "context": "Tools / PHPArkitect / PHP 8.4",
                        "integration_id": 15368
                      },
                      {
                        "context": "Tools / PHPStan / PHP 8.4",
                        "integration_id": 15368
                      },
                      {
                        "context": "Tools / PHPUnit / PHP 8.4",
                        "integration_id": 15368
                      },
                      {
                        "context": "Tools / PHPUnit / PHP 8.5",
                        "integration_id": 15368
                      },
                      {
                        "context": "Tools / PHPUnit / PHP 8.6",
                        "integration_id": 15368
                      },
                      {
                        "context": "Tools / Psalm / PHP 8.4",
                        "integration_id": 15368
                      },
                      {
                        "context": "Tools / Rector / PHP 8.4",
                        "integration_id": 15368
                      }
                    ],
                    "strict_required_status_checks_policy": false
                  }
                ],
                "tag_name_pattern": [],
                "update": false,
                "update_allows_fetch_and_merge": false
              }
            ],
            "ruleset_id": 15273987,
            "target": "branch"
          },
          "sensitive_attributes": [],
          "private": "eyJzY2hlbWFfdmVyc2lvbiI6IjEifQ==",
          "dependencies": [
            "module.repo.github_repository.this"
          ]
        }
      ]
    },
    {
      "module": "module.repo[\"ci-phpstan-php\"]",
      "mode": "managed",
      "type": "github_repository_ruleset",
      "name": "restrict_unsupported_branches",
      "provider": "provider[\"registry.opentofu.org/integrations/github\"]",
      "instances": [
        {
          "schema_version": 1,
          "attributes": {
            "bypass_actors": [
              {
                "actor_id": 2462900,
                "actor_type": "Integration",
                "bypass_mode": "always"
              }
            ],
            "conditions": [
              {
                "ref_name": [
                  {
                    "exclude": [],
                    "include": [
                      "refs/heads/??.x-backup",
                      "refs/heads/master-backup"
                    ]
                  }
                ]
              }
            ],
            "enforcement": "active",
            "etag": "W/\"30a07bdc531a41cae24a3e7601753833cbfee5599ad0f8680ddb70b514f0b632\"",
            "id": "15189211",
            "name": "Restrict Changes to Unsupported Branches",
            "node_id": "RRS_lACqUmVwb3NpdG9yec5IPuMMzgDnxNs",
            "repository": "ci-phpstan-php",
            "rules": [
              {
                "branch_name_pattern": [],
                "commit_author_email_pattern": [],
                "commit_message_pattern": [],
                "committer_email_pattern": [],
                "copilot_code_review": [],
                "creation": true,
                "deletion": true,
                "file_extension_restriction": [],
                "file_path_restriction": [],
                "max_file_path_length": [],
                "max_file_size": [],
                "merge_queue": [],
                "non_fast_forward": true,
                "pull_request": [],
                "required_code_scanning": [],
                "required_deployments": [],
                "required_linear_history": false,
                "required_signatures": false,
                "required_status_checks": [],
                "tag_name_pattern": [],
                "update": true,
                "update_allows_fetch_and_merge": false
              }
            ],
            "ruleset_id": 15189211,
            "target": "branch"
          },
          "sensitive_attributes": [],
          "private": "eyJzY2hlbWFfdmVyc2lvbiI6IjEifQ==",
          "dependencies": [
            "module.repo.github_repository.this"
          ]
        }
      ]
    },
    {
      "module": "module.repo[\"ci-phpstan-php\"]",
      "mode": "managed",
      "type": "github_repository_vulnerability_alerts",
      "name": "this",
      "provider": "provider[\"registry.opentofu.org/integrations/github\"]",
      "instances": [
        {
          "schema_version": 0,
          "attributes": {
            "enabled": true,
            "id": "1212080908",
            "repository": "ci-phpstan-php",
            "repository_id": 1212080908
          },
          "sensitive_attributes": [],
          "private": "eyJzY2hlbWFfdmVyc2lvbiI6IjAifQ==",
          "dependencies": [
            "module.repo.github_repository.this"
          ]
        }
      ]
    },
    {
      "module": "module.repo[\"ci-phpstan-php\"]",
      "mode": "managed",
      "type": "github_team_repository",
      "name": "approvers",
      "provider": "provider[\"registry.opentofu.org/integrations/github\"]",
      "instances": [
        {
          "index_key": 0,
          "schema_version": 0,
          "attributes": {
            "etag": "W/\"fbd7525624100c1a4deca5ad0afa5f8fe4a752846d6a8020d506902843f005d9\"",
            "id": "18867552:ci-phpstan-php",
            "permission": "push",
            "repository": "ci-phpstan-php",
            "team_id": "approvers"
          },
          "sensitive_attributes": [],
          "private": "bnVsbA==",
          "dependencies": [
            "module.repo.github_repository.this"
          ]
        }
      ]
    },
    {
      "module": "module.repo[\"ci-phpunit-php\"]",
      "mode": "managed",
      "type": "github_issue_label",
      "name": "claude_review",
      "provider": "provider[\"registry.opentofu.org/integrations/github\"]",
      "instances": [
        {
          "schema_version": 0,
          "attributes": {
            "color": "5319e7",
            "description": "Ask Claude to review this pull request",
            "etag": "W/\"7155b855efe336dd66d51ff06f3849fe2b3312358c66b729108b51335f7b5e63\"",
            "id": "ci-phpunit-php:claude-review",
            "name": "claude-review",
            "repository": "ci-phpunit-php",
            "url": "https://api.github.com/repos/valkyrjaio/ci-phpunit-php/labels/claude-review"
          },
          "sensitive_attributes": [],
          "private": "eyJzY2hlbWFfdmVyc2lvbiI6IjAifQ==",
          "dependencies": [
            "module.repo.github_repository.this"
          ]
        }
      ]
    },
    {
      "module": "module.repo[\"ci-phpunit-php\"]",
      "mode": "managed",
      "type": "github_repository",
      "name": "this",
      "provider": "provider[\"registry.opentofu.org/integrations/github\"]",
      "instances": [
        {
          "schema_version": 1,
          "attributes": {
            "allow_auto_merge": false,
            "allow_forking": true,
            "allow_merge_commit": false,
            "allow_rebase_merge": false,
            "allow_squash_merge": true,
            "allow_update_branch": false,
            "archive_on_destroy": null,
            "archived": false,
            "auto_init": false,
            "default_branch": "26.x",
            "delete_branch_on_merge": true,
            "description": "Shared PHPUnit configuration for Valkyrja PHP projects",
            "etag": "W/\"e0c157428a82cd4ec22a224b8b476215fba8b000c8f1f574ce57baf57623d446\"",
            "fork": "false",
            "full_name": "valkyrjaio/ci-phpunit-php",
            "git_clone_url": "git://github.com/valkyrjaio/ci-phpunit-php.git",
            "gitignore_template": null,
            "has_discussions": false,
            "has_downloads": false,
            "has_issues": true,
            "has_projects": false,
            "has_wiki": false,
            "homepage_url": "",
            "html_url": "https://github.com/valkyrjaio/ci-phpunit-php",
            "http_clone_url": "https://github.com/valkyrjaio/ci-phpunit-php.git",
            "id": "ci-phpunit-php",
            "ignore_vulnerability_alerts_during_read": null,
            "is_template": false,
            "license_template": null,
            "merge_commit_message": "PR_TITLE",
            "merge_commit_title": "MERGE_MESSAGE",
            "name": "ci-phpunit-php",
            "node_id": "R_kgDOSD4TBA",
            "pages": [],
            "primary_language": "PHP",
            "private": false,
            "repo_id": 1212027652,
            "security_and_analysis": [
              {
                "advanced_security": [],
                "code_security": [],
                "secret_scanning": [
                  {
                    "status": "disabled"
                  }
                ],
                "secret_scanning_ai_detection": [],
                "secret_scanning_non_provider_patterns": [],
                "secret_scanning_push_protection": [
                  {
                    "status": "disabled"
                  }
                ]
              }
            ],
            "source_owner": "",
            "source_repo": "",
            "squash_merge_commit_message": "PR_BODY",
            "squash_merge_commit_title": "PR_TITLE",
            "ssh_clone_url": "git@github.com:valkyrjaio/ci-phpunit-php.git",
            "svn_url": "https://github.com/valkyrjaio/ci-phpunit-php",
            "template": [],
            "topics": [],
            "visibility": "public",
            "vulnerability_alerts": true,
            "web_commit_signoff_required": false
          },
          "sensitive_attributes": [],
          "private": "eyJzY2hlbWFfdmVyc2lvbiI6IjEifQ=="
        }
      ]
    },
    {
      "module": "module.repo[\"ci-phpunit-php\"]",
      "mode": "managed",
      "type": "github_repository_ruleset",
      "name": "force_push_protection",
      "provider": "provider[\"registry.opentofu.org/integrations/github\"]",
      "instances": [
        {
          "schema_version": 1,
          "attributes": {
            "bypass_actors": [
              {
                "actor_id": 0,
                "actor_type": "OrganizationAdmin",
                "bypass_mode": "always"
              }
            ],
            "conditions": [
              {
                "ref_name": [
                  {
                    "exclude": [],
                    "include": [
                      "refs/heads/??.x"
                    ]
                  }
                ]
              }
            ],
            "enforcement": "active",
            "etag": "W/\"176780b475aea3d86b2a717506fe16f16ffbeae3d1570467a11e8dde1d43e080\"",
            "id": "15189376",
            "name": "Protect Against Force Pushes and Deletion",
            "node_id": "RRS_lACqUmVwb3NpdG9yec5IPhMEzgDnxYA",
            "repository": "ci-phpunit-php",
            "rules": [
              {
                "branch_name_pattern": [],
                "commit_author_email_pattern": [],
                "commit_message_pattern": [],
                "committer_email_pattern": [],
                "copilot_code_review": [],
                "creation": false,
                "deletion": true,
                "file_extension_restriction": [],
                "file_path_restriction": [],
                "max_file_path_length": [],
                "max_file_size": [],
                "merge_queue": [],
                "non_fast_forward": true,
                "pull_request": [],
                "required_code_scanning": [],
                "required_deployments": [],
                "required_linear_history": false,
                "required_signatures": false,
                "required_status_checks": [],
                "tag_name_pattern": [],
                "update": false,
                "update_allows_fetch_and_merge": false
              }
            ],
            "ruleset_id": 15189376,
            "target": "branch"
          },
          "sensitive_attributes": [],
          "private": "eyJzY2hlbWFfdmVyc2lvbiI6IjEifQ==",
          "dependencies": [
            "module.repo.github_repository.this"
          ]
        }
      ]
    },
    {
      "module": "module.repo[\"ci-phpunit-php\"]",
      "mode": "managed",
      "type": "github_repository_ruleset",
      "name": "protect_master",
      "provider": "provider[\"registry.opentofu.org/integrations/github\"]",
      "instances": [
        {
          "schema_version": 1,
          "attributes": {
            "bypass_actors": [],
            "conditions": [
              {
                "ref_name": [
                  {
                    "exclude": [],
                    "include": [
                      "refs/heads/master"
                    ]
                  }
                ]
              }
            ],
            "enforcement": "active",
            "etag": "W/\"06bb36ec2c2c291efd81b0a7105c49bf3346ca1fed523211d6e08b424ef03e82\"",
            "id": "15189384",
            "name": "Protect Master At All Times",
            "node_id": "RRS_lACqUmVwb3NpdG9yec5IPhMEzgDnxYg",
            "repository": "ci-phpunit-php",
            "rules": [
              {
                "branch_name_pattern": [],
                "commit_author_email_pattern": [],
                "commit_message_pattern": [],
                "committer_email_pattern": [],
                "copilot_code_review": [],
                "creation": false,
                "deletion": true,
                "file_extension_restriction": [],
                "file_path_restriction": [],
                "max_file_path_length": [],
                "max_file_size": [],
                "merge_queue": [],
                "non_fast_forward": true,
                "pull_request": [],
                "required_code_scanning": [],
                "required_deployments": [],
                "required_linear_history": false,
                "required_signatures": false,
                "required_status_checks": [],
                "tag_name_pattern": [],
                "update": false,
                "update_allows_fetch_and_merge": false
              }
            ],
            "ruleset_id": 15189384,
            "target": "branch"
          },
          "sensitive_attributes": [],
          "private": "eyJzY2hlbWFfdmVyc2lvbiI6IjEifQ==",
          "dependencies": [
            "module.repo.github_repository.this"
          ]
        }
      ]
    },
    {
      "module": "module.repo[\"ci-phpunit-php\"]",
      "mode": "managed",
      "type": "github_repository_ruleset",
      "name": "protect_release_tags",
      "provider": "provider[\"registry.opentofu.org/integrations/github\"]",
      "instances": [
        {
          "schema_version": 1,
          "attributes": {
            "bypass_actors": [
              {
                "actor_id": 0,
                "actor_type": "OrganizationAdmin",
                "bypass_mode": "always"
              }
            ],
            "conditions": [
              {
                "ref_name": [
                  {
                    "exclude": [],
                    "include": [
                      "refs/tags/*.*.*"
                    ]
                  }
                ]
              }
            ],
            "enforcement": "active",
            "etag": "W/\"ab6627b639c85173c115d20706abc5d005f80d23bb96b0fa1b6bc238e9c1fb1b\"",
            "id": "15200855",
            "name": "Protect Release Tags",
            "node_id": "RRS_lACqUmVwb3NpdG9yec5IPhMEzgDn8lc",
            "repository": "ci-phpunit-php",
            "rules": [
              {
                "branch_name_pattern": [],
                "commit_author_email_pattern": [],
                "commit_message_pattern": [],
                "committer_email_pattern": [],
                "copilot_code_review": [],
                "creation": false,
                "deletion": true,
                "file_extension_restriction": [],
                "file_path_restriction": [],
                "max_file_path_length": [],
                "max_file_size": [],
                "merge_queue": [],
                "non_fast_forward": true,
                "pull_request": [],
                "required_code_scanning": [],
                "required_deployments": [],
                "required_linear_history": false,
                "required_signatures": false,
                "required_status_checks": [],
                "tag_name_pattern": [],
                "update": false,
                "update_allows_fetch_and_merge": false
              }
            ],
            "ruleset_id": 15200855,
            "target": "tag"
          },
          "sensitive_attributes": [],
          "private": "eyJzY2hlbWFfdmVyc2lvbiI6IjEifQ==",
          "dependencies": [
            "module.repo.github_repository.this"
          ]
        }
      ]
    },
    {
      "module": "module.repo[\"ci-phpunit-php\"]",
      "mode": "managed",
      "type": "github_repository_ruleset",
      "name": "require_pull_request",
      "provider": "provider[\"registry.opentofu.org/integrations/github\"]",
      "instances": [
        {
          "schema_version": 1,
          "attributes": {
            "bypass_actors": [
              {
                "actor_id": 0,
                "actor_type": "OrganizationAdmin",
                "bypass_mode": "always"
              },
              {
                "actor_id": 2462900,
                "actor_type": "Integration",
                "bypass_mode": "always"
              }
            ],
            "conditions": [
              {
                "ref_name": [
                  {
                    "exclude": [],
                    "include": [
                      "~DEFAULT_BRANCH",
                      "refs/heads/??.x",
                      "refs/heads/master"
                    ]
                  }
                ]
              }
            ],
            "enforcement": "active",
            "etag": "W/\"3043a4c70031eaa4cb0818c1ffcba55d2ba282f94357f851864ff89f24240265\"",
            "id": "15189392",
            "name": "Require Pull Request",
            "node_id": "RRS_lACqUmVwb3NpdG9yec5IPhMEzgDnxZA",
            "repository": "ci-phpunit-php",
            "rules": [
              {
                "branch_name_pattern": [],
                "commit_author_email_pattern": [],
                "commit_message_pattern": [],
                "committer_email_pattern": [],
                "copilot_code_review": [],
                "creation": false,
                "deletion": false,
                "file_extension_restriction": [],
                "file_path_restriction": [],
                "max_file_path_length": [],
                "max_file_size": [],
                "merge_queue": [],
                "non_fast_forward": false,
                "pull_request": [
                  {
                    "allowed_merge_methods": [
                      "squash"
                    ],
                    "dismiss_stale_reviews_on_push": false,
                    "require_code_owner_review": true,
                    "require_last_push_approval": false,
                    "required_approving_review_count": 0,
                    "required_review_thread_resolution": false,
                    "required_reviewers": []
                  }
                ],
                "required_code_scanning": [],
                "required_deployments": [],
                "required_linear_history": false,
                "required_signatures": false,
                "required_status_checks": [],
                "tag_name_pattern": [],
                "update": false,
                "update_allows_fetch_and_merge": false
              }
            ],
            "ruleset_id": 15189392,
            "target": "branch"
          },
          "sensitive_attributes": [],
          "private": "eyJzY2hlbWFfdmVyc2lvbiI6IjEifQ==",
          "dependencies": [
            "github_team.approvers",
            "module.repo.github_repository.this"
          ]
        }
      ]
    },
    {
      "module": "module.repo[\"ci-phpunit-php\"]",
      "mode": "managed",
      "type": "github_repository_ruleset",
      "name": "required_default_checks",
      "provider": "provider[\"registry.opentofu.org/integrations/github\"]",
      "instances": [
        {
          "schema_version": 1,
          "attributes": {
            "bypass_actors": [
              {
                "actor_id": 0,
                "actor_type": "OrganizationAdmin",
                "bypass_mode": "always"
              },
              {
                "actor_id": 2462900,
                "actor_type": "Integration",
                "bypass_mode": "always"
              }
            ],
            "conditions": [
              {
                "ref_name": [
                  {
                    "exclude": [],
                    "include": [
                      "~DEFAULT_BRANCH",
                      "refs/heads/??.x"
                    ]
                  }
                ]
              }
            ],
            "enforcement": "active",
            "etag": "W/\"341308cd7dbe22d67e2e6eaabff4e96f6aef48d75bd80cfbc3e92c2a1f043013\"",
            "id": "15274007",
            "name": "Required Default PR Checks",
            "node_id": "RRS_lACqUmVwb3NpdG9yec5IPhMEzgDpEBc",
            "repository": "ci-phpunit-php",
            "rules": [
              {
                "branch_name_pattern": [],
                "commit_author_email_pattern": [],
                "commit_message_pattern": [],
                "committer_email_pattern": [],
                "copilot_code_review": [],
                "creation": false,
                "deletion": false,
                "file_extension_restriction": [],
                "file_path_restriction": [],
                "max_file_path_length": [],
                "max_file_size": [],
                "merge_queue": [],
                "non_fast_forward": false,
                "pull_request": [],
                "required_code_scanning": [],
                "required_deployments": [],
                "required_linear_history": false,
                "required_signatures": false,
                "required_status_checks": [
                  {
                    "do_not_enforce_on_create": false,
                    "required_check": [
                      {
                        "context": "Commit Message Check / Check Commit Message",
                        "integration_id": 15368
                      },
                      {
                        "context": "Copyright Header Check / Check Copyright Header",
                        "integration_id": 15368
                      },
                      {
                        "context": "Markdown Check / Check Markdown",
                        "integration_id": 15368
                      },
                      {
                        "context": "Trailing Newline Check / Check Trailing Newline",
                        "integration_id": 15368
                      }
                    ],
                    "strict_required_status_checks_policy": false
                  }
                ],
                "tag_name_pattern": [],
                "update": false,
                "update_allows_fetch_and_merge": false
              }
            ],
            "ruleset_id": 15274007,
            "target": "branch"
          },
          "sensitive_attributes": [],
          "private": "eyJzY2hlbWFfdmVyc2lvbiI6IjEifQ==",
          "dependencies": [
            "module.repo.github_repository.this"
          ]
        }
      ]
    },
    {
      "module": "module.repo[\"ci-phpunit-php\"]",
      "mode": "managed",
      "type": "github_repository_ruleset",
      "name": "required_language_checks",
      "provider": "provider[\"registry.opentofu.org/integrations/github\"]",
      "instances": [
        {
          "index_key": 0,
          "schema_version": 1,
          "attributes": {
            "bypass_actors": [
              {
                "actor_id": 0,
                "actor_type": "OrganizationAdmin",
                "bypass_mode": "always"
              },
              {
                "actor_id": 2462900,
                "actor_type": "Integration",
                "bypass_mode": "always"
              }
            ],
            "conditions": [
              {
                "ref_name": [
                  {
                    "exclude": [],
                    "include": [
                      "~DEFAULT_BRANCH",
                      "refs/heads/??.x"
                    ]
                  }
                ]
              }
            ],
            "enforcement": "active",
            "etag": "W/\"2dbb40084434dbab6a666a469d76231e07d74f54f854a1a081f0a4783a467197\"",
            "id": "15274008",
            "name": "Required PHP PR Checks",
            "node_id": "RRS_lACqUmVwb3NpdG9yec5IPhMEzgDpEBg",
            "repository": "ci-phpunit-php",
            "rules": [
              {
                "branch_name_pattern": [],
                "commit_author_email_pattern": [],
                "commit_message_pattern": [],
                "committer_email_pattern": [],
                "copilot_code_review": [],
                "creation": false,
                "deletion": false,
                "file_extension_restriction": [],
                "file_path_restriction": [],
                "max_file_path_length": [],
                "max_file_size": [],
                "merge_queue": [],
                "non_fast_forward": false,
                "pull_request": [],
                "required_code_scanning": [],
                "required_deployments": [],
                "required_linear_history": false,
                "required_signatures": false,
                "required_status_checks": [
                  {
                    "do_not_enforce_on_create": false,
                    "required_check": [
                      {
                        "context": "Tools / PHP CS Fixer / PHP 8.4",
                        "integration_id": 15368
                      },
                      {
                        "context": "Tools / PHP Code Sniffer / PHP 8.4",
                        "integration_id": 15368
                      },
                      {
                        "context": "Tools / PHPArkitect / PHP 8.4",
                        "integration_id": 15368
                      },
                      {
                        "context": "Tools / PHPStan / PHP 8.4",
                        "integration_id": 15368
                      },
                      {
                        "context": "Tools / PHPUnit / PHP 8.4",
                        "integration_id": 15368
                      },
                      {
                        "context": "Tools / PHPUnit / PHP 8.5",
                        "integration_id": 15368
                      },
                      {
                        "context": "Tools / PHPUnit / PHP 8.6",
                        "integration_id": 15368
                      },
                      {
                        "context": "Tools / Psalm / PHP 8.4",
                        "integration_id": 15368
                      },
                      {
                        "context": "Tools / Rector / PHP 8.4",
                        "integration_id": 15368
                      }
                    ],
                    "strict_required_status_checks_policy": false
                  }
                ],
                "tag_name_pattern": [],
                "update": false,
                "update_allows_fetch_and_merge": false
              }
            ],
            "ruleset_id": 15274008,
            "target": "branch"
          },
          "sensitive_attributes": [],
          "private": "eyJzY2hlbWFfdmVyc2lvbiI6IjEifQ==",
          "dependencies": [
            "module.repo.github_repository.this"
          ]
        }
      ]
    },
    {
      "module": "module.repo[\"ci-phpunit-php\"]",
      "mode": "managed",
      "type": "github_repository_ruleset",
      "name": "restrict_unsupported_branches",
      "provider": "provider[\"registry.opentofu.org/integrations/github\"]",
      "instances": [
        {
          "schema_version": 1,
          "attributes": {
            "bypass_actors": [
              {
                "actor_id": 2462900,
                "actor_type": "Integration",
                "bypass_mode": "always"
              }
            ],
            "conditions": [
              {
                "ref_name": [
                  {
                    "exclude": [],
                    "include": [
                      "refs/heads/??.x-backup",
                      "refs/heads/master-backup"
                    ]
                  }
                ]
              }
            ],
            "enforcement": "active",
            "etag": "W/\"bdc8883abcb05efef70a44f8874fde5e2c12dcf8841cccff9cd81533dd67805b\"",
            "id": "15189399",
            "name": "Restrict Changes to Unsupported Branches",
            "node_id": "RRS_lACqUmVwb3NpdG9yec5IPhMEzgDnxZc",
            "repository": "ci-phpunit-php",
            "rules": [
              {
                "branch_name_pattern": [],
                "commit_author_email_pattern": [],
                "commit_message_pattern": [],
                "committer_email_pattern": [],
                "copilot_code_review": [],
                "creation": true,
                "deletion": true,
                "file_extension_restriction": [],
                "file_path_restriction": [],
                "max_file_path_length": [],
                "max_file_size": [],
                "merge_queue": [],
                "non_fast_forward": true,
                "pull_request": [],
                "required_code_scanning": [],
                "required_deployments": [],
                "required_linear_history": false,
                "required_signatures": false,
                "required_status_checks": [],
                "tag_name_pattern": [],
                "update": true,
                "update_allows_fetch_and_merge": false
              }
            ],
            "ruleset_id": 15189399,
            "target": "branch"
          },
          "sensitive_attributes": [],
          "private": "eyJzY2hlbWFfdmVyc2lvbiI6IjEifQ==",
          "dependencies": [
            "module.repo.github_repository.this"
          ]
        }
      ]
    },
    {
      "module": "module.repo[\"ci-phpunit-php\"]",
      "mode": "managed",
      "type": "github_repository_vulnerability_alerts",
      "name": "this",
      "provider": "provider[\"registry.opentofu.org/integrations/github\"]",
      "instances": [
        {
          "schema_version": 0,
          "attributes": {
            "enabled": true,
            "id": "1212027652",
            "repository": "ci-phpunit-php",
            "repository_id": 1212027652
          },
          "sensitive_attributes": [],
          "private": "eyJzY2hlbWFfdmVyc2lvbiI6IjAifQ==",
          "dependencies": [
            "module.repo.github_repository.this"
          ]
        }
      ]
    },
    {
      "module": "module.repo[\"ci-phpunit-php\"]",
      "mode": "managed",
      "type": "github_team_repository",
      "name": "approvers",
      "provider": "provider[\"registry.opentofu.org/integrations/github\"]",
      "instances": [
        {
          "index_key": 0,
          "schema_version": 0,
          "attributes": {
            "etag": "W/\"e31cc6e4834b18d9d86bf9a3fdfb045055f377d714395e785ff61149617d77cb\"",
            "id": "18867552:ci-phpunit-php",
            "permission": "push",
            "repository": "ci-phpunit-php",
            "team_id": "approvers"
          },
          "sensitive_attributes": [],
          "private": "bnVsbA==",
          "dependencies": [
            "module.repo.github_repository.this"
          ]
        }
      ]
    },
    {
      "module": "module.repo[\"ci-psalm-php\"]",
      "mode": "managed",
      "type": "github_issue_label",
      "name": "claude_review",
      "provider": "provider[\"registry.opentofu.org/integrations/github\"]",
      "instances": [
        {
          "schema_version": 0,
          "attributes": {
            "color": "5319e7",
            "description": "Ask Claude to review this pull request",
            "etag": "W/\"4d3a9d2d5ae3ce13a90c470c6e139dac4cecc1f154bc338b62b512b7f3096d2b\"",
            "id": "ci-psalm-php:claude-review",
            "name": "claude-review",
            "repository": "ci-psalm-php",
            "url": "https://api.github.com/repos/valkyrjaio/ci-psalm-php/labels/claude-review"
          },
          "sensitive_attributes": [],
          "private": "eyJzY2hlbWFfdmVyc2lvbiI6IjAifQ==",
          "dependencies": [
            "module.repo.github_repository.this"
          ]
        }
      ]
    },
    {
      "module": "module.repo[\"ci-psalm-php\"]",
      "mode": "managed",
      "type": "github_repository",
      "name": "this",
      "provider": "provider[\"registry.opentofu.org/integrations/github\"]",
      "instances": [
        {
          "schema_version": 1,
          "attributes": {
            "allow_auto_merge": false,
            "allow_forking": true,
            "allow_merge_commit": false,
            "allow_rebase_merge": false,
            "allow_squash_merge": true,
            "allow_update_branch": false,
            "archive_on_destroy": null,
            "archived": false,
            "auto_init": false,
            "default_branch": "26.x",
            "delete_branch_on_merge": true,
            "description": "Shared Psalm configuration for Valkyrja PHP projects",
            "etag": "W/\"686b40b6ed84b20721b34f4012817b07d1284f887a4492982597ed5365e54054\"",
            "fork": "false",
            "full_name": "valkyrjaio/ci-psalm-php",
            "git_clone_url": "git://github.com/valkyrjaio/ci-psalm-php.git",
            "gitignore_template": null,
            "has_discussions": false,
            "has_downloads": false,
            "has_issues": true,
            "has_projects": false,
            "has_wiki": false,
            "homepage_url": "",
            "html_url": "https://github.com/valkyrjaio/ci-psalm-php",
            "http_clone_url": "https://github.com/valkyrjaio/ci-psalm-php.git",
            "id": "ci-psalm-php",
            "ignore_vulnerability_alerts_during_read": null,
            "is_template": false,
            "license_template": null,
            "merge_commit_message": "PR_TITLE",
            "merge_commit_title": "MERGE_MESSAGE",
            "name": "ci-psalm-php",
            "node_id": "R_kgDOSD7hcg",
            "pages": [],
            "primary_language": "PHP",
            "private": false,
            "repo_id": 1212080498,
            "security_and_analysis": [
              {
                "advanced_security": [],
                "code_security": [],
                "secret_scanning": [
                  {
                    "status": "disabled"
                  }
                ],
                "secret_scanning_ai_detection": [],
                "secret_scanning_non_provider_patterns": [],
                "secret_scanning_push_protection": [
                  {
                    "status": "disabled"
                  }
                ]
              }
            ],
            "source_owner": "",
            "source_repo": "",
            "squash_merge_commit_message": "PR_BODY",
            "squash_merge_commit_title": "PR_TITLE",
            "ssh_clone_url": "git@github.com:valkyrjaio/ci-psalm-php.git",
            "svn_url": "https://github.com/valkyrjaio/ci-psalm-php",
            "template": [],
            "topics": [],
            "visibility": "public",
            "vulnerability_alerts": true,
            "web_commit_signoff_required": false
          },
          "sensitive_attributes": [],
          "private": "eyJzY2hlbWFfdmVyc2lvbiI6IjEifQ=="
        }
      ]
    },
    {
      "module": "module.repo[\"ci-psalm-php\"]",
      "mode": "managed",
      "type": "github_repository_ruleset",
      "name": "force_push_protection",
      "provider": "provider[\"registry.opentofu.org/integrations/github\"]",
      "instances": [
        {
          "schema_version": 1,
          "attributes": {
            "bypass_actors": [
              {
                "actor_id": 0,
                "actor_type": "OrganizationAdmin",
                "bypass_mode": "always"
              }
            ],
            "conditions": [
              {
                "ref_name": [
                  {
                    "exclude": [],
                    "include": [
                      "refs/heads/??.x"
                    ]
                  }
                ]
              }
            ],
            "enforcement": "active",
            "etag": "W/\"edbbbe96860627a9c7a198397bb4d9e74fcb431fc38480d4a980c1a3d7356180\"",
            "id": "15186763",
            "name": "Protect Against Force Pushes and Deletion",
            "node_id": "RRS_lACqUmVwb3NpdG9yec5IPuFyzgDnu0s",
            "repository": "ci-psalm-php",
            "rules": [
              {
                "branch_name_pattern": [],
                "commit_author_email_pattern": [],
                "commit_message_pattern": [],
                "committer_email_pattern": [],
                "copilot_code_review": [],
                "creation": false,
                "deletion": true,
                "file_extension_restriction": [],
                "file_path_restriction": [],
                "max_file_path_length": [],
                "max_file_size": [],
                "merge_queue": [],
                "non_fast_forward": true,
                "pull_request": [],
                "required_code_scanning": [],
                "required_deployments": [],
                "required_linear_history": false,
                "required_signatures": false,
                "required_status_checks": [],
                "tag_name_pattern": [],
                "update": false,
                "update_allows_fetch_and_merge": false
              }
            ],
            "ruleset_id": 15186763,
            "target": "branch"
          },
          "sensitive_attributes": [],
          "private": "eyJzY2hlbWFfdmVyc2lvbiI6IjEifQ==",
          "dependencies": [
            "module.repo.github_repository.this"
          ]
        }
      ]
    },
    {
      "module": "module.repo[\"ci-psalm-php\"]",
      "mode": "managed",
      "type": "github_repository_ruleset",
      "name": "protect_master",
      "provider": "provider[\"registry.opentofu.org/integrations/github\"]",
      "instances": [
        {
          "schema_version": 1,
          "attributes": {
            "bypass_actors": [],
            "conditions": [
              {
                "ref_name": [
                  {
                    "exclude": [],
                    "include": [
                      "refs/heads/master"
                    ]
                  }
                ]
              }
            ],
            "enforcement": "active",
            "etag": "W/\"ad6fdceaa741fe3de6119feb1c163bf64b4da19284f8406022c72f4fcc94d37b\"",
            "id": "15186767",
            "name": "Protect Master At All Times",
            "node_id": "RRS_lACqUmVwb3NpdG9yec5IPuFyzgDnu08",
            "repository": "ci-psalm-php",
            "rules": [
              {
                "branch_name_pattern": [],
                "commit_author_email_pattern": [],
                "commit_message_pattern": [],
                "committer_email_pattern": [],
                "copilot_code_review": [],
                "creation": false,
                "deletion": true,
                "file_extension_restriction": [],
                "file_path_restriction": [],
                "max_file_path_length": [],
                "max_file_size": [],
                "merge_queue": [],
                "non_fast_forward": true,
                "pull_request": [],
                "required_code_scanning": [],
                "required_deployments": [],
                "required_linear_history": false,
                "required_signatures": false,
                "required_status_checks": [],
                "tag_name_pattern": [],
                "update": false,
                "update_allows_fetch_and_merge": false
              }
            ],
            "ruleset_id": 15186767,
            "target": "branch"
          },
          "sensitive_attributes": [],
          "private": "eyJzY2hlbWFfdmVyc2lvbiI6IjEifQ==",
          "dependencies": [
            "module.repo.github_repository.this"
          ]
        }
      ]
    },
    {
      "module": "module.repo[\"ci-psalm-php\"]",
      "mode": "managed",
      "type": "github_repository_ruleset",
      "name": "protect_release_tags",
      "provider": "provider[\"registry.opentofu.org/integrations/github\"]",
      "instances": [
        {
          "schema_version": 1,
          "attributes": {
            "bypass_actors": [
              {
                "actor_id": 0,
                "actor_type": "OrganizationAdmin",
                "bypass_mode": "always"
              }
            ],
            "conditions": [
              {
                "ref_name": [
                  {
                    "exclude": [],
                    "include": [
                      "refs/tags/*.*.*"
                    ]
                  }
                ]
              }
            ],
            "enforcement": "active",
            "etag": "W/\"02562fd99ba9826dcf383e87047ef6fb489228d1a2590020b3a9290986ed68e6\"",
            "id": "15200861",
            "name": "Protect Release Tags",
            "node_id": "RRS_lACqUmVwb3NpdG9yec5IPuFyzgDn8l0",
            "repository": "ci-psalm-php",
            "rules": [
              {
                "branch_name_pattern": [],
                "commit_author_email_pattern": [],
                "commit_message_pattern": [],
                "committer_email_pattern": [],
                "copilot_code_review": [],
                "creation": false,
                "deletion": true,
                "file_extension_restriction": [],
                "file_path_restriction": [],
                "max_file_path_length": [],
                "max_file_size": [],
                "merge_queue": [],
                "non_fast_forward": true,
                "pull_request": [],
                "required_code_scanning": [],
                "required_deployments": [],
                "required_linear_history": false,
                "required_signatures": false,
                "required_status_checks": [],
                "tag_name_pattern": [],
                "update": false,
                "update_allows_fetch_and_merge": false
              }
            ],
            "ruleset_id": 15200861,
            "target": "tag"
          },
          "sensitive_attributes": [],
          "private": "eyJzY2hlbWFfdmVyc2lvbiI6IjEifQ==",
          "dependencies": [
            "module.repo.github_repository.this"
          ]
        }
      ]
    },
    {
      "module": "module.repo[\"ci-psalm-php\"]",
      "mode": "managed",
      "type": "github_repository_ruleset",
      "name": "require_pull_request",
      "provider": "provider[\"registry.opentofu.org/integrations/github\"]",
      "instances": [
        {
          "schema_version": 1,
          "attributes": {
            "bypass_actors": [
              {
                "actor_id": 0,
                "actor_type": "OrganizationAdmin",
                "bypass_mode": "always"
              },
              {
                "actor_id": 2462900,
                "actor_type": "Integration",
                "bypass_mode": "always"
              }
            ],
            "conditions": [
              {
                "ref_name": [
                  {
                    "exclude": [],
                    "include": [
                      "~DEFAULT_BRANCH",
                      "refs/heads/??.x",
                      "refs/heads/master"
                    ]
                  }
                ]
              }
            ],
            "enforcement": "active",
            "etag": "W/\"3b7d9a6e8a1fcb21c998baeec59f958864e0a8d5ad513068e8e0778a3dcf9e32\"",
            "id": "15186768",
            "name": "Require Pull Request",
            "node_id": "RRS_lACqUmVwb3NpdG9yec5IPuFyzgDnu1A",
            "repository": "ci-psalm-php",
            "rules": [
              {
                "branch_name_pattern": [],
                "commit_author_email_pattern": [],
                "commit_message_pattern": [],
                "committer_email_pattern": [],
                "copilot_code_review": [],
                "creation": false,
                "deletion": false,
                "file_extension_restriction": [],
                "file_path_restriction": [],
                "max_file_path_length": [],
                "max_file_size": [],
                "merge_queue": [],
                "non_fast_forward": false,
                "pull_request": [
                  {
                    "allowed_merge_methods": [
                      "squash"
                    ],
                    "dismiss_stale_reviews_on_push": false,
                    "require_code_owner_review": true,
                    "require_last_push_approval": false,
                    "required_approving_review_count": 0,
                    "required_review_thread_resolution": false,
                    "required_reviewers": []
                  }
                ],
                "required_code_scanning": [],
                "required_deployments": [],
                "required_linear_history": false,
                "required_signatures": false,
                "required_status_checks": [],
                "tag_name_pattern": [],
                "update": false,
                "update_allows_fetch_and_merge": false
              }
            ],
            "ruleset_id": 15186768,
            "target": "branch"
          },
          "sensitive_attributes": [],
          "private": "eyJzY2hlbWFfdmVyc2lvbiI6IjEifQ==",
          "dependencies": [
            "github_team.approvers",
            "module.repo.github_repository.this"
          ]
        }
      ]
    },
    {
      "module": "module.repo[\"ci-psalm-php\"]",
      "mode": "managed",
      "type": "github_repository_ruleset",
      "name": "required_default_checks",
      "provider": "provider[\"registry.opentofu.org/integrations/github\"]",
      "instances": [
        {
          "schema_version": 1,
          "attributes": {
            "bypass_actors": [
              {
                "actor_id": 0,
                "actor_type": "OrganizationAdmin",
                "bypass_mode": "always"
              },
              {
                "actor_id": 2462900,
                "actor_type": "Integration",
                "bypass_mode": "always"
              }
            ],
            "conditions": [
              {
                "ref_name": [
                  {
                    "exclude": [],
                    "include": [
                      "~DEFAULT_BRANCH",
                      "refs/heads/??.x"
                    ]
                  }
                ]
              }
            ],
            "enforcement": "active",
            "etag": "W/\"542831c7b88ada81cce0f5c0ae8c3e0c701676f66104836bea4c3e7fd0e7779a\"",
            "id": "15273989",
            "name": "Required Default PR Checks",
            "node_id": "RRS_lACqUmVwb3NpdG9yec5IPuFyzgDpEAU",
            "repository": "ci-psalm-php",
            "rules": [
              {
                "branch_name_pattern": [],
                "commit_author_email_pattern": [],
                "commit_message_pattern": [],
                "committer_email_pattern": [],
                "copilot_code_review": [],
                "creation": false,
                "deletion": false,
                "file_extension_restriction": [],
                "file_path_restriction": [],
                "max_file_path_length": [],
                "max_file_size": [],
                "merge_queue": [],
                "non_fast_forward": false,
                "pull_request": [],
                "required_code_scanning": [],
                "required_deployments": [],
                "required_linear_history": false,
                "required_signatures": false,
                "required_status_checks": [
                  {
                    "do_not_enforce_on_create": false,
                    "required_check": [
                      {
                        "context": "Commit Message Check / Check Commit Message",
                        "integration_id": 15368
                      },
                      {
                        "context": "Copyright Header Check / Check Copyright Header",
                        "integration_id": 15368
                      },
                      {
                        "context": "Markdown Check / Check Markdown",
                        "integration_id": 15368
                      },
                      {
                        "context": "Trailing Newline Check / Check Trailing Newline",
                        "integration_id": 15368
                      }
                    ],
                    "strict_required_status_checks_policy": false
                  }
                ],
                "tag_name_pattern": [],
                "update": false,
                "update_allows_fetch_and_merge": false
              }
            ],
            "ruleset_id": 15273989,
            "target": "branch"
          },
          "sensitive_attributes": [],
          "private": "eyJzY2hlbWFfdmVyc2lvbiI6IjEifQ==",
          "dependencies": [
            "module.repo.github_repository.this"
          ]
        }
      ]
    },
    {
      "module": "module.repo[\"ci-psalm-php\"]",
      "mode": "managed",
      "type": "github_repository_ruleset",
      "name": "required_language_checks",
      "provider": "provider[\"registry.opentofu.org/integrations/github\"]",
      "instances": [
        {
          "index_key": 0,
          "schema_version": 1,
          "attributes": {
            "bypass_actors": [
              {
                "actor_id": 0,
                "actor_type": "OrganizationAdmin",
                "bypass_mode": "always"
              },
              {
                "actor_id": 2462900,
                "actor_type": "Integration",
                "bypass_mode": "always"
              }
            ],
            "conditions": [
              {
                "ref_name": [
                  {
                    "exclude": [],
                    "include": [
                      "~DEFAULT_BRANCH",
                      "refs/heads/??.x"
                    ]
                  }
                ]
              }
            ],
            "enforcement": "active",
            "etag": "W/\"539c252a83f9fec3ba6e02646a1d6a737424597bc2f3e54f87df567157ff90a6\"",
            "id": "15273990",
            "name": "Required PHP PR Checks",
            "node_id": "RRS_lACqUmVwb3NpdG9yec5IPuFyzgDpEAY",
            "repository": "ci-psalm-php",
            "rules": [
              {
                "branch_name_pattern": [],
                "commit_author_email_pattern": [],
                "commit_message_pattern": [],
                "committer_email_pattern": [],
                "copilot_code_review": [],
                "creation": false,
                "deletion": false,
                "file_extension_restriction": [],
                "file_path_restriction": [],
                "max_file_path_length": [],
                "max_file_size": [],
                "merge_queue": [],
                "non_fast_forward": false,
                "pull_request": [],
                "required_code_scanning": [],
                "required_deployments": [],
                "required_linear_history": false,
                "required_signatures": false,
                "required_status_checks": [
                  {
                    "do_not_enforce_on_create": false,
                    "required_check": [
                      {
                        "context": "Tools / PHP CS Fixer / PHP 8.4",
                        "integration_id": 15368
                      },
                      {
                        "context": "Tools / PHP Code Sniffer / PHP 8.4",
                        "integration_id": 15368
                      },
                      {
                        "context": "Tools / PHPArkitect / PHP 8.4",
                        "integration_id": 15368
                      },
                      {
                        "context": "Tools / PHPStan / PHP 8.4",
                        "integration_id": 15368
                      },
                      {
                        "context": "Tools / PHPUnit / PHP 8.4",
                        "integration_id": 15368
                      },
                      {
                        "context": "Tools / PHPUnit / PHP 8.5",
                        "integration_id": 15368
                      },
                      {
                        "context": "Tools / PHPUnit / PHP 8.6",
                        "integration_id": 15368
                      },
                      {
                        "context": "Tools / Psalm / PHP 8.4",
                        "integration_id": 15368
                      },
                      {
                        "context": "Tools / Rector / PHP 8.4",
                        "integration_id": 15368
                      }
                    ],
                    "strict_required_status_checks_policy": false
                  }
                ],
                "tag_name_pattern": [],
                "update": false,
                "update_allows_fetch_and_merge": false
              }
            ],
            "ruleset_id": 15273990,
            "target": "branch"
          },
          "sensitive_attributes": [],
          "private": "eyJzY2hlbWFfdmVyc2lvbiI6IjEifQ==",
          "dependencies": [
            "module.repo.github_repository.this"
          ]
        }
      ]
    },
    {
      "module": "module.repo[\"ci-psalm-php\"]",
      "mode": "managed",
      "type": "github_repository_ruleset",
      "name": "restrict_unsupported_branches",
      "provider": "provider[\"registry.opentofu.org/integrations/github\"]",
      "instances": [
        {
          "schema_version": 1,
          "attributes": {
            "bypass_actors": [
              {
                "actor_id": 2462900,
                "actor_type": "Integration",
                "bypass_mode": "always"
              }
            ],
            "conditions": [
              {
                "ref_name": [
                  {
                    "exclude": [],
                    "include": [
                      "refs/heads/??.x-backup",
                      "refs/heads/master-backup"
                    ]
                  }
                ]
              }
            ],
            "enforcement": "active",
            "etag": "W/\"dee9461dbcda5d9ef981fe7644ac74ac50aff69fda6cfd565a278cd24cd00cc6\"",
            "id": "15186773",
            "name": "Restrict Changes to Unsupported Branches",
            "node_id": "RRS_lACqUmVwb3NpdG9yec5IPuFyzgDnu1U",
            "repository": "ci-psalm-php",
            "rules": [
              {
                "branch_name_pattern": [],
                "commit_author_email_pattern": [],
                "commit_message_pattern": [],
                "committer_email_pattern": [],
                "copilot_code_review": [],
                "creation": true,
                "deletion": true,
                "file_extension_restriction": [],
                "file_path_restriction": [],
                "max_file_path_length": [],
                "max_file_size": [],
                "merge_queue": [],
                "non_fast_forward": true,
                "pull_request": [],
                "required_code_scanning": [],
                "required_deployments": [],
                "required_linear_history": false,
                "required_signatures": false,
                "required_status_checks": [],
                "tag_name_pattern": [],
                "update": true,
                "update_allows_fetch_and_merge": false
              }
            ],
            "ruleset_id": 15186773,
            "target": "branch"
          },
          "sensitive_attributes": [],
          "private": "eyJzY2hlbWFfdmVyc2lvbiI6IjEifQ==",
          "dependencies": [
            "module.repo.github_repository.this"
          ]
        }
      ]
    },
    {
      "module": "module.repo[\"ci-psalm-php\"]",
      "mode": "managed",
      "type": "github_repository_vulnerability_alerts",
      "name": "this",
      "provider": "provider[\"registry.opentofu.org/integrations/github\"]",
      "instances": [
        {
          "schema_version": 0,
          "attributes": {
            "enabled": true,
            "id": "1212080498",
            "repository": "ci-psalm-php",
            "repository_id": 1212080498
          },
          "sensitive_attributes": [],
          "private": "eyJzY2hlbWFfdmVyc2lvbiI6IjAifQ==",
          "dependencies": [
            "module.repo.github_repository.this"
          ]
        }
      ]
    },
    {
      "module": "module.repo[\"ci-psalm-php\"]",
      "mode": "managed",
      "type": "github_team_repository",
      "name": "approvers",
      "provider": "provider[\"registry.opentofu.org/integrations/github\"]",
      "instances": [
        {
          "index_key": 0,
          "schema_version": 0,
          "attributes": {
            "etag": "W/\"1a6e3894ca27b2670a87c673064267b251b5591444458d291f82cceac91b3e2f\"",
            "id": "18867552:ci-psalm-php",
            "permission": "push",
            "repository": "ci-psalm-php",
            "team_id": "approvers"
          },
          "sensitive_attributes": [],
          "private": "bnVsbA==",
          "dependencies": [
            "module.repo.github_repository.this"
          ]
        }
      ]
    },
    {
      "module": "module.repo[\"ci-rector-php\"]",
      "mode": "managed",
      "type": "github_issue_label",
      "name": "claude_review",
      "provider": "provider[\"registry.opentofu.org/integrations/github\"]",
      "instances": [
        {
          "schema_version": 0,
          "attributes": {
            "color": "5319e7",
            "description": "Ask Claude to review this pull request",
            "etag": "W/\"5672ac25cd4fb61590e4fa843bd879f7dd8f9a6c50337b73c6888065003fbd52\"",
            "id": "ci-rector-php:claude-review",
            "name": "claude-review",
            "repository": "ci-rector-php",
            "url": "https://api.github.com/repos/valkyrjaio/ci-rector-php/labels/claude-review"
          },
          "sensitive_attributes": [],
          "private": "eyJzY2hlbWFfdmVyc2lvbiI6IjAifQ==",
          "dependencies": [
            "module.repo.github_repository.this"
          ]
        }
      ]
    },
    {
      "module": "module.repo[\"ci-rector-php\"]",
      "mode": "managed",
      "type": "github_repository",
      "name": "this",
      "provider": "provider[\"registry.opentofu.org/integrations/github\"]",
      "instances": [
        {
          "schema_version": 1,
          "attributes": {
            "allow_auto_merge": false,
            "allow_forking": true,
            "allow_merge_commit": false,
            "allow_rebase_merge": false,
            "allow_squash_merge": true,
            "allow_update_branch": false,
            "archive_on_destroy": null,
            "archived": false,
            "auto_init": false,
            "default_branch": "26.x",
            "delete_branch_on_merge": true,
            "description": "Shared Rector configuration for Valkyrja PHP projects",
            "etag": "W/\"cc081816136e1be348c0da1032d3409d032a6bb75a00a5caa5263f028e410934\"",
            "fork": "false",
            "full_name": "valkyrjaio/ci-rector-php",
            "git_clone_url": "git://github.com/valkyrjaio/ci-rector-php.git",
            "gitignore_template": null,
            "has_discussions": false,
            "has_downloads": false,
            "has_issues": true,
            "has_projects": false,
            "has_wiki": false,
            "homepage_url": "",
            "html_url": "https://github.com/valkyrjaio/ci-rector-php",
            "http_clone_url": "https://github.com/valkyrjaio/ci-rector-php.git",
            "id": "ci-rector-php",
            "ignore_vulnerability_alerts_during_read": null,
            "is_template": false,
            "license_template": null,
            "merge_commit_message": "PR_TITLE",
            "merge_commit_title": "MERGE_MESSAGE",
            "name": "ci-rector-php",
            "node_id": "R_kgDOSDyYjw",
            "pages": [],
            "primary_language": "PHP",
            "private": false,
            "repo_id": 1211930767,
            "security_and_analysis": [
              {
                "advanced_security": [],
                "code_security": [],
                "secret_scanning": [
                  {
                    "status": "disabled"
                  }
                ],
                "secret_scanning_ai_detection": [],
                "secret_scanning_non_provider_patterns": [],
                "secret_scanning_push_protection": [
                  {
                    "status": "disabled"
                  }
                ]
              }
            ],
            "source_owner": "",
            "source_repo": "",
            "squash_merge_commit_message": "PR_BODY",
            "squash_merge_commit_title": "PR_TITLE",
            "ssh_clone_url": "git@github.com:valkyrjaio/ci-rector-php.git",
            "svn_url": "https://github.com/valkyrjaio/ci-rector-php",
            "template": [],
            "topics": [],
            "visibility": "public",
            "vulnerability_alerts": true,
            "web_commit_signoff_required": false
          },
          "sensitive_attributes": [],
          "private": "eyJzY2hlbWFfdmVyc2lvbiI6IjEifQ=="
        }
      ]
    },
    {
      "module": "module.repo[\"ci-rector-php\"]",
      "mode": "managed",
      "type": "github_repository_ruleset",
      "name": "force_push_protection",
      "provider": "provider[\"registry.opentofu.org/integrations/github\"]",
      "instances": [
        {
          "schema_version": 1,
          "attributes": {
            "bypass_actors": [
              {
                "actor_id": 0,
                "actor_type": "OrganizationAdmin",
                "bypass_mode": "always"
              }
            ],
            "conditions": [
              {
                "ref_name": [
                  {
                    "exclude": [],
                    "include": [
                      "refs/heads/??.x"
                    ]
                  }
                ]
              }
            ],
            "enforcement": "active",
            "etag": "W/\"74e7116a9df012dcffe994c636101895c3f5a99dcced3762a53a42b05344112a\"",
            "id": "15189134",
            "name": "Protect Against Force Pushes and Deletion",
            "node_id": "RRS_lACqUmVwb3NpdG9yec5IPJiPzgDnxI4",
            "repository": "ci-rector-php",
            "rules": [
              {
                "branch_name_pattern": [],
                "commit_author_email_pattern": [],
                "commit_message_pattern": [],
                "committer_email_pattern": [],
                "copilot_code_review": [],
                "creation": false,
                "deletion": true,
                "file_extension_restriction": [],
                "file_path_restriction": [],
                "max_file_path_length": [],
                "max_file_size": [],
                "merge_queue": [],
                "non_fast_forward": true,
                "pull_request": [],
                "required_code_scanning": [],
                "required_deployments": [],
                "required_linear_history": false,
                "required_signatures": false,
                "required_status_checks": [],
                "tag_name_pattern": [],
                "update": false,
                "update_allows_fetch_and_merge": false
              }
            ],
            "ruleset_id": 15189134,
            "target": "branch"
          },
          "sensitive_attributes": [],
          "private": "eyJzY2hlbWFfdmVyc2lvbiI6IjEifQ==",
          "dependencies": [
            "module.repo.github_repository.this"
          ]
        }
      ]
    },
    {
      "module": "module.repo[\"ci-rector-php\"]",
      "mode": "managed",
      "type": "github_repository_ruleset",
      "name": "protect_master",
      "provider": "provider[\"registry.opentofu.org/integrations/github\"]",
      "instances": [
        {
          "schema_version": 1,
          "attributes": {
            "bypass_actors": [],
            "conditions": [
              {
                "ref_name": [
                  {
                    "exclude": [],
                    "include": [
                      "refs/heads/master"
                    ]
                  }
                ]
              }
            ],
            "enforcement": "active",
            "etag": "W/\"7e442f697c8e70e95d89008cd02a64b0bbde1a9fa9f4ece02383090f85d0ea3b\"",
            "id": "15189136",
            "name": "Protect Master At All Times",
            "node_id": "RRS_lACqUmVwb3NpdG9yec5IPJiPzgDnxJA",
            "repository": "ci-rector-php",
            "rules": [
              {
                "branch_name_pattern": [],
                "commit_author_email_pattern": [],
                "commit_message_pattern": [],
                "committer_email_pattern": [],
                "copilot_code_review": [],
                "creation": false,
                "deletion": true,
                "file_extension_restriction": [],
                "file_path_restriction": [],
                "max_file_path_length": [],
                "max_file_size": [],
                "merge_queue": [],
                "non_fast_forward": true,
                "pull_request": [],
                "required_code_scanning": [],
                "required_deployments": [],
                "required_linear_history": false,
                "required_signatures": false,
                "required_status_checks": [],
                "tag_name_pattern": [],
                "update": false,
                "update_allows_fetch_and_merge": false
              }
            ],
            "ruleset_id": 15189136,
            "target": "branch"
          },
          "sensitive_attributes": [],
          "private": "eyJzY2hlbWFfdmVyc2lvbiI6IjEifQ==",
          "dependencies": [
            "module.repo.github_repository.this"
          ]
        }
      ]
    },
    {
      "module": "module.repo[\"ci-rector-php\"]",
      "mode": "managed",
      "type": "github_repository_ruleset",
      "name": "protect_release_tags",
      "provider": "provider[\"registry.opentofu.org/integrations/github\"]",
      "instances": [
        {
          "schema_version": 1,
          "attributes": {
            "bypass_actors": [
              {
                "actor_id": 0,
                "actor_type": "OrganizationAdmin",
                "bypass_mode": "always"
              }
            ],
            "conditions": [
              {
                "ref_name": [
                  {
                    "exclude": [],
                    "include": [
                      "refs/tags/*.*.*"
                    ]
                  }
                ]
              }
            ],
            "enforcement": "active",
            "etag": "W/\"f28888df377b223daf22735c466da702cfde1d56a4172d68c65255388b96c69e\"",
            "id": "15200859",
            "name": "Protect Release Tags",
            "node_id": "RRS_lACqUmVwb3NpdG9yec5IPJiPzgDn8ls",
            "repository": "ci-rector-php",
            "rules": [
              {
                "branch_name_pattern": [],
                "commit_author_email_pattern": [],
                "commit_message_pattern": [],
                "committer_email_pattern": [],
                "copilot_code_review": [],
                "creation": false,
                "deletion": true,
                "file_extension_restriction": [],
                "file_path_restriction": [],
                "max_file_path_length": [],
                "max_file_size": [],
                "merge_queue": [],
                "non_fast_forward": true,
                "pull_request": [],
                "required_code_scanning": [],
                "required_deployments": [],
                "required_linear_history": false,
                "required_signatures": false,
                "required_status_checks": [],
                "tag_name_pattern": [],
                "update": false,
                "update_allows_fetch_and_merge": false
              }
            ],
            "ruleset_id": 15200859,
            "target": "tag"
          },
          "sensitive_attributes": [],
          "private": "eyJzY2hlbWFfdmVyc2lvbiI6IjEifQ==",
          "dependencies": [
            "module.repo.github_repository.this"
          ]
        }
      ]
    },
    {
      "module": "module.repo[\"ci-rector-php\"]",
      "mode": "managed",
      "type": "github_repository_ruleset",
      "name": "require_pull_request",
      "provider": "provider[\"registry.opentofu.org/integrations/github\"]",
      "instances": [
        {
          "schema_version": 1,
          "attributes": {
            "bypass_actors": [
              {
                "actor_id": 0,
                "actor_type": "OrganizationAdmin",
                "bypass_mode": "always"
              },
              {
                "actor_id": 2462900,
                "actor_type": "Integration",
                "bypass_mode": "always"
              }
            ],
            "conditions": [
              {
                "ref_name": [
                  {
                    "exclude": [],
                    "include": [
                      "~DEFAULT_BRANCH",
                      "refs/heads/??.x",
                      "refs/heads/master"
                    ]
                  }
                ]
              }
            ],
            "enforcement": "active",
            "etag": "W/\"3a020502caf39fd4be3343b56cdf9fadd1d6c77f094f0207753a2fc76be3b507\"",
            "id": "15189137",
            "name": "Require Pull Request",
            "node_id": "RRS_lACqUmVwb3NpdG9yec5IPJiPzgDnxJE",
            "repository": "ci-rector-php",
            "rules": [
              {
                "branch_name_pattern": [],
                "commit_author_email_pattern": [],
                "commit_message_pattern": [],
                "committer_email_pattern": [],
                "copilot_code_review": [],
                "creation": false,
                "deletion": false,
                "file_extension_restriction": [],
                "file_path_restriction": [],
                "max_file_path_length": [],
                "max_file_size": [],
                "merge_queue": [],
                "non_fast_forward": false,
                "pull_request": [
                  {
                    "allowed_merge_methods": [
                      "squash"
                    ],
                    "dismiss_stale_reviews_on_push": false,
                    "require_code_owner_review": true,
                    "require_last_push_approval": false,
                    "required_approving_review_count": 0,
                    "required_review_thread_resolution": false,
                    "required_reviewers": []
                  }
                ],
                "required_code_scanning": [],
                "required_deployments": [],
                "required_linear_history": false,
                "required_signatures": false,
                "required_status_checks": [],
                "tag_name_pattern": [],
                "update": false,
                "update_allows_fetch_and_merge": false
              }
            ],
            "ruleset_id": 15189137,
            "target": "branch"
          },
          "sensitive_attributes": [],
          "private": "eyJzY2hlbWFfdmVyc2lvbiI6IjEifQ==",
          "dependencies": [
            "github_team.approvers",
            "module.repo.github_repository.this"
          ]
        }
      ]
    },
    {
      "module": "module.repo[\"ci-rector-php\"]",
      "mode": "managed",
      "type": "github_repository_ruleset",
      "name": "required_default_checks",
      "provider": "provider[\"registry.opentofu.org/integrations/github\"]",
      "instances": [
        {
          "schema_version": 1,
          "attributes": {
            "bypass_actors": [
              {
                "actor_id": 0,
                "actor_type": "OrganizationAdmin",
                "bypass_mode": "always"
              },
              {
                "actor_id": 2462900,
                "actor_type": "Integration",
                "bypass_mode": "always"
              }
            ],
            "conditions": [
              {
                "ref_name": [
                  {
                    "exclude": [],
                    "include": [
                      "~DEFAULT_BRANCH",
                      "refs/heads/??.x"
                    ]
                  }
                ]
              }
            ],
            "enforcement": "active",
            "etag": "W/\"53d06344a33aeae16a6a653e20c515045b2aae7be2e2fd141ed19d5dfe3cf413\"",
            "id": "15273984",
            "name": "Required Default PR Checks",
            "node_id": "RRS_lACqUmVwb3NpdG9yec5IPJiPzgDpEAA",
            "repository": "ci-rector-php",
            "rules": [
              {
                "branch_name_pattern": [],
                "commit_author_email_pattern": [],
                "commit_message_pattern": [],
                "committer_email_pattern": [],
                "copilot_code_review": [],
                "creation": false,
                "deletion": false,
                "file_extension_restriction": [],
                "file_path_restriction": [],
                "max_file_path_length": [],
                "max_file_size": [],
                "merge_queue": [],
                "non_fast_forward": false,
                "pull_request": [],
                "required_code_scanning": [],
                "required_deployments": [],
                "required_linear_history": false,
                "required_signatures": false,
                "required_status_checks": [
                  {
                    "do_not_enforce_on_create": false,
                    "required_check": [
                      {
                        "context": "Commit Message Check / Check Commit Message",
                        "integration_id": 15368
                      },
                      {
                        "context": "Copyright Header Check / Check Copyright Header",
                        "integration_id": 15368
                      },
                      {
                        "context": "Markdown Check / Check Markdown",
                        "integration_id": 15368
                      },
                      {
                        "context": "Trailing Newline Check / Check Trailing Newline",
                        "integration_id": 15368
                      }
                    ],
                    "strict_required_status_checks_policy": false
                  }
                ],
                "tag_name_pattern": [],
                "update": false,
                "update_allows_fetch_and_merge": false
              }
            ],
            "ruleset_id": 15273984,
            "target": "branch"
          },
          "sensitive_attributes": [],
          "private": "eyJzY2hlbWFfdmVyc2lvbiI6IjEifQ==",
          "dependencies": [
            "module.repo.github_repository.this"
          ]
        }
      ]
    },
    {
      "module": "module.repo[\"ci-rector-php\"]",
      "mode": "managed",
      "type": "github_repository_ruleset",
      "name": "required_language_checks",
      "provider": "provider[\"registry.opentofu.org/integrations/github\"]",
      "instances": [
        {
          "index_key": 0,
          "schema_version": 1,
          "attributes": {
            "bypass_actors": [
              {
                "actor_id": 0,
                "actor_type": "OrganizationAdmin",
                "bypass_mode": "always"
              },
              {
                "actor_id": 2462900,
                "actor_type": "Integration",
                "bypass_mode": "always"
              }
            ],
            "conditions": [
              {
                "ref_name": [
                  {
                    "exclude": [],
                    "include": [
                      "~DEFAULT_BRANCH",
                      "refs/heads/??.x"
                    ]
                  }
                ]
              }
            ],
            "enforcement": "active",
            "etag": "W/\"95e633f6e05ec682c27feb75915308245e96ba76cd7371d4cd156dd6d52fcba7\"",
            "id": "15273985",
            "name": "Required PHP PR Checks",
            "node_id": "RRS_lACqUmVwb3NpdG9yec5IPJiPzgDpEAE",
            "repository": "ci-rector-php",
            "rules": [
              {
                "branch_name_pattern": [],
                "commit_author_email_pattern": [],
                "commit_message_pattern": [],
                "committer_email_pattern": [],
                "copilot_code_review": [],
                "creation": false,
                "deletion": false,
                "file_extension_restriction": [],
                "file_path_restriction": [],
                "max_file_path_length": [],
                "max_file_size": [],
                "merge_queue": [],
                "non_fast_forward": false,
                "pull_request": [],
                "required_code_scanning": [],
                "required_deployments": [],
                "required_linear_history": false,
                "required_signatures": false,
                "required_status_checks": [
                  {
                    "do_not_enforce_on_create": false,
                    "required_check": [
                      {
                        "context": "Tools / PHP CS Fixer / PHP 8.4",
                        "integration_id": 15368
                      },
                      {
                        "context": "Tools / PHP Code Sniffer / PHP 8.4",
                        "integration_id": 15368
                      },
                      {
                        "context": "Tools / PHPArkitect / PHP 8.4",
                        "integration_id": 15368
                      },
                      {
                        "context": "Tools / PHPStan / PHP 8.4",
                        "integration_id": 15368
                      },
                      {
                        "context": "Tools / PHPUnit / PHP 8.4",
                        "integration_id": 15368
                      },
                      {
                        "context": "Tools / PHPUnit / PHP 8.5",
                        "integration_id": 15368
                      },
                      {
                        "context": "Tools / PHPUnit / PHP 8.6",
                        "integration_id": 15368
                      },
                      {
                        "context": "Tools / Psalm / PHP 8.4",
                        "integration_id": 15368
                      },
                      {
                        "context": "Tools / Rector / PHP 8.4",
                        "integration_id": 15368
                      }
                    ],
                    "strict_required_status_checks_policy": false
                  }
                ],
                "tag_name_pattern": [],
                "update": false,
                "update_allows_fetch_and_merge": false
              }
            ],
            "ruleset_id": 15273985,
            "target": "branch"
          },
          "sensitive_attributes": [],
          "private": "eyJzY2hlbWFfdmVyc2lvbiI6IjEifQ==",
          "dependencies": [
            "module.repo.github_repository.this"
          ]
        }
      ]
    },
    {
      "module": "module.repo[\"ci-rector-php\"]",
      "mode": "managed",
      "type": "github_repository_ruleset",
      "name": "restrict_unsupported_branches",
      "provider": "provider[\"registry.opentofu.org/integrations/github\"]",
      "instances": [
        {
          "schema_version": 1,
          "attributes": {
            "bypass_actors": [
              {
                "actor_id": 2462900,
                "actor_type": "Integration",
                "bypass_mode": "always"
              }
            ],
            "conditions": [
              {
                "ref_name": [
                  {
                    "exclude": [],
                    "include": [
                      "refs/heads/??.x-backup",
                      "refs/heads/master-backup"
                    ]
                  }
                ]
              }
            ],
            "enforcement": "active",
            "etag": "W/\"f7c8b017799fabaf91168b1dd6a913988a36f6873a5a99084d95e7e53096a6a9\"",
            "id": "15189138",
            "name": "Restrict Changes to Unsupported Branches",
            "node_id": "RRS_lACqUmVwb3NpdG9yec5IPJiPzgDnxJI",
            "repository": "ci-rector-php",
            "rules": [
              {
                "branch_name_pattern": [],
                "commit_author_email_pattern": [],
                "commit_message_pattern": [],
                "committer_email_pattern": [],
                "copilot_code_review": [],
                "creation": true,
                "deletion": true,
                "file_extension_restriction": [],
                "file_path_restriction": [],
                "max_file_path_length": [],
                "max_file_size": [],
                "merge_queue": [],
                "non_fast_forward": true,
                "pull_request": [],
                "required_code_scanning": [],
                "required_deployments": [],
                "required_linear_history": false,
                "required_signatures": false,
                "required_status_checks": [],
                "tag_name_pattern": [],
                "update": true,
                "update_allows_fetch_and_merge": false
              }
            ],
            "ruleset_id": 15189138,
            "target": "branch"
          },
          "sensitive_attributes": [],
          "private": "eyJzY2hlbWFfdmVyc2lvbiI6IjEifQ==",
          "dependencies": [
            "module.repo.github_repository.this"
          ]
        }
      ]
    },
    {
      "module": "module.repo[\"ci-rector-php\"]",
      "mode": "managed",
      "type": "github_repository_vulnerability_alerts",
      "name": "this",
      "provider": "provider[\"registry.opentofu.org/integrations/github\"]",
      "instances": [
        {
          "schema_version": 0,
          "attributes": {
            "enabled": true,
            "id": "1211930767",
            "repository": "ci-rector-php",
            "repository_id": 1211930767
          },
          "sensitive_attributes": [],
          "private": "eyJzY2hlbWFfdmVyc2lvbiI6IjAifQ==",
          "dependencies": [
            "module.repo.github_repository.this"
          ]
        }
      ]
    },
    {
      "module": "module.repo[\"ci-rector-php\"]",
      "mode": "managed",
      "type": "github_team_repository",
      "name": "approvers",
      "provider": "provider[\"registry.opentofu.org/integrations/github\"]",
      "instances": [
        {
          "index_key": 0,
          "schema_version": 0,
          "attributes": {
            "etag": "W/\"e490dbd1e5e2153b41b57c04711db400e1f52ac508cc53055840bd2f0a31fb1e\"",
            "id": "18867552:ci-rector-php",
            "permission": "push",
            "repository": "ci-rector-php",
            "team_id": "approvers"
          },
          "sensitive_attributes": [],
          "private": "bnVsbA==",
          "dependencies": [
            "module.repo.github_repository.this"
          ]
        }
      ]
    },
    {
      "module": "module.repo[\"ci-ruff-python\"]",
      "mode": "managed",
      "type": "github_issue_label",
      "name": "claude_review",
      "provider": "provider[\"registry.opentofu.org/integrations/github\"]",
      "instances": [
        {
          "schema_version": 0,
          "attributes": {
            "color": "5319e7",
            "description": "Ask Claude to review this pull request",
            "etag": "W/\"555941dbac6a08903688ed77fe6db4b8717e7d8a35d3c05ef21285aa51e53e9b\"",
            "id": "ci-ruff-python:claude-review",
            "name": "claude-review",
            "repository": "ci-ruff-python",
            "url": "https://api.github.com/repos/valkyrjaio/ci-ruff-python/labels/claude-review"
          },
          "sensitive_attributes": [],
          "private": "eyJzY2hlbWFfdmVyc2lvbiI6IjAifQ==",
          "dependencies": [
            "module.repo.github_repository.this"
          ]
        }
      ]
    },
    {
      "module": "module.repo[\"ci-ruff-python\"]",
      "mode": "managed",
      "type": "github_repository",
      "name": "this",
      "provider": "provider[\"registry.opentofu.org/integrations/github\"]",
      "instances": [
        {
          "schema_version": 1,
          "attributes": {
            "allow_auto_merge": false,
            "allow_forking": true,
            "allow_merge_commit": false,
            "allow_rebase_merge": false,
            "allow_squash_merge": true,
            "allow_update_branch": false,
            "archive_on_destroy": null,
            "archived": false,
            "auto_init": false,
            "default_branch": "26.x",
            "delete_branch_on_merge": true,
            "description": "Shared Ruff configuration for Valkyrja Python projects",
            "etag": "W/\"13479e6de6bedabb83165351ba61348dfed8989bc29f62e9b1ffaed4698c23da\"",
            "fork": "false",
            "full_name": "valkyrjaio/ci-ruff-python",
            "git_clone_url": "git://github.com/valkyrjaio/ci-ruff-python.git",
            "gitignore_template": null,
            "has_discussions": false,
            "has_downloads": false,
            "has_issues": true,
            "has_projects": false,
            "has_wiki": false,
            "homepage_url": "",
            "html_url": "https://github.com/valkyrjaio/ci-ruff-python",
            "http_clone_url": "https://github.com/valkyrjaio/ci-ruff-python.git",
            "id": "ci-ruff-python",
            "ignore_vulnerability_alerts_during_read": null,
            "is_template": false,
            "license_template": null,
            "merge_commit_message": "PR_TITLE",
            "merge_commit_title": "MERGE_MESSAGE",
            "name": "ci-ruff-python",
            "node_id": "R_kgDOTr7RbA",
            "pages": [],
            "primary_language": "Python",
            "private": false,
            "repo_id": 1321128300,
            "security_and_analysis": [
              {
                "advanced_security": [],
                "code_security": [],
                "secret_scanning": [
                  {
                    "status": "disabled"
                  }
                ],
                "secret_scanning_ai_detection": [],
                "secret_scanning_non_provider_patterns": [],
                "secret_scanning_push_protection": [
                  {
                    "status": "disabled"
                  }
                ]
              }
            ],
            "source_owner": "",
            "source_repo": "",
            "squash_merge_commit_message": "PR_BODY",
            "squash_merge_commit_title": "PR_TITLE",
            "ssh_clone_url": "git@github.com:valkyrjaio/ci-ruff-python.git",
            "svn_url": "https://github.com/valkyrjaio/ci-ruff-python",
            "template": [
              {
                "include_all_branches": false,
                "owner": "valkyrjaio",
                "repository": "project-template-python"
              }
            ],
            "topics": [],
            "visibility": "public",
            "vulnerability_alerts": true,
            "web_commit_signoff_required": false
          },
          "sensitive_attributes": [],
          "private": "eyJzY2hlbWFfdmVyc2lvbiI6IjEifQ=="
        }
      ]
    },
    {
      "module": "module.repo[\"ci-ruff-python\"]",
      "mode": "managed",
      "type": "github_repository_ruleset",
      "name": "force_push_protection",
      "provider": "provider[\"registry.opentofu.org/integrations/github\"]",
      "instances": [
        {
          "schema_version": 1,
          "attributes": {
            "bypass_actors": [
              {
                "actor_id": 0,
                "actor_type": "OrganizationAdmin",
                "bypass_mode": "always"
              }
            ],
            "conditions": [
              {
                "ref_name": [
                  {
                    "exclude": [],
                    "include": [
                      "refs/heads/??.x"
                    ]
                  }
                ]
              }
            ],
            "enforcement": "active",
            "etag": "W/\"c05837ff4725563330321ce53c4c78d226a78046839b8df41af193994211957c\"",
            "id": "20269364",
            "name": "Protect Against Force Pushes and Deletion",
            "node_id": "RRS_lACqUmVwb3NpdG9yec5OvtFszgE1STQ",
            "repository": "ci-ruff-python",
            "rules": [
              {
                "branch_name_pattern": [],
                "commit_author_email_pattern": [],
                "commit_message_pattern": [],
                "committer_email_pattern": [],
                "copilot_code_review": [],
                "creation": false,
                "deletion": true,
                "file_extension_restriction": [],
                "file_path_restriction": [],
                "max_file_path_length": [],
                "max_file_size": [],
                "merge_queue": [],
                "non_fast_forward": true,
                "pull_request": [],
                "required_code_scanning": [],
                "required_deployments": [],
                "required_linear_history": false,
                "required_signatures": false,
                "required_status_checks": [],
                "tag_name_pattern": [],
                "update": false,
                "update_allows_fetch_and_merge": false
              }
            ],
            "ruleset_id": 20269364,
            "target": "branch"
          },
          "sensitive_attributes": [],
          "private": "eyJzY2hlbWFfdmVyc2lvbiI6IjEifQ==",
          "dependencies": [
            "module.repo.github_repository.this"
          ]
        }
      ]
    },
    {
      "module": "module.repo[\"ci-ruff-python\"]",
      "mode": "managed",
      "type": "github_repository_ruleset",
      "name": "protect_master",
      "provider": "provider[\"registry.opentofu.org/integrations/github\"]",
      "instances": [
        {
          "schema_version": 1,
          "attributes": {
            "bypass_actors": [],
            "conditions": [
              {
                "ref_name": [
                  {
                    "exclude": [],
                    "include": [
                      "refs/heads/master"
                    ]
                  }
                ]
              }
            ],
            "enforcement": "active",
            "etag": "W/\"13d7015041e5a9354847f75efcdcb0ed996f20808b12a973b63faf61c11b9d9f\"",
            "id": "20269366",
            "name": "Protect Master At All Times",
            "node_id": "RRS_lACqUmVwb3NpdG9yec5OvtFszgE1STY",
            "repository": "ci-ruff-python",
            "rules": [
              {
                "branch_name_pattern": [],
                "commit_author_email_pattern": [],
                "commit_message_pattern": [],
                "committer_email_pattern": [],
                "copilot_code_review": [],
                "creation": false,
                "deletion": true,
                "file_extension_restriction": [],
                "file_path_restriction": [],
                "max_file_path_length": [],
                "max_file_size": [],
                "merge_queue": [],
                "non_fast_forward": true,
                "pull_request": [],
                "required_code_scanning": [],
                "required_deployments": [],
                "required_linear_history": false,
                "required_signatures": false,
                "required_status_checks": [],
                "tag_name_pattern": [],
                "update": false,
                "update_allows_fetch_and_merge": false
              }
            ],
            "ruleset_id": 20269366,
            "target": "branch"
          },
          "sensitive_attributes": [],
          "private": "eyJzY2hlbWFfdmVyc2lvbiI6IjEifQ==",
          "dependencies": [
            "module.repo.github_repository.this"
          ]
        }
      ]
    },
    {
      "module": "module.repo[\"ci-ruff-python\"]",
      "mode": "managed",
      "type": "github_repository_ruleset",
      "name": "protect_release_tags",
      "provider": "provider[\"registry.opentofu.org/integrations/github\"]",
      "instances": [
        {
          "schema_version": 1,
          "attributes": {
            "bypass_actors": [
              {
                "actor_id": 0,
                "actor_type": "OrganizationAdmin",
                "bypass_mode": "always"
              }
            ],
            "conditions": [
              {
                "ref_name": [
                  {
                    "exclude": [],
                    "include": [
                      "refs/tags/*.*.*"
                    ]
                  }
                ]
              }
            ],
            "enforcement": "active",
            "etag": "W/\"b262c2cbe9b1a276e203012e8e57f9a9c4f8177c112fd56e311531a92ae9436d\"",
            "id": "20269367",
            "name": "Protect Release Tags",
            "node_id": "RRS_lACqUmVwb3NpdG9yec5OvtFszgE1STc",
            "repository": "ci-ruff-python",
            "rules": [
              {
                "branch_name_pattern": [],
                "commit_author_email_pattern": [],
                "commit_message_pattern": [],
                "committer_email_pattern": [],
                "copilot_code_review": [],
                "creation": false,
                "deletion": true,
                "file_extension_restriction": [],
                "file_path_restriction": [],
                "max_file_path_length": [],
                "max_file_size": [],
                "merge_queue": [],
                "non_fast_forward": true,
                "pull_request": [],
                "required_code_scanning": [],
                "required_deployments": [],
                "required_linear_history": false,
                "required_signatures": false,
                "required_status_checks": [],
                "tag_name_pattern": [],
                "update": false,
                "update_allows_fetch_and_merge": false
              }
            ],
            "ruleset_id": 20269367,
            "target": "tag"
          },
          "sensitive_attributes": [],
          "private": "eyJzY2hlbWFfdmVyc2lvbiI6IjEifQ==",
          "dependencies": [
            "module.repo.github_repository.this"
          ]
        }
      ]
    },
    {
      "module": "module.repo[\"ci-ruff-python\"]",
      "mode": "managed",
      "type": "github_repository_ruleset",
      "name": "require_pull_request",
      "provider": "provider[\"registry.opentofu.org/integrations/github\"]",
      "instances": [
        {
          "schema_version": 1,
          "attributes": {
            "bypass_actors": [
              {
                "actor_id": 0,
                "actor_type": "OrganizationAdmin",
                "bypass_mode": "always"
              },
              {
                "actor_id": 2462900,
                "actor_type": "Integration",
                "bypass_mode": "always"
              }
            ],
            "conditions": [
              {
                "ref_name": [
                  {
                    "exclude": [],
                    "include": [
                      "~DEFAULT_BRANCH",
                      "refs/heads/??.x",
                      "refs/heads/master"
                    ]
                  }
                ]
              }
            ],
            "enforcement": "active",
            "etag": "W/\"c88d49c8ee5c46efb77ad3522c1af73f8baa00c95f580512d7ec92a6dddbd290\"",
            "id": "20269369",
            "name": "Require Pull Request",
            "node_id": "RRS_lACqUmVwb3NpdG9yec5OvtFszgE1STk",
            "repository": "ci-ruff-python",
            "rules": [
              {
                "branch_name_pattern": [],
                "commit_author_email_pattern": [],
                "commit_message_pattern": [],
                "committer_email_pattern": [],
                "copilot_code_review": [],
                "creation": false,
                "deletion": false,
                "file_extension_restriction": [],
                "file_path_restriction": [],
                "max_file_path_length": [],
                "max_file_size": [],
                "merge_queue": [],
                "non_fast_forward": false,
                "pull_request": [
                  {
                    "allowed_merge_methods": [
                      "squash"
                    ],
                    "dismiss_stale_reviews_on_push": false,
                    "require_code_owner_review": true,
                    "require_last_push_approval": false,
                    "required_approving_review_count": 0,
                    "required_review_thread_resolution": false,
                    "required_reviewers": []
                  }
                ],
                "required_code_scanning": [],
                "required_deployments": [],
                "required_linear_history": false,
                "required_signatures": false,
                "required_status_checks": [],
                "tag_name_pattern": [],
                "update": false,
                "update_allows_fetch_and_merge": false
              }
            ],
            "ruleset_id": 20269369,
            "target": "branch"
          },
          "sensitive_attributes": [],
          "private": "eyJzY2hlbWFfdmVyc2lvbiI6IjEifQ==",
          "dependencies": [
            "github_team.approvers",
            "module.repo.github_repository.this"
          ]
        }
      ]
    },
    {
      "module": "module.repo[\"ci-ruff-python\"]",
      "mode": "managed",
      "type": "github_repository_ruleset",
      "name": "required_default_checks",
      "provider": "provider[\"registry.opentofu.org/integrations/github\"]",
      "instances": [
        {
          "schema_version": 1,
          "attributes": {
            "bypass_actors": [
              {
                "actor_id": 0,
                "actor_type": "OrganizationAdmin",
                "bypass_mode": "always"
              },
              {
                "actor_id": 2462900,
                "actor_type": "Integration",
                "bypass_mode": "always"
              }
            ],
            "conditions": [
              {
                "ref_name": [
                  {
                    "exclude": [],
                    "include": [
                      "~DEFAULT_BRANCH",
                      "refs/heads/??.x"
                    ]
                  }
                ]
              }
            ],
            "enforcement": "active",
            "etag": "W/\"637891b33bdbd8df719bf94efa3a932fecde386ba282a3347e5bd14cf9d2a8c5\"",
            "id": "20269370",
            "name": "Required Default PR Checks",
            "node_id": "RRS_lACqUmVwb3NpdG9yec5OvtFszgE1STo",
            "repository": "ci-ruff-python",
            "rules": [
              {
                "branch_name_pattern": [],
                "commit_author_email_pattern": [],
                "commit_message_pattern": [],
                "committer_email_pattern": [],
                "copilot_code_review": [],
                "creation": false,
                "deletion": false,
                "file_extension_restriction": [],
                "file_path_restriction": [],
                "max_file_path_length": [],
                "max_file_size": [],
                "merge_queue": [],
                "non_fast_forward": false,
                "pull_request": [],
                "required_code_scanning": [],
                "required_deployments": [],
                "required_linear_history": false,
                "required_signatures": false,
                "required_status_checks": [
                  {
                    "do_not_enforce_on_create": false,
                    "required_check": [
                      {
                        "context": "Commit Message Check / Check Commit Message",
                        "integration_id": 15368
                      },
                      {
                        "context": "Copyright Header Check / Check Copyright Header",
                        "integration_id": 15368
                      },
                      {
                        "context": "Markdown Check / Check Markdown",
                        "integration_id": 15368
                      },
                      {
                        "context": "Trailing Newline Check / Check Trailing Newline",
                        "integration_id": 15368
                      }
                    ],
                    "strict_required_status_checks_policy": false
                  }
                ],
                "tag_name_pattern": [],
                "update": false,
                "update_allows_fetch_and_merge": false
              }
            ],
            "ruleset_id": 20269370,
            "target": "branch"
          },
          "sensitive_attributes": [],
          "private": "eyJzY2hlbWFfdmVyc2lvbiI6IjEifQ==",
          "dependencies": [
            "module.repo.github_repository.this"
          ]
        }
      ]
    },
    {
      "module": "module.repo[\"ci-ruff-python\"]",
      "mode": "managed",
      "type": "github_repository_ruleset",
      "name": "required_language_checks",
      "provider": "provider[\"registry.opentofu.org/integrations/github\"]",
      "instances": [
        {
          "index_key": 0,
          "schema_version": 1,
          "attributes": {
            "bypass_actors": [
              {
                "actor_id": 0,
                "actor_type": "OrganizationAdmin",
                "bypass_mode": "always"
              },
              {
                "actor_id": 2462900,
                "actor_type": "Integration",
                "bypass_mode": "always"
              }
            ],
            "conditions": [
              {
                "ref_name": [
                  {
                    "exclude": [],
                    "include": [
                      "~DEFAULT_BRANCH",
                      "refs/heads/??.x"
                    ]
                  }
                ]
              }
            ],
            "enforcement": "active",
            "etag": "W/\"405d6afd4a92474a86b9a14316803b7a00bc6aa4514de32c46b0aba563a147d4\"",
            "id": "20269372",
            "name": "Required Python PR Checks",
            "node_id": "RRS_lACqUmVwb3NpdG9yec5OvtFszgE1STw",
            "repository": "ci-ruff-python",
            "rules": [
              {
                "branch_name_pattern": [],
                "commit_author_email_pattern": [],
                "commit_message_pattern": [],
                "committer_email_pattern": [],
                "copilot_code_review": [],
                "creation": false,
                "deletion": false,
                "file_extension_restriction": [],
                "file_path_restriction": [],
                "max_file_path_length": [],
                "max_file_size": [],
                "merge_queue": [],
                "non_fast_forward": false,
                "pull_request": [],
                "required_code_scanning": [],
                "required_deployments": [],
                "required_linear_history": false,
                "required_signatures": false,
                "required_status_checks": [
                  {
                    "do_not_enforce_on_create": false,
                    "required_check": [
                      {
                        "context": "Tools / Bandit / Bandit",
                        "integration_id": 15368
                      },
                      {
                        "context": "Tools / Ruff / Ruff",
                        "integration_id": 15368
                      },
                      {
                        "context": "Tools / import-linter / import-linter",
                        "integration_id": 15368
                      },
                      {
                        "context": "Tools / mypy / mypy",
                        "integration_id": 15368
                      },
                      {
                        "context": "Tools / pytest / pytest",
                        "integration_id": 15368
                      }
                    ],
                    "strict_required_status_checks_policy": false
                  }
                ],
                "tag_name_pattern": [],
                "update": false,
                "update_allows_fetch_and_merge": false
              }
            ],
            "ruleset_id": 20269372,
            "target": "branch"
          },
          "sensitive_attributes": [],
          "private": "eyJzY2hlbWFfdmVyc2lvbiI6IjEifQ==",
          "dependencies": [
            "module.repo.github_repository.this"
          ]
        }
      ]
    },
    {
      "module": "module.repo[\"ci-ruff-python\"]",
      "mode": "managed",
      "type": "github_repository_ruleset",
      "name": "restrict_unsupported_branches",
      "provider": "provider[\"registry.opentofu.org/integrations/github\"]",
      "instances": [
        {
          "schema_version": 1,
          "attributes": {
            "bypass_actors": [
              {
                "actor_id": 2462900,
                "actor_type": "Integration",
                "bypass_mode": "always"
              }
            ],
            "conditions": [
              {
                "ref_name": [
                  {
                    "exclude": [],
                    "include": [
                      "refs/heads/??.x-backup",
                      "refs/heads/master-backup"
                    ]
                  }
                ]
              }
            ],
            "enforcement": "active",
            "etag": "W/\"81ae09147eb4fb93d1d5eacc1ae7c6defca5095711fa500b02c73f96715b5724\"",
            "id": "20269371",
            "name": "Restrict Changes to Unsupported Branches",
            "node_id": "RRS_lACqUmVwb3NpdG9yec5OvtFszgE1STs",
            "repository": "ci-ruff-python",
            "rules": [
              {
                "branch_name_pattern": [],
                "commit_author_email_pattern": [],
                "commit_message_pattern": [],
                "committer_email_pattern": [],
                "copilot_code_review": [],
                "creation": true,
                "deletion": true,
                "file_extension_restriction": [],
                "file_path_restriction": [],
                "max_file_path_length": [],
                "max_file_size": [],
                "merge_queue": [],
                "non_fast_forward": true,
                "pull_request": [],
                "required_code_scanning": [],
                "required_deployments": [],
                "required_linear_history": false,
                "required_signatures": false,
                "required_status_checks": [],
                "tag_name_pattern": [],
                "update": true,
                "update_allows_fetch_and_merge": false
              }
            ],
            "ruleset_id": 20269371,
            "target": "branch"
          },
          "sensitive_attributes": [],
          "private": "eyJzY2hlbWFfdmVyc2lvbiI6IjEifQ==",
          "dependencies": [
            "module.repo.github_repository.this"
          ]
        }
      ]
    },
    {
      "module": "module.repo[\"ci-ruff-python\"]",
      "mode": "managed",
      "type": "github_repository_vulnerability_alerts",
      "name": "this",
      "provider": "provider[\"registry.opentofu.org/integrations/github\"]",
      "instances": [
        {
          "schema_version": 0,
          "attributes": {
            "enabled": true,
            "id": "1321128300",
            "repository": "ci-ruff-python",
            "repository_id": 1321128300
          },
          "sensitive_attributes": [],
          "private": "eyJzY2hlbWFfdmVyc2lvbiI6IjAifQ==",
          "dependencies": [
            "module.repo.github_repository.this"
          ]
        }
      ]
    },
    {
      "module": "module.repo[\"ci-ruff-python\"]",
      "mode": "managed",
      "type": "github_team_repository",
      "name": "approvers",
      "provider": "provider[\"registry.opentofu.org/integrations/github\"]",
      "instances": [
        {
          "index_key": 0,
          "schema_version": 0,
          "attributes": {
            "etag": "W/\"2ab74ec9801d1e304955b6bfee888d5e03b9f257411dbc98c1d72a63e5517560\"",
            "id": "18867552:ci-ruff-python",
            "permission": "push",
            "repository": "ci-ruff-python",
            "team_id": "approvers"
          },
          "sensitive_attributes": [],
          "private": "bnVsbA==",
          "dependencies": [
            "module.repo.github_repository.this"
          ]
        }
      ]
    },
    {
      "module": "module.repo[\"ci-spotless-java\"]",
      "mode": "managed",
      "type": "github_issue_label",
      "name": "claude_review",
      "provider": "provider[\"registry.opentofu.org/integrations/github\"]",
      "instances": [
        {
          "schema_version": 0,
          "attributes": {
            "color": "5319e7",
            "description": "Ask Claude to review this pull request",
            "etag": "W/\"9173ae1f4d2ff8f6068438a71fec31cd866d05996bd852ee56c2eef958f81503\"",
            "id": "ci-spotless-java:claude-review",
            "name": "claude-review",
            "repository": "ci-spotless-java",
            "url": "https://api.github.com/repos/valkyrjaio/ci-spotless-java/labels/claude-review"
          },
          "sensitive_attributes": [],
          "private": "eyJzY2hlbWFfdmVyc2lvbiI6IjAifQ==",
          "dependencies": [
            "module.repo.github_repository.this"
          ]
        }
      ]
    },
    {
      "module": "module.repo[\"ci-spotless-java\"]",
      "mode": "managed",
      "type": "github_repository",
      "name": "this",
      "provider": "provider[\"registry.opentofu.org/integrations/github\"]",
      "instances": [
        {
          "schema_version": 1,
          "attributes": {
            "allow_auto_merge": false,
            "allow_forking": true,
            "allow_merge_commit": false,
            "allow_rebase_merge": false,
            "allow_squash_merge": true,
            "allow_update_branch": false,
            "archive_on_destroy": null,
            "archived": false,
            "auto_init": false,
            "default_branch": "26.x",
            "delete_branch_on_merge": true,
            "description": "Shared Spotless configuration for Valkyrja Java repositories",
            "etag": "W/\"69b0369a0438729a267dd3894dccc6a98412e7453344c79e9dd7818aaee94115\"",
            "fork": "false",
            "full_name": "valkyrjaio/ci-spotless-java",
            "git_clone_url": "git://github.com/valkyrjaio/ci-spotless-java.git",
            "gitignore_template": null,
            "has_discussions": false,
            "has_downloads": false,
            "has_issues": true,
            "has_projects": false,
            "has_wiki": false,
            "homepage_url": "",
            "html_url": "https://github.com/valkyrjaio/ci-spotless-java",
            "http_clone_url": "https://github.com/valkyrjaio/ci-spotless-java.git",
            "id": "ci-spotless-java",
            "ignore_vulnerability_alerts_during_read": null,
            "is_template": false,
            "license_template": null,
            "merge_commit_message": "PR_TITLE",
            "merge_commit_title": "MERGE_MESSAGE",
            "name": "ci-spotless-java",
            "node_id": "R_kgDOTr5aqg",
            "pages": [],
            "primary_language": "Java",
            "private": false,
            "repo_id": 1321097898,
            "security_and_analysis": [
              {
                "advanced_security": [],
                "code_security": [],
                "secret_scanning": [
                  {
                    "status": "disabled"
                  }
                ],
                "secret_scanning_ai_detection": [],
                "secret_scanning_non_provider_patterns": [],
                "secret_scanning_push_protection": [
                  {
                    "status": "disabled"
                  }
                ]
              }
            ],
            "source_owner": "",
            "source_repo": "",
            "squash_merge_commit_message": "PR_BODY",
            "squash_merge_commit_title": "PR_TITLE",
            "ssh_clone_url": "git@github.com:valkyrjaio/ci-spotless-java.git",
            "svn_url": "https://github.com/valkyrjaio/ci-spotless-java",
            "template": [
              {
                "include_all_branches": false,
                "owner": "valkyrjaio",
                "repository": "project-template-java"
              }
            ],
            "topics": [],
            "visibility": "public",
            "vulnerability_alerts": true,
            "web_commit_signoff_required": false
          },
          "sensitive_attributes": [],
          "private": "eyJzY2hlbWFfdmVyc2lvbiI6IjEifQ=="
        }
      ]
    },
    {
      "module": "module.repo[\"ci-spotless-java\"]",
      "mode": "managed",
      "type": "github_repository_ruleset",
      "name": "force_push_protection",
      "provider": "provider[\"registry.opentofu.org/integrations/github\"]",
      "instances": [
        {
          "schema_version": 1,
          "attributes": {
            "bypass_actors": [
              {
                "actor_id": 0,
                "actor_type": "OrganizationAdmin",
                "bypass_mode": "always"
              }
            ],
            "conditions": [
              {
                "ref_name": [
                  {
                    "exclude": [],
                    "include": [
                      "refs/heads/??.x"
                    ]
                  }
                ]
              }
            ],
            "enforcement": "active",
            "etag": "W/\"4191b671ea80edb2cb18b95f0c4e234a134f66971a49acd0101d2f11fc2451ef\"",
            "id": "20264576",
            "name": "Protect Against Force Pushes and Deletion",
            "node_id": "RRS_lACqUmVwb3NpdG9yec5OvlqqzgE1NoA",
            "repository": "ci-spotless-java",
            "rules": [
              {
                "branch_name_pattern": [],
                "commit_author_email_pattern": [],
                "commit_message_pattern": [],
                "committer_email_pattern": [],
                "copilot_code_review": [],
                "creation": false,
                "deletion": true,
                "file_extension_restriction": [],
                "file_path_restriction": [],
                "max_file_path_length": [],
                "max_file_size": [],
                "merge_queue": [],
                "non_fast_forward": true,
                "pull_request": [],
                "required_code_scanning": [],
                "required_deployments": [],
                "required_linear_history": false,
                "required_signatures": false,
                "required_status_checks": [],
                "tag_name_pattern": [],
                "update": false,
                "update_allows_fetch_and_merge": false
              }
            ],
            "ruleset_id": 20264576,
            "target": "branch"
          },
          "sensitive_attributes": [],
          "private": "eyJzY2hlbWFfdmVyc2lvbiI6IjEifQ==",
          "dependencies": [
            "module.repo.github_repository.this"
          ]
        }
      ]
    },
    {
      "module": "module.repo[\"ci-spotless-java\"]",
      "mode": "managed",
      "type": "github_repository_ruleset",
      "name": "protect_master",
      "provider": "provider[\"registry.opentofu.org/integrations/github\"]",
      "instances": [
        {
          "schema_version": 1,
          "attributes": {
            "bypass_actors": [],
            "conditions": [
              {
                "ref_name": [
                  {
                    "exclude": [],
                    "include": [
                      "refs/heads/master"
                    ]
                  }
                ]
              }
            ],
            "enforcement": "active",
            "etag": "W/\"72ce02d1f866d6a0f0f91dc1c6d4f0995f3592fcebedef8fe2c8c275bcea0596\"",
            "id": "20264577",
            "name": "Protect Master At All Times",
            "node_id": "RRS_lACqUmVwb3NpdG9yec5OvlqqzgE1NoE",
            "repository": "ci-spotless-java",
            "rules": [
              {
                "branch_name_pattern": [],
                "commit_author_email_pattern": [],
                "commit_message_pattern": [],
                "committer_email_pattern": [],
                "copilot_code_review": [],
                "creation": false,
                "deletion": true,
                "file_extension_restriction": [],
                "file_path_restriction": [],
                "max_file_path_length": [],
                "max_file_size": [],
                "merge_queue": [],
                "non_fast_forward": true,
                "pull_request": [],
                "required_code_scanning": [],
                "required_deployments": [],
                "required_linear_history": false,
                "required_signatures": false,
                "required_status_checks": [],
                "tag_name_pattern": [],
                "update": false,
                "update_allows_fetch_and_merge": false
              }
            ],
            "ruleset_id": 20264577,
            "target": "branch"
          },
          "sensitive_attributes": [],
          "private": "eyJzY2hlbWFfdmVyc2lvbiI6IjEifQ==",
          "dependencies": [
            "module.repo.github_repository.this"
          ]
        }
      ]
    },
    {
      "module": "module.repo[\"ci-spotless-java\"]",
      "mode": "managed",
      "type": "github_repository_ruleset",
      "name": "protect_release_tags",
      "provider": "provider[\"registry.opentofu.org/integrations/github\"]",
      "instances": [
        {
          "schema_version": 1,
          "attributes": {
            "bypass_actors": [
              {
                "actor_id": 0,
                "actor_type": "OrganizationAdmin",
                "bypass_mode": "always"
              }
            ],
            "conditions": [
              {
                "ref_name": [
                  {
                    "exclude": [],
                    "include": [
                      "refs/tags/*.*.*"
                    ]
                  }
                ]
              }
            ],
            "enforcement": "active",
            "etag": "W/\"9edc315f7e3aa2526fd56f2911200b4c03752605162b8e8b33f0c5cf9355fbbf\"",
            "id": "20264578",
            "name": "Protect Release Tags",
            "node_id": "RRS_lACqUmVwb3NpdG9yec5OvlqqzgE1NoI",
            "repository": "ci-spotless-java",
            "rules": [
              {
                "branch_name_pattern": [],
                "commit_author_email_pattern": [],
                "commit_message_pattern": [],
                "committer_email_pattern": [],
                "copilot_code_review": [],
                "creation": false,
                "deletion": true,
                "file_extension_restriction": [],
                "file_path_restriction": [],
                "max_file_path_length": [],
                "max_file_size": [],
                "merge_queue": [],
                "non_fast_forward": true,
                "pull_request": [],
                "required_code_scanning": [],
                "required_deployments": [],
                "required_linear_history": false,
                "required_signatures": false,
                "required_status_checks": [],
                "tag_name_pattern": [],
                "update": false,
                "update_allows_fetch_and_merge": false
              }
            ],
            "ruleset_id": 20264578,
            "target": "tag"
          },
          "sensitive_attributes": [],
          "private": "eyJzY2hlbWFfdmVyc2lvbiI6IjEifQ==",
          "dependencies": [
            "module.repo.github_repository.this"
          ]
        }
      ]
    },
    {
      "module": "module.repo[\"ci-spotless-java\"]",
      "mode": "managed",
      "type": "github_repository_ruleset",
      "name": "require_pull_request",
      "provider": "provider[\"registry.opentofu.org/integrations/github\"]",
      "instances": [
        {
          "schema_version": 1,
          "attributes": {
            "bypass_actors": [
              {
                "actor_id": 0,
                "actor_type": "OrganizationAdmin",
                "bypass_mode": "always"
              },
              {
                "actor_id": 2462900,
                "actor_type": "Integration",
                "bypass_mode": "always"
              }
            ],
            "conditions": [
              {
                "ref_name": [
                  {
                    "exclude": [],
                    "include": [
                      "~DEFAULT_BRANCH",
                      "refs/heads/??.x",
                      "refs/heads/master"
                    ]
                  }
                ]
              }
            ],
            "enforcement": "active",
            "etag": "W/\"cdeb0f08373c0b222a694693e88b8b2a8c1bb01babf130aaf5b2f2431489a5ac\"",
            "id": "20264579",
            "name": "Require Pull Request",
            "node_id": "RRS_lACqUmVwb3NpdG9yec5OvlqqzgE1NoM",
            "repository": "ci-spotless-java",
            "rules": [
              {
                "branch_name_pattern": [],
                "commit_author_email_pattern": [],
                "commit_message_pattern": [],
                "committer_email_pattern": [],
                "copilot_code_review": [],
                "creation": false,
                "deletion": false,
                "file_extension_restriction": [],
                "file_path_restriction": [],
                "max_file_path_length": [],
                "max_file_size": [],
                "merge_queue": [],
                "non_fast_forward": false,
                "pull_request": [
                  {
                    "allowed_merge_methods": [
                      "squash"
                    ],
                    "dismiss_stale_reviews_on_push": false,
                    "require_code_owner_review": true,
                    "require_last_push_approval": false,
                    "required_approving_review_count": 0,
                    "required_review_thread_resolution": false,
                    "required_reviewers": []
                  }
                ],
                "required_code_scanning": [],
                "required_deployments": [],
                "required_linear_history": false,
                "required_signatures": false,
                "required_status_checks": [],
                "tag_name_pattern": [],
                "update": false,
                "update_allows_fetch_and_merge": false
              }
            ],
            "ruleset_id": 20264579,
            "target": "branch"
          },
          "sensitive_attributes": [],
          "private": "eyJzY2hlbWFfdmVyc2lvbiI6IjEifQ==",
          "dependencies": [
            "github_team.approvers",
            "module.repo.github_repository.this"
          ]
        }
      ]
    },
    {
      "module": "module.repo[\"ci-spotless-java\"]",
      "mode": "managed",
      "type": "github_repository_ruleset",
      "name": "required_default_checks",
      "provider": "provider[\"registry.opentofu.org/integrations/github\"]",
      "instances": [
        {
          "schema_version": 1,
          "attributes": {
            "bypass_actors": [
              {
                "actor_id": 0,
                "actor_type": "OrganizationAdmin",
                "bypass_mode": "always"
              },
              {
                "actor_id": 2462900,
                "actor_type": "Integration",
                "bypass_mode": "always"
              }
            ],
            "conditions": [
              {
                "ref_name": [
                  {
                    "exclude": [],
                    "include": [
                      "~DEFAULT_BRANCH",
                      "refs/heads/??.x"
                    ]
                  }
                ]
              }
            ],
            "enforcement": "active",
            "etag": "W/\"45cc32836c7f04d4d93f8a2b68b8f8d51dacc82961dff8f695e7b9cee8fe5d12\"",
            "id": "20264580",
            "name": "Required Default PR Checks",
            "node_id": "RRS_lACqUmVwb3NpdG9yec5OvlqqzgE1NoQ",
            "repository": "ci-spotless-java",
            "rules": [
              {
                "branch_name_pattern": [],
                "commit_author_email_pattern": [],
                "commit_message_pattern": [],
                "committer_email_pattern": [],
                "copilot_code_review": [],
                "creation": false,
                "deletion": false,
                "file_extension_restriction": [],
                "file_path_restriction": [],
                "max_file_path_length": [],
                "max_file_size": [],
                "merge_queue": [],
                "non_fast_forward": false,
                "pull_request": [],
                "required_code_scanning": [],
                "required_deployments": [],
                "required_linear_history": false,
                "required_signatures": false,
                "required_status_checks": [
                  {
                    "do_not_enforce_on_create": false,
                    "required_check": [
                      {
                        "context": "Commit Message Check / Check Commit Message",
                        "integration_id": 15368
                      },
                      {
                        "context": "Copyright Header Check / Check Copyright Header",
                        "integration_id": 15368
                      },
                      {
                        "context": "Markdown Check / Check Markdown",
                        "integration_id": 15368
                      },
                      {
                        "context": "Trailing Newline Check / Check Trailing Newline",
                        "integration_id": 15368
                      }
                    ],
                    "strict_required_status_checks_policy": false
                  }
                ],
                "tag_name_pattern": [],
                "update": false,
                "update_allows_fetch_and_merge": false
              }
            ],
            "ruleset_id": 20264580,
            "target": "branch"
          },
          "sensitive_attributes": [],
          "private": "eyJzY2hlbWFfdmVyc2lvbiI6IjEifQ==",
          "dependencies": [
            "module.repo.github_repository.this"
          ]
        }
      ]
    },
    {
      "module": "module.repo[\"ci-spotless-java\"]",
      "mode": "managed",
      "type": "github_repository_ruleset",
      "name": "required_language_checks",
      "provider": "provider[\"registry.opentofu.org/integrations/github\"]",
      "instances": [
        {
          "index_key": 0,
          "schema_version": 1,
          "attributes": {
            "bypass_actors": [
              {
                "actor_id": 0,
                "actor_type": "OrganizationAdmin",
                "bypass_mode": "always"
              },
              {
                "actor_id": 2462900,
                "actor_type": "Integration",
                "bypass_mode": "always"
              }
            ],
            "conditions": [
              {
                "ref_name": [
                  {
                    "exclude": [],
                    "include": [
                      "~DEFAULT_BRANCH",
                      "refs/heads/??.x"
                    ]
                  }
                ]
              }
            ],
            "enforcement": "active",
            "etag": "W/\"ae4c99cb9f0dac4d191c7444812895dc7f32e67ca90b331bac0777073f1819e1\"",
            "id": "20264582",
            "name": "Required Java PR Checks",
            "node_id": "RRS_lACqUmVwb3NpdG9yec5OvlqqzgE1NoY",
            "repository": "ci-spotless-java",
            "rules": [
              {
                "branch_name_pattern": [],
                "commit_author_email_pattern": [],
                "commit_message_pattern": [],
                "committer_email_pattern": [],
                "copilot_code_review": [],
                "creation": false,
                "deletion": false,
                "file_extension_restriction": [],
                "file_path_restriction": [],
                "max_file_path_length": [],
                "max_file_size": [],
                "merge_queue": [],
                "non_fast_forward": false,
                "pull_request": [],
                "required_code_scanning": [],
                "required_deployments": [],
                "required_linear_history": false,
                "required_signatures": false,
                "required_status_checks": [
                  {
                    "do_not_enforce_on_create": false,
                    "required_check": [
                      {
                        "context": "Tools / ArchUnit / ArchUnit",
                        "integration_id": 15368
                      },
                      {
                        "context": "Tools / ErrorProne / ErrorProne",
                        "integration_id": 15368
                      },
                      {
                        "context": "Tools / JUnit / JUnit",
                        "integration_id": 15368
                      },
                      {
                        "context": "Tools / SpotBugs / SpotBugs",
                        "integration_id": 15368
                      },
                      {
                        "context": "Tools / Spotless / Spotless",
                        "integration_id": 15368
                      }
                    ],
                    "strict_required_status_checks_policy": false
                  }
                ],
                "tag_name_pattern": [],
                "update": false,
                "update_allows_fetch_and_merge": false
              }
            ],
            "ruleset_id": 20264582,
            "target": "branch"
          },
          "sensitive_attributes": [],
          "private": "eyJzY2hlbWFfdmVyc2lvbiI6IjEifQ==",
          "dependencies": [
            "module.repo.github_repository.this"
          ]
        }
      ]
    },
    {
      "module": "module.repo[\"ci-spotless-java\"]",
      "mode": "managed",
      "type": "github_repository_ruleset",
      "name": "restrict_unsupported_branches",
      "provider": "provider[\"registry.opentofu.org/integrations/github\"]",
      "instances": [
        {
          "schema_version": 1,
          "attributes": {
            "bypass_actors": [
              {
                "actor_id": 2462900,
                "actor_type": "Integration",
                "bypass_mode": "always"
              }
            ],
            "conditions": [
              {
                "ref_name": [
                  {
                    "exclude": [],
                    "include": [
                      "refs/heads/??.x-backup",
                      "refs/heads/master-backup"
                    ]
                  }
                ]
              }
            ],
            "enforcement": "active",
            "etag": "W/\"4cf53857116ff1f846e330694fee207a77d3fb618e6bab18833d5106bb1f0d74\"",
            "id": "20264581",
            "name": "Restrict Changes to Unsupported Branches",
            "node_id": "RRS_lACqUmVwb3NpdG9yec5OvlqqzgE1NoU",
            "repository": "ci-spotless-java",
            "rules": [
              {
                "branch_name_pattern": [],
                "commit_author_email_pattern": [],
                "commit_message_pattern": [],
                "committer_email_pattern": [],
                "copilot_code_review": [],
                "creation": true,
                "deletion": true,
                "file_extension_restriction": [],
                "file_path_restriction": [],
                "max_file_path_length": [],
                "max_file_size": [],
                "merge_queue": [],
                "non_fast_forward": true,
                "pull_request": [],
                "required_code_scanning": [],
                "required_deployments": [],
                "required_linear_history": false,
                "required_signatures": false,
                "required_status_checks": [],
                "tag_name_pattern": [],
                "update": true,
                "update_allows_fetch_and_merge": false
              }
            ],
            "ruleset_id": 20264581,
            "target": "branch"
          },
          "sensitive_attributes": [],
          "private": "eyJzY2hlbWFfdmVyc2lvbiI6IjEifQ==",
          "dependencies": [
            "module.repo.github_repository.this"
          ]
        }
      ]
    },
    {
      "module": "module.repo[\"ci-spotless-java\"]",
      "mode": "managed",
      "type": "github_repository_vulnerability_alerts",
      "name": "this",
      "provider": "provider[\"registry.opentofu.org/integrations/github\"]",
      "instances": [
        {
          "schema_version": 0,
          "attributes": {
            "enabled": true,
            "id": "1321097898",
            "repository": "ci-spotless-java",
            "repository_id": 1321097898
          },
          "sensitive_attributes": [],
          "private": "eyJzY2hlbWFfdmVyc2lvbiI6IjAifQ==",
          "dependencies": [
            "module.repo.github_repository.this"
          ]
        }
      ]
    },
    {
      "module": "module.repo[\"ci-spotless-java\"]",
      "mode": "managed",
      "type": "github_team_repository",
      "name": "approvers",
      "provider": "provider[\"registry.opentofu.org/integrations/github\"]",
      "instances": [
        {
          "index_key": 0,
          "schema_version": 0,
          "attributes": {
            "etag": "W/\"7d902f02a798a91011bc53232571817a106b803a75d20bbeddf37fffb2404933\"",
            "id": "18867552:ci-spotless-java",
            "permission": "push",
            "repository": "ci-spotless-java",
            "team_id": "approvers"
          },
          "sensitive_attributes": [],
          "private": "bnVsbA==",
          "dependencies": [
            "module.repo.github_repository.this"
          ]
        }
      ]
    },
    {
      "module": "module.repo[\"infra-github\"]",
      "mode": "managed",
      "type": "github_issue_label",
      "name": "claude_review",
      "provider": "provider[\"registry.opentofu.org/integrations/github\"]",
      "instances": [
        {
          "schema_version": 0,
          "attributes": {
            "color": "5319e7",
            "description": "Ask Claude to review this pull request",
            "etag": "\"211454282910a526f1365633ab03d608e42b8c9eaf2f0758d797bab8b0aac697\"",
            "id": "infra-github:claude-review",
            "name": "claude-review",
            "repository": "infra-github",
            "url": "https://api.github.com/repos/valkyrjaio/infra-github/labels/claude-review"
          },
          "sensitive_attributes": [],
          "private": "bnVsbA==",
          "dependencies": [
            "module.repo.github_repository.this"
          ]
        }
      ]
    },
    {
      "module": "module.repo[\"infra-github\"]",
      "mode": "managed",
      "type": "github_repository",
      "name": "this",
      "provider": "provider[\"registry.opentofu.org/integrations/github\"]",
      "instances": [
        {
          "schema_version": 1,
          "attributes": {
            "allow_auto_merge": false,
            "allow_forking": true,
            "allow_merge_commit": false,
            "allow_rebase_merge": false,
            "allow_squash_merge": true,
            "allow_update_branch": false,
            "archive_on_destroy": null,
            "archived": false,
            "auto_init": null,
            "default_branch": "26.x",
            "delete_branch_on_merge": true,
            "description": "Declarative GitHub organization configuration",
            "etag": "W/\"245deeae4b5eef6d3c4ac22a1f76b28e24189c7ca2485447401368e148b21653\"",
            "fork": "false",
            "full_name": "valkyrjaio/infra-github",
            "git_clone_url": "git://github.com/valkyrjaio/infra-github.git",
            "gitignore_template": null,
            "has_discussions": false,
            "has_downloads": false,
            "has_issues": true,
            "has_projects": false,
            "has_wiki": false,
            "homepage_url": "",
            "html_url": "https://github.com/valkyrjaio/infra-github",
            "http_clone_url": "https://github.com/valkyrjaio/infra-github.git",
            "id": "infra-github",
            "ignore_vulnerability_alerts_during_read": false,
            "is_template": false,
            "license_template": null,
            "merge_commit_message": "PR_TITLE",
            "merge_commit_title": "MERGE_MESSAGE",
            "name": "infra-github",
            "node_id": "R_kgDOTvbxIw",
            "pages": [],
            "primary_language": "HCL",
            "private": false,
            "repo_id": 1324806435,
            "security_and_analysis": [
              {
                "advanced_security": [],
                "code_security": [],
                "secret_scanning": [
                  {
                    "status": "disabled"
                  }
                ],
                "secret_scanning_ai_detection": [],
                "secret_scanning_non_provider_patterns": [],
                "secret_scanning_push_protection": [
                  {
                    "status": "disabled"
                  }
                ]
              }
            ],
            "source_owner": "",
            "source_repo": "",
            "squash_merge_commit_message": "PR_BODY",
            "squash_merge_commit_title": "PR_TITLE",
            "ssh_clone_url": "git@github.com:valkyrjaio/infra-github.git",
            "svn_url": "https://github.com/valkyrjaio/infra-github",
            "template": [],
            "topics": [],
            "visibility": "public",
            "vulnerability_alerts": true,
            "web_commit_signoff_required": false
          },
          "sensitive_attributes": [],
          "private": "eyJzY2hlbWFfdmVyc2lvbiI6IjEifQ=="
        }
      ]
    },
    {
      "module": "module.repo[\"infra-github\"]",
      "mode": "managed",
      "type": "github_repository_ruleset",
      "name": "extra_checks",
      "provider": "provider[\"registry.opentofu.org/integrations/github\"]",
      "instances": [
        {
          "index_key": "Required Infra PR Checks",
          "schema_version": 1,
          "attributes": {
            "bypass_actors": [
              {
                "actor_id": 0,
                "actor_type": "OrganizationAdmin",
                "bypass_mode": "always"
              },
              {
                "actor_id": 2462900,
                "actor_type": "Integration",
                "bypass_mode": "always"
              }
            ],
            "conditions": [
              {
                "ref_name": [
                  {
                    "exclude": [],
                    "include": [
                      "~DEFAULT_BRANCH",
                      "refs/heads/??.x"
                    ]
                  }
                ]
              }
            ],
            "enforcement": "active",
            "etag": "W/\"aff3e8e15a765c47f897d6387d8f047b71ef5b642cd5c99ade2c966e0a35e098\"",
            "id": "20493744",
            "name": "Required Infra PR Checks",
            "node_id": "RRS_lACqUmVwb3NpdG9yec5O9vEjzgE4tbA",
            "repository": "infra-github",
            "rules": [
              {
                "branch_name_pattern": [],
                "commit_author_email_pattern": [],
                "commit_message_pattern": [],
                "committer_email_pattern": [],
                "copilot_code_review": [],
                "creation": false,
                "deletion": false,
                "file_extension_restriction": [],
                "file_path_restriction": [],
                "max_file_path_length": [],
                "max_file_size": [],
                "merge_queue": [],
                "non_fast_forward": false,
                "pull_request": [],
                "required_code_scanning": [],
                "required_deployments": [],
                "required_linear_history": false,
                "required_signatures": false,
                "required_status_checks": [
                  {
                    "do_not_enforce_on_create": false,
                    "required_check": [
                      {
                        "context": "Config Plan",
                        "integration_id": 15368
                      }
                    ],
                    "strict_required_status_checks_policy": false
                  }
                ],
                "tag_name_pattern": [],
                "update": false,
                "update_allows_fetch_and_merge": false
              }
            ],
            "ruleset_id": 20493744,
            "target": "branch"
          },
          "sensitive_attributes": [],
          "private": "eyJzY2hlbWFfdmVyc2lvbiI6IjEifQ==",
          "dependencies": [
            "module.repo.github_repository.this"
          ]
        }
      ]
    },
    {
      "module": "module.repo[\"infra-github\"]",
      "mode": "managed",
      "type": "github_repository_ruleset",
      "name": "force_push_protection",
      "provider": "provider[\"registry.opentofu.org/integrations/github\"]",
      "instances": [
        {
          "schema_version": 1,
          "attributes": {
            "bypass_actors": [
              {
                "actor_id": 0,
                "actor_type": "OrganizationAdmin",
                "bypass_mode": "always"
              }
            ],
            "conditions": [
              {
                "ref_name": [
                  {
                    "exclude": [],
                    "include": [
                      "refs/heads/??.x"
                    ]
                  }
                ]
              }
            ],
            "enforcement": "active",
            "etag": "W/\"261dd08f766b474e9310bd0b349af271ab83c7967cc723c487b3a5638959d72a\"",
            "id": "20493739",
            "name": "Protect Against Force Pushes and Deletion",
            "node_id": "RRS_lACqUmVwb3NpdG9yec5O9vEjzgE4tas",
            "repository": "infra-github",
            "rules": [
              {
                "branch_name_pattern": [],
                "commit_author_email_pattern": [],
                "commit_message_pattern": [],
                "committer_email_pattern": [],
                "copilot_code_review": [],
                "creation": false,
                "deletion": true,
                "file_extension_restriction": [],
                "file_path_restriction": [],
                "max_file_path_length": [],
                "max_file_size": [],
                "merge_queue": [],
                "non_fast_forward": true,
                "pull_request": [],
                "required_code_scanning": [],
                "required_deployments": [],
                "required_linear_history": false,
                "required_signatures": false,
                "required_status_checks": [],
                "tag_name_pattern": [],
                "update": false,
                "update_allows_fetch_and_merge": false
              }
            ],
            "ruleset_id": 20493739,
            "target": "branch"
          },
          "sensitive_attributes": [],
          "private": "eyJzY2hlbWFfdmVyc2lvbiI6IjEifQ==",
          "dependencies": [
            "module.repo.github_repository.this"
          ]
        }
      ]
    },
    {
      "module": "module.repo[\"infra-github\"]",
      "mode": "managed",
      "type": "github_repository_ruleset",
      "name": "protect_master",
      "provider": "provider[\"registry.opentofu.org/integrations/github\"]",
      "instances": [
        {
          "schema_version": 1,
          "attributes": {
            "bypass_actors": [],
            "conditions": [
              {
                "ref_name": [
                  {
                    "exclude": [],
                    "include": [
                      "refs/heads/master"
                    ]
                  }
                ]
              }
            ],
            "enforcement": "active",
            "etag": "W/\"5bf6da6b215a39c94c10b7837b5942214062e21abacefe653b71778595b7554e\"",
            "id": "20493741",
            "name": "Protect Master At All Times",
            "node_id": "RRS_lACqUmVwb3NpdG9yec5O9vEjzgE4ta0",
            "repository": "infra-github",
            "rules": [
              {
                "branch_name_pattern": [],
                "commit_author_email_pattern": [],
                "commit_message_pattern": [],
                "committer_email_pattern": [],
                "copilot_code_review": [],
                "creation": false,
                "deletion": true,
                "file_extension_restriction": [],
                "file_path_restriction": [],
                "max_file_path_length": [],
                "max_file_size": [],
                "merge_queue": [],
                "non_fast_forward": true,
                "pull_request": [],
                "required_code_scanning": [],
                "required_deployments": [],
                "required_linear_history": false,
                "required_signatures": false,
                "required_status_checks": [],
                "tag_name_pattern": [],
                "update": false,
                "update_allows_fetch_and_merge": false
              }
            ],
            "ruleset_id": 20493741,
            "target": "branch"
          },
          "sensitive_attributes": [],
          "private": "eyJzY2hlbWFfdmVyc2lvbiI6IjEifQ==",
          "dependencies": [
            "module.repo.github_repository.this"
          ]
        }
      ]
    },
    {
      "module": "module.repo[\"infra-github\"]",
      "mode": "managed",
      "type": "github_repository_ruleset",
      "name": "protect_release_tags",
      "provider": "provider[\"registry.opentofu.org/integrations/github\"]",
      "instances": [
        {
          "schema_version": 1,
          "attributes": {
            "bypass_actors": [
              {
                "actor_id": 0,
                "actor_type": "OrganizationAdmin",
                "bypass_mode": "always"
              }
            ],
            "conditions": [
              {
                "ref_name": [
                  {
                    "exclude": [],
                    "include": [
                      "refs/tags/*.*.*"
                    ]
                  }
                ]
              }
            ],
            "enforcement": "active",
            "etag": "W/\"71daba77b97b7d6b97c5853e0f5c93a0d3566f456ce764d41d632170cd875731\"",
            "id": "20493737",
            "name": "Protect Release Tags",
            "node_id": "RRS_lACqUmVwb3NpdG9yec5O9vEjzgE4tak",
            "repository": "infra-github",
            "rules": [
              {
                "branch_name_pattern": [],
                "commit_author_email_pattern": [],
                "commit_message_pattern": [],
                "committer_email_pattern": [],
                "copilot_code_review": [],
                "creation": false,
                "deletion": true,
                "file_extension_restriction": [],
                "file_path_restriction": [],
                "max_file_path_length": [],
                "max_file_size": [],
                "merge_queue": [],
                "non_fast_forward": true,
                "pull_request": [],
                "required_code_scanning": [],
                "required_deployments": [],
                "required_linear_history": false,
                "required_signatures": false,
                "required_status_checks": [],
                "tag_name_pattern": [],
                "update": false,
                "update_allows_fetch_and_merge": false
              }
            ],
            "ruleset_id": 20493737,
            "target": "tag"
          },
          "sensitive_attributes": [],
          "private": "eyJzY2hlbWFfdmVyc2lvbiI6IjEifQ==",
          "dependencies": [
            "module.repo.github_repository.this"
          ]
        }
      ]
    },
    {
      "module": "module.repo[\"infra-github\"]",
      "mode": "managed",
      "type": "github_repository_ruleset",
      "name": "require_pull_request",
      "provider": "provider[\"registry.opentofu.org/integrations/github\"]",
      "instances": [
        {
          "schema_version": 1,
          "attributes": {
            "bypass_actors": [
              {
                "actor_id": 0,
                "actor_type": "OrganizationAdmin",
                "bypass_mode": "always"
              },
              {
                "actor_id": 2462900,
                "actor_type": "Integration",
                "bypass_mode": "always"
              }
            ],
            "conditions": [
              {
                "ref_name": [
                  {
                    "exclude": [],
                    "include": [
                      "~DEFAULT_BRANCH",
                      "refs/heads/??.x",
                      "refs/heads/master"
                    ]
                  }
                ]
              }
            ],
            "enforcement": "active",
            "etag": "W/\"f7ba167c3b56f91615b6682e385a751396e8fad7993f22b7f3ef58c86f2a5559\"",
            "id": "20493745",
            "name": "Require Pull Request",
            "node_id": "RRS_lACqUmVwb3NpdG9yec5O9vEjzgE4tbE",
            "repository": "infra-github",
            "rules": [
              {
                "branch_name_pattern": [],
                "commit_author_email_pattern": [],
                "commit_message_pattern": [],
                "committer_email_pattern": [],
                "copilot_code_review": [],
                "creation": false,
                "deletion": false,
                "file_extension_restriction": [],
                "file_path_restriction": [],
                "max_file_path_length": [],
                "max_file_size": [],
                "merge_queue": [],
                "non_fast_forward": false,
                "pull_request": [
                  {
                    "allowed_merge_methods": [
                      "squash"
                    ],
                    "dismiss_stale_reviews_on_push": false,
                    "require_code_owner_review": true,
                    "require_last_push_approval": false,
                    "required_approving_review_count": 0,
                    "required_review_thread_resolution": false,
                    "required_reviewers": []
                  }
                ],
                "required_code_scanning": [],
                "required_deployments": [],
                "required_linear_history": false,
                "required_signatures": false,
                "required_status_checks": [],
                "tag_name_pattern": [],
                "update": false,
                "update_allows_fetch_and_merge": false
              }
            ],
            "ruleset_id": 20493745,
            "target": "branch"
          },
          "sensitive_attributes": [],
          "private": "eyJzY2hlbWFfdmVyc2lvbiI6IjEifQ==",
          "dependencies": [
            "github_team.approvers",
            "module.repo.github_repository.this"
          ]
        }
      ]
    },
    {
      "module": "module.repo[\"infra-github\"]",
      "mode": "managed",
      "type": "github_repository_ruleset",
      "name": "required_default_checks",
      "provider": "provider[\"registry.opentofu.org/integrations/github\"]",
      "instances": [
        {
          "schema_version": 1,
          "attributes": {
            "bypass_actors": [
              {
                "actor_id": 0,
                "actor_type": "OrganizationAdmin",
                "bypass_mode": "always"
              },
              {
                "actor_id": 2462900,
                "actor_type": "Integration",
                "bypass_mode": "always"
              }
            ],
            "conditions": [
              {
                "ref_name": [
                  {
                    "exclude": [],
                    "include": [
                      "~DEFAULT_BRANCH",
                      "refs/heads/??.x"
                    ]
                  }
                ]
              }
            ],
            "enforcement": "active",
            "etag": "W/\"7d66e311b54edf765aab954dc87beb157969440c021b56832826846b2ec019c3\"",
            "id": "20493740",
            "name": "Required Default PR Checks",
            "node_id": "RRS_lACqUmVwb3NpdG9yec5O9vEjzgE4taw",
            "repository": "infra-github",
            "rules": [
              {
                "branch_name_pattern": [],
                "commit_author_email_pattern": [],
                "commit_message_pattern": [],
                "committer_email_pattern": [],
                "copilot_code_review": [],
                "creation": false,
                "deletion": false,
                "file_extension_restriction": [],
                "file_path_restriction": [],
                "max_file_path_length": [],
                "max_file_size": [],
                "merge_queue": [],
                "non_fast_forward": false,
                "pull_request": [],
                "required_code_scanning": [],
                "required_deployments": [],
                "required_linear_history": false,
                "required_signatures": false,
                "required_status_checks": [
                  {
                    "do_not_enforce_on_create": false,
                    "required_check": [
                      {
                        "context": "Commit Message Check / Check Commit Message",
                        "integration_id": 15368
                      },
                      {
                        "context": "Copyright Header Check / Check Copyright Header",
                        "integration_id": 15368
                      },
                      {
                        "context": "Markdown Check / Check Markdown",
                        "integration_id": 15368
                      },
                      {
                        "context": "Trailing Newline Check / Check Trailing Newline",
                        "integration_id": 15368
                      }
                    ],
                    "strict_required_status_checks_policy": false
                  }
                ],
                "tag_name_pattern": [],
                "update": false,
                "update_allows_fetch_and_merge": false
              }
            ],
            "ruleset_id": 20493740,
            "target": "branch"
          },
          "sensitive_attributes": [],
          "private": "eyJzY2hlbWFfdmVyc2lvbiI6IjEifQ==",
          "dependencies": [
            "module.repo.github_repository.this"
          ]
        }
      ]
    },
    {
      "module": "module.repo[\"infra-github\"]",
      "mode": "managed",
      "type": "github_repository_ruleset",
      "name": "restrict_unsupported_branches",
      "provider": "provider[\"registry.opentofu.org/integrations/github\"]",
      "instances": [
        {
          "schema_version": 1,
          "attributes": {
            "bypass_actors": [
              {
                "actor_id": 2462900,
                "actor_type": "Integration",
                "bypass_mode": "always"
              }
            ],
            "conditions": [
              {
                "ref_name": [
                  {
                    "exclude": [],
                    "include": [
                      "refs/heads/??.x-backup",
                      "refs/heads/master-backup"
                    ]
                  }
                ]
              }
            ],
            "enforcement": "active",
            "etag": "W/\"b91e1748127f38a90bad5840ec8395eb937d59fc05adf6b29567f1d065bd0b90\"",
            "id": "20493742",
            "name": "Restrict Changes to Unsupported Branches",
            "node_id": "RRS_lACqUmVwb3NpdG9yec5O9vEjzgE4ta4",
            "repository": "infra-github",
            "rules": [
              {
                "branch_name_pattern": [],
                "commit_author_email_pattern": [],
                "commit_message_pattern": [],
                "committer_email_pattern": [],
                "copilot_code_review": [],
                "creation": true,
                "deletion": true,
                "file_extension_restriction": [],
                "file_path_restriction": [],
                "max_file_path_length": [],
                "max_file_size": [],
                "merge_queue": [],
                "non_fast_forward": true,
                "pull_request": [],
                "required_code_scanning": [],
                "required_deployments": [],
                "required_linear_history": false,
                "required_signatures": false,
                "required_status_checks": [],
                "tag_name_pattern": [],
                "update": true,
                "update_allows_fetch_and_merge": false
              }
            ],
            "ruleset_id": 20493742,
            "target": "branch"
          },
          "sensitive_attributes": [],
          "private": "eyJzY2hlbWFfdmVyc2lvbiI6IjEifQ==",
          "dependencies": [
            "module.repo.github_repository.this"
          ]
        }
      ]
    },
    {
      "module": "module.repo[\"infra-github\"]",
      "mode": "managed",
      "type": "github_repository_vulnerability_alerts",
      "name": "this",
      "provider": "provider[\"registry.opentofu.org/integrations/github\"]",
      "instances": [
        {
          "schema_version": 0,
          "attributes": {
            "enabled": true,
            "id": "1324806435",
            "repository": "infra-github",
            "repository_id": 1324806435
          },
          "sensitive_attributes": [],
          "private": "bnVsbA==",
          "dependencies": [
            "module.repo.github_repository.this"
          ]
        }
      ]
    },
    {
      "module": "module.repo[\"infra-github\"]",
      "mode": "managed",
      "type": "github_team_repository",
      "name": "approvers",
      "provider": "provider[\"registry.opentofu.org/integrations/github\"]",
      "instances": [
        {
          "index_key": 0,
          "schema_version": 0,
          "attributes": {
            "etag": "W/\"76dde5d5d4a9f7e4de4ea473089576dafcca672a76a6f9ac94e433afcd0b30fe\"",
            "id": "18867552:infra-github",
            "permission": "push",
            "repository": "infra-github",
            "team_id": "approvers"
          },
          "sensitive_attributes": [],
          "private": "bnVsbA==",
          "dependencies": [
            "module.repo.github_repository.this"
          ]
        }
      ]
    },
    {
      "module": "module.repo[\"project-template-go\"]",
      "mode": "managed",
      "type": "github_issue_label",
      "name": "claude_review",
      "provider": "provider[\"registry.opentofu.org/integrations/github\"]",
      "instances": [
        {
          "schema_version": 0,
          "attributes": {
            "color": "5319e7",
            "description": "Ask Claude to review this pull request",
            "etag": "W/\"7bf252fe8da6c5bd7c9958e8ff610504a63cd275886f21b82ef14b526a53dd0c\"",
            "id": "project-template-go:claude-review",
            "name": "claude-review",
            "repository": "project-template-go",
            "url": "https://api.github.com/repos/valkyrjaio/project-template-go/labels/claude-review"
          },
          "sensitive_attributes": [],
          "private": "eyJzY2hlbWFfdmVyc2lvbiI6IjAifQ==",
          "dependencies": [
            "module.repo.github_repository.this"
          ]
        }
      ]
    },
    {
      "module": "module.repo[\"project-template-go\"]",
      "mode": "managed",
      "type": "github_repository",
      "name": "this",
      "provider": "provider[\"registry.opentofu.org/integrations/github\"]",
      "instances": [
        {
          "schema_version": 1,
          "attributes": {
            "allow_auto_merge": false,
            "allow_forking": true,
            "allow_merge_commit": false,
            "allow_rebase_merge": false,
            "allow_squash_merge": true,
            "allow_update_branch": false,
            "archive_on_destroy": null,
            "archived": false,
            "auto_init": false,
            "default_branch": "26.x",
            "delete_branch_on_merge": true,
            "description": "Go Project Template",
            "etag": "W/\"2b98f9ebc873daac49c227be98fbe9e2d99a4fb88a2286a77b35631b288a69cb\"",
            "fork": "false",
            "full_name": "valkyrjaio/project-template-go",
            "git_clone_url": "git://github.com/valkyrjaio/project-template-go.git",
            "gitignore_template": null,
            "has_discussions": false,
            "has_downloads": false,
            "has_issues": true,
            "has_projects": false,
            "has_wiki": false,
            "homepage_url": "",
            "html_url": "https://github.com/valkyrjaio/project-template-go",
            "http_clone_url": "https://github.com/valkyrjaio/project-template-go.git",
            "id": "project-template-go",
            "ignore_vulnerability_alerts_during_read": null,
            "is_template": true,
            "license_template": null,
            "merge_commit_message": "PR_TITLE",
            "merge_commit_title": "MERGE_MESSAGE",
            "name": "project-template-go",
            "node_id": "R_kgDOSXKxaQ",
            "pages": [],
            "primary_language": "Makefile",
            "private": false,
            "repo_id": 1232253289,
            "security_and_analysis": [
              {
                "advanced_security": [],
                "code_security": [],
                "secret_scanning": [
                  {
                    "status": "disabled"
                  }
                ],
                "secret_scanning_ai_detection": [],
                "secret_scanning_non_provider_patterns": [],
                "secret_scanning_push_protection": [
                  {
                    "status": "disabled"
                  }
                ]
              }
            ],
            "source_owner": "",
            "source_repo": "",
            "squash_merge_commit_message": "PR_BODY",
            "squash_merge_commit_title": "PR_TITLE",
            "ssh_clone_url": "git@github.com:valkyrjaio/project-template-go.git",
            "svn_url": "https://github.com/valkyrjaio/project-template-go",
            "template": [],
            "topics": [],
            "visibility": "public",
            "vulnerability_alerts": true,
            "web_commit_signoff_required": false
          },
          "sensitive_attributes": [],
          "private": "eyJzY2hlbWFfdmVyc2lvbiI6IjEifQ=="
        }
      ]
    },
    {
      "module": "module.repo[\"project-template-go\"]",
      "mode": "managed",
      "type": "github_repository_ruleset",
      "name": "force_push_protection",
      "provider": "provider[\"registry.opentofu.org/integrations/github\"]",
      "instances": [
        {
          "schema_version": 1,
          "attributes": {
            "bypass_actors": [
              {
                "actor_id": 0,
                "actor_type": "OrganizationAdmin",
                "bypass_mode": "always"
              }
            ],
            "conditions": [
              {
                "ref_name": [
                  {
                    "exclude": [],
                    "include": [
                      "refs/heads/??.x"
                    ]
                  }
                ]
              }
            ],
            "enforcement": "active",
            "etag": "W/\"ad8c3cb9491e678aa90173961b829aa6c718b04f40f432fdfa94cc45ec40067b\"",
            "id": "16099705",
            "name": "Protect Against Force Pushes and Deletion",
            "node_id": "RRS_lACqUmVwb3NpdG9yec5JcrFpzgD1qXk",
            "repository": "project-template-go",
            "rules": [
              {
                "branch_name_pattern": [],
                "commit_author_email_pattern": [],
                "commit_message_pattern": [],
                "committer_email_pattern": [],
                "copilot_code_review": [],
                "creation": false,
                "deletion": true,
                "file_extension_restriction": [],
                "file_path_restriction": [],
                "max_file_path_length": [],
                "max_file_size": [],
                "merge_queue": [],
                "non_fast_forward": true,
                "pull_request": [],
                "required_code_scanning": [],
                "required_deployments": [],
                "required_linear_history": false,
                "required_signatures": false,
                "required_status_checks": [],
                "tag_name_pattern": [],
                "update": false,
                "update_allows_fetch_and_merge": false
              }
            ],
            "ruleset_id": 16099705,
            "target": "branch"
          },
          "sensitive_attributes": [],
          "private": "eyJzY2hlbWFfdmVyc2lvbiI6IjEifQ==",
          "dependencies": [
            "module.repo.github_repository.this"
          ]
        }
      ]
    },
    {
      "module": "module.repo[\"project-template-go\"]",
      "mode": "managed",
      "type": "github_repository_ruleset",
      "name": "protect_master",
      "provider": "provider[\"registry.opentofu.org/integrations/github\"]",
      "instances": [
        {
          "schema_version": 1,
          "attributes": {
            "bypass_actors": [],
            "conditions": [
              {
                "ref_name": [
                  {
                    "exclude": [],
                    "include": [
                      "refs/heads/master"
                    ]
                  }
                ]
              }
            ],
            "enforcement": "active",
            "etag": "W/\"e156c1e3f8f9c5092680fe0e1fd0716224f6a7abb42dcc6b2216a561e60ff84a\"",
            "id": "16099706",
            "name": "Protect Master At All Times",
            "node_id": "RRS_lACqUmVwb3NpdG9yec5JcrFpzgD1qXo",
            "repository": "project-template-go",
            "rules": [
              {
                "branch_name_pattern": [],
                "commit_author_email_pattern": [],
                "commit_message_pattern": [],
                "committer_email_pattern": [],
                "copilot_code_review": [],
                "creation": false,
                "deletion": true,
                "file_extension_restriction": [],
                "file_path_restriction": [],
                "max_file_path_length": [],
                "max_file_size": [],
                "merge_queue": [],
                "non_fast_forward": true,
                "pull_request": [],
                "required_code_scanning": [],
                "required_deployments": [],
                "required_linear_history": false,
                "required_signatures": false,
                "required_status_checks": [],
                "tag_name_pattern": [],
                "update": false,
                "update_allows_fetch_and_merge": false
              }
            ],
            "ruleset_id": 16099706,
            "target": "branch"
          },
          "sensitive_attributes": [],
          "private": "eyJzY2hlbWFfdmVyc2lvbiI6IjEifQ==",
          "dependencies": [
            "module.repo.github_repository.this"
          ]
        }
      ]
    },
    {
      "module": "module.repo[\"project-template-go\"]",
      "mode": "managed",
      "type": "github_repository_ruleset",
      "name": "protect_release_tags",
      "provider": "provider[\"registry.opentofu.org/integrations/github\"]",
      "instances": [
        {
          "schema_version": 1,
          "attributes": {
            "bypass_actors": [
              {
                "actor_id": 0,
                "actor_type": "OrganizationAdmin",
                "bypass_mode": "always"
              }
            ],
            "conditions": [
              {
                "ref_name": [
                  {
                    "exclude": [],
                    "include": [
                      "refs/tags/*.*.*"
                    ]
                  }
                ]
              }
            ],
            "enforcement": "active",
            "etag": "W/\"da5e340e24e6755cc343b15a2891a275c2720577510852e01f0d8b23e6e77eca\"",
            "id": "16099707",
            "name": "Protect Release Tags",
            "node_id": "RRS_lACqUmVwb3NpdG9yec5JcrFpzgD1qXs",
            "repository": "project-template-go",
            "rules": [
              {
                "branch_name_pattern": [],
                "commit_author_email_pattern": [],
                "commit_message_pattern": [],
                "committer_email_pattern": [],
                "copilot_code_review": [],
                "creation": false,
                "deletion": true,
                "file_extension_restriction": [],
                "file_path_restriction": [],
                "max_file_path_length": [],
                "max_file_size": [],
                "merge_queue": [],
                "non_fast_forward": true,
                "pull_request": [],
                "required_code_scanning": [],
                "required_deployments": [],
                "required_linear_history": false,
                "required_signatures": false,
                "required_status_checks": [],
                "tag_name_pattern": [],
                "update": false,
                "update_allows_fetch_and_merge": false
              }
            ],
            "ruleset_id": 16099707,
            "target": "tag"
          },
          "sensitive_attributes": [],
          "private": "eyJzY2hlbWFfdmVyc2lvbiI6IjEifQ==",
          "dependencies": [
            "module.repo.github_repository.this"
          ]
        }
      ]
    },
    {
      "module": "module.repo[\"project-template-go\"]",
      "mode": "managed",
      "type": "github_repository_ruleset",
      "name": "require_pull_request",
      "provider": "provider[\"registry.opentofu.org/integrations/github\"]",
      "instances": [
        {
          "schema_version": 1,
          "attributes": {
            "bypass_actors": [
              {
                "actor_id": 0,
                "actor_type": "OrganizationAdmin",
                "bypass_mode": "always"
              },
              {
                "actor_id": 2462900,
                "actor_type": "Integration",
                "bypass_mode": "always"
              }
            ],
            "conditions": [
              {
                "ref_name": [
                  {
                    "exclude": [],
                    "include": [
                      "~DEFAULT_BRANCH",
                      "refs/heads/??.x",
                      "refs/heads/master"
                    ]
                  }
                ]
              }
            ],
            "enforcement": "active",
            "etag": "W/\"9d02089101deb626fada8ee7c42ae88a0601383c0fe8ab94d634d79e08671b82\"",
            "id": "16099709",
            "name": "Require Pull Request",
            "node_id": "RRS_lACqUmVwb3NpdG9yec5JcrFpzgD1qX0",
            "repository": "project-template-go",
            "rules": [
              {
                "branch_name_pattern": [],
                "commit_author_email_pattern": [],
                "commit_message_pattern": [],
                "committer_email_pattern": [],
                "copilot_code_review": [],
                "creation": false,
                "deletion": false,
                "file_extension_restriction": [],
                "file_path_restriction": [],
                "max_file_path_length": [],
                "max_file_size": [],
                "merge_queue": [],
                "non_fast_forward": false,
                "pull_request": [
                  {
                    "allowed_merge_methods": [
                      "squash"
                    ],
                    "dismiss_stale_reviews_on_push": false,
                    "require_code_owner_review": true,
                    "require_last_push_approval": false,
                    "required_approving_review_count": 0,
                    "required_review_thread_resolution": false,
                    "required_reviewers": []
                  }
                ],
                "required_code_scanning": [],
                "required_deployments": [],
                "required_linear_history": false,
                "required_signatures": false,
                "required_status_checks": [],
                "tag_name_pattern": [],
                "update": false,
                "update_allows_fetch_and_merge": false
              }
            ],
            "ruleset_id": 16099709,
            "target": "branch"
          },
          "sensitive_attributes": [],
          "private": "eyJzY2hlbWFfdmVyc2lvbiI6IjEifQ==",
          "dependencies": [
            "github_team.approvers",
            "module.repo.github_repository.this"
          ]
        }
      ]
    },
    {
      "module": "module.repo[\"project-template-go\"]",
      "mode": "managed",
      "type": "github_repository_ruleset",
      "name": "required_default_checks",
      "provider": "provider[\"registry.opentofu.org/integrations/github\"]",
      "instances": [
        {
          "schema_version": 1,
          "attributes": {
            "bypass_actors": [
              {
                "actor_id": 0,
                "actor_type": "OrganizationAdmin",
                "bypass_mode": "always"
              },
              {
                "actor_id": 2462900,
                "actor_type": "Integration",
                "bypass_mode": "always"
              }
            ],
            "conditions": [
              {
                "ref_name": [
                  {
                    "exclude": [],
                    "include": [
                      "~DEFAULT_BRANCH",
                      "refs/heads/??.x"
                    ]
                  }
                ]
              }
            ],
            "enforcement": "active",
            "etag": "W/\"08b6eeb65e4c53c3821e940b109e0cd8c7b3b5b6ecf8992a3cbf3a1f9a08e6e3\"",
            "id": "16099711",
            "name": "Required Default PR Checks",
            "node_id": "RRS_lACqUmVwb3NpdG9yec5JcrFpzgD1qX8",
            "repository": "project-template-go",
            "rules": [
              {
                "branch_name_pattern": [],
                "commit_author_email_pattern": [],
                "commit_message_pattern": [],
                "committer_email_pattern": [],
                "copilot_code_review": [],
                "creation": false,
                "deletion": false,
                "file_extension_restriction": [],
                "file_path_restriction": [],
                "max_file_path_length": [],
                "max_file_size": [],
                "merge_queue": [],
                "non_fast_forward": false,
                "pull_request": [],
                "required_code_scanning": [],
                "required_deployments": [],
                "required_linear_history": false,
                "required_signatures": false,
                "required_status_checks": [
                  {
                    "do_not_enforce_on_create": false,
                    "required_check": [
                      {
                        "context": "Commit Message Check / Check Commit Message",
                        "integration_id": 15368
                      },
                      {
                        "context": "Copyright Header Check / Check Copyright Header",
                        "integration_id": 15368
                      },
                      {
                        "context": "Markdown Check / Check Markdown",
                        "integration_id": 15368
                      },
                      {
                        "context": "Trailing Newline Check / Check Trailing Newline",
                        "integration_id": 15368
                      }
                    ],
                    "strict_required_status_checks_policy": false
                  }
                ],
                "tag_name_pattern": [],
                "update": false,
                "update_allows_fetch_and_merge": false
              }
            ],
            "ruleset_id": 16099711,
            "target": "branch"
          },
          "sensitive_attributes": [],
          "private": "eyJzY2hlbWFfdmVyc2lvbiI6IjEifQ==",
          "dependencies": [
            "module.repo.github_repository.this"
          ]
        }
      ]
    },
    {
      "module": "module.repo[\"project-template-go\"]",
      "mode": "managed",
      "type": "github_repository_ruleset",
      "name": "required_language_checks",
      "provider": "provider[\"registry.opentofu.org/integrations/github\"]",
      "instances": [
        {
          "index_key": 0,
          "schema_version": 1,
          "attributes": {
            "bypass_actors": [
              {
                "actor_id": 0,
                "actor_type": "OrganizationAdmin",
                "bypass_mode": "always"
              },
              {
                "actor_id": 2462900,
                "actor_type": "Integration",
                "bypass_mode": "always"
              }
            ],
            "conditions": [
              {
                "ref_name": [
                  {
                    "exclude": [],
                    "include": [
                      "~DEFAULT_BRANCH",
                      "refs/heads/??.x"
                    ]
                  }
                ]
              }
            ],
            "enforcement": "active",
            "etag": "W/\"aedcddddc80dec14e29b3777462f0fa737c740fb1c1914799513a64fe5fc54bf\"",
            "id": "19204428",
            "name": "Required Go PR Checks",
            "node_id": "RRS_lACqUmVwb3NpdG9yec5JcrFpzgElCUw",
            "repository": "project-template-go",
            "rules": [
              {
                "branch_name_pattern": [],
                "commit_author_email_pattern": [],
                "commit_message_pattern": [],
                "committer_email_pattern": [],
                "copilot_code_review": [],
                "creation": false,
                "deletion": false,
                "file_extension_restriction": [],
                "file_path_restriction": [],
                "max_file_path_length": [],
                "max_file_size": [],
                "merge_queue": [],
                "non_fast_forward": false,
                "pull_request": [],
                "required_code_scanning": [],
                "required_deployments": [],
                "required_linear_history": false,
                "required_signatures": false,
                "required_status_checks": [
                  {
                    "do_not_enforce_on_create": false,
                    "required_check": [
                      {
                        "context": "Tools / Test / Test",
                        "integration_id": 15368
                      },
                      {
                        "context": "Tools / golangci-lint / golangci-lint",
                        "integration_id": 15368
                      }
                    ],
                    "strict_required_status_checks_policy": false
                  }
                ],
                "tag_name_pattern": [],
                "update": false,
                "update_allows_fetch_and_merge": false
              }
            ],
            "ruleset_id": 19204428,
            "target": "branch"
          },
          "sensitive_attributes": [],
          "private": "eyJzY2hlbWFfdmVyc2lvbiI6IjEifQ==",
          "dependencies": [
            "module.repo.github_repository.this"
          ]
        }
      ]
    },
    {
      "module": "module.repo[\"project-template-go\"]",
      "mode": "managed",
      "type": "github_repository_ruleset",
      "name": "restrict_unsupported_branches",
      "provider": "provider[\"registry.opentofu.org/integrations/github\"]",
      "instances": [
        {
          "schema_version": 1,
          "attributes": {
            "bypass_actors": [
              {
                "actor_id": 2462900,
                "actor_type": "Integration",
                "bypass_mode": "always"
              }
            ],
            "conditions": [
              {
                "ref_name": [
                  {
                    "exclude": [],
                    "include": [
                      "refs/heads/??.x-backup",
                      "refs/heads/master-backup"
                    ]
                  }
                ]
              }
            ],
            "enforcement": "active",
            "etag": "W/\"7be5c95f237c929fa0ed20d478333c2c04d8865079e9ea8eaa3069e91fe8f820\"",
            "id": "16099712",
            "name": "Restrict Changes to Unsupported Branches",
            "node_id": "RRS_lACqUmVwb3NpdG9yec5JcrFpzgD1qYA",
            "repository": "project-template-go",
            "rules": [
              {
                "branch_name_pattern": [],
                "commit_author_email_pattern": [],
                "commit_message_pattern": [],
                "committer_email_pattern": [],
                "copilot_code_review": [],
                "creation": true,
                "deletion": true,
                "file_extension_restriction": [],
                "file_path_restriction": [],
                "max_file_path_length": [],
                "max_file_size": [],
                "merge_queue": [],
                "non_fast_forward": true,
                "pull_request": [],
                "required_code_scanning": [],
                "required_deployments": [],
                "required_linear_history": false,
                "required_signatures": false,
                "required_status_checks": [],
                "tag_name_pattern": [],
                "update": true,
                "update_allows_fetch_and_merge": false
              }
            ],
            "ruleset_id": 16099712,
            "target": "branch"
          },
          "sensitive_attributes": [],
          "private": "eyJzY2hlbWFfdmVyc2lvbiI6IjEifQ==",
          "dependencies": [
            "module.repo.github_repository.this"
          ]
        }
      ]
    },
    {
      "module": "module.repo[\"project-template-go\"]",
      "mode": "managed",
      "type": "github_repository_vulnerability_alerts",
      "name": "this",
      "provider": "provider[\"registry.opentofu.org/integrations/github\"]",
      "instances": [
        {
          "schema_version": 0,
          "attributes": {
            "enabled": true,
            "id": "1232253289",
            "repository": "project-template-go",
            "repository_id": 1232253289
          },
          "sensitive_attributes": [],
          "private": "eyJzY2hlbWFfdmVyc2lvbiI6IjAifQ==",
          "dependencies": [
            "module.repo.github_repository.this"
          ]
        }
      ]
    },
    {
      "module": "module.repo[\"project-template-go\"]",
      "mode": "managed",
      "type": "github_team_repository",
      "name": "approvers",
      "provider": "provider[\"registry.opentofu.org/integrations/github\"]",
      "instances": [
        {
          "index_key": 0,
          "schema_version": 0,
          "attributes": {
            "etag": "W/\"1ff38dac7fde8ad364debc0deb93f952450c2d6aa5113b54a06fd08ceb488732\"",
            "id": "18867552:project-template-go",
            "permission": "push",
            "repository": "project-template-go",
            "team_id": "approvers"
          },
          "sensitive_attributes": [],
          "private": "bnVsbA==",
          "dependencies": [
            "module.repo.github_repository.this"
          ]
        }
      ]
    },
    {
      "module": "module.repo[\"project-template-java\"]",
      "mode": "managed",
      "type": "github_issue_label",
      "name": "claude_review",
      "provider": "provider[\"registry.opentofu.org/integrations/github\"]",
      "instances": [
        {
          "schema_version": 0,
          "attributes": {
            "color": "5319e7",
            "description": "Ask Claude to review this pull request",
            "etag": "W/\"3632b42a0fd08940b22beecb20bc9aa1bc43df2bd2f18a02d4c3448f07933eee\"",
            "id": "project-template-java:claude-review",
            "name": "claude-review",
            "repository": "project-template-java",
            "url": "https://api.github.com/repos/valkyrjaio/project-template-java/labels/claude-review"
          },
          "sensitive_attributes": [],
          "private": "eyJzY2hlbWFfdmVyc2lvbiI6IjAifQ==",
          "dependencies": [
            "module.repo.github_repository.this"
          ]
        }
      ]
    },
    {
      "module": "module.repo[\"project-template-java\"]",
      "mode": "managed",
      "type": "github_repository",
      "name": "this",
      "provider": "provider[\"registry.opentofu.org/integrations/github\"]",
      "instances": [
        {
          "schema_version": 1,
          "attributes": {
            "allow_auto_merge": false,
            "allow_forking": true,
            "allow_merge_commit": false,
            "allow_rebase_merge": false,
            "allow_squash_merge": true,
            "allow_update_branch": false,
            "archive_on_destroy": null,
            "archived": false,
            "auto_init": false,
            "default_branch": "26.x",
            "delete_branch_on_merge": true,
            "description": "Java Project Template",
            "etag": "W/\"ca20f6d97489e134b9e60f6f672e709901f00d4960d05c657903822fe1a8c18f\"",
            "fork": "false",
            "full_name": "valkyrjaio/project-template-java",
            "git_clone_url": "git://github.com/valkyrjaio/project-template-java.git",
            "gitignore_template": null,
            "has_discussions": false,
            "has_downloads": false,
            "has_issues": true,
            "has_projects": false,
            "has_wiki": false,
            "homepage_url": "",
            "html_url": "https://github.com/valkyrjaio/project-template-java",
            "http_clone_url": "https://github.com/valkyrjaio/project-template-java.git",
            "id": "project-template-java",
            "ignore_vulnerability_alerts_during_read": null,
            "is_template": true,
            "license_template": null,
            "merge_commit_message": "PR_TITLE",
            "merge_commit_title": "MERGE_MESSAGE",
            "name": "project-template-java",
            "node_id": "R_kgDOSE_Ymw",
            "pages": [],
            "primary_language": "Java",
            "private": false,
            "repo_id": 1213192347,
            "security_and_analysis": [
              {
                "advanced_security": [],
                "code_security": [],
                "secret_scanning": [
                  {
                    "status": "disabled"
                  }
                ],
                "secret_scanning_ai_detection": [],
                "secret_scanning_non_provider_patterns": [],
                "secret_scanning_push_protection": [
                  {
                    "status": "disabled"
                  }
                ]
              }
            ],
            "source_owner": "",
            "source_repo": "",
            "squash_merge_commit_message": "PR_BODY",
            "squash_merge_commit_title": "PR_TITLE",
            "ssh_clone_url": "git@github.com:valkyrjaio/project-template-java.git",
            "svn_url": "https://github.com/valkyrjaio/project-template-java",
            "template": [],
            "topics": [],
            "visibility": "public",
            "vulnerability_alerts": true,
            "web_commit_signoff_required": false
          },
          "sensitive_attributes": [],
          "private": "eyJzY2hlbWFfdmVyc2lvbiI6IjEifQ=="
        }
      ]
    },
    {
      "module": "module.repo[\"project-template-java\"]",
      "mode": "managed",
      "type": "github_repository_ruleset",
      "name": "force_push_protection",
      "provider": "provider[\"registry.opentofu.org/integrations/github\"]",
      "instances": [
        {
          "schema_version": 1,
          "attributes": {
            "bypass_actors": [
              {
                "actor_id": 0,
                "actor_type": "OrganizationAdmin",
                "bypass_mode": "always"
              }
            ],
            "conditions": [
              {
                "ref_name": [
                  {
                    "exclude": [],
                    "include": [
                      "refs/heads/??.x"
                    ]
                  }
                ]
              }
            ],
            "enforcement": "active",
            "etag": "W/\"a0fe0b611df1cf5ce71d8b7869d74421428672c4f42858f7f278ee990035c882\"",
            "id": "15192465",
            "name": "Protect Against Force Pushes and Deletion",
            "node_id": "RRS_lACqUmVwb3NpdG9yec5IT9ibzgDn0ZE",
            "repository": "project-template-java",
            "rules": [
              {
                "branch_name_pattern": [],
                "commit_author_email_pattern": [],
                "commit_message_pattern": [],
                "committer_email_pattern": [],
                "copilot_code_review": [],
                "creation": false,
                "deletion": true,
                "file_extension_restriction": [],
                "file_path_restriction": [],
                "max_file_path_length": [],
                "max_file_size": [],
                "merge_queue": [],
                "non_fast_forward": true,
                "pull_request": [],
                "required_code_scanning": [],
                "required_deployments": [],
                "required_linear_history": false,
                "required_signatures": false,
                "required_status_checks": [],
                "tag_name_pattern": [],
                "update": false,
                "update_allows_fetch_and_merge": false
              }
            ],
            "ruleset_id": 15192465,
            "target": "branch"
          },
          "sensitive_attributes": [],
          "private": "eyJzY2hlbWFfdmVyc2lvbiI6IjEifQ==",
          "dependencies": [
            "module.repo.github_repository.this"
          ]
        }
      ]
    },
    {
      "module": "module.repo[\"project-template-java\"]",
      "mode": "managed",
      "type": "github_repository_ruleset",
      "name": "protect_master",
      "provider": "provider[\"registry.opentofu.org/integrations/github\"]",
      "instances": [
        {
          "schema_version": 1,
          "attributes": {
            "bypass_actors": [],
            "conditions": [
              {
                "ref_name": [
                  {
                    "exclude": [],
                    "include": [
                      "refs/heads/master"
                    ]
                  }
                ]
              }
            ],
            "enforcement": "active",
            "etag": "W/\"62a1e8eb86f785c2a37b2f7d3aee0019e56e0c3fe351b15178a5a11abd3467da\"",
            "id": "15192466",
            "name": "Protect Master At All Times",
            "node_id": "RRS_lACqUmVwb3NpdG9yec5IT9ibzgDn0ZI",
            "repository": "project-template-java",
            "rules": [
              {
                "branch_name_pattern": [],
                "commit_author_email_pattern": [],
                "commit_message_pattern": [],
                "committer_email_pattern": [],
                "copilot_code_review": [],
                "creation": false,
                "deletion": true,
                "file_extension_restriction": [],
                "file_path_restriction": [],
                "max_file_path_length": [],
                "max_file_size": [],
                "merge_queue": [],
                "non_fast_forward": true,
                "pull_request": [],
                "required_code_scanning": [],
                "required_deployments": [],
                "required_linear_history": false,
                "required_signatures": false,
                "required_status_checks": [],
                "tag_name_pattern": [],
                "update": false,
                "update_allows_fetch_and_merge": false
              }
            ],
            "ruleset_id": 15192466,
            "target": "branch"
          },
          "sensitive_attributes": [],
          "private": "eyJzY2hlbWFfdmVyc2lvbiI6IjEifQ==",
          "dependencies": [
            "module.repo.github_repository.this"
          ]
        }
      ]
    },
    {
      "module": "module.repo[\"project-template-java\"]",
      "mode": "managed",
      "type": "github_repository_ruleset",
      "name": "protect_release_tags",
      "provider": "provider[\"registry.opentofu.org/integrations/github\"]",
      "instances": [
        {
          "schema_version": 1,
          "attributes": {
            "bypass_actors": [
              {
                "actor_id": 0,
                "actor_type": "OrganizationAdmin",
                "bypass_mode": "always"
              }
            ],
            "conditions": [
              {
                "ref_name": [
                  {
                    "exclude": [],
                    "include": [
                      "refs/tags/*.*.*"
                    ]
                  }
                ]
              }
            ],
            "enforcement": "active",
            "etag": "W/\"e424b64c518836e8d68a7daa64fc4e64978249dbbdb0760f052b30bd77635b2b\"",
            "id": "15200874",
            "name": "Protect Release Tags",
            "node_id": "RRS_lACqUmVwb3NpdG9yec5IT9ibzgDn8mo",
            "repository": "project-template-java",
            "rules": [
              {
                "branch_name_pattern": [],
                "commit_author_email_pattern": [],
                "commit_message_pattern": [],
                "committer_email_pattern": [],
                "copilot_code_review": [],
                "creation": false,
                "deletion": true,
                "file_extension_restriction": [],
                "file_path_restriction": [],
                "max_file_path_length": [],
                "max_file_size": [],
                "merge_queue": [],
                "non_fast_forward": true,
                "pull_request": [],
                "required_code_scanning": [],
                "required_deployments": [],
                "required_linear_history": false,
                "required_signatures": false,
                "required_status_checks": [],
                "tag_name_pattern": [],
                "update": false,
                "update_allows_fetch_and_merge": false
              }
            ],
            "ruleset_id": 15200874,
            "target": "tag"
          },
          "sensitive_attributes": [],
          "private": "eyJzY2hlbWFfdmVyc2lvbiI6IjEifQ==",
          "dependencies": [
            "module.repo.github_repository.this"
          ]
        }
      ]
    },
    {
      "module": "module.repo[\"project-template-java\"]",
      "mode": "managed",
      "type": "github_repository_ruleset",
      "name": "require_pull_request",
      "provider": "provider[\"registry.opentofu.org/integrations/github\"]",
      "instances": [
        {
          "schema_version": 1,
          "attributes": {
            "bypass_actors": [
              {
                "actor_id": 0,
                "actor_type": "OrganizationAdmin",
                "bypass_mode": "always"
              },
              {
                "actor_id": 2462900,
                "actor_type": "Integration",
                "bypass_mode": "always"
              }
            ],
            "conditions": [
              {
                "ref_name": [
                  {
                    "exclude": [],
                    "include": [
                      "~DEFAULT_BRANCH",
                      "refs/heads/??.x",
                      "refs/heads/master"
                    ]
                  }
                ]
              }
            ],
            "enforcement": "active",
            "etag": "W/\"45a6ade4aa8a121f492ca203b93c16524d5dc3ddbf268ea6546255954b134943\"",
            "id": "15192467",
            "name": "Require Pull Request",
            "node_id": "RRS_lACqUmVwb3NpdG9yec5IT9ibzgDn0ZM",
            "repository": "project-template-java",
            "rules": [
              {
                "branch_name_pattern": [],
                "commit_author_email_pattern": [],
                "commit_message_pattern": [],
                "committer_email_pattern": [],
                "copilot_code_review": [],
                "creation": false,
                "deletion": false,
                "file_extension_restriction": [],
                "file_path_restriction": [],
                "max_file_path_length": [],
                "max_file_size": [],
                "merge_queue": [],
                "non_fast_forward": false,
                "pull_request": [
                  {
                    "allowed_merge_methods": [
                      "squash"
                    ],
                    "dismiss_stale_reviews_on_push": false,
                    "require_code_owner_review": true,
                    "require_last_push_approval": false,
                    "required_approving_review_count": 0,
                    "required_review_thread_resolution": false,
                    "required_reviewers": []
                  }
                ],
                "required_code_scanning": [],
                "required_deployments": [],
                "required_linear_history": false,
                "required_signatures": false,
                "required_status_checks": [],
                "tag_name_pattern": [],
                "update": false,
                "update_allows_fetch_and_merge": false
              }
            ],
            "ruleset_id": 15192467,
            "target": "branch"
          },
          "sensitive_attributes": [],
          "private": "eyJzY2hlbWFfdmVyc2lvbiI6IjEifQ==",
          "dependencies": [
            "github_team.approvers",
            "module.repo.github_repository.this"
          ]
        }
      ]
    },
    {
      "module": "module.repo[\"project-template-java\"]",
      "mode": "managed",
      "type": "github_repository_ruleset",
      "name": "required_default_checks",
      "provider": "provider[\"registry.opentofu.org/integrations/github\"]",
      "instances": [
        {
          "schema_version": 1,
          "attributes": {
            "bypass_actors": [
              {
                "actor_id": 0,
                "actor_type": "OrganizationAdmin",
                "bypass_mode": "always"
              },
              {
                "actor_id": 2462900,
                "actor_type": "Integration",
                "bypass_mode": "always"
              }
            ],
            "conditions": [
              {
                "ref_name": [
                  {
                    "exclude": [],
                    "include": [
                      "~DEFAULT_BRANCH",
                      "refs/heads/??.x"
                    ]
                  }
                ]
              }
            ],
            "enforcement": "active",
            "etag": "W/\"6b569f53b3a9513f24bc1b55dc65c856f642098aee8fb96bf61a2c23d54315df\"",
            "id": "15274011",
            "name": "Required Default PR Checks",
            "node_id": "RRS_lACqUmVwb3NpdG9yec5IT9ibzgDpEBs",
            "repository": "project-template-java",
            "rules": [
              {
                "branch_name_pattern": [],
                "commit_author_email_pattern": [],
                "commit_message_pattern": [],
                "committer_email_pattern": [],
                "copilot_code_review": [],
                "creation": false,
                "deletion": false,
                "file_extension_restriction": [],
                "file_path_restriction": [],
                "max_file_path_length": [],
                "max_file_size": [],
                "merge_queue": [],
                "non_fast_forward": false,
                "pull_request": [],
                "required_code_scanning": [],
                "required_deployments": [],
                "required_linear_history": false,
                "required_signatures": false,
                "required_status_checks": [
                  {
                    "do_not_enforce_on_create": false,
                    "required_check": [
                      {
                        "context": "Commit Message Check / Check Commit Message",
                        "integration_id": 15368
                      },
                      {
                        "context": "Copyright Header Check / Check Copyright Header",
                        "integration_id": 15368
                      },
                      {
                        "context": "Markdown Check / Check Markdown",
                        "integration_id": 15368
                      },
                      {
                        "context": "Trailing Newline Check / Check Trailing Newline",
                        "integration_id": 15368
                      }
                    ],
                    "strict_required_status_checks_policy": false
                  }
                ],
                "tag_name_pattern": [],
                "update": false,
                "update_allows_fetch_and_merge": false
              }
            ],
            "ruleset_id": 15274011,
            "target": "branch"
          },
          "sensitive_attributes": [],
          "private": "eyJzY2hlbWFfdmVyc2lvbiI6IjEifQ==",
          "dependencies": [
            "module.repo.github_repository.this"
          ]
        }
      ]
    },
    {
      "module": "module.repo[\"project-template-java\"]",
      "mode": "managed",
      "type": "github_repository_ruleset",
      "name": "required_language_checks",
      "provider": "provider[\"registry.opentofu.org/integrations/github\"]",
      "instances": [
        {
          "index_key": 0,
          "schema_version": 1,
          "attributes": {
            "bypass_actors": [
              {
                "actor_id": 0,
                "actor_type": "OrganizationAdmin",
                "bypass_mode": "always"
              },
              {
                "actor_id": 2462900,
                "actor_type": "Integration",
                "bypass_mode": "always"
              }
            ],
            "conditions": [
              {
                "ref_name": [
                  {
                    "exclude": [],
                    "include": [
                      "~DEFAULT_BRANCH",
                      "refs/heads/??.x"
                    ]
                  }
                ]
              }
            ],
            "enforcement": "active",
            "etag": "W/\"acf317baeb231772464b67e8c4ec6ac9371a1e0a4424397fce417876a5d4e0ec\"",
            "id": "16538928",
            "name": "Required Java PR Checks",
            "node_id": "RRS_lACqUmVwb3NpdG9yec5IT9ibzgD8XTA",
            "repository": "project-template-java",
            "rules": [
              {
                "branch_name_pattern": [],
                "commit_author_email_pattern": [],
                "commit_message_pattern": [],
                "committer_email_pattern": [],
                "copilot_code_review": [],
                "creation": false,
                "deletion": false,
                "file_extension_restriction": [],
                "file_path_restriction": [],
                "max_file_path_length": [],
                "max_file_size": [],
                "merge_queue": [],
                "non_fast_forward": false,
                "pull_request": [],
                "required_code_scanning": [],
                "required_deployments": [],
                "required_linear_history": false,
                "required_signatures": false,
                "required_status_checks": [
                  {
                    "do_not_enforce_on_create": false,
                    "required_check": [
                      {
                        "context": "Tools / ArchUnit / ArchUnit",
                        "integration_id": 15368
                      },
                      {
                        "context": "Tools / ErrorProne / ErrorProne",
                        "integration_id": 15368
                      },
                      {
                        "context": "Tools / JUnit / JUnit",
                        "integration_id": 15368
                      },
                      {
                        "context": "Tools / SpotBugs / SpotBugs",
                        "integration_id": 15368
                      },
                      {
                        "context": "Tools / Spotless / Spotless",
                        "integration_id": 15368
                      }
                    ],
                    "strict_required_status_checks_policy": false
                  }
                ],
                "tag_name_pattern": [],
                "update": false,
                "update_allows_fetch_and_merge": false
              }
            ],
            "ruleset_id": 16538928,
            "target": "branch"
          },
          "sensitive_attributes": [],
          "private": "eyJzY2hlbWFfdmVyc2lvbiI6IjEifQ==",
          "dependencies": [
            "module.repo.github_repository.this"
          ]
        }
      ]
    },
    {
      "module": "module.repo[\"project-template-java\"]",
      "mode": "managed",
      "type": "github_repository_ruleset",
      "name": "restrict_unsupported_branches",
      "provider": "provider[\"registry.opentofu.org/integrations/github\"]",
      "instances": [
        {
          "schema_version": 1,
          "attributes": {
            "bypass_actors": [
              {
                "actor_id": 2462900,
                "actor_type": "Integration",
                "bypass_mode": "always"
              }
            ],
            "conditions": [
              {
                "ref_name": [
                  {
                    "exclude": [],
                    "include": [
                      "refs/heads/??.x-backup",
                      "refs/heads/master-backup"
                    ]
                  }
                ]
              }
            ],
            "enforcement": "active",
            "etag": "W/\"0990d6f16047750068e623020e2da3b8e425448593c4c3865d1ad4c5b722eb84\"",
            "id": "15192468",
            "name": "Restrict Changes to Unsupported Branches",
            "node_id": "RRS_lACqUmVwb3NpdG9yec5IT9ibzgDn0ZQ",
            "repository": "project-template-java",
            "rules": [
              {
                "branch_name_pattern": [],
                "commit_author_email_pattern": [],
                "commit_message_pattern": [],
                "committer_email_pattern": [],
                "copilot_code_review": [],
                "creation": true,
                "deletion": true,
                "file_extension_restriction": [],
                "file_path_restriction": [],
                "max_file_path_length": [],
                "max_file_size": [],
                "merge_queue": [],
                "non_fast_forward": true,
                "pull_request": [],
                "required_code_scanning": [],
                "required_deployments": [],
                "required_linear_history": false,
                "required_signatures": false,
                "required_status_checks": [],
                "tag_name_pattern": [],
                "update": true,
                "update_allows_fetch_and_merge": false
              }
            ],
            "ruleset_id": 15192468,
            "target": "branch"
          },
          "sensitive_attributes": [],
          "private": "eyJzY2hlbWFfdmVyc2lvbiI6IjEifQ==",
          "dependencies": [
            "module.repo.github_repository.this"
          ]
        }
      ]
    },
    {
      "module": "module.repo[\"project-template-java\"]",
      "mode": "managed",
      "type": "github_repository_vulnerability_alerts",
      "name": "this",
      "provider": "provider[\"registry.opentofu.org/integrations/github\"]",
      "instances": [
        {
          "schema_version": 0,
          "attributes": {
            "enabled": true,
            "id": "1213192347",
            "repository": "project-template-java",
            "repository_id": 1213192347
          },
          "sensitive_attributes": [],
          "private": "eyJzY2hlbWFfdmVyc2lvbiI6IjAifQ==",
          "dependencies": [
            "module.repo.github_repository.this"
          ]
        }
      ]
    },
    {
      "module": "module.repo[\"project-template-java\"]",
      "mode": "managed",
      "type": "github_team_repository",
      "name": "approvers",
      "provider": "provider[\"registry.opentofu.org/integrations/github\"]",
      "instances": [
        {
          "index_key": 0,
          "schema_version": 0,
          "attributes": {
            "etag": "W/\"7bcc96ee3d9ee20de973e6316003c459b1d57c02b6e61e2ffc357a0dd04e9ae9\"",
            "id": "18867552:project-template-java",
            "permission": "push",
            "repository": "project-template-java",
            "team_id": "approvers"
          },
          "sensitive_attributes": [],
          "private": "bnVsbA==",
          "dependencies": [
            "module.repo.github_repository.this"
          ]
        }
      ]
    },
    {
      "module": "module.repo[\"project-template-php\"]",
      "mode": "managed",
      "type": "github_issue_label",
      "name": "claude_review",
      "provider": "provider[\"registry.opentofu.org/integrations/github\"]",
      "instances": [
        {
          "schema_version": 0,
          "attributes": {
            "color": "5319e7",
            "description": "Ask Claude to review this pull request",
            "etag": "W/\"5b1de63221a077452150f9c237cfd59aaadb19fb0c02de31498578bb3dfbc13f\"",
            "id": "project-template-php:claude-review",
            "name": "claude-review",
            "repository": "project-template-php",
            "url": "https://api.github.com/repos/valkyrjaio/project-template-php/labels/claude-review"
          },
          "sensitive_attributes": [],
          "private": "eyJzY2hlbWFfdmVyc2lvbiI6IjAifQ==",
          "dependencies": [
            "module.repo.github_repository.this"
          ]
        }
      ]
    },
    {
      "module": "module.repo[\"project-template-php\"]",
      "mode": "managed",
      "type": "github_repository",
      "name": "this",
      "provider": "provider[\"registry.opentofu.org/integrations/github\"]",
      "instances": [
        {
          "schema_version": 1,
          "attributes": {
            "allow_auto_merge": false,
            "allow_forking": true,
            "allow_merge_commit": false,
            "allow_rebase_merge": false,
            "allow_squash_merge": true,
            "allow_update_branch": false,
            "archive_on_destroy": null,
            "archived": false,
            "auto_init": false,
            "default_branch": "26.x",
            "delete_branch_on_merge": true,
            "description": "PHP Project Template",
            "etag": "W/\"edaaa64463cfd0c7424f235c035955308b0570fe39cb75710fd845545369312e\"",
            "fork": "false",
            "full_name": "valkyrjaio/project-template-php",
            "git_clone_url": "git://github.com/valkyrjaio/project-template-php.git",
            "gitignore_template": null,
            "has_discussions": false,
            "has_downloads": false,
            "has_issues": true,
            "has_projects": false,
            "has_wiki": false,
            "homepage_url": "",
            "html_url": "https://github.com/valkyrjaio/project-template-php",
            "http_clone_url": "https://github.com/valkyrjaio/project-template-php.git",
            "id": "project-template-php",
            "ignore_vulnerability_alerts_during_read": null,
            "is_template": true,
            "license_template": null,
            "merge_commit_message": "PR_TITLE",
            "merge_commit_title": "MERGE_MESSAGE",
            "name": "project-template-php",
            "node_id": "R_kgDOSE_HLQ",
            "pages": [],
            "primary_language": "PHP",
            "private": false,
            "repo_id": 1213187885,
            "security_and_analysis": [
              {
                "advanced_security": [],
                "code_security": [],
                "secret_scanning": [
                  {
                    "status": "disabled"
                  }
                ],
                "secret_scanning_ai_detection": [],
                "secret_scanning_non_provider_patterns": [],
                "secret_scanning_push_protection": [
                  {
                    "status": "disabled"
                  }
                ]
              }
            ],
            "source_owner": "",
            "source_repo": "",
            "squash_merge_commit_message": "PR_BODY",
            "squash_merge_commit_title": "PR_TITLE",
            "ssh_clone_url": "git@github.com:valkyrjaio/project-template-php.git",
            "svn_url": "https://github.com/valkyrjaio/project-template-php",
            "template": [],
            "topics": [],
            "visibility": "public",
            "vulnerability_alerts": true,
            "web_commit_signoff_required": false
          },
          "sensitive_attributes": [],
          "private": "eyJzY2hlbWFfdmVyc2lvbiI6IjEifQ=="
        }
      ]
    },
    {
      "module": "module.repo[\"project-template-php\"]",
      "mode": "managed",
      "type": "github_repository_ruleset",
      "name": "force_push_protection",
      "provider": "provider[\"registry.opentofu.org/integrations/github\"]",
      "instances": [
        {
          "schema_version": 1,
          "attributes": {
            "bypass_actors": [
              {
                "actor_id": 0,
                "actor_type": "OrganizationAdmin",
                "bypass_mode": "always"
              }
            ],
            "conditions": [
              {
                "ref_name": [
                  {
                    "exclude": [],
                    "include": [
                      "refs/heads/??.x"
                    ]
                  }
                ]
              }
            ],
            "enforcement": "active",
            "etag": "W/\"263b528aed8ec3da22a2675b5ffa76b3f01e5aabfcd3300c6b3fdd2b62ade7ee\"",
            "id": "15192411",
            "name": "Protect Against Force Pushes and Deletion",
            "node_id": "RRS_lACqUmVwb3NpdG9yec5IT8ctzgDn0Vs",
            "repository": "project-template-php",
            "rules": [
              {
                "branch_name_pattern": [],
                "commit_author_email_pattern": [],
                "commit_message_pattern": [],
                "committer_email_pattern": [],
                "copilot_code_review": [],
                "creation": false,
                "deletion": true,
                "file_extension_restriction": [],
                "file_path_restriction": [],
                "max_file_path_length": [],
                "max_file_size": [],
                "merge_queue": [],
                "non_fast_forward": true,
                "pull_request": [],
                "required_code_scanning": [],
                "required_deployments": [],
                "required_linear_history": false,
                "required_signatures": false,
                "required_status_checks": [],
                "tag_name_pattern": [],
                "update": false,
                "update_allows_fetch_and_merge": false
              }
            ],
            "ruleset_id": 15192411,
            "target": "branch"
          },
          "sensitive_attributes": [],
          "private": "eyJzY2hlbWFfdmVyc2lvbiI6IjEifQ==",
          "dependencies": [
            "module.repo.github_repository.this"
          ]
        }
      ]
    },
    {
      "module": "module.repo[\"project-template-php\"]",
      "mode": "managed",
      "type": "github_repository_ruleset",
      "name": "protect_master",
      "provider": "provider[\"registry.opentofu.org/integrations/github\"]",
      "instances": [
        {
          "schema_version": 1,
          "attributes": {
            "bypass_actors": [],
            "conditions": [
              {
                "ref_name": [
                  {
                    "exclude": [],
                    "include": [
                      "refs/heads/master"
                    ]
                  }
                ]
              }
            ],
            "enforcement": "active",
            "etag": "W/\"5af9c439afeb67a95ccd9e801dce7bb85a7e5af02fe98dd3948c085067368d2e\"",
            "id": "15192413",
            "name": "Protect Master At All Times",
            "node_id": "RRS_lACqUmVwb3NpdG9yec5IT8ctzgDn0V0",
            "repository": "project-template-php",
            "rules": [
              {
                "branch_name_pattern": [],
                "commit_author_email_pattern": [],
                "commit_message_pattern": [],
                "committer_email_pattern": [],
                "copilot_code_review": [],
                "creation": false,
                "deletion": true,
                "file_extension_restriction": [],
                "file_path_restriction": [],
                "max_file_path_length": [],
                "max_file_size": [],
                "merge_queue": [],
                "non_fast_forward": true,
                "pull_request": [],
                "required_code_scanning": [],
                "required_deployments": [],
                "required_linear_history": false,
                "required_signatures": false,
                "required_status_checks": [],
                "tag_name_pattern": [],
                "update": false,
                "update_allows_fetch_and_merge": false
              }
            ],
            "ruleset_id": 15192413,
            "target": "branch"
          },
          "sensitive_attributes": [],
          "private": "eyJzY2hlbWFfdmVyc2lvbiI6IjEifQ==",
          "dependencies": [
            "module.repo.github_repository.this"
          ]
        }
      ]
    },
    {
      "module": "module.repo[\"project-template-php\"]",
      "mode": "managed",
      "type": "github_repository_ruleset",
      "name": "protect_release_tags",
      "provider": "provider[\"registry.opentofu.org/integrations/github\"]",
      "instances": [
        {
          "schema_version": 1,
          "attributes": {
            "bypass_actors": [
              {
                "actor_id": 0,
                "actor_type": "OrganizationAdmin",
                "bypass_mode": "always"
              }
            ],
            "conditions": [
              {
                "ref_name": [
                  {
                    "exclude": [],
                    "include": [
                      "refs/tags/*.*.*"
                    ]
                  }
                ]
              }
            ],
            "enforcement": "active",
            "etag": "W/\"36e7576d84cbb8a1ac886193ed92edc6b257f8a95bf70f22a2dc436a53c84e7a\"",
            "id": "15200846",
            "name": "Protect Release Tags",
            "node_id": "RRS_lACqUmVwb3NpdG9yec5IT8ctzgDn8k4",
            "repository": "project-template-php",
            "rules": [
              {
                "branch_name_pattern": [],
                "commit_author_email_pattern": [],
                "commit_message_pattern": [],
                "committer_email_pattern": [],
                "copilot_code_review": [],
                "creation": false,
                "deletion": true,
                "file_extension_restriction": [],
                "file_path_restriction": [],
                "max_file_path_length": [],
                "max_file_size": [],
                "merge_queue": [],
                "non_fast_forward": true,
                "pull_request": [],
                "required_code_scanning": [],
                "required_deployments": [],
                "required_linear_history": false,
                "required_signatures": false,
                "required_status_checks": [],
                "tag_name_pattern": [],
                "update": false,
                "update_allows_fetch_and_merge": false
              }
            ],
            "ruleset_id": 15200846,
            "target": "tag"
          },
          "sensitive_attributes": [],
          "private": "eyJzY2hlbWFfdmVyc2lvbiI6IjEifQ==",
          "dependencies": [
            "module.repo.github_repository.this"
          ]
        }
      ]
    },
    {
      "module": "module.repo[\"project-template-php\"]",
      "mode": "managed",
      "type": "github_repository_ruleset",
      "name": "require_pull_request",
      "provider": "provider[\"registry.opentofu.org/integrations/github\"]",
      "instances": [
        {
          "schema_version": 1,
          "attributes": {
            "bypass_actors": [
              {
                "actor_id": 0,
                "actor_type": "OrganizationAdmin",
                "bypass_mode": "always"
              },
              {
                "actor_id": 2462900,
                "actor_type": "Integration",
                "bypass_mode": "always"
              }
            ],
            "conditions": [
              {
                "ref_name": [
                  {
                    "exclude": [],
                    "include": [
                      "~DEFAULT_BRANCH",
                      "refs/heads/??.x",
                      "refs/heads/master"
                    ]
                  }
                ]
              }
            ],
            "enforcement": "active",
            "etag": "W/\"3d5fac9f6ecf4623d4512d377a7550abc301abbd610bf7f3ac0f92df1abef2b8\"",
            "id": "15192414",
            "name": "Require Pull Request",
            "node_id": "RRS_lACqUmVwb3NpdG9yec5IT8ctzgDn0V4",
            "repository": "project-template-php",
            "rules": [
              {
                "branch_name_pattern": [],
                "commit_author_email_pattern": [],
                "commit_message_pattern": [],
                "committer_email_pattern": [],
                "copilot_code_review": [],
                "creation": false,
                "deletion": false,
                "file_extension_restriction": [],
                "file_path_restriction": [],
                "max_file_path_length": [],
                "max_file_size": [],
                "merge_queue": [],
                "non_fast_forward": false,
                "pull_request": [
                  {
                    "allowed_merge_methods": [
                      "squash"
                    ],
                    "dismiss_stale_reviews_on_push": false,
                    "require_code_owner_review": true,
                    "require_last_push_approval": false,
                    "required_approving_review_count": 0,
                    "required_review_thread_resolution": false,
                    "required_reviewers": []
                  }
                ],
                "required_code_scanning": [],
                "required_deployments": [],
                "required_linear_history": false,
                "required_signatures": false,
                "required_status_checks": [],
                "tag_name_pattern": [],
                "update": false,
                "update_allows_fetch_and_merge": false
              }
            ],
            "ruleset_id": 15192414,
            "target": "branch"
          },
          "sensitive_attributes": [],
          "private": "eyJzY2hlbWFfdmVyc2lvbiI6IjEifQ==",
          "dependencies": [
            "github_team.approvers",
            "module.repo.github_repository.this"
          ]
        }
      ]
    },
    {
      "module": "module.repo[\"project-template-php\"]",
      "mode": "managed",
      "type": "github_repository_ruleset",
      "name": "required_default_checks",
      "provider": "provider[\"registry.opentofu.org/integrations/github\"]",
      "instances": [
        {
          "schema_version": 1,
          "attributes": {
            "bypass_actors": [
              {
                "actor_id": 0,
                "actor_type": "OrganizationAdmin",
                "bypass_mode": "always"
              },
              {
                "actor_id": 2462900,
                "actor_type": "Integration",
                "bypass_mode": "always"
              }
            ],
            "conditions": [
              {
                "ref_name": [
                  {
                    "exclude": [],
                    "include": [
                      "~DEFAULT_BRANCH",
                      "refs/heads/??.x"
                    ]
                  }
                ]
              }
            ],
            "enforcement": "active",
            "etag": "W/\"f326dde05f6f6be945efb4bcef2c496d70c9436562118c611186b04146912de8\"",
            "id": "15273995",
            "name": "Required Default PR Checks",
            "node_id": "RRS_lACqUmVwb3NpdG9yec5IT8ctzgDpEAs",
            "repository": "project-template-php",
            "rules": [
              {
                "branch_name_pattern": [],
                "commit_author_email_pattern": [],
                "commit_message_pattern": [],
                "committer_email_pattern": [],
                "copilot_code_review": [],
                "creation": false,
                "deletion": false,
                "file_extension_restriction": [],
                "file_path_restriction": [],
                "max_file_path_length": [],
                "max_file_size": [],
                "merge_queue": [],
                "non_fast_forward": false,
                "pull_request": [],
                "required_code_scanning": [],
                "required_deployments": [],
                "required_linear_history": false,
                "required_signatures": false,
                "required_status_checks": [
                  {
                    "do_not_enforce_on_create": false,
                    "required_check": [
                      {
                        "context": "Commit Message Check / Check Commit Message",
                        "integration_id": 15368
                      },
                      {
                        "context": "Copyright Header Check / Check Copyright Header",
                        "integration_id": 15368
                      },
                      {
                        "context": "Markdown Check / Check Markdown",
                        "integration_id": 15368
                      },
                      {
                        "context": "Trailing Newline Check / Check Trailing Newline",
                        "integration_id": 15368
                      }
                    ],
                    "strict_required_status_checks_policy": false
                  }
                ],
                "tag_name_pattern": [],
                "update": false,
                "update_allows_fetch_and_merge": false
              }
            ],
            "ruleset_id": 15273995,
            "target": "branch"
          },
          "sensitive_attributes": [],
          "private": "eyJzY2hlbWFfdmVyc2lvbiI6IjEifQ==",
          "dependencies": [
            "module.repo.github_repository.this"
          ]
        }
      ]
    },
    {
      "module": "module.repo[\"project-template-php\"]",
      "mode": "managed",
      "type": "github_repository_ruleset",
      "name": "required_language_checks",
      "provider": "provider[\"registry.opentofu.org/integrations/github\"]",
      "instances": [
        {
          "index_key": 0,
          "schema_version": 1,
          "attributes": {
            "bypass_actors": [
              {
                "actor_id": 0,
                "actor_type": "OrganizationAdmin",
                "bypass_mode": "always"
              },
              {
                "actor_id": 2462900,
                "actor_type": "Integration",
                "bypass_mode": "always"
              }
            ],
            "conditions": [
              {
                "ref_name": [
                  {
                    "exclude": [],
                    "include": [
                      "~DEFAULT_BRANCH",
                      "refs/heads/??.x"
                    ]
                  }
                ]
              }
            ],
            "enforcement": "active",
            "etag": "W/\"969ec9f6f48d90b8b91c8874086753a93e30468de826c0432212b11f847e6224\"",
            "id": "15273996",
            "name": "Required PHP PR Checks",
            "node_id": "RRS_lACqUmVwb3NpdG9yec5IT8ctzgDpEAw",
            "repository": "project-template-php",
            "rules": [
              {
                "branch_name_pattern": [],
                "commit_author_email_pattern": [],
                "commit_message_pattern": [],
                "committer_email_pattern": [],
                "copilot_code_review": [],
                "creation": false,
                "deletion": false,
                "file_extension_restriction": [],
                "file_path_restriction": [],
                "max_file_path_length": [],
                "max_file_size": [],
                "merge_queue": [],
                "non_fast_forward": false,
                "pull_request": [],
                "required_code_scanning": [],
                "required_deployments": [],
                "required_linear_history": false,
                "required_signatures": false,
                "required_status_checks": [
                  {
                    "do_not_enforce_on_create": false,
                    "required_check": [
                      {
                        "context": "Tools / PHP CS Fixer / PHP 8.4",
                        "integration_id": 15368
                      },
                      {
                        "context": "Tools / PHP Code Sniffer / PHP 8.4",
                        "integration_id": 15368
                      },
                      {
                        "context": "Tools / PHPArkitect / PHP 8.4",
                        "integration_id": 15368
                      },
                      {
                        "context": "Tools / PHPStan / PHP 8.4",
                        "integration_id": 15368
                      },
                      {
                        "context": "Tools / PHPUnit / PHP 8.4",
                        "integration_id": 15368
                      },
                      {
                        "context": "Tools / PHPUnit / PHP 8.5",
                        "integration_id": 15368
                      },
                      {
                        "context": "Tools / PHPUnit / PHP 8.6",
                        "integration_id": 15368
                      },
                      {
                        "context": "Tools / Psalm / PHP 8.4",
                        "integration_id": 15368
                      },
                      {
                        "context": "Tools / Rector / PHP 8.4",
                        "integration_id": 15368
                      }
                    ],
                    "strict_required_status_checks_policy": false
                  }
                ],
                "tag_name_pattern": [],
                "update": false,
                "update_allows_fetch_and_merge": false
              }
            ],
            "ruleset_id": 15273996,
            "target": "branch"
          },
          "sensitive_attributes": [],
          "private": "eyJzY2hlbWFfdmVyc2lvbiI6IjEifQ==",
          "dependencies": [
            "module.repo.github_repository.this"
          ]
        }
      ]
    },
    {
      "module": "module.repo[\"project-template-php\"]",
      "mode": "managed",
      "type": "github_repository_ruleset",
      "name": "restrict_unsupported_branches",
      "provider": "provider[\"registry.opentofu.org/integrations/github\"]",
      "instances": [
        {
          "schema_version": 1,
          "attributes": {
            "bypass_actors": [
              {
                "actor_id": 2462900,
                "actor_type": "Integration",
                "bypass_mode": "always"
              }
            ],
            "conditions": [
              {
                "ref_name": [
                  {
                    "exclude": [],
                    "include": [
                      "refs/heads/??.x-backup",
                      "refs/heads/master-backup"
                    ]
                  }
                ]
              }
            ],
            "enforcement": "active",
            "etag": "W/\"13a4e241cbb0fbef022fa7811fd3c49960187ed28483faacfbd8fcfff178ee64\"",
            "id": "15192416",
            "name": "Restrict Changes to Unsupported Branches",
            "node_id": "RRS_lACqUmVwb3NpdG9yec5IT8ctzgDn0WA",
            "repository": "project-template-php",
            "rules": [
              {
                "branch_name_pattern": [],
                "commit_author_email_pattern": [],
                "commit_message_pattern": [],
                "committer_email_pattern": [],
                "copilot_code_review": [],
                "creation": true,
                "deletion": true,
                "file_extension_restriction": [],
                "file_path_restriction": [],
                "max_file_path_length": [],
                "max_file_size": [],
                "merge_queue": [],
                "non_fast_forward": true,
                "pull_request": [],
                "required_code_scanning": [],
                "required_deployments": [],
                "required_linear_history": false,
                "required_signatures": false,
                "required_status_checks": [],
                "tag_name_pattern": [],
                "update": true,
                "update_allows_fetch_and_merge": false
              }
            ],
            "ruleset_id": 15192416,
            "target": "branch"
          },
          "sensitive_attributes": [],
          "private": "eyJzY2hlbWFfdmVyc2lvbiI6IjEifQ==",
          "dependencies": [
            "module.repo.github_repository.this"
          ]
        }
      ]
    },
    {
      "module": "module.repo[\"project-template-php\"]",
      "mode": "managed",
      "type": "github_repository_vulnerability_alerts",
      "name": "this",
      "provider": "provider[\"registry.opentofu.org/integrations/github\"]",
      "instances": [
        {
          "schema_version": 0,
          "attributes": {
            "enabled": true,
            "id": "1213187885",
            "repository": "project-template-php",
            "repository_id": 1213187885
          },
          "sensitive_attributes": [],
          "private": "eyJzY2hlbWFfdmVyc2lvbiI6IjAifQ==",
          "dependencies": [
            "module.repo.github_repository.this"
          ]
        }
      ]
    },
    {
      "module": "module.repo[\"project-template-php\"]",
      "mode": "managed",
      "type": "github_team_repository",
      "name": "approvers",
      "provider": "provider[\"registry.opentofu.org/integrations/github\"]",
      "instances": [
        {
          "index_key": 0,
          "schema_version": 0,
          "attributes": {
            "etag": "W/\"02bfe5e8b73fcc8fcc9c82d6beb680b52e4f781589c34ff630488cfb7341fad5\"",
            "id": "18867552:project-template-php",
            "permission": "push",
            "repository": "project-template-php",
            "team_id": "approvers"
          },
          "sensitive_attributes": [],
          "private": "bnVsbA==",
          "dependencies": [
            "module.repo.github_repository.this"
          ]
        }
      ]
    },
    {
      "module": "module.repo[\"project-template-python\"]",
      "mode": "managed",
      "type": "github_issue_label",
      "name": "claude_review",
      "provider": "provider[\"registry.opentofu.org/integrations/github\"]",
      "instances": [
        {
          "schema_version": 0,
          "attributes": {
            "color": "5319e7",
            "description": "Ask Claude to review this pull request",
            "etag": "W/\"3cea0a7751e7824adb29dc53a0a8413eb606394d0f8afd2c89e677d94d99d2cb\"",
            "id": "project-template-python:claude-review",
            "name": "claude-review",
            "repository": "project-template-python",
            "url": "https://api.github.com/repos/valkyrjaio/project-template-python/labels/claude-review"
          },
          "sensitive_attributes": [],
          "private": "eyJzY2hlbWFfdmVyc2lvbiI6IjAifQ==",
          "dependencies": [
            "module.repo.github_repository.this"
          ]
        }
      ]
    },
    {
      "module": "module.repo[\"project-template-python\"]",
      "mode": "managed",
      "type": "github_repository",
      "name": "this",
      "provider": "provider[\"registry.opentofu.org/integrations/github\"]",
      "instances": [
        {
          "schema_version": 1,
          "attributes": {
            "allow_auto_merge": false,
            "allow_forking": true,
            "allow_merge_commit": false,
            "allow_rebase_merge": false,
            "allow_squash_merge": true,
            "allow_update_branch": false,
            "archive_on_destroy": null,
            "archived": false,
            "auto_init": false,
            "default_branch": "26.x",
            "delete_branch_on_merge": true,
            "description": "Python Project Template",
            "etag": "W/\"e5ff7822677b641a1e4804e69b1055d3e6a55478751f9ad29688c7d605e58ecb\"",
            "fork": "false",
            "full_name": "valkyrjaio/project-template-python",
            "git_clone_url": "git://github.com/valkyrjaio/project-template-python.git",
            "gitignore_template": null,
            "has_discussions": false,
            "has_downloads": false,
            "has_issues": true,
            "has_projects": false,
            "has_wiki": false,
            "homepage_url": "",
            "html_url": "https://github.com/valkyrjaio/project-template-python",
            "http_clone_url": "https://github.com/valkyrjaio/project-template-python.git",
            "id": "project-template-python",
            "ignore_vulnerability_alerts_during_read": null,
            "is_template": true,
            "license_template": null,
            "merge_commit_message": "PR_TITLE",
            "merge_commit_title": "MERGE_MESSAGE",
            "name": "project-template-python",
            "node_id": "R_kgDOSXKypw",
            "pages": [],
            "primary_language": "Python",
            "private": false,
            "repo_id": 1232253607,
            "security_and_analysis": [
              {
                "advanced_security": [],
                "code_security": [],
                "secret_scanning": [
                  {
                    "status": "disabled"
                  }
                ],
                "secret_scanning_ai_detection": [],
                "secret_scanning_non_provider_patterns": [],
                "secret_scanning_push_protection": [
                  {
                    "status": "disabled"
                  }
                ]
              }
            ],
            "source_owner": "",
            "source_repo": "",
            "squash_merge_commit_message": "PR_BODY",
            "squash_merge_commit_title": "PR_TITLE",
            "ssh_clone_url": "git@github.com:valkyrjaio/project-template-python.git",
            "svn_url": "https://github.com/valkyrjaio/project-template-python",
            "template": [],
            "topics": [],
            "visibility": "public",
            "vulnerability_alerts": true,
            "web_commit_signoff_required": false
          },
          "sensitive_attributes": [],
          "private": "eyJzY2hlbWFfdmVyc2lvbiI6IjEifQ=="
        }
      ]
    },
    {
      "module": "module.repo[\"project-template-python\"]",
      "mode": "managed",
      "type": "github_repository_ruleset",
      "name": "force_push_protection",
      "provider": "provider[\"registry.opentofu.org/integrations/github\"]",
      "instances": [
        {
          "schema_version": 1,
          "attributes": {
            "bypass_actors": [
              {
                "actor_id": 0,
                "actor_type": "OrganizationAdmin",
                "bypass_mode": "always"
              }
            ],
            "conditions": [
              {
                "ref_name": [
                  {
                    "exclude": [],
                    "include": [
                      "refs/heads/??.x"
                    ]
                  }
                ]
              }
            ],
            "enforcement": "active",
            "etag": "W/\"616d163307f13066b53a545d063803ee0cb3e4bc5bdb8c9369a1fca1f949ddff\"",
            "id": "16099733",
            "name": "Protect Against Force Pushes and Deletion",
            "node_id": "RRS_lACqUmVwb3NpdG9yec5JcrKnzgD1qZU",
            "repository": "project-template-python",
            "rules": [
              {
                "branch_name_pattern": [],
                "commit_author_email_pattern": [],
                "commit_message_pattern": [],
                "committer_email_pattern": [],
                "copilot_code_review": [],
                "creation": false,
                "deletion": true,
                "file_extension_restriction": [],
                "file_path_restriction": [],
                "max_file_path_length": [],
                "max_file_size": [],
                "merge_queue": [],
                "non_fast_forward": true,
                "pull_request": [],
                "required_code_scanning": [],
                "required_deployments": [],
                "required_linear_history": false,
                "required_signatures": false,
                "required_status_checks": [],
                "tag_name_pattern": [],
                "update": false,
                "update_allows_fetch_and_merge": false
              }
            ],
            "ruleset_id": 16099733,
            "target": "branch"
          },
          "sensitive_attributes": [],
          "private": "eyJzY2hlbWFfdmVyc2lvbiI6IjEifQ==",
          "dependencies": [
            "module.repo.github_repository.this"
          ]
        }
      ]
    },
    {
      "module": "module.repo[\"project-template-python\"]",
      "mode": "managed",
      "type": "github_repository_ruleset",
      "name": "protect_master",
      "provider": "provider[\"registry.opentofu.org/integrations/github\"]",
      "instances": [
        {
          "schema_version": 1,
          "attributes": {
            "bypass_actors": [],
            "conditions": [
              {
                "ref_name": [
                  {
                    "exclude": [],
                    "include": [
                      "refs/heads/master"
                    ]
                  }
                ]
              }
            ],
            "enforcement": "active",
            "etag": "W/\"79621ab8adb0552749bbf29e4bbf38f034951d8867ffc6828ae0c32fb61100b7\"",
            "id": "16099734",
            "name": "Protect Master At All Times",
            "node_id": "RRS_lACqUmVwb3NpdG9yec5JcrKnzgD1qZY",
            "repository": "project-template-python",
            "rules": [
              {
                "branch_name_pattern": [],
                "commit_author_email_pattern": [],
                "commit_message_pattern": [],
                "committer_email_pattern": [],
                "copilot_code_review": [],
                "creation": false,
                "deletion": true,
                "file_extension_restriction": [],
                "file_path_restriction": [],
                "max_file_path_length": [],
                "max_file_size": [],
                "merge_queue": [],
                "non_fast_forward": true,
                "pull_request": [],
                "required_code_scanning": [],
                "required_deployments": [],
                "required_linear_history": false,
                "required_signatures": false,
                "required_status_checks": [],
                "tag_name_pattern": [],
                "update": false,
                "update_allows_fetch_and_merge": false
              }
            ],
            "ruleset_id": 16099734,
            "target": "branch"
          },
          "sensitive_attributes": [],
          "private": "eyJzY2hlbWFfdmVyc2lvbiI6IjEifQ==",
          "dependencies": [
            "module.repo.github_repository.this"
          ]
        }
      ]
    },
    {
      "module": "module.repo[\"project-template-python\"]",
      "mode": "managed",
      "type": "github_repository_ruleset",
      "name": "protect_release_tags",
      "provider": "provider[\"registry.opentofu.org/integrations/github\"]",
      "instances": [
        {
          "schema_version": 1,
          "attributes": {
            "bypass_actors": [
              {
                "actor_id": 0,
                "actor_type": "OrganizationAdmin",
                "bypass_mode": "always"
              }
            ],
            "conditions": [
              {
                "ref_name": [
                  {
                    "exclude": [],
                    "include": [
                      "refs/tags/*.*.*"
                    ]
                  }
                ]
              }
            ],
            "enforcement": "active",
            "etag": "W/\"d70aee64dcf3ea70efe3631720260ac370b4796baa08ba4f689773fcbed84991\"",
            "id": "16099735",
            "name": "Protect Release Tags",
            "node_id": "RRS_lACqUmVwb3NpdG9yec5JcrKnzgD1qZc",
            "repository": "project-template-python",
            "rules": [
              {
                "branch_name_pattern": [],
                "commit_author_email_pattern": [],
                "commit_message_pattern": [],
                "committer_email_pattern": [],
                "copilot_code_review": [],
                "creation": false,
                "deletion": true,
                "file_extension_restriction": [],
                "file_path_restriction": [],
                "max_file_path_length": [],
                "max_file_size": [],
                "merge_queue": [],
                "non_fast_forward": true,
                "pull_request": [],
                "required_code_scanning": [],
                "required_deployments": [],
                "required_linear_history": false,
                "required_signatures": false,
                "required_status_checks": [],
                "tag_name_pattern": [],
                "update": false,
                "update_allows_fetch_and_merge": false
              }
            ],
            "ruleset_id": 16099735,
            "target": "tag"
          },
          "sensitive_attributes": [],
          "private": "eyJzY2hlbWFfdmVyc2lvbiI6IjEifQ==",
          "dependencies": [
            "module.repo.github_repository.this"
          ]
        }
      ]
    },
    {
      "module": "module.repo[\"project-template-python\"]",
      "mode": "managed",
      "type": "github_repository_ruleset",
      "name": "require_pull_request",
      "provider": "provider[\"registry.opentofu.org/integrations/github\"]",
      "instances": [
        {
          "schema_version": 1,
          "attributes": {
            "bypass_actors": [
              {
                "actor_id": 0,
                "actor_type": "OrganizationAdmin",
                "bypass_mode": "always"
              },
              {
                "actor_id": 2462900,
                "actor_type": "Integration",
                "bypass_mode": "always"
              }
            ],
            "conditions": [
              {
                "ref_name": [
                  {
                    "exclude": [],
                    "include": [
                      "~DEFAULT_BRANCH",
                      "refs/heads/??.x",
                      "refs/heads/master"
                    ]
                  }
                ]
              }
            ],
            "enforcement": "active",
            "etag": "W/\"443983a8b20f365ad95dd91f0f20a15955c8dd5efb086da145ccebd9689d9c42\"",
            "id": "16099736",
            "name": "Require Pull Request",
            "node_id": "RRS_lACqUmVwb3NpdG9yec5JcrKnzgD1qZg",
            "repository": "project-template-python",
            "rules": [
              {
                "branch_name_pattern": [],
                "commit_author_email_pattern": [],
                "commit_message_pattern": [],
                "committer_email_pattern": [],
                "copilot_code_review": [],
                "creation": false,
                "deletion": false,
                "file_extension_restriction": [],
                "file_path_restriction": [],
                "max_file_path_length": [],
                "max_file_size": [],
                "merge_queue": [],
                "non_fast_forward": false,
                "pull_request": [
                  {
                    "allowed_merge_methods": [
                      "squash"
                    ],
                    "dismiss_stale_reviews_on_push": false,
                    "require_code_owner_review": true,
                    "require_last_push_approval": false,
                    "required_approving_review_count": 0,
                    "required_review_thread_resolution": false,
                    "required_reviewers": []
                  }
                ],
                "required_code_scanning": [],
                "required_deployments": [],
                "required_linear_history": false,
                "required_signatures": false,
                "required_status_checks": [],
                "tag_name_pattern": [],
                "update": false,
                "update_allows_fetch_and_merge": false
              }
            ],
            "ruleset_id": 16099736,
            "target": "branch"
          },
          "sensitive_attributes": [],
          "private": "eyJzY2hlbWFfdmVyc2lvbiI6IjEifQ==",
          "dependencies": [
            "github_team.approvers",
            "module.repo.github_repository.this"
          ]
        }
      ]
    },
    {
      "module": "module.repo[\"project-template-python\"]",
      "mode": "managed",
      "type": "github_repository_ruleset",
      "name": "required_default_checks",
      "provider": "provider[\"registry.opentofu.org/integrations/github\"]",
      "instances": [
        {
          "schema_version": 1,
          "attributes": {
            "bypass_actors": [
              {
                "actor_id": 0,
                "actor_type": "OrganizationAdmin",
                "bypass_mode": "always"
              },
              {
                "actor_id": 2462900,
                "actor_type": "Integration",
                "bypass_mode": "always"
              }
            ],
            "conditions": [
              {
                "ref_name": [
                  {
                    "exclude": [],
                    "include": [
                      "~DEFAULT_BRANCH",
                      "refs/heads/??.x"
                    ]
                  }
                ]
              }
            ],
            "enforcement": "active",
            "etag": "W/\"be00725620c4d6bbfb5bb1b6cbb5125603f7f87ca8f3da7d9a8d382baf92d26f\"",
            "id": "16099737",
            "name": "Required Default PR Checks",
            "node_id": "RRS_lACqUmVwb3NpdG9yec5JcrKnzgD1qZk",
            "repository": "project-template-python",
            "rules": [
              {
                "branch_name_pattern": [],
                "commit_author_email_pattern": [],
                "commit_message_pattern": [],
                "committer_email_pattern": [],
                "copilot_code_review": [],
                "creation": false,
                "deletion": false,
                "file_extension_restriction": [],
                "file_path_restriction": [],
                "max_file_path_length": [],
                "max_file_size": [],
                "merge_queue": [],
                "non_fast_forward": false,
                "pull_request": [],
                "required_code_scanning": [],
                "required_deployments": [],
                "required_linear_history": false,
                "required_signatures": false,
                "required_status_checks": [
                  {
                    "do_not_enforce_on_create": false,
                    "required_check": [
                      {
                        "context": "Commit Message Check / Check Commit Message",
                        "integration_id": 15368
                      },
                      {
                        "context": "Copyright Header Check / Check Copyright Header",
                        "integration_id": 15368
                      },
                      {
                        "context": "Markdown Check / Check Markdown",
                        "integration_id": 15368
                      },
                      {
                        "context": "Trailing Newline Check / Check Trailing Newline",
                        "integration_id": 15368
                      }
                    ],
                    "strict_required_status_checks_policy": false
                  }
                ],
                "tag_name_pattern": [],
                "update": false,
                "update_allows_fetch_and_merge": false
              }
            ],
            "ruleset_id": 16099737,
            "target": "branch"
          },
          "sensitive_attributes": [],
          "private": "eyJzY2hlbWFfdmVyc2lvbiI6IjEifQ==",
          "dependencies": [
            "module.repo.github_repository.this"
          ]
        }
      ]
    },
    {
      "module": "module.repo[\"project-template-python\"]",
      "mode": "managed",
      "type": "github_repository_ruleset",
      "name": "required_language_checks",
      "provider": "provider[\"registry.opentofu.org/integrations/github\"]",
      "instances": [
        {
          "index_key": 0,
          "schema_version": 1,
          "attributes": {
            "bypass_actors": [
              {
                "actor_id": 0,
                "actor_type": "OrganizationAdmin",
                "bypass_mode": "always"
              },
              {
                "actor_id": 2462900,
                "actor_type": "Integration",
                "bypass_mode": "always"
              }
            ],
            "conditions": [
              {
                "ref_name": [
                  {
                    "exclude": [],
                    "include": [
                      "~DEFAULT_BRANCH",
                      "refs/heads/??.x"
                    ]
                  }
                ]
              }
            ],
            "enforcement": "active",
            "etag": "W/\"92453364e60f602d058a63eb5eb636d58fa0fa3935cb4fcb28382d6c9f97e3a5\"",
            "id": "19204426",
            "name": "Required Python PR Checks",
            "node_id": "RRS_lACqUmVwb3NpdG9yec5JcrKnzgElCUo",
            "repository": "project-template-python",
            "rules": [
              {
                "branch_name_pattern": [],
                "commit_author_email_pattern": [],
                "commit_message_pattern": [],
                "committer_email_pattern": [],
                "copilot_code_review": [],
                "creation": false,
                "deletion": false,
                "file_extension_restriction": [],
                "file_path_restriction": [],
                "max_file_path_length": [],
                "max_file_size": [],
                "merge_queue": [],
                "non_fast_forward": false,
                "pull_request": [],
                "required_code_scanning": [],
                "required_deployments": [],
                "required_linear_history": false,
                "required_signatures": false,
                "required_status_checks": [
                  {
                    "do_not_enforce_on_create": false,
                    "required_check": [
                      {
                        "context": "Tools / Bandit / Bandit",
                        "integration_id": 15368
                      },
                      {
                        "context": "Tools / Ruff / Ruff",
                        "integration_id": 15368
                      },
                      {
                        "context": "Tools / import-linter / import-linter",
                        "integration_id": 15368
                      },
                      {
                        "context": "Tools / mypy / mypy",
                        "integration_id": 15368
                      },
                      {
                        "context": "Tools / pytest / pytest",
                        "integration_id": 15368
                      }
                    ],
                    "strict_required_status_checks_policy": false
                  }
                ],
                "tag_name_pattern": [],
                "update": false,
                "update_allows_fetch_and_merge": false
              }
            ],
            "ruleset_id": 19204426,
            "target": "branch"
          },
          "sensitive_attributes": [],
          "private": "eyJzY2hlbWFfdmVyc2lvbiI6IjEifQ==",
          "dependencies": [
            "module.repo.github_repository.this"
          ]
        }
      ]
    },
    {
      "module": "module.repo[\"project-template-python\"]",
      "mode": "managed",
      "type": "github_repository_ruleset",
      "name": "restrict_unsupported_branches",
      "provider": "provider[\"registry.opentofu.org/integrations/github\"]",
      "instances": [
        {
          "schema_version": 1,
          "attributes": {
            "bypass_actors": [
              {
                "actor_id": 2462900,
                "actor_type": "Integration",
                "bypass_mode": "always"
              }
            ],
            "conditions": [
              {
                "ref_name": [
                  {
                    "exclude": [],
                    "include": [
                      "refs/heads/??.x-backup",
                      "refs/heads/master-backup"
                    ]
                  }
                ]
              }
            ],
            "enforcement": "active",
            "etag": "W/\"11f1b94070652ca56246feeeaadb240f91d3b1c2c3f54e53c7c00346bb840512\"",
            "id": "16099738",
            "name": "Restrict Changes to Unsupported Branches",
            "node_id": "RRS_lACqUmVwb3NpdG9yec5JcrKnzgD1qZo",
            "repository": "project-template-python",
            "rules": [
              {
                "branch_name_pattern": [],
                "commit_author_email_pattern": [],
                "commit_message_pattern": [],
                "committer_email_pattern": [],
                "copilot_code_review": [],
                "creation": true,
                "deletion": true,
                "file_extension_restriction": [],
                "file_path_restriction": [],
                "max_file_path_length": [],
                "max_file_size": [],
                "merge_queue": [],
                "non_fast_forward": true,
                "pull_request": [],
                "required_code_scanning": [],
                "required_deployments": [],
                "required_linear_history": false,
                "required_signatures": false,
                "required_status_checks": [],
                "tag_name_pattern": [],
                "update": true,
                "update_allows_fetch_and_merge": false
              }
            ],
            "ruleset_id": 16099738,
            "target": "branch"
          },
          "sensitive_attributes": [],
          "private": "eyJzY2hlbWFfdmVyc2lvbiI6IjEifQ==",
          "dependencies": [
            "module.repo.github_repository.this"
          ]
        }
      ]
    },
    {
      "module": "module.repo[\"project-template-python\"]",
      "mode": "managed",
      "type": "github_repository_vulnerability_alerts",
      "name": "this",
      "provider": "provider[\"registry.opentofu.org/integrations/github\"]",
      "instances": [
        {
          "schema_version": 0,
          "attributes": {
            "enabled": true,
            "id": "1232253607",
            "repository": "project-template-python",
            "repository_id": 1232253607
          },
          "sensitive_attributes": [],
          "private": "eyJzY2hlbWFfdmVyc2lvbiI6IjAifQ==",
          "dependencies": [
            "module.repo.github_repository.this"
          ]
        }
      ]
    },
    {
      "module": "module.repo[\"project-template-python\"]",
      "mode": "managed",
      "type": "github_team_repository",
      "name": "approvers",
      "provider": "provider[\"registry.opentofu.org/integrations/github\"]",
      "instances": [
        {
          "index_key": 0,
          "schema_version": 0,
          "attributes": {
            "etag": "W/\"b2d5b7eced0afcb0e55723b108c554dc857afb95403d27702b90b31e2ad945c8\"",
            "id": "18867552:project-template-python",
            "permission": "push",
            "repository": "project-template-python",
            "team_id": "approvers"
          },
          "sensitive_attributes": [],
          "private": "bnVsbA==",
          "dependencies": [
            "module.repo.github_repository.this"
          ]
        }
      ]
    },
    {
      "module": "module.repo[\"project-template-ts\"]",
      "mode": "managed",
      "type": "github_issue_label",
      "name": "claude_review",
      "provider": "provider[\"registry.opentofu.org/integrations/github\"]",
      "instances": [
        {
          "schema_version": 0,
          "attributes": {
            "color": "5319e7",
            "description": "Ask Claude to review this pull request",
            "etag": "W/\"d989fd8d71d1446f345c177f7fa2154fe8c042208e311dfac795b08e69a990d5\"",
            "id": "project-template-ts:claude-review",
            "name": "claude-review",
            "repository": "project-template-ts",
            "url": "https://api.github.com/repos/valkyrjaio/project-template-ts/labels/claude-review"
          },
          "sensitive_attributes": [],
          "private": "eyJzY2hlbWFfdmVyc2lvbiI6IjAifQ==",
          "dependencies": [
            "module.repo.github_repository.this"
          ]
        }
      ]
    },
    {
      "module": "module.repo[\"project-template-ts\"]",
      "mode": "managed",
      "type": "github_repository",
      "name": "this",
      "provider": "provider[\"registry.opentofu.org/integrations/github\"]",
      "instances": [
        {
          "schema_version": 1,
          "attributes": {
            "allow_auto_merge": false,
            "allow_forking": true,
            "allow_merge_commit": false,
            "allow_rebase_merge": false,
            "allow_squash_merge": true,
            "allow_update_branch": false,
            "archive_on_destroy": null,
            "archived": false,
            "auto_init": false,
            "default_branch": "26.x",
            "delete_branch_on_merge": true,
            "description": "TypeScript Project Template",
            "etag": "W/\"fea545683dde38b2e85fb21257362ba05b019cea8e058a410c6d07a1dc38b412\"",
            "fork": "false",
            "full_name": "valkyrjaio/project-template-ts",
            "git_clone_url": "git://github.com/valkyrjaio/project-template-ts.git",
            "gitignore_template": null,
            "has_discussions": false,
            "has_downloads": false,
            "has_issues": true,
            "has_projects": false,
            "has_wiki": false,
            "homepage_url": "",
            "html_url": "https://github.com/valkyrjaio/project-template-ts",
            "http_clone_url": "https://github.com/valkyrjaio/project-template-ts.git",
            "id": "project-template-ts",
            "ignore_vulnerability_alerts_during_read": null,
            "is_template": true,
            "license_template": null,
            "merge_commit_message": "PR_TITLE",
            "merge_commit_title": "MERGE_MESSAGE",
            "name": "project-template-ts",
            "node_id": "R_kgDOSXHqEA",
            "pages": [],
            "primary_language": "TypeScript",
            "private": false,
            "repo_id": 1232202256,
            "security_and_analysis": [
              {
                "advanced_security": [],
                "code_security": [],
                "secret_scanning": [
                  {
                    "status": "disabled"
                  }
                ],
                "secret_scanning_ai_detection": [],
                "secret_scanning_non_provider_patterns": [],
                "secret_scanning_push_protection": [
                  {
                    "status": "disabled"
                  }
                ]
              }
            ],
            "source_owner": "",
            "source_repo": "",
            "squash_merge_commit_message": "PR_BODY",
            "squash_merge_commit_title": "PR_TITLE",
            "ssh_clone_url": "git@github.com:valkyrjaio/project-template-ts.git",
            "svn_url": "https://github.com/valkyrjaio/project-template-ts",
            "template": [],
            "topics": [],
            "visibility": "public",
            "vulnerability_alerts": true,
            "web_commit_signoff_required": false
          },
          "sensitive_attributes": [],
          "private": "eyJzY2hlbWFfdmVyc2lvbiI6IjEifQ=="
        }
      ]
    },
    {
      "module": "module.repo[\"project-template-ts\"]",
      "mode": "managed",
      "type": "github_repository_ruleset",
      "name": "force_push_protection",
      "provider": "provider[\"registry.opentofu.org/integrations/github\"]",
      "instances": [
        {
          "schema_version": 1,
          "attributes": {
            "bypass_actors": [
              {
                "actor_id": 0,
                "actor_type": "OrganizationAdmin",
                "bypass_mode": "always"
              }
            ],
            "conditions": [
              {
                "ref_name": [
                  {
                    "exclude": [],
                    "include": [
                      "refs/heads/??.x"
                    ]
                  }
                ]
              }
            ],
            "enforcement": "active",
            "etag": "W/\"5d11fa10b26f7475c22eb8735c9329106a8ce0338e5b6dc4d976a89e9814a090\"",
            "id": "16097330",
            "name": "Protect Against Force Pushes and Deletion",
            "node_id": "RRS_lACqUmVwb3NpdG9yec5JceoQzgD1oDI",
            "repository": "project-template-ts",
            "rules": [
              {
                "branch_name_pattern": [],
                "commit_author_email_pattern": [],
                "commit_message_pattern": [],
                "committer_email_pattern": [],
                "copilot_code_review": [],
                "creation": false,
                "deletion": true,
                "file_extension_restriction": [],
                "file_path_restriction": [],
                "max_file_path_length": [],
                "max_file_size": [],
                "merge_queue": [],
                "non_fast_forward": true,
                "pull_request": [],
                "required_code_scanning": [],
                "required_deployments": [],
                "required_linear_history": false,
                "required_signatures": false,
                "required_status_checks": [],
                "tag_name_pattern": [],
                "update": false,
                "update_allows_fetch_and_merge": false
              }
            ],
            "ruleset_id": 16097330,
            "target": "branch"
          },
          "sensitive_attributes": [],
          "private": "eyJzY2hlbWFfdmVyc2lvbiI6IjEifQ==",
          "dependencies": [
            "module.repo.github_repository.this"
          ]
        }
      ]
    },
    {
      "module": "module.repo[\"project-template-ts\"]",
      "mode": "managed",
      "type": "github_repository_ruleset",
      "name": "protect_master",
      "provider": "provider[\"registry.opentofu.org/integrations/github\"]",
      "instances": [
        {
          "schema_version": 1,
          "attributes": {
            "bypass_actors": [],
            "conditions": [
              {
                "ref_name": [
                  {
                    "exclude": [],
                    "include": [
                      "refs/heads/master"
                    ]
                  }
                ]
              }
            ],
            "enforcement": "active",
            "etag": "W/\"9a300f62ea535ca2b76427a744eb0d17015bc05f09f12415eea4f04073907b13\"",
            "id": "16097331",
            "name": "Protect Master At All Times",
            "node_id": "RRS_lACqUmVwb3NpdG9yec5JceoQzgD1oDM",
            "repository": "project-template-ts",
            "rules": [
              {
                "branch_name_pattern": [],
                "commit_author_email_pattern": [],
                "commit_message_pattern": [],
                "committer_email_pattern": [],
                "copilot_code_review": [],
                "creation": false,
                "deletion": true,
                "file_extension_restriction": [],
                "file_path_restriction": [],
                "max_file_path_length": [],
                "max_file_size": [],
                "merge_queue": [],
                "non_fast_forward": true,
                "pull_request": [],
                "required_code_scanning": [],
                "required_deployments": [],
                "required_linear_history": false,
                "required_signatures": false,
                "required_status_checks": [],
                "tag_name_pattern": [],
                "update": false,
                "update_allows_fetch_and_merge": false
              }
            ],
            "ruleset_id": 16097331,
            "target": "branch"
          },
          "sensitive_attributes": [],
          "private": "eyJzY2hlbWFfdmVyc2lvbiI6IjEifQ==",
          "dependencies": [
            "module.repo.github_repository.this"
          ]
        }
      ]
    },
    {
      "module": "module.repo[\"project-template-ts\"]",
      "mode": "managed",
      "type": "github_repository_ruleset",
      "name": "protect_release_tags",
      "provider": "provider[\"registry.opentofu.org/integrations/github\"]",
      "instances": [
        {
          "schema_version": 1,
          "attributes": {
            "bypass_actors": [
              {
                "actor_id": 0,
                "actor_type": "OrganizationAdmin",
                "bypass_mode": "always"
              }
            ],
            "conditions": [
              {
                "ref_name": [
                  {
                    "exclude": [],
                    "include": [
                      "refs/tags/*.*.*"
                    ]
                  }
                ]
              }
            ],
            "enforcement": "active",
            "etag": "W/\"a82fbda9e96e912019fa4ab6ddfeb0b11ce8e853d4fa1d3755f671b28e502387\"",
            "id": "16097332",
            "name": "Protect Release Tags",
            "node_id": "RRS_lACqUmVwb3NpdG9yec5JceoQzgD1oDQ",
            "repository": "project-template-ts",
            "rules": [
              {
                "branch_name_pattern": [],
                "commit_author_email_pattern": [],
                "commit_message_pattern": [],
                "committer_email_pattern": [],
                "copilot_code_review": [],
                "creation": false,
                "deletion": true,
                "file_extension_restriction": [],
                "file_path_restriction": [],
                "max_file_path_length": [],
                "max_file_size": [],
                "merge_queue": [],
                "non_fast_forward": true,
                "pull_request": [],
                "required_code_scanning": [],
                "required_deployments": [],
                "required_linear_history": false,
                "required_signatures": false,
                "required_status_checks": [],
                "tag_name_pattern": [],
                "update": false,
                "update_allows_fetch_and_merge": false
              }
            ],
            "ruleset_id": 16097332,
            "target": "tag"
          },
          "sensitive_attributes": [],
          "private": "eyJzY2hlbWFfdmVyc2lvbiI6IjEifQ==",
          "dependencies": [
            "module.repo.github_repository.this"
          ]
        }
      ]
    },
    {
      "module": "module.repo[\"project-template-ts\"]",
      "mode": "managed",
      "type": "github_repository_ruleset",
      "name": "require_pull_request",
      "provider": "provider[\"registry.opentofu.org/integrations/github\"]",
      "instances": [
        {
          "schema_version": 1,
          "attributes": {
            "bypass_actors": [
              {
                "actor_id": 0,
                "actor_type": "OrganizationAdmin",
                "bypass_mode": "always"
              },
              {
                "actor_id": 2462900,
                "actor_type": "Integration",
                "bypass_mode": "always"
              }
            ],
            "conditions": [
              {
                "ref_name": [
                  {
                    "exclude": [],
                    "include": [
                      "~DEFAULT_BRANCH",
                      "refs/heads/??.x",
                      "refs/heads/master"
                    ]
                  }
                ]
              }
            ],
            "enforcement": "active",
            "etag": "W/\"23d01004e68dce3faf6d52cba0ef18d6568544eb9685db8e00f6d0a60d97bb69\"",
            "id": "16097333",
            "name": "Require Pull Request",
            "node_id": "RRS_lACqUmVwb3NpdG9yec5JceoQzgD1oDU",
            "repository": "project-template-ts",
            "rules": [
              {
                "branch_name_pattern": [],
                "commit_author_email_pattern": [],
                "commit_message_pattern": [],
                "committer_email_pattern": [],
                "copilot_code_review": [],
                "creation": false,
                "deletion": false,
                "file_extension_restriction": [],
                "file_path_restriction": [],
                "max_file_path_length": [],
                "max_file_size": [],
                "merge_queue": [],
                "non_fast_forward": false,
                "pull_request": [
                  {
                    "allowed_merge_methods": [
                      "squash"
                    ],
                    "dismiss_stale_reviews_on_push": false,
                    "require_code_owner_review": true,
                    "require_last_push_approval": false,
                    "required_approving_review_count": 0,
                    "required_review_thread_resolution": false,
                    "required_reviewers": []
                  }
                ],
                "required_code_scanning": [],
                "required_deployments": [],
                "required_linear_history": false,
                "required_signatures": false,
                "required_status_checks": [],
                "tag_name_pattern": [],
                "update": false,
                "update_allows_fetch_and_merge": false
              }
            ],
            "ruleset_id": 16097333,
            "target": "branch"
          },
          "sensitive_attributes": [],
          "private": "eyJzY2hlbWFfdmVyc2lvbiI6IjEifQ==",
          "dependencies": [
            "github_team.approvers",
            "module.repo.github_repository.this"
          ]
        }
      ]
    },
    {
      "module": "module.repo[\"project-template-ts\"]",
      "mode": "managed",
      "type": "github_repository_ruleset",
      "name": "required_default_checks",
      "provider": "provider[\"registry.opentofu.org/integrations/github\"]",
      "instances": [
        {
          "schema_version": 1,
          "attributes": {
            "bypass_actors": [
              {
                "actor_id": 0,
                "actor_type": "OrganizationAdmin",
                "bypass_mode": "always"
              },
              {
                "actor_id": 2462900,
                "actor_type": "Integration",
                "bypass_mode": "always"
              }
            ],
            "conditions": [
              {
                "ref_name": [
                  {
                    "exclude": [],
                    "include": [
                      "~DEFAULT_BRANCH",
                      "refs/heads/??.x"
                    ]
                  }
                ]
              }
            ],
            "enforcement": "active",
            "etag": "W/\"afe5cd42cd1c99bae6832f8c474284e5d6b869f7cb8024a75bd7cf8312ebb198\"",
            "id": "16097335",
            "name": "Required Default PR Checks",
            "node_id": "RRS_lACqUmVwb3NpdG9yec5JceoQzgD1oDc",
            "repository": "project-template-ts",
            "rules": [
              {
                "branch_name_pattern": [],
                "commit_author_email_pattern": [],
                "commit_message_pattern": [],
                "committer_email_pattern": [],
                "copilot_code_review": [],
                "creation": false,
                "deletion": false,
                "file_extension_restriction": [],
                "file_path_restriction": [],
                "max_file_path_length": [],
                "max_file_size": [],
                "merge_queue": [],
                "non_fast_forward": false,
                "pull_request": [],
                "required_code_scanning": [],
                "required_deployments": [],
                "required_linear_history": false,
                "required_signatures": false,
                "required_status_checks": [
                  {
                    "do_not_enforce_on_create": false,
                    "required_check": [
                      {
                        "context": "Commit Message Check / Check Commit Message",
                        "integration_id": 15368
                      },
                      {
                        "context": "Copyright Header Check / Check Copyright Header",
                        "integration_id": 15368
                      },
                      {
                        "context": "Markdown Check / Check Markdown",
                        "integration_id": 15368
                      },
                      {
                        "context": "Trailing Newline Check / Check Trailing Newline",
                        "integration_id": 15368
                      }
                    ],
                    "strict_required_status_checks_policy": false
                  }
                ],
                "tag_name_pattern": [],
                "update": false,
                "update_allows_fetch_and_merge": false
              }
            ],
            "ruleset_id": 16097335,
            "target": "branch"
          },
          "sensitive_attributes": [],
          "private": "eyJzY2hlbWFfdmVyc2lvbiI6IjEifQ==",
          "dependencies": [
            "module.repo.github_repository.this"
          ]
        }
      ]
    },
    {
      "module": "module.repo[\"project-template-ts\"]",
      "mode": "managed",
      "type": "github_repository_ruleset",
      "name": "required_language_checks",
      "provider": "provider[\"registry.opentofu.org/integrations/github\"]",
      "instances": [
        {
          "index_key": 0,
          "schema_version": 1,
          "attributes": {
            "bypass_actors": [
              {
                "actor_id": 0,
                "actor_type": "OrganizationAdmin",
                "bypass_mode": "always"
              },
              {
                "actor_id": 2462900,
                "actor_type": "Integration",
                "bypass_mode": "always"
              }
            ],
            "conditions": [
              {
                "ref_name": [
                  {
                    "exclude": [],
                    "include": [
                      "~DEFAULT_BRANCH",
                      "refs/heads/??.x"
                    ]
                  }
                ]
              }
            ],
            "enforcement": "active",
            "etag": "W/\"f75494a679ce1bce0c2328ba60a33f262c30d528ccdd7b13f8ba2bc1afd76154\"",
            "id": "16538887",
            "name": "Required TypeScript PR Checks",
            "node_id": "RRS_lACqUmVwb3NpdG9yec5JceoQzgD8XQc",
            "repository": "project-template-ts",
            "rules": [
              {
                "branch_name_pattern": [],
                "commit_author_email_pattern": [],
                "commit_message_pattern": [],
                "committer_email_pattern": [],
                "copilot_code_review": [],
                "creation": false,
                "deletion": false,
                "file_extension_restriction": [],
                "file_path_restriction": [],
                "max_file_path_length": [],
                "max_file_size": [],
                "merge_queue": [],
                "non_fast_forward": false,
                "pull_request": [],
                "required_code_scanning": [],
                "required_deployments": [],
                "required_linear_history": false,
                "required_signatures": false,
                "required_status_checks": [
                  {
                    "do_not_enforce_on_create": false,
                    "required_check": [
                      {
                        "context": "Tools / ESLint / ESLint",
                        "integration_id": 15368
                      },
                      {
                        "context": "Tools / Prettier / Prettier",
                        "integration_id": 15368
                      },
                      {
                        "context": "Tools / TypeScript / TypeScript",
                        "integration_id": 15368
                      },
                      {
                        "context": "Tools / Vitest / Vitest",
                        "integration_id": 15368
                      }
                    ],
                    "strict_required_status_checks_policy": false
                  }
                ],
                "tag_name_pattern": [],
                "update": false,
                "update_allows_fetch_and_merge": false
              }
            ],
            "ruleset_id": 16538887,
            "target": "branch"
          },
          "sensitive_attributes": [],
          "private": "eyJzY2hlbWFfdmVyc2lvbiI6IjEifQ==",
          "dependencies": [
            "module.repo.github_repository.this"
          ]
        }
      ]
    },
    {
      "module": "module.repo[\"project-template-ts\"]",
      "mode": "managed",
      "type": "github_repository_ruleset",
      "name": "restrict_unsupported_branches",
      "provider": "provider[\"registry.opentofu.org/integrations/github\"]",
      "instances": [
        {
          "schema_version": 1,
          "attributes": {
            "bypass_actors": [
              {
                "actor_id": 2462900,
                "actor_type": "Integration",
                "bypass_mode": "always"
              }
            ],
            "conditions": [
              {
                "ref_name": [
                  {
                    "exclude": [],
                    "include": [
                      "refs/heads/??.x-backup",
                      "refs/heads/master-backup"
                    ]
                  }
                ]
              }
            ],
            "enforcement": "active",
            "etag": "W/\"cda749916529bdbb35c0827a008d8de665f6d799a0db3dae945394a724b96f86\"",
            "id": "16097336",
            "name": "Restrict Changes to Unsupported Branches",
            "node_id": "RRS_lACqUmVwb3NpdG9yec5JceoQzgD1oDg",
            "repository": "project-template-ts",
            "rules": [
              {
                "branch_name_pattern": [],
                "commit_author_email_pattern": [],
                "commit_message_pattern": [],
                "committer_email_pattern": [],
                "copilot_code_review": [],
                "creation": true,
                "deletion": true,
                "file_extension_restriction": [],
                "file_path_restriction": [],
                "max_file_path_length": [],
                "max_file_size": [],
                "merge_queue": [],
                "non_fast_forward": true,
                "pull_request": [],
                "required_code_scanning": [],
                "required_deployments": [],
                "required_linear_history": false,
                "required_signatures": false,
                "required_status_checks": [],
                "tag_name_pattern": [],
                "update": true,
                "update_allows_fetch_and_merge": false
              }
            ],
            "ruleset_id": 16097336,
            "target": "branch"
          },
          "sensitive_attributes": [],
          "private": "eyJzY2hlbWFfdmVyc2lvbiI6IjEifQ==",
          "dependencies": [
            "module.repo.github_repository.this"
          ]
        }
      ]
    },
    {
      "module": "module.repo[\"project-template-ts\"]",
      "mode": "managed",
      "type": "github_repository_vulnerability_alerts",
      "name": "this",
      "provider": "provider[\"registry.opentofu.org/integrations/github\"]",
      "instances": [
        {
          "schema_version": 0,
          "attributes": {
            "enabled": true,
            "id": "1232202256",
            "repository": "project-template-ts",
            "repository_id": 1232202256
          },
          "sensitive_attributes": [],
          "private": "eyJzY2hlbWFfdmVyc2lvbiI6IjAifQ==",
          "dependencies": [
            "module.repo.github_repository.this"
          ]
        }
      ]
    },
    {
      "module": "module.repo[\"project-template-ts\"]",
      "mode": "managed",
      "type": "github_team_repository",
      "name": "approvers",
      "provider": "provider[\"registry.opentofu.org/integrations/github\"]",
      "instances": [
        {
          "index_key": 0,
          "schema_version": 0,
          "attributes": {
            "etag": "W/\"5725ed13467e38372506dc3411466350b9bee84d4a847a687cf315160e17ca45\"",
            "id": "18867552:project-template-ts",
            "permission": "push",
            "repository": "project-template-ts",
            "team_id": "approvers"
          },
          "sensitive_attributes": [],
          "private": "bnVsbA==",
          "dependencies": [
            "module.repo.github_repository.this"
          ]
        }
      ]
    },
    {
      "module": "module.repo[\"sindri-go\"]",
      "mode": "managed",
      "type": "github_issue_label",
      "name": "claude_review",
      "provider": "provider[\"registry.opentofu.org/integrations/github\"]",
      "instances": [
        {
          "schema_version": 0,
          "attributes": {
            "color": "5319e7",
            "description": "Ask Claude to review this pull request",
            "etag": "W/\"ea2d9fca69d2cd080b3cea2fcc41fd9c3172cb9e58fe913a5306f13537150546\"",
            "id": "sindri-go:claude-review",
            "name": "claude-review",
            "repository": "sindri-go",
            "url": "https://api.github.com/repos/valkyrjaio/sindri-go/labels/claude-review"
          },
          "sensitive_attributes": [],
          "private": "eyJzY2hlbWFfdmVyc2lvbiI6IjAifQ==",
          "dependencies": [
            "module.repo.github_repository.this"
          ]
        }
      ]
    },
    {
      "module": "module.repo[\"sindri-go\"]",
      "mode": "managed",
      "type": "github_repository",
      "name": "this",
      "provider": "provider[\"registry.opentofu.org/integrations/github\"]",
      "instances": [
        {
          "schema_version": 1,
          "attributes": {
            "allow_auto_merge": false,
            "allow_forking": true,
            "allow_merge_commit": false,
            "allow_rebase_merge": false,
            "allow_squash_merge": true,
            "allow_update_branch": false,
            "archive_on_destroy": null,
            "archived": false,
            "auto_init": false,
            "default_branch": "26.x",
            "delete_branch_on_merge": true,
            "description": "The Valkyrja Go framework build tool and application creator",
            "etag": "W/\"d6c2cff8281f02f674be3e21c228f58297ec2ffe80f975bc8cc52acb00896477\"",
            "fork": "false",
            "full_name": "valkyrjaio/sindri-go",
            "git_clone_url": "git://github.com/valkyrjaio/sindri-go.git",
            "gitignore_template": null,
            "has_discussions": false,
            "has_downloads": false,
            "has_issues": true,
            "has_projects": false,
            "has_wiki": false,
            "homepage_url": "",
            "html_url": "https://github.com/valkyrjaio/sindri-go",
            "http_clone_url": "https://github.com/valkyrjaio/sindri-go.git",
            "id": "sindri-go",
            "ignore_vulnerability_alerts_during_read": null,
            "is_template": false,
            "license_template": null,
            "merge_commit_message": "PR_TITLE",
            "merge_commit_title": "MERGE_MESSAGE",
            "name": "sindri-go",
            "node_id": "R_kgDOTsJLRg",
            "pages": [],
            "primary_language": "Makefile",
            "private": false,
            "repo_id": 1321356102,
            "security_and_analysis": [
              {
                "advanced_security": [],
                "code_security": [],
                "secret_scanning": [
                  {
                    "status": "disabled"
                  }
                ],
                "secret_scanning_ai_detection": [],
                "secret_scanning_non_provider_patterns": [],
                "secret_scanning_push_protection": [
                  {
                    "status": "disabled"
                  }
                ]
              }
            ],
            "source_owner": "",
            "source_repo": "",
            "squash_merge_commit_message": "PR_BODY",
            "squash_merge_commit_title": "PR_TITLE",
            "ssh_clone_url": "git@github.com:valkyrjaio/sindri-go.git",
            "svn_url": "https://github.com/valkyrjaio/sindri-go",
            "template": [
              {
                "include_all_branches": false,
                "owner": "valkyrjaio",
                "repository": "project-template-go"
              }
            ],
            "topics": [],
            "visibility": "public",
            "vulnerability_alerts": true,
            "web_commit_signoff_required": false
          },
          "sensitive_attributes": [],
          "private": "eyJzY2hlbWFfdmVyc2lvbiI6IjEifQ=="
        }
      ]
    },
    {
      "module": "module.repo[\"sindri-go\"]",
      "mode": "managed",
      "type": "github_repository_ruleset",
      "name": "force_push_protection",
      "provider": "provider[\"registry.opentofu.org/integrations/github\"]",
      "instances": [
        {
          "schema_version": 1,
          "attributes": {
            "bypass_actors": [
              {
                "actor_id": 0,
                "actor_type": "OrganizationAdmin",
                "bypass_mode": "always"
              }
            ],
            "conditions": [
              {
                "ref_name": [
                  {
                    "exclude": [],
                    "include": [
                      "refs/heads/??.x"
                    ]
                  }
                ]
              }
            ],
            "enforcement": "active",
            "etag": "W/\"fdbf82077c5579af0b656b0e28130d96524ed91a742ef44a8388d1ea86dd003e\"",
            "id": "20276845",
            "name": "Protect Against Force Pushes and Deletion",
            "node_id": "RRS_lACqUmVwb3NpdG9yec5OwktGzgE1Zm0",
            "repository": "sindri-go",
            "rules": [
              {
                "branch_name_pattern": [],
                "commit_author_email_pattern": [],
                "commit_message_pattern": [],
                "committer_email_pattern": [],
                "copilot_code_review": [],
                "creation": false,
                "deletion": true,
                "file_extension_restriction": [],
                "file_path_restriction": [],
                "max_file_path_length": [],
                "max_file_size": [],
                "merge_queue": [],
                "non_fast_forward": true,
                "pull_request": [],
                "required_code_scanning": [],
                "required_deployments": [],
                "required_linear_history": false,
                "required_signatures": false,
                "required_status_checks": [],
                "tag_name_pattern": [],
                "update": false,
                "update_allows_fetch_and_merge": false
              }
            ],
            "ruleset_id": 20276845,
            "target": "branch"
          },
          "sensitive_attributes": [],
          "private": "eyJzY2hlbWFfdmVyc2lvbiI6IjEifQ==",
          "dependencies": [
            "module.repo.github_repository.this"
          ]
        }
      ]
    },
    {
      "module": "module.repo[\"sindri-go\"]",
      "mode": "managed",
      "type": "github_repository_ruleset",
      "name": "protect_master",
      "provider": "provider[\"registry.opentofu.org/integrations/github\"]",
      "instances": [
        {
          "schema_version": 1,
          "attributes": {
            "bypass_actors": [],
            "conditions": [
              {
                "ref_name": [
                  {
                    "exclude": [],
                    "include": [
                      "refs/heads/master"
                    ]
                  }
                ]
              }
            ],
            "enforcement": "active",
            "etag": "W/\"2bd4290f23cc3a76808c76b304dc47e1ba6062ac46a2898ad37e9c86a3b9d8c6\"",
            "id": "20276848",
            "name": "Protect Master At All Times",
            "node_id": "RRS_lACqUmVwb3NpdG9yec5OwktGzgE1ZnA",
            "repository": "sindri-go",
            "rules": [
              {
                "branch_name_pattern": [],
                "commit_author_email_pattern": [],
                "commit_message_pattern": [],
                "committer_email_pattern": [],
                "copilot_code_review": [],
                "creation": false,
                "deletion": true,
                "file_extension_restriction": [],
                "file_path_restriction": [],
                "max_file_path_length": [],
                "max_file_size": [],
                "merge_queue": [],
                "non_fast_forward": true,
                "pull_request": [],
                "required_code_scanning": [],
                "required_deployments": [],
                "required_linear_history": false,
                "required_signatures": false,
                "required_status_checks": [],
                "tag_name_pattern": [],
                "update": false,
                "update_allows_fetch_and_merge": false
              }
            ],
            "ruleset_id": 20276848,
            "target": "branch"
          },
          "sensitive_attributes": [],
          "private": "eyJzY2hlbWFfdmVyc2lvbiI6IjEifQ==",
          "dependencies": [
            "module.repo.github_repository.this"
          ]
        }
      ]
    },
    {
      "module": "module.repo[\"sindri-go\"]",
      "mode": "managed",
      "type": "github_repository_ruleset",
      "name": "protect_release_tags",
      "provider": "provider[\"registry.opentofu.org/integrations/github\"]",
      "instances": [
        {
          "schema_version": 1,
          "attributes": {
            "bypass_actors": [
              {
                "actor_id": 0,
                "actor_type": "OrganizationAdmin",
                "bypass_mode": "always"
              }
            ],
            "conditions": [
              {
                "ref_name": [
                  {
                    "exclude": [],
                    "include": [
                      "refs/tags/*.*.*"
                    ]
                  }
                ]
              }
            ],
            "enforcement": "active",
            "etag": "W/\"ec63df3b0cce2bb65ae72da741ef98ca2a1a0a99f3da3016d2f6a28ed0c6cd1a\"",
            "id": "20276850",
            "name": "Protect Release Tags",
            "node_id": "RRS_lACqUmVwb3NpdG9yec5OwktGzgE1ZnI",
            "repository": "sindri-go",
            "rules": [
              {
                "branch_name_pattern": [],
                "commit_author_email_pattern": [],
                "commit_message_pattern": [],
                "committer_email_pattern": [],
                "copilot_code_review": [],
                "creation": false,
                "deletion": true,
                "file_extension_restriction": [],
                "file_path_restriction": [],
                "max_file_path_length": [],
                "max_file_size": [],
                "merge_queue": [],
                "non_fast_forward": true,
                "pull_request": [],
                "required_code_scanning": [],
                "required_deployments": [],
                "required_linear_history": false,
                "required_signatures": false,
                "required_status_checks": [],
                "tag_name_pattern": [],
                "update": false,
                "update_allows_fetch_and_merge": false
              }
            ],
            "ruleset_id": 20276850,
            "target": "tag"
          },
          "sensitive_attributes": [],
          "private": "eyJzY2hlbWFfdmVyc2lvbiI6IjEifQ==",
          "dependencies": [
            "module.repo.github_repository.this"
          ]
        }
      ]
    },
    {
      "module": "module.repo[\"sindri-go\"]",
      "mode": "managed",
      "type": "github_repository_ruleset",
      "name": "require_pull_request",
      "provider": "provider[\"registry.opentofu.org/integrations/github\"]",
      "instances": [
        {
          "schema_version": 1,
          "attributes": {
            "bypass_actors": [
              {
                "actor_id": 0,
                "actor_type": "OrganizationAdmin",
                "bypass_mode": "always"
              },
              {
                "actor_id": 2462900,
                "actor_type": "Integration",
                "bypass_mode": "always"
              }
            ],
            "conditions": [
              {
                "ref_name": [
                  {
                    "exclude": [],
                    "include": [
                      "~DEFAULT_BRANCH",
                      "refs/heads/??.x",
                      "refs/heads/master"
                    ]
                  }
                ]
              }
            ],
            "enforcement": "active",
            "etag": "W/\"b98e6b2a49bfbf6c151e48d4bf2bbe40e83aecf722f211b6d1dbac6672e9ca59\"",
            "id": "20276853",
            "name": "Require Pull Request",
            "node_id": "RRS_lACqUmVwb3NpdG9yec5OwktGzgE1ZnU",
            "repository": "sindri-go",
            "rules": [
              {
                "branch_name_pattern": [],
                "commit_author_email_pattern": [],
                "commit_message_pattern": [],
                "committer_email_pattern": [],
                "copilot_code_review": [],
                "creation": false,
                "deletion": false,
                "file_extension_restriction": [],
                "file_path_restriction": [],
                "max_file_path_length": [],
                "max_file_size": [],
                "merge_queue": [],
                "non_fast_forward": false,
                "pull_request": [
                  {
                    "allowed_merge_methods": [
                      "squash"
                    ],
                    "dismiss_stale_reviews_on_push": false,
                    "require_code_owner_review": true,
                    "require_last_push_approval": false,
                    "required_approving_review_count": 0,
                    "required_review_thread_resolution": false,
                    "required_reviewers": []
                  }
                ],
                "required_code_scanning": [],
                "required_deployments": [],
                "required_linear_history": false,
                "required_signatures": false,
                "required_status_checks": [],
                "tag_name_pattern": [],
                "update": false,
                "update_allows_fetch_and_merge": false
              }
            ],
            "ruleset_id": 20276853,
            "target": "branch"
          },
          "sensitive_attributes": [],
          "private": "eyJzY2hlbWFfdmVyc2lvbiI6IjEifQ==",
          "dependencies": [
            "github_team.approvers",
            "module.repo.github_repository.this"
          ]
        }
      ]
    },
    {
      "module": "module.repo[\"sindri-go\"]",
      "mode": "managed",
      "type": "github_repository_ruleset",
      "name": "required_default_checks",
      "provider": "provider[\"registry.opentofu.org/integrations/github\"]",
      "instances": [
        {
          "schema_version": 1,
          "attributes": {
            "bypass_actors": [
              {
                "actor_id": 0,
                "actor_type": "OrganizationAdmin",
                "bypass_mode": "always"
              },
              {
                "actor_id": 2462900,
                "actor_type": "Integration",
                "bypass_mode": "always"
              }
            ],
            "conditions": [
              {
                "ref_name": [
                  {
                    "exclude": [],
                    "include": [
                      "~DEFAULT_BRANCH",
                      "refs/heads/??.x"
                    ]
                  }
                ]
              }
            ],
            "enforcement": "active",
            "etag": "W/\"140848c978af64b3222d540d7b3a8af874816d28ff743fcb435eecfe9654c4fc\"",
            "id": "20276855",
            "name": "Required Default PR Checks",
            "node_id": "RRS_lACqUmVwb3NpdG9yec5OwktGzgE1Znc",
            "repository": "sindri-go",
            "rules": [
              {
                "branch_name_pattern": [],
                "commit_author_email_pattern": [],
                "commit_message_pattern": [],
                "committer_email_pattern": [],
                "copilot_code_review": [],
                "creation": false,
                "deletion": false,
                "file_extension_restriction": [],
                "file_path_restriction": [],
                "max_file_path_length": [],
                "max_file_size": [],
                "merge_queue": [],
                "non_fast_forward": false,
                "pull_request": [],
                "required_code_scanning": [],
                "required_deployments": [],
                "required_linear_history": false,
                "required_signatures": false,
                "required_status_checks": [
                  {
                    "do_not_enforce_on_create": false,
                    "required_check": [
                      {
                        "context": "Commit Message Check / Check Commit Message",
                        "integration_id": 15368
                      },
                      {
                        "context": "Copyright Header Check / Check Copyright Header",
                        "integration_id": 15368
                      },
                      {
                        "context": "Markdown Check / Check Markdown",
                        "integration_id": 15368
                      },
                      {
                        "context": "Trailing Newline Check / Check Trailing Newline",
                        "integration_id": 15368
                      }
                    ],
                    "strict_required_status_checks_policy": false
                  }
                ],
                "tag_name_pattern": [],
                "update": false,
                "update_allows_fetch_and_merge": false
              }
            ],
            "ruleset_id": 20276855,
            "target": "branch"
          },
          "sensitive_attributes": [],
          "private": "eyJzY2hlbWFfdmVyc2lvbiI6IjEifQ==",
          "dependencies": [
            "module.repo.github_repository.this"
          ]
        }
      ]
    },
    {
      "module": "module.repo[\"sindri-go\"]",
      "mode": "managed",
      "type": "github_repository_ruleset",
      "name": "required_language_checks",
      "provider": "provider[\"registry.opentofu.org/integrations/github\"]",
      "instances": [
        {
          "index_key": 0,
          "schema_version": 1,
          "attributes": {
            "bypass_actors": [
              {
                "actor_id": 0,
                "actor_type": "OrganizationAdmin",
                "bypass_mode": "always"
              },
              {
                "actor_id": 2462900,
                "actor_type": "Integration",
                "bypass_mode": "always"
              }
            ],
            "conditions": [
              {
                "ref_name": [
                  {
                    "exclude": [],
                    "include": [
                      "~DEFAULT_BRANCH",
                      "refs/heads/??.x"
                    ]
                  }
                ]
              }
            ],
            "enforcement": "active",
            "etag": "W/\"def502569d790ba3aa6bb84a2d1043b206969b0bd2714e9be0c64f6f53c6bd43\"",
            "id": "20276857",
            "name": "Required Go PR Checks",
            "node_id": "RRS_lACqUmVwb3NpdG9yec5OwktGzgE1Znk",
            "repository": "sindri-go",
            "rules": [
              {
                "branch_name_pattern": [],
                "commit_author_email_pattern": [],
                "commit_message_pattern": [],
                "committer_email_pattern": [],
                "copilot_code_review": [],
                "creation": false,
                "deletion": false,
                "file_extension_restriction": [],
                "file_path_restriction": [],
                "max_file_path_length": [],
                "max_file_size": [],
                "merge_queue": [],
                "non_fast_forward": false,
                "pull_request": [],
                "required_code_scanning": [],
                "required_deployments": [],
                "required_linear_history": false,
                "required_signatures": false,
                "required_status_checks": [
                  {
                    "do_not_enforce_on_create": false,
                    "required_check": [
                      {
                        "context": "Tools / Test / Test",
                        "integration_id": 15368
                      },
                      {
                        "context": "Tools / golangci-lint / golangci-lint",
                        "integration_id": 15368
                      }
                    ],
                    "strict_required_status_checks_policy": false
                  }
                ],
                "tag_name_pattern": [],
                "update": false,
                "update_allows_fetch_and_merge": false
              }
            ],
            "ruleset_id": 20276857,
            "target": "branch"
          },
          "sensitive_attributes": [],
          "private": "eyJzY2hlbWFfdmVyc2lvbiI6IjEifQ==",
          "dependencies": [
            "module.repo.github_repository.this"
          ]
        }
      ]
    },
    {
      "module": "module.repo[\"sindri-go\"]",
      "mode": "managed",
      "type": "github_repository_ruleset",
      "name": "restrict_unsupported_branches",
      "provider": "provider[\"registry.opentofu.org/integrations/github\"]",
      "instances": [
        {
          "schema_version": 1,
          "attributes": {
            "bypass_actors": [
              {
                "actor_id": 2462900,
                "actor_type": "Integration",
                "bypass_mode": "always"
              }
            ],
            "conditions": [
              {
                "ref_name": [
                  {
                    "exclude": [],
                    "include": [
                      "refs/heads/??.x-backup",
                      "refs/heads/master-backup"
                    ]
                  }
                ]
              }
            ],
            "enforcement": "active",
            "etag": "W/\"b4f602d8d25dd3f786975607790c0dbe54ae270a3c07dc0ae161e1244913eb86\"",
            "id": "20276856",
            "name": "Restrict Changes to Unsupported Branches",
            "node_id": "RRS_lACqUmVwb3NpdG9yec5OwktGzgE1Zng",
            "repository": "sindri-go",
            "rules": [
              {
                "branch_name_pattern": [],
                "commit_author_email_pattern": [],
                "commit_message_pattern": [],
                "committer_email_pattern": [],
                "copilot_code_review": [],
                "creation": true,
                "deletion": true,
                "file_extension_restriction": [],
                "file_path_restriction": [],
                "max_file_path_length": [],
                "max_file_size": [],
                "merge_queue": [],
                "non_fast_forward": true,
                "pull_request": [],
                "required_code_scanning": [],
                "required_deployments": [],
                "required_linear_history": false,
                "required_signatures": false,
                "required_status_checks": [],
                "tag_name_pattern": [],
                "update": true,
                "update_allows_fetch_and_merge": false
              }
            ],
            "ruleset_id": 20276856,
            "target": "branch"
          },
          "sensitive_attributes": [],
          "private": "eyJzY2hlbWFfdmVyc2lvbiI6IjEifQ==",
          "dependencies": [
            "module.repo.github_repository.this"
          ]
        }
      ]
    },
    {
      "module": "module.repo[\"sindri-go\"]",
      "mode": "managed",
      "type": "github_repository_vulnerability_alerts",
      "name": "this",
      "provider": "provider[\"registry.opentofu.org/integrations/github\"]",
      "instances": [
        {
          "schema_version": 0,
          "attributes": {
            "enabled": true,
            "id": "1321356102",
            "repository": "sindri-go",
            "repository_id": 1321356102
          },
          "sensitive_attributes": [],
          "private": "eyJzY2hlbWFfdmVyc2lvbiI6IjAifQ==",
          "dependencies": [
            "module.repo.github_repository.this"
          ]
        }
      ]
    },
    {
      "module": "module.repo[\"sindri-go\"]",
      "mode": "managed",
      "type": "github_team_repository",
      "name": "approvers",
      "provider": "provider[\"registry.opentofu.org/integrations/github\"]",
      "instances": [
        {
          "index_key": 0,
          "schema_version": 0,
          "attributes": {
            "etag": "W/\"e1409a1cc35a076b6538817ad27ba5a0759ee624954c1ed29fb701dbf05cd5d1\"",
            "id": "18867552:sindri-go",
            "permission": "push",
            "repository": "sindri-go",
            "team_id": "approvers"
          },
          "sensitive_attributes": [],
          "private": "bnVsbA==",
          "dependencies": [
            "module.repo.github_repository.this"
          ]
        }
      ]
    },
    {
      "module": "module.repo[\"sindri-java\"]",
      "mode": "managed",
      "type": "github_issue_label",
      "name": "claude_review",
      "provider": "provider[\"registry.opentofu.org/integrations/github\"]",
      "instances": [
        {
          "schema_version": 0,
          "attributes": {
            "color": "5319e7",
            "description": "Ask Claude to review this pull request",
            "etag": "W/\"98f7c162427cd94fde42a8f7964e7851f75d374373a66712e5f0b8804904fa94\"",
            "id": "sindri-java:claude-review",
            "name": "claude-review",
            "repository": "sindri-java",
            "url": "https://api.github.com/repos/valkyrjaio/sindri-java/labels/claude-review"
          },
          "sensitive_attributes": [],
          "private": "eyJzY2hlbWFfdmVyc2lvbiI6IjAifQ==",
          "dependencies": [
            "module.repo.github_repository.this"
          ]
        }
      ]
    },
    {
      "module": "module.repo[\"sindri-java\"]",
      "mode": "managed",
      "type": "github_repository",
      "name": "this",
      "provider": "provider[\"registry.opentofu.org/integrations/github\"]",
      "instances": [
        {
          "schema_version": 1,
          "attributes": {
            "allow_auto_merge": false,
            "allow_forking": true,
            "allow_merge_commit": false,
            "allow_rebase_merge": false,
            "allow_squash_merge": true,
            "allow_update_branch": false,
            "archive_on_destroy": null,
            "archived": false,
            "auto_init": false,
            "default_branch": "26.x",
            "delete_branch_on_merge": true,
            "description": "The Valkyrja Java framework build tool and application creator",
            "etag": "W/\"99d90e4758122945654b185de853b46fb0170af155bdd2af0f17a2831f02d83c\"",
            "fork": "false",
            "full_name": "valkyrjaio/sindri-java",
            "git_clone_url": "git://github.com/valkyrjaio/sindri-java.git",
            "gitignore_template": null,
            "has_discussions": false,
            "has_downloads": false,
            "has_issues": true,
            "has_projects": false,
            "has_wiki": false,
            "homepage_url": "",
            "html_url": "https://github.com/valkyrjaio/sindri-java",
            "http_clone_url": "https://github.com/valkyrjaio/sindri-java.git",
            "id": "sindri-java",
            "ignore_vulnerability_alerts_during_read": null,
            "is_template": false,
            "license_template": null,
            "merge_commit_message": "PR_TITLE",
            "merge_commit_title": "MERGE_MESSAGE",
            "name": "sindri-java",
            "node_id": "R_kgDOSXH1GQ",
            "pages": [],
            "primary_language": "Java",
            "private": false,
            "repo_id": 1232205081,
            "security_and_analysis": [
              {
                "advanced_security": [],
                "code_security": [],
                "secret_scanning": [
                  {
                    "status": "disabled"
                  }
                ],
                "secret_scanning_ai_detection": [],
                "secret_scanning_non_provider_patterns": [],
                "secret_scanning_push_protection": [
                  {
                    "status": "disabled"
                  }
                ]
              }
            ],
            "source_owner": "",
            "source_repo": "",
            "squash_merge_commit_message": "PR_BODY",
            "squash_merge_commit_title": "PR_TITLE",
            "ssh_clone_url": "git@github.com:valkyrjaio/sindri-java.git",
            "svn_url": "https://github.com/valkyrjaio/sindri-java",
            "template": [],
            "topics": [],
            "visibility": "public",
            "vulnerability_alerts": true,
            "web_commit_signoff_required": false
          },
          "sensitive_attributes": [],
          "private": "eyJzY2hlbWFfdmVyc2lvbiI6IjEifQ=="
        }
      ]
    },
    {
      "module": "module.repo[\"sindri-java\"]",
      "mode": "managed",
      "type": "github_repository_ruleset",
      "name": "force_push_protection",
      "provider": "provider[\"registry.opentofu.org/integrations/github\"]",
      "instances": [
        {
          "schema_version": 1,
          "attributes": {
            "bypass_actors": [
              {
                "actor_id": 0,
                "actor_type": "OrganizationAdmin",
                "bypass_mode": "always"
              }
            ],
            "conditions": [
              {
                "ref_name": [
                  {
                    "exclude": [],
                    "include": [
                      "refs/heads/??.x"
                    ]
                  }
                ]
              }
            ],
            "enforcement": "active",
            "etag": "W/\"3aaf0849b623f4b67dc53cde203d6aa5368bb8d978173d40948c299d939f1e8f\"",
            "id": "16097440",
            "name": "Protect Against Force Pushes and Deletion",
            "node_id": "RRS_lACqUmVwb3NpdG9yec5JcfUZzgD1oKA",
            "repository": "sindri-java",
            "rules": [
              {
                "branch_name_pattern": [],
                "commit_author_email_pattern": [],
                "commit_message_pattern": [],
                "committer_email_pattern": [],
                "copilot_code_review": [],
                "creation": false,
                "deletion": true,
                "file_extension_restriction": [],
                "file_path_restriction": [],
                "max_file_path_length": [],
                "max_file_size": [],
                "merge_queue": [],
                "non_fast_forward": true,
                "pull_request": [],
                "required_code_scanning": [],
                "required_deployments": [],
                "required_linear_history": false,
                "required_signatures": false,
                "required_status_checks": [],
                "tag_name_pattern": [],
                "update": false,
                "update_allows_fetch_and_merge": false
              }
            ],
            "ruleset_id": 16097440,
            "target": "branch"
          },
          "sensitive_attributes": [],
          "private": "eyJzY2hlbWFfdmVyc2lvbiI6IjEifQ==",
          "dependencies": [
            "module.repo.github_repository.this"
          ]
        }
      ]
    },
    {
      "module": "module.repo[\"sindri-java\"]",
      "mode": "managed",
      "type": "github_repository_ruleset",
      "name": "protect_master",
      "provider": "provider[\"registry.opentofu.org/integrations/github\"]",
      "instances": [
        {
          "schema_version": 1,
          "attributes": {
            "bypass_actors": [],
            "conditions": [
              {
                "ref_name": [
                  {
                    "exclude": [],
                    "include": [
                      "refs/heads/master"
                    ]
                  }
                ]
              }
            ],
            "enforcement": "active",
            "etag": "W/\"989bd847bccd47ba5b8c07ed01636d015a0afc705e3727f142bff22d1315c9f3\"",
            "id": "16097441",
            "name": "Protect Master At All Times",
            "node_id": "RRS_lACqUmVwb3NpdG9yec5JcfUZzgD1oKE",
            "repository": "sindri-java",
            "rules": [
              {
                "branch_name_pattern": [],
                "commit_author_email_pattern": [],
                "commit_message_pattern": [],
                "committer_email_pattern": [],
                "copilot_code_review": [],
                "creation": false,
                "deletion": true,
                "file_extension_restriction": [],
                "file_path_restriction": [],
                "max_file_path_length": [],
                "max_file_size": [],
                "merge_queue": [],
                "non_fast_forward": true,
                "pull_request": [],
                "required_code_scanning": [],
                "required_deployments": [],
                "required_linear_history": false,
                "required_signatures": false,
                "required_status_checks": [],
                "tag_name_pattern": [],
                "update": false,
                "update_allows_fetch_and_merge": false
              }
            ],
            "ruleset_id": 16097441,
            "target": "branch"
          },
          "sensitive_attributes": [],
          "private": "eyJzY2hlbWFfdmVyc2lvbiI6IjEifQ==",
          "dependencies": [
            "module.repo.github_repository.this"
          ]
        }
      ]
    },
    {
      "module": "module.repo[\"sindri-java\"]",
      "mode": "managed",
      "type": "github_repository_ruleset",
      "name": "protect_release_tags",
      "provider": "provider[\"registry.opentofu.org/integrations/github\"]",
      "instances": [
        {
          "schema_version": 1,
          "attributes": {
            "bypass_actors": [
              {
                "actor_id": 0,
                "actor_type": "OrganizationAdmin",
                "bypass_mode": "always"
              }
            ],
            "conditions": [
              {
                "ref_name": [
                  {
                    "exclude": [],
                    "include": [
                      "refs/tags/*.*.*"
                    ]
                  }
                ]
              }
            ],
            "enforcement": "active",
            "etag": "W/\"5d3dbc1c730399aad5d31e3de821efc9bfd33695fe585e70f10c7d916ee29d3a\"",
            "id": "16097442",
            "name": "Protect Release Tags",
            "node_id": "RRS_lACqUmVwb3NpdG9yec5JcfUZzgD1oKI",
            "repository": "sindri-java",
            "rules": [
              {
                "branch_name_pattern": [],
                "commit_author_email_pattern": [],
                "commit_message_pattern": [],
                "committer_email_pattern": [],
                "copilot_code_review": [],
                "creation": false,
                "deletion": true,
                "file_extension_restriction": [],
                "file_path_restriction": [],
                "max_file_path_length": [],
                "max_file_size": [],
                "merge_queue": [],
                "non_fast_forward": true,
                "pull_request": [],
                "required_code_scanning": [],
                "required_deployments": [],
                "required_linear_history": false,
                "required_signatures": false,
                "required_status_checks": [],
                "tag_name_pattern": [],
                "update": false,
                "update_allows_fetch_and_merge": false
              }
            ],
            "ruleset_id": 16097442,
            "target": "tag"
          },
          "sensitive_attributes": [],
          "private": "eyJzY2hlbWFfdmVyc2lvbiI6IjEifQ==",
          "dependencies": [
            "module.repo.github_repository.this"
          ]
        }
      ]
    },
    {
      "module": "module.repo[\"sindri-java\"]",
      "mode": "managed",
      "type": "github_repository_ruleset",
      "name": "require_pull_request",
      "provider": "provider[\"registry.opentofu.org/integrations/github\"]",
      "instances": [
        {
          "schema_version": 1,
          "attributes": {
            "bypass_actors": [
              {
                "actor_id": 0,
                "actor_type": "OrganizationAdmin",
                "bypass_mode": "always"
              },
              {
                "actor_id": 2462900,
                "actor_type": "Integration",
                "bypass_mode": "always"
              }
            ],
            "conditions": [
              {
                "ref_name": [
                  {
                    "exclude": [],
                    "include": [
                      "~DEFAULT_BRANCH",
                      "refs/heads/??.x",
                      "refs/heads/master"
                    ]
                  }
                ]
              }
            ],
            "enforcement": "active",
            "etag": "W/\"b7a50bb0dcbde09f8c6e9ab6300f4efef07058671950662461dc07c1165b2ee7\"",
            "id": "16097443",
            "name": "Require Pull Request",
            "node_id": "RRS_lACqUmVwb3NpdG9yec5JcfUZzgD1oKM",
            "repository": "sindri-java",
            "rules": [
              {
                "branch_name_pattern": [],
                "commit_author_email_pattern": [],
                "commit_message_pattern": [],
                "committer_email_pattern": [],
                "copilot_code_review": [],
                "creation": false,
                "deletion": false,
                "file_extension_restriction": [],
                "file_path_restriction": [],
                "max_file_path_length": [],
                "max_file_size": [],
                "merge_queue": [],
                "non_fast_forward": false,
                "pull_request": [
                  {
                    "allowed_merge_methods": [
                      "squash"
                    ],
                    "dismiss_stale_reviews_on_push": false,
                    "require_code_owner_review": true,
                    "require_last_push_approval": false,
                    "required_approving_review_count": 0,
                    "required_review_thread_resolution": false,
                    "required_reviewers": []
                  }
                ],
                "required_code_scanning": [],
                "required_deployments": [],
                "required_linear_history": false,
                "required_signatures": false,
                "required_status_checks": [],
                "tag_name_pattern": [],
                "update": false,
                "update_allows_fetch_and_merge": false
              }
            ],
            "ruleset_id": 16097443,
            "target": "branch"
          },
          "sensitive_attributes": [],
          "private": "eyJzY2hlbWFfdmVyc2lvbiI6IjEifQ==",
          "dependencies": [
            "github_team.approvers",
            "module.repo.github_repository.this"
          ]
        }
      ]
    },
    {
      "module": "module.repo[\"sindri-java\"]",
      "mode": "managed",
      "type": "github_repository_ruleset",
      "name": "required_default_checks",
      "provider": "provider[\"registry.opentofu.org/integrations/github\"]",
      "instances": [
        {
          "schema_version": 1,
          "attributes": {
            "bypass_actors": [
              {
                "actor_id": 0,
                "actor_type": "OrganizationAdmin",
                "bypass_mode": "always"
              },
              {
                "actor_id": 2462900,
                "actor_type": "Integration",
                "bypass_mode": "always"
              }
            ],
            "conditions": [
              {
                "ref_name": [
                  {
                    "exclude": [],
                    "include": [
                      "~DEFAULT_BRANCH",
                      "refs/heads/??.x"
                    ]
                  }
                ]
              }
            ],
            "enforcement": "active",
            "etag": "W/\"bc4666afdc0c92c1ffd931c7b96aff442a8d25acc59f588e14492e7a0ea74543\"",
            "id": "16097445",
            "name": "Required Default PR Checks",
            "node_id": "RRS_lACqUmVwb3NpdG9yec5JcfUZzgD1oKU",
            "repository": "sindri-java",
            "rules": [
              {
                "branch_name_pattern": [],
                "commit_author_email_pattern": [],
                "commit_message_pattern": [],
                "committer_email_pattern": [],
                "copilot_code_review": [],
                "creation": false,
                "deletion": false,
                "file_extension_restriction": [],
                "file_path_restriction": [],
                "max_file_path_length": [],
                "max_file_size": [],
                "merge_queue": [],
                "non_fast_forward": false,
                "pull_request": [],
                "required_code_scanning": [],
                "required_deployments": [],
                "required_linear_history": false,
                "required_signatures": false,
                "required_status_checks": [
                  {
                    "do_not_enforce_on_create": false,
                    "required_check": [
                      {
                        "context": "Commit Message Check / Check Commit Message",
                        "integration_id": 15368
                      },
                      {
                        "context": "Copyright Header Check / Check Copyright Header",
                        "integration_id": 15368
                      },
                      {
                        "context": "Markdown Check / Check Markdown",
                        "integration_id": 15368
                      },
                      {
                        "context": "Trailing Newline Check / Check Trailing Newline",
                        "integration_id": 15368
                      }
                    ],
                    "strict_required_status_checks_policy": false
                  }
                ],
                "tag_name_pattern": [],
                "update": false,
                "update_allows_fetch_and_merge": false
              }
            ],
            "ruleset_id": 16097445,
            "target": "branch"
          },
          "sensitive_attributes": [],
          "private": "eyJzY2hlbWFfdmVyc2lvbiI6IjEifQ==",
          "dependencies": [
            "module.repo.github_repository.this"
          ]
        }
      ]
    },
    {
      "module": "module.repo[\"sindri-java\"]",
      "mode": "managed",
      "type": "github_repository_ruleset",
      "name": "required_language_checks",
      "provider": "provider[\"registry.opentofu.org/integrations/github\"]",
      "instances": [
        {
          "index_key": 0,
          "schema_version": 1,
          "attributes": {
            "bypass_actors": [
              {
                "actor_id": 0,
                "actor_type": "OrganizationAdmin",
                "bypass_mode": "always"
              },
              {
                "actor_id": 2462900,
                "actor_type": "Integration",
                "bypass_mode": "always"
              }
            ],
            "conditions": [
              {
                "ref_name": [
                  {
                    "exclude": [],
                    "include": [
                      "~DEFAULT_BRANCH",
                      "refs/heads/??.x"
                    ]
                  }
                ]
              }
            ],
            "enforcement": "active",
            "etag": "W/\"ffe53d2cd5563ad940caa71e2d917f4aae1f8c2014b5d7fbca8033e1a84e8f71\"",
            "id": "16538902",
            "name": "Required Java PR Checks",
            "node_id": "RRS_lACqUmVwb3NpdG9yec5JcfUZzgD8XRY",
            "repository": "sindri-java",
            "rules": [
              {
                "branch_name_pattern": [],
                "commit_author_email_pattern": [],
                "commit_message_pattern": [],
                "committer_email_pattern": [],
                "copilot_code_review": [],
                "creation": false,
                "deletion": false,
                "file_extension_restriction": [],
                "file_path_restriction": [],
                "max_file_path_length": [],
                "max_file_size": [],
                "merge_queue": [],
                "non_fast_forward": false,
                "pull_request": [],
                "required_code_scanning": [],
                "required_deployments": [],
                "required_linear_history": false,
                "required_signatures": false,
                "required_status_checks": [
                  {
                    "do_not_enforce_on_create": false,
                    "required_check": [
                      {
                        "context": "Tools / ArchUnit / ArchUnit",
                        "integration_id": 15368
                      },
                      {
                        "context": "Tools / ErrorProne / ErrorProne",
                        "integration_id": 15368
                      },
                      {
                        "context": "Tools / JUnit / JUnit",
                        "integration_id": 15368
                      },
                      {
                        "context": "Tools / SpotBugs / SpotBugs",
                        "integration_id": 15368
                      },
                      {
                        "context": "Tools / Spotless / Spotless",
                        "integration_id": 15368
                      }
                    ],
                    "strict_required_status_checks_policy": false
                  }
                ],
                "tag_name_pattern": [],
                "update": false,
                "update_allows_fetch_and_merge": false
              }
            ],
            "ruleset_id": 16538902,
            "target": "branch"
          },
          "sensitive_attributes": [],
          "private": "eyJzY2hlbWFfdmVyc2lvbiI6IjEifQ==",
          "dependencies": [
            "module.repo.github_repository.this"
          ]
        }
      ]
    },
    {
      "module": "module.repo[\"sindri-java\"]",
      "mode": "managed",
      "type": "github_repository_ruleset",
      "name": "restrict_unsupported_branches",
      "provider": "provider[\"registry.opentofu.org/integrations/github\"]",
      "instances": [
        {
          "schema_version": 1,
          "attributes": {
            "bypass_actors": [
              {
                "actor_id": 2462900,
                "actor_type": "Integration",
                "bypass_mode": "always"
              }
            ],
            "conditions": [
              {
                "ref_name": [
                  {
                    "exclude": [],
                    "include": [
                      "refs/heads/??.x-backup",
                      "refs/heads/master-backup"
                    ]
                  }
                ]
              }
            ],
            "enforcement": "active",
            "etag": "W/\"e18df39348c74b3b5dc7481191c7cf8f9e6251dc470cc4f0700e127daf96e5aa\"",
            "id": "16097446",
            "name": "Restrict Changes to Unsupported Branches",
            "node_id": "RRS_lACqUmVwb3NpdG9yec5JcfUZzgD1oKY",
            "repository": "sindri-java",
            "rules": [
              {
                "branch_name_pattern": [],
                "commit_author_email_pattern": [],
                "commit_message_pattern": [],
                "committer_email_pattern": [],
                "copilot_code_review": [],
                "creation": true,
                "deletion": true,
                "file_extension_restriction": [],
                "file_path_restriction": [],
                "max_file_path_length": [],
                "max_file_size": [],
                "merge_queue": [],
                "non_fast_forward": true,
                "pull_request": [],
                "required_code_scanning": [],
                "required_deployments": [],
                "required_linear_history": false,
                "required_signatures": false,
                "required_status_checks": [],
                "tag_name_pattern": [],
                "update": true,
                "update_allows_fetch_and_merge": false
              }
            ],
            "ruleset_id": 16097446,
            "target": "branch"
          },
          "sensitive_attributes": [],
          "private": "eyJzY2hlbWFfdmVyc2lvbiI6IjEifQ==",
          "dependencies": [
            "module.repo.github_repository.this"
          ]
        }
      ]
    },
    {
      "module": "module.repo[\"sindri-java\"]",
      "mode": "managed",
      "type": "github_repository_vulnerability_alerts",
      "name": "this",
      "provider": "provider[\"registry.opentofu.org/integrations/github\"]",
      "instances": [
        {
          "schema_version": 0,
          "attributes": {
            "enabled": true,
            "id": "1232205081",
            "repository": "sindri-java",
            "repository_id": 1232205081
          },
          "sensitive_attributes": [],
          "private": "eyJzY2hlbWFfdmVyc2lvbiI6IjAifQ==",
          "dependencies": [
            "module.repo.github_repository.this"
          ]
        }
      ]
    },
    {
      "module": "module.repo[\"sindri-java\"]",
      "mode": "managed",
      "type": "github_team_repository",
      "name": "approvers",
      "provider": "provider[\"registry.opentofu.org/integrations/github\"]",
      "instances": [
        {
          "index_key": 0,
          "schema_version": 0,
          "attributes": {
            "etag": "W/\"409f28c6eb7879c3c8d80d83270aaa89de5d5fe94ecf18a1d2c4eecae70ffc19\"",
            "id": "18867552:sindri-java",
            "permission": "push",
            "repository": "sindri-java",
            "team_id": "approvers"
          },
          "sensitive_attributes": [],
          "private": "bnVsbA==",
          "dependencies": [
            "module.repo.github_repository.this"
          ]
        }
      ]
    },
    {
      "module": "module.repo[\"sindri-php\"]",
      "mode": "managed",
      "type": "github_issue_label",
      "name": "claude_review",
      "provider": "provider[\"registry.opentofu.org/integrations/github\"]",
      "instances": [
        {
          "schema_version": 0,
          "attributes": {
            "color": "5319e7",
            "description": "Ask Claude to review this pull request",
            "etag": "W/\"f1bfccf9bda26c814d7bd099982c7b1da25295999889bd22078298420248eb6e\"",
            "id": "sindri-php:claude-review",
            "name": "claude-review",
            "repository": "sindri-php",
            "url": "https://api.github.com/repos/valkyrjaio/sindri-php/labels/claude-review"
          },
          "sensitive_attributes": [],
          "private": "eyJzY2hlbWFfdmVyc2lvbiI6IjAifQ==",
          "dependencies": [
            "module.repo.github_repository.this"
          ]
        }
      ]
    },
    {
      "module": "module.repo[\"sindri-php\"]",
      "mode": "managed",
      "type": "github_repository",
      "name": "this",
      "provider": "provider[\"registry.opentofu.org/integrations/github\"]",
      "instances": [
        {
          "schema_version": 1,
          "attributes": {
            "allow_auto_merge": false,
            "allow_forking": true,
            "allow_merge_commit": false,
            "allow_rebase_merge": false,
            "allow_squash_merge": true,
            "allow_update_branch": false,
            "archive_on_destroy": null,
            "archived": false,
            "auto_init": false,
            "default_branch": "26.x",
            "delete_branch_on_merge": true,
            "description": "The Valkyrja PHP framework build tool and application creator",
            "etag": "W/\"de9623571ce298bbbaf8e869dcbf6c30d454f78f4d8d831779bdde81800f1b51\"",
            "fork": "false",
            "full_name": "valkyrjaio/sindri-php",
            "git_clone_url": "git://github.com/valkyrjaio/sindri-php.git",
            "gitignore_template": null,
            "has_discussions": false,
            "has_downloads": false,
            "has_issues": true,
            "has_projects": false,
            "has_wiki": false,
            "homepage_url": "",
            "html_url": "https://github.com/valkyrjaio/sindri-php",
            "http_clone_url": "https://github.com/valkyrjaio/sindri-php.git",
            "id": "sindri-php",
            "ignore_vulnerability_alerts_during_read": null,
            "is_template": false,
            "license_template": null,
            "merge_commit_message": "PR_TITLE",
            "merge_commit_title": "MERGE_MESSAGE",
            "name": "sindri-php",
            "node_id": "R_kgDOSA1-8A",
            "pages": [],
            "primary_language": "PHP",
            "private": false,
            "repo_id": 1208844016,
            "security_and_analysis": [
              {
                "advanced_security": [],
                "code_security": [],
                "secret_scanning": [
                  {
                    "status": "disabled"
                  }
                ],
                "secret_scanning_ai_detection": [],
                "secret_scanning_non_provider_patterns": [],
                "secret_scanning_push_protection": [
                  {
                    "status": "disabled"
                  }
                ]
              }
            ],
            "source_owner": "",
            "source_repo": "",
            "squash_merge_commit_message": "PR_BODY",
            "squash_merge_commit_title": "PR_TITLE",
            "ssh_clone_url": "git@github.com:valkyrjaio/sindri-php.git",
            "svn_url": "https://github.com/valkyrjaio/sindri-php",
            "template": [],
            "topics": [],
            "visibility": "public",
            "vulnerability_alerts": true,
            "web_commit_signoff_required": false
          },
          "sensitive_attributes": [],
          "private": "eyJzY2hlbWFfdmVyc2lvbiI6IjEifQ=="
        }
      ]
    },
    {
      "module": "module.repo[\"sindri-php\"]",
      "mode": "managed",
      "type": "github_repository_ruleset",
      "name": "force_push_protection",
      "provider": "provider[\"registry.opentofu.org/integrations/github\"]",
      "instances": [
        {
          "schema_version": 1,
          "attributes": {
            "bypass_actors": [
              {
                "actor_id": 0,
                "actor_type": "OrganizationAdmin",
                "bypass_mode": "always"
              }
            ],
            "conditions": [
              {
                "ref_name": [
                  {
                    "exclude": [],
                    "include": [
                      "refs/heads/??.x"
                    ]
                  }
                ]
              }
            ],
            "enforcement": "active",
            "etag": "W/\"06e7d01ea8b19a8c699da6f656e0ab192912a5d06636e8dc068af3f1b0627354\"",
            "id": "15191414",
            "name": "Protect Against Force Pushes and Deletion",
            "node_id": "RRS_lACqUmVwb3NpdG9yec5IDX7wzgDnzXY",
            "repository": "sindri-php",
            "rules": [
              {
                "branch_name_pattern": [],
                "commit_author_email_pattern": [],
                "commit_message_pattern": [],
                "committer_email_pattern": [],
                "copilot_code_review": [],
                "creation": false,
                "deletion": true,
                "file_extension_restriction": [],
                "file_path_restriction": [],
                "max_file_path_length": [],
                "max_file_size": [],
                "merge_queue": [],
                "non_fast_forward": true,
                "pull_request": [],
                "required_code_scanning": [],
                "required_deployments": [],
                "required_linear_history": false,
                "required_signatures": false,
                "required_status_checks": [],
                "tag_name_pattern": [],
                "update": false,
                "update_allows_fetch_and_merge": false
              }
            ],
            "ruleset_id": 15191414,
            "target": "branch"
          },
          "sensitive_attributes": [],
          "private": "eyJzY2hlbWFfdmVyc2lvbiI6IjEifQ==",
          "dependencies": [
            "module.repo.github_repository.this"
          ]
        }
      ]
    },
    {
      "module": "module.repo[\"sindri-php\"]",
      "mode": "managed",
      "type": "github_repository_ruleset",
      "name": "protect_master",
      "provider": "provider[\"registry.opentofu.org/integrations/github\"]",
      "instances": [
        {
          "schema_version": 1,
          "attributes": {
            "bypass_actors": [],
            "conditions": [
              {
                "ref_name": [
                  {
                    "exclude": [],
                    "include": [
                      "refs/heads/master"
                    ]
                  }
                ]
              }
            ],
            "enforcement": "active",
            "etag": "W/\"7daacefe44315c65a47e93ebe1fdf03f62ecd7cd498a5976708b7fdf0cbd32d8\"",
            "id": "15191416",
            "name": "Protect Master At All Times",
            "node_id": "RRS_lACqUmVwb3NpdG9yec5IDX7wzgDnzXg",
            "repository": "sindri-php",
            "rules": [
              {
                "branch_name_pattern": [],
                "commit_author_email_pattern": [],
                "commit_message_pattern": [],
                "committer_email_pattern": [],
                "copilot_code_review": [],
                "creation": false,
                "deletion": true,
                "file_extension_restriction": [],
                "file_path_restriction": [],
                "max_file_path_length": [],
                "max_file_size": [],
                "merge_queue": [],
                "non_fast_forward": true,
                "pull_request": [],
                "required_code_scanning": [],
                "required_deployments": [],
                "required_linear_history": false,
                "required_signatures": false,
                "required_status_checks": [],
                "tag_name_pattern": [],
                "update": false,
                "update_allows_fetch_and_merge": false
              }
            ],
            "ruleset_id": 15191416,
            "target": "branch"
          },
          "sensitive_attributes": [],
          "private": "eyJzY2hlbWFfdmVyc2lvbiI6IjEifQ==",
          "dependencies": [
            "module.repo.github_repository.this"
          ]
        }
      ]
    },
    {
      "module": "module.repo[\"sindri-php\"]",
      "mode": "managed",
      "type": "github_repository_ruleset",
      "name": "protect_release_tags",
      "provider": "provider[\"registry.opentofu.org/integrations/github\"]",
      "instances": [
        {
          "schema_version": 1,
          "attributes": {
            "bypass_actors": [
              {
                "actor_id": 0,
                "actor_type": "OrganizationAdmin",
                "bypass_mode": "always"
              }
            ],
            "conditions": [
              {
                "ref_name": [
                  {
                    "exclude": [],
                    "include": [
                      "refs/tags/*.*.*"
                    ]
                  }
                ]
              }
            ],
            "enforcement": "active",
            "etag": "W/\"04ddf269a244e651312ad467a75590fcc78e2d76ed119dfa54a40896a6a27686\"",
            "id": "15200871",
            "name": "Protect Release Tags",
            "node_id": "RRS_lACqUmVwb3NpdG9yec5IDX7wzgDn8mc",
            "repository": "sindri-php",
            "rules": [
              {
                "branch_name_pattern": [],
                "commit_author_email_pattern": [],
                "commit_message_pattern": [],
                "committer_email_pattern": [],
                "copilot_code_review": [],
                "creation": false,
                "deletion": true,
                "file_extension_restriction": [],
                "file_path_restriction": [],
                "max_file_path_length": [],
                "max_file_size": [],
                "merge_queue": [],
                "non_fast_forward": true,
                "pull_request": [],
                "required_code_scanning": [],
                "required_deployments": [],
                "required_linear_history": false,
                "required_signatures": false,
                "required_status_checks": [],
                "tag_name_pattern": [],
                "update": false,
                "update_allows_fetch_and_merge": false
              }
            ],
            "ruleset_id": 15200871,
            "target": "tag"
          },
          "sensitive_attributes": [],
          "private": "eyJzY2hlbWFfdmVyc2lvbiI6IjEifQ==",
          "dependencies": [
            "module.repo.github_repository.this"
          ]
        }
      ]
    },
    {
      "module": "module.repo[\"sindri-php\"]",
      "mode": "managed",
      "type": "github_repository_ruleset",
      "name": "require_pull_request",
      "provider": "provider[\"registry.opentofu.org/integrations/github\"]",
      "instances": [
        {
          "schema_version": 1,
          "attributes": {
            "bypass_actors": [
              {
                "actor_id": 0,
                "actor_type": "OrganizationAdmin",
                "bypass_mode": "always"
              },
              {
                "actor_id": 2462900,
                "actor_type": "Integration",
                "bypass_mode": "always"
              }
            ],
            "conditions": [
              {
                "ref_name": [
                  {
                    "exclude": [],
                    "include": [
                      "~DEFAULT_BRANCH",
                      "refs/heads/??.x",
                      "refs/heads/master"
                    ]
                  }
                ]
              }
            ],
            "enforcement": "active",
            "etag": "W/\"7771acc720d2490823881fd74f6cf22cf6f269760abe1c968a37acdf5883b87a\"",
            "id": "15191419",
            "name": "Require Pull Request",
            "node_id": "RRS_lACqUmVwb3NpdG9yec5IDX7wzgDnzXs",
            "repository": "sindri-php",
            "rules": [
              {
                "branch_name_pattern": [],
                "commit_author_email_pattern": [],
                "commit_message_pattern": [],
                "committer_email_pattern": [],
                "copilot_code_review": [],
                "creation": false,
                "deletion": false,
                "file_extension_restriction": [],
                "file_path_restriction": [],
                "max_file_path_length": [],
                "max_file_size": [],
                "merge_queue": [],
                "non_fast_forward": false,
                "pull_request": [
                  {
                    "allowed_merge_methods": [
                      "squash"
                    ],
                    "dismiss_stale_reviews_on_push": false,
                    "require_code_owner_review": true,
                    "require_last_push_approval": false,
                    "required_approving_review_count": 0,
                    "required_review_thread_resolution": false,
                    "required_reviewers": []
                  }
                ],
                "required_code_scanning": [],
                "required_deployments": [],
                "required_linear_history": false,
                "required_signatures": false,
                "required_status_checks": [],
                "tag_name_pattern": [],
                "update": false,
                "update_allows_fetch_and_merge": false
              }
            ],
            "ruleset_id": 15191419,
            "target": "branch"
          },
          "sensitive_attributes": [],
          "private": "eyJzY2hlbWFfdmVyc2lvbiI6IjEifQ==",
          "dependencies": [
            "github_team.approvers",
            "module.repo.github_repository.this"
          ]
        }
      ]
    },
    {
      "module": "module.repo[\"sindri-php\"]",
      "mode": "managed",
      "type": "github_repository_ruleset",
      "name": "required_default_checks",
      "provider": "provider[\"registry.opentofu.org/integrations/github\"]",
      "instances": [
        {
          "schema_version": 1,
          "attributes": {
            "bypass_actors": [
              {
                "actor_id": 0,
                "actor_type": "OrganizationAdmin",
                "bypass_mode": "always"
              },
              {
                "actor_id": 2462900,
                "actor_type": "Integration",
                "bypass_mode": "always"
              }
            ],
            "conditions": [
              {
                "ref_name": [
                  {
                    "exclude": [],
                    "include": [
                      "~DEFAULT_BRANCH",
                      "refs/heads/??.x"
                    ]
                  }
                ]
              }
            ],
            "enforcement": "active",
            "etag": "W/\"5b7de42ed3d2293bf08d727c6968d59b4987fd441f9fd06a40b3bd4bc3a56802\"",
            "id": "15274000",
            "name": "Required Default PR Checks",
            "node_id": "RRS_lACqUmVwb3NpdG9yec5IDX7wzgDpEBA",
            "repository": "sindri-php",
            "rules": [
              {
                "branch_name_pattern": [],
                "commit_author_email_pattern": [],
                "commit_message_pattern": [],
                "committer_email_pattern": [],
                "copilot_code_review": [],
                "creation": false,
                "deletion": false,
                "file_extension_restriction": [],
                "file_path_restriction": [],
                "max_file_path_length": [],
                "max_file_size": [],
                "merge_queue": [],
                "non_fast_forward": false,
                "pull_request": [],
                "required_code_scanning": [],
                "required_deployments": [],
                "required_linear_history": false,
                "required_signatures": false,
                "required_status_checks": [
                  {
                    "do_not_enforce_on_create": false,
                    "required_check": [
                      {
                        "context": "Commit Message Check / Check Commit Message",
                        "integration_id": 15368
                      },
                      {
                        "context": "Copyright Header Check / Check Copyright Header",
                        "integration_id": 15368
                      },
                      {
                        "context": "Markdown Check / Check Markdown",
                        "integration_id": 15368
                      },
                      {
                        "context": "Trailing Newline Check / Check Trailing Newline",
                        "integration_id": 15368
                      }
                    ],
                    "strict_required_status_checks_policy": false
                  }
                ],
                "tag_name_pattern": [],
                "update": false,
                "update_allows_fetch_and_merge": false
              }
            ],
            "ruleset_id": 15274000,
            "target": "branch"
          },
          "sensitive_attributes": [],
          "private": "eyJzY2hlbWFfdmVyc2lvbiI6IjEifQ==",
          "dependencies": [
            "module.repo.github_repository.this"
          ]
        }
      ]
    },
    {
      "module": "module.repo[\"sindri-php\"]",
      "mode": "managed",
      "type": "github_repository_ruleset",
      "name": "required_language_checks",
      "provider": "provider[\"registry.opentofu.org/integrations/github\"]",
      "instances": [
        {
          "index_key": 0,
          "schema_version": 1,
          "attributes": {
            "bypass_actors": [
              {
                "actor_id": 0,
                "actor_type": "OrganizationAdmin",
                "bypass_mode": "always"
              },
              {
                "actor_id": 2462900,
                "actor_type": "Integration",
                "bypass_mode": "always"
              }
            ],
            "conditions": [
              {
                "ref_name": [
                  {
                    "exclude": [],
                    "include": [
                      "~DEFAULT_BRANCH",
                      "refs/heads/??.x"
                    ]
                  }
                ]
              }
            ],
            "enforcement": "active",
            "etag": "W/\"14dfaa4f9da955b79d46c6fa3ce27c14f49c1cc09ebcba9b8b4e53d3cdb69c8d\"",
            "id": "15274001",
            "name": "Required PHP PR Checks",
            "node_id": "RRS_lACqUmVwb3NpdG9yec5IDX7wzgDpEBE",
            "repository": "sindri-php",
            "rules": [
              {
                "branch_name_pattern": [],
                "commit_author_email_pattern": [],
                "commit_message_pattern": [],
                "committer_email_pattern": [],
                "copilot_code_review": [],
                "creation": false,
                "deletion": false,
                "file_extension_restriction": [],
                "file_path_restriction": [],
                "max_file_path_length": [],
                "max_file_size": [],
                "merge_queue": [],
                "non_fast_forward": false,
                "pull_request": [],
                "required_code_scanning": [],
                "required_deployments": [],
                "required_linear_history": false,
                "required_signatures": false,
                "required_status_checks": [
                  {
                    "do_not_enforce_on_create": false,
                    "required_check": [
                      {
                        "context": "Tools / PHP CS Fixer / PHP 8.4",
                        "integration_id": 15368
                      },
                      {
                        "context": "Tools / PHP Code Sniffer / PHP 8.4",
                        "integration_id": 15368
                      },
                      {
                        "context": "Tools / PHPArkitect / PHP 8.4",
                        "integration_id": 15368
                      },
                      {
                        "context": "Tools / PHPStan / PHP 8.4",
                        "integration_id": 15368
                      },
                      {
                        "context": "Tools / PHPUnit / PHP 8.4",
                        "integration_id": 15368
                      },
                      {
                        "context": "Tools / PHPUnit / PHP 8.5",
                        "integration_id": 15368
                      },
                      {
                        "context": "Tools / PHPUnit / PHP 8.6",
                        "integration_id": 15368
                      },
                      {
                        "context": "Tools / Psalm / PHP 8.4",
                        "integration_id": 15368
                      },
                      {
                        "context": "Tools / Rector / PHP 8.4",
                        "integration_id": 15368
                      }
                    ],
                    "strict_required_status_checks_policy": false
                  }
                ],
                "tag_name_pattern": [],
                "update": false,
                "update_allows_fetch_and_merge": false
              }
            ],
            "ruleset_id": 15274001,
            "target": "branch"
          },
          "sensitive_attributes": [],
          "private": "eyJzY2hlbWFfdmVyc2lvbiI6IjEifQ==",
          "dependencies": [
            "module.repo.github_repository.this"
          ]
        }
      ]
    },
    {
      "module": "module.repo[\"sindri-php\"]",
      "mode": "managed",
      "type": "github_repository_ruleset",
      "name": "restrict_unsupported_branches",
      "provider": "provider[\"registry.opentofu.org/integrations/github\"]",
      "instances": [
        {
          "schema_version": 1,
          "attributes": {
            "bypass_actors": [
              {
                "actor_id": 2462900,
                "actor_type": "Integration",
                "bypass_mode": "always"
              }
            ],
            "conditions": [
              {
                "ref_name": [
                  {
                    "exclude": [],
                    "include": [
                      "refs/heads/??.x-backup",
                      "refs/heads/master-backup"
                    ]
                  }
                ]
              }
            ],
            "enforcement": "active",
            "etag": "W/\"8cd5cac20d5d943ff8ccdface45f9dd648dd80629a45e2fb50a00b2bdf488ef1\"",
            "id": "15191421",
            "name": "Restrict Changes to Unsupported Branches",
            "node_id": "RRS_lACqUmVwb3NpdG9yec5IDX7wzgDnzX0",
            "repository": "sindri-php",
            "rules": [
              {
                "branch_name_pattern": [],
                "commit_author_email_pattern": [],
                "commit_message_pattern": [],
                "committer_email_pattern": [],
                "copilot_code_review": [],
                "creation": true,
                "deletion": true,
                "file_extension_restriction": [],
                "file_path_restriction": [],
                "max_file_path_length": [],
                "max_file_size": [],
                "merge_queue": [],
                "non_fast_forward": true,
                "pull_request": [],
                "required_code_scanning": [],
                "required_deployments": [],
                "required_linear_history": false,
                "required_signatures": false,
                "required_status_checks": [],
                "tag_name_pattern": [],
                "update": true,
                "update_allows_fetch_and_merge": false
              }
            ],
            "ruleset_id": 15191421,
            "target": "branch"
          },
          "sensitive_attributes": [],
          "private": "eyJzY2hlbWFfdmVyc2lvbiI6IjEifQ==",
          "dependencies": [
            "module.repo.github_repository.this"
          ]
        }
      ]
    },
    {
      "module": "module.repo[\"sindri-php\"]",
      "mode": "managed",
      "type": "github_repository_vulnerability_alerts",
      "name": "this",
      "provider": "provider[\"registry.opentofu.org/integrations/github\"]",
      "instances": [
        {
          "schema_version": 0,
          "attributes": {
            "enabled": true,
            "id": "1208844016",
            "repository": "sindri-php",
            "repository_id": 1208844016
          },
          "sensitive_attributes": [],
          "private": "eyJzY2hlbWFfdmVyc2lvbiI6IjAifQ==",
          "dependencies": [
            "module.repo.github_repository.this"
          ]
        }
      ]
    },
    {
      "module": "module.repo[\"sindri-php\"]",
      "mode": "managed",
      "type": "github_team_repository",
      "name": "approvers",
      "provider": "provider[\"registry.opentofu.org/integrations/github\"]",
      "instances": [
        {
          "index_key": 0,
          "schema_version": 0,
          "attributes": {
            "etag": "W/\"693fc6581efb73d205e3af1318b32bdb5da88250f21a96f85ef9ea2faf364152\"",
            "id": "18867552:sindri-php",
            "permission": "push",
            "repository": "sindri-php",
            "team_id": "approvers"
          },
          "sensitive_attributes": [],
          "private": "bnVsbA==",
          "dependencies": [
            "module.repo.github_repository.this"
          ]
        }
      ]
    },
    {
      "module": "module.repo[\"sindri-python\"]",
      "mode": "managed",
      "type": "github_issue_label",
      "name": "claude_review",
      "provider": "provider[\"registry.opentofu.org/integrations/github\"]",
      "instances": [
        {
          "schema_version": 0,
          "attributes": {
            "color": "5319e7",
            "description": "Ask Claude to review this pull request",
            "etag": "W/\"541e35af5c73773946889bd095ed0565f027c2a168f7beae3ae9d8c7eec07b05\"",
            "id": "sindri-python:claude-review",
            "name": "claude-review",
            "repository": "sindri-python",
            "url": "https://api.github.com/repos/valkyrjaio/sindri-python/labels/claude-review"
          },
          "sensitive_attributes": [],
          "private": "eyJzY2hlbWFfdmVyc2lvbiI6IjAifQ==",
          "dependencies": [
            "module.repo.github_repository.this"
          ]
        }
      ]
    },
    {
      "module": "module.repo[\"sindri-python\"]",
      "mode": "managed",
      "type": "github_repository",
      "name": "this",
      "provider": "provider[\"registry.opentofu.org/integrations/github\"]",
      "instances": [
        {
          "schema_version": 1,
          "attributes": {
            "allow_auto_merge": false,
            "allow_forking": true,
            "allow_merge_commit": false,
            "allow_rebase_merge": false,
            "allow_squash_merge": true,
            "allow_update_branch": false,
            "archive_on_destroy": null,
            "archived": false,
            "auto_init": false,
            "default_branch": "26.x",
            "delete_branch_on_merge": true,
            "description": "The Valkyrja Python framework build tool and application creator",
            "etag": "W/\"3f5267d3bdbf9455ec4623ac2e4ea73f8e01b8234aba67e01f74b3a21cb7abec\"",
            "fork": "false",
            "full_name": "valkyrjaio/sindri-python",
            "git_clone_url": "git://github.com/valkyrjaio/sindri-python.git",
            "gitignore_template": null,
            "has_discussions": false,
            "has_downloads": false,
            "has_issues": true,
            "has_projects": false,
            "has_wiki": false,
            "homepage_url": "",
            "html_url": "https://github.com/valkyrjaio/sindri-python",
            "http_clone_url": "https://github.com/valkyrjaio/sindri-python.git",
            "id": "sindri-python",
            "ignore_vulnerability_alerts_during_read": null,
            "is_template": false,
            "license_template": null,
            "merge_commit_message": "PR_TITLE",
            "merge_commit_title": "MERGE_MESSAGE",
            "name": "sindri-python",
            "node_id": "R_kgDOTsJD6w",
            "pages": [],
            "primary_language": "Python",
            "private": false,
            "repo_id": 1321354219,
            "security_and_analysis": [
              {
                "advanced_security": [],
                "code_security": [],
                "secret_scanning": [
                  {
                    "status": "disabled"
                  }
                ],
                "secret_scanning_ai_detection": [],
                "secret_scanning_non_provider_patterns": [],
                "secret_scanning_push_protection": [
                  {
                    "status": "disabled"
                  }
                ]
              }
            ],
            "source_owner": "",
            "source_repo": "",
            "squash_merge_commit_message": "PR_BODY",
            "squash_merge_commit_title": "PR_TITLE",
            "ssh_clone_url": "git@github.com:valkyrjaio/sindri-python.git",
            "svn_url": "https://github.com/valkyrjaio/sindri-python",
            "template": [
              {
                "include_all_branches": false,
                "owner": "valkyrjaio",
                "repository": "project-template-python"
              }
            ],
            "topics": [],
            "visibility": "public",
            "vulnerability_alerts": true,
            "web_commit_signoff_required": false
          },
          "sensitive_attributes": [],
          "private": "eyJzY2hlbWFfdmVyc2lvbiI6IjEifQ=="
        }
      ]
    },
    {
      "module": "module.repo[\"sindri-python\"]",
      "mode": "managed",
      "type": "github_repository_ruleset",
      "name": "force_push_protection",
      "provider": "provider[\"registry.opentofu.org/integrations/github\"]",
      "instances": [
        {
          "schema_version": 1,
          "attributes": {
            "bypass_actors": [
              {
                "actor_id": 0,
                "actor_type": "OrganizationAdmin",
                "bypass_mode": "always"
              }
            ],
            "conditions": [
              {
                "ref_name": [
                  {
                    "exclude": [],
                    "include": [
                      "refs/heads/??.x"
                    ]
                  }
                ]
              }
            ],
            "enforcement": "active",
            "etag": "W/\"fb98029d41341c86701f8ed7f916b4bbecba3a348b5c87f0ede428f65281d246\"",
            "id": "20276728",
            "name": "Protect Against Force Pushes and Deletion",
            "node_id": "RRS_lACqUmVwb3NpdG9yec5OwkPrzgE1Zfg",
            "repository": "sindri-python",
            "rules": [
              {
                "branch_name_pattern": [],
                "commit_author_email_pattern": [],
                "commit_message_pattern": [],
                "committer_email_pattern": [],
                "copilot_code_review": [],
                "creation": false,
                "deletion": true,
                "file_extension_restriction": [],
                "file_path_restriction": [],
                "max_file_path_length": [],
                "max_file_size": [],
                "merge_queue": [],
                "non_fast_forward": true,
                "pull_request": [],
                "required_code_scanning": [],
                "required_deployments": [],
                "required_linear_history": false,
                "required_signatures": false,
                "required_status_checks": [],
                "tag_name_pattern": [],
                "update": false,
                "update_allows_fetch_and_merge": false
              }
            ],
            "ruleset_id": 20276728,
            "target": "branch"
          },
          "sensitive_attributes": [],
          "private": "eyJzY2hlbWFfdmVyc2lvbiI6IjEifQ==",
          "dependencies": [
            "module.repo.github_repository.this"
          ]
        }
      ]
    },
    {
      "module": "module.repo[\"sindri-python\"]",
      "mode": "managed",
      "type": "github_repository_ruleset",
      "name": "protect_master",
      "provider": "provider[\"registry.opentofu.org/integrations/github\"]",
      "instances": [
        {
          "schema_version": 1,
          "attributes": {
            "bypass_actors": [],
            "conditions": [
              {
                "ref_name": [
                  {
                    "exclude": [],
                    "include": [
                      "refs/heads/master"
                    ]
                  }
                ]
              }
            ],
            "enforcement": "active",
            "etag": "W/\"99127944c32eaef791806b62a1abe2ccf154a8b07d5f0baca36cd0cfd6035335\"",
            "id": "20276729",
            "name": "Protect Master At All Times",
            "node_id": "RRS_lACqUmVwb3NpdG9yec5OwkPrzgE1Zfk",
            "repository": "sindri-python",
            "rules": [
              {
                "branch_name_pattern": [],
                "commit_author_email_pattern": [],
                "commit_message_pattern": [],
                "committer_email_pattern": [],
                "copilot_code_review": [],
                "creation": false,
                "deletion": true,
                "file_extension_restriction": [],
                "file_path_restriction": [],
                "max_file_path_length": [],
                "max_file_size": [],
                "merge_queue": [],
                "non_fast_forward": true,
                "pull_request": [],
                "required_code_scanning": [],
                "required_deployments": [],
                "required_linear_history": false,
                "required_signatures": false,
                "required_status_checks": [],
                "tag_name_pattern": [],
                "update": false,
                "update_allows_fetch_and_merge": false
              }
            ],
            "ruleset_id": 20276729,
            "target": "branch"
          },
          "sensitive_attributes": [],
          "private": "eyJzY2hlbWFfdmVyc2lvbiI6IjEifQ==",
          "dependencies": [
            "module.repo.github_repository.this"
          ]
        }
      ]
    },
    {
      "module": "module.repo[\"sindri-python\"]",
      "mode": "managed",
      "type": "github_repository_ruleset",
      "name": "protect_release_tags",
      "provider": "provider[\"registry.opentofu.org/integrations/github\"]",
      "instances": [
        {
          "schema_version": 1,
          "attributes": {
            "bypass_actors": [
              {
                "actor_id": 0,
                "actor_type": "OrganizationAdmin",
                "bypass_mode": "always"
              }
            ],
            "conditions": [
              {
                "ref_name": [
                  {
                    "exclude": [],
                    "include": [
                      "refs/tags/*.*.*"
                    ]
                  }
                ]
              }
            ],
            "enforcement": "active",
            "etag": "W/\"207b5abd3d808019fac347bc41c1ce2d09e3d4bccbfd764e57355c051d2f7da2\"",
            "id": "20276731",
            "name": "Protect Release Tags",
            "node_id": "RRS_lACqUmVwb3NpdG9yec5OwkPrzgE1Zfs",
            "repository": "sindri-python",
            "rules": [
              {
                "branch_name_pattern": [],
                "commit_author_email_pattern": [],
                "commit_message_pattern": [],
                "committer_email_pattern": [],
                "copilot_code_review": [],
                "creation": false,
                "deletion": true,
                "file_extension_restriction": [],
                "file_path_restriction": [],
                "max_file_path_length": [],
                "max_file_size": [],
                "merge_queue": [],
                "non_fast_forward": true,
                "pull_request": [],
                "required_code_scanning": [],
                "required_deployments": [],
                "required_linear_history": false,
                "required_signatures": false,
                "required_status_checks": [],
                "tag_name_pattern": [],
                "update": false,
                "update_allows_fetch_and_merge": false
              }
            ],
            "ruleset_id": 20276731,
            "target": "tag"
          },
          "sensitive_attributes": [],
          "private": "eyJzY2hlbWFfdmVyc2lvbiI6IjEifQ==",
          "dependencies": [
            "module.repo.github_repository.this"
          ]
        }
      ]
    },
    {
      "module": "module.repo[\"sindri-python\"]",
      "mode": "managed",
      "type": "github_repository_ruleset",
      "name": "require_pull_request",
      "provider": "provider[\"registry.opentofu.org/integrations/github\"]",
      "instances": [
        {
          "schema_version": 1,
          "attributes": {
            "bypass_actors": [
              {
                "actor_id": 0,
                "actor_type": "OrganizationAdmin",
                "bypass_mode": "always"
              },
              {
                "actor_id": 2462900,
                "actor_type": "Integration",
                "bypass_mode": "always"
              }
            ],
            "conditions": [
              {
                "ref_name": [
                  {
                    "exclude": [],
                    "include": [
                      "~DEFAULT_BRANCH",
                      "refs/heads/??.x",
                      "refs/heads/master"
                    ]
                  }
                ]
              }
            ],
            "enforcement": "active",
            "etag": "W/\"b5441300adad73359a25821695572ca0dd6172639dc8ba43a02929b4e5c2561b\"",
            "id": "20276732",
            "name": "Require Pull Request",
            "node_id": "RRS_lACqUmVwb3NpdG9yec5OwkPrzgE1Zfw",
            "repository": "sindri-python",
            "rules": [
              {
                "branch_name_pattern": [],
                "commit_author_email_pattern": [],
                "commit_message_pattern": [],
                "committer_email_pattern": [],
                "copilot_code_review": [],
                "creation": false,
                "deletion": false,
                "file_extension_restriction": [],
                "file_path_restriction": [],
                "max_file_path_length": [],
                "max_file_size": [],
                "merge_queue": [],
                "non_fast_forward": false,
                "pull_request": [
                  {
                    "allowed_merge_methods": [
                      "squash"
                    ],
                    "dismiss_stale_reviews_on_push": false,
                    "require_code_owner_review": true,
                    "require_last_push_approval": false,
                    "required_approving_review_count": 0,
                    "required_review_thread_resolution": false,
                    "required_reviewers": []
                  }
                ],
                "required_code_scanning": [],
                "required_deployments": [],
                "required_linear_history": false,
                "required_signatures": false,
                "required_status_checks": [],
                "tag_name_pattern": [],
                "update": false,
                "update_allows_fetch_and_merge": false
              }
            ],
            "ruleset_id": 20276732,
            "target": "branch"
          },
          "sensitive_attributes": [],
          "private": "eyJzY2hlbWFfdmVyc2lvbiI6IjEifQ==",
          "dependencies": [
            "github_team.approvers",
            "module.repo.github_repository.this"
          ]
        }
      ]
    },
    {
      "module": "module.repo[\"sindri-python\"]",
      "mode": "managed",
      "type": "github_repository_ruleset",
      "name": "required_default_checks",
      "provider": "provider[\"registry.opentofu.org/integrations/github\"]",
      "instances": [
        {
          "schema_version": 1,
          "attributes": {
            "bypass_actors": [
              {
                "actor_id": 0,
                "actor_type": "OrganizationAdmin",
                "bypass_mode": "always"
              },
              {
                "actor_id": 2462900,
                "actor_type": "Integration",
                "bypass_mode": "always"
              }
            ],
            "conditions": [
              {
                "ref_name": [
                  {
                    "exclude": [],
                    "include": [
                      "~DEFAULT_BRANCH",
                      "refs/heads/??.x"
                    ]
                  }
                ]
              }
            ],
            "enforcement": "active",
            "etag": "W/\"adabbe18ddd58e701a67880b2ef2a8d73d474f4a0c48b8aa130651be11ed6557\"",
            "id": "20276735",
            "name": "Required Default PR Checks",
            "node_id": "RRS_lACqUmVwb3NpdG9yec5OwkPrzgE1Zf8",
            "repository": "sindri-python",
            "rules": [
              {
                "branch_name_pattern": [],
                "commit_author_email_pattern": [],
                "commit_message_pattern": [],
                "committer_email_pattern": [],
                "copilot_code_review": [],
                "creation": false,
                "deletion": false,
                "file_extension_restriction": [],
                "file_path_restriction": [],
                "max_file_path_length": [],
                "max_file_size": [],
                "merge_queue": [],
                "non_fast_forward": false,
                "pull_request": [],
                "required_code_scanning": [],
                "required_deployments": [],
                "required_linear_history": false,
                "required_signatures": false,
                "required_status_checks": [
                  {
                    "do_not_enforce_on_create": false,
                    "required_check": [
                      {
                        "context": "Commit Message Check / Check Commit Message",
                        "integration_id": 15368
                      },
                      {
                        "context": "Copyright Header Check / Check Copyright Header",
                        "integration_id": 15368
                      },
                      {
                        "context": "Markdown Check / Check Markdown",
                        "integration_id": 15368
                      },
                      {
                        "context": "Trailing Newline Check / Check Trailing Newline",
                        "integration_id": 15368
                      }
                    ],
                    "strict_required_status_checks_policy": false
                  }
                ],
                "tag_name_pattern": [],
                "update": false,
                "update_allows_fetch_and_merge": false
              }
            ],
            "ruleset_id": 20276735,
            "target": "branch"
          },
          "sensitive_attributes": [],
          "private": "eyJzY2hlbWFfdmVyc2lvbiI6IjEifQ==",
          "dependencies": [
            "module.repo.github_repository.this"
          ]
        }
      ]
    },
    {
      "module": "module.repo[\"sindri-python\"]",
      "mode": "managed",
      "type": "github_repository_ruleset",
      "name": "required_language_checks",
      "provider": "provider[\"registry.opentofu.org/integrations/github\"]",
      "instances": [
        {
          "index_key": 0,
          "schema_version": 1,
          "attributes": {
            "bypass_actors": [
              {
                "actor_id": 0,
                "actor_type": "OrganizationAdmin",
                "bypass_mode": "always"
              },
              {
                "actor_id": 2462900,
                "actor_type": "Integration",
                "bypass_mode": "always"
              }
            ],
            "conditions": [
              {
                "ref_name": [
                  {
                    "exclude": [],
                    "include": [
                      "~DEFAULT_BRANCH",
                      "refs/heads/??.x"
                    ]
                  }
                ]
              }
            ],
            "enforcement": "active",
            "etag": "W/\"c0871e6880d67363eaf6c7bb37778d5e62536b2d0854328dcf16a272334f48d5\"",
            "id": "20276738",
            "name": "Required Python PR Checks",
            "node_id": "RRS_lACqUmVwb3NpdG9yec5OwkPrzgE1ZgI",
            "repository": "sindri-python",
            "rules": [
              {
                "branch_name_pattern": [],
                "commit_author_email_pattern": [],
                "commit_message_pattern": [],
                "committer_email_pattern": [],
                "copilot_code_review": [],
                "creation": false,
                "deletion": false,
                "file_extension_restriction": [],
                "file_path_restriction": [],
                "max_file_path_length": [],
                "max_file_size": [],
                "merge_queue": [],
                "non_fast_forward": false,
                "pull_request": [],
                "required_code_scanning": [],
                "required_deployments": [],
                "required_linear_history": false,
                "required_signatures": false,
                "required_status_checks": [
                  {
                    "do_not_enforce_on_create": false,
                    "required_check": [
                      {
                        "context": "Tools / Bandit / Bandit",
                        "integration_id": 15368
                      },
                      {
                        "context": "Tools / Ruff / Ruff",
                        "integration_id": 15368
                      },
                      {
                        "context": "Tools / import-linter / import-linter",
                        "integration_id": 15368
                      },
                      {
                        "context": "Tools / mypy / mypy",
                        "integration_id": 15368
                      },
                      {
                        "context": "Tools / pytest / pytest",
                        "integration_id": 15368
                      }
                    ],
                    "strict_required_status_checks_policy": false
                  }
                ],
                "tag_name_pattern": [],
                "update": false,
                "update_allows_fetch_and_merge": false
              }
            ],
            "ruleset_id": 20276738,
            "target": "branch"
          },
          "sensitive_attributes": [],
          "private": "eyJzY2hlbWFfdmVyc2lvbiI6IjEifQ==",
          "dependencies": [
            "module.repo.github_repository.this"
          ]
        }
      ]
    },
    {
      "module": "module.repo[\"sindri-python\"]",
      "mode": "managed",
      "type": "github_repository_ruleset",
      "name": "restrict_unsupported_branches",
      "provider": "provider[\"registry.opentofu.org/integrations/github\"]",
      "instances": [
        {
          "schema_version": 1,
          "attributes": {
            "bypass_actors": [
              {
                "actor_id": 2462900,
                "actor_type": "Integration",
                "bypass_mode": "always"
              }
            ],
            "conditions": [
              {
                "ref_name": [
                  {
                    "exclude": [],
                    "include": [
                      "refs/heads/??.x-backup",
                      "refs/heads/master-backup"
                    ]
                  }
                ]
              }
            ],
            "enforcement": "active",
            "etag": "W/\"204b9b6fb55404ac7cc0c9f29f63545abeac9a6abe56f9fb22753f4c7b32c55e\"",
            "id": "20276737",
            "name": "Restrict Changes to Unsupported Branches",
            "node_id": "RRS_lACqUmVwb3NpdG9yec5OwkPrzgE1ZgE",
            "repository": "sindri-python",
            "rules": [
              {
                "branch_name_pattern": [],
                "commit_author_email_pattern": [],
                "commit_message_pattern": [],
                "committer_email_pattern": [],
                "copilot_code_review": [],
                "creation": true,
                "deletion": true,
                "file_extension_restriction": [],
                "file_path_restriction": [],
                "max_file_path_length": [],
                "max_file_size": [],
                "merge_queue": [],
                "non_fast_forward": true,
                "pull_request": [],
                "required_code_scanning": [],
                "required_deployments": [],
                "required_linear_history": false,
                "required_signatures": false,
                "required_status_checks": [],
                "tag_name_pattern": [],
                "update": true,
                "update_allows_fetch_and_merge": false
              }
            ],
            "ruleset_id": 20276737,
            "target": "branch"
          },
          "sensitive_attributes": [],
          "private": "eyJzY2hlbWFfdmVyc2lvbiI6IjEifQ==",
          "dependencies": [
            "module.repo.github_repository.this"
          ]
        }
      ]
    },
    {
      "module": "module.repo[\"sindri-python\"]",
      "mode": "managed",
      "type": "github_repository_vulnerability_alerts",
      "name": "this",
      "provider": "provider[\"registry.opentofu.org/integrations/github\"]",
      "instances": [
        {
          "schema_version": 0,
          "attributes": {
            "enabled": true,
            "id": "1321354219",
            "repository": "sindri-python",
            "repository_id": 1321354219
          },
          "sensitive_attributes": [],
          "private": "eyJzY2hlbWFfdmVyc2lvbiI6IjAifQ==",
          "dependencies": [
            "module.repo.github_repository.this"
          ]
        }
      ]
    },
    {
      "module": "module.repo[\"sindri-python\"]",
      "mode": "managed",
      "type": "github_team_repository",
      "name": "approvers",
      "provider": "provider[\"registry.opentofu.org/integrations/github\"]",
      "instances": [
        {
          "index_key": 0,
          "schema_version": 0,
          "attributes": {
            "etag": "W/\"590bac3fce2524514b170cfff424ea8d6a2b2506d5ac8cee30aa3a70dd24cf41\"",
            "id": "18867552:sindri-python",
            "permission": "push",
            "repository": "sindri-python",
            "team_id": "approvers"
          },
          "sensitive_attributes": [],
          "private": "bnVsbA==",
          "dependencies": [
            "module.repo.github_repository.this"
          ]
        }
      ]
    },
    {
      "module": "module.repo[\"sindri-ts\"]",
      "mode": "managed",
      "type": "github_issue_label",
      "name": "claude_review",
      "provider": "provider[\"registry.opentofu.org/integrations/github\"]",
      "instances": [
        {
          "schema_version": 0,
          "attributes": {
            "color": "5319e7",
            "description": "Ask Claude to review this pull request",
            "etag": "W/\"68114fe570e9430a214b76cb5e2dcaaebc99506f9ce69197fcdd09fde157ac00\"",
            "id": "sindri-ts:claude-review",
            "name": "claude-review",
            "repository": "sindri-ts",
            "url": "https://api.github.com/repos/valkyrjaio/sindri-ts/labels/claude-review"
          },
          "sensitive_attributes": [],
          "private": "eyJzY2hlbWFfdmVyc2lvbiI6IjAifQ==",
          "dependencies": [
            "module.repo.github_repository.this"
          ]
        }
      ]
    },
    {
      "module": "module.repo[\"sindri-ts\"]",
      "mode": "managed",
      "type": "github_repository",
      "name": "this",
      "provider": "provider[\"registry.opentofu.org/integrations/github\"]",
      "instances": [
        {
          "schema_version": 1,
          "attributes": {
            "allow_auto_merge": false,
            "allow_forking": true,
            "allow_merge_commit": false,
            "allow_rebase_merge": false,
            "allow_squash_merge": true,
            "allow_update_branch": false,
            "archive_on_destroy": null,
            "archived": false,
            "auto_init": false,
            "default_branch": "26.x",
            "delete_branch_on_merge": true,
            "description": "The Valkyrja TypeScript framework build tool and application creator",
            "etag": "W/\"25b15eeb7851b2fdf888fe7b05b5bd992172a4f9aea78841a2f26e5202e16990\"",
            "fork": "false",
            "full_name": "valkyrjaio/sindri-ts",
            "git_clone_url": "git://github.com/valkyrjaio/sindri-ts.git",
            "gitignore_template": null,
            "has_discussions": false,
            "has_downloads": false,
            "has_issues": true,
            "has_projects": false,
            "has_wiki": false,
            "homepage_url": "",
            "html_url": "https://github.com/valkyrjaio/sindri-ts",
            "http_clone_url": "https://github.com/valkyrjaio/sindri-ts.git",
            "id": "sindri-ts",
            "ignore_vulnerability_alerts_during_read": null,
            "is_template": false,
            "license_template": null,
            "merge_commit_message": "PR_TITLE",
            "merge_commit_title": "MERGE_MESSAGE",
            "name": "sindri-ts",
            "node_id": "R_kgDOSXHN0g",
            "pages": [],
            "primary_language": "TypeScript",
            "private": false,
            "repo_id": 1232195026,
            "security_and_analysis": [
              {
                "advanced_security": [],
                "code_security": [],
                "secret_scanning": [
                  {
                    "status": "disabled"
                  }
                ],
                "secret_scanning_ai_detection": [],
                "secret_scanning_non_provider_patterns": [],
                "secret_scanning_push_protection": [
                  {
                    "status": "disabled"
                  }
                ]
              }
            ],
            "source_owner": "",
            "source_repo": "",
            "squash_merge_commit_message": "PR_BODY",
            "squash_merge_commit_title": "PR_TITLE",
            "ssh_clone_url": "git@github.com:valkyrjaio/sindri-ts.git",
            "svn_url": "https://github.com/valkyrjaio/sindri-ts",
            "template": [],
            "topics": [],
            "visibility": "public",
            "vulnerability_alerts": true,
            "web_commit_signoff_required": false
          },
          "sensitive_attributes": [],
          "private": "eyJzY2hlbWFfdmVyc2lvbiI6IjEifQ=="
        }
      ]
    },
    {
      "module": "module.repo[\"sindri-ts\"]",
      "mode": "managed",
      "type": "github_repository_ruleset",
      "name": "force_push_protection",
      "provider": "provider[\"registry.opentofu.org/integrations/github\"]",
      "instances": [
        {
          "schema_version": 1,
          "attributes": {
            "bypass_actors": [
              {
                "actor_id": 0,
                "actor_type": "OrganizationAdmin",
                "bypass_mode": "always"
              }
            ],
            "conditions": [
              {
                "ref_name": [
                  {
                    "exclude": [],
                    "include": [
                      "refs/heads/??.x"
                    ]
                  }
                ]
              }
            ],
            "enforcement": "active",
            "etag": "W/\"0824f9be3e98817fe77741257fcdb4dd2a57de0500e411b11485b8f3e23cc942\"",
            "id": "16097121",
            "name": "Protect Against Force Pushes and Deletion",
            "node_id": "RRS_lACqUmVwb3NpdG9yec5Jcc3SzgD1n2E",
            "repository": "sindri-ts",
            "rules": [
              {
                "branch_name_pattern": [],
                "commit_author_email_pattern": [],
                "commit_message_pattern": [],
                "committer_email_pattern": [],
                "copilot_code_review": [],
                "creation": false,
                "deletion": true,
                "file_extension_restriction": [],
                "file_path_restriction": [],
                "max_file_path_length": [],
                "max_file_size": [],
                "merge_queue": [],
                "non_fast_forward": true,
                "pull_request": [],
                "required_code_scanning": [],
                "required_deployments": [],
                "required_linear_history": false,
                "required_signatures": false,
                "required_status_checks": [],
                "tag_name_pattern": [],
                "update": false,
                "update_allows_fetch_and_merge": false
              }
            ],
            "ruleset_id": 16097121,
            "target": "branch"
          },
          "sensitive_attributes": [],
          "private": "eyJzY2hlbWFfdmVyc2lvbiI6IjEifQ==",
          "dependencies": [
            "module.repo.github_repository.this"
          ]
        }
      ]
    },
    {
      "module": "module.repo[\"sindri-ts\"]",
      "mode": "managed",
      "type": "github_repository_ruleset",
      "name": "protect_master",
      "provider": "provider[\"registry.opentofu.org/integrations/github\"]",
      "instances": [
        {
          "schema_version": 1,
          "attributes": {
            "bypass_actors": [],
            "conditions": [
              {
                "ref_name": [
                  {
                    "exclude": [],
                    "include": [
                      "refs/heads/master"
                    ]
                  }
                ]
              }
            ],
            "enforcement": "active",
            "etag": "W/\"23f67e804733e4ad961f8bd7df7f141eb32ad8f193524bc468d3015a172d2089\"",
            "id": "16097123",
            "name": "Protect Master At All Times",
            "node_id": "RRS_lACqUmVwb3NpdG9yec5Jcc3SzgD1n2M",
            "repository": "sindri-ts",
            "rules": [
              {
                "branch_name_pattern": [],
                "commit_author_email_pattern": [],
                "commit_message_pattern": [],
                "committer_email_pattern": [],
                "copilot_code_review": [],
                "creation": false,
                "deletion": true,
                "file_extension_restriction": [],
                "file_path_restriction": [],
                "max_file_path_length": [],
                "max_file_size": [],
                "merge_queue": [],
                "non_fast_forward": true,
                "pull_request": [],
                "required_code_scanning": [],
                "required_deployments": [],
                "required_linear_history": false,
                "required_signatures": false,
                "required_status_checks": [],
                "tag_name_pattern": [],
                "update": false,
                "update_allows_fetch_and_merge": false
              }
            ],
            "ruleset_id": 16097123,
            "target": "branch"
          },
          "sensitive_attributes": [],
          "private": "eyJzY2hlbWFfdmVyc2lvbiI6IjEifQ==",
          "dependencies": [
            "module.repo.github_repository.this"
          ]
        }
      ]
    },
    {
      "module": "module.repo[\"sindri-ts\"]",
      "mode": "managed",
      "type": "github_repository_ruleset",
      "name": "protect_release_tags",
      "provider": "provider[\"registry.opentofu.org/integrations/github\"]",
      "instances": [
        {
          "schema_version": 1,
          "attributes": {
            "bypass_actors": [
              {
                "actor_id": 0,
                "actor_type": "OrganizationAdmin",
                "bypass_mode": "always"
              }
            ],
            "conditions": [
              {
                "ref_name": [
                  {
                    "exclude": [],
                    "include": [
                      "refs/tags/*.*.*"
                    ]
                  }
                ]
              }
            ],
            "enforcement": "active",
            "etag": "W/\"c16d1ede9794c318d84871e78712a8705b596ed5869159960db0958253550767\"",
            "id": "16097124",
            "name": "Protect Release Tags",
            "node_id": "RRS_lACqUmVwb3NpdG9yec5Jcc3SzgD1n2Q",
            "repository": "sindri-ts",
            "rules": [
              {
                "branch_name_pattern": [],
                "commit_author_email_pattern": [],
                "commit_message_pattern": [],
                "committer_email_pattern": [],
                "copilot_code_review": [],
                "creation": false,
                "deletion": true,
                "file_extension_restriction": [],
                "file_path_restriction": [],
                "max_file_path_length": [],
                "max_file_size": [],
                "merge_queue": [],
                "non_fast_forward": true,
                "pull_request": [],
                "required_code_scanning": [],
                "required_deployments": [],
                "required_linear_history": false,
                "required_signatures": false,
                "required_status_checks": [],
                "tag_name_pattern": [],
                "update": false,
                "update_allows_fetch_and_merge": false
              }
            ],
            "ruleset_id": 16097124,
            "target": "tag"
          },
          "sensitive_attributes": [],
          "private": "eyJzY2hlbWFfdmVyc2lvbiI6IjEifQ==",
          "dependencies": [
            "module.repo.github_repository.this"
          ]
        }
      ]
    },
    {
      "module": "module.repo[\"sindri-ts\"]",
      "mode": "managed",
      "type": "github_repository_ruleset",
      "name": "require_pull_request",
      "provider": "provider[\"registry.opentofu.org/integrations/github\"]",
      "instances": [
        {
          "schema_version": 1,
          "attributes": {
            "bypass_actors": [
              {
                "actor_id": 0,
                "actor_type": "OrganizationAdmin",
                "bypass_mode": "always"
              },
              {
                "actor_id": 2462900,
                "actor_type": "Integration",
                "bypass_mode": "always"
              }
            ],
            "conditions": [
              {
                "ref_name": [
                  {
                    "exclude": [],
                    "include": [
                      "~DEFAULT_BRANCH",
                      "refs/heads/??.x",
                      "refs/heads/master"
                    ]
                  }
                ]
              }
            ],
            "enforcement": "active",
            "etag": "W/\"25422315a4e9a5332f56f7fcc96a44d394130c8bef829a998945f53c12054ee4\"",
            "id": "16097125",
            "name": "Require Pull Request",
            "node_id": "RRS_lACqUmVwb3NpdG9yec5Jcc3SzgD1n2U",
            "repository": "sindri-ts",
            "rules": [
              {
                "branch_name_pattern": [],
                "commit_author_email_pattern": [],
                "commit_message_pattern": [],
                "committer_email_pattern": [],
                "copilot_code_review": [],
                "creation": false,
                "deletion": false,
                "file_extension_restriction": [],
                "file_path_restriction": [],
                "max_file_path_length": [],
                "max_file_size": [],
                "merge_queue": [],
                "non_fast_forward": false,
                "pull_request": [
                  {
                    "allowed_merge_methods": [
                      "squash"
                    ],
                    "dismiss_stale_reviews_on_push": false,
                    "require_code_owner_review": true,
                    "require_last_push_approval": false,
                    "required_approving_review_count": 0,
                    "required_review_thread_resolution": false,
                    "required_reviewers": []
                  }
                ],
                "required_code_scanning": [],
                "required_deployments": [],
                "required_linear_history": false,
                "required_signatures": false,
                "required_status_checks": [],
                "tag_name_pattern": [],
                "update": false,
                "update_allows_fetch_and_merge": false
              }
            ],
            "ruleset_id": 16097125,
            "target": "branch"
          },
          "sensitive_attributes": [],
          "private": "eyJzY2hlbWFfdmVyc2lvbiI6IjEifQ==",
          "dependencies": [
            "github_team.approvers",
            "module.repo.github_repository.this"
          ]
        }
      ]
    },
    {
      "module": "module.repo[\"sindri-ts\"]",
      "mode": "managed",
      "type": "github_repository_ruleset",
      "name": "required_default_checks",
      "provider": "provider[\"registry.opentofu.org/integrations/github\"]",
      "instances": [
        {
          "schema_version": 1,
          "attributes": {
            "bypass_actors": [
              {
                "actor_id": 0,
                "actor_type": "OrganizationAdmin",
                "bypass_mode": "always"
              },
              {
                "actor_id": 2462900,
                "actor_type": "Integration",
                "bypass_mode": "always"
              }
            ],
            "conditions": [
              {
                "ref_name": [
                  {
                    "exclude": [],
                    "include": [
                      "~DEFAULT_BRANCH",
                      "refs/heads/??.x"
                    ]
                  }
                ]
              }
            ],
            "enforcement": "active",
            "etag": "W/\"f7d05449271f2261e7536ddd83f4ba5a9d56497fff9818eb7530c4e574b99e9f\"",
            "id": "16097127",
            "name": "Required Default PR Checks",
            "node_id": "RRS_lACqUmVwb3NpdG9yec5Jcc3SzgD1n2c",
            "repository": "sindri-ts",
            "rules": [
              {
                "branch_name_pattern": [],
                "commit_author_email_pattern": [],
                "commit_message_pattern": [],
                "committer_email_pattern": [],
                "copilot_code_review": [],
                "creation": false,
                "deletion": false,
                "file_extension_restriction": [],
                "file_path_restriction": [],
                "max_file_path_length": [],
                "max_file_size": [],
                "merge_queue": [],
                "non_fast_forward": false,
                "pull_request": [],
                "required_code_scanning": [],
                "required_deployments": [],
                "required_linear_history": false,
                "required_signatures": false,
                "required_status_checks": [
                  {
                    "do_not_enforce_on_create": false,
                    "required_check": [
                      {
                        "context": "Commit Message Check / Check Commit Message",
                        "integration_id": 15368
                      },
                      {
                        "context": "Copyright Header Check / Check Copyright Header",
                        "integration_id": 15368
                      },
                      {
                        "context": "Markdown Check / Check Markdown",
                        "integration_id": 15368
                      },
                      {
                        "context": "Trailing Newline Check / Check Trailing Newline",
                        "integration_id": 15368
                      }
                    ],
                    "strict_required_status_checks_policy": false
                  }
                ],
                "tag_name_pattern": [],
                "update": false,
                "update_allows_fetch_and_merge": false
              }
            ],
            "ruleset_id": 16097127,
            "target": "branch"
          },
          "sensitive_attributes": [],
          "private": "eyJzY2hlbWFfdmVyc2lvbiI6IjEifQ==",
          "dependencies": [
            "module.repo.github_repository.this"
          ]
        }
      ]
    },
    {
      "module": "module.repo[\"sindri-ts\"]",
      "mode": "managed",
      "type": "github_repository_ruleset",
      "name": "required_language_checks",
      "provider": "provider[\"registry.opentofu.org/integrations/github\"]",
      "instances": [
        {
          "index_key": 0,
          "schema_version": 1,
          "attributes": {
            "bypass_actors": [
              {
                "actor_id": 0,
                "actor_type": "OrganizationAdmin",
                "bypass_mode": "always"
              },
              {
                "actor_id": 2462900,
                "actor_type": "Integration",
                "bypass_mode": "always"
              }
            ],
            "conditions": [
              {
                "ref_name": [
                  {
                    "exclude": [],
                    "include": [
                      "~DEFAULT_BRANCH",
                      "refs/heads/??.x"
                    ]
                  }
                ]
              }
            ],
            "enforcement": "active",
            "etag": "W/\"e0b3875d9f39c24d29002f2bdf04f1e038d7d90f3c1fba4d83b63b1656086975\"",
            "id": "16538936",
            "name": "Required TypeScript PR Checks",
            "node_id": "RRS_lACqUmVwb3NpdG9yec5Jcc3SzgD8XTg",
            "repository": "sindri-ts",
            "rules": [
              {
                "branch_name_pattern": [],
                "commit_author_email_pattern": [],
                "commit_message_pattern": [],
                "committer_email_pattern": [],
                "copilot_code_review": [],
                "creation": false,
                "deletion": false,
                "file_extension_restriction": [],
                "file_path_restriction": [],
                "max_file_path_length": [],
                "max_file_size": [],
                "merge_queue": [],
                "non_fast_forward": false,
                "pull_request": [],
                "required_code_scanning": [],
                "required_deployments": [],
                "required_linear_history": false,
                "required_signatures": false,
                "required_status_checks": [
                  {
                    "do_not_enforce_on_create": false,
                    "required_check": [
                      {
                        "context": "Tools / ESLint / ESLint",
                        "integration_id": 15368
                      },
                      {
                        "context": "Tools / Prettier / Prettier",
                        "integration_id": 15368
                      },
                      {
                        "context": "Tools / TypeScript / TypeScript",
                        "integration_id": 15368
                      },
                      {
                        "context": "Tools / Vitest / Vitest",
                        "integration_id": 15368
                      }
                    ],
                    "strict_required_status_checks_policy": false
                  }
                ],
                "tag_name_pattern": [],
                "update": false,
                "update_allows_fetch_and_merge": false
              }
            ],
            "ruleset_id": 16538936,
            "target": "branch"
          },
          "sensitive_attributes": [],
          "private": "eyJzY2hlbWFfdmVyc2lvbiI6IjEifQ==",
          "dependencies": [
            "module.repo.github_repository.this"
          ]
        }
      ]
    },
    {
      "module": "module.repo[\"sindri-ts\"]",
      "mode": "managed",
      "type": "github_repository_ruleset",
      "name": "restrict_unsupported_branches",
      "provider": "provider[\"registry.opentofu.org/integrations/github\"]",
      "instances": [
        {
          "schema_version": 1,
          "attributes": {
            "bypass_actors": [
              {
                "actor_id": 2462900,
                "actor_type": "Integration",
                "bypass_mode": "always"
              }
            ],
            "conditions": [
              {
                "ref_name": [
                  {
                    "exclude": [],
                    "include": [
                      "refs/heads/??.x-backup",
                      "refs/heads/master-backup"
                    ]
                  }
                ]
              }
            ],
            "enforcement": "active",
            "etag": "W/\"b877aa15ada47841e6bb7062cf6de25773072e0652b5cf1d4f06aaa72ff91094\"",
            "id": "16097129",
            "name": "Restrict Changes to Unsupported Branches",
            "node_id": "RRS_lACqUmVwb3NpdG9yec5Jcc3SzgD1n2k",
            "repository": "sindri-ts",
            "rules": [
              {
                "branch_name_pattern": [],
                "commit_author_email_pattern": [],
                "commit_message_pattern": [],
                "committer_email_pattern": [],
                "copilot_code_review": [],
                "creation": true,
                "deletion": true,
                "file_extension_restriction": [],
                "file_path_restriction": [],
                "max_file_path_length": [],
                "max_file_size": [],
                "merge_queue": [],
                "non_fast_forward": true,
                "pull_request": [],
                "required_code_scanning": [],
                "required_deployments": [],
                "required_linear_history": false,
                "required_signatures": false,
                "required_status_checks": [],
                "tag_name_pattern": [],
                "update": true,
                "update_allows_fetch_and_merge": false
              }
            ],
            "ruleset_id": 16097129,
            "target": "branch"
          },
          "sensitive_attributes": [],
          "private": "eyJzY2hlbWFfdmVyc2lvbiI6IjEifQ==",
          "dependencies": [
            "module.repo.github_repository.this"
          ]
        }
      ]
    },
    {
      "module": "module.repo[\"sindri-ts\"]",
      "mode": "managed",
      "type": "github_repository_vulnerability_alerts",
      "name": "this",
      "provider": "provider[\"registry.opentofu.org/integrations/github\"]",
      "instances": [
        {
          "schema_version": 0,
          "attributes": {
            "enabled": true,
            "id": "1232195026",
            "repository": "sindri-ts",
            "repository_id": 1232195026
          },
          "sensitive_attributes": [],
          "private": "eyJzY2hlbWFfdmVyc2lvbiI6IjAifQ==",
          "dependencies": [
            "module.repo.github_repository.this"
          ]
        }
      ]
    },
    {
      "module": "module.repo[\"sindri-ts\"]",
      "mode": "managed",
      "type": "github_team_repository",
      "name": "approvers",
      "provider": "provider[\"registry.opentofu.org/integrations/github\"]",
      "instances": [
        {
          "index_key": 0,
          "schema_version": 0,
          "attributes": {
            "etag": "W/\"b7a5eb4117b8e98e516963bca3df200ead78871e4d58131bb3d54dbe36071e14\"",
            "id": "18867552:sindri-ts",
            "permission": "push",
            "repository": "sindri-ts",
            "team_id": "approvers"
          },
          "sensitive_attributes": [],
          "private": "bnVsbA==",
          "dependencies": [
            "module.repo.github_repository.this"
          ]
        }
      ]
    },
    {
      "module": "module.repo[\"valkyrja-benchmarking-php\"]",
      "mode": "managed",
      "type": "github_issue_label",
      "name": "claude_review",
      "provider": "provider[\"registry.opentofu.org/integrations/github\"]",
      "instances": [
        {
          "schema_version": 0,
          "attributes": {
            "color": "5319e7",
            "description": "Ask Claude to review this pull request",
            "etag": "W/\"b81fcdc14f67001f125735066654a388bf924fadc6f8b057d09c083beab8aaec\"",
            "id": "valkyrja-benchmarking-php:claude-review",
            "name": "claude-review",
            "repository": "valkyrja-benchmarking-php",
            "url": "https://api.github.com/repos/valkyrjaio/valkyrja-benchmarking-php/labels/claude-review"
          },
          "sensitive_attributes": [],
          "private": "eyJzY2hlbWFfdmVyc2lvbiI6IjAifQ==",
          "dependencies": [
            "module.repo.github_repository.this"
          ]
        }
      ]
    },
    {
      "module": "module.repo[\"valkyrja-benchmarking-php\"]",
      "mode": "managed",
      "type": "github_repository",
      "name": "this",
      "provider": "provider[\"registry.opentofu.org/integrations/github\"]",
      "instances": [
        {
          "schema_version": 1,
          "attributes": {
            "allow_auto_merge": false,
            "allow_forking": true,
            "allow_merge_commit": false,
            "allow_rebase_merge": false,
            "allow_squash_merge": true,
            "allow_update_branch": false,
            "archive_on_destroy": null,
            "archived": false,
            "auto_init": false,
            "default_branch": "master",
            "delete_branch_on_merge": true,
            "description": "Framework Benchmarking",
            "etag": "W/\"3b10cf0732f1ced08bb1d9b341e9ad0ef33d1c5d8671c4c3f4d71ed80725bdcf\"",
            "fork": "false",
            "full_name": "valkyrjaio/valkyrja-benchmarking-php",
            "git_clone_url": "git://github.com/valkyrjaio/valkyrja-benchmarking-php.git",
            "gitignore_template": null,
            "has_discussions": false,
            "has_downloads": false,
            "has_issues": true,
            "has_projects": false,
            "has_wiki": false,
            "homepage_url": "",
            "html_url": "https://github.com/valkyrjaio/valkyrja-benchmarking-php",
            "http_clone_url": "https://github.com/valkyrjaio/valkyrja-benchmarking-php.git",
            "id": "valkyrja-benchmarking-php",
            "ignore_vulnerability_alerts_during_read": null,
            "is_template": false,
            "license_template": null,
            "merge_commit_message": "PR_TITLE",
            "merge_commit_title": "MERGE_MESSAGE",
            "name": "valkyrja-benchmarking-php",
            "node_id": "MDEwOlJlcG9zaXRvcnk5MTE5ODkwOQ==",
            "pages": [],
            "primary_language": "Shell",
            "private": false,
            "repo_id": 91198909,
            "security_and_analysis": [
              {
                "advanced_security": [],
                "code_security": [],
                "secret_scanning": [
                  {
                    "status": "disabled"
                  }
                ],
                "secret_scanning_ai_detection": [],
                "secret_scanning_non_provider_patterns": [],
                "secret_scanning_push_protection": [
                  {
                    "status": "disabled"
                  }
                ]
              }
            ],
            "source_owner": "",
            "source_repo": "",
            "squash_merge_commit_message": "PR_BODY",
            "squash_merge_commit_title": "PR_TITLE",
            "ssh_clone_url": "git@github.com:valkyrjaio/valkyrja-benchmarking-php.git",
            "svn_url": "https://github.com/valkyrjaio/valkyrja-benchmarking-php",
            "template": [],
            "topics": [],
            "visibility": "public",
            "vulnerability_alerts": true,
            "web_commit_signoff_required": false
          },
          "sensitive_attributes": [],
          "private": "eyJzY2hlbWFfdmVyc2lvbiI6IjEifQ=="
        }
      ]
    },
    {
      "module": "module.repo[\"valkyrja-benchmarking-php\"]",
      "mode": "managed",
      "type": "github_repository_ruleset",
      "name": "force_push_protection",
      "provider": "provider[\"registry.opentofu.org/integrations/github\"]",
      "instances": [
        {
          "schema_version": 1,
          "attributes": {
            "bypass_actors": [
              {
                "actor_id": 0,
                "actor_type": "OrganizationAdmin",
                "bypass_mode": "always"
              }
            ],
            "conditions": [
              {
                "ref_name": [
                  {
                    "exclude": [],
                    "include": [
                      "refs/heads/??.x"
                    ]
                  }
                ]
              }
            ],
            "enforcement": "active",
            "etag": "W/\"de04e9682af73f680b87d0556a2077c8f7a1eb59e3e6346aa21e305a114902bb\"",
            "id": "15195252",
            "name": "Protect Against Force Pushes and Deletion",
            "node_id": "RRS_lACqUmVwb3NpdG9yec4Fb5W9zgDn3HQ",
            "repository": "valkyrja-benchmarking-php",
            "rules": [
              {
                "branch_name_pattern": [],
                "commit_author_email_pattern": [],
                "commit_message_pattern": [],
                "committer_email_pattern": [],
                "copilot_code_review": [],
                "creation": false,
                "deletion": true,
                "file_extension_restriction": [],
                "file_path_restriction": [],
                "max_file_path_length": [],
                "max_file_size": [],
                "merge_queue": [],
                "non_fast_forward": true,
                "pull_request": [],
                "required_code_scanning": [],
                "required_deployments": [],
                "required_linear_history": false,
                "required_signatures": false,
                "required_status_checks": [],
                "tag_name_pattern": [],
                "update": false,
                "update_allows_fetch_and_merge": false
              }
            ],
            "ruleset_id": 15195252,
            "target": "branch"
          },
          "sensitive_attributes": [],
          "private": "eyJzY2hlbWFfdmVyc2lvbiI6IjEifQ==",
          "dependencies": [
            "module.repo.github_repository.this"
          ]
        }
      ]
    },
    {
      "module": "module.repo[\"valkyrja-benchmarking-php\"]",
      "mode": "managed",
      "type": "github_repository_ruleset",
      "name": "protect_master",
      "provider": "provider[\"registry.opentofu.org/integrations/github\"]",
      "instances": [
        {
          "schema_version": 1,
          "attributes": {
            "bypass_actors": [],
            "conditions": [
              {
                "ref_name": [
                  {
                    "exclude": [],
                    "include": [
                      "refs/heads/master"
                    ]
                  }
                ]
              }
            ],
            "enforcement": "active",
            "etag": "W/\"77712b0cce70957ebac5779c58aadb785750f974cc5e84db4c616a0b95dcf253\"",
            "id": "15195253",
            "name": "Protect Master At All Times",
            "node_id": "RRS_lACqUmVwb3NpdG9yec4Fb5W9zgDn3HU",
            "repository": "valkyrja-benchmarking-php",
            "rules": [
              {
                "branch_name_pattern": [],
                "commit_author_email_pattern": [],
                "commit_message_pattern": [],
                "committer_email_pattern": [],
                "copilot_code_review": [],
                "creation": false,
                "deletion": true,
                "file_extension_restriction": [],
                "file_path_restriction": [],
                "max_file_path_length": [],
                "max_file_size": [],
                "merge_queue": [],
                "non_fast_forward": true,
                "pull_request": [],
                "required_code_scanning": [],
                "required_deployments": [],
                "required_linear_history": false,
                "required_signatures": false,
                "required_status_checks": [],
                "tag_name_pattern": [],
                "update": false,
                "update_allows_fetch_and_merge": false
              }
            ],
            "ruleset_id": 15195253,
            "target": "branch"
          },
          "sensitive_attributes": [],
          "private": "eyJzY2hlbWFfdmVyc2lvbiI6IjEifQ==",
          "dependencies": [
            "module.repo.github_repository.this"
          ]
        }
      ]
    },
    {
      "module": "module.repo[\"valkyrja-benchmarking-php\"]",
      "mode": "managed",
      "type": "github_repository_ruleset",
      "name": "protect_release_tags",
      "provider": "provider[\"registry.opentofu.org/integrations/github\"]",
      "instances": [
        {
          "schema_version": 1,
          "attributes": {
            "bypass_actors": [
              {
                "actor_id": 0,
                "actor_type": "OrganizationAdmin",
                "bypass_mode": "always"
              }
            ],
            "conditions": [
              {
                "ref_name": [
                  {
                    "exclude": [],
                    "include": [
                      "refs/tags/*.*.*"
                    ]
                  }
                ]
              }
            ],
            "enforcement": "active",
            "etag": "W/\"c5497995c2a361dca1a957dab5b1f4649cb333afe4e17e760d5662af5d9924a9\"",
            "id": "15200891",
            "name": "Protect Release Tags",
            "node_id": "RRS_lACqUmVwb3NpdG9yec4Fb5W9zgDn8ns",
            "repository": "valkyrja-benchmarking-php",
            "rules": [
              {
                "branch_name_pattern": [],
                "commit_author_email_pattern": [],
                "commit_message_pattern": [],
                "committer_email_pattern": [],
                "copilot_code_review": [],
                "creation": false,
                "deletion": true,
                "file_extension_restriction": [],
                "file_path_restriction": [],
                "max_file_path_length": [],
                "max_file_size": [],
                "merge_queue": [],
                "non_fast_forward": true,
                "pull_request": [],
                "required_code_scanning": [],
                "required_deployments": [],
                "required_linear_history": false,
                "required_signatures": false,
                "required_status_checks": [],
                "tag_name_pattern": [],
                "update": false,
                "update_allows_fetch_and_merge": false
              }
            ],
            "ruleset_id": 15200891,
            "target": "tag"
          },
          "sensitive_attributes": [],
          "private": "eyJzY2hlbWFfdmVyc2lvbiI6IjEifQ==",
          "dependencies": [
            "module.repo.github_repository.this"
          ]
        }
      ]
    },
    {
      "module": "module.repo[\"valkyrja-benchmarking-php\"]",
      "mode": "managed",
      "type": "github_repository_ruleset",
      "name": "require_pull_request",
      "provider": "provider[\"registry.opentofu.org/integrations/github\"]",
      "instances": [
        {
          "schema_version": 1,
          "attributes": {
            "bypass_actors": [
              {
                "actor_id": 0,
                "actor_type": "OrganizationAdmin",
                "bypass_mode": "always"
              },
              {
                "actor_id": 2462900,
                "actor_type": "Integration",
                "bypass_mode": "always"
              }
            ],
            "conditions": [
              {
                "ref_name": [
                  {
                    "exclude": [],
                    "include": [
                      "~DEFAULT_BRANCH",
                      "refs/heads/??.x",
                      "refs/heads/master"
                    ]
                  }
                ]
              }
            ],
            "enforcement": "active",
            "etag": "W/\"4606ec63c44f1063ab88aedb01cec93893d7669e642c0eefaa53e17d457710f5\"",
            "id": "15195254",
            "name": "Require Pull Request",
            "node_id": "RRS_lACqUmVwb3NpdG9yec4Fb5W9zgDn3HY",
            "repository": "valkyrja-benchmarking-php",
            "rules": [
              {
                "branch_name_pattern": [],
                "commit_author_email_pattern": [],
                "commit_message_pattern": [],
                "committer_email_pattern": [],
                "copilot_code_review": [],
                "creation": false,
                "deletion": false,
                "file_extension_restriction": [],
                "file_path_restriction": [],
                "max_file_path_length": [],
                "max_file_size": [],
                "merge_queue": [],
                "non_fast_forward": false,
                "pull_request": [
                  {
                    "allowed_merge_methods": [
                      "squash"
                    ],
                    "dismiss_stale_reviews_on_push": false,
                    "require_code_owner_review": true,
                    "require_last_push_approval": false,
                    "required_approving_review_count": 0,
                    "required_review_thread_resolution": false,
                    "required_reviewers": []
                  }
                ],
                "required_code_scanning": [],
                "required_deployments": [],
                "required_linear_history": false,
                "required_signatures": false,
                "required_status_checks": [],
                "tag_name_pattern": [],
                "update": false,
                "update_allows_fetch_and_merge": false
              }
            ],
            "ruleset_id": 15195254,
            "target": "branch"
          },
          "sensitive_attributes": [],
          "private": "eyJzY2hlbWFfdmVyc2lvbiI6IjEifQ==",
          "dependencies": [
            "github_team.approvers",
            "module.repo.github_repository.this"
          ]
        }
      ]
    },
    {
      "module": "module.repo[\"valkyrja-benchmarking-php\"]",
      "mode": "managed",
      "type": "github_repository_ruleset",
      "name": "required_default_checks",
      "provider": "provider[\"registry.opentofu.org/integrations/github\"]",
      "instances": [
        {
          "schema_version": 1,
          "attributes": {
            "bypass_actors": [
              {
                "actor_id": 0,
                "actor_type": "OrganizationAdmin",
                "bypass_mode": "always"
              },
              {
                "actor_id": 2462900,
                "actor_type": "Integration",
                "bypass_mode": "always"
              }
            ],
            "conditions": [
              {
                "ref_name": [
                  {
                    "exclude": [],
                    "include": [
                      "~DEFAULT_BRANCH",
                      "refs/heads/??.x"
                    ]
                  }
                ]
              }
            ],
            "enforcement": "active",
            "etag": "W/\"9450098b3cd756bffbca6a00224de77a08ca2029a18aee799aa27cecab431763\"",
            "id": "15273967",
            "name": "Required Default PR Checks",
            "node_id": "RRS_lACqUmVwb3NpdG9yec4Fb5W9zgDpD-8",
            "repository": "valkyrja-benchmarking-php",
            "rules": [
              {
                "branch_name_pattern": [],
                "commit_author_email_pattern": [],
                "commit_message_pattern": [],
                "committer_email_pattern": [],
                "copilot_code_review": [],
                "creation": false,
                "deletion": false,
                "file_extension_restriction": [],
                "file_path_restriction": [],
                "max_file_path_length": [],
                "max_file_size": [],
                "merge_queue": [],
                "non_fast_forward": false,
                "pull_request": [],
                "required_code_scanning": [],
                "required_deployments": [],
                "required_linear_history": false,
                "required_signatures": false,
                "required_status_checks": [
                  {
                    "do_not_enforce_on_create": false,
                    "required_check": [
                      {
                        "context": "Commit Message Check / Check Commit Message",
                        "integration_id": 15368
                      },
                      {
                        "context": "Copyright Header Check / Check Copyright Header",
                        "integration_id": 15368
                      },
                      {
                        "context": "Markdown Check / Check Markdown",
                        "integration_id": 15368
                      },
                      {
                        "context": "Trailing Newline Check / Check Trailing Newline",
                        "integration_id": 15368
                      }
                    ],
                    "strict_required_status_checks_policy": false
                  }
                ],
                "tag_name_pattern": [],
                "update": false,
                "update_allows_fetch_and_merge": false
              }
            ],
            "ruleset_id": 15273967,
            "target": "branch"
          },
          "sensitive_attributes": [],
          "private": "eyJzY2hlbWFfdmVyc2lvbiI6IjEifQ==",
          "dependencies": [
            "module.repo.github_repository.this"
          ]
        }
      ]
    },
    {
      "module": "module.repo[\"valkyrja-benchmarking-php\"]",
      "mode": "managed",
      "type": "github_repository_ruleset",
      "name": "restrict_unsupported_branches",
      "provider": "provider[\"registry.opentofu.org/integrations/github\"]",
      "instances": [
        {
          "schema_version": 1,
          "attributes": {
            "bypass_actors": [
              {
                "actor_id": 2462900,
                "actor_type": "Integration",
                "bypass_mode": "always"
              }
            ],
            "conditions": [
              {
                "ref_name": [
                  {
                    "exclude": [],
                    "include": [
                      "refs/heads/??.x-backup",
                      "refs/heads/master-backup"
                    ]
                  }
                ]
              }
            ],
            "enforcement": "active",
            "etag": "W/\"837346d1e35b897552810de8f6492254aa1e76ac02135da302873b0e70f2e0a0\"",
            "id": "15195255",
            "name": "Restrict Changes to Unsupported Branches",
            "node_id": "RRS_lACqUmVwb3NpdG9yec4Fb5W9zgDn3Hc",
            "repository": "valkyrja-benchmarking-php",
            "rules": [
              {
                "branch_name_pattern": [],
                "commit_author_email_pattern": [],
                "commit_message_pattern": [],
                "committer_email_pattern": [],
                "copilot_code_review": [],
                "creation": true,
                "deletion": true,
                "file_extension_restriction": [],
                "file_path_restriction": [],
                "max_file_path_length": [],
                "max_file_size": [],
                "merge_queue": [],
                "non_fast_forward": true,
                "pull_request": [],
                "required_code_scanning": [],
                "required_deployments": [],
                "required_linear_history": false,
                "required_signatures": false,
                "required_status_checks": [],
                "tag_name_pattern": [],
                "update": true,
                "update_allows_fetch_and_merge": false
              }
            ],
            "ruleset_id": 15195255,
            "target": "branch"
          },
          "sensitive_attributes": [],
          "private": "eyJzY2hlbWFfdmVyc2lvbiI6IjEifQ==",
          "dependencies": [
            "module.repo.github_repository.this"
          ]
        }
      ]
    },
    {
      "module": "module.repo[\"valkyrja-benchmarking-php\"]",
      "mode": "managed",
      "type": "github_repository_vulnerability_alerts",
      "name": "this",
      "provider": "provider[\"registry.opentofu.org/integrations/github\"]",
      "instances": [
        {
          "schema_version": 0,
          "attributes": {
            "enabled": true,
            "id": "91198909",
            "repository": "valkyrja-benchmarking-php",
            "repository_id": 91198909
          },
          "sensitive_attributes": [],
          "private": "eyJzY2hlbWFfdmVyc2lvbiI6IjAifQ==",
          "dependencies": [
            "module.repo.github_repository.this"
          ]
        }
      ]
    },
    {
      "module": "module.repo[\"valkyrja-benchmarking-php\"]",
      "mode": "managed",
      "type": "github_team_repository",
      "name": "approvers",
      "provider": "provider[\"registry.opentofu.org/integrations/github\"]",
      "instances": [
        {
          "index_key": 0,
          "schema_version": 0,
          "attributes": {
            "etag": "W/\"40b4f7d540b561c778bcae3275a348a7919b7f37e7131952d454821c49f29ff2\"",
            "id": "18867552:valkyrja-benchmarking-php",
            "permission": "push",
            "repository": "valkyrja-benchmarking-php",
            "team_id": "approvers"
          },
          "sensitive_attributes": [],
          "private": "bnVsbA==",
          "dependencies": [
            "module.repo.github_repository.this"
          ]
        }
      ]
    },
    {
      "module": "module.repo[\"valkyrja-docker-php\"]",
      "mode": "managed",
      "type": "github_issue_label",
      "name": "claude_review",
      "provider": "provider[\"registry.opentofu.org/integrations/github\"]",
      "instances": [
        {
          "schema_version": 0,
          "attributes": {
            "color": "5319e7",
            "description": "Ask Claude to review this pull request",
            "etag": "W/\"41a365f015ab7d0b12244d10b23ad09e7326f67c549f335bb16fd36d3ca3ed2b\"",
            "id": "valkyrja-docker-php:claude-review",
            "name": "claude-review",
            "repository": "valkyrja-docker-php",
            "url": "https://api.github.com/repos/valkyrjaio/valkyrja-docker-php/labels/claude-review"
          },
          "sensitive_attributes": [],
          "private": "eyJzY2hlbWFfdmVyc2lvbiI6IjAifQ==",
          "dependencies": [
            "module.repo.github_repository.this"
          ]
        }
      ]
    },
    {
      "module": "module.repo[\"valkyrja-docker-php\"]",
      "mode": "managed",
      "type": "github_repository",
      "name": "this",
      "provider": "provider[\"registry.opentofu.org/integrations/github\"]",
      "instances": [
        {
          "schema_version": 1,
          "attributes": {
            "allow_auto_merge": false,
            "allow_forking": true,
            "allow_merge_commit": false,
            "allow_rebase_merge": false,
            "allow_squash_merge": true,
            "allow_update_branch": false,
            "archive_on_destroy": null,
            "archived": false,
            "auto_init": false,
            "default_branch": "master",
            "delete_branch_on_merge": true,
            "description": "A docker container to run The Valkyrja PHP Application",
            "etag": "W/\"af423ce7fc6752743942a3dfa6d5020287970bd6af2bd7f6e6fdfb00fbbba80e\"",
            "fork": "false",
            "full_name": "valkyrjaio/valkyrja-docker-php",
            "git_clone_url": "git://github.com/valkyrjaio/valkyrja-docker-php.git",
            "gitignore_template": null,
            "has_discussions": false,
            "has_downloads": false,
            "has_issues": true,
            "has_projects": false,
            "has_wiki": false,
            "homepage_url": "",
            "html_url": "https://github.com/valkyrjaio/valkyrja-docker-php",
            "http_clone_url": "https://github.com/valkyrjaio/valkyrja-docker-php.git",
            "id": "valkyrja-docker-php",
            "ignore_vulnerability_alerts_during_read": null,
            "is_template": false,
            "license_template": null,
            "merge_commit_message": "PR_TITLE",
            "merge_commit_title": "MERGE_MESSAGE",
            "name": "valkyrja-docker-php",
            "node_id": "MDEwOlJlcG9zaXRvcnk4OTA4OTQ1MQ==",
            "pages": [],
            "primary_language": "Dockerfile",
            "private": false,
            "repo_id": 89089451,
            "security_and_analysis": [
              {
                "advanced_security": [],
                "code_security": [],
                "secret_scanning": [
                  {
                    "status": "disabled"
                  }
                ],
                "secret_scanning_ai_detection": [],
                "secret_scanning_non_provider_patterns": [],
                "secret_scanning_push_protection": [
                  {
                    "status": "disabled"
                  }
                ]
              }
            ],
            "source_owner": "",
            "source_repo": "",
            "squash_merge_commit_message": "PR_BODY",
            "squash_merge_commit_title": "PR_TITLE",
            "ssh_clone_url": "git@github.com:valkyrjaio/valkyrja-docker-php.git",
            "svn_url": "https://github.com/valkyrjaio/valkyrja-docker-php",
            "template": [],
            "topics": [],
            "visibility": "public",
            "vulnerability_alerts": true,
            "web_commit_signoff_required": false
          },
          "sensitive_attributes": [],
          "private": "eyJzY2hlbWFfdmVyc2lvbiI6IjEifQ=="
        }
      ]
    },
    {
      "module": "module.repo[\"valkyrja-docker-php\"]",
      "mode": "managed",
      "type": "github_repository_ruleset",
      "name": "force_push_protection",
      "provider": "provider[\"registry.opentofu.org/integrations/github\"]",
      "instances": [
        {
          "schema_version": 1,
          "attributes": {
            "bypass_actors": [
              {
                "actor_id": 0,
                "actor_type": "OrganizationAdmin",
                "bypass_mode": "always"
              }
            ],
            "conditions": [
              {
                "ref_name": [
                  {
                    "exclude": [],
                    "include": [
                      "refs/heads/??.x"
                    ]
                  }
                ]
              }
            ],
            "enforcement": "active",
            "etag": "W/\"def3050d93f6772068eaeeacc700dc789e287825d912bac9415e540405b42ed7\"",
            "id": "15195256",
            "name": "Protect Against Force Pushes and Deletion",
            "node_id": "RRS_lACqUmVwb3NpdG9yec4FT2WrzgDn3Hg",
            "repository": "valkyrja-docker-php",
            "rules": [
              {
                "branch_name_pattern": [],
                "commit_author_email_pattern": [],
                "commit_message_pattern": [],
                "committer_email_pattern": [],
                "copilot_code_review": [],
                "creation": false,
                "deletion": true,
                "file_extension_restriction": [],
                "file_path_restriction": [],
                "max_file_path_length": [],
                "max_file_size": [],
                "merge_queue": [],
                "non_fast_forward": true,
                "pull_request": [],
                "required_code_scanning": [],
                "required_deployments": [],
                "required_linear_history": false,
                "required_signatures": false,
                "required_status_checks": [],
                "tag_name_pattern": [],
                "update": false,
                "update_allows_fetch_and_merge": false
              }
            ],
            "ruleset_id": 15195256,
            "target": "branch"
          },
          "sensitive_attributes": [],
          "private": "eyJzY2hlbWFfdmVyc2lvbiI6IjEifQ==",
          "dependencies": [
            "module.repo.github_repository.this"
          ]
        }
      ]
    },
    {
      "module": "module.repo[\"valkyrja-docker-php\"]",
      "mode": "managed",
      "type": "github_repository_ruleset",
      "name": "protect_master",
      "provider": "provider[\"registry.opentofu.org/integrations/github\"]",
      "instances": [
        {
          "schema_version": 1,
          "attributes": {
            "bypass_actors": [],
            "conditions": [
              {
                "ref_name": [
                  {
                    "exclude": [],
                    "include": [
                      "refs/heads/master"
                    ]
                  }
                ]
              }
            ],
            "enforcement": "active",
            "etag": "W/\"2c6806e2a7d32d5927a7a804cddc6361461f2114ffef0d8e705ca6d127d27ee8\"",
            "id": "15195257",
            "name": "Protect Master At All Times",
            "node_id": "RRS_lACqUmVwb3NpdG9yec4FT2WrzgDn3Hk",
            "repository": "valkyrja-docker-php",
            "rules": [
              {
                "branch_name_pattern": [],
                "commit_author_email_pattern": [],
                "commit_message_pattern": [],
                "committer_email_pattern": [],
                "copilot_code_review": [],
                "creation": false,
                "deletion": true,
                "file_extension_restriction": [],
                "file_path_restriction": [],
                "max_file_path_length": [],
                "max_file_size": [],
                "merge_queue": [],
                "non_fast_forward": true,
                "pull_request": [],
                "required_code_scanning": [],
                "required_deployments": [],
                "required_linear_history": false,
                "required_signatures": false,
                "required_status_checks": [],
                "tag_name_pattern": [],
                "update": false,
                "update_allows_fetch_and_merge": false
              }
            ],
            "ruleset_id": 15195257,
            "target": "branch"
          },
          "sensitive_attributes": [],
          "private": "eyJzY2hlbWFfdmVyc2lvbiI6IjEifQ==",
          "dependencies": [
            "module.repo.github_repository.this"
          ]
        }
      ]
    },
    {
      "module": "module.repo[\"valkyrja-docker-php\"]",
      "mode": "managed",
      "type": "github_repository_ruleset",
      "name": "protect_release_tags",
      "provider": "provider[\"registry.opentofu.org/integrations/github\"]",
      "instances": [
        {
          "schema_version": 1,
          "attributes": {
            "bypass_actors": [
              {
                "actor_id": 0,
                "actor_type": "OrganizationAdmin",
                "bypass_mode": "always"
              }
            ],
            "conditions": [
              {
                "ref_name": [
                  {
                    "exclude": [],
                    "include": [
                      "refs/tags/*.*.*"
                    ]
                  }
                ]
              }
            ],
            "enforcement": "active",
            "etag": "W/\"5d469d3936942c3eb9b547ae5eb3a61c13aadd90343f1722c2f43000bfdcbec5\"",
            "id": "15200893",
            "name": "Protect Release Tags",
            "node_id": "RRS_lACqUmVwb3NpdG9yec4FT2WrzgDn8n0",
            "repository": "valkyrja-docker-php",
            "rules": [
              {
                "branch_name_pattern": [],
                "commit_author_email_pattern": [],
                "commit_message_pattern": [],
                "committer_email_pattern": [],
                "copilot_code_review": [],
                "creation": false,
                "deletion": true,
                "file_extension_restriction": [],
                "file_path_restriction": [],
                "max_file_path_length": [],
                "max_file_size": [],
                "merge_queue": [],
                "non_fast_forward": true,
                "pull_request": [],
                "required_code_scanning": [],
                "required_deployments": [],
                "required_linear_history": false,
                "required_signatures": false,
                "required_status_checks": [],
                "tag_name_pattern": [],
                "update": false,
                "update_allows_fetch_and_merge": false
              }
            ],
            "ruleset_id": 15200893,
            "target": "tag"
          },
          "sensitive_attributes": [],
          "private": "eyJzY2hlbWFfdmVyc2lvbiI6IjEifQ==",
          "dependencies": [
            "module.repo.github_repository.this"
          ]
        }
      ]
    },
    {
      "module": "module.repo[\"valkyrja-docker-php\"]",
      "mode": "managed",
      "type": "github_repository_ruleset",
      "name": "require_pull_request",
      "provider": "provider[\"registry.opentofu.org/integrations/github\"]",
      "instances": [
        {
          "schema_version": 1,
          "attributes": {
            "bypass_actors": [
              {
                "actor_id": 0,
                "actor_type": "OrganizationAdmin",
                "bypass_mode": "always"
              },
              {
                "actor_id": 2462900,
                "actor_type": "Integration",
                "bypass_mode": "always"
              }
            ],
            "conditions": [
              {
                "ref_name": [
                  {
                    "exclude": [],
                    "include": [
                      "~DEFAULT_BRANCH",
                      "refs/heads/??.x",
                      "refs/heads/master"
                    ]
                  }
                ]
              }
            ],
            "enforcement": "active",
            "etag": "W/\"9141a35ba7d1f708f6c224be1cecd99d39d4c4bb8cd66e3204b38b6737d714e7\"",
            "id": "15195258",
            "name": "Require Pull Request",
            "node_id": "RRS_lACqUmVwb3NpdG9yec4FT2WrzgDn3Ho",
            "repository": "valkyrja-docker-php",
            "rules": [
              {
                "branch_name_pattern": [],
                "commit_author_email_pattern": [],
                "commit_message_pattern": [],
                "committer_email_pattern": [],
                "copilot_code_review": [],
                "creation": false,
                "deletion": false,
                "file_extension_restriction": [],
                "file_path_restriction": [],
                "max_file_path_length": [],
                "max_file_size": [],
                "merge_queue": [],
                "non_fast_forward": false,
                "pull_request": [
                  {
                    "allowed_merge_methods": [
                      "squash"
                    ],
                    "dismiss_stale_reviews_on_push": false,
                    "require_code_owner_review": true,
                    "require_last_push_approval": false,
                    "required_approving_review_count": 0,
                    "required_review_thread_resolution": false,
                    "required_reviewers": []
                  }
                ],
                "required_code_scanning": [],
                "required_deployments": [],
                "required_linear_history": false,
                "required_signatures": false,
                "required_status_checks": [],
                "tag_name_pattern": [],
                "update": false,
                "update_allows_fetch_and_merge": false
              }
            ],
            "ruleset_id": 15195258,
            "target": "branch"
          },
          "sensitive_attributes": [],
          "private": "eyJzY2hlbWFfdmVyc2lvbiI6IjEifQ==",
          "dependencies": [
            "github_team.approvers",
            "module.repo.github_repository.this"
          ]
        }
      ]
    },
    {
      "module": "module.repo[\"valkyrja-docker-php\"]",
      "mode": "managed",
      "type": "github_repository_ruleset",
      "name": "required_default_checks",
      "provider": "provider[\"registry.opentofu.org/integrations/github\"]",
      "instances": [
        {
          "schema_version": 1,
          "attributes": {
            "bypass_actors": [
              {
                "actor_id": 0,
                "actor_type": "OrganizationAdmin",
                "bypass_mode": "always"
              },
              {
                "actor_id": 2462900,
                "actor_type": "Integration",
                "bypass_mode": "always"
              }
            ],
            "conditions": [
              {
                "ref_name": [
                  {
                    "exclude": [],
                    "include": [
                      "~DEFAULT_BRANCH",
                      "refs/heads/??.x"
                    ]
                  }
                ]
              }
            ],
            "enforcement": "active",
            "etag": "W/\"bb31b1ae2620ed306e3b291d4cbb0d42ea5dca332970d2275650f92cb45e7a8f\"",
            "id": "15273968",
            "name": "Required Default PR Checks",
            "node_id": "RRS_lACqUmVwb3NpdG9yec4FT2WrzgDpD_A",
            "repository": "valkyrja-docker-php",
            "rules": [
              {
                "branch_name_pattern": [],
                "commit_author_email_pattern": [],
                "commit_message_pattern": [],
                "committer_email_pattern": [],
                "copilot_code_review": [],
                "creation": false,
                "deletion": false,
                "file_extension_restriction": [],
                "file_path_restriction": [],
                "max_file_path_length": [],
                "max_file_size": [],
                "merge_queue": [],
                "non_fast_forward": false,
                "pull_request": [],
                "required_code_scanning": [],
                "required_deployments": [],
                "required_linear_history": false,
                "required_signatures": false,
                "required_status_checks": [
                  {
                    "do_not_enforce_on_create": false,
                    "required_check": [
                      {
                        "context": "Commit Message Check / Check Commit Message",
                        "integration_id": 15368
                      },
                      {
                        "context": "Copyright Header Check / Check Copyright Header",
                        "integration_id": 15368
                      },
                      {
                        "context": "Markdown Check / Check Markdown",
                        "integration_id": 15368
                      },
                      {
                        "context": "Trailing Newline Check / Check Trailing Newline",
                        "integration_id": 15368
                      }
                    ],
                    "strict_required_status_checks_policy": false
                  }
                ],
                "tag_name_pattern": [],
                "update": false,
                "update_allows_fetch_and_merge": false
              }
            ],
            "ruleset_id": 15273968,
            "target": "branch"
          },
          "sensitive_attributes": [],
          "private": "eyJzY2hlbWFfdmVyc2lvbiI6IjEifQ==",
          "dependencies": [
            "module.repo.github_repository.this"
          ]
        }
      ]
    },
    {
      "module": "module.repo[\"valkyrja-docker-php\"]",
      "mode": "managed",
      "type": "github_repository_ruleset",
      "name": "restrict_unsupported_branches",
      "provider": "provider[\"registry.opentofu.org/integrations/github\"]",
      "instances": [
        {
          "schema_version": 1,
          "attributes": {
            "bypass_actors": [
              {
                "actor_id": 2462900,
                "actor_type": "Integration",
                "bypass_mode": "always"
              }
            ],
            "conditions": [
              {
                "ref_name": [
                  {
                    "exclude": [],
                    "include": [
                      "refs/heads/??.x-backup",
                      "refs/heads/master-backup"
                    ]
                  }
                ]
              }
            ],
            "enforcement": "active",
            "etag": "W/\"c0973a47f77511325994fe5f59b1eb15b2e4fae63424f1ca6b45bd319acac210\"",
            "id": "15195259",
            "name": "Restrict Changes to Unsupported Branches",
            "node_id": "RRS_lACqUmVwb3NpdG9yec4FT2WrzgDn3Hs",
            "repository": "valkyrja-docker-php",
            "rules": [
              {
                "branch_name_pattern": [],
                "commit_author_email_pattern": [],
                "commit_message_pattern": [],
                "committer_email_pattern": [],
                "copilot_code_review": [],
                "creation": true,
                "deletion": true,
                "file_extension_restriction": [],
                "file_path_restriction": [],
                "max_file_path_length": [],
                "max_file_size": [],
                "merge_queue": [],
                "non_fast_forward": true,
                "pull_request": [],
                "required_code_scanning": [],
                "required_deployments": [],
                "required_linear_history": false,
                "required_signatures": false,
                "required_status_checks": [],
                "tag_name_pattern": [],
                "update": true,
                "update_allows_fetch_and_merge": false
              }
            ],
            "ruleset_id": 15195259,
            "target": "branch"
          },
          "sensitive_attributes": [],
          "private": "eyJzY2hlbWFfdmVyc2lvbiI6IjEifQ==",
          "dependencies": [
            "module.repo.github_repository.this"
          ]
        }
      ]
    },
    {
      "module": "module.repo[\"valkyrja-docker-php\"]",
      "mode": "managed",
      "type": "github_repository_vulnerability_alerts",
      "name": "this",
      "provider": "provider[\"registry.opentofu.org/integrations/github\"]",
      "instances": [
        {
          "schema_version": 0,
          "attributes": {
            "enabled": true,
            "id": "89089451",
            "repository": "valkyrja-docker-php",
            "repository_id": 89089451
          },
          "sensitive_attributes": [],
          "private": "eyJzY2hlbWFfdmVyc2lvbiI6IjAifQ==",
          "dependencies": [
            "module.repo.github_repository.this"
          ]
        }
      ]
    },
    {
      "module": "module.repo[\"valkyrja-docker-php\"]",
      "mode": "managed",
      "type": "github_team_repository",
      "name": "approvers",
      "provider": "provider[\"registry.opentofu.org/integrations/github\"]",
      "instances": [
        {
          "index_key": 0,
          "schema_version": 0,
          "attributes": {
            "etag": "W/\"49312b4e88af36e16d8338a7b721e17b145f47f9adfc17b4364ed1273185e0a0\"",
            "id": "18867552:valkyrja-docker-php",
            "permission": "push",
            "repository": "valkyrja-docker-php",
            "team_id": "approvers"
          },
          "sensitive_attributes": [],
          "private": "bnVsbA==",
          "dependencies": [
            "module.repo.github_repository.this"
          ]
        }
      ]
    },
    {
      "module": "module.repo[\"valkyrja-go\"]",
      "mode": "managed",
      "type": "github_issue_label",
      "name": "claude_review",
      "provider": "provider[\"registry.opentofu.org/integrations/github\"]",
      "instances": [
        {
          "schema_version": 0,
          "attributes": {
            "color": "5319e7",
            "description": "Ask Claude to review this pull request",
            "etag": "W/\"63b7d0822614537e15c647b0ba55a74f6848cbc57e786d04e9f92f6778bbdf1e\"",
            "id": "valkyrja-go:claude-review",
            "name": "claude-review",
            "repository": "valkyrja-go",
            "url": "https://api.github.com/repos/valkyrjaio/valkyrja-go/labels/claude-review"
          },
          "sensitive_attributes": [],
          "private": "eyJzY2hlbWFfdmVyc2lvbiI6IjAifQ==",
          "dependencies": [
            "module.repo.github_repository.this"
          ]
        }
      ]
    },
    {
      "module": "module.repo[\"valkyrja-go\"]",
      "mode": "managed",
      "type": "github_repository",
      "name": "this",
      "provider": "provider[\"registry.opentofu.org/integrations/github\"]",
      "instances": [
        {
          "schema_version": 1,
          "attributes": {
            "allow_auto_merge": false,
            "allow_forking": true,
            "allow_merge_commit": false,
            "allow_rebase_merge": false,
            "allow_squash_merge": true,
            "allow_update_branch": false,
            "archive_on_destroy": null,
            "archived": false,
            "auto_init": false,
            "default_branch": "26.x",
            "delete_branch_on_merge": true,
            "description": "Valkyrja is a fast, light, and robust Go framework for multi-protocol applications — HTTP, CLI, and gRPC",
            "etag": "W/\"bb513456a236c3eb3a0772fd5d60caaa199416dbb66c45947f2f693885e70655\"",
            "fork": "false",
            "full_name": "valkyrjaio/valkyrja-go",
            "git_clone_url": "git://github.com/valkyrjaio/valkyrja-go.git",
            "gitignore_template": null,
            "has_discussions": false,
            "has_downloads": false,
            "has_issues": true,
            "has_projects": false,
            "has_wiki": false,
            "homepage_url": "",
            "html_url": "https://github.com/valkyrjaio/valkyrja-go",
            "http_clone_url": "https://github.com/valkyrjaio/valkyrja-go.git",
            "id": "valkyrja-go",
            "ignore_vulnerability_alerts_during_read": null,
            "is_template": false,
            "license_template": null,
            "merge_commit_message": "PR_TITLE",
            "merge_commit_title": "MERGE_MESSAGE",
            "name": "valkyrja-go",
            "node_id": "R_kgDOTsJKbQ",
            "pages": [],
            "primary_language": "Makefile",
            "private": false,
            "repo_id": 1321355885,
            "security_and_analysis": [
              {
                "advanced_security": [],
                "code_security": [],
                "secret_scanning": [
                  {
                    "status": "disabled"
                  }
                ],
                "secret_scanning_ai_detection": [],
                "secret_scanning_non_provider_patterns": [],
                "secret_scanning_push_protection": [
                  {
                    "status": "disabled"
                  }
                ]
              }
            ],
            "source_owner": "",
            "source_repo": "",
            "squash_merge_commit_message": "PR_BODY",
            "squash_merge_commit_title": "PR_TITLE",
            "ssh_clone_url": "git@github.com:valkyrjaio/valkyrja-go.git",
            "svn_url": "https://github.com/valkyrjaio/valkyrja-go",
            "template": [
              {
                "include_all_branches": false,
                "owner": "valkyrjaio",
                "repository": "project-template-go"
              }
            ],
            "topics": [],
            "visibility": "public",
            "vulnerability_alerts": true,
            "web_commit_signoff_required": false
          },
          "sensitive_attributes": [],
          "private": "eyJzY2hlbWFfdmVyc2lvbiI6IjEifQ=="
        }
      ]
    },
    {
      "module": "module.repo[\"valkyrja-go\"]",
      "mode": "managed",
      "type": "github_repository_ruleset",
      "name": "force_push_protection",
      "provider": "provider[\"registry.opentofu.org/integrations/github\"]",
      "instances": [
        {
          "schema_version": 1,
          "attributes": {
            "bypass_actors": [
              {
                "actor_id": 0,
                "actor_type": "OrganizationAdmin",
                "bypass_mode": "always"
              }
            ],
            "conditions": [
              {
                "ref_name": [
                  {
                    "exclude": [],
                    "include": [
                      "refs/heads/??.x"
                    ]
                  }
                ]
              }
            ],
            "enforcement": "active",
            "etag": "W/\"ab8332c59d3feb01fe079daa8646e1b3b4889d161f26dba66b901ebac61e55fd\"",
            "id": "20276829",
            "name": "Protect Against Force Pushes and Deletion",
            "node_id": "RRS_lACqUmVwb3NpdG9yec5OwkptzgE1Zl0",
            "repository": "valkyrja-go",
            "rules": [
              {
                "branch_name_pattern": [],
                "commit_author_email_pattern": [],
                "commit_message_pattern": [],
                "committer_email_pattern": [],
                "copilot_code_review": [],
                "creation": false,
                "deletion": true,
                "file_extension_restriction": [],
                "file_path_restriction": [],
                "max_file_path_length": [],
                "max_file_size": [],
                "merge_queue": [],
                "non_fast_forward": true,
                "pull_request": [],
                "required_code_scanning": [],
                "required_deployments": [],
                "required_linear_history": false,
                "required_signatures": false,
                "required_status_checks": [],
                "tag_name_pattern": [],
                "update": false,
                "update_allows_fetch_and_merge": false
              }
            ],
            "ruleset_id": 20276829,
            "target": "branch"
          },
          "sensitive_attributes": [],
          "private": "eyJzY2hlbWFfdmVyc2lvbiI6IjEifQ==",
          "dependencies": [
            "module.repo.github_repository.this"
          ]
        }
      ]
    },
    {
      "module": "module.repo[\"valkyrja-go\"]",
      "mode": "managed",
      "type": "github_repository_ruleset",
      "name": "protect_master",
      "provider": "provider[\"registry.opentofu.org/integrations/github\"]",
      "instances": [
        {
          "schema_version": 1,
          "attributes": {
            "bypass_actors": [],
            "conditions": [
              {
                "ref_name": [
                  {
                    "exclude": [],
                    "include": [
                      "refs/heads/master"
                    ]
                  }
                ]
              }
            ],
            "enforcement": "active",
            "etag": "W/\"84fa4d8375978eaa63eb602af9ae1250335ea49e4a017ef5097a8ee623ad6f70\"",
            "id": "20276830",
            "name": "Protect Master At All Times",
            "node_id": "RRS_lACqUmVwb3NpdG9yec5OwkptzgE1Zl4",
            "repository": "valkyrja-go",
            "rules": [
              {
                "branch_name_pattern": [],
                "commit_author_email_pattern": [],
                "commit_message_pattern": [],
                "committer_email_pattern": [],
                "copilot_code_review": [],
                "creation": false,
                "deletion": true,
                "file_extension_restriction": [],
                "file_path_restriction": [],
                "max_file_path_length": [],
                "max_file_size": [],
                "merge_queue": [],
                "non_fast_forward": true,
                "pull_request": [],
                "required_code_scanning": [],
                "required_deployments": [],
                "required_linear_history": false,
                "required_signatures": false,
                "required_status_checks": [],
                "tag_name_pattern": [],
                "update": false,
                "update_allows_fetch_and_merge": false
              }
            ],
            "ruleset_id": 20276830,
            "target": "branch"
          },
          "sensitive_attributes": [],
          "private": "eyJzY2hlbWFfdmVyc2lvbiI6IjEifQ==",
          "dependencies": [
            "module.repo.github_repository.this"
          ]
        }
      ]
    },
    {
      "module": "module.repo[\"valkyrja-go\"]",
      "mode": "managed",
      "type": "github_repository_ruleset",
      "name": "protect_release_tags",
      "provider": "provider[\"registry.opentofu.org/integrations/github\"]",
      "instances": [
        {
          "schema_version": 1,
          "attributes": {
            "bypass_actors": [
              {
                "actor_id": 0,
                "actor_type": "OrganizationAdmin",
                "bypass_mode": "always"
              }
            ],
            "conditions": [
              {
                "ref_name": [
                  {
                    "exclude": [],
                    "include": [
                      "refs/tags/*.*.*"
                    ]
                  }
                ]
              }
            ],
            "enforcement": "active",
            "etag": "W/\"f71d4ab538de4f61791738466987deafc3487ae3573cc6336821ac191fe937eb\"",
            "id": "20276831",
            "name": "Protect Release Tags",
            "node_id": "RRS_lACqUmVwb3NpdG9yec5OwkptzgE1Zl8",
            "repository": "valkyrja-go",
            "rules": [
              {
                "branch_name_pattern": [],
                "commit_author_email_pattern": [],
                "commit_message_pattern": [],
                "committer_email_pattern": [],
                "copilot_code_review": [],
                "creation": false,
                "deletion": true,
                "file_extension_restriction": [],
                "file_path_restriction": [],
                "max_file_path_length": [],
                "max_file_size": [],
                "merge_queue": [],
                "non_fast_forward": true,
                "pull_request": [],
                "required_code_scanning": [],
                "required_deployments": [],
                "required_linear_history": false,
                "required_signatures": false,
                "required_status_checks": [],
                "tag_name_pattern": [],
                "update": false,
                "update_allows_fetch_and_merge": false
              }
            ],
            "ruleset_id": 20276831,
            "target": "tag"
          },
          "sensitive_attributes": [],
          "private": "eyJzY2hlbWFfdmVyc2lvbiI6IjEifQ==",
          "dependencies": [
            "module.repo.github_repository.this"
          ]
        }
      ]
    },
    {
      "module": "module.repo[\"valkyrja-go\"]",
      "mode": "managed",
      "type": "github_repository_ruleset",
      "name": "require_pull_request",
      "provider": "provider[\"registry.opentofu.org/integrations/github\"]",
      "instances": [
        {
          "schema_version": 1,
          "attributes": {
            "bypass_actors": [
              {
                "actor_id": 0,
                "actor_type": "OrganizationAdmin",
                "bypass_mode": "always"
              },
              {
                "actor_id": 2462900,
                "actor_type": "Integration",
                "bypass_mode": "always"
              }
            ],
            "conditions": [
              {
                "ref_name": [
                  {
                    "exclude": [],
                    "include": [
                      "~DEFAULT_BRANCH",
                      "refs/heads/??.x",
                      "refs/heads/master"
                    ]
                  }
                ]
              }
            ],
            "enforcement": "active",
            "etag": "W/\"8cc9db0827668cd5710722fafcd6072b145f08201d7c7db1056283be4c84ce9e\"",
            "id": "20276832",
            "name": "Require Pull Request",
            "node_id": "RRS_lACqUmVwb3NpdG9yec5OwkptzgE1ZmA",
            "repository": "valkyrja-go",
            "rules": [
              {
                "branch_name_pattern": [],
                "commit_author_email_pattern": [],
                "commit_message_pattern": [],
                "committer_email_pattern": [],
                "copilot_code_review": [],
                "creation": false,
                "deletion": false,
                "file_extension_restriction": [],
                "file_path_restriction": [],
                "max_file_path_length": [],
                "max_file_size": [],
                "merge_queue": [],
                "non_fast_forward": false,
                "pull_request": [
                  {
                    "allowed_merge_methods": [
                      "squash"
                    ],
                    "dismiss_stale_reviews_on_push": false,
                    "require_code_owner_review": true,
                    "require_last_push_approval": false,
                    "required_approving_review_count": 0,
                    "required_review_thread_resolution": false,
                    "required_reviewers": []
                  }
                ],
                "required_code_scanning": [],
                "required_deployments": [],
                "required_linear_history": false,
                "required_signatures": false,
                "required_status_checks": [],
                "tag_name_pattern": [],
                "update": false,
                "update_allows_fetch_and_merge": false
              }
            ],
            "ruleset_id": 20276832,
            "target": "branch"
          },
          "sensitive_attributes": [],
          "private": "eyJzY2hlbWFfdmVyc2lvbiI6IjEifQ==",
          "dependencies": [
            "github_team.approvers",
            "module.repo.github_repository.this"
          ]
        }
      ]
    },
    {
      "module": "module.repo[\"valkyrja-go\"]",
      "mode": "managed",
      "type": "github_repository_ruleset",
      "name": "required_default_checks",
      "provider": "provider[\"registry.opentofu.org/integrations/github\"]",
      "instances": [
        {
          "schema_version": 1,
          "attributes": {
            "bypass_actors": [
              {
                "actor_id": 0,
                "actor_type": "OrganizationAdmin",
                "bypass_mode": "always"
              },
              {
                "actor_id": 2462900,
                "actor_type": "Integration",
                "bypass_mode": "always"
              }
            ],
            "conditions": [
              {
                "ref_name": [
                  {
                    "exclude": [],
                    "include": [
                      "~DEFAULT_BRANCH",
                      "refs/heads/??.x"
                    ]
                  }
                ]
              }
            ],
            "enforcement": "active",
            "etag": "W/\"3105af2ea3ba38a53f00b57cf9e497764ed3e3b1a19b9fc6ab625a76d221c031\"",
            "id": "20276833",
            "name": "Required Default PR Checks",
            "node_id": "RRS_lACqUmVwb3NpdG9yec5OwkptzgE1ZmE",
            "repository": "valkyrja-go",
            "rules": [
              {
                "branch_name_pattern": [],
                "commit_author_email_pattern": [],
                "commit_message_pattern": [],
                "committer_email_pattern": [],
                "copilot_code_review": [],
                "creation": false,
                "deletion": false,
                "file_extension_restriction": [],
                "file_path_restriction": [],
                "max_file_path_length": [],
                "max_file_size": [],
                "merge_queue": [],
                "non_fast_forward": false,
                "pull_request": [],
                "required_code_scanning": [],
                "required_deployments": [],
                "required_linear_history": false,
                "required_signatures": false,
                "required_status_checks": [
                  {
                    "do_not_enforce_on_create": false,
                    "required_check": [
                      {
                        "context": "Commit Message Check / Check Commit Message",
                        "integration_id": 15368
                      },
                      {
                        "context": "Copyright Header Check / Check Copyright Header",
                        "integration_id": 15368
                      },
                      {
                        "context": "Markdown Check / Check Markdown",
                        "integration_id": 15368
                      },
                      {
                        "context": "Trailing Newline Check / Check Trailing Newline",
                        "integration_id": 15368
                      }
                    ],
                    "strict_required_status_checks_policy": false
                  }
                ],
                "tag_name_pattern": [],
                "update": false,
                "update_allows_fetch_and_merge": false
              }
            ],
            "ruleset_id": 20276833,
            "target": "branch"
          },
          "sensitive_attributes": [],
          "private": "eyJzY2hlbWFfdmVyc2lvbiI6IjEifQ==",
          "dependencies": [
            "module.repo.github_repository.this"
          ]
        }
      ]
    },
    {
      "module": "module.repo[\"valkyrja-go\"]",
      "mode": "managed",
      "type": "github_repository_ruleset",
      "name": "required_language_checks",
      "provider": "provider[\"registry.opentofu.org/integrations/github\"]",
      "instances": [
        {
          "index_key": 0,
          "schema_version": 1,
          "attributes": {
            "bypass_actors": [
              {
                "actor_id": 0,
                "actor_type": "OrganizationAdmin",
                "bypass_mode": "always"
              },
              {
                "actor_id": 2462900,
                "actor_type": "Integration",
                "bypass_mode": "always"
              }
            ],
            "conditions": [
              {
                "ref_name": [
                  {
                    "exclude": [],
                    "include": [
                      "~DEFAULT_BRANCH",
                      "refs/heads/??.x"
                    ]
                  }
                ]
              }
            ],
            "enforcement": "active",
            "etag": "W/\"5b996d837cde9fadf8d58529fbac7439619c1898a962dbe1891940118b36596d\"",
            "id": "20276835",
            "name": "Required Go PR Checks",
            "node_id": "RRS_lACqUmVwb3NpdG9yec5OwkptzgE1ZmM",
            "repository": "valkyrja-go",
            "rules": [
              {
                "branch_name_pattern": [],
                "commit_author_email_pattern": [],
                "commit_message_pattern": [],
                "committer_email_pattern": [],
                "copilot_code_review": [],
                "creation": false,
                "deletion": false,
                "file_extension_restriction": [],
                "file_path_restriction": [],
                "max_file_path_length": [],
                "max_file_size": [],
                "merge_queue": [],
                "non_fast_forward": false,
                "pull_request": [],
                "required_code_scanning": [],
                "required_deployments": [],
                "required_linear_history": false,
                "required_signatures": false,
                "required_status_checks": [
                  {
                    "do_not_enforce_on_create": false,
                    "required_check": [
                      {
                        "context": "Tools / Test / Test",
                        "integration_id": 15368
                      },
                      {
                        "context": "Tools / golangci-lint / golangci-lint",
                        "integration_id": 15368
                      }
                    ],
                    "strict_required_status_checks_policy": false
                  }
                ],
                "tag_name_pattern": [],
                "update": false,
                "update_allows_fetch_and_merge": false
              }
            ],
            "ruleset_id": 20276835,
            "target": "branch"
          },
          "sensitive_attributes": [],
          "private": "eyJzY2hlbWFfdmVyc2lvbiI6IjEifQ==",
          "dependencies": [
            "module.repo.github_repository.this"
          ]
        }
      ]
    },
    {
      "module": "module.repo[\"valkyrja-go\"]",
      "mode": "managed",
      "type": "github_repository_ruleset",
      "name": "restrict_unsupported_branches",
      "provider": "provider[\"registry.opentofu.org/integrations/github\"]",
      "instances": [
        {
          "schema_version": 1,
          "attributes": {
            "bypass_actors": [
              {
                "actor_id": 2462900,
                "actor_type": "Integration",
                "bypass_mode": "always"
              }
            ],
            "conditions": [
              {
                "ref_name": [
                  {
                    "exclude": [],
                    "include": [
                      "refs/heads/??.x-backup",
                      "refs/heads/master-backup"
                    ]
                  }
                ]
              }
            ],
            "enforcement": "active",
            "etag": "W/\"654dd68216cf52745c0d15c4d4a13bce0e5daa7656c7a7ca9b3ef8e068c44613\"",
            "id": "20276834",
            "name": "Restrict Changes to Unsupported Branches",
            "node_id": "RRS_lACqUmVwb3NpdG9yec5OwkptzgE1ZmI",
            "repository": "valkyrja-go",
            "rules": [
              {
                "branch_name_pattern": [],
                "commit_author_email_pattern": [],
                "commit_message_pattern": [],
                "committer_email_pattern": [],
                "copilot_code_review": [],
                "creation": true,
                "deletion": true,
                "file_extension_restriction": [],
                "file_path_restriction": [],
                "max_file_path_length": [],
                "max_file_size": [],
                "merge_queue": [],
                "non_fast_forward": true,
                "pull_request": [],
                "required_code_scanning": [],
                "required_deployments": [],
                "required_linear_history": false,
                "required_signatures": false,
                "required_status_checks": [],
                "tag_name_pattern": [],
                "update": true,
                "update_allows_fetch_and_merge": false
              }
            ],
            "ruleset_id": 20276834,
            "target": "branch"
          },
          "sensitive_attributes": [],
          "private": "eyJzY2hlbWFfdmVyc2lvbiI6IjEifQ==",
          "dependencies": [
            "module.repo.github_repository.this"
          ]
        }
      ]
    },
    {
      "module": "module.repo[\"valkyrja-go\"]",
      "mode": "managed",
      "type": "github_repository_vulnerability_alerts",
      "name": "this",
      "provider": "provider[\"registry.opentofu.org/integrations/github\"]",
      "instances": [
        {
          "schema_version": 0,
          "attributes": {
            "enabled": true,
            "id": "1321355885",
            "repository": "valkyrja-go",
            "repository_id": 1321355885
          },
          "sensitive_attributes": [],
          "private": "eyJzY2hlbWFfdmVyc2lvbiI6IjAifQ==",
          "dependencies": [
            "module.repo.github_repository.this"
          ]
        }
      ]
    },
    {
      "module": "module.repo[\"valkyrja-go\"]",
      "mode": "managed",
      "type": "github_team_repository",
      "name": "approvers",
      "provider": "provider[\"registry.opentofu.org/integrations/github\"]",
      "instances": [
        {
          "index_key": 0,
          "schema_version": 0,
          "attributes": {
            "etag": "W/\"35da9919dd4e077d8c4b559bd9ebeda46e1ad2be4ca151aa5ef381e6dc4748e4\"",
            "id": "18867552:valkyrja-go",
            "permission": "push",
            "repository": "valkyrja-go",
            "team_id": "approvers"
          },
          "sensitive_attributes": [],
          "private": "bnVsbA==",
          "dependencies": [
            "module.repo.github_repository.this"
          ]
        }
      ]
    },
    {
      "module": "module.repo[\"valkyrja-java\"]",
      "mode": "managed",
      "type": "github_issue_label",
      "name": "claude_review",
      "provider": "provider[\"registry.opentofu.org/integrations/github\"]",
      "instances": [
        {
          "schema_version": 0,
          "attributes": {
            "color": "5319e7",
            "description": "Ask Claude to review this pull request",
            "etag": "W/\"b0f9b1665d8c78c1104d78a76a5b700500eee52780b8b85668a214b07e06f4a4\"",
            "id": "valkyrja-java:claude-review",
            "name": "claude-review",
            "repository": "valkyrja-java",
            "url": "https://api.github.com/repos/valkyrjaio/valkyrja-java/labels/claude-review"
          },
          "sensitive_attributes": [],
          "private": "eyJzY2hlbWFfdmVyc2lvbiI6IjAifQ==",
          "dependencies": [
            "module.repo.github_repository.this"
          ]
        }
      ]
    },
    {
      "module": "module.repo[\"valkyrja-java\"]",
      "mode": "managed",
      "type": "github_repository",
      "name": "this",
      "provider": "provider[\"registry.opentofu.org/integrations/github\"]",
      "instances": [
        {
          "schema_version": 1,
          "attributes": {
            "allow_auto_merge": false,
            "allow_forking": true,
            "allow_merge_commit": false,
            "allow_rebase_merge": false,
            "allow_squash_merge": true,
            "allow_update_branch": false,
            "archive_on_destroy": null,
            "archived": false,
            "auto_init": false,
            "default_branch": "26.x",
            "delete_branch_on_merge": true,
            "description": "Valkyrja is a fast, light, and robust Java framework for multi-protocol applications — HTTP, CLI, and gRPC",
            "etag": "W/\"bf42b8ab5bf6273399d604bee498201f02a19c15244797c4b072604b6bdba8f1\"",
            "fork": "false",
            "full_name": "valkyrjaio/valkyrja-java",
            "git_clone_url": "git://github.com/valkyrjaio/valkyrja-java.git",
            "gitignore_template": null,
            "has_discussions": false,
            "has_downloads": false,
            "has_issues": true,
            "has_projects": false,
            "has_wiki": false,
            "homepage_url": "",
            "html_url": "https://github.com/valkyrjaio/valkyrja-java",
            "http_clone_url": "https://github.com/valkyrjaio/valkyrja-java.git",
            "id": "valkyrja-java",
            "ignore_vulnerability_alerts_during_read": false,
            "is_template": false,
            "license_template": null,
            "merge_commit_message": "PR_TITLE",
            "merge_commit_title": "MERGE_MESSAGE",
            "name": "valkyrja-java",
            "node_id": "R_kgDOR7mYpQ",
            "pages": [],
            "primary_language": "Java",
            "private": false,
            "repo_id": 1203345573,
            "security_and_analysis": [
              {
                "advanced_security": [],
                "code_security": [],
                "secret_scanning": [
                  {
                    "status": "disabled"
                  }
                ],
                "secret_scanning_ai_detection": [],
                "secret_scanning_non_provider_patterns": [],
                "secret_scanning_push_protection": [
                  {
                    "status": "disabled"
                  }
                ]
              }
            ],
            "source_owner": "",
            "source_repo": "",
            "squash_merge_commit_message": "PR_BODY",
            "squash_merge_commit_title": "PR_TITLE",
            "ssh_clone_url": "git@github.com:valkyrjaio/valkyrja-java.git",
            "svn_url": "https://github.com/valkyrjaio/valkyrja-java",
            "template": [],
            "topics": [
              "cli",
              "framework",
              "http",
              "java",
              "java-framework",
              "mit",
              "mit-license"
            ],
            "visibility": "public",
            "vulnerability_alerts": true,
            "web_commit_signoff_required": false
          },
          "sensitive_attributes": [],
          "private": "eyJzY2hlbWFfdmVyc2lvbiI6IjEifQ=="
        }
      ]
    },
    {
      "module": "module.repo[\"valkyrja-java\"]",
      "mode": "managed",
      "type": "github_repository_ruleset",
      "name": "force_push_protection",
      "provider": "provider[\"registry.opentofu.org/integrations/github\"]",
      "instances": [
        {
          "schema_version": 1,
          "attributes": {
            "bypass_actors": [
              {
                "actor_id": 0,
                "actor_type": "OrganizationAdmin",
                "bypass_mode": "always"
              }
            ],
            "conditions": [
              {
                "ref_name": [
                  {
                    "exclude": [],
                    "include": [
                      "refs/heads/??.x"
                    ]
                  }
                ]
              }
            ],
            "enforcement": "active",
            "etag": "W/\"ffe77e97f6aba4aa7999edf41dccfb47600e0788ee8036231a37020c3f53cc1f\"",
            "id": "15195246",
            "name": "Protect Against Force Pushes and Deletion",
            "node_id": "RRS_lACqUmVwb3NpdG9yec5HuZilzgDn3G4",
            "repository": "valkyrja-java",
            "rules": [
              {
                "branch_name_pattern": [],
                "commit_author_email_pattern": [],
                "commit_message_pattern": [],
                "committer_email_pattern": [],
                "copilot_code_review": [],
                "creation": false,
                "deletion": true,
                "file_extension_restriction": [],
                "file_path_restriction": [],
                "max_file_path_length": [],
                "max_file_size": [],
                "merge_queue": [],
                "non_fast_forward": true,
                "pull_request": [],
                "required_code_scanning": [],
                "required_deployments": [],
                "required_linear_history": false,
                "required_signatures": false,
                "required_status_checks": [],
                "tag_name_pattern": [],
                "update": false,
                "update_allows_fetch_and_merge": false
              }
            ],
            "ruleset_id": 15195246,
            "target": "branch"
          },
          "sensitive_attributes": [],
          "private": "eyJzY2hlbWFfdmVyc2lvbiI6IjEifQ==",
          "dependencies": [
            "module.repo.github_repository.this"
          ]
        }
      ]
    },
    {
      "module": "module.repo[\"valkyrja-java\"]",
      "mode": "managed",
      "type": "github_repository_ruleset",
      "name": "protect_master",
      "provider": "provider[\"registry.opentofu.org/integrations/github\"]",
      "instances": [
        {
          "schema_version": 1,
          "attributes": {
            "bypass_actors": [],
            "conditions": [
              {
                "ref_name": [
                  {
                    "exclude": [],
                    "include": [
                      "refs/heads/master"
                    ]
                  }
                ]
              }
            ],
            "enforcement": "active",
            "etag": "W/\"b03816a556da2ae3dfbdea1f698ba28b413292acfd2d81814751d374ec738c33\"",
            "id": "15195247",
            "name": "Protect Master At All Times",
            "node_id": "RRS_lACqUmVwb3NpdG9yec5HuZilzgDn3G8",
            "repository": "valkyrja-java",
            "rules": [
              {
                "branch_name_pattern": [],
                "commit_author_email_pattern": [],
                "commit_message_pattern": [],
                "committer_email_pattern": [],
                "copilot_code_review": [],
                "creation": false,
                "deletion": true,
                "file_extension_restriction": [],
                "file_path_restriction": [],
                "max_file_path_length": [],
                "max_file_size": [],
                "merge_queue": [],
                "non_fast_forward": true,
                "pull_request": [],
                "required_code_scanning": [],
                "required_deployments": [],
                "required_linear_history": false,
                "required_signatures": false,
                "required_status_checks": [],
                "tag_name_pattern": [],
                "update": false,
                "update_allows_fetch_and_merge": false
              }
            ],
            "ruleset_id": 15195247,
            "target": "branch"
          },
          "sensitive_attributes": [],
          "private": "eyJzY2hlbWFfdmVyc2lvbiI6IjEifQ==",
          "dependencies": [
            "module.repo.github_repository.this"
          ]
        }
      ]
    },
    {
      "module": "module.repo[\"valkyrja-java\"]",
      "mode": "managed",
      "type": "github_repository_ruleset",
      "name": "protect_release_tags",
      "provider": "provider[\"registry.opentofu.org/integrations/github\"]",
      "instances": [
        {
          "schema_version": 1,
          "attributes": {
            "bypass_actors": [
              {
                "actor_id": 0,
                "actor_type": "OrganizationAdmin",
                "bypass_mode": "always"
              }
            ],
            "conditions": [
              {
                "ref_name": [
                  {
                    "exclude": [],
                    "include": [
                      "refs/tags/*.*.*"
                    ]
                  }
                ]
              }
            ],
            "enforcement": "active",
            "etag": "W/\"5f05fd93ac1843ed7eda9e57610e8a3877bcb7a5bc6bbaee0896c3800efd965b\"",
            "id": "15200887",
            "name": "Protect Release Tags",
            "node_id": "RRS_lACqUmVwb3NpdG9yec5HuZilzgDn8nc",
            "repository": "valkyrja-java",
            "rules": [
              {
                "branch_name_pattern": [],
                "commit_author_email_pattern": [],
                "commit_message_pattern": [],
                "committer_email_pattern": [],
                "copilot_code_review": [],
                "creation": false,
                "deletion": true,
                "file_extension_restriction": [],
                "file_path_restriction": [],
                "max_file_path_length": [],
                "max_file_size": [],
                "merge_queue": [],
                "non_fast_forward": true,
                "pull_request": [],
                "required_code_scanning": [],
                "required_deployments": [],
                "required_linear_history": false,
                "required_signatures": false,
                "required_status_checks": [],
                "tag_name_pattern": [],
                "update": false,
                "update_allows_fetch_and_merge": false
              }
            ],
            "ruleset_id": 15200887,
            "target": "tag"
          },
          "sensitive_attributes": [],
          "private": "eyJzY2hlbWFfdmVyc2lvbiI6IjEifQ==",
          "dependencies": [
            "module.repo.github_repository.this"
          ]
        }
      ]
    },
    {
      "module": "module.repo[\"valkyrja-java\"]",
      "mode": "managed",
      "type": "github_repository_ruleset",
      "name": "require_pull_request",
      "provider": "provider[\"registry.opentofu.org/integrations/github\"]",
      "instances": [
        {
          "schema_version": 1,
          "attributes": {
            "bypass_actors": [
              {
                "actor_id": 0,
                "actor_type": "OrganizationAdmin",
                "bypass_mode": "always"
              },
              {
                "actor_id": 2462900,
                "actor_type": "Integration",
                "bypass_mode": "always"
              }
            ],
            "conditions": [
              {
                "ref_name": [
                  {
                    "exclude": [],
                    "include": [
                      "~DEFAULT_BRANCH",
                      "refs/heads/??.x",
                      "refs/heads/master"
                    ]
                  }
                ]
              }
            ],
            "enforcement": "active",
            "etag": "W/\"a8207da4e5ccb06da3f96f22a7cf2e492f5a76b96ba52c95099b39a83bdeb787\"",
            "id": "15195248",
            "name": "Require Pull Request",
            "node_id": "RRS_lACqUmVwb3NpdG9yec5HuZilzgDn3HA",
            "repository": "valkyrja-java",
            "rules": [
              {
                "branch_name_pattern": [],
                "commit_author_email_pattern": [],
                "commit_message_pattern": [],
                "committer_email_pattern": [],
                "copilot_code_review": [],
                "creation": false,
                "deletion": false,
                "file_extension_restriction": [],
                "file_path_restriction": [],
                "max_file_path_length": [],
                "max_file_size": [],
                "merge_queue": [],
                "non_fast_forward": false,
                "pull_request": [
                  {
                    "allowed_merge_methods": [
                      "squash"
                    ],
                    "dismiss_stale_reviews_on_push": false,
                    "require_code_owner_review": true,
                    "require_last_push_approval": false,
                    "required_approving_review_count": 0,
                    "required_review_thread_resolution": false,
                    "required_reviewers": []
                  }
                ],
                "required_code_scanning": [],
                "required_deployments": [],
                "required_linear_history": false,
                "required_signatures": false,
                "required_status_checks": [],
                "tag_name_pattern": [],
                "update": false,
                "update_allows_fetch_and_merge": false
              }
            ],
            "ruleset_id": 15195248,
            "target": "branch"
          },
          "sensitive_attributes": [],
          "private": "eyJzY2hlbWFfdmVyc2lvbiI6IjEifQ==",
          "dependencies": [
            "github_team.approvers",
            "module.repo.github_repository.this"
          ]
        }
      ]
    },
    {
      "module": "module.repo[\"valkyrja-java\"]",
      "mode": "managed",
      "type": "github_repository_ruleset",
      "name": "required_default_checks",
      "provider": "provider[\"registry.opentofu.org/integrations/github\"]",
      "instances": [
        {
          "schema_version": 1,
          "attributes": {
            "bypass_actors": [
              {
                "actor_id": 0,
                "actor_type": "OrganizationAdmin",
                "bypass_mode": "always"
              },
              {
                "actor_id": 2462900,
                "actor_type": "Integration",
                "bypass_mode": "always"
              }
            ],
            "conditions": [
              {
                "ref_name": [
                  {
                    "exclude": [],
                    "include": [
                      "~DEFAULT_BRANCH",
                      "refs/heads/??.x"
                    ]
                  }
                ]
              }
            ],
            "enforcement": "active",
            "etag": "W/\"b471097658a65bc2e8e1e87e8bab868fc193a3779f8d07bee5e56c3641de4efe\"",
            "id": "15274013",
            "name": "Required Default PR Checks",
            "node_id": "RRS_lACqUmVwb3NpdG9yec5HuZilzgDpEB0",
            "repository": "valkyrja-java",
            "rules": [
              {
                "branch_name_pattern": [],
                "commit_author_email_pattern": [],
                "commit_message_pattern": [],
                "committer_email_pattern": [],
                "copilot_code_review": [],
                "creation": false,
                "deletion": false,
                "file_extension_restriction": [],
                "file_path_restriction": [],
                "max_file_path_length": [],
                "max_file_size": [],
                "merge_queue": [],
                "non_fast_forward": false,
                "pull_request": [],
                "required_code_scanning": [],
                "required_deployments": [],
                "required_linear_history": false,
                "required_signatures": false,
                "required_status_checks": [
                  {
                    "do_not_enforce_on_create": false,
                    "required_check": [
                      {
                        "context": "Commit Message Check / Check Commit Message",
                        "integration_id": 15368
                      },
                      {
                        "context": "Copyright Header Check / Check Copyright Header",
                        "integration_id": 15368
                      },
                      {
                        "context": "Markdown Check / Check Markdown",
                        "integration_id": 15368
                      },
                      {
                        "context": "Trailing Newline Check / Check Trailing Newline",
                        "integration_id": 15368
                      }
                    ],
                    "strict_required_status_checks_policy": false
                  }
                ],
                "tag_name_pattern": [],
                "update": false,
                "update_allows_fetch_and_merge": false
              }
            ],
            "ruleset_id": 15274013,
            "target": "branch"
          },
          "sensitive_attributes": [],
          "private": "eyJzY2hlbWFfdmVyc2lvbiI6IjEifQ==",
          "dependencies": [
            "module.repo.github_repository.this"
          ]
        }
      ]
    },
    {
      "module": "module.repo[\"valkyrja-java\"]",
      "mode": "managed",
      "type": "github_repository_ruleset",
      "name": "required_language_checks",
      "provider": "provider[\"registry.opentofu.org/integrations/github\"]",
      "instances": [
        {
          "index_key": 0,
          "schema_version": 1,
          "attributes": {
            "bypass_actors": [
              {
                "actor_id": 0,
                "actor_type": "OrganizationAdmin",
                "bypass_mode": "always"
              },
              {
                "actor_id": 2462900,
                "actor_type": "Integration",
                "bypass_mode": "always"
              }
            ],
            "conditions": [
              {
                "ref_name": [
                  {
                    "exclude": [],
                    "include": [
                      "~DEFAULT_BRANCH",
                      "refs/heads/??.x"
                    ]
                  }
                ]
              }
            ],
            "enforcement": "active",
            "etag": "W/\"af04bcb43b3970d3c58bc8a5129b058aaaf53c9c37f4a82b97b3c2a30535d518\"",
            "id": "16563736",
            "name": "Required Java PR Checks",
            "node_id": "RRS_lACqUmVwb3NpdG9yec5HuZilzgD8vhg",
            "repository": "valkyrja-java",
            "rules": [
              {
                "branch_name_pattern": [],
                "commit_author_email_pattern": [],
                "commit_message_pattern": [],
                "committer_email_pattern": [],
                "copilot_code_review": [],
                "creation": false,
                "deletion": false,
                "file_extension_restriction": [],
                "file_path_restriction": [],
                "max_file_path_length": [],
                "max_file_size": [],
                "merge_queue": [],
                "non_fast_forward": false,
                "pull_request": [],
                "required_code_scanning": [],
                "required_deployments": [],
                "required_linear_history": false,
                "required_signatures": false,
                "required_status_checks": [
                  {
                    "do_not_enforce_on_create": false,
                    "required_check": [
                      {
                        "context": "Tools / ArchUnit / ArchUnit",
                        "integration_id": 15368
                      },
                      {
                        "context": "Tools / ErrorProne / ErrorProne",
                        "integration_id": 15368
                      },
                      {
                        "context": "Tools / JUnit / JUnit",
                        "integration_id": 15368
                      },
                      {
                        "context": "Tools / SpotBugs / SpotBugs",
                        "integration_id": 15368
                      },
                      {
                        "context": "Tools / Spotless / Spotless",
                        "integration_id": 15368
                      }
                    ],
                    "strict_required_status_checks_policy": false
                  }
                ],
                "tag_name_pattern": [],
                "update": false,
                "update_allows_fetch_and_merge": false
              }
            ],
            "ruleset_id": 16563736,
            "target": "branch"
          },
          "sensitive_attributes": [],
          "private": "eyJzY2hlbWFfdmVyc2lvbiI6IjEifQ==",
          "dependencies": [
            "module.repo.github_repository.this"
          ]
        }
      ]
    },
    {
      "module": "module.repo[\"valkyrja-java\"]",
      "mode": "managed",
      "type": "github_repository_ruleset",
      "name": "restrict_unsupported_branches",
      "provider": "provider[\"registry.opentofu.org/integrations/github\"]",
      "instances": [
        {
          "schema_version": 1,
          "attributes": {
            "bypass_actors": [
              {
                "actor_id": 2462900,
                "actor_type": "Integration",
                "bypass_mode": "always"
              }
            ],
            "conditions": [
              {
                "ref_name": [
                  {
                    "exclude": [],
                    "include": [
                      "refs/heads/??.x-backup",
                      "refs/heads/master-backup"
                    ]
                  }
                ]
              }
            ],
            "enforcement": "active",
            "etag": "W/\"56cecf2d09ff93c23192b18ea45af53b8db831a66ded91d64b7f4e9de56f8a91\"",
            "id": "15195250",
            "name": "Restrict Changes to Unsupported Branches",
            "node_id": "RRS_lACqUmVwb3NpdG9yec5HuZilzgDn3HI",
            "repository": "valkyrja-java",
            "rules": [
              {
                "branch_name_pattern": [],
                "commit_author_email_pattern": [],
                "commit_message_pattern": [],
                "committer_email_pattern": [],
                "copilot_code_review": [],
                "creation": true,
                "deletion": true,
                "file_extension_restriction": [],
                "file_path_restriction": [],
                "max_file_path_length": [],
                "max_file_size": [],
                "merge_queue": [],
                "non_fast_forward": true,
                "pull_request": [],
                "required_code_scanning": [],
                "required_deployments": [],
                "required_linear_history": false,
                "required_signatures": false,
                "required_status_checks": [],
                "tag_name_pattern": [],
                "update": true,
                "update_allows_fetch_and_merge": false
              }
            ],
            "ruleset_id": 15195250,
            "target": "branch"
          },
          "sensitive_attributes": [],
          "private": "eyJzY2hlbWFfdmVyc2lvbiI6IjEifQ==",
          "dependencies": [
            "module.repo.github_repository.this"
          ]
        }
      ]
    },
    {
      "module": "module.repo[\"valkyrja-java\"]",
      "mode": "managed",
      "type": "github_repository_vulnerability_alerts",
      "name": "this",
      "provider": "provider[\"registry.opentofu.org/integrations/github\"]",
      "instances": [
        {
          "schema_version": 0,
          "attributes": {
            "enabled": true,
            "id": "1203345573",
            "repository": "valkyrja-java",
            "repository_id": 1203345573
          },
          "sensitive_attributes": [],
          "private": "eyJzY2hlbWFfdmVyc2lvbiI6IjAifQ==",
          "dependencies": [
            "module.repo.github_repository.this"
          ]
        }
      ]
    },
    {
      "module": "module.repo[\"valkyrja-java\"]",
      "mode": "managed",
      "type": "github_team_repository",
      "name": "approvers",
      "provider": "provider[\"registry.opentofu.org/integrations/github\"]",
      "instances": [
        {
          "index_key": 0,
          "schema_version": 0,
          "attributes": {
            "etag": "W/\"24d5043c6b215b83b0b821944c48f0cbbb7d3c91dc7ebc9808656b1067500ec6\"",
            "id": "18867552:valkyrja-java",
            "permission": "push",
            "repository": "valkyrja-java",
            "team_id": "approvers"
          },
          "sensitive_attributes": [],
          "private": "bnVsbA==",
          "dependencies": [
            "module.repo.github_repository.this"
          ]
        }
      ]
    },
    {
      "module": "module.repo[\"valkyrja-php\"]",
      "mode": "managed",
      "type": "github_issue_label",
      "name": "claude_review",
      "provider": "provider[\"registry.opentofu.org/integrations/github\"]",
      "instances": [
        {
          "schema_version": 0,
          "attributes": {
            "color": "5319e7",
            "description": "Ask Claude to review this pull request",
            "etag": "W/\"37c7474d4a5fa93fc362a5f99c4783b723b46c7f70d352b42a0f0a81508572c7\"",
            "id": "valkyrja-php:claude-review",
            "name": "claude-review",
            "repository": "valkyrja-php",
            "url": "https://api.github.com/repos/valkyrjaio/valkyrja-php/labels/claude-review"
          },
          "sensitive_attributes": [],
          "private": "eyJzY2hlbWFfdmVyc2lvbiI6IjAifQ==",
          "dependencies": [
            "module.repo.github_repository.this"
          ]
        }
      ]
    },
    {
      "module": "module.repo[\"valkyrja-php\"]",
      "mode": "managed",
      "type": "github_repository",
      "name": "this",
      "provider": "provider[\"registry.opentofu.org/integrations/github\"]",
      "instances": [
        {
          "schema_version": 1,
          "attributes": {
            "allow_auto_merge": false,
            "allow_forking": true,
            "allow_merge_commit": false,
            "allow_rebase_merge": false,
            "allow_squash_merge": true,
            "allow_update_branch": false,
            "archive_on_destroy": null,
            "archived": false,
            "auto_init": false,
            "default_branch": "26.x",
            "delete_branch_on_merge": true,
            "description": "Valkyrja is a fast, light, and robust PHP framework for web and console applications",
            "etag": "W/\"4aa85cb084a6ea2c726f9b2756ef66e4605f9b29afd2e7e972b9c33f1aca8741\"",
            "fork": "false",
            "full_name": "valkyrjaio/valkyrja-php",
            "git_clone_url": "git://github.com/valkyrjaio/valkyrja-php.git",
            "gitignore_template": null,
            "has_discussions": false,
            "has_downloads": false,
            "has_issues": true,
            "has_projects": false,
            "has_wiki": false,
            "homepage_url": "https://valkyrja.io",
            "html_url": "https://github.com/valkyrjaio/valkyrja-php",
            "http_clone_url": "https://github.com/valkyrjaio/valkyrja-php.git",
            "id": "valkyrja-php",
            "ignore_vulnerability_alerts_during_read": false,
            "is_template": false,
            "license_template": null,
            "merge_commit_message": "PR_TITLE",
            "merge_commit_title": "MERGE_MESSAGE",
            "name": "valkyrja-php",
            "node_id": "MDEwOlJlcG9zaXRvcnkzMDQyNDcyMzc=",
            "pages": [],
            "primary_language": "PHP",
            "private": false,
            "repo_id": 304247237,
            "security_and_analysis": [
              {
                "advanced_security": [],
                "code_security": [],
                "secret_scanning": [
                  {
                    "status": "disabled"
                  }
                ],
                "secret_scanning_ai_detection": [],
                "secret_scanning_non_provider_patterns": [],
                "secret_scanning_push_protection": [
                  {
                    "status": "disabled"
                  }
                ]
              }
            ],
            "source_owner": "",
            "source_repo": "",
            "squash_merge_commit_message": "PR_BODY",
            "squash_merge_commit_title": "PR_TITLE",
            "ssh_clone_url": "git@github.com:valkyrjaio/valkyrja-php.git",
            "svn_url": "https://github.com/valkyrjaio/valkyrja-php",
            "template": [],
            "topics": [
              "cli",
              "framework",
              "http",
              "mit",
              "mit-license",
              "php",
              "php-framework",
              "php8",
              "php84",
              "php85",
              "valkyrja"
            ],
            "visibility": "public",
            "vulnerability_alerts": true,
            "web_commit_signoff_required": false
          },
          "sensitive_attributes": [],
          "private": "eyJzY2hlbWFfdmVyc2lvbiI6IjEifQ=="
        }
      ]
    },
    {
      "module": "module.repo[\"valkyrja-php\"]",
      "mode": "managed",
      "type": "github_repository_ruleset",
      "name": "force_push_protection",
      "provider": "provider[\"registry.opentofu.org/integrations/github\"]",
      "instances": [
        {
          "schema_version": 1,
          "attributes": {
            "bypass_actors": [
              {
                "actor_id": 0,
                "actor_type": "OrganizationAdmin",
                "bypass_mode": "always"
              }
            ],
            "conditions": [
              {
                "ref_name": [
                  {
                    "exclude": [],
                    "include": [
                      "refs/heads/??.x"
                    ]
                  }
                ]
              }
            ],
            "enforcement": "active",
            "etag": "W/\"5d2633da6c888021d9090c2bbb17432c9df052e7ec4e89cf27e1913011258138\"",
            "id": "11086774",
            "name": "Protect Against Force Pushes and Deletion",
            "node_id": "RRS_lACqUmVwb3NpdG9yec4SInHFzgCpK7Y",
            "repository": "valkyrja-php",
            "rules": [
              {
                "branch_name_pattern": [],
                "commit_author_email_pattern": [],
                "commit_message_pattern": [],
                "committer_email_pattern": [],
                "copilot_code_review": [],
                "creation": false,
                "deletion": true,
                "file_extension_restriction": [],
                "file_path_restriction": [],
                "max_file_path_length": [],
                "max_file_size": [],
                "merge_queue": [],
                "non_fast_forward": true,
                "pull_request": [],
                "required_code_scanning": [],
                "required_deployments": [],
                "required_linear_history": false,
                "required_signatures": false,
                "required_status_checks": [],
                "tag_name_pattern": [],
                "update": false,
                "update_allows_fetch_and_merge": false
              }
            ],
            "ruleset_id": 11086774,
            "target": "branch"
          },
          "sensitive_attributes": [],
          "private": "eyJzY2hlbWFfdmVyc2lvbiI6IjEifQ==",
          "dependencies": [
            "module.repo.github_repository.this"
          ]
        }
      ]
    },
    {
      "module": "module.repo[\"valkyrja-php\"]",
      "mode": "managed",
      "type": "github_repository_ruleset",
      "name": "protect_master",
      "provider": "provider[\"registry.opentofu.org/integrations/github\"]",
      "instances": [
        {
          "schema_version": 1,
          "attributes": {
            "bypass_actors": [],
            "conditions": [
              {
                "ref_name": [
                  {
                    "exclude": [],
                    "include": [
                      "refs/heads/master"
                    ]
                  }
                ]
              }
            ],
            "enforcement": "active",
            "etag": "W/\"bdfdab2bdc439db42a5dfa2574e13cc139bbf7fdeb23f6b72707a6918abbb20d\"",
            "id": "11216738",
            "name": "Protect Master At All Times",
            "node_id": "RRS_lACqUmVwb3NpdG9yec4SInHFzgCrJ2I",
            "repository": "valkyrja-php",
            "rules": [
              {
                "branch_name_pattern": [],
                "commit_author_email_pattern": [],
                "commit_message_pattern": [],
                "committer_email_pattern": [],
                "copilot_code_review": [],
                "creation": false,
                "deletion": true,
                "file_extension_restriction": [],
                "file_path_restriction": [],
                "max_file_path_length": [],
                "max_file_size": [],
                "merge_queue": [],
                "non_fast_forward": true,
                "pull_request": [],
                "required_code_scanning": [],
                "required_deployments": [],
                "required_linear_history": false,
                "required_signatures": false,
                "required_status_checks": [],
                "tag_name_pattern": [],
                "update": false,
                "update_allows_fetch_and_merge": false
              }
            ],
            "ruleset_id": 11216738,
            "target": "branch"
          },
          "sensitive_attributes": [],
          "private": "eyJzY2hlbWFfdmVyc2lvbiI6IjEifQ==",
          "dependencies": [
            "module.repo.github_repository.this"
          ]
        }
      ]
    },
    {
      "module": "module.repo[\"valkyrja-php\"]",
      "mode": "managed",
      "type": "github_repository_ruleset",
      "name": "protect_release_tags",
      "provider": "provider[\"registry.opentofu.org/integrations/github\"]",
      "instances": [
        {
          "schema_version": 1,
          "attributes": {
            "bypass_actors": [
              {
                "actor_id": 0,
                "actor_type": "OrganizationAdmin",
                "bypass_mode": "always"
              }
            ],
            "conditions": [
              {
                "ref_name": [
                  {
                    "exclude": [],
                    "include": [
                      "refs/tags/*.*.*"
                    ]
                  }
                ]
              }
            ],
            "enforcement": "active",
            "etag": "W/\"c7edefe00b3a669d6ba35218a3b765c75defc9a81b4fa2e482a3f52fd904de42\"",
            "id": "15200844",
            "name": "Protect Release Tags",
            "node_id": "RRS_lACqUmVwb3NpdG9yec4SInHFzgDn8kw",
            "repository": "valkyrja-php",
            "rules": [
              {
                "branch_name_pattern": [],
                "commit_author_email_pattern": [],
                "commit_message_pattern": [],
                "committer_email_pattern": [],
                "copilot_code_review": [],
                "creation": false,
                "deletion": true,
                "file_extension_restriction": [],
                "file_path_restriction": [],
                "max_file_path_length": [],
                "max_file_size": [],
                "merge_queue": [],
                "non_fast_forward": true,
                "pull_request": [],
                "required_code_scanning": [],
                "required_deployments": [],
                "required_linear_history": false,
                "required_signatures": false,
                "required_status_checks": [],
                "tag_name_pattern": [],
                "update": false,
                "update_allows_fetch_and_merge": false
              }
            ],
            "ruleset_id": 15200844,
            "target": "tag"
          },
          "sensitive_attributes": [],
          "private": "eyJzY2hlbWFfdmVyc2lvbiI6IjEifQ==",
          "dependencies": [
            "module.repo.github_repository.this"
          ]
        }
      ]
    },
    {
      "module": "module.repo[\"valkyrja-php\"]",
      "mode": "managed",
      "type": "github_repository_ruleset",
      "name": "require_pull_request",
      "provider": "provider[\"registry.opentofu.org/integrations/github\"]",
      "instances": [
        {
          "schema_version": 1,
          "attributes": {
            "bypass_actors": [
              {
                "actor_id": 0,
                "actor_type": "OrganizationAdmin",
                "bypass_mode": "always"
              },
              {
                "actor_id": 2462900,
                "actor_type": "Integration",
                "bypass_mode": "always"
              }
            ],
            "conditions": [
              {
                "ref_name": [
                  {
                    "exclude": [],
                    "include": [
                      "~DEFAULT_BRANCH",
                      "refs/heads/??.x",
                      "refs/heads/master"
                    ]
                  }
                ]
              }
            ],
            "enforcement": "active",
            "etag": "W/\"6f504e926b7452943c871b0e42d363cd8adabe71aaccfd1876d489e598591477\"",
            "id": "11090433",
            "name": "Require Pull Request",
            "node_id": "RRS_lACqUmVwb3NpdG9yec4SInHFzgCpOgE",
            "repository": "valkyrja-php",
            "rules": [
              {
                "branch_name_pattern": [],
                "commit_author_email_pattern": [],
                "commit_message_pattern": [],
                "committer_email_pattern": [],
                "copilot_code_review": [],
                "creation": false,
                "deletion": false,
                "file_extension_restriction": [],
                "file_path_restriction": [],
                "max_file_path_length": [],
                "max_file_size": [],
                "merge_queue": [],
                "non_fast_forward": false,
                "pull_request": [
                  {
                    "allowed_merge_methods": [
                      "squash"
                    ],
                    "dismiss_stale_reviews_on_push": false,
                    "require_code_owner_review": true,
                    "require_last_push_approval": false,
                    "required_approving_review_count": 0,
                    "required_review_thread_resolution": false,
                    "required_reviewers": []
                  }
                ],
                "required_code_scanning": [],
                "required_deployments": [],
                "required_linear_history": false,
                "required_signatures": false,
                "required_status_checks": [],
                "tag_name_pattern": [],
                "update": false,
                "update_allows_fetch_and_merge": false
              }
            ],
            "ruleset_id": 11090433,
            "target": "branch"
          },
          "sensitive_attributes": [],
          "private": "eyJzY2hlbWFfdmVyc2lvbiI6IjEifQ==",
          "dependencies": [
            "github_team.approvers",
            "module.repo.github_repository.this"
          ]
        }
      ]
    },
    {
      "module": "module.repo[\"valkyrja-php\"]",
      "mode": "managed",
      "type": "github_repository_ruleset",
      "name": "required_default_checks",
      "provider": "provider[\"registry.opentofu.org/integrations/github\"]",
      "instances": [
        {
          "schema_version": 1,
          "attributes": {
            "bypass_actors": [
              {
                "actor_id": 0,
                "actor_type": "OrganizationAdmin",
                "bypass_mode": "always"
              },
              {
                "actor_id": 2462900,
                "actor_type": "Integration",
                "bypass_mode": "always"
              }
            ],
            "conditions": [
              {
                "ref_name": [
                  {
                    "exclude": [],
                    "include": [
                      "~DEFAULT_BRANCH",
                      "refs/heads/??.x"
                    ]
                  }
                ]
              }
            ],
            "enforcement": "active",
            "etag": "W/\"636de912d699a8cd948680e2a8b8a3d22c0ae5953395b9129e43c41b43d99afd\"",
            "id": "15274009",
            "name": "Required Default PR Checks",
            "node_id": "RRS_lACqUmVwb3NpdG9yec4SInHFzgDpEBk",
            "repository": "valkyrja-php",
            "rules": [
              {
                "branch_name_pattern": [],
                "commit_author_email_pattern": [],
                "commit_message_pattern": [],
                "committer_email_pattern": [],
                "copilot_code_review": [],
                "creation": false,
                "deletion": false,
                "file_extension_restriction": [],
                "file_path_restriction": [],
                "max_file_path_length": [],
                "max_file_size": [],
                "merge_queue": [],
                "non_fast_forward": false,
                "pull_request": [],
                "required_code_scanning": [],
                "required_deployments": [],
                "required_linear_history": false,
                "required_signatures": false,
                "required_status_checks": [
                  {
                    "do_not_enforce_on_create": false,
                    "required_check": [
                      {
                        "context": "Commit Message Check / Check Commit Message",
                        "integration_id": 15368
                      },
                      {
                        "context": "Copyright Header Check / Check Copyright Header",
                        "integration_id": 15368
                      },
                      {
                        "context": "Markdown Check / Check Markdown",
                        "integration_id": 15368
                      },
                      {
                        "context": "Trailing Newline Check / Check Trailing Newline",
                        "integration_id": 15368
                      }
                    ],
                    "strict_required_status_checks_policy": false
                  }
                ],
                "tag_name_pattern": [],
                "update": false,
                "update_allows_fetch_and_merge": false
              }
            ],
            "ruleset_id": 15274009,
            "target": "branch"
          },
          "sensitive_attributes": [],
          "private": "eyJzY2hlbWFfdmVyc2lvbiI6IjEifQ==",
          "dependencies": [
            "module.repo.github_repository.this"
          ]
        }
      ]
    },
    {
      "module": "module.repo[\"valkyrja-php\"]",
      "mode": "managed",
      "type": "github_repository_ruleset",
      "name": "required_language_checks",
      "provider": "provider[\"registry.opentofu.org/integrations/github\"]",
      "instances": [
        {
          "index_key": 0,
          "schema_version": 1,
          "attributes": {
            "bypass_actors": [
              {
                "actor_id": 0,
                "actor_type": "OrganizationAdmin",
                "bypass_mode": "always"
              },
              {
                "actor_id": 2462900,
                "actor_type": "Integration",
                "bypass_mode": "always"
              }
            ],
            "conditions": [
              {
                "ref_name": [
                  {
                    "exclude": [],
                    "include": [
                      "~DEFAULT_BRANCH",
                      "refs/heads/??.x"
                    ]
                  }
                ]
              }
            ],
            "enforcement": "active",
            "etag": "W/\"a12dc37bc603119d613a39c7141d623f62c3bffd674c43f66c460b956b325aad\"",
            "id": "15274010",
            "name": "Required PHP PR Checks",
            "node_id": "RRS_lACqUmVwb3NpdG9yec4SInHFzgDpEBo",
            "repository": "valkyrja-php",
            "rules": [
              {
                "branch_name_pattern": [],
                "commit_author_email_pattern": [],
                "commit_message_pattern": [],
                "committer_email_pattern": [],
                "copilot_code_review": [],
                "creation": false,
                "deletion": false,
                "file_extension_restriction": [],
                "file_path_restriction": [],
                "max_file_path_length": [],
                "max_file_size": [],
                "merge_queue": [],
                "non_fast_forward": false,
                "pull_request": [],
                "required_code_scanning": [],
                "required_deployments": [],
                "required_linear_history": false,
                "required_signatures": false,
                "required_status_checks": [
                  {
                    "do_not_enforce_on_create": false,
                    "required_check": [
                      {
                        "context": "Tools / PHP CS Fixer / PHP 8.4",
                        "integration_id": 15368
                      },
                      {
                        "context": "Tools / PHP Code Sniffer / PHP 8.4",
                        "integration_id": 15368
                      },
                      {
                        "context": "Tools / PHPArkitect / PHP 8.4",
                        "integration_id": 15368
                      },
                      {
                        "context": "Tools / PHPStan / PHP 8.4",
                        "integration_id": 15368
                      },
                      {
                        "context": "Tools / PHPUnit / PHP 8.4",
                        "integration_id": 15368
                      },
                      {
                        "context": "Tools / PHPUnit / PHP 8.5",
                        "integration_id": 15368
                      },
                      {
                        "context": "Tools / PHPUnit / PHP 8.6",
                        "integration_id": 15368
                      },
                      {
                        "context": "Tools / Psalm / PHP 8.4",
                        "integration_id": 15368
                      },
                      {
                        "context": "Tools / Rector / PHP 8.4",
                        "integration_id": 15368
                      }
                    ],
                    "strict_required_status_checks_policy": false
                  }
                ],
                "tag_name_pattern": [],
                "update": false,
                "update_allows_fetch_and_merge": false
              }
            ],
            "ruleset_id": 15274010,
            "target": "branch"
          },
          "sensitive_attributes": [],
          "private": "eyJzY2hlbWFfdmVyc2lvbiI6IjEifQ==",
          "dependencies": [
            "module.repo.github_repository.this"
          ]
        }
      ]
    },
    {
      "module": "module.repo[\"valkyrja-php\"]",
      "mode": "managed",
      "type": "github_repository_ruleset",
      "name": "restrict_unsupported_branches",
      "provider": "provider[\"registry.opentofu.org/integrations/github\"]",
      "instances": [
        {
          "schema_version": 1,
          "attributes": {
            "bypass_actors": [
              {
                "actor_id": 2462900,
                "actor_type": "Integration",
                "bypass_mode": "always"
              }
            ],
            "conditions": [
              {
                "ref_name": [
                  {
                    "exclude": [],
                    "include": [
                      "refs/heads/??.x-backup",
                      "refs/heads/master-backup"
                    ]
                  }
                ]
              }
            ],
            "enforcement": "active",
            "etag": "W/\"d9be6d05d729a81bf4785ff538af7d5eb2079f96f56f624928746b032cf0b0f4\"",
            "id": "11112960",
            "name": "Restrict Changes to Unsupported Branches",
            "node_id": "RRS_lACqUmVwb3NpdG9yec4SInHFzgCpkgA",
            "repository": "valkyrja-php",
            "rules": [
              {
                "branch_name_pattern": [],
                "commit_author_email_pattern": [],
                "commit_message_pattern": [],
                "committer_email_pattern": [],
                "copilot_code_review": [],
                "creation": true,
                "deletion": true,
                "file_extension_restriction": [],
                "file_path_restriction": [],
                "max_file_path_length": [],
                "max_file_size": [],
                "merge_queue": [],
                "non_fast_forward": true,
                "pull_request": [],
                "required_code_scanning": [],
                "required_deployments": [],
                "required_linear_history": false,
                "required_signatures": false,
                "required_status_checks": [],
                "tag_name_pattern": [],
                "update": true,
                "update_allows_fetch_and_merge": false
              }
            ],
            "ruleset_id": 11112960,
            "target": "branch"
          },
          "sensitive_attributes": [],
          "private": "eyJzY2hlbWFfdmVyc2lvbiI6IjEifQ==",
          "dependencies": [
            "module.repo.github_repository.this"
          ]
        }
      ]
    },
    {
      "module": "module.repo[\"valkyrja-php\"]",
      "mode": "managed",
      "type": "github_repository_vulnerability_alerts",
      "name": "this",
      "provider": "provider[\"registry.opentofu.org/integrations/github\"]",
      "instances": [
        {
          "schema_version": 0,
          "attributes": {
            "enabled": true,
            "id": "304247237",
            "repository": "valkyrja-php",
            "repository_id": 304247237
          },
          "sensitive_attributes": [],
          "private": "eyJzY2hlbWFfdmVyc2lvbiI6IjAifQ==",
          "dependencies": [
            "module.repo.github_repository.this"
          ]
        }
      ]
    },
    {
      "module": "module.repo[\"valkyrja-php\"]",
      "mode": "managed",
      "type": "github_team_repository",
      "name": "approvers",
      "provider": "provider[\"registry.opentofu.org/integrations/github\"]",
      "instances": [
        {
          "index_key": 0,
          "schema_version": 0,
          "attributes": {
            "etag": "W/\"261b7f62616ffe819550d8c1b6d58ee947db6d3973e7c745266372dac29ba8bb\"",
            "id": "18867552:valkyrja-php",
            "permission": "push",
            "repository": "valkyrja-php",
            "team_id": "approvers"
          },
          "sensitive_attributes": [],
          "private": "bnVsbA==",
          "dependencies": [
            "module.repo.github_repository.this"
          ]
        }
      ]
    },
    {
      "module": "module.repo[\"valkyrja-python\"]",
      "mode": "managed",
      "type": "github_issue_label",
      "name": "claude_review",
      "provider": "provider[\"registry.opentofu.org/integrations/github\"]",
      "instances": [
        {
          "schema_version": 0,
          "attributes": {
            "color": "5319e7",
            "description": "Ask Claude to review this pull request",
            "etag": "W/\"7b07879c5126e2083f7be0264a98ff6284a4ee84debd0a42d0424e4e798009ca\"",
            "id": "valkyrja-python:claude-review",
            "name": "claude-review",
            "repository": "valkyrja-python",
            "url": "https://api.github.com/repos/valkyrjaio/valkyrja-python/labels/claude-review"
          },
          "sensitive_attributes": [],
          "private": "eyJzY2hlbWFfdmVyc2lvbiI6IjAifQ==",
          "dependencies": [
            "module.repo.github_repository.this"
          ]
        }
      ]
    },
    {
      "module": "module.repo[\"valkyrja-python\"]",
      "mode": "managed",
      "type": "github_repository",
      "name": "this",
      "provider": "provider[\"registry.opentofu.org/integrations/github\"]",
      "instances": [
        {
          "schema_version": 1,
          "attributes": {
            "allow_auto_merge": false,
            "allow_forking": true,
            "allow_merge_commit": false,
            "allow_rebase_merge": false,
            "allow_squash_merge": true,
            "allow_update_branch": false,
            "archive_on_destroy": null,
            "archived": false,
            "auto_init": false,
            "default_branch": "26.x",
            "delete_branch_on_merge": true,
            "description": "Valkyrja is a fast, light, and robust Python framework for web and console applications",
            "etag": "W/\"75c34577fbae2841e0f63bd28fdc245131e7108d96e202609f051470eca3ce9a\"",
            "fork": "false",
            "full_name": "valkyrjaio/valkyrja-python",
            "git_clone_url": "git://github.com/valkyrjaio/valkyrja-python.git",
            "gitignore_template": null,
            "has_discussions": false,
            "has_downloads": false,
            "has_issues": true,
            "has_projects": false,
            "has_wiki": false,
            "homepage_url": "",
            "html_url": "https://github.com/valkyrjaio/valkyrja-python",
            "http_clone_url": "https://github.com/valkyrjaio/valkyrja-python.git",
            "id": "valkyrja-python",
            "ignore_vulnerability_alerts_during_read": null,
            "is_template": false,
            "license_template": null,
            "merge_commit_message": "PR_TITLE",
            "merge_commit_title": "MERGE_MESSAGE",
            "name": "valkyrja-python",
            "node_id": "R_kgDOTsGuPw",
            "pages": [],
            "primary_language": "Python",
            "private": false,
            "repo_id": 1321315903,
            "security_and_analysis": [
              {
                "advanced_security": [],
                "code_security": [],
                "secret_scanning": [
                  {
                    "status": "disabled"
                  }
                ],
                "secret_scanning_ai_detection": [],
                "secret_scanning_non_provider_patterns": [],
                "secret_scanning_push_protection": [
                  {
                    "status": "disabled"
                  }
                ]
              }
            ],
            "source_owner": "",
            "source_repo": "",
            "squash_merge_commit_message": "PR_BODY",
            "squash_merge_commit_title": "PR_TITLE",
            "ssh_clone_url": "git@github.com:valkyrjaio/valkyrja-python.git",
            "svn_url": "https://github.com/valkyrjaio/valkyrja-python",
            "template": [
              {
                "include_all_branches": false,
                "owner": "valkyrjaio",
                "repository": "project-template-python"
              }
            ],
            "topics": [],
            "visibility": "public",
            "vulnerability_alerts": true,
            "web_commit_signoff_required": false
          },
          "sensitive_attributes": [],
          "private": "eyJzY2hlbWFfdmVyc2lvbiI6IjEifQ=="
        }
      ]
    },
    {
      "module": "module.repo[\"valkyrja-python\"]",
      "mode": "managed",
      "type": "github_repository_ruleset",
      "name": "force_push_protection",
      "provider": "provider[\"registry.opentofu.org/integrations/github\"]",
      "instances": [
        {
          "schema_version": 1,
          "attributes": {
            "bypass_actors": [
              {
                "actor_id": 0,
                "actor_type": "OrganizationAdmin",
                "bypass_mode": "always"
              }
            ],
            "conditions": [
              {
                "ref_name": [
                  {
                    "exclude": [],
                    "include": [
                      "refs/heads/??.x"
                    ]
                  }
                ]
              }
            ],
            "enforcement": "active",
            "etag": "W/\"08ba78be11fd65f50506a7ac988ac216acfa32f179350d74f02e3c528b6ab9b2\"",
            "id": "20275230",
            "name": "Protect Against Force Pushes and Deletion",
            "node_id": "RRS_lACqUmVwb3NpdG9yec5Owa4_zgE1YB4",
            "repository": "valkyrja-python",
            "rules": [
              {
                "branch_name_pattern": [],
                "commit_author_email_pattern": [],
                "commit_message_pattern": [],
                "committer_email_pattern": [],
                "copilot_code_review": [],
                "creation": false,
                "deletion": true,
                "file_extension_restriction": [],
                "file_path_restriction": [],
                "max_file_path_length": [],
                "max_file_size": [],
                "merge_queue": [],
                "non_fast_forward": true,
                "pull_request": [],
                "required_code_scanning": [],
                "required_deployments": [],
                "required_linear_history": false,
                "required_signatures": false,
                "required_status_checks": [],
                "tag_name_pattern": [],
                "update": false,
                "update_allows_fetch_and_merge": false
              }
            ],
            "ruleset_id": 20275230,
            "target": "branch"
          },
          "sensitive_attributes": [],
          "private": "eyJzY2hlbWFfdmVyc2lvbiI6IjEifQ==",
          "dependencies": [
            "module.repo.github_repository.this"
          ]
        }
      ]
    },
    {
      "module": "module.repo[\"valkyrja-python\"]",
      "mode": "managed",
      "type": "github_repository_ruleset",
      "name": "protect_master",
      "provider": "provider[\"registry.opentofu.org/integrations/github\"]",
      "instances": [
        {
          "schema_version": 1,
          "attributes": {
            "bypass_actors": [],
            "conditions": [
              {
                "ref_name": [
                  {
                    "exclude": [],
                    "include": [
                      "refs/heads/master"
                    ]
                  }
                ]
              }
            ],
            "enforcement": "active",
            "etag": "W/\"1c32a79d8d822d3b9a7342c7ba49d43241fc3a632a127470daf599d0aedfd9b8\"",
            "id": "20275232",
            "name": "Protect Master At All Times",
            "node_id": "RRS_lACqUmVwb3NpdG9yec5Owa4_zgE1YCA",
            "repository": "valkyrja-python",
            "rules": [
              {
                "branch_name_pattern": [],
                "commit_author_email_pattern": [],
                "commit_message_pattern": [],
                "committer_email_pattern": [],
                "copilot_code_review": [],
                "creation": false,
                "deletion": true,
                "file_extension_restriction": [],
                "file_path_restriction": [],
                "max_file_path_length": [],
                "max_file_size": [],
                "merge_queue": [],
                "non_fast_forward": true,
                "pull_request": [],
                "required_code_scanning": [],
                "required_deployments": [],
                "required_linear_history": false,
                "required_signatures": false,
                "required_status_checks": [],
                "tag_name_pattern": [],
                "update": false,
                "update_allows_fetch_and_merge": false
              }
            ],
            "ruleset_id": 20275232,
            "target": "branch"
          },
          "sensitive_attributes": [],
          "private": "eyJzY2hlbWFfdmVyc2lvbiI6IjEifQ==",
          "dependencies": [
            "module.repo.github_repository.this"
          ]
        }
      ]
    },
    {
      "module": "module.repo[\"valkyrja-python\"]",
      "mode": "managed",
      "type": "github_repository_ruleset",
      "name": "protect_release_tags",
      "provider": "provider[\"registry.opentofu.org/integrations/github\"]",
      "instances": [
        {
          "schema_version": 1,
          "attributes": {
            "bypass_actors": [
              {
                "actor_id": 0,
                "actor_type": "OrganizationAdmin",
                "bypass_mode": "always"
              }
            ],
            "conditions": [
              {
                "ref_name": [
                  {
                    "exclude": [],
                    "include": [
                      "refs/tags/*.*.*"
                    ]
                  }
                ]
              }
            ],
            "enforcement": "active",
            "etag": "W/\"97769c5e04caf0c642b610ec5ba1da555afdc434171d92753fd04902bc62c56f\"",
            "id": "20275234",
            "name": "Protect Release Tags",
            "node_id": "RRS_lACqUmVwb3NpdG9yec5Owa4_zgE1YCI",
            "repository": "valkyrja-python",
            "rules": [
              {
                "branch_name_pattern": [],
                "commit_author_email_pattern": [],
                "commit_message_pattern": [],
                "committer_email_pattern": [],
                "copilot_code_review": [],
                "creation": false,
                "deletion": true,
                "file_extension_restriction": [],
                "file_path_restriction": [],
                "max_file_path_length": [],
                "max_file_size": [],
                "merge_queue": [],
                "non_fast_forward": true,
                "pull_request": [],
                "required_code_scanning": [],
                "required_deployments": [],
                "required_linear_history": false,
                "required_signatures": false,
                "required_status_checks": [],
                "tag_name_pattern": [],
                "update": false,
                "update_allows_fetch_and_merge": false
              }
            ],
            "ruleset_id": 20275234,
            "target": "tag"
          },
          "sensitive_attributes": [],
          "private": "eyJzY2hlbWFfdmVyc2lvbiI6IjEifQ==",
          "dependencies": [
            "module.repo.github_repository.this"
          ]
        }
      ]
    },
    {
      "module": "module.repo[\"valkyrja-python\"]",
      "mode": "managed",
      "type": "github_repository_ruleset",
      "name": "require_pull_request",
      "provider": "provider[\"registry.opentofu.org/integrations/github\"]",
      "instances": [
        {
          "schema_version": 1,
          "attributes": {
            "bypass_actors": [
              {
                "actor_id": 0,
                "actor_type": "OrganizationAdmin",
                "bypass_mode": "always"
              },
              {
                "actor_id": 2462900,
                "actor_type": "Integration",
                "bypass_mode": "always"
              }
            ],
            "conditions": [
              {
                "ref_name": [
                  {
                    "exclude": [],
                    "include": [
                      "~DEFAULT_BRANCH",
                      "refs/heads/??.x",
                      "refs/heads/master"
                    ]
                  }
                ]
              }
            ],
            "enforcement": "active",
            "etag": "W/\"82b27064d5d6a6cb1cd131610ba22cf7dbb63535060a495cb98c01b959548baf\"",
            "id": "20275236",
            "name": "Require Pull Request",
            "node_id": "RRS_lACqUmVwb3NpdG9yec5Owa4_zgE1YCQ",
            "repository": "valkyrja-python",
            "rules": [
              {
                "branch_name_pattern": [],
                "commit_author_email_pattern": [],
                "commit_message_pattern": [],
                "committer_email_pattern": [],
                "copilot_code_review": [],
                "creation": false,
                "deletion": false,
                "file_extension_restriction": [],
                "file_path_restriction": [],
                "max_file_path_length": [],
                "max_file_size": [],
                "merge_queue": [],
                "non_fast_forward": false,
                "pull_request": [
                  {
                    "allowed_merge_methods": [
                      "squash"
                    ],
                    "dismiss_stale_reviews_on_push": false,
                    "require_code_owner_review": true,
                    "require_last_push_approval": false,
                    "required_approving_review_count": 0,
                    "required_review_thread_resolution": false,
                    "required_reviewers": []
                  }
                ],
                "required_code_scanning": [],
                "required_deployments": [],
                "required_linear_history": false,
                "required_signatures": false,
                "required_status_checks": [],
                "tag_name_pattern": [],
                "update": false,
                "update_allows_fetch_and_merge": false
              }
            ],
            "ruleset_id": 20275236,
            "target": "branch"
          },
          "sensitive_attributes": [],
          "private": "eyJzY2hlbWFfdmVyc2lvbiI6IjEifQ==",
          "dependencies": [
            "github_team.approvers",
            "module.repo.github_repository.this"
          ]
        }
      ]
    },
    {
      "module": "module.repo[\"valkyrja-python\"]",
      "mode": "managed",
      "type": "github_repository_ruleset",
      "name": "required_default_checks",
      "provider": "provider[\"registry.opentofu.org/integrations/github\"]",
      "instances": [
        {
          "schema_version": 1,
          "attributes": {
            "bypass_actors": [
              {
                "actor_id": 0,
                "actor_type": "OrganizationAdmin",
                "bypass_mode": "always"
              },
              {
                "actor_id": 2462900,
                "actor_type": "Integration",
                "bypass_mode": "always"
              }
            ],
            "conditions": [
              {
                "ref_name": [
                  {
                    "exclude": [],
                    "include": [
                      "~DEFAULT_BRANCH",
                      "refs/heads/??.x"
                    ]
                  }
                ]
              }
            ],
            "enforcement": "active",
            "etag": "W/\"4a85101a98d9ba3d0fb80efc96e8917e3ab57af5eaa9824bd04e24fc29e31ab2\"",
            "id": "20275238",
            "name": "Required Default PR Checks",
            "node_id": "RRS_lACqUmVwb3NpdG9yec5Owa4_zgE1YCY",
            "repository": "valkyrja-python",
            "rules": [
              {
                "branch_name_pattern": [],
                "commit_author_email_pattern": [],
                "commit_message_pattern": [],
                "committer_email_pattern": [],
                "copilot_code_review": [],
                "creation": false,
                "deletion": false,
                "file_extension_restriction": [],
                "file_path_restriction": [],
                "max_file_path_length": [],
                "max_file_size": [],
                "merge_queue": [],
                "non_fast_forward": false,
                "pull_request": [],
                "required_code_scanning": [],
                "required_deployments": [],
                "required_linear_history": false,
                "required_signatures": false,
                "required_status_checks": [
                  {
                    "do_not_enforce_on_create": false,
                    "required_check": [
                      {
                        "context": "Commit Message Check / Check Commit Message",
                        "integration_id": 15368
                      },
                      {
                        "context": "Copyright Header Check / Check Copyright Header",
                        "integration_id": 15368
                      },
                      {
                        "context": "Markdown Check / Check Markdown",
                        "integration_id": 15368
                      },
                      {
                        "context": "Trailing Newline Check / Check Trailing Newline",
                        "integration_id": 15368
                      }
                    ],
                    "strict_required_status_checks_policy": false
                  }
                ],
                "tag_name_pattern": [],
                "update": false,
                "update_allows_fetch_and_merge": false
              }
            ],
            "ruleset_id": 20275238,
            "target": "branch"
          },
          "sensitive_attributes": [],
          "private": "eyJzY2hlbWFfdmVyc2lvbiI6IjEifQ==",
          "dependencies": [
            "module.repo.github_repository.this"
          ]
        }
      ]
    },
    {
      "module": "module.repo[\"valkyrja-python\"]",
      "mode": "managed",
      "type": "github_repository_ruleset",
      "name": "required_language_checks",
      "provider": "provider[\"registry.opentofu.org/integrations/github\"]",
      "instances": [
        {
          "index_key": 0,
          "schema_version": 1,
          "attributes": {
            "bypass_actors": [
              {
                "actor_id": 0,
                "actor_type": "OrganizationAdmin",
                "bypass_mode": "always"
              },
              {
                "actor_id": 2462900,
                "actor_type": "Integration",
                "bypass_mode": "always"
              }
            ],
            "conditions": [
              {
                "ref_name": [
                  {
                    "exclude": [],
                    "include": [
                      "~DEFAULT_BRANCH",
                      "refs/heads/??.x"
                    ]
                  }
                ]
              }
            ],
            "enforcement": "active",
            "etag": "W/\"4d571ee92ea2e67ca143659f57c6ebb7495bba414aafdd00012b80bd2b2071bc\"",
            "id": "20275241",
            "name": "Required Python PR Checks",
            "node_id": "RRS_lACqUmVwb3NpdG9yec5Owa4_zgE1YCk",
            "repository": "valkyrja-python",
            "rules": [
              {
                "branch_name_pattern": [],
                "commit_author_email_pattern": [],
                "commit_message_pattern": [],
                "committer_email_pattern": [],
                "copilot_code_review": [],
                "creation": false,
                "deletion": false,
                "file_extension_restriction": [],
                "file_path_restriction": [],
                "max_file_path_length": [],
                "max_file_size": [],
                "merge_queue": [],
                "non_fast_forward": false,
                "pull_request": [],
                "required_code_scanning": [],
                "required_deployments": [],
                "required_linear_history": false,
                "required_signatures": false,
                "required_status_checks": [
                  {
                    "do_not_enforce_on_create": false,
                    "required_check": [
                      {
                        "context": "Tools / Bandit / Bandit",
                        "integration_id": 15368
                      },
                      {
                        "context": "Tools / Ruff / Ruff",
                        "integration_id": 15368
                      },
                      {
                        "context": "Tools / import-linter / import-linter",
                        "integration_id": 15368
                      },
                      {
                        "context": "Tools / mypy / mypy",
                        "integration_id": 15368
                      },
                      {
                        "context": "Tools / pytest / pytest",
                        "integration_id": 15368
                      }
                    ],
                    "strict_required_status_checks_policy": false
                  }
                ],
                "tag_name_pattern": [],
                "update": false,
                "update_allows_fetch_and_merge": false
              }
            ],
            "ruleset_id": 20275241,
            "target": "branch"
          },
          "sensitive_attributes": [],
          "private": "eyJzY2hlbWFfdmVyc2lvbiI6IjEifQ==",
          "dependencies": [
            "module.repo.github_repository.this"
          ]
        }
      ]
    },
    {
      "module": "module.repo[\"valkyrja-python\"]",
      "mode": "managed",
      "type": "github_repository_ruleset",
      "name": "restrict_unsupported_branches",
      "provider": "provider[\"registry.opentofu.org/integrations/github\"]",
      "instances": [
        {
          "schema_version": 1,
          "attributes": {
            "bypass_actors": [
              {
                "actor_id": 2462900,
                "actor_type": "Integration",
                "bypass_mode": "always"
              }
            ],
            "conditions": [
              {
                "ref_name": [
                  {
                    "exclude": [],
                    "include": [
                      "refs/heads/??.x-backup",
                      "refs/heads/master-backup"
                    ]
                  }
                ]
              }
            ],
            "enforcement": "active",
            "etag": "W/\"ad9337412904064f0ec39dc7be3eb4288f4dcd1878600a210c4fe6d7d2163684\"",
            "id": "20275240",
            "name": "Restrict Changes to Unsupported Branches",
            "node_id": "RRS_lACqUmVwb3NpdG9yec5Owa4_zgE1YCg",
            "repository": "valkyrja-python",
            "rules": [
              {
                "branch_name_pattern": [],
                "commit_author_email_pattern": [],
                "commit_message_pattern": [],
                "committer_email_pattern": [],
                "copilot_code_review": [],
                "creation": true,
                "deletion": true,
                "file_extension_restriction": [],
                "file_path_restriction": [],
                "max_file_path_length": [],
                "max_file_size": [],
                "merge_queue": [],
                "non_fast_forward": true,
                "pull_request": [],
                "required_code_scanning": [],
                "required_deployments": [],
                "required_linear_history": false,
                "required_signatures": false,
                "required_status_checks": [],
                "tag_name_pattern": [],
                "update": true,
                "update_allows_fetch_and_merge": false
              }
            ],
            "ruleset_id": 20275240,
            "target": "branch"
          },
          "sensitive_attributes": [],
          "private": "eyJzY2hlbWFfdmVyc2lvbiI6IjEifQ==",
          "dependencies": [
            "module.repo.github_repository.this"
          ]
        }
      ]
    },
    {
      "module": "module.repo[\"valkyrja-python\"]",
      "mode": "managed",
      "type": "github_repository_vulnerability_alerts",
      "name": "this",
      "provider": "provider[\"registry.opentofu.org/integrations/github\"]",
      "instances": [
        {
          "schema_version": 0,
          "attributes": {
            "enabled": true,
            "id": "1321315903",
            "repository": "valkyrja-python",
            "repository_id": 1321315903
          },
          "sensitive_attributes": [],
          "private": "eyJzY2hlbWFfdmVyc2lvbiI6IjAifQ==",
          "dependencies": [
            "module.repo.github_repository.this"
          ]
        }
      ]
    },
    {
      "module": "module.repo[\"valkyrja-python\"]",
      "mode": "managed",
      "type": "github_team_repository",
      "name": "approvers",
      "provider": "provider[\"registry.opentofu.org/integrations/github\"]",
      "instances": [
        {
          "index_key": 0,
          "schema_version": 0,
          "attributes": {
            "etag": "W/\"230b8afbc6524c0f2bf7d1cd2d2381c7b74bf83820a375f3a6bd44a407be41a6\"",
            "id": "18867552:valkyrja-python",
            "permission": "push",
            "repository": "valkyrja-python",
            "team_id": "approvers"
          },
          "sensitive_attributes": [],
          "private": "bnVsbA==",
          "dependencies": [
            "module.repo.github_repository.this"
          ]
        }
      ]
    },
    {
      "module": "module.repo[\"valkyrja-starter-app-go\"]",
      "mode": "managed",
      "type": "github_issue_label",
      "name": "claude_review",
      "provider": "provider[\"registry.opentofu.org/integrations/github\"]",
      "instances": [
        {
          "schema_version": 0,
          "attributes": {
            "color": "5319e7",
            "description": "Ask Claude to review this pull request",
            "etag": "W/\"e456abc0f74415387a48253126e59e3d94059256331102f755d84ea6a1c31b02\"",
            "id": "valkyrja-starter-app-go:claude-review",
            "name": "claude-review",
            "repository": "valkyrja-starter-app-go",
            "url": "https://api.github.com/repos/valkyrjaio/valkyrja-starter-app-go/labels/claude-review"
          },
          "sensitive_attributes": [],
          "private": "eyJzY2hlbWFfdmVyc2lvbiI6IjAifQ==",
          "dependencies": [
            "module.repo.github_repository.this"
          ]
        }
      ]
    },
    {
      "module": "module.repo[\"valkyrja-starter-app-go\"]",
      "mode": "managed",
      "type": "github_repository",
      "name": "this",
      "provider": "provider[\"registry.opentofu.org/integrations/github\"]",
      "instances": [
        {
          "schema_version": 1,
          "attributes": {
            "allow_auto_merge": false,
            "allow_forking": true,
            "allow_merge_commit": false,
            "allow_rebase_merge": false,
            "allow_squash_merge": true,
            "allow_update_branch": false,
            "archive_on_destroy": null,
            "archived": false,
            "auto_init": false,
            "default_branch": "26.x",
            "delete_branch_on_merge": true,
            "description": "Starter application template for building on the Valkyrja Go framework",
            "etag": "W/\"1527f6161c007c6f0c4e04adb653f24c3df2be4ef60abe3b80fe3e1e37333840\"",
            "fork": "false",
            "full_name": "valkyrjaio/valkyrja-starter-app-go",
            "git_clone_url": "git://github.com/valkyrjaio/valkyrja-starter-app-go.git",
            "gitignore_template": null,
            "has_discussions": false,
            "has_downloads": false,
            "has_issues": true,
            "has_projects": false,
            "has_wiki": false,
            "homepage_url": "",
            "html_url": "https://github.com/valkyrjaio/valkyrja-starter-app-go",
            "http_clone_url": "https://github.com/valkyrjaio/valkyrja-starter-app-go.git",
            "id": "valkyrja-starter-app-go",
            "ignore_vulnerability_alerts_during_read": false,
            "is_template": true,
            "license_template": null,
            "merge_commit_message": "PR_TITLE",
            "merge_commit_title": "MERGE_MESSAGE",
            "name": "valkyrja-starter-app-go",
            "node_id": "R_kgDOTsJLhA",
            "pages": [],
            "primary_language": "Makefile",
            "private": false,
            "repo_id": 1321356164,
            "security_and_analysis": [
              {
                "advanced_security": [],
                "code_security": [],
                "secret_scanning": [
                  {
                    "status": "disabled"
                  }
                ],
                "secret_scanning_ai_detection": [],
                "secret_scanning_non_provider_patterns": [],
                "secret_scanning_push_protection": [
                  {
                    "status": "disabled"
                  }
                ]
              }
            ],
            "source_owner": "",
            "source_repo": "",
            "squash_merge_commit_message": "PR_BODY",
            "squash_merge_commit_title": "PR_TITLE",
            "ssh_clone_url": "git@github.com:valkyrjaio/valkyrja-starter-app-go.git",
            "svn_url": "https://github.com/valkyrjaio/valkyrja-starter-app-go",
            "template": [
              {
                "include_all_branches": false,
                "owner": "valkyrjaio",
                "repository": "project-template-go"
              }
            ],
            "topics": [],
            "visibility": "public",
            "vulnerability_alerts": true,
            "web_commit_signoff_required": false
          },
          "sensitive_attributes": [],
          "private": "eyJzY2hlbWFfdmVyc2lvbiI6IjEifQ=="
        }
      ]
    },
    {
      "module": "module.repo[\"valkyrja-starter-app-go\"]",
      "mode": "managed",
      "type": "github_repository_ruleset",
      "name": "force_push_protection",
      "provider": "provider[\"registry.opentofu.org/integrations/github\"]",
      "instances": [
        {
          "schema_version": 1,
          "attributes": {
            "bypass_actors": [
              {
                "actor_id": 0,
                "actor_type": "OrganizationAdmin",
                "bypass_mode": "always"
              }
            ],
            "conditions": [
              {
                "ref_name": [
                  {
                    "exclude": [],
                    "include": [
                      "refs/heads/??.x"
                    ]
                  }
                ]
              }
            ],
            "enforcement": "active",
            "etag": "W/\"1bd3d74fbf057a03226f978f3795f409660d7f8e01e30950258134fb5a81902d\"",
            "id": "20276843",
            "name": "Protect Against Force Pushes and Deletion",
            "node_id": "RRS_lACqUmVwb3NpdG9yec5OwkuEzgE1Zms",
            "repository": "valkyrja-starter-app-go",
            "rules": [
              {
                "branch_name_pattern": [],
                "commit_author_email_pattern": [],
                "commit_message_pattern": [],
                "committer_email_pattern": [],
                "copilot_code_review": [],
                "creation": false,
                "deletion": true,
                "file_extension_restriction": [],
                "file_path_restriction": [],
                "max_file_path_length": [],
                "max_file_size": [],
                "merge_queue": [],
                "non_fast_forward": true,
                "pull_request": [],
                "required_code_scanning": [],
                "required_deployments": [],
                "required_linear_history": false,
                "required_signatures": false,
                "required_status_checks": [],
                "tag_name_pattern": [],
                "update": false,
                "update_allows_fetch_and_merge": false
              }
            ],
            "ruleset_id": 20276843,
            "target": "branch"
          },
          "sensitive_attributes": [],
          "private": "eyJzY2hlbWFfdmVyc2lvbiI6IjEifQ==",
          "dependencies": [
            "module.repo.github_repository.this"
          ]
        }
      ]
    },
    {
      "module": "module.repo[\"valkyrja-starter-app-go\"]",
      "mode": "managed",
      "type": "github_repository_ruleset",
      "name": "protect_master",
      "provider": "provider[\"registry.opentofu.org/integrations/github\"]",
      "instances": [
        {
          "schema_version": 1,
          "attributes": {
            "bypass_actors": [],
            "conditions": [
              {
                "ref_name": [
                  {
                    "exclude": [],
                    "include": [
                      "refs/heads/master"
                    ]
                  }
                ]
              }
            ],
            "enforcement": "active",
            "etag": "W/\"8ac9d6f080584564f3c9a16b8b9646de9401cfe0a8fb3684afaf3f6639a4cd04\"",
            "id": "20276844",
            "name": "Protect Master At All Times",
            "node_id": "RRS_lACqUmVwb3NpdG9yec5OwkuEzgE1Zmw",
            "repository": "valkyrja-starter-app-go",
            "rules": [
              {
                "branch_name_pattern": [],
                "commit_author_email_pattern": [],
                "commit_message_pattern": [],
                "committer_email_pattern": [],
                "copilot_code_review": [],
                "creation": false,
                "deletion": true,
                "file_extension_restriction": [],
                "file_path_restriction": [],
                "max_file_path_length": [],
                "max_file_size": [],
                "merge_queue": [],
                "non_fast_forward": true,
                "pull_request": [],
                "required_code_scanning": [],
                "required_deployments": [],
                "required_linear_history": false,
                "required_signatures": false,
                "required_status_checks": [],
                "tag_name_pattern": [],
                "update": false,
                "update_allows_fetch_and_merge": false
              }
            ],
            "ruleset_id": 20276844,
            "target": "branch"
          },
          "sensitive_attributes": [],
          "private": "eyJzY2hlbWFfdmVyc2lvbiI6IjEifQ==",
          "dependencies": [
            "module.repo.github_repository.this"
          ]
        }
      ]
    },
    {
      "module": "module.repo[\"valkyrja-starter-app-go\"]",
      "mode": "managed",
      "type": "github_repository_ruleset",
      "name": "protect_release_tags",
      "provider": "provider[\"registry.opentofu.org/integrations/github\"]",
      "instances": [
        {
          "schema_version": 1,
          "attributes": {
            "bypass_actors": [
              {
                "actor_id": 0,
                "actor_type": "OrganizationAdmin",
                "bypass_mode": "always"
              }
            ],
            "conditions": [
              {
                "ref_name": [
                  {
                    "exclude": [],
                    "include": [
                      "refs/tags/*.*.*"
                    ]
                  }
                ]
              }
            ],
            "enforcement": "active",
            "etag": "W/\"20ddba320ed38bd3b32a8d6ebb3463cd2374405c7a0f9d852cfa804a4d013fd2\"",
            "id": "20276846",
            "name": "Protect Release Tags",
            "node_id": "RRS_lACqUmVwb3NpdG9yec5OwkuEzgE1Zm4",
            "repository": "valkyrja-starter-app-go",
            "rules": [
              {
                "branch_name_pattern": [],
                "commit_author_email_pattern": [],
                "commit_message_pattern": [],
                "committer_email_pattern": [],
                "copilot_code_review": [],
                "creation": false,
                "deletion": true,
                "file_extension_restriction": [],
                "file_path_restriction": [],
                "max_file_path_length": [],
                "max_file_size": [],
                "merge_queue": [],
                "non_fast_forward": true,
                "pull_request": [],
                "required_code_scanning": [],
                "required_deployments": [],
                "required_linear_history": false,
                "required_signatures": false,
                "required_status_checks": [],
                "tag_name_pattern": [],
                "update": false,
                "update_allows_fetch_and_merge": false
              }
            ],
            "ruleset_id": 20276846,
            "target": "tag"
          },
          "sensitive_attributes": [],
          "private": "eyJzY2hlbWFfdmVyc2lvbiI6IjEifQ==",
          "dependencies": [
            "module.repo.github_repository.this"
          ]
        }
      ]
    },
    {
      "module": "module.repo[\"valkyrja-starter-app-go\"]",
      "mode": "managed",
      "type": "github_repository_ruleset",
      "name": "require_pull_request",
      "provider": "provider[\"registry.opentofu.org/integrations/github\"]",
      "instances": [
        {
          "schema_version": 1,
          "attributes": {
            "bypass_actors": [
              {
                "actor_id": 0,
                "actor_type": "OrganizationAdmin",
                "bypass_mode": "always"
              },
              {
                "actor_id": 2462900,
                "actor_type": "Integration",
                "bypass_mode": "always"
              }
            ],
            "conditions": [
              {
                "ref_name": [
                  {
                    "exclude": [],
                    "include": [
                      "~DEFAULT_BRANCH",
                      "refs/heads/??.x",
                      "refs/heads/master"
                    ]
                  }
                ]
              }
            ],
            "enforcement": "active",
            "etag": "W/\"18a26bb0766200b6fab1cb1833ec2e980f88c1bf93e0cf3eb7082a6cf31a0abc\"",
            "id": "20276847",
            "name": "Require Pull Request",
            "node_id": "RRS_lACqUmVwb3NpdG9yec5OwkuEzgE1Zm8",
            "repository": "valkyrja-starter-app-go",
            "rules": [
              {
                "branch_name_pattern": [],
                "commit_author_email_pattern": [],
                "commit_message_pattern": [],
                "committer_email_pattern": [],
                "copilot_code_review": [],
                "creation": false,
                "deletion": false,
                "file_extension_restriction": [],
                "file_path_restriction": [],
                "max_file_path_length": [],
                "max_file_size": [],
                "merge_queue": [],
                "non_fast_forward": false,
                "pull_request": [
                  {
                    "allowed_merge_methods": [
                      "squash"
                    ],
                    "dismiss_stale_reviews_on_push": false,
                    "require_code_owner_review": true,
                    "require_last_push_approval": false,
                    "required_approving_review_count": 0,
                    "required_review_thread_resolution": false,
                    "required_reviewers": []
                  }
                ],
                "required_code_scanning": [],
                "required_deployments": [],
                "required_linear_history": false,
                "required_signatures": false,
                "required_status_checks": [],
                "tag_name_pattern": [],
                "update": false,
                "update_allows_fetch_and_merge": false
              }
            ],
            "ruleset_id": 20276847,
            "target": "branch"
          },
          "sensitive_attributes": [],
          "private": "eyJzY2hlbWFfdmVyc2lvbiI6IjEifQ==",
          "dependencies": [
            "github_team.approvers",
            "module.repo.github_repository.this"
          ]
        }
      ]
    },
    {
      "module": "module.repo[\"valkyrja-starter-app-go\"]",
      "mode": "managed",
      "type": "github_repository_ruleset",
      "name": "required_default_checks",
      "provider": "provider[\"registry.opentofu.org/integrations/github\"]",
      "instances": [
        {
          "schema_version": 1,
          "attributes": {
            "bypass_actors": [
              {
                "actor_id": 0,
                "actor_type": "OrganizationAdmin",
                "bypass_mode": "always"
              },
              {
                "actor_id": 2462900,
                "actor_type": "Integration",
                "bypass_mode": "always"
              }
            ],
            "conditions": [
              {
                "ref_name": [
                  {
                    "exclude": [],
                    "include": [
                      "~DEFAULT_BRANCH",
                      "refs/heads/??.x"
                    ]
                  }
                ]
              }
            ],
            "enforcement": "active",
            "etag": "W/\"39e4751521f8b4a7a7b97433b911ff70e53aded02f53dab5e2a8f1ea5974a3b4\"",
            "id": "20276849",
            "name": "Required Default PR Checks",
            "node_id": "RRS_lACqUmVwb3NpdG9yec5OwkuEzgE1ZnE",
            "repository": "valkyrja-starter-app-go",
            "rules": [
              {
                "branch_name_pattern": [],
                "commit_author_email_pattern": [],
                "commit_message_pattern": [],
                "committer_email_pattern": [],
                "copilot_code_review": [],
                "creation": false,
                "deletion": false,
                "file_extension_restriction": [],
                "file_path_restriction": [],
                "max_file_path_length": [],
                "max_file_size": [],
                "merge_queue": [],
                "non_fast_forward": false,
                "pull_request": [],
                "required_code_scanning": [],
                "required_deployments": [],
                "required_linear_history": false,
                "required_signatures": false,
                "required_status_checks": [
                  {
                    "do_not_enforce_on_create": false,
                    "required_check": [
                      {
                        "context": "Commit Message Check / Check Commit Message",
                        "integration_id": 15368
                      },
                      {
                        "context": "Copyright Header Check / Check Copyright Header",
                        "integration_id": 15368
                      },
                      {
                        "context": "Markdown Check / Check Markdown",
                        "integration_id": 15368
                      },
                      {
                        "context": "Trailing Newline Check / Check Trailing Newline",
                        "integration_id": 15368
                      }
                    ],
                    "strict_required_status_checks_policy": false
                  }
                ],
                "tag_name_pattern": [],
                "update": false,
                "update_allows_fetch_and_merge": false
              }
            ],
            "ruleset_id": 20276849,
            "target": "branch"
          },
          "sensitive_attributes": [],
          "private": "eyJzY2hlbWFfdmVyc2lvbiI6IjEifQ==",
          "dependencies": [
            "module.repo.github_repository.this"
          ]
        }
      ]
    },
    {
      "module": "module.repo[\"valkyrja-starter-app-go\"]",
      "mode": "managed",
      "type": "github_repository_ruleset",
      "name": "required_language_checks",
      "provider": "provider[\"registry.opentofu.org/integrations/github\"]",
      "instances": [
        {
          "index_key": 0,
          "schema_version": 1,
          "attributes": {
            "bypass_actors": [
              {
                "actor_id": 0,
                "actor_type": "OrganizationAdmin",
                "bypass_mode": "always"
              },
              {
                "actor_id": 2462900,
                "actor_type": "Integration",
                "bypass_mode": "always"
              }
            ],
            "conditions": [
              {
                "ref_name": [
                  {
                    "exclude": [],
                    "include": [
                      "~DEFAULT_BRANCH",
                      "refs/heads/??.x"
                    ]
                  }
                ]
              }
            ],
            "enforcement": "active",
            "etag": "W/\"50e3f3ccd74cb5fc0c6f5f683497aa503f46efb7f1696f1602a0add308bcaf7b\"",
            "id": "20276854",
            "name": "Required Go PR Checks",
            "node_id": "RRS_lACqUmVwb3NpdG9yec5OwkuEzgE1ZnY",
            "repository": "valkyrja-starter-app-go",
            "rules": [
              {
                "branch_name_pattern": [],
                "commit_author_email_pattern": [],
                "commit_message_pattern": [],
                "committer_email_pattern": [],
                "copilot_code_review": [],
                "creation": false,
                "deletion": false,
                "file_extension_restriction": [],
                "file_path_restriction": [],
                "max_file_path_length": [],
                "max_file_size": [],
                "merge_queue": [],
                "non_fast_forward": false,
                "pull_request": [],
                "required_code_scanning": [],
                "required_deployments": [],
                "required_linear_history": false,
                "required_signatures": false,
                "required_status_checks": [
                  {
                    "do_not_enforce_on_create": false,
                    "required_check": [
                      {
                        "context": "Tools / Test / Test",
                        "integration_id": 15368
                      },
                      {
                        "context": "Tools / golangci-lint / golangci-lint",
                        "integration_id": 15368
                      }
                    ],
                    "strict_required_status_checks_policy": false
                  }
                ],
                "tag_name_pattern": [],
                "update": false,
                "update_allows_fetch_and_merge": false
              }
            ],
            "ruleset_id": 20276854,
            "target": "branch"
          },
          "sensitive_attributes": [],
          "private": "eyJzY2hlbWFfdmVyc2lvbiI6IjEifQ==",
          "dependencies": [
            "module.repo.github_repository.this"
          ]
        }
      ]
    },
    {
      "module": "module.repo[\"valkyrja-starter-app-go\"]",
      "mode": "managed",
      "type": "github_repository_ruleset",
      "name": "restrict_unsupported_branches",
      "provider": "provider[\"registry.opentofu.org/integrations/github\"]",
      "instances": [
        {
          "schema_version": 1,
          "attributes": {
            "bypass_actors": [
              {
                "actor_id": 2462900,
                "actor_type": "Integration",
                "bypass_mode": "always"
              }
            ],
            "conditions": [
              {
                "ref_name": [
                  {
                    "exclude": [],
                    "include": [
                      "refs/heads/??.x-backup",
                      "refs/heads/master-backup"
                    ]
                  }
                ]
              }
            ],
            "enforcement": "active",
            "etag": "W/\"33116c74519ffb63618841954ea2d7dc943a5eb962df6cece172a368c9586ee7\"",
            "id": "20276852",
            "name": "Restrict Changes to Unsupported Branches",
            "node_id": "RRS_lACqUmVwb3NpdG9yec5OwkuEzgE1ZnQ",
            "repository": "valkyrja-starter-app-go",
            "rules": [
              {
                "branch_name_pattern": [],
                "commit_author_email_pattern": [],
                "commit_message_pattern": [],
                "committer_email_pattern": [],
                "copilot_code_review": [],
                "creation": true,
                "deletion": true,
                "file_extension_restriction": [],
                "file_path_restriction": [],
                "max_file_path_length": [],
                "max_file_size": [],
                "merge_queue": [],
                "non_fast_forward": true,
                "pull_request": [],
                "required_code_scanning": [],
                "required_deployments": [],
                "required_linear_history": false,
                "required_signatures": false,
                "required_status_checks": [],
                "tag_name_pattern": [],
                "update": true,
                "update_allows_fetch_and_merge": false
              }
            ],
            "ruleset_id": 20276852,
            "target": "branch"
          },
          "sensitive_attributes": [],
          "private": "eyJzY2hlbWFfdmVyc2lvbiI6IjEifQ==",
          "dependencies": [
            "module.repo.github_repository.this"
          ]
        }
      ]
    },
    {
      "module": "module.repo[\"valkyrja-starter-app-go\"]",
      "mode": "managed",
      "type": "github_repository_vulnerability_alerts",
      "name": "this",
      "provider": "provider[\"registry.opentofu.org/integrations/github\"]",
      "instances": [
        {
          "schema_version": 0,
          "attributes": {
            "enabled": true,
            "id": "1321356164",
            "repository": "valkyrja-starter-app-go",
            "repository_id": 1321356164
          },
          "sensitive_attributes": [],
          "private": "eyJzY2hlbWFfdmVyc2lvbiI6IjAifQ==",
          "dependencies": [
            "module.repo.github_repository.this"
          ]
        }
      ]
    },
    {
      "module": "module.repo[\"valkyrja-starter-app-go\"]",
      "mode": "managed",
      "type": "github_team_repository",
      "name": "approvers",
      "provider": "provider[\"registry.opentofu.org/integrations/github\"]",
      "instances": [
        {
          "index_key": 0,
          "schema_version": 0,
          "attributes": {
            "etag": "W/\"78fe1745e42b1641dbb521cdf941e7223073e475ead9a5cc46449c9f2cd71934\"",
            "id": "18867552:valkyrja-starter-app-go",
            "permission": "push",
            "repository": "valkyrja-starter-app-go",
            "team_id": "approvers"
          },
          "sensitive_attributes": [],
          "private": "bnVsbA==",
          "dependencies": [
            "module.repo.github_repository.this"
          ]
        }
      ]
    },
    {
      "module": "module.repo[\"valkyrja-starter-app-java\"]",
      "mode": "managed",
      "type": "github_issue_label",
      "name": "claude_review",
      "provider": "provider[\"registry.opentofu.org/integrations/github\"]",
      "instances": [
        {
          "schema_version": 0,
          "attributes": {
            "color": "5319e7",
            "description": "Ask Claude to review this pull request",
            "etag": "W/\"494c4717369dabcd87d4b536976ee690312fd9ec8d45d85327166ef6b112b8fb\"",
            "id": "valkyrja-starter-app-java:claude-review",
            "name": "claude-review",
            "repository": "valkyrja-starter-app-java",
            "url": "https://api.github.com/repos/valkyrjaio/valkyrja-starter-app-java/labels/claude-review"
          },
          "sensitive_attributes": [],
          "private": "eyJzY2hlbWFfdmVyc2lvbiI6IjAifQ==",
          "dependencies": [
            "module.repo.github_repository.this"
          ]
        }
      ]
    },
    {
      "module": "module.repo[\"valkyrja-starter-app-java\"]",
      "mode": "managed",
      "type": "github_repository",
      "name": "this",
      "provider": "provider[\"registry.opentofu.org/integrations/github\"]",
      "instances": [
        {
          "schema_version": 1,
          "attributes": {
            "allow_auto_merge": false,
            "allow_forking": true,
            "allow_merge_commit": false,
            "allow_rebase_merge": false,
            "allow_squash_merge": true,
            "allow_update_branch": false,
            "archive_on_destroy": null,
            "archived": false,
            "auto_init": false,
            "default_branch": "26.x",
            "delete_branch_on_merge": true,
            "description": "Starter application template for building on the Valkyrja Java framework",
            "etag": "W/\"0bde701021b7d088f5c2adc8bb7ebd6ad332f42e76b011c70baea703772ba756\"",
            "fork": "false",
            "full_name": "valkyrjaio/valkyrja-starter-app-java",
            "git_clone_url": "git://github.com/valkyrjaio/valkyrja-starter-app-java.git",
            "gitignore_template": null,
            "has_discussions": false,
            "has_downloads": false,
            "has_issues": true,
            "has_projects": false,
            "has_wiki": false,
            "homepage_url": "",
            "html_url": "https://github.com/valkyrjaio/valkyrja-starter-app-java",
            "http_clone_url": "https://github.com/valkyrjaio/valkyrja-starter-app-java.git",
            "id": "valkyrja-starter-app-java",
            "ignore_vulnerability_alerts_during_read": null,
            "is_template": true,
            "license_template": null,
            "merge_commit_message": "PR_TITLE",
            "merge_commit_title": "MERGE_MESSAGE",
            "name": "valkyrja-starter-app-java",
            "node_id": "R_kgDOR8swBQ",
            "pages": [],
            "primary_language": "Java",
            "private": false,
            "repo_id": 1204498437,
            "security_and_analysis": [
              {
                "advanced_security": [],
                "code_security": [],
                "secret_scanning": [
                  {
                    "status": "disabled"
                  }
                ],
                "secret_scanning_ai_detection": [],
                "secret_scanning_non_provider_patterns": [],
                "secret_scanning_push_protection": [
                  {
                    "status": "disabled"
                  }
                ]
              }
            ],
            "source_owner": "",
            "source_repo": "",
            "squash_merge_commit_message": "PR_BODY",
            "squash_merge_commit_title": "PR_TITLE",
            "ssh_clone_url": "git@github.com:valkyrjaio/valkyrja-starter-app-java.git",
            "svn_url": "https://github.com/valkyrjaio/valkyrja-starter-app-java",
            "template": [],
            "topics": [],
            "visibility": "public",
            "vulnerability_alerts": true,
            "web_commit_signoff_required": false
          },
          "sensitive_attributes": [],
          "private": "eyJzY2hlbWFfdmVyc2lvbiI6IjEifQ=="
        }
      ]
    },
    {
      "module": "module.repo[\"valkyrja-starter-app-java\"]",
      "mode": "managed",
      "type": "github_repository_ruleset",
      "name": "extra_checks",
      "provider": "provider[\"registry.opentofu.org/integrations/github\"]",
      "instances": [
        {
          "index_key": "Required Starter App PR Checks",
          "schema_version": 1,
          "attributes": {
            "bypass_actors": [
              {
                "actor_id": 0,
                "actor_type": "OrganizationAdmin",
                "bypass_mode": "always"
              },
              {
                "actor_id": 2462900,
                "actor_type": "Integration",
                "bypass_mode": "always"
              }
            ],
            "conditions": [
              {
                "ref_name": [
                  {
                    "exclude": [],
                    "include": [
                      "~DEFAULT_BRANCH",
                      "refs/heads/??.x"
                    ]
                  }
                ]
              }
            ],
            "enforcement": "active",
            "etag": "W/\"5c06ae776b8ea47f55cf973dfefa6e1d98b5d71a99b1ae6a1d9196b9b9e6ba7e\"",
            "id": "19745930",
            "name": "Required Starter App PR Checks",
            "node_id": "RRS_lACqUmVwb3NpdG9yec5HyzAFzgEtTIo",
            "repository": "valkyrja-starter-app-java",
            "rules": [
              {
                "branch_name_pattern": [],
                "commit_author_email_pattern": [],
                "commit_message_pattern": [],
                "committer_email_pattern": [],
                "copilot_code_review": [],
                "creation": false,
                "deletion": false,
                "file_extension_restriction": [],
                "file_path_restriction": [],
                "max_file_path_length": [],
                "max_file_size": [],
                "merge_queue": [],
                "non_fast_forward": false,
                "pull_request": [],
                "required_code_scanning": [],
                "required_deployments": [],
                "required_linear_history": false,
                "required_signatures": false,
                "required_status_checks": [
                  {
                    "do_not_enforce_on_create": false,
                    "required_check": [
                      {
                        "context": "Sindri JUnit / JUnit",
                        "integration_id": 15368
                      }
                    ],
                    "strict_required_status_checks_policy": false
                  }
                ],
                "tag_name_pattern": [],
                "update": false,
                "update_allows_fetch_and_merge": false
              }
            ],
            "ruleset_id": 19745930,
            "target": "branch"
          },
          "sensitive_attributes": [],
          "private": "eyJzY2hlbWFfdmVyc2lvbiI6IjEifQ==",
          "dependencies": [
            "module.repo.github_repository.this"
          ]
        }
      ]
    },
    {
      "module": "module.repo[\"valkyrja-starter-app-java\"]",
      "mode": "managed",
      "type": "github_repository_ruleset",
      "name": "force_push_protection",
      "provider": "provider[\"registry.opentofu.org/integrations/github\"]",
      "instances": [
        {
          "schema_version": 1,
          "attributes": {
            "bypass_actors": [
              {
                "actor_id": 0,
                "actor_type": "OrganizationAdmin",
                "bypass_mode": "always"
              }
            ],
            "conditions": [
              {
                "ref_name": [
                  {
                    "exclude": [],
                    "include": [
                      "refs/heads/??.x"
                    ]
                  }
                ]
              }
            ],
            "enforcement": "active",
            "etag": "W/\"6617b041836aa7c6c5a3ea10d5fcddfef689b630f96eacc769e2abe5cc9b06fb\"",
            "id": "15195240",
            "name": "Protect Against Force Pushes and Deletion",
            "node_id": "RRS_lACqUmVwb3NpdG9yec5HyzAFzgDn3Gg",
            "repository": "valkyrja-starter-app-java",
            "rules": [
              {
                "branch_name_pattern": [],
                "commit_author_email_pattern": [],
                "commit_message_pattern": [],
                "committer_email_pattern": [],
                "copilot_code_review": [],
                "creation": false,
                "deletion": true,
                "file_extension_restriction": [],
                "file_path_restriction": [],
                "max_file_path_length": [],
                "max_file_size": [],
                "merge_queue": [],
                "non_fast_forward": true,
                "pull_request": [],
                "required_code_scanning": [],
                "required_deployments": [],
                "required_linear_history": false,
                "required_signatures": false,
                "required_status_checks": [],
                "tag_name_pattern": [],
                "update": false,
                "update_allows_fetch_and_merge": false
              }
            ],
            "ruleset_id": 15195240,
            "target": "branch"
          },
          "sensitive_attributes": [],
          "private": "eyJzY2hlbWFfdmVyc2lvbiI6IjEifQ==",
          "dependencies": [
            "module.repo.github_repository.this"
          ]
        }
      ]
    },
    {
      "module": "module.repo[\"valkyrja-starter-app-java\"]",
      "mode": "managed",
      "type": "github_repository_ruleset",
      "name": "protect_master",
      "provider": "provider[\"registry.opentofu.org/integrations/github\"]",
      "instances": [
        {
          "schema_version": 1,
          "attributes": {
            "bypass_actors": [],
            "conditions": [
              {
                "ref_name": [
                  {
                    "exclude": [],
                    "include": [
                      "refs/heads/master"
                    ]
                  }
                ]
              }
            ],
            "enforcement": "active",
            "etag": "W/\"e54045d45c37ffddb421fb53025f7387378c39f8e596adbfb78e0a23b230d137\"",
            "id": "15195242",
            "name": "Protect Master At All Times",
            "node_id": "RRS_lACqUmVwb3NpdG9yec5HyzAFzgDn3Go",
            "repository": "valkyrja-starter-app-java",
            "rules": [
              {
                "branch_name_pattern": [],
                "commit_author_email_pattern": [],
                "commit_message_pattern": [],
                "committer_email_pattern": [],
                "copilot_code_review": [],
                "creation": false,
                "deletion": true,
                "file_extension_restriction": [],
                "file_path_restriction": [],
                "max_file_path_length": [],
                "max_file_size": [],
                "merge_queue": [],
                "non_fast_forward": true,
                "pull_request": [],
                "required_code_scanning": [],
                "required_deployments": [],
                "required_linear_history": false,
                "required_signatures": false,
                "required_status_checks": [],
                "tag_name_pattern": [],
                "update": false,
                "update_allows_fetch_and_merge": false
              }
            ],
            "ruleset_id": 15195242,
            "target": "branch"
          },
          "sensitive_attributes": [],
          "private": "eyJzY2hlbWFfdmVyc2lvbiI6IjEifQ==",
          "dependencies": [
            "module.repo.github_repository.this"
          ]
        }
      ]
    },
    {
      "module": "module.repo[\"valkyrja-starter-app-java\"]",
      "mode": "managed",
      "type": "github_repository_ruleset",
      "name": "protect_release_tags",
      "provider": "provider[\"registry.opentofu.org/integrations/github\"]",
      "instances": [
        {
          "schema_version": 1,
          "attributes": {
            "bypass_actors": [
              {
                "actor_id": 0,
                "actor_type": "OrganizationAdmin",
                "bypass_mode": "always"
              }
            ],
            "conditions": [
              {
                "ref_name": [
                  {
                    "exclude": [],
                    "include": [
                      "refs/tags/*.*.*"
                    ]
                  }
                ]
              }
            ],
            "enforcement": "active",
            "etag": "W/\"d2ef3ed230f981555d1e454cb8a2b2dad1d1c4eba09675b69db67decaa49af10\"",
            "id": "15200885",
            "name": "Protect Release Tags",
            "node_id": "RRS_lACqUmVwb3NpdG9yec5HyzAFzgDn8nU",
            "repository": "valkyrja-starter-app-java",
            "rules": [
              {
                "branch_name_pattern": [],
                "commit_author_email_pattern": [],
                "commit_message_pattern": [],
                "committer_email_pattern": [],
                "copilot_code_review": [],
                "creation": false,
                "deletion": true,
                "file_extension_restriction": [],
                "file_path_restriction": [],
                "max_file_path_length": [],
                "max_file_size": [],
                "merge_queue": [],
                "non_fast_forward": true,
                "pull_request": [],
                "required_code_scanning": [],
                "required_deployments": [],
                "required_linear_history": false,
                "required_signatures": false,
                "required_status_checks": [],
                "tag_name_pattern": [],
                "update": false,
                "update_allows_fetch_and_merge": false
              }
            ],
            "ruleset_id": 15200885,
            "target": "tag"
          },
          "sensitive_attributes": [],
          "private": "eyJzY2hlbWFfdmVyc2lvbiI6IjEifQ==",
          "dependencies": [
            "module.repo.github_repository.this"
          ]
        }
      ]
    },
    {
      "module": "module.repo[\"valkyrja-starter-app-java\"]",
      "mode": "managed",
      "type": "github_repository_ruleset",
      "name": "require_pull_request",
      "provider": "provider[\"registry.opentofu.org/integrations/github\"]",
      "instances": [
        {
          "schema_version": 1,
          "attributes": {
            "bypass_actors": [
              {
                "actor_id": 0,
                "actor_type": "OrganizationAdmin",
                "bypass_mode": "always"
              },
              {
                "actor_id": 2462900,
                "actor_type": "Integration",
                "bypass_mode": "always"
              }
            ],
            "conditions": [
              {
                "ref_name": [
                  {
                    "exclude": [],
                    "include": [
                      "~DEFAULT_BRANCH",
                      "refs/heads/??.x",
                      "refs/heads/master"
                    ]
                  }
                ]
              }
            ],
            "enforcement": "active",
            "etag": "W/\"fd8f1a054c3608117932632bb131721658818d81a3a632bca721f18ba4b2e845\"",
            "id": "15195243",
            "name": "Require Pull Request",
            "node_id": "RRS_lACqUmVwb3NpdG9yec5HyzAFzgDn3Gs",
            "repository": "valkyrja-starter-app-java",
            "rules": [
              {
                "branch_name_pattern": [],
                "commit_author_email_pattern": [],
                "commit_message_pattern": [],
                "committer_email_pattern": [],
                "copilot_code_review": [],
                "creation": false,
                "deletion": false,
                "file_extension_restriction": [],
                "file_path_restriction": [],
                "max_file_path_length": [],
                "max_file_size": [],
                "merge_queue": [],
                "non_fast_forward": false,
                "pull_request": [
                  {
                    "allowed_merge_methods": [
                      "squash"
                    ],
                    "dismiss_stale_reviews_on_push": false,
                    "require_code_owner_review": true,
                    "require_last_push_approval": false,
                    "required_approving_review_count": 0,
                    "required_review_thread_resolution": false,
                    "required_reviewers": []
                  }
                ],
                "required_code_scanning": [],
                "required_deployments": [],
                "required_linear_history": false,
                "required_signatures": false,
                "required_status_checks": [],
                "tag_name_pattern": [],
                "update": false,
                "update_allows_fetch_and_merge": false
              }
            ],
            "ruleset_id": 15195243,
            "target": "branch"
          },
          "sensitive_attributes": [],
          "private": "eyJzY2hlbWFfdmVyc2lvbiI6IjEifQ==",
          "dependencies": [
            "github_team.approvers",
            "module.repo.github_repository.this"
          ]
        }
      ]
    },
    {
      "module": "module.repo[\"valkyrja-starter-app-java\"]",
      "mode": "managed",
      "type": "github_repository_ruleset",
      "name": "required_default_checks",
      "provider": "provider[\"registry.opentofu.org/integrations/github\"]",
      "instances": [
        {
          "schema_version": 1,
          "attributes": {
            "bypass_actors": [
              {
                "actor_id": 0,
                "actor_type": "OrganizationAdmin",
                "bypass_mode": "always"
              },
              {
                "actor_id": 2462900,
                "actor_type": "Integration",
                "bypass_mode": "always"
              }
            ],
            "conditions": [
              {
                "ref_name": [
                  {
                    "exclude": [],
                    "include": [
                      "~DEFAULT_BRANCH",
                      "refs/heads/??.x"
                    ]
                  }
                ]
              }
            ],
            "enforcement": "active",
            "etag": "W/\"47e70eb3dac5a259a1f33dd0adc2e59f8c950fb47d6e758d5bbb35ba0d274ffc\"",
            "id": "15274012",
            "name": "Required Default PR Checks",
            "node_id": "RRS_lACqUmVwb3NpdG9yec5HyzAFzgDpEBw",
            "repository": "valkyrja-starter-app-java",
            "rules": [
              {
                "branch_name_pattern": [],
                "commit_author_email_pattern": [],
                "commit_message_pattern": [],
                "committer_email_pattern": [],
                "copilot_code_review": [],
                "creation": false,
                "deletion": false,
                "file_extension_restriction": [],
                "file_path_restriction": [],
                "max_file_path_length": [],
                "max_file_size": [],
                "merge_queue": [],
                "non_fast_forward": false,
                "pull_request": [],
                "required_code_scanning": [],
                "required_deployments": [],
                "required_linear_history": false,
                "required_signatures": false,
                "required_status_checks": [
                  {
                    "do_not_enforce_on_create": false,
                    "required_check": [
                      {
                        "context": "Commit Message Check / Check Commit Message",
                        "integration_id": 15368
                      },
                      {
                        "context": "Copyright Header Check / Check Copyright Header",
                        "integration_id": 15368
                      },
                      {
                        "context": "Markdown Check / Check Markdown",
                        "integration_id": 15368
                      },
                      {
                        "context": "Trailing Newline Check / Check Trailing Newline",
                        "integration_id": 15368
                      }
                    ],
                    "strict_required_status_checks_policy": false
                  }
                ],
                "tag_name_pattern": [],
                "update": false,
                "update_allows_fetch_and_merge": false
              }
            ],
            "ruleset_id": 15274012,
            "target": "branch"
          },
          "sensitive_attributes": [],
          "private": "eyJzY2hlbWFfdmVyc2lvbiI6IjEifQ==",
          "dependencies": [
            "module.repo.github_repository.this"
          ]
        }
      ]
    },
    {
      "module": "module.repo[\"valkyrja-starter-app-java\"]",
      "mode": "managed",
      "type": "github_repository_ruleset",
      "name": "required_language_checks",
      "provider": "provider[\"registry.opentofu.org/integrations/github\"]",
      "instances": [
        {
          "index_key": 0,
          "schema_version": 1,
          "attributes": {
            "bypass_actors": [
              {
                "actor_id": 0,
                "actor_type": "OrganizationAdmin",
                "bypass_mode": "always"
              },
              {
                "actor_id": 2462900,
                "actor_type": "Integration",
                "bypass_mode": "always"
              }
            ],
            "conditions": [
              {
                "ref_name": [
                  {
                    "exclude": [],
                    "include": [
                      "~DEFAULT_BRANCH",
                      "refs/heads/??.x"
                    ]
                  }
                ]
              }
            ],
            "enforcement": "active",
            "etag": "W/\"c1ea6e31b4d7a21f1e98ec6414e109366bd7dbe214428d70058272cf9c9df339\"",
            "id": "16563761",
            "name": "Required Java PR Checks",
            "node_id": "RRS_lACqUmVwb3NpdG9yec5HyzAFzgD8vjE",
            "repository": "valkyrja-starter-app-java",
            "rules": [
              {
                "branch_name_pattern": [],
                "commit_author_email_pattern": [],
                "commit_message_pattern": [],
                "committer_email_pattern": [],
                "copilot_code_review": [],
                "creation": false,
                "deletion": false,
                "file_extension_restriction": [],
                "file_path_restriction": [],
                "max_file_path_length": [],
                "max_file_size": [],
                "merge_queue": [],
                "non_fast_forward": false,
                "pull_request": [],
                "required_code_scanning": [],
                "required_deployments": [],
                "required_linear_history": false,
                "required_signatures": false,
                "required_status_checks": [
                  {
                    "do_not_enforce_on_create": false,
                    "required_check": [
                      {
                        "context": "Tools / ArchUnit / ArchUnit",
                        "integration_id": 15368
                      },
                      {
                        "context": "Tools / ErrorProne / ErrorProne",
                        "integration_id": 15368
                      },
                      {
                        "context": "Tools / JUnit / JUnit",
                        "integration_id": 15368
                      },
                      {
                        "context": "Tools / SpotBugs / SpotBugs",
                        "integration_id": 15368
                      },
                      {
                        "context": "Tools / Spotless / Spotless",
                        "integration_id": 15368
                      }
                    ],
                    "strict_required_status_checks_policy": false
                  }
                ],
                "tag_name_pattern": [],
                "update": false,
                "update_allows_fetch_and_merge": false
              }
            ],
            "ruleset_id": 16563761,
            "target": "branch"
          },
          "sensitive_attributes": [],
          "private": "eyJzY2hlbWFfdmVyc2lvbiI6IjEifQ==",
          "dependencies": [
            "module.repo.github_repository.this"
          ]
        }
      ]
    },
    {
      "module": "module.repo[\"valkyrja-starter-app-java\"]",
      "mode": "managed",
      "type": "github_repository_ruleset",
      "name": "restrict_unsupported_branches",
      "provider": "provider[\"registry.opentofu.org/integrations/github\"]",
      "instances": [
        {
          "schema_version": 1,
          "attributes": {
            "bypass_actors": [
              {
                "actor_id": 2462900,
                "actor_type": "Integration",
                "bypass_mode": "always"
              }
            ],
            "conditions": [
              {
                "ref_name": [
                  {
                    "exclude": [],
                    "include": [
                      "refs/heads/??.x-backup",
                      "refs/heads/master-backup"
                    ]
                  }
                ]
              }
            ],
            "enforcement": "active",
            "etag": "W/\"c9fbcf58b5b1c0409ba16210569f6c09990af3ebc8887241eb96f804336a3120\"",
            "id": "15195244",
            "name": "Restrict Changes to Unsupported Branches",
            "node_id": "RRS_lACqUmVwb3NpdG9yec5HyzAFzgDn3Gw",
            "repository": "valkyrja-starter-app-java",
            "rules": [
              {
                "branch_name_pattern": [],
                "commit_author_email_pattern": [],
                "commit_message_pattern": [],
                "committer_email_pattern": [],
                "copilot_code_review": [],
                "creation": true,
                "deletion": true,
                "file_extension_restriction": [],
                "file_path_restriction": [],
                "max_file_path_length": [],
                "max_file_size": [],
                "merge_queue": [],
                "non_fast_forward": true,
                "pull_request": [],
                "required_code_scanning": [],
                "required_deployments": [],
                "required_linear_history": false,
                "required_signatures": false,
                "required_status_checks": [],
                "tag_name_pattern": [],
                "update": true,
                "update_allows_fetch_and_merge": false
              }
            ],
            "ruleset_id": 15195244,
            "target": "branch"
          },
          "sensitive_attributes": [],
          "private": "eyJzY2hlbWFfdmVyc2lvbiI6IjEifQ==",
          "dependencies": [
            "module.repo.github_repository.this"
          ]
        }
      ]
    },
    {
      "module": "module.repo[\"valkyrja-starter-app-java\"]",
      "mode": "managed",
      "type": "github_repository_vulnerability_alerts",
      "name": "this",
      "provider": "provider[\"registry.opentofu.org/integrations/github\"]",
      "instances": [
        {
          "schema_version": 0,
          "attributes": {
            "enabled": true,
            "id": "1204498437",
            "repository": "valkyrja-starter-app-java",
            "repository_id": 1204498437
          },
          "sensitive_attributes": [],
          "private": "eyJzY2hlbWFfdmVyc2lvbiI6IjAifQ==",
          "dependencies": [
            "module.repo.github_repository.this"
          ]
        }
      ]
    },
    {
      "module": "module.repo[\"valkyrja-starter-app-java\"]",
      "mode": "managed",
      "type": "github_team_repository",
      "name": "approvers",
      "provider": "provider[\"registry.opentofu.org/integrations/github\"]",
      "instances": [
        {
          "index_key": 0,
          "schema_version": 0,
          "attributes": {
            "etag": "W/\"af75053e3b4681e0f700bd760e8623a379ab9a90c54f720796bd6e9482692373\"",
            "id": "18867552:valkyrja-starter-app-java",
            "permission": "push",
            "repository": "valkyrja-starter-app-java",
            "team_id": "approvers"
          },
          "sensitive_attributes": [],
          "private": "bnVsbA==",
          "dependencies": [
            "module.repo.github_repository.this"
          ]
        }
      ]
    },
    {
      "module": "module.repo[\"valkyrja-starter-app-php\"]",
      "mode": "managed",
      "type": "github_issue_label",
      "name": "claude_review",
      "provider": "provider[\"registry.opentofu.org/integrations/github\"]",
      "instances": [
        {
          "schema_version": 0,
          "attributes": {
            "color": "5319e7",
            "description": "Ask Claude to review this pull request",
            "etag": "W/\"2d3407a6786b7a896e958701965806404d8d0160168c6d9532400fa10355313f\"",
            "id": "valkyrja-starter-app-php:claude-review",
            "name": "claude-review",
            "repository": "valkyrja-starter-app-php",
            "url": "https://api.github.com/repos/valkyrjaio/valkyrja-starter-app-php/labels/claude-review"
          },
          "sensitive_attributes": [],
          "private": "eyJzY2hlbWFfdmVyc2lvbiI6IjAifQ==",
          "dependencies": [
            "module.repo.github_repository.this"
          ]
        }
      ]
    },
    {
      "module": "module.repo[\"valkyrja-starter-app-php\"]",
      "mode": "managed",
      "type": "github_repository",
      "name": "this",
      "provider": "provider[\"registry.opentofu.org/integrations/github\"]",
      "instances": [
        {
          "schema_version": 1,
          "attributes": {
            "allow_auto_merge": false,
            "allow_forking": true,
            "allow_merge_commit": false,
            "allow_rebase_merge": false,
            "allow_squash_merge": true,
            "allow_update_branch": false,
            "archive_on_destroy": null,
            "archived": false,
            "auto_init": false,
            "default_branch": "26.x",
            "delete_branch_on_merge": true,
            "description": "Starter application template for building on the Valkyrja PHP framework",
            "etag": "W/\"0ec4f1273d383afbd01f580e9bdb02ffd37c8bef8372b1efab8fae5e6214de89\"",
            "fork": "false",
            "full_name": "valkyrjaio/valkyrja-starter-app-php",
            "git_clone_url": "git://github.com/valkyrjaio/valkyrja-starter-app-php.git",
            "gitignore_template": null,
            "has_discussions": false,
            "has_downloads": false,
            "has_issues": true,
            "has_projects": false,
            "has_wiki": false,
            "homepage_url": "https://valkyrja.io",
            "html_url": "https://github.com/valkyrjaio/valkyrja-starter-app-php",
            "http_clone_url": "https://github.com/valkyrjaio/valkyrja-starter-app-php.git",
            "id": "valkyrja-starter-app-php",
            "ignore_vulnerability_alerts_during_read": null,
            "is_template": true,
            "license_template": null,
            "merge_commit_message": "PR_TITLE",
            "merge_commit_title": "MERGE_MESSAGE",
            "name": "valkyrja-starter-app-php",
            "node_id": "MDEwOlJlcG9zaXRvcnk4OTA4OTM4NQ==",
            "pages": [],
            "primary_language": "PHP",
            "private": false,
            "repo_id": 89089385,
            "security_and_analysis": [
              {
                "advanced_security": [],
                "code_security": [],
                "secret_scanning": [
                  {
                    "status": "disabled"
                  }
                ],
                "secret_scanning_ai_detection": [],
                "secret_scanning_non_provider_patterns": [],
                "secret_scanning_push_protection": [
                  {
                    "status": "disabled"
                  }
                ]
              }
            ],
            "source_owner": "",
            "source_repo": "",
            "squash_merge_commit_message": "PR_BODY",
            "squash_merge_commit_title": "PR_TITLE",
            "ssh_clone_url": "git@github.com:valkyrjaio/valkyrja-starter-app-php.git",
            "svn_url": "https://github.com/valkyrjaio/valkyrja-starter-app-php",
            "template": [],
            "topics": [],
            "visibility": "public",
            "vulnerability_alerts": true,
            "web_commit_signoff_required": false
          },
          "sensitive_attributes": [],
          "private": "eyJzY2hlbWFfdmVyc2lvbiI6IjEifQ=="
        }
      ]
    },
    {
      "module": "module.repo[\"valkyrja-starter-app-php\"]",
      "mode": "managed",
      "type": "github_repository_ruleset",
      "name": "extra_checks",
      "provider": "provider[\"registry.opentofu.org/integrations/github\"]",
      "instances": [
        {
          "index_key": "Required Starter App PR Checks",
          "schema_version": 1,
          "attributes": {
            "bypass_actors": [
              {
                "actor_id": 0,
                "actor_type": "OrganizationAdmin",
                "bypass_mode": "always"
              },
              {
                "actor_id": 2462900,
                "actor_type": "Integration",
                "bypass_mode": "always"
              }
            ],
            "conditions": [
              {
                "ref_name": [
                  {
                    "exclude": [],
                    "include": [
                      "~DEFAULT_BRANCH",
                      "refs/heads/??.x"
                    ]
                  }
                ]
              }
            ],
            "enforcement": "active",
            "etag": "W/\"001fd4d4c5ca26fcb49f4c7684e88926ec439935cb34e4a9f6ef0b22708624b8\"",
            "id": "19749233",
            "name": "Required Starter App PR Checks",
            "node_id": "RRS_lACqUmVwb3NpdG9yec4FT2VpzgEtWXE",
            "repository": "valkyrja-starter-app-php",
            "rules": [
              {
                "branch_name_pattern": [],
                "commit_author_email_pattern": [],
                "commit_message_pattern": [],
                "committer_email_pattern": [],
                "copilot_code_review": [],
                "creation": false,
                "deletion": false,
                "file_extension_restriction": [],
                "file_path_restriction": [],
                "max_file_path_length": [],
                "max_file_size": [],
                "merge_queue": [],
                "non_fast_forward": false,
                "pull_request": [],
                "required_code_scanning": [],
                "required_deployments": [],
                "required_linear_history": false,
                "required_signatures": false,
                "required_status_checks": [
                  {
                    "do_not_enforce_on_create": false,
                    "required_check": [
                      {
                        "context": "FrankenPHP E2E",
                        "integration_id": 15368
                      },
                      {
                        "context": "RoadRunner E2E",
                        "integration_id": 15368
                      },
                      {
                        "context": "Sindri PHPUnit",
                        "integration_id": 15368
                      }
                    ],
                    "strict_required_status_checks_policy": false
                  }
                ],
                "tag_name_pattern": [],
                "update": false,
                "update_allows_fetch_and_merge": false
              }
            ],
            "ruleset_id": 19749233,
            "target": "branch"
          },
          "sensitive_attributes": [],
          "private": "eyJzY2hlbWFfdmVyc2lvbiI6IjEifQ==",
          "dependencies": [
            "module.repo.github_repository.this"
          ]
        }
      ]
    },
    {
      "module": "module.repo[\"valkyrja-starter-app-php\"]",
      "mode": "managed",
      "type": "github_repository_ruleset",
      "name": "force_push_protection",
      "provider": "provider[\"registry.opentofu.org/integrations/github\"]",
      "instances": [
        {
          "schema_version": 1,
          "attributes": {
            "bypass_actors": [
              {
                "actor_id": 0,
                "actor_type": "OrganizationAdmin",
                "bypass_mode": "always"
              }
            ],
            "conditions": [
              {
                "ref_name": [
                  {
                    "exclude": [],
                    "include": [
                      "refs/heads/??.x"
                    ]
                  }
                ]
              }
            ],
            "enforcement": "active",
            "etag": "W/\"d2c946f3c41628cc8a96f28f78e34b53fdedacea7e486205b7047a7f7809beed\"",
            "id": "14893349",
            "name": "Protect Against Force Pushes and Deletion",
            "node_id": "RRS_lACqUmVwb3NpdG9yec4FT2VpzgDjQSU",
            "repository": "valkyrja-starter-app-php",
            "rules": [
              {
                "branch_name_pattern": [],
                "commit_author_email_pattern": [],
                "commit_message_pattern": [],
                "committer_email_pattern": [],
                "copilot_code_review": [],
                "creation": false,
                "deletion": true,
                "file_extension_restriction": [],
                "file_path_restriction": [],
                "max_file_path_length": [],
                "max_file_size": [],
                "merge_queue": [],
                "non_fast_forward": true,
                "pull_request": [],
                "required_code_scanning": [],
                "required_deployments": [],
                "required_linear_history": false,
                "required_signatures": false,
                "required_status_checks": [],
                "tag_name_pattern": [],
                "update": false,
                "update_allows_fetch_and_merge": false
              }
            ],
            "ruleset_id": 14893349,
            "target": "branch"
          },
          "sensitive_attributes": [],
          "private": "eyJzY2hlbWFfdmVyc2lvbiI6IjEifQ==",
          "dependencies": [
            "module.repo.github_repository.this"
          ]
        }
      ]
    },
    {
      "module": "module.repo[\"valkyrja-starter-app-php\"]",
      "mode": "managed",
      "type": "github_repository_ruleset",
      "name": "protect_master",
      "provider": "provider[\"registry.opentofu.org/integrations/github\"]",
      "instances": [
        {
          "schema_version": 1,
          "attributes": {
            "bypass_actors": [],
            "conditions": [
              {
                "ref_name": [
                  {
                    "exclude": [],
                    "include": [
                      "refs/heads/master"
                    ]
                  }
                ]
              }
            ],
            "enforcement": "active",
            "etag": "W/\"a0f5f8ab90d895ea572479b56370a4db0ab5efb835a672f4834ae852acaa4448\"",
            "id": "14893341",
            "name": "Protect Master At All Times",
            "node_id": "RRS_lACqUmVwb3NpdG9yec4FT2VpzgDjQR0",
            "repository": "valkyrja-starter-app-php",
            "rules": [
              {
                "branch_name_pattern": [],
                "commit_author_email_pattern": [],
                "commit_message_pattern": [],
                "committer_email_pattern": [],
                "copilot_code_review": [],
                "creation": false,
                "deletion": true,
                "file_extension_restriction": [],
                "file_path_restriction": [],
                "max_file_path_length": [],
                "max_file_size": [],
                "merge_queue": [],
                "non_fast_forward": true,
                "pull_request": [],
                "required_code_scanning": [],
                "required_deployments": [],
                "required_linear_history": false,
                "required_signatures": false,
                "required_status_checks": [],
                "tag_name_pattern": [],
                "update": false,
                "update_allows_fetch_and_merge": false
              }
            ],
            "ruleset_id": 14893341,
            "target": "branch"
          },
          "sensitive_attributes": [],
          "private": "eyJzY2hlbWFfdmVyc2lvbiI6IjEifQ==",
          "dependencies": [
            "module.repo.github_repository.this"
          ]
        }
      ]
    },
    {
      "module": "module.repo[\"valkyrja-starter-app-php\"]",
      "mode": "managed",
      "type": "github_repository_ruleset",
      "name": "protect_release_tags",
      "provider": "provider[\"registry.opentofu.org/integrations/github\"]",
      "instances": [
        {
          "schema_version": 1,
          "attributes": {
            "bypass_actors": [
              {
                "actor_id": 0,
                "actor_type": "OrganizationAdmin",
                "bypass_mode": "always"
              }
            ],
            "conditions": [
              {
                "ref_name": [
                  {
                    "exclude": [],
                    "include": [
                      "refs/tags/*.*.*"
                    ]
                  }
                ]
              }
            ],
            "enforcement": "active",
            "etag": "W/\"a3fb81b2448fc9d18a33584a3aeb21d05c80e6933c05c1670e827851022fa601\"",
            "id": "15200845",
            "name": "Protect Release Tags",
            "node_id": "RRS_lACqUmVwb3NpdG9yec4FT2VpzgDn8k0",
            "repository": "valkyrja-starter-app-php",
            "rules": [
              {
                "branch_name_pattern": [],
                "commit_author_email_pattern": [],
                "commit_message_pattern": [],
                "committer_email_pattern": [],
                "copilot_code_review": [],
                "creation": false,
                "deletion": true,
                "file_extension_restriction": [],
                "file_path_restriction": [],
                "max_file_path_length": [],
                "max_file_size": [],
                "merge_queue": [],
                "non_fast_forward": true,
                "pull_request": [],
                "required_code_scanning": [],
                "required_deployments": [],
                "required_linear_history": false,
                "required_signatures": false,
                "required_status_checks": [],
                "tag_name_pattern": [],
                "update": false,
                "update_allows_fetch_and_merge": false
              }
            ],
            "ruleset_id": 15200845,
            "target": "tag"
          },
          "sensitive_attributes": [],
          "private": "eyJzY2hlbWFfdmVyc2lvbiI6IjEifQ==",
          "dependencies": [
            "module.repo.github_repository.this"
          ]
        }
      ]
    },
    {
      "module": "module.repo[\"valkyrja-starter-app-php\"]",
      "mode": "managed",
      "type": "github_repository_ruleset",
      "name": "require_pull_request",
      "provider": "provider[\"registry.opentofu.org/integrations/github\"]",
      "instances": [
        {
          "schema_version": 1,
          "attributes": {
            "bypass_actors": [
              {
                "actor_id": 0,
                "actor_type": "OrganizationAdmin",
                "bypass_mode": "always"
              },
              {
                "actor_id": 2462900,
                "actor_type": "Integration",
                "bypass_mode": "always"
              }
            ],
            "conditions": [
              {
                "ref_name": [
                  {
                    "exclude": [],
                    "include": [
                      "~DEFAULT_BRANCH",
                      "refs/heads/??.x",
                      "refs/heads/master"
                    ]
                  }
                ]
              }
            ],
            "enforcement": "active",
            "etag": "W/\"98e6e0332c710aa9e30d9871c183ed04a89d30aa100ad12c765229cbad4a6b99\"",
            "id": "15195228",
            "name": "Require Pull Request",
            "node_id": "RRS_lACqUmVwb3NpdG9yec4FT2VpzgDn3Fw",
            "repository": "valkyrja-starter-app-php",
            "rules": [
              {
                "branch_name_pattern": [],
                "commit_author_email_pattern": [],
                "commit_message_pattern": [],
                "committer_email_pattern": [],
                "copilot_code_review": [],
                "creation": false,
                "deletion": false,
                "file_extension_restriction": [],
                "file_path_restriction": [],
                "max_file_path_length": [],
                "max_file_size": [],
                "merge_queue": [],
                "non_fast_forward": false,
                "pull_request": [
                  {
                    "allowed_merge_methods": [
                      "squash"
                    ],
                    "dismiss_stale_reviews_on_push": false,
                    "require_code_owner_review": true,
                    "require_last_push_approval": false,
                    "required_approving_review_count": 0,
                    "required_review_thread_resolution": false,
                    "required_reviewers": []
                  }
                ],
                "required_code_scanning": [],
                "required_deployments": [],
                "required_linear_history": false,
                "required_signatures": false,
                "required_status_checks": [],
                "tag_name_pattern": [],
                "update": false,
                "update_allows_fetch_and_merge": false
              }
            ],
            "ruleset_id": 15195228,
            "target": "branch"
          },
          "sensitive_attributes": [],
          "private": "eyJzY2hlbWFfdmVyc2lvbiI6IjEifQ==",
          "dependencies": [
            "github_team.approvers",
            "module.repo.github_repository.this"
          ]
        }
      ]
    },
    {
      "module": "module.repo[\"valkyrja-starter-app-php\"]",
      "mode": "managed",
      "type": "github_repository_ruleset",
      "name": "required_default_checks",
      "provider": "provider[\"registry.opentofu.org/integrations/github\"]",
      "instances": [
        {
          "schema_version": 1,
          "attributes": {
            "bypass_actors": [
              {
                "actor_id": 0,
                "actor_type": "OrganizationAdmin",
                "bypass_mode": "always"
              },
              {
                "actor_id": 2462900,
                "actor_type": "Integration",
                "bypass_mode": "always"
              }
            ],
            "conditions": [
              {
                "ref_name": [
                  {
                    "exclude": [],
                    "include": [
                      "~DEFAULT_BRANCH",
                      "refs/heads/??.x"
                    ]
                  }
                ]
              }
            ],
            "enforcement": "active",
            "etag": "W/\"da49efff83f0346978d2b4280aaeb68c5587848cf2c4b8aca67481c5da593e7b\"",
            "id": "15273997",
            "name": "Required Default PR Checks",
            "node_id": "RRS_lACqUmVwb3NpdG9yec4FT2VpzgDpEA0",
            "repository": "valkyrja-starter-app-php",
            "rules": [
              {
                "branch_name_pattern": [],
                "commit_author_email_pattern": [],
                "commit_message_pattern": [],
                "committer_email_pattern": [],
                "copilot_code_review": [],
                "creation": false,
                "deletion": false,
                "file_extension_restriction": [],
                "file_path_restriction": [],
                "max_file_path_length": [],
                "max_file_size": [],
                "merge_queue": [],
                "non_fast_forward": false,
                "pull_request": [],
                "required_code_scanning": [],
                "required_deployments": [],
                "required_linear_history": false,
                "required_signatures": false,
                "required_status_checks": [
                  {
                    "do_not_enforce_on_create": false,
                    "required_check": [
                      {
                        "context": "Commit Message Check / Check Commit Message",
                        "integration_id": 15368
                      },
                      {
                        "context": "Copyright Header Check / Check Copyright Header",
                        "integration_id": 15368
                      },
                      {
                        "context": "Markdown Check / Check Markdown",
                        "integration_id": 15368
                      },
                      {
                        "context": "Trailing Newline Check / Check Trailing Newline",
                        "integration_id": 15368
                      }
                    ],
                    "strict_required_status_checks_policy": false
                  }
                ],
                "tag_name_pattern": [],
                "update": false,
                "update_allows_fetch_and_merge": false
              }
            ],
            "ruleset_id": 15273997,
            "target": "branch"
          },
          "sensitive_attributes": [],
          "private": "eyJzY2hlbWFfdmVyc2lvbiI6IjEifQ==",
          "dependencies": [
            "module.repo.github_repository.this"
          ]
        }
      ]
    },
    {
      "module": "module.repo[\"valkyrja-starter-app-php\"]",
      "mode": "managed",
      "type": "github_repository_ruleset",
      "name": "required_language_checks",
      "provider": "provider[\"registry.opentofu.org/integrations/github\"]",
      "instances": [
        {
          "index_key": 0,
          "schema_version": 1,
          "attributes": {
            "bypass_actors": [
              {
                "actor_id": 0,
                "actor_type": "OrganizationAdmin",
                "bypass_mode": "always"
              },
              {
                "actor_id": 2462900,
                "actor_type": "Integration",
                "bypass_mode": "always"
              }
            ],
            "conditions": [
              {
                "ref_name": [
                  {
                    "exclude": [],
                    "include": [
                      "~DEFAULT_BRANCH",
                      "refs/heads/??.x"
                    ]
                  }
                ]
              }
            ],
            "enforcement": "active",
            "etag": "W/\"1fdf8ea2129b073655c88f8bc03f0b70c7495e55e975ef4b014678b6e33fb862\"",
            "id": "15273998",
            "name": "Required PHP PR Checks",
            "node_id": "RRS_lACqUmVwb3NpdG9yec4FT2VpzgDpEA4",
            "repository": "valkyrja-starter-app-php",
            "rules": [
              {
                "branch_name_pattern": [],
                "commit_author_email_pattern": [],
                "commit_message_pattern": [],
                "committer_email_pattern": [],
                "copilot_code_review": [],
                "creation": false,
                "deletion": false,
                "file_extension_restriction": [],
                "file_path_restriction": [],
                "max_file_path_length": [],
                "max_file_size": [],
                "merge_queue": [],
                "non_fast_forward": false,
                "pull_request": [],
                "required_code_scanning": [],
                "required_deployments": [],
                "required_linear_history": false,
                "required_signatures": false,
                "required_status_checks": [
                  {
                    "do_not_enforce_on_create": false,
                    "required_check": [
                      {
                        "context": "Tools / PHP CS Fixer / PHP 8.4",
                        "integration_id": 15368
                      },
                      {
                        "context": "Tools / PHP Code Sniffer / PHP 8.4",
                        "integration_id": 15368
                      },
                      {
                        "context": "Tools / PHPArkitect / PHP 8.4",
                        "integration_id": 15368
                      },
                      {
                        "context": "Tools / PHPStan / PHP 8.4",
                        "integration_id": 15368
                      },
                      {
                        "context": "Tools / PHPUnit / PHP 8.4",
                        "integration_id": 15368
                      },
                      {
                        "context": "Tools / PHPUnit / PHP 8.5",
                        "integration_id": 15368
                      },
                      {
                        "context": "Tools / PHPUnit / PHP 8.6",
                        "integration_id": 15368
                      },
                      {
                        "context": "Tools / Psalm / PHP 8.4",
                        "integration_id": 15368
                      },
                      {
                        "context": "Tools / Rector / PHP 8.4",
                        "integration_id": 15368
                      }
                    ],
                    "strict_required_status_checks_policy": false
                  }
                ],
                "tag_name_pattern": [],
                "update": false,
                "update_allows_fetch_and_merge": false
              }
            ],
            "ruleset_id": 15273998,
            "target": "branch"
          },
          "sensitive_attributes": [],
          "private": "eyJzY2hlbWFfdmVyc2lvbiI6IjEifQ==",
          "dependencies": [
            "module.repo.github_repository.this"
          ]
        }
      ]
    },
    {
      "module": "module.repo[\"valkyrja-starter-app-php\"]",
      "mode": "managed",
      "type": "github_repository_ruleset",
      "name": "restrict_unsupported_branches",
      "provider": "provider[\"registry.opentofu.org/integrations/github\"]",
      "instances": [
        {
          "schema_version": 1,
          "attributes": {
            "bypass_actors": [
              {
                "actor_id": 2462900,
                "actor_type": "Integration",
                "bypass_mode": "always"
              }
            ],
            "conditions": [
              {
                "ref_name": [
                  {
                    "exclude": [],
                    "include": [
                      "refs/heads/??.x-backup",
                      "refs/heads/master-backup"
                    ]
                  }
                ]
              }
            ],
            "enforcement": "active",
            "etag": "W/\"a0629e1dc2d771a3ec7aaa5d4a0d1ba416dce674f71104543bbb87cbba5a74d8\"",
            "id": "15195229",
            "name": "Restrict Changes to Unsupported Branches",
            "node_id": "RRS_lACqUmVwb3NpdG9yec4FT2VpzgDn3F0",
            "repository": "valkyrja-starter-app-php",
            "rules": [
              {
                "branch_name_pattern": [],
                "commit_author_email_pattern": [],
                "commit_message_pattern": [],
                "committer_email_pattern": [],
                "copilot_code_review": [],
                "creation": true,
                "deletion": true,
                "file_extension_restriction": [],
                "file_path_restriction": [],
                "max_file_path_length": [],
                "max_file_size": [],
                "merge_queue": [],
                "non_fast_forward": true,
                "pull_request": [],
                "required_code_scanning": [],
                "required_deployments": [],
                "required_linear_history": false,
                "required_signatures": false,
                "required_status_checks": [],
                "tag_name_pattern": [],
                "update": true,
                "update_allows_fetch_and_merge": false
              }
            ],
            "ruleset_id": 15195229,
            "target": "branch"
          },
          "sensitive_attributes": [],
          "private": "eyJzY2hlbWFfdmVyc2lvbiI6IjEifQ==",
          "dependencies": [
            "module.repo.github_repository.this"
          ]
        }
      ]
    },
    {
      "module": "module.repo[\"valkyrja-starter-app-php\"]",
      "mode": "managed",
      "type": "github_repository_vulnerability_alerts",
      "name": "this",
      "provider": "provider[\"registry.opentofu.org/integrations/github\"]",
      "instances": [
        {
          "schema_version": 0,
          "attributes": {
            "enabled": true,
            "id": "89089385",
            "repository": "valkyrja-starter-app-php",
            "repository_id": 89089385
          },
          "sensitive_attributes": [],
          "private": "eyJzY2hlbWFfdmVyc2lvbiI6IjAifQ==",
          "dependencies": [
            "module.repo.github_repository.this"
          ]
        }
      ]
    },
    {
      "module": "module.repo[\"valkyrja-starter-app-php\"]",
      "mode": "managed",
      "type": "github_team_repository",
      "name": "approvers",
      "provider": "provider[\"registry.opentofu.org/integrations/github\"]",
      "instances": [
        {
          "index_key": 0,
          "schema_version": 0,
          "attributes": {
            "etag": "W/\"27328f73a94ad3938bdb3fa0ee1bb8b35d0548b91b8d13621e7ddcc4fadc4f00\"",
            "id": "18867552:valkyrja-starter-app-php",
            "permission": "push",
            "repository": "valkyrja-starter-app-php",
            "team_id": "approvers"
          },
          "sensitive_attributes": [],
          "private": "bnVsbA==",
          "dependencies": [
            "module.repo.github_repository.this"
          ]
        }
      ]
    },
    {
      "module": "module.repo[\"valkyrja-starter-app-python\"]",
      "mode": "managed",
      "type": "github_issue_label",
      "name": "claude_review",
      "provider": "provider[\"registry.opentofu.org/integrations/github\"]",
      "instances": [
        {
          "schema_version": 0,
          "attributes": {
            "color": "5319e7",
            "description": "Ask Claude to review this pull request",
            "etag": "W/\"3ff18426b2b4360ed2df214e5e01f5a221dac18d66fe90771dd1f09208bc09e0\"",
            "id": "valkyrja-starter-app-python:claude-review",
            "name": "claude-review",
            "repository": "valkyrja-starter-app-python",
            "url": "https://api.github.com/repos/valkyrjaio/valkyrja-starter-app-python/labels/claude-review"
          },
          "sensitive_attributes": [],
          "private": "eyJzY2hlbWFfdmVyc2lvbiI6IjAifQ==",
          "dependencies": [
            "module.repo.github_repository.this"
          ]
        }
      ]
    },
    {
      "module": "module.repo[\"valkyrja-starter-app-python\"]",
      "mode": "managed",
      "type": "github_repository",
      "name": "this",
      "provider": "provider[\"registry.opentofu.org/integrations/github\"]",
      "instances": [
        {
          "schema_version": 1,
          "attributes": {
            "allow_auto_merge": false,
            "allow_forking": true,
            "allow_merge_commit": false,
            "allow_rebase_merge": false,
            "allow_squash_merge": true,
            "allow_update_branch": false,
            "archive_on_destroy": null,
            "archived": false,
            "auto_init": false,
            "default_branch": "26.x",
            "delete_branch_on_merge": true,
            "description": "Starter application template for building on the Valkyrja Python framework",
            "etag": "W/\"c34432b33c56673bb56810f17a27a9ef2d286712dc070dab6f4a67e8c07e9d02\"",
            "fork": "false",
            "full_name": "valkyrjaio/valkyrja-starter-app-python",
            "git_clone_url": "git://github.com/valkyrjaio/valkyrja-starter-app-python.git",
            "gitignore_template": null,
            "has_discussions": false,
            "has_downloads": false,
            "has_issues": true,
            "has_projects": false,
            "has_wiki": false,
            "homepage_url": "",
            "html_url": "https://github.com/valkyrjaio/valkyrja-starter-app-python",
            "http_clone_url": "https://github.com/valkyrjaio/valkyrja-starter-app-python.git",
            "id": "valkyrja-starter-app-python",
            "ignore_vulnerability_alerts_during_read": null,
            "is_template": true,
            "license_template": null,
            "merge_commit_message": "PR_TITLE",
            "merge_commit_title": "MERGE_MESSAGE",
            "name": "valkyrja-starter-app-python",
            "node_id": "R_kgDOTsJH1A",
            "pages": [],
            "primary_language": "Python",
            "private": false,
            "repo_id": 1321355220,
            "security_and_analysis": [
              {
                "advanced_security": [],
                "code_security": [],
                "secret_scanning": [
                  {
                    "status": "disabled"
                  }
                ],
                "secret_scanning_ai_detection": [],
                "secret_scanning_non_provider_patterns": [],
                "secret_scanning_push_protection": [
                  {
                    "status": "disabled"
                  }
                ]
              }
            ],
            "source_owner": "",
            "source_repo": "",
            "squash_merge_commit_message": "PR_BODY",
            "squash_merge_commit_title": "PR_TITLE",
            "ssh_clone_url": "git@github.com:valkyrjaio/valkyrja-starter-app-python.git",
            "svn_url": "https://github.com/valkyrjaio/valkyrja-starter-app-python",
            "template": [
              {
                "include_all_branches": false,
                "owner": "valkyrjaio",
                "repository": "project-template-python"
              }
            ],
            "topics": [],
            "visibility": "public",
            "vulnerability_alerts": true,
            "web_commit_signoff_required": false
          },
          "sensitive_attributes": [],
          "private": "eyJzY2hlbWFfdmVyc2lvbiI6IjEifQ=="
        }
      ]
    },
    {
      "module": "module.repo[\"valkyrja-starter-app-python\"]",
      "mode": "managed",
      "type": "github_repository_ruleset",
      "name": "force_push_protection",
      "provider": "provider[\"registry.opentofu.org/integrations/github\"]",
      "instances": [
        {
          "schema_version": 1,
          "attributes": {
            "bypass_actors": [
              {
                "actor_id": 0,
                "actor_type": "OrganizationAdmin",
                "bypass_mode": "always"
              }
            ],
            "conditions": [
              {
                "ref_name": [
                  {
                    "exclude": [],
                    "include": [
                      "refs/heads/??.x"
                    ]
                  }
                ]
              }
            ],
            "enforcement": "active",
            "etag": "W/\"875c92dc914e7abd3aa7a93428c1b7b2881b41240decf9afb7f31c81c7fc7dd7\"",
            "id": "20276776",
            "name": "Protect Against Force Pushes and Deletion",
            "node_id": "RRS_lACqUmVwb3NpdG9yec5OwkfUzgE1Zig",
            "repository": "valkyrja-starter-app-python",
            "rules": [
              {
                "branch_name_pattern": [],
                "commit_author_email_pattern": [],
                "commit_message_pattern": [],
                "committer_email_pattern": [],
                "copilot_code_review": [],
                "creation": false,
                "deletion": true,
                "file_extension_restriction": [],
                "file_path_restriction": [],
                "max_file_path_length": [],
                "max_file_size": [],
                "merge_queue": [],
                "non_fast_forward": true,
                "pull_request": [],
                "required_code_scanning": [],
                "required_deployments": [],
                "required_linear_history": false,
                "required_signatures": false,
                "required_status_checks": [],
                "tag_name_pattern": [],
                "update": false,
                "update_allows_fetch_and_merge": false
              }
            ],
            "ruleset_id": 20276776,
            "target": "branch"
          },
          "sensitive_attributes": [],
          "private": "eyJzY2hlbWFfdmVyc2lvbiI6IjEifQ==",
          "dependencies": [
            "module.repo.github_repository.this"
          ]
        }
      ]
    },
    {
      "module": "module.repo[\"valkyrja-starter-app-python\"]",
      "mode": "managed",
      "type": "github_repository_ruleset",
      "name": "protect_master",
      "provider": "provider[\"registry.opentofu.org/integrations/github\"]",
      "instances": [
        {
          "schema_version": 1,
          "attributes": {
            "bypass_actors": [],
            "conditions": [
              {
                "ref_name": [
                  {
                    "exclude": [],
                    "include": [
                      "refs/heads/master"
                    ]
                  }
                ]
              }
            ],
            "enforcement": "active",
            "etag": "W/\"7e0dda71c0a6799d43ab4f6b0b78d3a851972ccca98588f5a2c539060d2dbd98\"",
            "id": "20276777",
            "name": "Protect Master At All Times",
            "node_id": "RRS_lACqUmVwb3NpdG9yec5OwkfUzgE1Zik",
            "repository": "valkyrja-starter-app-python",
            "rules": [
              {
                "branch_name_pattern": [],
                "commit_author_email_pattern": [],
                "commit_message_pattern": [],
                "committer_email_pattern": [],
                "copilot_code_review": [],
                "creation": false,
                "deletion": true,
                "file_extension_restriction": [],
                "file_path_restriction": [],
                "max_file_path_length": [],
                "max_file_size": [],
                "merge_queue": [],
                "non_fast_forward": true,
                "pull_request": [],
                "required_code_scanning": [],
                "required_deployments": [],
                "required_linear_history": false,
                "required_signatures": false,
                "required_status_checks": [],
                "tag_name_pattern": [],
                "update": false,
                "update_allows_fetch_and_merge": false
              }
            ],
            "ruleset_id": 20276777,
            "target": "branch"
          },
          "sensitive_attributes": [],
          "private": "eyJzY2hlbWFfdmVyc2lvbiI6IjEifQ==",
          "dependencies": [
            "module.repo.github_repository.this"
          ]
        }
      ]
    },
    {
      "module": "module.repo[\"valkyrja-starter-app-python\"]",
      "mode": "managed",
      "type": "github_repository_ruleset",
      "name": "protect_release_tags",
      "provider": "provider[\"registry.opentofu.org/integrations/github\"]",
      "instances": [
        {
          "schema_version": 1,
          "attributes": {
            "bypass_actors": [
              {
                "actor_id": 0,
                "actor_type": "OrganizationAdmin",
                "bypass_mode": "always"
              }
            ],
            "conditions": [
              {
                "ref_name": [
                  {
                    "exclude": [],
                    "include": [
                      "refs/tags/*.*.*"
                    ]
                  }
                ]
              }
            ],
            "enforcement": "active",
            "etag": "W/\"fec2a6c284bdd76164ba2906f17da76ab18117c8ab02141a81f2a81494ac3f88\"",
            "id": "20276779",
            "name": "Protect Release Tags",
            "node_id": "RRS_lACqUmVwb3NpdG9yec5OwkfUzgE1Zis",
            "repository": "valkyrja-starter-app-python",
            "rules": [
              {
                "branch_name_pattern": [],
                "commit_author_email_pattern": [],
                "commit_message_pattern": [],
                "committer_email_pattern": [],
                "copilot_code_review": [],
                "creation": false,
                "deletion": true,
                "file_extension_restriction": [],
                "file_path_restriction": [],
                "max_file_path_length": [],
                "max_file_size": [],
                "merge_queue": [],
                "non_fast_forward": true,
                "pull_request": [],
                "required_code_scanning": [],
                "required_deployments": [],
                "required_linear_history": false,
                "required_signatures": false,
                "required_status_checks": [],
                "tag_name_pattern": [],
                "update": false,
                "update_allows_fetch_and_merge": false
              }
            ],
            "ruleset_id": 20276779,
            "target": "tag"
          },
          "sensitive_attributes": [],
          "private": "eyJzY2hlbWFfdmVyc2lvbiI6IjEifQ==",
          "dependencies": [
            "module.repo.github_repository.this"
          ]
        }
      ]
    },
    {
      "module": "module.repo[\"valkyrja-starter-app-python\"]",
      "mode": "managed",
      "type": "github_repository_ruleset",
      "name": "require_pull_request",
      "provider": "provider[\"registry.opentofu.org/integrations/github\"]",
      "instances": [
        {
          "schema_version": 1,
          "attributes": {
            "bypass_actors": [
              {
                "actor_id": 0,
                "actor_type": "OrganizationAdmin",
                "bypass_mode": "always"
              },
              {
                "actor_id": 2462900,
                "actor_type": "Integration",
                "bypass_mode": "always"
              }
            ],
            "conditions": [
              {
                "ref_name": [
                  {
                    "exclude": [],
                    "include": [
                      "~DEFAULT_BRANCH",
                      "refs/heads/??.x",
                      "refs/heads/master"
                    ]
                  }
                ]
              }
            ],
            "enforcement": "active",
            "etag": "W/\"a23ff39d22341c71ae9e1600d83e9caf048e4d5221dbf3c7fbad382814e09dfe\"",
            "id": "20276780",
            "name": "Require Pull Request",
            "node_id": "RRS_lACqUmVwb3NpdG9yec5OwkfUzgE1Ziw",
            "repository": "valkyrja-starter-app-python",
            "rules": [
              {
                "branch_name_pattern": [],
                "commit_author_email_pattern": [],
                "commit_message_pattern": [],
                "committer_email_pattern": [],
                "copilot_code_review": [],
                "creation": false,
                "deletion": false,
                "file_extension_restriction": [],
                "file_path_restriction": [],
                "max_file_path_length": [],
                "max_file_size": [],
                "merge_queue": [],
                "non_fast_forward": false,
                "pull_request": [
                  {
                    "allowed_merge_methods": [
                      "squash"
                    ],
                    "dismiss_stale_reviews_on_push": false,
                    "require_code_owner_review": true,
                    "require_last_push_approval": false,
                    "required_approving_review_count": 0,
                    "required_review_thread_resolution": false,
                    "required_reviewers": []
                  }
                ],
                "required_code_scanning": [],
                "required_deployments": [],
                "required_linear_history": false,
                "required_signatures": false,
                "required_status_checks": [],
                "tag_name_pattern": [],
                "update": false,
                "update_allows_fetch_and_merge": false
              }
            ],
            "ruleset_id": 20276780,
            "target": "branch"
          },
          "sensitive_attributes": [],
          "private": "eyJzY2hlbWFfdmVyc2lvbiI6IjEifQ==",
          "dependencies": [
            "github_team.approvers",
            "module.repo.github_repository.this"
          ]
        }
      ]
    },
    {
      "module": "module.repo[\"valkyrja-starter-app-python\"]",
      "mode": "managed",
      "type": "github_repository_ruleset",
      "name": "required_default_checks",
      "provider": "provider[\"registry.opentofu.org/integrations/github\"]",
      "instances": [
        {
          "schema_version": 1,
          "attributes": {
            "bypass_actors": [
              {
                "actor_id": 0,
                "actor_type": "OrganizationAdmin",
                "bypass_mode": "always"
              },
              {
                "actor_id": 2462900,
                "actor_type": "Integration",
                "bypass_mode": "always"
              }
            ],
            "conditions": [
              {
                "ref_name": [
                  {
                    "exclude": [],
                    "include": [
                      "~DEFAULT_BRANCH",
                      "refs/heads/??.x"
                    ]
                  }
                ]
              }
            ],
            "enforcement": "active",
            "etag": "W/\"31973e28d11d598f65ca18ca8ab488e72338ad4855899b73a9aea7efeda28f6c\"",
            "id": "20276781",
            "name": "Required Default PR Checks",
            "node_id": "RRS_lACqUmVwb3NpdG9yec5OwkfUzgE1Zi0",
            "repository": "valkyrja-starter-app-python",
            "rules": [
              {
                "branch_name_pattern": [],
                "commit_author_email_pattern": [],
                "commit_message_pattern": [],
                "committer_email_pattern": [],
                "copilot_code_review": [],
                "creation": false,
                "deletion": false,
                "file_extension_restriction": [],
                "file_path_restriction": [],
                "max_file_path_length": [],
                "max_file_size": [],
                "merge_queue": [],
                "non_fast_forward": false,
                "pull_request": [],
                "required_code_scanning": [],
                "required_deployments": [],
                "required_linear_history": false,
                "required_signatures": false,
                "required_status_checks": [
                  {
                    "do_not_enforce_on_create": false,
                    "required_check": [
                      {
                        "context": "Commit Message Check / Check Commit Message",
                        "integration_id": 15368
                      },
                      {
                        "context": "Copyright Header Check / Check Copyright Header",
                        "integration_id": 15368
                      },
                      {
                        "context": "Markdown Check / Check Markdown",
                        "integration_id": 15368
                      },
                      {
                        "context": "Trailing Newline Check / Check Trailing Newline",
                        "integration_id": 15368
                      }
                    ],
                    "strict_required_status_checks_policy": false
                  }
                ],
                "tag_name_pattern": [],
                "update": false,
                "update_allows_fetch_and_merge": false
              }
            ],
            "ruleset_id": 20276781,
            "target": "branch"
          },
          "sensitive_attributes": [],
          "private": "eyJzY2hlbWFfdmVyc2lvbiI6IjEifQ==",
          "dependencies": [
            "module.repo.github_repository.this"
          ]
        }
      ]
    },
    {
      "module": "module.repo[\"valkyrja-starter-app-python\"]",
      "mode": "managed",
      "type": "github_repository_ruleset",
      "name": "required_language_checks",
      "provider": "provider[\"registry.opentofu.org/integrations/github\"]",
      "instances": [
        {
          "index_key": 0,
          "schema_version": 1,
          "attributes": {
            "bypass_actors": [
              {
                "actor_id": 0,
                "actor_type": "OrganizationAdmin",
                "bypass_mode": "always"
              },
              {
                "actor_id": 2462900,
                "actor_type": "Integration",
                "bypass_mode": "always"
              }
            ],
            "conditions": [
              {
                "ref_name": [
                  {
                    "exclude": [],
                    "include": [
                      "~DEFAULT_BRANCH",
                      "refs/heads/??.x"
                    ]
                  }
                ]
              }
            ],
            "enforcement": "active",
            "etag": "W/\"be1e70d068002b61168ae5a98b7642d45ce3d93f36581f1bba7fef8e878f0be2\"",
            "id": "20276783",
            "name": "Required Python PR Checks",
            "node_id": "RRS_lACqUmVwb3NpdG9yec5OwkfUzgE1Zi8",
            "repository": "valkyrja-starter-app-python",
            "rules": [
              {
                "branch_name_pattern": [],
                "commit_author_email_pattern": [],
                "commit_message_pattern": [],
                "committer_email_pattern": [],
                "copilot_code_review": [],
                "creation": false,
                "deletion": false,
                "file_extension_restriction": [],
                "file_path_restriction": [],
                "max_file_path_length": [],
                "max_file_size": [],
                "merge_queue": [],
                "non_fast_forward": false,
                "pull_request": [],
                "required_code_scanning": [],
                "required_deployments": [],
                "required_linear_history": false,
                "required_signatures": false,
                "required_status_checks": [
                  {
                    "do_not_enforce_on_create": false,
                    "required_check": [
                      {
                        "context": "Tools / Bandit / Bandit",
                        "integration_id": 15368
                      },
                      {
                        "context": "Tools / Ruff / Ruff",
                        "integration_id": 15368
                      },
                      {
                        "context": "Tools / import-linter / import-linter",
                        "integration_id": 15368
                      },
                      {
                        "context": "Tools / mypy / mypy",
                        "integration_id": 15368
                      },
                      {
                        "context": "Tools / pytest / pytest",
                        "integration_id": 15368
                      }
                    ],
                    "strict_required_status_checks_policy": false
                  }
                ],
                "tag_name_pattern": [],
                "update": false,
                "update_allows_fetch_and_merge": false
              }
            ],
            "ruleset_id": 20276783,
            "target": "branch"
          },
          "sensitive_attributes": [],
          "private": "eyJzY2hlbWFfdmVyc2lvbiI6IjEifQ==",
          "dependencies": [
            "module.repo.github_repository.this"
          ]
        }
      ]
    },
    {
      "module": "module.repo[\"valkyrja-starter-app-python\"]",
      "mode": "managed",
      "type": "github_repository_ruleset",
      "name": "restrict_unsupported_branches",
      "provider": "provider[\"registry.opentofu.org/integrations/github\"]",
      "instances": [
        {
          "schema_version": 1,
          "attributes": {
            "bypass_actors": [
              {
                "actor_id": 2462900,
                "actor_type": "Integration",
                "bypass_mode": "always"
              }
            ],
            "conditions": [
              {
                "ref_name": [
                  {
                    "exclude": [],
                    "include": [
                      "refs/heads/??.x-backup",
                      "refs/heads/master-backup"
                    ]
                  }
                ]
              }
            ],
            "enforcement": "active",
            "etag": "W/\"c36ba9a0b28525a190838e226155f090f97eba13a2c6b34f9bc3a05d639c2bb6\"",
            "id": "20276782",
            "name": "Restrict Changes to Unsupported Branches",
            "node_id": "RRS_lACqUmVwb3NpdG9yec5OwkfUzgE1Zi4",
            "repository": "valkyrja-starter-app-python",
            "rules": [
              {
                "branch_name_pattern": [],
                "commit_author_email_pattern": [],
                "commit_message_pattern": [],
                "committer_email_pattern": [],
                "copilot_code_review": [],
                "creation": true,
                "deletion": true,
                "file_extension_restriction": [],
                "file_path_restriction": [],
                "max_file_path_length": [],
                "max_file_size": [],
                "merge_queue": [],
                "non_fast_forward": true,
                "pull_request": [],
                "required_code_scanning": [],
                "required_deployments": [],
                "required_linear_history": false,
                "required_signatures": false,
                "required_status_checks": [],
                "tag_name_pattern": [],
                "update": true,
                "update_allows_fetch_and_merge": false
              }
            ],
            "ruleset_id": 20276782,
            "target": "branch"
          },
          "sensitive_attributes": [],
          "private": "eyJzY2hlbWFfdmVyc2lvbiI6IjEifQ==",
          "dependencies": [
            "module.repo.github_repository.this"
          ]
        }
      ]
    },
    {
      "module": "module.repo[\"valkyrja-starter-app-python\"]",
      "mode": "managed",
      "type": "github_repository_vulnerability_alerts",
      "name": "this",
      "provider": "provider[\"registry.opentofu.org/integrations/github\"]",
      "instances": [
        {
          "schema_version": 0,
          "attributes": {
            "enabled": true,
            "id": "1321355220",
            "repository": "valkyrja-starter-app-python",
            "repository_id": 1321355220
          },
          "sensitive_attributes": [],
          "private": "eyJzY2hlbWFfdmVyc2lvbiI6IjAifQ==",
          "dependencies": [
            "module.repo.github_repository.this"
          ]
        }
      ]
    },
    {
      "module": "module.repo[\"valkyrja-starter-app-python\"]",
      "mode": "managed",
      "type": "github_team_repository",
      "name": "approvers",
      "provider": "provider[\"registry.opentofu.org/integrations/github\"]",
      "instances": [
        {
          "index_key": 0,
          "schema_version": 0,
          "attributes": {
            "etag": "W/\"c777fec788b7a4a05ee78814e40caaba372123eb6a44c2db5865a268be114b37\"",
            "id": "18867552:valkyrja-starter-app-python",
            "permission": "push",
            "repository": "valkyrja-starter-app-python",
            "team_id": "approvers"
          },
          "sensitive_attributes": [],
          "private": "bnVsbA==",
          "dependencies": [
            "module.repo.github_repository.this"
          ]
        }
      ]
    },
    {
      "module": "module.repo[\"valkyrja-starter-app-ts\"]",
      "mode": "managed",
      "type": "github_issue_label",
      "name": "claude_review",
      "provider": "provider[\"registry.opentofu.org/integrations/github\"]",
      "instances": [
        {
          "schema_version": 0,
          "attributes": {
            "color": "5319e7",
            "description": "Ask Claude to review this pull request",
            "etag": "W/\"70a381e4fd261ab546f345b50b8833aec3e934516456fac15ea624d1a0bc9874\"",
            "id": "valkyrja-starter-app-ts:claude-review",
            "name": "claude-review",
            "repository": "valkyrja-starter-app-ts",
            "url": "https://api.github.com/repos/valkyrjaio/valkyrja-starter-app-ts/labels/claude-review"
          },
          "sensitive_attributes": [],
          "private": "eyJzY2hlbWFfdmVyc2lvbiI6IjAifQ==",
          "dependencies": [
            "module.repo.github_repository.this"
          ]
        }
      ]
    },
    {
      "module": "module.repo[\"valkyrja-starter-app-ts\"]",
      "mode": "managed",
      "type": "github_repository",
      "name": "this",
      "provider": "provider[\"registry.opentofu.org/integrations/github\"]",
      "instances": [
        {
          "schema_version": 1,
          "attributes": {
            "allow_auto_merge": false,
            "allow_forking": true,
            "allow_merge_commit": false,
            "allow_rebase_merge": false,
            "allow_squash_merge": true,
            "allow_update_branch": false,
            "archive_on_destroy": null,
            "archived": false,
            "auto_init": false,
            "default_branch": "26.x",
            "delete_branch_on_merge": true,
            "description": "Starter application template for building on the Valkyrja TypeScript framework",
            "etag": "W/\"480383adb12220051c219f43b5dec2fd9518e5ab13fe1b10fb06c61b06f1a7dc\"",
            "fork": "false",
            "full_name": "valkyrjaio/valkyrja-starter-app-ts",
            "git_clone_url": "git://github.com/valkyrjaio/valkyrja-starter-app-ts.git",
            "gitignore_template": null,
            "has_discussions": false,
            "has_downloads": false,
            "has_issues": true,
            "has_projects": false,
            "has_wiki": false,
            "homepage_url": "",
            "html_url": "https://github.com/valkyrjaio/valkyrja-starter-app-ts",
            "http_clone_url": "https://github.com/valkyrjaio/valkyrja-starter-app-ts.git",
            "id": "valkyrja-starter-app-ts",
            "ignore_vulnerability_alerts_during_read": null,
            "is_template": true,
            "license_template": null,
            "merge_commit_message": "PR_TITLE",
            "merge_commit_title": "MERGE_MESSAGE",
            "name": "valkyrja-starter-app-ts",
            "node_id": "R_kgDOSXHJ2w",
            "pages": [],
            "primary_language": "TypeScript",
            "private": false,
            "repo_id": 1232194011,
            "security_and_analysis": [
              {
                "advanced_security": [],
                "code_security": [],
                "secret_scanning": [
                  {
                    "status": "disabled"
                  }
                ],
                "secret_scanning_ai_detection": [],
                "secret_scanning_non_provider_patterns": [],
                "secret_scanning_push_protection": [
                  {
                    "status": "disabled"
                  }
                ]
              }
            ],
            "source_owner": "",
            "source_repo": "",
            "squash_merge_commit_message": "PR_BODY",
            "squash_merge_commit_title": "PR_TITLE",
            "ssh_clone_url": "git@github.com:valkyrjaio/valkyrja-starter-app-ts.git",
            "svn_url": "https://github.com/valkyrjaio/valkyrja-starter-app-ts",
            "template": [],
            "topics": [],
            "visibility": "public",
            "vulnerability_alerts": true,
            "web_commit_signoff_required": false
          },
          "sensitive_attributes": [],
          "private": "eyJzY2hlbWFfdmVyc2lvbiI6IjEifQ=="
        }
      ]
    },
    {
      "module": "module.repo[\"valkyrja-starter-app-ts\"]",
      "mode": "managed",
      "type": "github_repository_ruleset",
      "name": "extra_checks",
      "provider": "provider[\"registry.opentofu.org/integrations/github\"]",
      "instances": [
        {
          "index_key": "Required Starter App PR Checks",
          "schema_version": 1,
          "attributes": {
            "bypass_actors": [
              {
                "actor_id": 0,
                "actor_type": "OrganizationAdmin",
                "bypass_mode": "always"
              },
              {
                "actor_id": 2462900,
                "actor_type": "Integration",
                "bypass_mode": "always"
              }
            ],
            "conditions": [
              {
                "ref_name": [
                  {
                    "exclude": [],
                    "include": [
                      "~DEFAULT_BRANCH",
                      "refs/heads/??.x"
                    ]
                  }
                ]
              }
            ],
            "enforcement": "active",
            "etag": "W/\"5a6eaf6557da457316585e101347030df98bf290c0dea6d8b653f6817d9681b5\"",
            "id": "19872612",
            "name": "Required Starter App PR Checks",
            "node_id": "RRS_lACqUmVwb3NpdG9yec5JccnbzgEvO2Q",
            "repository": "valkyrja-starter-app-ts",
            "rules": [
              {
                "branch_name_pattern": [],
                "commit_author_email_pattern": [],
                "commit_message_pattern": [],
                "committer_email_pattern": [],
                "copilot_code_review": [],
                "creation": false,
                "deletion": false,
                "file_extension_restriction": [],
                "file_path_restriction": [],
                "max_file_path_length": [],
                "max_file_size": [],
                "merge_queue": [],
                "non_fast_forward": false,
                "pull_request": [],
                "required_code_scanning": [],
                "required_deployments": [],
                "required_linear_history": false,
                "required_signatures": false,
                "required_status_checks": [
                  {
                    "do_not_enforce_on_create": false,
                    "required_check": [
                      {
                        "context": "Sindri Vitest",
                        "integration_id": 15368
                      }
                    ],
                    "strict_required_status_checks_policy": false
                  }
                ],
                "tag_name_pattern": [],
                "update": false,
                "update_allows_fetch_and_merge": false
              }
            ],
            "ruleset_id": 19872612,
            "target": "branch"
          },
          "sensitive_attributes": [],
          "private": "eyJzY2hlbWFfdmVyc2lvbiI6IjEifQ==",
          "dependencies": [
            "module.repo.github_repository.this"
          ]
        }
      ]
    },
    {
      "module": "module.repo[\"valkyrja-starter-app-ts\"]",
      "mode": "managed",
      "type": "github_repository_ruleset",
      "name": "force_push_protection",
      "provider": "provider[\"registry.opentofu.org/integrations/github\"]",
      "instances": [
        {
          "schema_version": 1,
          "attributes": {
            "bypass_actors": [
              {
                "actor_id": 0,
                "actor_type": "OrganizationAdmin",
                "bypass_mode": "always"
              }
            ],
            "conditions": [
              {
                "ref_name": [
                  {
                    "exclude": [],
                    "include": [
                      "refs/heads/??.x"
                    ]
                  }
                ]
              }
            ],
            "enforcement": "active",
            "etag": "W/\"b43aa5de35078a31fb84145b34315dceaba2ac232d02244a74634dc2740f64b8\"",
            "id": "16097061",
            "name": "Protect Against Force Pushes and Deletion",
            "node_id": "RRS_lACqUmVwb3NpdG9yec5JccnbzgD1nyU",
            "repository": "valkyrja-starter-app-ts",
            "rules": [
              {
                "branch_name_pattern": [],
                "commit_author_email_pattern": [],
                "commit_message_pattern": [],
                "committer_email_pattern": [],
                "copilot_code_review": [],
                "creation": false,
                "deletion": true,
                "file_extension_restriction": [],
                "file_path_restriction": [],
                "max_file_path_length": [],
                "max_file_size": [],
                "merge_queue": [],
                "non_fast_forward": true,
                "pull_request": [],
                "required_code_scanning": [],
                "required_deployments": [],
                "required_linear_history": false,
                "required_signatures": false,
                "required_status_checks": [],
                "tag_name_pattern": [],
                "update": false,
                "update_allows_fetch_and_merge": false
              }
            ],
            "ruleset_id": 16097061,
            "target": "branch"
          },
          "sensitive_attributes": [],
          "private": "eyJzY2hlbWFfdmVyc2lvbiI6IjEifQ==",
          "dependencies": [
            "module.repo.github_repository.this"
          ]
        }
      ]
    },
    {
      "module": "module.repo[\"valkyrja-starter-app-ts\"]",
      "mode": "managed",
      "type": "github_repository_ruleset",
      "name": "protect_master",
      "provider": "provider[\"registry.opentofu.org/integrations/github\"]",
      "instances": [
        {
          "schema_version": 1,
          "attributes": {
            "bypass_actors": [],
            "conditions": [
              {
                "ref_name": [
                  {
                    "exclude": [],
                    "include": [
                      "refs/heads/master"
                    ]
                  }
                ]
              }
            ],
            "enforcement": "active",
            "etag": "W/\"3f548d938ee441ee8717782622b665607fa42bef70e5a5c338f7ec52144fd977\"",
            "id": "16097063",
            "name": "Protect Master At All Times",
            "node_id": "RRS_lACqUmVwb3NpdG9yec5JccnbzgD1nyc",
            "repository": "valkyrja-starter-app-ts",
            "rules": [
              {
                "branch_name_pattern": [],
                "commit_author_email_pattern": [],
                "commit_message_pattern": [],
                "committer_email_pattern": [],
                "copilot_code_review": [],
                "creation": false,
                "deletion": true,
                "file_extension_restriction": [],
                "file_path_restriction": [],
                "max_file_path_length": [],
                "max_file_size": [],
                "merge_queue": [],
                "non_fast_forward": true,
                "pull_request": [],
                "required_code_scanning": [],
                "required_deployments": [],
                "required_linear_history": false,
                "required_signatures": false,
                "required_status_checks": [],
                "tag_name_pattern": [],
                "update": false,
                "update_allows_fetch_and_merge": false
              }
            ],
            "ruleset_id": 16097063,
            "target": "branch"
          },
          "sensitive_attributes": [],
          "private": "eyJzY2hlbWFfdmVyc2lvbiI6IjEifQ==",
          "dependencies": [
            "module.repo.github_repository.this"
          ]
        }
      ]
    },
    {
      "module": "module.repo[\"valkyrja-starter-app-ts\"]",
      "mode": "managed",
      "type": "github_repository_ruleset",
      "name": "protect_release_tags",
      "provider": "provider[\"registry.opentofu.org/integrations/github\"]",
      "instances": [
        {
          "schema_version": 1,
          "attributes": {
            "bypass_actors": [
              {
                "actor_id": 0,
                "actor_type": "OrganizationAdmin",
                "bypass_mode": "always"
              }
            ],
            "conditions": [
              {
                "ref_name": [
                  {
                    "exclude": [],
                    "include": [
                      "refs/tags/*.*.*"
                    ]
                  }
                ]
              }
            ],
            "enforcement": "active",
            "etag": "W/\"fddc76e143e9f2ecc108a73175e862959a8b59532ee251546665f13574f259ad\"",
            "id": "16097064",
            "name": "Protect Release Tags",
            "node_id": "RRS_lACqUmVwb3NpdG9yec5JccnbzgD1nyg",
            "repository": "valkyrja-starter-app-ts",
            "rules": [
              {
                "branch_name_pattern": [],
                "commit_author_email_pattern": [],
                "commit_message_pattern": [],
                "committer_email_pattern": [],
                "copilot_code_review": [],
                "creation": false,
                "deletion": true,
                "file_extension_restriction": [],
                "file_path_restriction": [],
                "max_file_path_length": [],
                "max_file_size": [],
                "merge_queue": [],
                "non_fast_forward": true,
                "pull_request": [],
                "required_code_scanning": [],
                "required_deployments": [],
                "required_linear_history": false,
                "required_signatures": false,
                "required_status_checks": [],
                "tag_name_pattern": [],
                "update": false,
                "update_allows_fetch_and_merge": false
              }
            ],
            "ruleset_id": 16097064,
            "target": "tag"
          },
          "sensitive_attributes": [],
          "private": "eyJzY2hlbWFfdmVyc2lvbiI6IjEifQ==",
          "dependencies": [
            "module.repo.github_repository.this"
          ]
        }
      ]
    },
    {
      "module": "module.repo[\"valkyrja-starter-app-ts\"]",
      "mode": "managed",
      "type": "github_repository_ruleset",
      "name": "require_pull_request",
      "provider": "provider[\"registry.opentofu.org/integrations/github\"]",
      "instances": [
        {
          "schema_version": 1,
          "attributes": {
            "bypass_actors": [
              {
                "actor_id": 0,
                "actor_type": "OrganizationAdmin",
                "bypass_mode": "always"
              },
              {
                "actor_id": 2462900,
                "actor_type": "Integration",
                "bypass_mode": "always"
              }
            ],
            "conditions": [
              {
                "ref_name": [
                  {
                    "exclude": [],
                    "include": [
                      "~DEFAULT_BRANCH",
                      "refs/heads/??.x",
                      "refs/heads/master"
                    ]
                  }
                ]
              }
            ],
            "enforcement": "active",
            "etag": "W/\"d973909316776f775293a45e4dbf75e670a9ca6ae7005ed1c0583ae802d5cc47\"",
            "id": "16097065",
            "name": "Require Pull Request",
            "node_id": "RRS_lACqUmVwb3NpdG9yec5JccnbzgD1nyk",
            "repository": "valkyrja-starter-app-ts",
            "rules": [
              {
                "branch_name_pattern": [],
                "commit_author_email_pattern": [],
                "commit_message_pattern": [],
                "committer_email_pattern": [],
                "copilot_code_review": [],
                "creation": false,
                "deletion": false,
                "file_extension_restriction": [],
                "file_path_restriction": [],
                "max_file_path_length": [],
                "max_file_size": [],
                "merge_queue": [],
                "non_fast_forward": false,
                "pull_request": [
                  {
                    "allowed_merge_methods": [
                      "squash"
                    ],
                    "dismiss_stale_reviews_on_push": false,
                    "require_code_owner_review": true,
                    "require_last_push_approval": false,
                    "required_approving_review_count": 0,
                    "required_review_thread_resolution": false,
                    "required_reviewers": []
                  }
                ],
                "required_code_scanning": [],
                "required_deployments": [],
                "required_linear_history": false,
                "required_signatures": false,
                "required_status_checks": [],
                "tag_name_pattern": [],
                "update": false,
                "update_allows_fetch_and_merge": false
              }
            ],
            "ruleset_id": 16097065,
            "target": "branch"
          },
          "sensitive_attributes": [],
          "private": "eyJzY2hlbWFfdmVyc2lvbiI6IjEifQ==",
          "dependencies": [
            "github_team.approvers",
            "module.repo.github_repository.this"
          ]
        }
      ]
    },
    {
      "module": "module.repo[\"valkyrja-starter-app-ts\"]",
      "mode": "managed",
      "type": "github_repository_ruleset",
      "name": "required_default_checks",
      "provider": "provider[\"registry.opentofu.org/integrations/github\"]",
      "instances": [
        {
          "schema_version": 1,
          "attributes": {
            "bypass_actors": [
              {
                "actor_id": 0,
                "actor_type": "OrganizationAdmin",
                "bypass_mode": "always"
              },
              {
                "actor_id": 2462900,
                "actor_type": "Integration",
                "bypass_mode": "always"
              }
            ],
            "conditions": [
              {
                "ref_name": [
                  {
                    "exclude": [],
                    "include": [
                      "~DEFAULT_BRANCH",
                      "refs/heads/??.x"
                    ]
                  }
                ]
              }
            ],
            "enforcement": "active",
            "etag": "W/\"c6d731b9e8f234f3bb076685043468351d5c9e57e91b1699ab594bb8621cb414\"",
            "id": "16097067",
            "name": "Required Default PR Checks",
            "node_id": "RRS_lACqUmVwb3NpdG9yec5JccnbzgD1nys",
            "repository": "valkyrja-starter-app-ts",
            "rules": [
              {
                "branch_name_pattern": [],
                "commit_author_email_pattern": [],
                "commit_message_pattern": [],
                "committer_email_pattern": [],
                "copilot_code_review": [],
                "creation": false,
                "deletion": false,
                "file_extension_restriction": [],
                "file_path_restriction": [],
                "max_file_path_length": [],
                "max_file_size": [],
                "merge_queue": [],
                "non_fast_forward": false,
                "pull_request": [],
                "required_code_scanning": [],
                "required_deployments": [],
                "required_linear_history": false,
                "required_signatures": false,
                "required_status_checks": [
                  {
                    "do_not_enforce_on_create": false,
                    "required_check": [
                      {
                        "context": "Commit Message Check / Check Commit Message",
                        "integration_id": 15368
                      },
                      {
                        "context": "Copyright Header Check / Check Copyright Header",
                        "integration_id": 15368
                      },
                      {
                        "context": "Markdown Check / Check Markdown",
                        "integration_id": 15368
                      },
                      {
                        "context": "Trailing Newline Check / Check Trailing Newline",
                        "integration_id": 15368
                      }
                    ],
                    "strict_required_status_checks_policy": false
                  }
                ],
                "tag_name_pattern": [],
                "update": false,
                "update_allows_fetch_and_merge": false
              }
            ],
            "ruleset_id": 16097067,
            "target": "branch"
          },
          "sensitive_attributes": [],
          "private": "eyJzY2hlbWFfdmVyc2lvbiI6IjEifQ==",
          "dependencies": [
            "module.repo.github_repository.this"
          ]
        }
      ]
    },
    {
      "module": "module.repo[\"valkyrja-starter-app-ts\"]",
      "mode": "managed",
      "type": "github_repository_ruleset",
      "name": "required_language_checks",
      "provider": "provider[\"registry.opentofu.org/integrations/github\"]",
      "instances": [
        {
          "index_key": 0,
          "schema_version": 1,
          "attributes": {
            "bypass_actors": [
              {
                "actor_id": 0,
                "actor_type": "OrganizationAdmin",
                "bypass_mode": "always"
              },
              {
                "actor_id": 2462900,
                "actor_type": "Integration",
                "bypass_mode": "always"
              }
            ],
            "conditions": [
              {
                "ref_name": [
                  {
                    "exclude": [],
                    "include": [
                      "~DEFAULT_BRANCH",
                      "refs/heads/??.x"
                    ]
                  }
                ]
              }
            ],
            "enforcement": "active",
            "etag": "W/\"b0860e86c8968a532f76d914155abddd719f32f5e74b99b40904e3bbcce9df51\"",
            "id": "16538872",
            "name": "Required TypeScript PR Checks",
            "node_id": "RRS_lACqUmVwb3NpdG9yec5JccnbzgD8XPg",
            "repository": "valkyrja-starter-app-ts",
            "rules": [
              {
                "branch_name_pattern": [],
                "commit_author_email_pattern": [],
                "commit_message_pattern": [],
                "committer_email_pattern": [],
                "copilot_code_review": [],
                "creation": false,
                "deletion": false,
                "file_extension_restriction": [],
                "file_path_restriction": [],
                "max_file_path_length": [],
                "max_file_size": [],
                "merge_queue": [],
                "non_fast_forward": false,
                "pull_request": [],
                "required_code_scanning": [],
                "required_deployments": [],
                "required_linear_history": false,
                "required_signatures": false,
                "required_status_checks": [
                  {
                    "do_not_enforce_on_create": false,
                    "required_check": [
                      {
                        "context": "Tools / ESLint / ESLint",
                        "integration_id": 15368
                      },
                      {
                        "context": "Tools / Prettier / Prettier",
                        "integration_id": 15368
                      },
                      {
                        "context": "Tools / TypeScript / TypeScript",
                        "integration_id": 15368
                      },
                      {
                        "context": "Tools / Vitest / Vitest",
                        "integration_id": 15368
                      }
                    ],
                    "strict_required_status_checks_policy": false
                  }
                ],
                "tag_name_pattern": [],
                "update": false,
                "update_allows_fetch_and_merge": false
              }
            ],
            "ruleset_id": 16538872,
            "target": "branch"
          },
          "sensitive_attributes": [],
          "private": "eyJzY2hlbWFfdmVyc2lvbiI6IjEifQ==",
          "dependencies": [
            "module.repo.github_repository.this"
          ]
        }
      ]
    },
    {
      "module": "module.repo[\"valkyrja-starter-app-ts\"]",
      "mode": "managed",
      "type": "github_repository_ruleset",
      "name": "restrict_unsupported_branches",
      "provider": "provider[\"registry.opentofu.org/integrations/github\"]",
      "instances": [
        {
          "schema_version": 1,
          "attributes": {
            "bypass_actors": [
              {
                "actor_id": 2462900,
                "actor_type": "Integration",
                "bypass_mode": "always"
              }
            ],
            "conditions": [
              {
                "ref_name": [
                  {
                    "exclude": [],
                    "include": [
                      "refs/heads/??.x-backup",
                      "refs/heads/master-backup"
                    ]
                  }
                ]
              }
            ],
            "enforcement": "active",
            "etag": "W/\"d77d268bae6115a65190e263ed0a4b1bd7689498a084a4aa38c1b1fcf608f402\"",
            "id": "16097068",
            "name": "Restrict Changes to Unsupported Branches",
            "node_id": "RRS_lACqUmVwb3NpdG9yec5JccnbzgD1nyw",
            "repository": "valkyrja-starter-app-ts",
            "rules": [
              {
                "branch_name_pattern": [],
                "commit_author_email_pattern": [],
                "commit_message_pattern": [],
                "committer_email_pattern": [],
                "copilot_code_review": [],
                "creation": true,
                "deletion": true,
                "file_extension_restriction": [],
                "file_path_restriction": [],
                "max_file_path_length": [],
                "max_file_size": [],
                "merge_queue": [],
                "non_fast_forward": true,
                "pull_request": [],
                "required_code_scanning": [],
                "required_deployments": [],
                "required_linear_history": false,
                "required_signatures": false,
                "required_status_checks": [],
                "tag_name_pattern": [],
                "update": true,
                "update_allows_fetch_and_merge": false
              }
            ],
            "ruleset_id": 16097068,
            "target": "branch"
          },
          "sensitive_attributes": [],
          "private": "eyJzY2hlbWFfdmVyc2lvbiI6IjEifQ==",
          "dependencies": [
            "module.repo.github_repository.this"
          ]
        }
      ]
    },
    {
      "module": "module.repo[\"valkyrja-starter-app-ts\"]",
      "mode": "managed",
      "type": "github_repository_vulnerability_alerts",
      "name": "this",
      "provider": "provider[\"registry.opentofu.org/integrations/github\"]",
      "instances": [
        {
          "schema_version": 0,
          "attributes": {
            "enabled": true,
            "id": "1232194011",
            "repository": "valkyrja-starter-app-ts",
            "repository_id": 1232194011
          },
          "sensitive_attributes": [],
          "private": "eyJzY2hlbWFfdmVyc2lvbiI6IjAifQ==",
          "dependencies": [
            "module.repo.github_repository.this"
          ]
        }
      ]
    },
    {
      "module": "module.repo[\"valkyrja-starter-app-ts\"]",
      "mode": "managed",
      "type": "github_team_repository",
      "name": "approvers",
      "provider": "provider[\"registry.opentofu.org/integrations/github\"]",
      "instances": [
        {
          "index_key": 0,
          "schema_version": 0,
          "attributes": {
            "etag": "W/\"3a713bc5c8a07f678a1cd900d183b8fc1460931e80b4530474baa05550845a76\"",
            "id": "18867552:valkyrja-starter-app-ts",
            "permission": "push",
            "repository": "valkyrja-starter-app-ts",
            "team_id": "approvers"
          },
          "sensitive_attributes": [],
          "private": "bnVsbA==",
          "dependencies": [
            "module.repo.github_repository.this"
          ]
        }
      ]
    },
    {
      "module": "module.repo[\"valkyrja-ts\"]",
      "mode": "managed",
      "type": "github_issue_label",
      "name": "claude_review",
      "provider": "provider[\"registry.opentofu.org/integrations/github\"]",
      "instances": [
        {
          "schema_version": 0,
          "attributes": {
            "color": "5319e7",
            "description": "Ask Claude to review this pull request",
            "etag": "W/\"a3dc602c95c9df7c54971129cfcfdc3c5faac80092c3617bcf84f2bbc0be7f89\"",
            "id": "valkyrja-ts:claude-review",
            "name": "claude-review",
            "repository": "valkyrja-ts",
            "url": "https://api.github.com/repos/valkyrjaio/valkyrja-ts/labels/claude-review"
          },
          "sensitive_attributes": [],
          "private": "eyJzY2hlbWFfdmVyc2lvbiI6IjAifQ==",
          "dependencies": [
            "module.repo.github_repository.this"
          ]
        }
      ]
    },
    {
      "module": "module.repo[\"valkyrja-ts\"]",
      "mode": "managed",
      "type": "github_repository",
      "name": "this",
      "provider": "provider[\"registry.opentofu.org/integrations/github\"]",
      "instances": [
        {
          "schema_version": 1,
          "attributes": {
            "allow_auto_merge": false,
            "allow_forking": true,
            "allow_merge_commit": false,
            "allow_rebase_merge": false,
            "allow_squash_merge": true,
            "allow_update_branch": false,
            "archive_on_destroy": null,
            "archived": false,
            "auto_init": false,
            "default_branch": "26.x",
            "delete_branch_on_merge": true,
            "description": "Valkyrja is a fast, light, and robust TypeScript framework for web and console applications",
            "etag": "W/\"145343d4a5b588f88d3942f927850ce96f97e87c74c099a8bda5e510e4fd6235\"",
            "fork": "false",
            "full_name": "valkyrjaio/valkyrja-ts",
            "git_clone_url": "git://github.com/valkyrjaio/valkyrja-ts.git",
            "gitignore_template": null,
            "has_discussions": false,
            "has_downloads": false,
            "has_issues": true,
            "has_projects": false,
            "has_wiki": false,
            "homepage_url": "",
            "html_url": "https://github.com/valkyrjaio/valkyrja-ts",
            "http_clone_url": "https://github.com/valkyrjaio/valkyrja-ts.git",
            "id": "valkyrja-ts",
            "ignore_vulnerability_alerts_during_read": null,
            "is_template": false,
            "license_template": null,
            "merge_commit_message": "PR_TITLE",
            "merge_commit_title": "MERGE_MESSAGE",
            "name": "valkyrja-ts",
            "node_id": "R_kgDOSXHHTg",
            "pages": [],
            "primary_language": "TypeScript",
            "private": false,
            "repo_id": 1232193358,
            "security_and_analysis": [
              {
                "advanced_security": [],
                "code_security": [],
                "secret_scanning": [
                  {
                    "status": "disabled"
                  }
                ],
                "secret_scanning_ai_detection": [],
                "secret_scanning_non_provider_patterns": [],
                "secret_scanning_push_protection": [
                  {
                    "status": "disabled"
                  }
                ]
              }
            ],
            "source_owner": "",
            "source_repo": "",
            "squash_merge_commit_message": "PR_BODY",
            "squash_merge_commit_title": "PR_TITLE",
            "ssh_clone_url": "git@github.com:valkyrjaio/valkyrja-ts.git",
            "svn_url": "https://github.com/valkyrjaio/valkyrja-ts",
            "template": [],
            "topics": [
              "cli",
              "framework",
              "http",
              "mit",
              "mit-license",
              "typescript",
              "typescript-framework"
            ],
            "visibility": "public",
            "vulnerability_alerts": true,
            "web_commit_signoff_required": false
          },
          "sensitive_attributes": [],
          "private": "eyJzY2hlbWFfdmVyc2lvbiI6IjEifQ=="
        }
      ]
    },
    {
      "module": "module.repo[\"valkyrja-ts\"]",
      "mode": "managed",
      "type": "github_repository_ruleset",
      "name": "force_push_protection",
      "provider": "provider[\"registry.opentofu.org/integrations/github\"]",
      "instances": [
        {
          "schema_version": 1,
          "attributes": {
            "bypass_actors": [
              {
                "actor_id": 0,
                "actor_type": "OrganizationAdmin",
                "bypass_mode": "always"
              }
            ],
            "conditions": [
              {
                "ref_name": [
                  {
                    "exclude": [],
                    "include": [
                      "refs/heads/??.x"
                    ]
                  }
                ]
              }
            ],
            "enforcement": "active",
            "etag": "W/\"4bb747588cda80d3235c735f4fcb9fd1b8a81327bab1d601faf56a166c64f0b4\"",
            "id": "16097038",
            "name": "Protect Against Force Pushes and Deletion",
            "node_id": "RRS_lACqUmVwb3NpdG9yec5JccdOzgD1nw4",
            "repository": "valkyrja-ts",
            "rules": [
              {
                "branch_name_pattern": [],
                "commit_author_email_pattern": [],
                "commit_message_pattern": [],
                "committer_email_pattern": [],
                "copilot_code_review": [],
                "creation": false,
                "deletion": true,
                "file_extension_restriction": [],
                "file_path_restriction": [],
                "max_file_path_length": [],
                "max_file_size": [],
                "merge_queue": [],
                "non_fast_forward": true,
                "pull_request": [],
                "required_code_scanning": [],
                "required_deployments": [],
                "required_linear_history": false,
                "required_signatures": false,
                "required_status_checks": [],
                "tag_name_pattern": [],
                "update": false,
                "update_allows_fetch_and_merge": false
              }
            ],
            "ruleset_id": 16097038,
            "target": "branch"
          },
          "sensitive_attributes": [],
          "private": "eyJzY2hlbWFfdmVyc2lvbiI6IjEifQ==",
          "dependencies": [
            "module.repo.github_repository.this"
          ]
        }
      ]
    },
    {
      "module": "module.repo[\"valkyrja-ts\"]",
      "mode": "managed",
      "type": "github_repository_ruleset",
      "name": "protect_master",
      "provider": "provider[\"registry.opentofu.org/integrations/github\"]",
      "instances": [
        {
          "schema_version": 1,
          "attributes": {
            "bypass_actors": [],
            "conditions": [
              {
                "ref_name": [
                  {
                    "exclude": [],
                    "include": [
                      "refs/heads/master"
                    ]
                  }
                ]
              }
            ],
            "enforcement": "active",
            "etag": "W/\"4d1ebbf719b8f72a04bf26f2644eccd272b1245a61548ddd2caac849621e5a01\"",
            "id": "16097039",
            "name": "Protect Master At All Times",
            "node_id": "RRS_lACqUmVwb3NpdG9yec5JccdOzgD1nw8",
            "repository": "valkyrja-ts",
            "rules": [
              {
                "branch_name_pattern": [],
                "commit_author_email_pattern": [],
                "commit_message_pattern": [],
                "committer_email_pattern": [],
                "copilot_code_review": [],
                "creation": false,
                "deletion": true,
                "file_extension_restriction": [],
                "file_path_restriction": [],
                "max_file_path_length": [],
                "max_file_size": [],
                "merge_queue": [],
                "non_fast_forward": true,
                "pull_request": [],
                "required_code_scanning": [],
                "required_deployments": [],
                "required_linear_history": false,
                "required_signatures": false,
                "required_status_checks": [],
                "tag_name_pattern": [],
                "update": false,
                "update_allows_fetch_and_merge": false
              }
            ],
            "ruleset_id": 16097039,
            "target": "branch"
          },
          "sensitive_attributes": [],
          "private": "eyJzY2hlbWFfdmVyc2lvbiI6IjEifQ==",
          "dependencies": [
            "module.repo.github_repository.this"
          ]
        }
      ]
    },
    {
      "module": "module.repo[\"valkyrja-ts\"]",
      "mode": "managed",
      "type": "github_repository_ruleset",
      "name": "protect_release_tags",
      "provider": "provider[\"registry.opentofu.org/integrations/github\"]",
      "instances": [
        {
          "schema_version": 1,
          "attributes": {
            "bypass_actors": [
              {
                "actor_id": 0,
                "actor_type": "OrganizationAdmin",
                "bypass_mode": "always"
              }
            ],
            "conditions": [
              {
                "ref_name": [
                  {
                    "exclude": [],
                    "include": [
                      "refs/tags/*.*.*"
                    ]
                  }
                ]
              }
            ],
            "enforcement": "active",
            "etag": "W/\"fe485b8069d496bdeb687a38b2fddfbd014f47ca23bd2854c67bfa06d448a986\"",
            "id": "16097040",
            "name": "Protect Release Tags",
            "node_id": "RRS_lACqUmVwb3NpdG9yec5JccdOzgD1nxA",
            "repository": "valkyrja-ts",
            "rules": [
              {
                "branch_name_pattern": [],
                "commit_author_email_pattern": [],
                "commit_message_pattern": [],
                "committer_email_pattern": [],
                "copilot_code_review": [],
                "creation": false,
                "deletion": true,
                "file_extension_restriction": [],
                "file_path_restriction": [],
                "max_file_path_length": [],
                "max_file_size": [],
                "merge_queue": [],
                "non_fast_forward": true,
                "pull_request": [],
                "required_code_scanning": [],
                "required_deployments": [],
                "required_linear_history": false,
                "required_signatures": false,
                "required_status_checks": [],
                "tag_name_pattern": [],
                "update": false,
                "update_allows_fetch_and_merge": false
              }
            ],
            "ruleset_id": 16097040,
            "target": "tag"
          },
          "sensitive_attributes": [],
          "private": "eyJzY2hlbWFfdmVyc2lvbiI6IjEifQ==",
          "dependencies": [
            "module.repo.github_repository.this"
          ]
        }
      ]
    },
    {
      "module": "module.repo[\"valkyrja-ts\"]",
      "mode": "managed",
      "type": "github_repository_ruleset",
      "name": "require_pull_request",
      "provider": "provider[\"registry.opentofu.org/integrations/github\"]",
      "instances": [
        {
          "schema_version": 1,
          "attributes": {
            "bypass_actors": [
              {
                "actor_id": 0,
                "actor_type": "OrganizationAdmin",
                "bypass_mode": "always"
              },
              {
                "actor_id": 2462900,
                "actor_type": "Integration",
                "bypass_mode": "always"
              }
            ],
            "conditions": [
              {
                "ref_name": [
                  {
                    "exclude": [],
                    "include": [
                      "~DEFAULT_BRANCH",
                      "refs/heads/??.x",
                      "refs/heads/master"
                    ]
                  }
                ]
              }
            ],
            "enforcement": "active",
            "etag": "W/\"3077397077cc4c3308f13df8269de560aea0eba86624146cc7549c51fb15f642\"",
            "id": "16097041",
            "name": "Require Pull Request",
            "node_id": "RRS_lACqUmVwb3NpdG9yec5JccdOzgD1nxE",
            "repository": "valkyrja-ts",
            "rules": [
              {
                "branch_name_pattern": [],
                "commit_author_email_pattern": [],
                "commit_message_pattern": [],
                "committer_email_pattern": [],
                "copilot_code_review": [],
                "creation": false,
                "deletion": false,
                "file_extension_restriction": [],
                "file_path_restriction": [],
                "max_file_path_length": [],
                "max_file_size": [],
                "merge_queue": [],
                "non_fast_forward": false,
                "pull_request": [
                  {
                    "allowed_merge_methods": [
                      "squash"
                    ],
                    "dismiss_stale_reviews_on_push": false,
                    "require_code_owner_review": true,
                    "require_last_push_approval": false,
                    "required_approving_review_count": 0,
                    "required_review_thread_resolution": false,
                    "required_reviewers": []
                  }
                ],
                "required_code_scanning": [],
                "required_deployments": [],
                "required_linear_history": false,
                "required_signatures": false,
                "required_status_checks": [],
                "tag_name_pattern": [],
                "update": false,
                "update_allows_fetch_and_merge": false
              }
            ],
            "ruleset_id": 16097041,
            "target": "branch"
          },
          "sensitive_attributes": [],
          "private": "eyJzY2hlbWFfdmVyc2lvbiI6IjEifQ==",
          "dependencies": [
            "github_team.approvers",
            "module.repo.github_repository.this"
          ]
        }
      ]
    },
    {
      "module": "module.repo[\"valkyrja-ts\"]",
      "mode": "managed",
      "type": "github_repository_ruleset",
      "name": "required_default_checks",
      "provider": "provider[\"registry.opentofu.org/integrations/github\"]",
      "instances": [
        {
          "schema_version": 1,
          "attributes": {
            "bypass_actors": [
              {
                "actor_id": 0,
                "actor_type": "OrganizationAdmin",
                "bypass_mode": "always"
              },
              {
                "actor_id": 2462900,
                "actor_type": "Integration",
                "bypass_mode": "always"
              }
            ],
            "conditions": [
              {
                "ref_name": [
                  {
                    "exclude": [],
                    "include": [
                      "~DEFAULT_BRANCH",
                      "refs/heads/??.x"
                    ]
                  }
                ]
              }
            ],
            "enforcement": "active",
            "etag": "W/\"18441e8f0a6f2f0d5821b3690fadc5082823ef95de2cfef37fb0ac0995af5333\"",
            "id": "16097042",
            "name": "Required Default PR Checks",
            "node_id": "RRS_lACqUmVwb3NpdG9yec5JccdOzgD1nxI",
            "repository": "valkyrja-ts",
            "rules": [
              {
                "branch_name_pattern": [],
                "commit_author_email_pattern": [],
                "commit_message_pattern": [],
                "committer_email_pattern": [],
                "copilot_code_review": [],
                "creation": false,
                "deletion": false,
                "file_extension_restriction": [],
                "file_path_restriction": [],
                "max_file_path_length": [],
                "max_file_size": [],
                "merge_queue": [],
                "non_fast_forward": false,
                "pull_request": [],
                "required_code_scanning": [],
                "required_deployments": [],
                "required_linear_history": false,
                "required_signatures": false,
                "required_status_checks": [
                  {
                    "do_not_enforce_on_create": false,
                    "required_check": [
                      {
                        "context": "Commit Message Check / Check Commit Message",
                        "integration_id": 15368
                      },
                      {
                        "context": "Copyright Header Check / Check Copyright Header",
                        "integration_id": 15368
                      },
                      {
                        "context": "Markdown Check / Check Markdown",
                        "integration_id": 15368
                      },
                      {
                        "context": "Trailing Newline Check / Check Trailing Newline",
                        "integration_id": 15368
                      }
                    ],
                    "strict_required_status_checks_policy": false
                  }
                ],
                "tag_name_pattern": [],
                "update": false,
                "update_allows_fetch_and_merge": false
              }
            ],
            "ruleset_id": 16097042,
            "target": "branch"
          },
          "sensitive_attributes": [],
          "private": "eyJzY2hlbWFfdmVyc2lvbiI6IjEifQ==",
          "dependencies": [
            "module.repo.github_repository.this"
          ]
        }
      ]
    },
    {
      "module": "module.repo[\"valkyrja-ts\"]",
      "mode": "managed",
      "type": "github_repository_ruleset",
      "name": "required_language_checks",
      "provider": "provider[\"registry.opentofu.org/integrations/github\"]",
      "instances": [
        {
          "index_key": 0,
          "schema_version": 1,
          "attributes": {
            "bypass_actors": [
              {
                "actor_id": 0,
                "actor_type": "OrganizationAdmin",
                "bypass_mode": "always"
              },
              {
                "actor_id": 2462900,
                "actor_type": "Integration",
                "bypass_mode": "always"
              }
            ],
            "conditions": [
              {
                "ref_name": [
                  {
                    "exclude": [],
                    "include": [
                      "~DEFAULT_BRANCH",
                      "refs/heads/??.x"
                    ]
                  }
                ]
              }
            ],
            "enforcement": "active",
            "etag": "W/\"4dcc9ad00cbd4ee41855b3c2a5b892c100028566fd0842990f3d6d698ccf76cf\"",
            "id": "16515388",
            "name": "Required TypeScript PR Checks",
            "node_id": "RRS_lACqUmVwb3NpdG9yec5JccdOzgD8ATw",
            "repository": "valkyrja-ts",
            "rules": [
              {
                "branch_name_pattern": [],
                "commit_author_email_pattern": [],
                "commit_message_pattern": [],
                "committer_email_pattern": [],
                "copilot_code_review": [],
                "creation": false,
                "deletion": false,
                "file_extension_restriction": [],
                "file_path_restriction": [],
                "max_file_path_length": [],
                "max_file_size": [],
                "merge_queue": [],
                "non_fast_forward": false,
                "pull_request": [],
                "required_code_scanning": [],
                "required_deployments": [],
                "required_linear_history": false,
                "required_signatures": false,
                "required_status_checks": [
                  {
                    "do_not_enforce_on_create": false,
                    "required_check": [
                      {
                        "context": "Tools / ESLint / ESLint",
                        "integration_id": 15368
                      },
                      {
                        "context": "Tools / Prettier / Prettier",
                        "integration_id": 15368
                      },
                      {
                        "context": "Tools / TypeScript / TypeScript",
                        "integration_id": 15368
                      },
                      {
                        "context": "Tools / Vitest / Vitest",
                        "integration_id": 15368
                      }
                    ],
                    "strict_required_status_checks_policy": false
                  }
                ],
                "tag_name_pattern": [],
                "update": false,
                "update_allows_fetch_and_merge": false
              }
            ],
            "ruleset_id": 16515388,
            "target": "branch"
          },
          "sensitive_attributes": [],
          "private": "eyJzY2hlbWFfdmVyc2lvbiI6IjEifQ==",
          "dependencies": [
            "module.repo.github_repository.this"
          ]
        }
      ]
    },
    {
      "module": "module.repo[\"valkyrja-ts\"]",
      "mode": "managed",
      "type": "github_repository_ruleset",
      "name": "restrict_unsupported_branches",
      "provider": "provider[\"registry.opentofu.org/integrations/github\"]",
      "instances": [
        {
          "schema_version": 1,
          "attributes": {
            "bypass_actors": [
              {
                "actor_id": 2462900,
                "actor_type": "Integration",
                "bypass_mode": "always"
              }
            ],
            "conditions": [
              {
                "ref_name": [
                  {
                    "exclude": [],
                    "include": [
                      "refs/heads/??.x-backup",
                      "refs/heads/master-backup"
                    ]
                  }
                ]
              }
            ],
            "enforcement": "active",
            "etag": "W/\"c34b1420f26eba8d10c2578d4706bc3701e50ca29f79df93ba67995f1e839216\"",
            "id": "16097043",
            "name": "Restrict Changes to Unsupported Branches",
            "node_id": "RRS_lACqUmVwb3NpdG9yec5JccdOzgD1nxM",
            "repository": "valkyrja-ts",
            "rules": [
              {
                "branch_name_pattern": [],
                "commit_author_email_pattern": [],
                "commit_message_pattern": [],
                "committer_email_pattern": [],
                "copilot_code_review": [],
                "creation": true,
                "deletion": true,
                "file_extension_restriction": [],
                "file_path_restriction": [],
                "max_file_path_length": [],
                "max_file_size": [],
                "merge_queue": [],
                "non_fast_forward": true,
                "pull_request": [],
                "required_code_scanning": [],
                "required_deployments": [],
                "required_linear_history": false,
                "required_signatures": false,
                "required_status_checks": [],
                "tag_name_pattern": [],
                "update": true,
                "update_allows_fetch_and_merge": false
              }
            ],
            "ruleset_id": 16097043,
            "target": "branch"
          },
          "sensitive_attributes": [],
          "private": "eyJzY2hlbWFfdmVyc2lvbiI6IjEifQ==",
          "dependencies": [
            "module.repo.github_repository.this"
          ]
        }
      ]
    },
    {
      "module": "module.repo[\"valkyrja-ts\"]",
      "mode": "managed",
      "type": "github_repository_vulnerability_alerts",
      "name": "this",
      "provider": "provider[\"registry.opentofu.org/integrations/github\"]",
      "instances": [
        {
          "schema_version": 0,
          "attributes": {
            "enabled": true,
            "id": "1232193358",
            "repository": "valkyrja-ts",
            "repository_id": 1232193358
          },
          "sensitive_attributes": [],
          "private": "eyJzY2hlbWFfdmVyc2lvbiI6IjAifQ==",
          "dependencies": [
            "module.repo.github_repository.this"
          ]
        }
      ]
    },
    {
      "module": "module.repo[\"valkyrja-ts\"]",
      "mode": "managed",
      "type": "github_team_repository",
      "name": "approvers",
      "provider": "provider[\"registry.opentofu.org/integrations/github\"]",
      "instances": [
        {
          "index_key": 0,
          "schema_version": 0,
          "attributes": {
            "etag": "W/\"810b366f8c2db57671d7f7847552765222f04829dc63830234e8acfbdd2e527f\"",
            "id": "18867552:valkyrja-ts",
            "permission": "push",
            "repository": "valkyrja-ts",
            "team_id": "approvers"
          },
          "sensitive_attributes": [],
          "private": "bnVsbA==",
          "dependencies": [
            "module.repo.github_repository.this"
          ]
        }
      ]
    }
  ],
  "check_results": null
}

