{
  "version": 4,
  "terraform_version": "1.12.5",
  "serial": 21,
  "lineage": "d0adbf97-18eb-afaa-aead-b60446d0fce5",
  "outputs": {},
  "resources": [
    {
      "mode": "managed",
      "type": "github_team",
      "name": "approvers",
      "provider": "provider[\"registry.opentofu.org/integrations/github\"]",
      "instances": [
        {
          "schema_version": 0,
          "attributes": {
            "create_default_maintainer": false,
            "description": "Members whose approval satisfies the pull request review requirement",
            "etag": "W/\"85a6e18470748ce499daf7386f65a3521a6b24a289e60248a29e434ac242ffc0\"",
            "id": "18867552",
            "ldap_dn": null,
            "members_count": 1,
            "name": "approvers",
            "node_id": "T_kwDOAamxGc4BH-Vg",
            "notification_setting": "notifications_enabled",
            "parent_team_id": "",
            "parent_team_read_id": "",
            "parent_team_read_slug": "",
            "privacy": "closed",
            "slug": "approvers"
          },
          "sensitive_attributes": [],
          "private": "bnVsbA=="
        }
      ]
    },
    {
      "mode": "managed",
      "type": "github_team_membership",
      "name": "approvers_melech",
      "provider": "provider[\"registry.opentofu.org/integrations/github\"]",
      "instances": [
        {
          "schema_version": 0,
          "attributes": {
            "etag": "W/\"4e9a16cb585ac07882e4013adf2c1efd41a7df6387b467ded1b88b7af0c941a3\"",
            "id": "18867552:MelechMizrachi",
            "role": "maintainer",
            "team_id": "18867552",
            "username": "MelechMizrachi"
          },
          "sensitive_attributes": [],
          "private": "bnVsbA==",
          "dependencies": [
            "github_team.approvers"
          ]
        }
      ]
    },
    {
      "module": "module.repo[\".github\"]",
      "mode": "managed",
      "type": "github_issue_label",
      "name": "claude_review",
      "provider": "provider[\"registry.opentofu.org/integrations/github\"]",
      "instances": [
        {
          "schema_version": 0,
          "attributes": {
            "color": "5319e7",
            "description": "Ask Claude to review this pull request",
            "etag": "W/\"3ab683b5e9c0b7c2ecf89ae2a611d25fcc2f16d5457e95debc3a7bfc9f6603fc\"",
            "id": ".github:claude-review",
            "name": "claude-review",
            "repository": ".github",
            "url": "https://api.github.com/repos/valkyrjaio/.github/labels/claude-review"
          },
          "sensitive_attributes": [],
          "private": "eyJzY2hlbWFfdmVyc2lvbiI6IjAifQ==",
          "dependencies": [
            "module.repo.github_repository.this"
          ]
        }
      ]
    },
    {
      "module": "module.repo[\".github\"]",
      "mode": "managed",
      "type": "github_repository",
      "name": "this",
      "provider": "provider[\"registry.opentofu.org/integrations/github\"]",
      "instances": [
        {
          "schema_version": 1,
          "attributes": {
            "allow_auto_merge": false,
            "allow_forking": true,
            "allow_merge_commit": false,
            "allow_rebase_merge": false,
            "allow_squash_merge": true,
            "allow_update_branch": false,
            "archive_on_destroy": null,
            "archived": false,
            "auto_init": false,
            "default_branch": "26.x",
            "delete_branch_on_merge": true,
            "description": "GitHub specific files and project wide workflows",
            "etag": "W/\"de7ce5058be16c6bc2353bfd4370ce6bf2b25efc9717f1a6f153d8fa9d56faa6\"",
            "fork": "false",
            "full_name": "valkyrjaio/.github",
            "git_clone_url": "git://github.com/valkyrjaio/.github.git",
            "gitignore_template": null,
            "has_discussions": false,
            "has_downloads": false,
            "has_issues": true,
            "has_projects": false,
            "has_wiki": false,
            "homepage_url": "",
            "html_url": "https://github.com/valkyrjaio/.github",
            "http_clone_url": "https://github.com/valkyrjaio/.github.git",
            "id": ".github",
            "ignore_vulnerability_alerts_during_read": null,
            "is_template": false,
            "license_template": null,
            "merge_commit_message": "PR_TITLE",
            "merge_commit_title": "MERGE_MESSAGE",
            "name": ".github",
            "node_id": "R_kgDOH-WmMQ",
            "pages": [],
            "primary_language": "Shell",
            "private": false,
            "repo_id": 535143985,
            "security_and_analysis": [
              {
                "advanced_security": [],
                "code_security": [],
                "secret_scanning": [
                  {
                    "status": "disabled"
                  }
                ],
                "secret_scanning_ai_detection": [],
                "secret_scanning_non_provider_patterns": [],
                "secret_scanning_push_protection": [
                  {
                    "status": "disabled"
                  }
                ]
              }
            ],
            "source_owner": "",
            "source_repo": "",
            "squash_merge_commit_message": "PR_BODY",
            "squash_merge_commit_title": "PR_TITLE",
            "ssh_clone_url": "git@github.com:valkyrjaio/.github.git",
            "svn_url": "https://github.com/valkyrjaio/.github",
            "template": [],
            "topics": [],
            "visibility": "public",
            "vulnerability_alerts": true,
            "web_commit_signoff_required": false
          },
          "sensitive_attributes": [],
          "private": "eyJzY2hlbWFfdmVyc2lvbiI6IjEifQ=="
        }
      ]
    },
    {
      "module": "module.repo[\".github\"]",
      "mode": "managed",
      "type": "github_repository_ruleset",
      "name": "force_push_protection",
      "provider": "provider[\"registry.opentofu.org/integrations/github\"]",
      "instances": [
        {
          "schema_version": 1,
          "attributes": {
            "bypass_actors": [
              {
                "actor_id": 0,
                "actor_type": "OrganizationAdmin",
                "bypass_mode": "always"
              }
            ],
            "conditions": [
              {
                "ref_name": [
                  {
                    "exclude": [],
                    "include": [
                      "refs/heads/??.x"
                    ]
                  }
                ]
              }
            ],
            "enforcement": "active",
            "etag": "W/\"34a7134342a9c99f2b99dbfbeae32482f157429326a54c98480e43445ebd1ab9\"",
            "id": "15225374",
            "name": "Protect Against Force Pushes and Deletion",
            "node_id": "RRS_lACqUmVwb3NpdG9yec4f5aYxzgDoUh4",
            "repository": ".github",
            "rules": [
              {
                "branch_name_pattern": [],
                "commit_author_email_pattern": [],
                "commit_message_pattern": [],
                "committer_email_pattern": [],
                "copilot_code_review": [],
                "creation": false,
                "deletion": true,
                "file_extension_restriction": [],
                "file_path_restriction": [],
                "max_file_path_length": [],
                "max_file_size": [],
                "merge_queue": [],
                "non_fast_forward": true,
                "pull_request": [],
                "required_code_scanning": [],
                "required_deployments": [],
                "required_linear_history": false,
                "required_signatures": false,
                "required_status_checks": [],
                "tag_name_pattern": [],
                "update": false,
                "update_allows_fetch_and_merge": false
              }
            ],
            "ruleset_id": 15225374,
            "target": "branch"
          },
          "sensitive_attributes": [],
          "private": "eyJzY2hlbWFfdmVyc2lvbiI6IjEifQ==",
          "dependencies": [
            "module.repo.github_repository.this"
          ]
        }
      ]
    },
    {
      "module": "module.repo[\".github\"]",
      "mode": "managed",
      "type": "github_repository_ruleset",
      "name": "protect_master",
      "provider": "provider[\"registry.opentofu.org/integrations/github\"]",
      "instances": [
        {
          "schema_version": 1,
          "attributes": {
            "bypass_actors": [],
            "conditions": [
              {
                "ref_name": [
                  {
                    "exclude": [],
                    "include": [
                      "refs/heads/master"
                    ]
                  }
                ]
              }
            ],
            "enforcement": "active",
            "etag": "W/\"23964f963a8274fd02d671c2d35041e647b5bb61c203e2c6b52cf0206f912840\"",
            "id": "15225375",
            "name": "Protect Master At All Times",
            "node_id": "RRS_lACqUmVwb3NpdG9yec4f5aYxzgDoUh8",
            "repository": ".github",
            "rules": [
              {
                "branch_name_pattern": [],
                "commit_author_email_pattern": [],
                "commit_message_pattern": [],
                "committer_email_pattern": [],
                "copilot_code_review": [],
                "creation": false,
                "deletion": true,
                "file_extension_restriction": [],
                "file_path_restriction": [],
                "max_file_path_length": [],
                "max_file_size": [],
                "merge_queue": [],
                "non_fast_forward": true,
                "pull_request": [],
                "required_code_scanning": [],
                "required_deployments": [],
                "required_linear_history": false,
                "required_signatures": false,
                "required_status_checks": [],
                "tag_name_pattern": [],
                "update": false,
                "update_allows_fetch_and_merge": false
              }
            ],
            "ruleset_id": 15225375,
            "target": "branch"
          },
          "sensitive_attributes": [],
          "private": "eyJzY2hlbWFfdmVyc2lvbiI6IjEifQ==",
          "dependencies": [
            "module.repo.github_repository.this"
          ]
        }
      ]
    },
    {
      "module": "module.repo[\".github\"]",
      "mode": "managed",
      "type": "github_repository_ruleset",
      "name": "protect_release_tags",
      "provider": "provider[\"registry.opentofu.org/integrations/github\"]",
      "instances": [
        {
          "schema_version": 1,
          "attributes": {
            "bypass_actors": [
              {
                "actor_id": 0,
                "actor_type": "OrganizationAdmin",
                "bypass_mode": "always"
              }
            ],
            "conditions": [
              {
                "ref_name": [
                  {
                    "exclude": [],
                    "include": [
                      "refs/tags/*.*.*"
                    ]
                  }
                ]
              }
            ],
            "enforcement": "active",
            "etag": "W/\"0cbad7a8b6f32d39189ab7b933fa50e240b9faa17874f9d3534f5d54860139c2\"",
            "id": "15225376",
            "name": "Protect Release Tags",
            "node_id": "RRS_lACqUmVwb3NpdG9yec4f5aYxzgDoUiA",
            "repository": ".github",
            "rules": [
              {
                "branch_name_pattern": [],
                "commit_author_email_pattern": [],
                "commit_message_pattern": [],
                "committer_email_pattern": [],
                "copilot_code_review": [],
                "creation": false,
                "deletion": true,
                "file_extension_restriction": [],
                "file_path_restriction": [],
                "max_file_path_length": [],
                "max_file_size": [],
                "merge_queue": [],
                "non_fast_forward": true,
                "pull_request": [],
                "required_code_scanning": [],
                "required_deployments": [],
                "required_linear_history": false,
                "required_signatures": false,
                "required_status_checks": [],
                "tag_name_pattern": [],
                "update": false,
                "update_allows_fetch_and_merge": false
              }
            ],
            "ruleset_id": 15225376,
            "target": "tag"
          },
          "sensitive_attributes": [],
          "private": "eyJzY2hlbWFfdmVyc2lvbiI6IjEifQ==",
          "dependencies": [
            "module.repo.github_repository.this"
          ]
        }
      ]
    },
    {
      "module": "module.repo[\".github\"]",
      "mode": "managed",
      "type": "github_repository_ruleset",
      "name": "require_pull_request",
      "provider": "provider[\"registry.opentofu.org/integrations/github\"]",
      "instances": [
        {
          "schema_version": 1,
          "attributes": {
            "bypass_actors": [
              {
                "actor_id": 0,
                "actor_type": "OrganizationAdmin",
                "bypass_mode": "always"
              },
              {
                "actor_id": 2462900,
                "actor_type": "Integration",
                "bypass_mode": "always"
              }
            ],
            "conditions": [
              {
                "ref_name": [
                  {
                    "exclude": [],
                    "include": [
                      "~DEFAULT_BRANCH",
                      "refs/heads/??.x",
                      "refs/heads/master"
                    ]
                  }
                ]
              }
            ],
            "enforcement": "active",
            "etag": "W/\"a7a35f5fab4e008eacd5221fca1568fb3986724dcc833d09255eef923a3cab3d\"",
            "id": "15225377",
            "name": "Require Pull Request",
            "node_id": "RRS_lACqUmVwb3NpdG9yec4f5aYxzgDoUiE",
            "repository": ".github",
            "rules": [
              {
                "branch_name_pattern": [],
                "commit_author_email_pattern": [],
                "commit_message_pattern": [],
                "committer_email_pattern": [],
                "copilot_code_review": [],
                "creation": false,
                "deletion": false,
                "file_extension_restriction": [],
                "file_path_restriction": [],
                "max_file_path_length": [],
                "max_file_size": [],
                "merge_queue": [],
                "non_fast_forward": false,
                "pull_request": [
                  {
                    "allowed_merge_methods": [
                      "squash"
                    ],
                    "dismiss_stale_reviews_on_push": false,
                    "require_code_owner_review": true,
                    "require_last_push_approval": false,
                    "required_approving_review_count": 0,
                    "required_review_thread_resolution": false,
                    "required_reviewers": []
                  }
                ],
                "required_code_scanning": [],
                "required_deployments": [],
                "required_linear_history": false,
                "required_signatures": false,
                "required_status_checks": [],
                "tag_name_pattern": [],
                "update": false,
                "update_allows_fetch_and_merge": false
              }
            ],
            "ruleset_id": 15225377,
            "target": "branch"
          },
          "sensitive_attributes": [],
          "private": "eyJzY2hlbWFfdmVyc2lvbiI6IjEifQ==",
          "dependencies": [
            "github_team.approvers",
            "module.repo.github_repository.this"
          ]
        }
      ]
    },
    {
      "module": "module.repo[\".github\"]",
      "mode": "managed",
      "type": "github_repository_ruleset",
      "name": "required_default_checks",
      "provider": "provider[\"registry.opentofu.org/integrations/github\"]",
      "instances": [
        {
          "schema_version": 1,
          "attributes": {
            "bypass_actors": [
              {
                "actor_id": 0,
                "actor_type": "OrganizationAdmin",
                "bypass_mode": "always"
              },
              {
                "actor_id": 2462900,
                "actor_type": "Integration",
                "bypass_mode": "always"
              }
            ],
            "conditions": [
              {
                "ref_name": [
                  {
                    "exclude": [],
                    "include": [
                      "~DEFAULT_BRANCH",
                      "refs/heads/??.x"
                    ]
                  }
                ]
              }
            ],
            "enforcement": "active",
            "etag": "W/\"c595bb05c40ffe94b01e5885ec44fa48e885af19b002aa2274fa0c4f0bfdb158\"",
            "id": "15273964",
            "name": "Required Default PR Checks",
            "node_id": "RRS_lACqUmVwb3NpdG9yec4f5aYxzgDpD-w",
            "repository": ".github",
            "rules": [
              {
                "branch_name_pattern": [],
                "commit_author_email_pattern": [],
                "commit_message_pattern": [],
                "committer_email_pattern": [],
                "copilot_code_review": [],
                "creation": false,
                "deletion": false,
                "file_extension_restriction": [],
                "file_path_restriction": [],
                "max_file_path_length": [],
                "max_file_size": [],
                "merge_queue": [],
                "non_fast_forward": false,
                "pull_request": [],
                "required_code_scanning": [],
                "required_deployments": [],
                "required_linear_history": false,
                "required_signatures": false,
                "required_status_checks": [
                  {
                    "do_not_enforce_on_create": false,
                    "required_check": [
                      {
                        "context": "Commit Message Check / Check Commit Message",
                        "integration_id": 15368
                      },
                      {
                        "context": "Copyright Header Check / Check Copyright Header",
                        "integration_id": 15368
                      },
                      {
                        "context": "Markdown Check / Check Markdown",
                        "integration_id": 15368
                      },
                      {
                        "context": "Trailing Newline Check / Check Trailing Newline",
                        "integration_id": 15368
                      }
                    ],
                    "strict_required_status_checks_policy": false
                  }
                ],
                "tag_name_pattern": [],
                "update": false,
                "update_allows_fetch_and_merge": false
              }
            ],
            "ruleset_id": 15273964,
            "target": "branch"
          },
          "sensitive_attributes": [],
          "private": "eyJzY2hlbWFfdmVyc2lvbiI6IjEifQ==",
          "dependencies": [
            "module.repo.github_repository.this"
          ]
        }
      ]
    },
    {
      "module": "module.repo[\".github\"]",
      "mode": "managed",
      "type": "github_repository_ruleset",
      "name": "restrict_unsupported_branches",
      "provider": "provider[\"registry.opentofu.org/integrations/github\"]",
      "instances": [
        {
          "schema_version": 1,
          "attributes": {
            "bypass_actors": [
              {
                "actor_id": 2462900,
                "actor_type": "Integration",
                "bypass_mode": "always"
              }
            ],
            "conditions": [
              {
                "ref_name": [
                  {
                    "exclude": [],
                    "include": [
                      "refs/heads/??.x-backup",
                      "refs/heads/master-backup"
                    ]
                  }
                ]
              }
            ],
            "enforcement": "active",
            "etag": "W/\"1cc8460d42b6fcebfaf78184765ffc8da97362f986388b755d11ca57cedb7879\"",
            "id": "15225378",
            "name": "Restrict Changes to Unsupported Branches",
            "node_id": "RRS_lACqUmVwb3NpdG9yec4f5aYxzgDoUiI",
            "repository": ".github",
            "rules": [
              {
                "branch_name_pattern": [],
                "commit_author_email_pattern": [],
                "commit_message_pattern": [],
                "committer_email_pattern": [],
                "copilot_code_review": [],
                "creation": true,
                "deletion": true,
                "file_extension_restriction": [],
                "file_path_restriction": [],
                "max_file_path_length": [],
                "max_file_size": [],
                "merge_queue": [],
                "non_fast_forward": true,
                "pull_request": [],
                "required_code_scanning": [],
                "required_deployments": [],
                "required_linear_history": false,
                "required_signatures": false,
                "required_status_checks": [],
                "tag_name_pattern": [],
                "update": true,
                "update_allows_fetch_and_merge": false
              }
            ],
            "ruleset_id": 15225378,
            "target": "branch"
          },
          "sensitive_attributes": [],
          "private": "eyJzY2hlbWFfdmVyc2lvbiI6IjEifQ==",
          "dependencies": [
            "module.repo.github_repository.this"
          ]
        }
      ]
    },
    {
      "module": "module.repo[\".github\"]",
      "mode": "managed",
      "type": "github_repository_vulnerability_alerts",
      "name": "this",
      "provider": "provider[\"registry.opentofu.org/integrations/github\"]",
      "instances": [
        {
          "schema_version": 0,
          "attributes": {
            "enabled": true,
            "id": "535143985",
            "repository": ".github",
            "repository_id": 535143985
          },
          "sensitive_attributes": [],
          "private": "eyJzY2hlbWFfdmVyc2lvbiI6IjAifQ==",
          "dependencies": [
            "module.repo.github_repository.this"
          ]
        }
      ]
    },
    {
      "module": "module.repo[\".github\"]",
      "mode": "managed",
      "type": "github_team_repository",
      "name": "approvers",
      "provider": "provider[\"registry.opentofu.org/integrations/github\"]",
      "instances": [
        {
          "index_key": 0,
          "schema_version": 0,
          "attributes": {
            "etag": "W/\"7a61005a19f8e269e9cf7b5cb8ba0acf01ea3f80757b82afdd5bdc7af51b4cd7\"",
            "id": "18867552:.github",
            "permission": "push",
            "repository": ".github",
            "team_id": "approvers"
          },
          "sensitive_attributes": [],
          "private": "bnVsbA==",
          "dependencies": [
            "module.repo.github_repository.this"
          ]
        }
      ]
    },
    {
      "module": "module.repo[\"architecture\"]",
      "mode": "managed",
      "type": "github_issue_label",
      "name": "claude_review",
      "provider": "provider[\"registry.opentofu.org/integrations/github\"]",
      "instances": [
        {
          "schema_version": 0,
          "attributes": {
            "color": "5319e7",
            "description": "Ask Claude to review this pull request",
            "etag": "W/\"6c49e9299cffb5443d9849f1151d26d329ff0784deeb5e1520dff49c4517518d\"",
            "id": "architecture:claude-review",
            "name": "claude-review",
            "repository": "architecture",
            "url": "https://api.github.com/repos/valkyrjaio/architecture/labels/claude-review"
          },
          "sensitive_attributes": [],
          "private": "eyJzY2hlbWFfdmVyc2lvbiI6IjAifQ==",
          "dependencies": [
            "module.repo.github_repository.this"
          ]
        }
      ]
    },
    {
      "module": "module.repo[\"architecture\"]",
      "mode": "managed",
      "type": "github_repository",
      "name": "this",
      "provider": "provider[\"registry.opentofu.org/integrations/github\"]",
      "instances": [
        {
          "schema_version": 1,
          "attributes": {
            "allow_auto_merge": false,
            "allow_forking": true,
            "allow_merge_commit": false,
            "allow_rebase_merge": false,
            "allow_squash_merge": true,
            "allow_update_branch": false,
            "archive_on_destroy": null,
            "archived": false,
            "auto_init": false,
            "default_branch": "26.x",
            "delete_branch_on_merge": true,
            "description": "Cross-language design decisions, implementation roadmaps, and port planning for the Valkyrja framework ecosystem",
            "etag": "W/\"ff9f0333d9c4d5841cadb0b1e9c922dae72376806362fcff4d4f9f0559a193c3\"",
            "fork": "false",
            "full_name": "valkyrjaio/architecture",
            "git_clone_url": "git://github.com/valkyrjaio/architecture.git",
            "gitignore_template": null,
            "has_discussions": false,
            "has_downloads": false,
            "has_issues": true,
            "has_projects": false,
            "has_wiki": false,
            "homepage_url": "",
            "html_url": "https://github.com/valkyrjaio/architecture",
            "http_clone_url": "https://github.com/valkyrjaio/architecture.git",
            "id": "architecture",
            "ignore_vulnerability_alerts_during_read": null,
            "is_template": false,
            "license_template": null,
            "merge_commit_message": "PR_TITLE",
            "merge_commit_title": "MERGE_MESSAGE",
            "name": "architecture",
            "node_id": "R_kgDOSA1Xcg",
            "pages": [],
            "primary_language": "",
            "private": false,
            "repo_id": 1208833906,
            "security_and_analysis": [
              {
                "advanced_security": [],
                "code_security": [],
                "secret_scanning": [
                  {
                    "status": "disabled"
                  }
                ],
                "secret_scanning_ai_detection": [],
                "secret_scanning_non_provider_patterns": [],
                "secret_scanning_push_protection": [
                  {
                    "status": "disabled"
                  }
                ]
              }
            ],
            "source_owner": "",
            "source_repo": "",
            "squash_merge_commit_message": "PR_BODY",
            "squash_merge_commit_title": "PR_TITLE",
            "ssh_clone_url": "git@github.com:valkyrjaio/architecture.git",
            "svn_url": "https://github.com/valkyrjaio/architecture",
            "template": [],
            "topics": [],
            "visibility": "public",
            "vulnerability_alerts": true,
            "web_commit_signoff_required": false
          },
          "sensitive_attributes": [],
          "private": "eyJzY2hlbWFfdmVyc2lvbiI6IjEifQ=="
        }
      ]
    },
    {
      "module": "module.repo[\"architecture\"]",
      "mode": "managed",
      "type": "github_repository_ruleset",
      "name": "force_push_protection",
      "provider": "provider[\"registry.opentofu.org/integrations/github\"]",
      "instances": [
        {
          "schema_version": 1,
          "attributes": {
            "bypass_actors": [
              {
                "actor_id": 0,
                "actor_type": "OrganizationAdmin",
                "bypass_mode": "always"
              }
            ],
            "conditions": [
              {
                "ref_name": [
                  {
                    "exclude": [],
                    "include": [
                      "refs/heads/??.x"
                    ]
                  }
                ]
              }
            ],
            "enforcement": "active",
            "etag": "W/\"31ccf05e30aa43bc4e915d35db377f444ffc9e674d63da985a8749b0d8e99319\"",
            "id": "15195232",
            "name": "Protect Against Force Pushes and Deletion",
            "node_id": "RRS_lACqUmVwb3NpdG9yec5IDVdyzgDn3GA",
            "repository": "architecture",
            "rules": [
              {
                "branch_name_pattern": [],
                "commit_author_email_pattern": [],
                "commit_message_pattern": [],
                "committer_email_pattern": [],
                "copilot_code_review": [],
                "creation": false,
                "deletion": true,
                "file_extension_restriction": [],
                "file_path_restriction": [],
                "max_file_path_length": [],
                "max_file_size": [],
                "merge_queue": [],
                "non_fast_forward": true,
                "pull_request": [],
                "required_code_scanning": [],
                "required_deployments": [],
                "required_linear_history": false,
                "required_signatures": false,
                "required_status_checks": [],
                "tag_name_pattern": [],
                "update": false,
                "update_allows_fetch_and_merge": false
              }
            ],
            "ruleset_id": 15195232,
            "target": "branch"
          },
          "sensitive_attributes": [],
          "private": "eyJzY2hlbWFfdmVyc2lvbiI6IjEifQ==",
          "dependencies": [
            "module.repo.github_repository.this"
          ]
        }
      ]
    },
    {
      "module": "module.repo[\"architecture\"]",
      "mode": "managed",
      "type": "github_repository_ruleset",
      "name": "protect_master",
      "provider": "provider[\"registry.opentofu.org/integrations/github\"]",
      "instances": [
        {
          "schema_version": 1,
          "attributes": {
            "bypass_actors": [],
            "conditions": [
              {
                "ref_name": [
                  {
                    "exclude": [],
                    "include": [
                      "refs/heads/master"
                    ]
                  }
                ]
              }
            ],
            "enforcement": "active",
            "etag": "W/\"3cd09e5b0aba4ffb8ae83e077e13964c0b1e019cb1d473666c13ef45de659c7e\"",
            "id": "15195233",
            "name": "Protect Master At All Times",
            "node_id": "RRS_lACqUmVwb3NpdG9yec5IDVdyzgDn3GE",
            "repository": "architecture",
            "rules": [
              {
                "branch_name_pattern": [],
                "commit_author_email_pattern": [],
                "commit_message_pattern": [],
                "committer_email_pattern": [],
                "copilot_code_review": [],
                "creation": false,
                "deletion": true,
                "file_extension_restriction": [],
                "file_path_restriction": [],
                "max_file_path_length": [],
                "max_file_size": [],
                "merge_queue": [],
                "non_fast_forward": true,
                "pull_request": [],
                "required_code_scanning": [],
                "required_deployments": [],
                "required_linear_history": false,
                "required_signatures": false,
                "required_status_checks": [],
                "tag_name_pattern": [],
                "update": false,
                "update_allows_fetch_and_merge": false
              }
            ],
            "ruleset_id": 15195233,
            "target": "branch"
          },
          "sensitive_attributes": [],
          "private": "eyJzY2hlbWFfdmVyc2lvbiI6IjEifQ==",
          "dependencies": [
            "module.repo.github_repository.this"
          ]
        }
      ]
    },
    {
      "module": "module.repo[\"architecture\"]",
      "mode": "managed",
      "type": "github_repository_ruleset",
      "name": "protect_release_tags",
      "provider": "provider[\"registry.opentofu.org/integrations/github\"]",
      "instances": [
        {
          "schema_version": 1,
          "attributes": {
            "bypass_actors": [
              {
                "actor_id": 0,
                "actor_type": "OrganizationAdmin",
                "bypass_mode": "always"
              }
            ],
            "conditions": [
              {
                "ref_name": [
                  {
                    "exclude": [],
                    "include": [
                      "refs/tags/*.*.*"
                    ]
                  }
                ]
              }
            ],
            "enforcement": "active",
            "etag": "W/\"d7ee65fe152e89cbf292fe8392e338e084da45d7c3e6ed51a7d8b16745307273\"",
            "id": "15200877",
            "name": "Protect Release Tags",
            "node_id": "RRS_lACqUmVwb3NpdG9yec5IDVdyzgDn8m0",
            "repository": "architecture",
            "rules": [
              {
                "branch_name_pattern": [],
                "commit_author_email_pattern": [],
                "commit_message_pattern": [],
                "committer_email_pattern": [],
                "copilot_code_review": [],
                "creation": false,
                "deletion": true,
                "file_extension_restriction": [],
                "file_path_restriction": [],
                "max_file_path_length": [],
                "max_file_size": [],
                "merge_queue": [],
                "non_fast_forward": true,
                "pull_request": [],
                "required_code_scanning": [],
                "required_deployments": [],
                "required_linear_history": false,
                "required_signatures": false,
                "required_status_checks": [],
                "tag_name_pattern": [],
                "update": false,
                "update_allows_fetch_and_merge": false
              }
            ],
            "ruleset_id": 15200877,
            "target": "tag"
          },
          "sensitive_attributes": [],
          "private": "eyJzY2hlbWFfdmVyc2lvbiI6IjEifQ==",
          "dependencies": [
            "module.repo.github_repository.this"
          ]
        }
      ]
    },
    {
      "module": "module.repo[\"architecture\"]",
      "mode": "managed",
      "type": "github_repository_ruleset",
      "name": "require_pull_request",
      "provider": "provider[\"registry.opentofu.org/integrations/github\"]",
      "instances": [
        {
          "schema_version": 1,
          "attributes": {
            "bypass_actors": [
              {
                "actor_id": 0,
                "actor_type": "OrganizationAdmin",
                "bypass_mode": "always"
              },
              {
                "actor_id": 2462900,
                "actor_type": "Integration",
                "bypass_mode": "always"
              }
            ],
            "conditions": [
              {
                "ref_name": [
                  {
                    "exclude": [],
                    "include": [
                      "~DEFAULT_BRANCH",
                      "refs/heads/??.x",
                      "refs/heads/master"
                    ]
                  }
                ]
              }
            ],
            "enforcement": "active",
            "etag": "W/\"b3f13165509854a723d093207d2180e9f656e39d62bf555facabae7efb9bcd3d\"",
            "id": "15195234",
            "name": "Require Pull Request",
            "node_id": "RRS_lACqUmVwb3NpdG9yec5IDVdyzgDn3GI",
            "repository": "architecture",
            "rules": [
              {
                "branch_name_pattern": [],
                "commit_author_email_pattern": [],
                "commit_message_pattern": [],
                "committer_email_pattern": [],
                "copilot_code_review": [],
                "creation": false,
                "deletion": false,
                "file_extension_restriction": [],
                "file_path_restriction": [],
                "max_file_path_length": [],
                "max_file_size": [],
                "merge_queue": [],
                "non_fast_forward": false,
                "pull_request": [
                  {
                    "allowed_merge_methods": [
                      "squash"
                    ],
                    "dismiss_stale_reviews_on_push": false,
                    "require_code_owner_review": true,
                    "require_last_push_approval": false,
                    "required_approving_review_count": 0,
                    "required_review_thread_resolution": false,
                    "required_reviewers": []
                  }
                ],
                "required_code_scanning": [],
                "required_deployments": [],
                "required_linear_history": false,
                "required_signatures": false,
                "required_status_checks": [],
                "tag_name_pattern": [],
                "update": false,
                "update_allows_fetch_and_merge": false
              }
            ],
            "ruleset_id": 15195234,
            "target": "branch"
          },
          "sensitive_attributes": [],
          "private": "eyJzY2hlbWFfdmVyc2lvbiI6IjEifQ==",
          "dependencies": [
            "github_team.approvers",
            "module.repo.github_repository.this"
          ]
        }
      ]
    },
    {
      "module": "module.repo[\"architecture\"]",
      "mode": "managed",
      "type": "github_repository_ruleset",
      "name": "required_default_checks",
      "provider": "provider[\"registry.opentofu.org/integrations/github\"]",
      "instances": [
        {
          "schema_version": 1,
          "attributes": {
            "bypass_actors": [
              {
                "actor_id": 0,
                "actor_type": "OrganizationAdmin",
                "bypass_mode": "always"
              },
              {
                "actor_id": 2462900,
                "actor_type": "Integration",
                "bypass_mode": "always"
              }
            ],
            "conditions": [
              {
                "ref_name": [
                  {
                    "exclude": [],
                    "include": [
                      "~DEFAULT_BRANCH",
                      "refs/heads/??.x"
                    ]
                  }
                ]
              }
            ],
            "enforcement": "active",
            "etag": "W/\"3f665342c7c723d346f9c99549e61927eb55c327d23426a1a8f3280a97988643\"",
            "id": "15273975",
            "name": "Required Default PR Checks",
            "node_id": "RRS_lACqUmVwb3NpdG9yec5IDVdyzgDpD_c",
            "repository": "architecture",
            "rules": [
              {
                "branch_name_pattern": [],
                "commit_author_email_pattern": [],
                "commit_message_pattern": [],
                "committer_email_pattern": [],
                "copilot_code_review": [],
                "creation": false,
                "deletion": false,
                "file_extension_restriction": [],
                "file_path_restriction": [],
                "max_file_path_length": [],
                "max_file_size": [],
                "merge_queue": [],
                "non_fast_forward": false,
                "pull_request": [],
                "required_code_scanning": [],
                "required_deployments": [],
                "required_linear_history": false,
                "required_signatures": false,
                "required_status_checks": [
                  {
                    "do_not_enforce_on_create": false,
                    "required_check": [
                      {
                        "context": "Commit Message Check / Check Commit Message",
                        "integration_id": 15368
                      },
                      {
                        "context": "Copyright Header Check / Check Copyright Header",
                        "integration_id": 15368
                      },
                      {
                        "context": "Markdown Check / Check Markdown",
                        "integration_id": 15368
                      },
                      {
                        "context": "Trailing Newline Check / Check Trailing Newline",
                        "integration_id": 15368
                      }
                    ],
                    "strict_required_status_checks_policy": false
                  }
                ],
                "tag_name_pattern": [],
                "update": false,
                "update_allows_fetch_and_merge": false
              }
            ],
            "ruleset_id": 15273975,
            "target": "branch"
          },
          "sensitive_attributes": [],
          "private": "eyJzY2hlbWFfdmVyc2lvbiI6IjEifQ==",
          "dependencies": [
            "module.repo.github_repository.this"
          ]
        }
      ]
    },
    {
      "module": "module.repo[\"architecture\"]",
      "mode": "managed",
      "type": "github_repository_ruleset",
      "name": "restrict_unsupported_branches",
      "provider": "provider[\"registry.opentofu.org/integrations/github\"]",
      "instances": [
        {
          "schema_version": 1,
          "attributes": {
            "bypass_actors": [
              {
                "actor_id": 2462900,
                "actor_type": "Integration",
                "bypass_mode": "always"
              }
            ],
            "conditions": [
              {
                "ref_name": [
                  {
                    "exclude": [],
                    "include": [
                      "refs/heads/??.x-backup",
                      "refs/heads/master-backup"
                    ]
                  }
                ]
              }
            ],
            "enforcement": "active",
            "etag": "W/\"936ea2b42889cc089f00e7266f178edaf47fe5906794692d5437af4ab52c69ee\"",
            "id": "15195235",
            "name": "Restrict Changes to Unsupported Branches",
            "node_id": "RRS_lACqUmVwb3NpdG9yec5IDVdyzgDn3GM",
            "repository": "architecture",
            "rules": [
              {
                "branch_name_pattern": [],
                "commit_author_email_pattern": [],
                "commit_message_pattern": [],
                "committer_email_pattern": [],
                "copilot_code_review": [],
                "creation": true,
                "deletion": true,
                "file_extension_restriction": [],
                "file_path_restriction": [],
                "max_file_path_length": [],
                "max_file_size": [],
                "merge_queue": [],
                "non_fast_forward": true,
                "pull_request": [],
                "required_code_scanning": [],
                "required_deployments": [],
                "required_linear_history": false,
                "required_signatures": false,
                "required_status_checks": [],
                "tag_name_pattern": [],
                "update": true,
                "update_allows_fetch_and_merge": false
              }
            ],
            "ruleset_id": 15195235,
            "target": "branch"
          },
          "sensitive_attributes": [],
          "private": "eyJzY2hlbWFfdmVyc2lvbiI6IjEifQ==",
          "dependencies": [
            "module.repo.github_repository.this"
          ]
        }
      ]
    },
    {
      "module": "module.repo[\"architecture\"]",
      "mode": "managed",
      "type": "github_repository_vulnerability_alerts",
      "name": "this",
      "provider": "provider[\"registry.opentofu.org/integrations/github\"]",
      "instances": [
        {
          "schema_version": 0,
          "attributes": {
            "enabled": true,
            "id": "1208833906",
            "repository": "architecture",
            "repository_id": 1208833906
          },
          "sensitive_attributes": [],
          "private": "eyJzY2hlbWFfdmVyc2lvbiI6IjAifQ==",
          "dependencies": [
            "module.repo.github_repository.this"
          ]
        }
      ]
    },
    {
      "module": "module.repo[\"architecture\"]",
      "mode": "managed",
      "type": "github_team_repository",
      "name": "approvers",
      "provider": "provider[\"registry.opentofu.org/integrations/github\"]",
      "instances": [
        {
          "index_key": 0,
          "schema_version": 0,
          "attributes": {
            "etag": "W/\"e971e3fd5ef8f61374a5370c4b59235069a9105ec1d61ff9f052c7ee24568d82\"",
            "id": "18867552:architecture",
            "permission": "push",
            "repository": "architecture",
            "team_id": "approvers"
          },
          "sensitive_attributes": [],
          "private": "bnVsbA==",
          "dependencies": [
            "module.repo.github_repository.this"
          ]
        }
      ]
    },
    {
      "module": "module.repo[\"art\"]",
      "mode": "managed",
      "type": "github_issue_label",
      "name": "claude_review",
      "provider": "provider[\"registry.opentofu.org/integrations/github\"]",
      "instances": [
        {
          "schema_version": 0,
          "attributes": {
            "color": "5319e7",
            "description": "Ask Claude to review this pull request",
            "etag": "W/\"e117074979406bcb43c23916aada8a18abb034003388af4eebc570072df60513\"",
            "id": "art:claude-review",
            "name": "claude-review",
            "repository": "art",
            "url": "https://api.github.com/repos/valkyrjaio/art/labels/claude-review"
          },
          "sensitive_attributes": [],
          "private": "eyJzY2hlbWFfdmVyc2lvbiI6IjAifQ==",
          "dependencies": [
            "module.repo.github_repository.this"
          ]
        }
      ]
    },
    {
      "module": "module.repo[\"art\"]",
      "mode": "managed",
      "type": "github_repository",
      "name": "this",
      "provider": "provider[\"registry.opentofu.org/integrations/github\"]",
      "instances": [
        {
          "schema_version": 1,
          "attributes": {
            "allow_auto_merge": false,
            "allow_forking": true,
            "allow_merge_commit": false,
            "allow_rebase_merge": false,
            "allow_squash_merge": true,
            "allow_update_branch": false,
            "archive_on_destroy": null,
            "archived": false,
            "auto_init": false,
            "default_branch": "26.x",
            "delete_branch_on_merge": true,
            "description": "Various art for the Valkyrja Framework",
            "etag": "W/\"13c33da4e08b65881c8356a813627fa84af92589b4f386ace8decf2b67cba5f2\"",
            "fork": "false",
            "full_name": "valkyrjaio/art",
            "git_clone_url": "git://github.com/valkyrjaio/art.git",
            "gitignore_template": null,
            "has_discussions": false,
            "has_downloads": false,
            "has_issues": true,
            "has_projects": false,
            "has_wiki": false,
            "homepage_url": "",
            "html_url": "https://github.com/valkyrjaio/art",
            "http_clone_url": "https://github.com/valkyrjaio/art.git",
            "id": "art",
            "ignore_vulnerability_alerts_during_read": null,
            "is_template": false,
            "license_template": null,
            "merge_commit_message": "PR_TITLE",
            "merge_commit_title": "MERGE_MESSAGE",
            "name": "art",
            "node_id": "R_kgDORo8mJw",
            "pages": [],
            "primary_language": "",
            "private": false,
            "repo_id": 1183786535,
            "security_and_analysis": [
              {
                "advanced_security": [],
                "code_security": [],
                "secret_scanning": [
                  {
                    "status": "disabled"
                  }
                ],
                "secret_scanning_ai_detection": [],
                "secret_scanning_non_provider_patterns": [],
                "secret_scanning_push_protection": [
                  {
                    "status": "disabled"
                  }
                ]
              }
            ],
            "source_owner": "",
            "source_repo": "",
            "squash_merge_commit_message": "PR_BODY",
            "squash_merge_commit_title": "PR_TITLE",
            "ssh_clone_url": "git@github.com:valkyrjaio/art.git",
            "svn_url": "https://github.com/valkyrjaio/art",
            "template": [],
            "topics": [],
            "visibility": "public",
            "vulnerability_alerts": true,
            "web_commit_signoff_required": false
          },
          "sensitive_attributes": [],
          "private": "eyJzY2hlbWFfdmVyc2lvbiI6IjEifQ=="
        }
      ]
    },
    {
      "module": "module.repo[\"art\"]",
      "mode": "managed",
      "type": "github_repository_ruleset",
      "name": "force_push_protection",
      "provider": "provider[\"registry.opentofu.org/integrations/github\"]",
      "instances": [
        {
          "schema_version": 1,
          "attributes": {
            "bypass_actors": [
              {
                "actor_id": 0,
                "actor_type": "OrganizationAdmin",
                "bypass_mode": "always"
              }
            ],
            "conditions": [
              {
                "ref_name": [
                  {
                    "exclude": [],
                    "include": [
                      "refs/heads/??.x"
                    ]
                  }
                ]
              }
            ],
            "enforcement": "active",
            "etag": "W/\"5ee8d4befbb29b789886c29eb8beb3cea3eeabaff1796abfd5c05525dbde2218\"",
            "id": "15195220",
            "name": "Protect Against Force Pushes and Deletion",
            "node_id": "RRS_lACqUmVwb3NpdG9yec5GjyYnzgDn3FQ",
            "repository": "art",
            "rules": [
              {
                "branch_name_pattern": [],
                "commit_author_email_pattern": [],
                "commit_message_pattern": [],
                "committer_email_pattern": [],
                "copilot_code_review": [],
                "creation": false,
                "deletion": true,
                "file_extension_restriction": [],
                "file_path_restriction": [],
                "max_file_path_length": [],
                "max_file_size": [],
                "merge_queue": [],
                "non_fast_forward": true,
                "pull_request": [],
                "required_code_scanning": [],
                "required_deployments": [],
                "required_linear_history": false,
                "required_signatures": false,
                "required_status_checks": [],
                "tag_name_pattern": [],
                "update": false,
                "update_allows_fetch_and_merge": false
              }
            ],
            "ruleset_id": 15195220,
            "target": "branch"
          },
          "sensitive_attributes": [],
          "private": "eyJzY2hlbWFfdmVyc2lvbiI6IjEifQ==",
          "dependencies": [
            "module.repo.github_repository.this"
          ]
        }
      ]
    },
    {
      "module": "module.repo[\"art\"]",
      "mode": "managed",
      "type": "github_repository_ruleset",
      "name": "protect_master",
      "provider": "provider[\"registry.opentofu.org/integrations/github\"]",
      "instances": [
        {
          "schema_version": 1,
          "attributes": {
            "bypass_actors": [],
            "conditions": [
              {
                "ref_name": [
                  {
                    "exclude": [],
                    "include": [
                      "refs/heads/master"
                    ]
                  }
                ]
              }
            ],
            "enforcement": "active",
            "etag": "W/\"6d9032d5678ab04389d224bde858d6ff1a8877e0855795d471ee0555da1fb767\"",
            "id": "15195221",
            "name": "Protect Master At All Times",
            "node_id": "RRS_lACqUmVwb3NpdG9yec5GjyYnzgDn3FU",
            "repository": "art",
            "rules": [
              {
                "branch_name_pattern": [],
                "commit_author_email_pattern": [],
                "commit_message_pattern": [],
                "committer_email_pattern": [],
                "copilot_code_review": [],
                "creation": false,
                "deletion": true,
                "file_extension_restriction": [],
                "file_path_restriction": [],
                "max_file_path_length": [],
                "max_file_size": [],
                "merge_queue": [],
                "non_fast_forward": true,
                "pull_request": [],
                "required_code_scanning": [],
                "required_deployments": [],
                "required_linear_history": false,
                "required_signatures": false,
                "required_status_checks": [],
                "tag_name_pattern": [],
                "update": false,
                "update_allows_fetch_and_merge": false
              }
            ],
            "ruleset_id": 15195221,
            "target": "branch"
          },
          "sensitive_attributes": [],
          "private": "eyJzY2hlbWFfdmVyc2lvbiI6IjEifQ==",
          "dependencies": [
            "module.repo.github_repository.this"
          ]
        }
      ]
    },
    {
      "module": "module.repo[\"art\"]",
      "mode": "managed",
      "type": "github_repository_ruleset",
      "name": "protect_release_tags",
      "provider": "provider[\"registry.opentofu.org/integrations/github\"]",
      "instances": [
        {
          "schema_version": 1,
          "attributes": {
            "bypass_actors": [
              {
                "actor_id": 0,
                "actor_type": "OrganizationAdmin",
                "bypass_mode": "always"
              }
            ],
            "conditions": [
              {
                "ref_name": [
                  {
                    "exclude": [],
                    "include": [
                      "refs/tags/*.*.*"
                    ]
                  }
                ]
              }
            ],
            "enforcement": "active",
            "etag": "W/\"905a33cdc2432c44b467140b11dfd0a83105bf06c804f72211f6186736672df6\"",
            "id": "15200876",
            "name": "Protect Release Tags",
            "node_id": "RRS_lACqUmVwb3NpdG9yec5GjyYnzgDn8mw",
            "repository": "art",
            "rules": [
              {
                "branch_name_pattern": [],
                "commit_author_email_pattern": [],
                "commit_message_pattern": [],
                "committer_email_pattern": [],
                "copilot_code_review": [],
                "creation": false,
                "deletion": true,
                "file_extension_restriction": [],
                "file_path_restriction": [],
                "max_file_path_length": [],
                "max_file_size": [],
                "merge_queue": [],
                "non_fast_forward": true,
                "pull_request": [],
                "required_code_scanning": [],
                "required_deployments": [],
                "required_linear_history": false,
                "required_signatures": false,
                "required_status_checks": [],
                "tag_name_pattern": [],
                "update": false,
                "update_allows_fetch_and_merge": false
              }
            ],
            "ruleset_id": 15200876,
            "target": "tag"
          },
          "sensitive_attributes": [],
          "private": "eyJzY2hlbWFfdmVyc2lvbiI6IjEifQ==",
          "dependencies": [
            "module.repo.github_repository.this"
          ]
        }
      ]
    },
    {
      "module": "module.repo[\"art\"]",
      "mode": "managed",
      "type": "github_repository_ruleset",
      "name": "require_pull_request",
      "provider": "provider[\"registry.opentofu.org/integrations/github\"]",
      "instances": [
        {
          "schema_version": 1,
          "attributes": {
            "bypass_actors": [
              {
                "actor_id": 0,
                "actor_type": "OrganizationAdmin",
                "bypass_mode": "always"
              },
              {
                "actor_id": 2462900,
                "actor_type": "Integration",
                "bypass_mode": "always"
              }
            ],
            "conditions": [
              {
                "ref_name": [
                  {
                    "exclude": [],
                    "include": [
                      "~DEFAULT_BRANCH",
                      "refs/heads/??.x",
                      "refs/heads/master"
                    ]
                  }
                ]
              }
            ],
            "enforcement": "active",
            "etag": "W/\"006f35a7c5bc154451ccae8b0a922dead249f419356284c3f5715d8b3a795da4\"",
            "id": "15195223",
            "name": "Require Pull Request",
            "node_id": "RRS_lACqUmVwb3NpdG9yec5GjyYnzgDn3Fc",
            "repository": "art",
            "rules": [
              {
                "branch_name_pattern": [],
                "commit_author_email_pattern": [],
                "commit_message_pattern": [],
                "committer_email_pattern": [],
                "copilot_code_review": [],
                "creation": false,
                "deletion": false,
                "file_extension_restriction": [],
                "file_path_restriction": [],
                "max_file_path_length": [],
                "max_file_size": [],
                "merge_queue": [],
                "non_fast_forward": false,
                "pull_request": [
                  {
                    "allowed_merge_methods": [
                      "squash"
                    ],
                    "dismiss_stale_reviews_on_push": false,
                    "require_code_owner_review": true,
                    "require_last_push_approval": false,
                    "required_approving_review_count": 0,
                    "required_review_thread_resolution": false,
                    "required_reviewers": []
                  }
                ],
                "required_code_scanning": [],
                "required_deployments": [],
                "required_linear_history": false,
                "required_signatures": false,
                "required_status_checks": [],
                "tag_name_pattern": [],
                "update": false,
                "update_allows_fetch_and_merge": false
              }
            ],
            "ruleset_id": 15195223,
            "target": "branch"
          },
          "sensitive_attributes": [],
          "private": "eyJzY2hlbWFfdmVyc2lvbiI6IjEifQ==",
          "dependencies": [
            "github_team.approvers",
            "module.repo.github_repository.this"
          ]
        }
      ]
    },
    {
      "module": "module.repo[\"art\"]",
      "mode": "managed",
      "type": "github_repository_ruleset",
      "name": "required_default_checks",
      "provider": "provider[\"registry.opentofu.org/integrations/github\"]",
      "instances": [
        {
          "schema_version": 1,
          "attributes": {
            "bypass_actors": [
              {
                "actor_id": 0,
                "actor_type": "OrganizationAdmin",
                "bypass_mode": "always"
              },
              {
                "actor_id": 2462900,
                "actor_type": "Integration",
                "bypass_mode": "always"
              }
            ],
            "conditions": [
              {
                "ref_name": [
                  {
                    "exclude": [],
                    "include": [
                      "~DEFAULT_BRANCH",
                      "refs/heads/??.x"
                    ]
                  }
                ]
              }
            ],
            "enforcement": "active",
            "etag": "W/\"9dddf36e4740acc80b27262a55dcdb5fd1d6f26339a2f3c86011f940134f62e7\"",
            "id": "15273974",
            "name": "Required Default PR Checks",
            "node_id": "RRS_lACqUmVwb3NpdG9yec5GjyYnzgDpD_Y",
            "repository": "art",
            "rules": [
              {
                "branch_name_pattern": [],
                "commit_author_email_pattern": [],
                "commit_message_pattern": [],
                "committer_email_pattern": [],
                "copilot_code_review": [],
                "creation": false,
                "deletion": false,
                "file_extension_restriction": [],
                "file_path_restriction": [],
                "max_file_path_length": [],
                "max_file_size": [],
                "merge_queue": [],
                "non_fast_forward": false,
                "pull_request": [],
                "required_code_scanning": [],
                "required_deployments": [],
                "required_linear_history": false,
                "required_signatures": false,
                "required_status_checks": [
                  {
                    "do_not_enforce_on_create": false,
                    "required_check": [
                      {
                        "context": "Commit Message Check / Check Commit Message",
                        "integration_id": 15368
                      },
                      {
                        "context": "Copyright Header Check / Check Copyright Header",
                        "integration_id": 15368
                      },
                      {
                        "context": "Markdown Check / Check Markdown",
                        "integration_id": 15368
                      },
                      {
                        "context": "Trailing Newline Check / Check Trailing Newline",
                        "integration_id": 15368
                      }
                    ],
                    "strict_required_status_checks_policy": false
                  }
                ],
                "tag_name_pattern": [],
                "update": false,
                "update_allows_fetch_and_merge": false
              }
            ],
            "ruleset_id": 15273974,
            "target": "branch"
          },
          "sensitive_attributes": [],
          "private": "eyJzY2hlbWFfdmVyc2lvbiI6IjEifQ==",
          "dependencies": [
            "module.repo.github_repository.this"
          ]
        }
      ]
    },
    {
      "module": "module.repo[\"art\"]",
      "mode": "managed",
      "type": "github_repository_ruleset",
      "name": "restrict_unsupported_branches",
      "provider": "provider[\"registry.opentofu.org/integrations/github\"]",
      "instances": [
        {
          "schema_version": 1,
          "attributes": {
            "bypass_actors": [
              {
                "actor_id": 2462900,
                "actor_type": "Integration",
                "bypass_mode": "always"
              }
            ],
            "conditions": [
              {
                "ref_name": [
                  {
                    "exclude": [],
                    "include": [
                      "refs/heads/??.x-backup",
                      "refs/heads/master-backup"
                    ]
                  }
                ]
              }
            ],
            "enforcement": "active",
            "etag": "W/\"349e0b0417f607417a77d4275d9af6bdc0c382ff73151899c1a9a75bcbfca368\"",
            "id": "15195224",
            "name": "Restrict Changes to Unsupported Branches",
            "node_id": "RRS_lACqUmVwb3NpdG9yec5GjyYnzgDn3Fg",
            "repository": "art",
            "rules": [
              {
                "branch_name_pattern": [],
                "commit_author_email_pattern": [],
                "commit_message_pattern": [],
                "committer_email_pattern": [],
                "copilot_code_review": [],
                "creation": true,
                "deletion": true,
                "file_extension_restriction": [],
                "file_path_restriction": [],
                "max_file_path_length": [],
                "max_file_size": [],
                "merge_queue": [],
                "non_fast_forward": true,
                "pull_request": [],
                "required_code_scanning": [],
                "required_deployments": [],
                "required_linear_history": false,
                "required_signatures": false,
                "required_status_checks": [],
                "tag_name_pattern": [],
                "update": true,
                "update_allows_fetch_and_merge": false
              }
            ],
            "ruleset_id": 15195224,
            "target": "branch"
          },
          "sensitive_attributes": [],
          "private": "eyJzY2hlbWFfdmVyc2lvbiI6IjEifQ==",
          "dependencies": [
            "module.repo.github_repository.this"
          ]
        }
      ]
    },
    {
      "module": "module.repo[\"art\"]",
      "mode": "managed",
      "type": "github_repository_vulnerability_alerts",
      "name": "this",
      "provider": "provider[\"registry.opentofu.org/integrations/github\"]",
      "instances": [
        {
          "schema_version": 0,
          "attributes": {
            "enabled": true,
            "id": "1183786535",
            "repository": "art",
            "repository_id": 1183786535
          },
          "sensitive_attributes": [],
          "private": "eyJzY2hlbWFfdmVyc2lvbiI6IjAifQ==",
          "dependencies": [
            "module.repo.github_repository.this"
          ]
        }
      ]
    },
    {
      "module": "module.repo[\"art\"]",
      "mode": "managed",
      "type": "github_team_repository",
      "name": "approvers",
      "provider": "provider[\"registry.opentofu.org/integrations/github\"]",
      "instances": [
        {
          "index_key": 0,
          "schema_version": 0,
          "attributes": {
            "etag": "W/\"3932d5a2544bd1dbcbb93080d9fef3239e3958e633470405c4acd9ffd74c8bfb\"",
            "id": "18867552:art",
            "permission": "push",
            "repository": "art",
            "team_id": "approvers"
          },
          "sensitive_attributes": [],
          "private": "bnVsbA==",
          "dependencies": [
            "module.repo.github_repository.this"
          ]
        }
      ]
    },
    {
      "module": "module.repo[\"ci-eslint-ts\"]",
      "mode": "managed",
      "type": "github_issue_label",
      "name": "claude_review",
      "provider": "provider[\"registry.opentofu.org/integrations/github\"]",
      "instances": [
        {
          "schema_version": 0,
          "attributes": {
            "color": "5319e7",
            "description": "Ask Claude to review this pull request",
            "etag": "W/\"fadd2fad66fa5fec89e85bdcb3b789a2f4fde4c5e9d50d665b0ba9d59b89d882\"",
            "id": "ci-eslint-ts:claude-review",
            "name": "claude-review",
            "repository": "ci-eslint-ts",
            "url": "https://api.github.com/repos/valkyrjaio/ci-eslint-ts/labels/claude-review"
          },
          "sensitive_attributes": [],
          "private": "eyJzY2hlbWFfdmVyc2lvbiI6IjAifQ==",
          "dependencies": [
            "module.repo.github_repository.this"
          ]
        }
      ]
    },
    {
      "module": "module.repo[\"ci-eslint-ts\"]",
      "mode": "managed",
      "type": "github_repository",
      "name": "this",
      "provider": "provider[\"registry.opentofu.org/integrations/github\"]",
      "instances": [
        {
          "schema_version": 1,
          "attributes": {
            "allow_auto_merge": false,
            "allow_forking": true,
            "allow_merge_commit": false,
            "allow_rebase_merge": false,
            "allow_squash_merge": true,
            "allow_update_branch": false,
            "archive_on_destroy": null,
            "archived": false,
            "auto_init": false,
            "default_branch": "26.x",
            "delete_branch_on_merge": true,
            "description": "Shared ESLint configuration for Valkyrja TypeScript repositories",
            "etag": "W/\"021c593d148a7832f3a4bf2345bf0ad61e64a6715de5ba53d66efb0bda5e07f8\"",
            "fork": "false",
            "full_name": "valkyrjaio/ci-eslint-ts",
            "git_clone_url": "git://github.com/valkyrjaio/ci-eslint-ts.git",
            "gitignore_template": null,
            "has_discussions": false,
            "has_downloads": false,
            "has_issues": true,
            "has_projects": false,
            "has_wiki": false,
            "homepage_url": "",
            "html_url": "https://github.com/valkyrjaio/ci-eslint-ts",
            "http_clone_url": "https://github.com/valkyrjaio/ci-eslint-ts.git",
            "id": "ci-eslint-ts",
            "ignore_vulnerability_alerts_during_read": null,
            "is_template": false,
            "license_template": null,
            "merge_commit_message": "PR_TITLE",
            "merge_commit_title": "MERGE_MESSAGE",
            "name": "ci-eslint-ts",
            "node_id": "R_kgDOTr5oNA",
            "pages": [],
            "primary_language": "TypeScript",
            "private": false,
            "repo_id": 1321101364,
            "security_and_analysis": [
              {
                "advanced_security": [],
                "code_security": [],
                "secret_scanning": [
                  {
                    "status": "disabled"
                  }
                ],
                "secret_scanning_ai_detection": [],
                "secret_scanning_non_provider_patterns": [],
                "secret_scanning_push_protection": [
                  {
                    "status": "disabled"
                  }
                ]
              }
            ],
            "source_owner": "",
            "source_repo": "",
            "squash_merge_commit_message": "PR_BODY",
            "squash_merge_commit_title": "PR_TITLE",
            "ssh_clone_url": "git@github.com:valkyrjaio/ci-eslint-ts.git",
            "svn_url": "https://github.com/valkyrjaio/ci-eslint-ts",
            "template": [
              {
                "include_all_branches": false,
                "owner": "valkyrjaio",
                "repository": "project-template-ts"
              }
            ],
            "topics": [],
            "visibility": "public",
            "vulnerability_alerts": true,
            "web_commit_signoff_required": false
          },
          "sensitive_attributes": [],
          "private": "eyJzY2hlbWFfdmVyc2lvbiI6IjEifQ=="
        }
      ]
    },
    {
      "module": "module.repo[\"ci-eslint-ts\"]",
      "mode": "managed",
      "type": "github_repository_ruleset",
      "name": "force_push_protection",
      "provider": "provider[\"registry.opentofu.org/integrations/github\"]",
      "instances": [
        {
          "schema_version": 1,
          "attributes": {
            "bypass_actors": [
              {
                "actor_id": 0,
                "actor_type": "OrganizationAdmin",
                "bypass_mode": "always"
              }
            ],
            "conditions": [
              {
                "ref_name": [
                  {
                    "exclude": [],
                    "include": [
                      "refs/heads/??.x"
                    ]
                  }
                ]
              }
            ],
            "enforcement": "active",
            "etag": "W/\"450c8e8a6704752398f3f4ca5024e2728b3909997a3b5fc8a5e6deac59bfe597\"",
            "id": "20266766",
            "name": "Protect Against Force Pushes and Deletion",
            "node_id": "RRS_lACqUmVwb3NpdG9yec5Ovmg0zgE1Pw4",
            "repository": "ci-eslint-ts",
            "rules": [
              {
                "branch_name_pattern": [],
                "commit_author_email_pattern": [],
                "commit_message_pattern": [],
                "committer_email_pattern": [],
                "copilot_code_review": [],
                "creation": false,
                "deletion": true,
                "file_extension_restriction": [],
                "file_path_restriction": [],
                "max_file_path_length": [],
                "max_file_size": [],
                "merge_queue": [],
                "non_fast_forward": true,
                "pull_request": [],
                "required_code_scanning": [],
                "required_deployments": [],
                "required_linear_history": false,
                "required_signatures": false,
                "required_status_checks": [],
                "tag_name_pattern": [],
                "update": false,
                "update_allows_fetch_and_merge": false
              }
            ],
            "ruleset_id": 20266766,
            "target": "branch"
          },
          "sensitive_attributes": [],
          "private": "eyJzY2hlbWFfdmVyc2lvbiI6IjEifQ==",
          "dependencies": [
            "module.repo.github_repository.this"
          ]
        }
      ]
    },
    {
      "module": "module.repo[\"ci-eslint-ts\"]",
      "mode": "managed",
      "type": "github_repository_ruleset",
      "name": "protect_master",
      "provider": "provider[\"registry.opentofu.org/integrations/github\"]",
      "instances": [
        {
          "schema_version": 1,
          "attributes": {
            "bypass_actors": [],
            "conditions": [
              {
                "ref_name": [
                  {
                    "exclude": [],
                    "include": [
                      "refs/heads/master"
                    ]
                  }
                ]
              }
            ],
            "enforcement": "active",
            "etag": "W/\"6c061dd15c1864439415faf0d65b020cf010b9f1ec59080f6ab7db0d26ddc139\"",
            "id": "20266767",
            "name": "Protect Master At All Times",
            "node_id": "RRS_lACqUmVwb3NpdG9yec5Ovmg0zgE1Pw8",
            "repository": "ci-eslint-ts",
            "rules": [
              {
                "branch_name_pattern": [],
                "commit_author_email_pattern": [],
                "commit_message_pattern": [],
                "committer_email_pattern": [],
                "copilot_code_review": [],
                "creation": false,
                "deletion": true,
                "file_extension_restriction": [],
                "file_path_restriction": [],
                "max_file_path_length": [],
                "max_file_size": [],
                "merge_queue": [],
                "non_fast_forward": true,
                "pull_request": [],
                "required_code_scanning": [],
                "required_deployments": [],
                "required_linear_history": false,
                "required_signatures": false,
                "required_status_checks": [],
                "tag_name_pattern": [],
                "update": false,
                "update_allows_fetch_and_merge": false
              }
            ],
            "ruleset_id": 20266767,
            "target": "branch"
          },
          "sensitive_attributes": [],
          "private": "eyJzY2hlbWFfdmVyc2lvbiI6IjEifQ==",
          "dependencies": [
            "module.repo.github_repository.this"
          ]
        }
      ]
    },
    {
      "module": "module.repo[\"ci-eslint-ts\"]",
      "mode": "managed",
      "type": "github_repository_ruleset",
      "name": "protect_release_tags",
      "provider": "provider[\"registry.opentofu.org/integrations/github\"]",
      "instances": [
        {
          "schema_version": 1,
          "attributes": {
            "bypass_actors": [
              {
                "actor_id": 0,
                "actor_type": "OrganizationAdmin",
                "bypass_mode": "always"
              }
            ],
            "conditions": [
              {
                "ref_name": [
                  {
                    "exclude": [],
                    "include": [
                      "refs/tags/*.*.*"
                    ]
                  }
                ]
              }
            ],
            "enforcement": "active",
            "etag": "W/\"4000d8f8d2c8100253787a57428d34e390d833143e97e3b870528d2ff58d1575\"",
            "id": "20266769",
            "name": "Protect Release Tags",
            "node_id": "RRS_lACqUmVwb3NpdG9yec5Ovmg0zgE1PxE",
            "repository": "ci-eslint-ts",
            "rules": [
              {
                "branch_name_pattern": [],
                "commit_author_email_pattern": [],
                "commit_message_pattern": [],
                "committer_email_pattern": [],
                "copilot_code_review": [],
                "creation": false,
                "deletion": true,
                "file_extension_restriction": [],
                "file_path_restriction": [],
                "max_file_path_length": [],
                "max_file_size": [],
                "merge_queue": [],
                "non_fast_forward": true,
                "pull_request": [],
                "required_code_scanning": [],
                "required_deployments": [],
                "required_linear_history": false,
                "required_signatures": false,
                "required_status_checks": [],
                "tag_name_pattern": [],
                "update": false,
                "update_allows_fetch_and_merge": false
              }
            ],
            "ruleset_id": 20266769,
            "target": "tag"
          },
          "sensitive_attributes": [],
          "private": "eyJzY2hlbWFfdmVyc2lvbiI6IjEifQ==",
          "dependencies": [
            "module.repo.github_repository.this"
          ]
        }
      ]
    },
    {
      "module": "module.repo[\"ci-eslint-ts\"]",
      "mode": "managed",
      "type": "github_repository_ruleset",
      "name": "require_pull_request",
      "provider": "provider[\"registry.opentofu.org/integrations/github\"]",
      "instances": [
        {
          "schema_version": 1,
          "attributes": {
            "bypass_actors": [
              {
                "actor_id": 0,
                "actor_type": "OrganizationAdmin",
                "bypass_mode": "always"
              },
              {
                "actor_id": 2462900,
                "actor_type": "Integration",
                "bypass_mode": "always"
              }
            ],
            "conditions": [
              {
                "ref_name": [
                  {
                    "exclude": [],
                    "include": [
                      "~DEFAULT_BRANCH",
                      "refs/heads/??.x",
                      "refs/heads/master"
                    ]
                  }
                ]
              }
            ],
            "enforcement": "active",
            "etag": "W/\"5a0db6654ce90c73346665ab1dd5eb9eaa820b1ba026677fc5bd8d31c250da5a\"",
            "id": "20266770",
            "name": "Require Pull Request",
            "node_id": "RRS_lACqUmVwb3NpdG9yec5Ovmg0zgE1PxI",
            "repository": "ci-eslint-ts",
            "rules": [
              {
                "branch_name_pattern": [],
                "commit_author_email_pattern": [],
                "commit_message_pattern": [],
                "committer_email_pattern": [],
                "copilot_code_review": [],
                "creation": false,
                "deletion": false,
                "file_extension_restriction": [],
                "file_path_restriction": [],
                "max_file_path_length": [],
                "max_file_size": [],
                "merge_queue": [],
                "non_fast_forward": false,
                "pull_request": [
                  {
                    "allowed_merge_methods": [
                      "squash"
                    ],
                    "dismiss_stale_reviews_on_push": false,
                    "require_code_owner_review": true,
                    "require_last_push_approval": false,
                    "required_approving_review_count": 0,
                    "required_review_thread_resolution": false,
                    "required_reviewers": []
                  }
                ],
                "required_code_scanning": [],
                "required_deployments": [],
                "required_linear_history": false,
                "required_signatures": false,
                "required_status_checks": [],
                "tag_name_pattern": [],
                "update": false,
                "update_allows_fetch_and_merge": false
              }
            ],
            "ruleset_id": 20266770,
            "target": "branch"
          },
          "sensitive_attributes": [],
          "private": "eyJzY2hlbWFfdmVyc2lvbiI6IjEifQ==",
          "dependencies": [
            "github_team.approvers",
            "module.repo.github_repository.this"
          ]
        }
      ]
    },
    {
      "module": "module.repo[\"ci-eslint-ts\"]",
      "mode": "managed",
      "type": "github_repository_ruleset",
      "name": "required_default_checks",
      "provider": "provider[\"registry.opentofu.org/integrations/github\"]",
      "instances": [
        {
          "schema_version": 1,
          "attributes": {
            "bypass_actors": [
              {
                "actor_id": 0,
                "actor_type": "OrganizationAdmin",
                "bypass_mode": "always"
              },
              {
                "actor_id": 2462900,
                "actor_type": "Integration",
                "bypass_mode": "always"
              }
            ],
            "conditions": [
              {
                "ref_name": [
                  {
                    "exclude": [],
                    "include": [
                      "~DEFAULT_BRANCH",
                      "refs/heads/??.x"
                    ]
                  }
                ]
              }
            ],
            "enforcement": "active",
            "etag": "W/\"1bb8ce50e43fb9e753d44af3b4a2f5023497922ea69c7c5eaa32333fcd7fc511\"",
            "id": "20266772",
            "name": "Required Default PR Checks",
            "node_id": "RRS_lACqUmVwb3NpdG9yec5Ovmg0zgE1PxQ",
            "repository": "ci-eslint-ts",
            "rules": [
              {
                "branch_name_pattern": [],
                "commit_author_email_pattern": [],
                "commit_message_pattern": [],
                "committer_email_pattern": [],
                "copilot_code_review": [],
                "creation": false,
                "deletion": false,
                "file_extension_restriction": [],
                "file_path_restriction": [],
                "max_file_path_length": [],
                "max_file_size": [],
                "merge_queue": [],
                "non_fast_forward": false,
                "pull_request": [],
                "required_code_scanning": [],
                "required_deployments": [],
                "required_linear_history": false,
                "required_signatures": false,
                "required_status_checks": [
                  {
                    "do_not_enforce_on_create": false,
                    "required_check": [
                      {
                        "context": "Commit Message Check / Check Commit Message",
                        "integration_id": 15368
                      },
                      {
                        "context": "Copyright Header Check / Check Copyright Header",
                        "integration_id": 15368
                      },
                      {
                        "context": "Markdown Check / Check Markdown",
                        "integration_id": 15368
                      },
                      {
                        "context": "Trailing Newline Check / Check Trailing Newline",
                        "integration_id": 15368
                      }
                    ],
                    "strict_required_status_checks_policy": false
                  }
                ],
                "tag_name_pattern": [],
                "update": false,
                "update_allows_fetch_and_merge": false
              }
            ],
            "ruleset_id": 20266772,
            "target": "branch"
          },
          "sensitive_attributes": [],
          "private": "eyJzY2hlbWFfdmVyc2lvbiI6IjEifQ==",
          "dependencies": [
            "module.repo.github_repository.this"
          ]
        }
      ]
    },
    {
      "module": "module.repo[\"ci-eslint-ts\"]",
      "mode": "managed",
      "type": "github_repository_ruleset",
      "name": "required_language_checks",
      "provider": "provider[\"registry.opentofu.org/integrations/github\"]",
      "instances": [
        {
          "index_key": 0,
          "schema_version": 1,
          "attributes": {
            "bypass_actors": [
              {
                "actor_id": 0,
                "actor_type": "OrganizationAdmin",
                "bypass_mode": "always"
              },
              {
                "actor_id": 2462900,
                "actor_type": "Integration",
                "bypass_mode": "always"
              }
            ],
            "conditions": [
              {
                "ref_name": [
                  {
                    "exclude": [],
                    "include": [
                      "~DEFAULT_BRANCH",
                      "refs/heads/??.x"
                    ]
                  }
                ]
              }
            ],
            "enforcement": "active",
            "etag": "W/\"0d650dfe44b7b164b2e1154a850643cf351040db790ef9e613e2d4913c52b27e\"",
            "id": "20266777",
            "name": "Required TypeScript PR Checks",
            "node_id": "RRS_lACqUmVwb3NpdG9yec5Ovmg0zgE1Pxk",
            "repository": "ci-eslint-ts",
            "rules": [
              {
                "branch_name_pattern": [],
                "commit_author_email_pattern": [],
                "commit_message_pattern": [],
                "committer_email_pattern": [],
                "copilot_code_review": [],
                "creation": false,
                "deletion": false,
                "file_extension_restriction": [],
                "file_path_restriction": [],
                "max_file_path_length": [],
                "max_file_size": [],
                "merge_queue": [],
                "non_fast_forward": false,
                "pull_request": [],
                "required_code_scanning": [],
                "required_deployments": [],
                "required_linear_history": false,
                "required_signatures": false,
                "required_status_checks": [
                  {
                    "do_not_enforce_on_create": false,
                    "required_check": [
                      {
                        "context": "Tools / ESLint / ESLint",
                        "integration_id": 15368
                      },
                      {
                        "context": "Tools / Prettier / Prettier",
                        "integration_id": 15368
                      },
                      {
                        "context": "Tools / TypeScript / TypeScript",
                        "integration_id": 15368
                      },
                      {
                        "context": "Tools / Vitest / Vitest",
                        "integration_id": 15368
                      }
                    ],
                    "strict_required_status_checks_policy": false
                  }
                ],
                "tag_name_pattern": [],
                "update": false,
                "update_allows_fetch_and_merge": false
              }
            ],
            "ruleset_id": 20266777,
            "target": "branch"
          },
          "sensitive_attributes": [],
          "private": "eyJzY2hlbWFfdmVyc2lvbiI6IjEifQ==",
          "dependencies": [
            "module.repo.github_repository.this"
          ]
        }
      ]
    },
    {
      "module": "module.repo[\"ci-eslint-ts\"]",
      "mode": "managed",
      "type": "github_repository_ruleset",
      "name": "restrict_unsupported_branches",
      "provider": "provider[\"registry.opentofu.org/integrations/github\"]",
      "instances": [
        {
          "schema_version": 1,
          "attributes": {
            "bypass_actors": [
              {
                "actor_id": 2462900,
                "actor_type": "Integration",
                "bypass_mode": "always"
              }
            ],
            "conditions": [
              {
                "ref_name": [
                  {
                    "exclude": [],
                    "include": [
                      "refs/heads/??.x-backup",
                      "refs/heads/master-backup"
                    ]
                  }
                ]
              }
            ],
            "enforcement": "active",
            "etag": "W/\"e11ace8d8ce3cdc9d80345450af7390128fe7ec221550852af4ca59292e6d699\"",
            "id": "20266775",
            "name": "Restrict Changes to Unsupported Branches",
            "node_id": "RRS_lACqUmVwb3NpdG9yec5Ovmg0zgE1Pxc",
            "repository": "ci-eslint-ts",
            "rules": [
              {
                "branch_name_pattern": [],
                "commit_author_email_pattern": [],
                "commit_message_pattern": [],
                "committer_email_pattern": [],
                "copilot_code_review": [],
                "creation": true,
                "deletion": true,
                "file_extension_restriction": [],
                "file_path_restriction": [],
                "max_file_path_length": [],
                "max_file_size": [],
                "merge_queue": [],
                "non_fast_forward": true,
                "pull_request": [],
                "required_code_scanning": [],
                "required_deployments": [],
                "required_linear_history": false,
                "required_signatures": false,
                "required_status_checks": [],
                "tag_name_pattern": [],
                "update": true,
                "update_allows_fetch_and_merge": false
              }
            ],
            "ruleset_id": 20266775,
            "target": "branch"
          },
          "sensitive_attributes": [],
          "private": "eyJzY2hlbWFfdmVyc2lvbiI6IjEifQ==",
          "dependencies": [
            "module.repo.github_repository.this"
          ]
        }
      ]
    },
    {
      "module": "module.repo[\"ci-eslint-ts\"]",
      "mode": "managed",
      "type": "github_repository_vulnerability_alerts",
      "name": "this",
      "provider": "provider[\"registry.opentofu.org/integrations/github\"]",
      "instances": [
        {
          "schema_version": 0,
          "attributes": {
            "enabled": true,
            "id": "1321101364",
            "repository": "ci-eslint-ts",
            "repository_id": 1321101364
          },
          "sensitive_attributes": [],
          "private": "eyJzY2hlbWFfdmVyc2lvbiI6IjAifQ==",
          "dependencies": [
            "module.repo.github_repository.this"
          ]
        }
      ]
    },
    {
      "module": "module.repo[\"ci-eslint-ts\"]",
      "mode": "managed",
      "type": "github_team_repository",
      "name": "approvers",
      "provider": "provider[\"registry.opentofu.org/integrations/github\"]",
      "instances": [
        {
          "index_key": 0,
          "schema_version": 0,
          "attributes": {
            "etag": "W/\"82ba6ff2043811b915d067a7ca75e74971363aa45f7966bfd2dc93e08303c841\"",
            "id": "18867552:ci-eslint-ts",
            "permission": "push",
            "repository": "ci-eslint-ts",
            "team_id": "approvers"
          },
          "sensitive_attributes": [],
          "private": "bnVsbA==",
          "dependencies": [
            "module.repo.github_repository.this"
          ]
        }
      ]
    },
    {
      "module": "module.repo[\"ci-golangcilint-go\"]",
      "mode": "managed",
      "type": "github_issue_label",
      "name": "claude_review",
      "provider": "provider[\"registry.opentofu.org/integrations/github\"]",
      "instances": [
        {
          "schema_version": 0,
          "attributes": {
            "color": "5319e7",
            "description": "Ask Claude to review this pull request",
            "etag": "W/\"792617c074aa8fc7ec3136accdf7e0e9fc5d8d1c61f3a800ca3346025c352d01\"",
            "id": "ci-golangcilint-go:claude-review",
            "name": "claude-review",
            "repository": "ci-golangcilint-go",
            "url": "https://api.github.com/repos/valkyrjaio/ci-golangcilint-go/labels/claude-review"
          },
          "sensitive_attributes": [],
          "private": "eyJzY2hlbWFfdmVyc2lvbiI6IjAifQ==",
          "dependencies": [
            "module.repo.github_repository.this"
          ]
        }
      ]
    },
    {
      "module": "module.repo[\"ci-golangcilint-go\"]",
      "mode": "managed",
      "type": "github_repository",
      "name": "this",
      "provider": "provider[\"registry.opentofu.org/integrations/github\"]",
      "instances": [
        {
          "schema_version": 1,
          "attributes": {
            "allow_auto_merge": false,
            "allow_forking": true,
            "allow_merge_commit": false,
            "allow_rebase_merge": false,
            "allow_squash_merge": true,
            "allow_update_branch": false,
            "archive_on_destroy": null,
            "archived": false,
            "auto_init": false,
            "default_branch": "26.x",
            "delete_branch_on_merge": true,
            "description": "Shared golangci-lint configuration for Valkyrja Go repositories",
            "etag": "W/\"d39e18ef1408cf9da3771962015700cfcbb5424c13e15a47b8b6298998e56edc\"",
            "fork": "false",
            "full_name": "valkyrjaio/ci-golangcilint-go",
            "git_clone_url": "git://github.com/valkyrjaio/ci-golangcilint-go.git",
            "gitignore_template": null,
            "has_discussions": false,
            "has_downloads": false,
            "has_issues": true,
            "has_projects": false,
            "has_wiki": false,
            "homepage_url": "",
            "html_url": "https://github.com/valkyrjaio/ci-golangcilint-go",
            "http_clone_url": "https://github.com/valkyrjaio/ci-golangcilint-go.git",
            "id": "ci-golangcilint-go",
            "ignore_vulnerability_alerts_during_read": null,
            "is_template": false,
            "license_template": null,
            "merge_commit_message": "PR_TITLE",
            "merge_commit_title": "MERGE_MESSAGE",
            "name": "ci-golangcilint-go",
            "node_id": "R_kgDOTr6Arg",
            "pages": [],
            "primary_language": "Go",
            "private": false,
            "repo_id": 1321107630,
            "security_and_analysis": [
              {
                "advanced_security": [],
                "code_security": [],
                "secret_scanning": [
                  {
                    "status": "disabled"
                  }
                ],
                "secret_scanning_ai_detection": [],
                "secret_scanning_non_provider_patterns": [],
                "secret_scanning_push_protection": [
                  {
                    "status": "disabled"
                  }
                ]
              }
            ],
            "source_owner": "",
            "source_repo": "",
            "squash_merge_commit_message": "PR_BODY",
            "squash_merge_commit_title": "PR_TITLE",
            "ssh_clone_url": "git@github.com:valkyrjaio/ci-golangcilint-go.git",
            "svn_url": "https://github.com/valkyrjaio/ci-golangcilint-go",
            "template": [
              {
                "include_all_branches": false,
                "owner": "valkyrjaio",
                "repository": "project-template-go"
              }
            ],
            "topics": [],
            "visibility": "public",
            "vulnerability_alerts": true,
            "web_commit_signoff_required": false
          },
          "sensitive_attributes": [],
          "private": "eyJzY2hlbWFfdmVyc2lvbiI6IjEifQ=="
        }
      ]
    },
    {
      "module": "module.repo[\"ci-golangcilint-go\"]",
      "mode": "managed",
      "type": "github_repository_ruleset",
      "name": "force_push_protection",
      "provider": "provider[\"registry.opentofu.org/integrations/github\"]",
      "instances": [
        {
          "schema_version": 1,
          "attributes": {
            "bypass_actors": [
              {
                "actor_id": 0,
                "actor_type": "OrganizationAdmin",
                "bypass_mode": "always"
              }
            ],
            "conditions": [
              {
                "ref_name": [
                  {
                    "exclude": [],
                    "include": [
                      "refs/heads/??.x"
                    ]
                  }
                ]
              }
            ],
            "enforcement": "active",
            "etag": "W/\"7de2e00460f2ba90ea18e710a67605763dda2f7d0f01376f2abeaa789a57902c\"",
            "id": "20265244",
            "name": "Protect Against Force Pushes and Deletion",
            "node_id": "RRS_lACqUmVwb3NpdG9yec5OvoCuzgE1ORw",
            "repository": "ci-golangcilint-go",
            "rules": [
              {
                "branch_name_pattern": [],
                "commit_author_email_pattern": [],
                "commit_message_pattern": [],
                "committer_email_pattern": [],
                "copilot_code_review": [],
                "creation": false,
                "deletion": true,
                "file_extension_restriction": [],
                "file_path_restriction": [],
                "max_file_path_length": [],
                "max_file_size": [],
                "merge_queue": [],
                "non_fast_forward": true,
                "pull_request": [],
                "required_code_scanning": [],
                "required_deployments": [],
                "required_linear_history": false,
                "required_signatures": false,
                "required_status_checks": [],
                "tag_name_pattern": [],
                "update": false,
                "update_allows_fetch_and_merge": false
              }
            ],
            "ruleset_id": 20265244,
            "target": "branch"
          },
          "sensitive_attributes": [],
          "private": "eyJzY2hlbWFfdmVyc2lvbiI6IjEifQ==",
          "dependencies": [
            "module.repo.github_repository.this"
          ]
        }
      ]
    },
    {
      "module": "module.repo[\"ci-golangcilint-go\"]",
      "mode": "managed",
      "type": "github_repository_ruleset",
      "name": "protect_master",
      "provider": "provider[\"registry.opentofu.org/integrations/github\"]",
      "instances": [
        {
          "schema_version": 1,
          "attributes": {
            "bypass_actors": [],
            "conditions": [
              {
                "ref_name": [
                  {
                    "exclude": [],
                    "include": [
                      "refs/heads/master"
                    ]
                  }
                ]
              }
            ],
            "enforcement": "active",
            "etag": "W/\"90f842279161893479785c5c64ef820f3e84ee7da6d1eca3c4da79c0a88d7ad4\"",
            "id": "20265245",
            "name": "Protect Master At All Times",
            "node_id": "RRS_lACqUmVwb3NpdG9yec5OvoCuzgE1OR0",
            "repository": "ci-golangcilint-go",
            "rules": [
              {
                "branch_name_pattern": [],
                "commit_author_email_pattern": [],
                "commit_message_pattern": [],
                "committer_email_pattern": [],
                "copilot_code_review": [],
                "creation": false,
                "deletion": true,
                "file_extension_restriction": [],
                "file_path_restriction": [],
                "max_file_path_length": [],
                "max_file_size": [],
                "merge_queue": [],
                "non_fast_forward": true,
                "pull_request": [],
                "required_code_scanning": [],
                "required_deployments": [],
                "required_linear_history": false,
                "required_signatures": false,
                "required_status_checks": [],
                "tag_name_pattern": [],
                "update": false,
                "update_allows_fetch_and_merge": false
              }
            ],
            "ruleset_id": 20265245,
            "target": "branch"
          },
          "sensitive_attributes": [],
          "private": "eyJzY2hlbWFfdmVyc2lvbiI6IjEifQ==",
          "dependencies": [
            "module.repo.github_repository.this"
          ]
        }
      ]
    },
    {
      "module": "module.repo[\"ci-golangcilint-go\"]",
      "mode": "managed",
      "type": "github_repository_ruleset",
      "name": "protect_release_tags",
      "provider": "provider[\"registry.opentofu.org/integrations/github\"]",
      "instances": [
        {
          "schema_version": 1,
          "attributes": {
            "bypass_actors": [
              {
                "actor_id": 0,
                "actor_type": "OrganizationAdmin",
                "bypass_mode": "always"
              }
            ],
            "conditions": [
              {
                "ref_name": [
                  {
                    "exclude": [],
                    "include": [
                      "refs/tags/*.*.*"
                    ]
                  }
                ]
              }
            ],
            "enforcement": "active",
            "etag": "W/\"294596ac573223dd7641e9c1295c10c2a6bc9ae091fa89b402c63b8c422ded7b\"",
            "id": "20265246",
            "name": "Protect Release Tags",
            "node_id": "RRS_lACqUmVwb3NpdG9yec5OvoCuzgE1OR4",
            "repository": "ci-golangcilint-go",
            "rules": [
              {
                "branch_name_pattern": [],
                "commit_author_email_pattern": [],
                "commit_message_pattern": [],
                "committer_email_pattern": [],
                "copilot_code_review": [],
                "creation": false,
                "deletion": true,
                "file_extension_restriction": [],
                "file_path_restriction": [],
                "max_file_path_length": [],
                "max_file_size": [],
                "merge_queue": [],
                "non_fast_forward": true,
                "pull_request": [],
                "required_code_scanning": [],
                "required_deployments": [],
                "required_linear_history": false,
                "required_signatures": false,
                "required_status_checks": [],
                "tag_name_pattern": [],
                "update": false,
                "update_allows_fetch_and_merge": false
              }
            ],
            "ruleset_id": 20265246,
            "target": "tag"
          },
          "sensitive_attributes": [],
          "private": "eyJzY2hlbWFfdmVyc2lvbiI6IjEifQ==",
          "dependencies": [
            "module.repo.github_repository.this"
          ]
        }
      ]
    },
    {
      "module": "module.repo[\"ci-golangcilint-go\"]",
      "mode": "managed",
      "type": "github_repository_ruleset",
      "name": "require_pull_request",
      "provider": "provider[\"registry.opentofu.org/integrations/github\"]",
      "instances": [
        {
          "schema_version": 1,
          "attributes": {
            "bypass_actors": [
              {
                "actor_id": 0,
                "actor_type": "OrganizationAdmin",
                "bypass_mode": "always"
              },
              {
                "actor_id": 2462900,
                "actor_type": "Integration",
                "bypass_mode": "always"
              }
            ],
            "conditions": [
              {
                "ref_name": [
                  {
                    "exclude": [],
                    "include": [
                      "~DEFAULT_BRANCH",
                      "refs/heads/??.x",
                      "refs/heads/master"
                    ]
                  }
                ]
              }
            ],
            "enforcement": "active",
            "etag": "W/\"779cbe56b431c3812e6ea6591bca977e23767abda805bb4e6d8e8ed1005de0a9\"",
            "id": "20265247",
            "name": "Require Pull Request",
            "node_id": "RRS_lACqUmVwb3NpdG9yec5OvoCuzgE1OR8",
            "repository": "ci-golangcilint-go",
            "rules": [
              {
                "branch_name_pattern": [],
                "commit_author_email_pattern": [],
                "commit_message_pattern": [],
                "committer_email_pattern": [],
                "copilot_code_review": [],
                "creation": false,
                "deletion": false,
                "file_extension_restriction": [],
                "file_path_restriction": [],
                "max_file_path_length": [],
                "max_file_size": [],
                "merge_queue": [],
                "non_fast_forward": false,
                "pull_request": [
                  {
                    "allowed_merge_methods": [
                      "squash"
                    ],
                    "dismiss_stale_reviews_on_push": false,
                    "require_code_owner_review": true,
                    "require_last_push_approval": false,
                    "required_approving_review_count": 0,
                    "required_review_thread_resolution": false,
                    "required_reviewers": []
                  }
                ],
                "required_code_scanning": [],
                "required_deployments": [],
                "required_linear_history": false,
                "required_signatures": false,
                "required_status_checks": [],
                "tag_name_pattern": [],
                "update": false,
                "update_allows_fetch_and_merge": false
              }
            ],
            "ruleset_id": 20265247,
            "target": "branch"
          },
          "sensitive_attributes": [],
          "private": "eyJzY2hlbWFfdmVyc2lvbiI6IjEifQ==",
          "dependencies": [
            "github_team.approvers",
            "module.repo.github_repository.this"
          ]
        }
      ]
    },
    {
      "module": "module.repo[\"ci-golangcilint-go\"]",
      "mode": "managed",
      "type": "github_repository_ruleset",
      "name": "required_default_checks",
      "provider": "provider[\"registry.opentofu.org/integrations/github\"]",
      "instances": [
        {
          "schema_version": 1,
          "attributes": {
            "bypass_actors": [
              {
                "actor_id": 0,
                "actor_type": "OrganizationAdmin",
                "bypass_mode": "always"
              },
              {
                "actor_id": 2462900,
                "actor_type": "Integration",
                "bypass_mode": "always"
              }
            ],
            "conditions": [
              {
                "ref_name": [
                  {
                    "exclude": [],
                    "include": [
                      "~DEFAULT_BRANCH",
                      "refs/heads/??.x"
                    ]
                  }
                ]
              }
            ],
            "enforcement": "active",
            "etag": "W/\"ccabd6b1f6c4577fa9c633e6240d0dba7f503e633f8440f182fc5fc03ae7e0c8\"",
            "id": "20265248",
            "name": "Required Default PR Checks",
            "node_id": "RRS_lACqUmVwb3NpdG9yec5OvoCuzgE1OSA",
            "repository": "ci-golangcilint-go",
            "rules": [
              {
                "branch_name_pattern": [],
                "commit_author_email_pattern": [],
                "commit_message_pattern": [],
                "committer_email_pattern": [],
                "copilot_code_review": [],
                "creation": false,
                "deletion": false,
                "file_extension_restriction": [],
                "file_path_restriction": [],
                "max_file_path_length": [],
                "max_file_size": [],
                "merge_queue": [],
                "non_fast_forward": false,
                "pull_request": [],
                "required_code_scanning": [],
                "required_deployments": [],
                "required_linear_history": false,
                "required_signatures": false,
                "required_status_checks": [
                  {
                    "do_not_enforce_on_create": false,
                    "required_check": [
                      {
                        "context": "Commit Message Check / Check Commit Message",
                        "integration_id": 15368
                      },
                      {
                        "context": "Copyright Header Check / Check Copyright Header",
                        "integration_id": 15368
                      },
                      {
                        "context": "Markdown Check / Check Markdown",
                        "integration_id": 15368
                      },
                      {
                        "context": "Trailing Newline Check / Check Trailing Newline",
                        "integration_id": 15368
                      }
                    ],
                    "strict_required_status_checks_policy": false
                  }
                ],
                "tag_name_pattern": [],
                "update": false,
                "update_allows_fetch_and_merge": false
              }
            ],
            "ruleset_id": 20265248,
            "target": "branch"
          },
          "sensitive_attributes": [],
          "private": "eyJzY2hlbWFfdmVyc2lvbiI6IjEifQ==",
          "dependencies": [
            "module.repo.github_repository.this"
          ]
        }
      ]
    },
    {
      "module": "module.repo[\"ci-golangcilint-go\"]",
      "mode": "managed",
      "type": "github_repository_ruleset",
      "name": "required_language_checks",
      "provider": "provider[\"registry.opentofu.org/integrations/github\"]",
      "instances": [
        {
          "index_key": 0,
          "schema_version": 1,
          "attributes": {
            "bypass_actors": [
              {
                "actor_id": 0,
                "actor_type": "OrganizationAdmin",
                "bypass_mode": "always"
              },
              {
                "actor_id": 2462900,
                "actor_type": "Integration",
                "bypass_mode": "always"
              }
            ],
            "conditions": [
              {
                "ref_name": [
                  {
                    "exclude": [],
                    "include": [
                      "~DEFAULT_BRANCH",
                      "refs/heads/??.x"
                    ]
                  }
                ]
              }
            ],
            "enforcement": "active",
            "etag": "W/\"77810eabe240b0bd22a37a0b7d03607379cb55949e2930c2de091f828a4313bf\"",
            "id": "20265251",
            "name": "Required Go PR Checks",
            "node_id": "RRS_lACqUmVwb3NpdG9yec5OvoCuzgE1OSM",
            "repository": "ci-golangcilint-go",
            "rules": [
              {
                "branch_name_pattern": [],
                "commit_author_email_pattern": [],
                "commit_message_pattern": [],
                "committer_email_pattern": [],
                "copilot_code_review": [],
                "creation": false,
                "deletion": false,
                "file_extension_restriction": [],
                "file_path_restriction": [],
                "max_file_path_length": [],
                "max_file_size": [],
                "merge_queue": [],
                "non_fast_forward": false,
                "pull_request": [],
                "required_code_scanning": [],
                "required_deployments": [],
                "required_linear_history": false,
                "required_signatures": false,
                "required_status_checks": [
                  {
                    "do_not_enforce_on_create": false,
                    "required_check": [
                      {
                        "context": "Tools / Test / Test",
                        "integration_id": 15368
                      },
                      {
                        "context": "Tools / golangci-lint / golangci-lint",
                        "integration_id": 15368
                      }
                    ],
                    "strict_required_status_checks_policy": false
                  }
                ],
                "tag_name_pattern": [],
                "update": false,
                "update_allows_fetch_and_merge": false
              }
            ],
            "ruleset_id": 20265251,
            "target": "branch"
          },
          "sensitive_attributes": [],
          "private": "eyJzY2hlbWFfdmVyc2lvbiI6IjEifQ==",
          "dependencies": [
            "module.repo.github_repository.this"
          ]
        }
      ]
    },
    {
      "module": "module.repo[\"ci-golangcilint-go\"]",
      "mode": "managed",
      "type": "github_repository_ruleset",
      "name": "restrict_unsupported_branches",
      "provider": "provider[\"registry.opentofu.org/integrations/github\"]",
      "instances": [
        {
          "schema_version": 1,
          "attributes": {
            "bypass_actors": [
              {
                "actor_id": 2462900,
                "actor_type": "Integration",
                "bypass_mode": "always"
              }
            ],
            "conditions": [
              {
                "ref_name": [
                  {
                    "exclude": [],
                    "include": [
                      "refs/heads/??.x-backup",
                      "refs/heads/master-backup"
                    ]
                  }
                ]
              }
            ],
            "enforcement": "active",
            "etag": "W/\"d7df3ab3113afba43022ce29dd5df8d819a6e5c5ad298330a249711da0ada064\"",
            "id": "20265250",
            "name": "Restrict Changes to Unsupported Branches",
            "node_id": "RRS_lACqUmVwb3NpdG9yec5OvoCuzgE1OSI",
            "repository": "ci-golangcilint-go",
            "rules": [
              {
                "branch_name_pattern": [],
                "commit_author_email_pattern": [],
                "commit_message_pattern": [],
                "committer_email_pattern": [],
                "copilot_code_review": [],
                "creation": true,
                "deletion": true,
                "file_extension_restriction": [],
                "file_path_restriction": [],
                "max_file_path_length": [],
                "max_file_size": [],
                "merge_queue": [],
                "non_fast_forward": true,
                "pull_request": [],
                "required_code_scanning": [],
                "required_deployments": [],
                "required_linear_history": false,
                "required_signatures": false,
                "required_status_checks": [],
                "tag_name_pattern": [],
                "update": true,
                "update_allows_fetch_and_merge": false
              }
            ],
            "ruleset_id": 20265250,
            "target": "branch"
          },
          "sensitive_attributes": [],
          "private": "eyJzY2hlbWFfdmVyc2lvbiI6IjEifQ==",
          "dependencies": [
            "module.repo.github_repository.this"
          ]
        }
      ]
    },
    {
      "module": "module.repo[\"ci-golangcilint-go\"]",
      "mode": "managed",
      "type": "github_repository_vulnerability_alerts",
      "name": "this",
      "provider": "provider[\"registry.opentofu.org/integrations/github\"]",
      "instances": [
        {
          "schema_version": 0,
          "attributes": {
            "enabled": true,
            "id": "1321107630",
            "repository": "ci-golangcilint-go",
            "repository_id": 1321107630
          },
          "sensitive_attributes": [],
          "private": "eyJzY2hlbWFfdmVyc2lvbiI6IjAifQ==",
          "dependencies": [
            "module.repo.github_repository.this"
          ]
        }
      ]
    },
    {
      "module": "module.repo[\"ci-golangcilint-go\"]",
      "mode": "managed",
      "type": "github_team_repository",
      "name": "approvers",
      "provider": "provider[\"registry.opentofu.org/integrations/github\"]",
      "instances": [
        {
          "index_key": 0,
          "schema_version": 0,
          "attributes": {
            "etag": "W/\"406de2c19f0e457a8b5c0b3efd6dfc1907bb3ffa50449d933f722903304ca079\"",
            "id": "18867552:ci-golangcilint-go",
            "permission": "push",
            "repository": "ci-golangcilint-go",
            "team_id": "approvers"
          },
          "sensitive_attributes": [],
          "private": "bnVsbA==",
          "dependencies": [
            "module.repo.github_repository.this"
          ]
        }
      ]
    },
    {
      "module": "module.repo[\"ci-phparkitect-php\"]",
      "mode": "managed",
      "type": "github_issue_label",
      "name": "claude_review",
      "provider": "provider[\"registry.opentofu.org/integrations/github\"]",
      "instances": [
        {
          "schema_version": 0,
          "attributes": {
            "color": "5319e7",
            "description": "Ask Claude to review this pull request",
            "etag": "W/\"025939797d5cfcca6a918e810d7e99a962a9ee7fcffc4880160b1166ca40a692\"",
            "id": "ci-phparkitect-php:claude-review",
            "name": "claude-review",
            "repository": "ci-phparkitect-php",
            "url": "https://api.github.com/repos/valkyrjaio/ci-phparkitect-php/labels/claude-review"
          },
          "sensitive_attributes": [],
          "private": "eyJzY2hlbWFfdmVyc2lvbiI6IjAifQ==",
          "dependencies": [
            "module.repo.github_repository.this"
          ]
        }
      ]
    },
    {
      "module": "module.repo[\"ci-phparkitect-php\"]",
      "mode": "managed",
      "type": "github_repository",
      "name": "this",
      "provider": "provider[\"registry.opentofu.org/integrations/github\"]",
      "instances": [
        {
          "schema_version": 1,
          "attributes": {
            "allow_auto_merge": false,
            "allow_forking": true,
            "allow_merge_commit": false,
            "allow_rebase_merge": false,
            "allow_squash_merge": true,
            "allow_update_branch": false,
            "archive_on_destroy": null,
            "archived": false,
            "auto_init": false,
            "default_branch": "26.x",
            "delete_branch_on_merge": true,
            "description": "Shared PHPArkitect configuration for Valkyrja PHP projects",
            "etag": "W/\"c94a46a83e3b3c6e79e321802b52edeac26a2a7b9f9066a43acf1364386f09b1\"",
            "fork": "false",
            "full_name": "valkyrjaio/ci-phparkitect-php",
            "git_clone_url": "git://github.com/valkyrjaio/ci-phparkitect-php.git",
            "gitignore_template": null,
            "has_discussions": false,
            "has_downloads": false,
            "has_issues": true,
            "has_projects": false,
            "has_wiki": false,
            "homepage_url": "",
            "html_url": "https://github.com/valkyrjaio/ci-phparkitect-php",
            "http_clone_url": "https://github.com/valkyrjaio/ci-phparkitect-php.git",
            "id": "ci-phparkitect-php",
            "ignore_vulnerability_alerts_during_read": null,
            "is_template": false,
            "license_template": null,
            "merge_commit_message": "PR_TITLE",
            "merge_commit_title": "MERGE_MESSAGE",
            "name": "ci-phparkitect-php",
            "node_id": "R_kgDOSDw78g",
            "pages": [],
            "primary_language": "PHP",
            "private": false,
            "repo_id": 1211907058,
            "security_and_analysis": [
              {
                "advanced_security": [],
                "code_security": [],
                "secret_scanning": [
                  {
                    "status": "disabled"
                  }
                ],
                "secret_scanning_ai_detection": [],
                "secret_scanning_non_provider_patterns": [],
                "secret_scanning_push_protection": [
                  {
                    "status": "disabled"
                  }
                ]
              }
            ],
            "source_owner": "",
            "source_repo": "",
            "squash_merge_commit_message": "PR_BODY",
            "squash_merge_commit_title": "PR_TITLE",
            "ssh_clone_url": "git@github.com:valkyrjaio/ci-phparkitect-php.git",
            "svn_url": "https://github.com/valkyrjaio/ci-phparkitect-php",
            "template": [],
            "topics": [],
            "visibility": "public",
            "vulnerability_alerts": true,
            "web_commit_signoff_required": false
          },
          "sensitive_attributes": [],
          "private": "eyJzY2hlbWFfdmVyc2lvbiI6IjEifQ=="
        }
      ]
    },
    {
      "module": "module.repo[\"ci-phparkitect-php\"]",
      "mode": "managed",
      "type": "github_repository_ruleset",
      "name": "force_push_protection",
      "provider": "provider[\"registry.opentofu.org/integrations/github\"]",
      "instances": [
        {
          "schema_version": 1,
          "attributes": {
            "bypass_actors": [
              {
                "actor_id": 0,
                "actor_type": "OrganizationAdmin",
                "bypass_mode": "always"
              }
            ],
            "conditions": [
              {
                "ref_name": [
                  {
                    "exclude": [],
                    "include": [
                      "refs/heads/??.x"
                    ]
                  }
                ]
              }
            ],
            "enforcement": "active",
            "etag": "W/\"6ef1da1ca2bb957b3029940bd3dbd05b269e3477cc82cb0bf5637d294ea7aa6d\"",
            "id": "15191256",
            "name": "Protect Against Force Pushes and Deletion",
            "node_id": "RRS_lACqUmVwb3NpdG9yec5IPDvyzgDnzNg",
            "repository": "ci-phparkitect-php",
            "rules": [
              {
                "branch_name_pattern": [],
                "commit_author_email_pattern": [],
                "commit_message_pattern": [],
                "committer_email_pattern": [],
                "copilot_code_review": [],
                "creation": false,
                "deletion": true,
                "file_extension_restriction": [],
                "file_path_restriction": [],
                "max_file_path_length": [],
                "max_file_size": [],
                "merge_queue": [],
                "non_fast_forward": true,
                "pull_request": [],
                "required_code_scanning": [],
                "required_deployments": [],
                "required_linear_history": false,
                "required_signatures": false,
                "required_status_checks": [],
                "tag_name_pattern": [],
                "update": false,
                "update_allows_fetch_and_merge": false
              }
            ],
            "ruleset_id": 15191256,
            "target": "branch"
          },
          "sensitive_attributes": [],
          "private": "eyJzY2hlbWFfdmVyc2lvbiI6IjEifQ==",
          "dependencies": [
            "module.repo.github_repository.this"
          ]
        }
      ]
    },
    {
      "module": "module.repo[\"ci-phparkitect-php\"]",
      "mode": "managed",
      "type": "github_repository_ruleset",
      "name": "protect_master",
      "provider": "provider[\"registry.opentofu.org/integrations/github\"]",
      "instances": [
        {
          "schema_version": 1,
          "attributes": {
            "bypass_actors": [],
            "conditions": [
              {
                "ref_name": [
                  {
                    "exclude": [],
                    "include": [
                      "refs/heads/master"
                    ]
                  }
                ]
              }
            ],
            "enforcement": "active",
            "etag": "W/\"2b1838fc9e329e1da39f8c700bfc6d4308f87f12d95133f83d1a9569c64242cb\"",
            "id": "15191257",
            "name": "Protect Master At All Times",
            "node_id": "RRS_lACqUmVwb3NpdG9yec5IPDvyzgDnzNk",
            "repository": "ci-phparkitect-php",
            "rules": [
              {
                "branch_name_pattern": [],
                "commit_author_email_pattern": [],
                "commit_message_pattern": [],
                "committer_email_pattern": [],
                "copilot_code_review": [],
                "creation": false,
                "deletion": true,
                "file_extension_restriction": [],
                "file_path_restriction": [],
                "max_file_path_length": [],
                "max_file_size": [],
                "merge_queue": [],
                "non_fast_forward": true,
                "pull_request": [],
                "required_code_scanning": [],
                "required_deployments": [],
                "required_linear_history": false,
                "required_signatures": false,
                "required_status_checks": [],
                "tag_name_pattern": [],
                "update": false,
                "update_allows_fetch_and_merge": false
              }
            ],
            "ruleset_id": 15191257,
            "target": "branch"
          },
          "sensitive_attributes": [],
          "private": "eyJzY2hlbWFfdmVyc2lvbiI6IjEifQ==",
          "dependencies": [
            "module.repo.github_repository.this"
          ]
        }
      ]
    },
    {
      "module": "module.repo[\"ci-phparkitect-php\"]",
      "mode": "managed",
      "type": "github_repository_ruleset",
      "name": "protect_release_tags",
      "provider": "provider[\"registry.opentofu.org/integrations/github\"]",
      "instances": [
        {
          "schema_version": 1,
          "attributes": {
            "bypass_actors": [
              {
                "actor_id": 0,
                "actor_type": "OrganizationAdmin",
                "bypass_mode": "always"
              }
            ],
            "conditions": [
              {
                "ref_name": [
                  {
                    "exclude": [],
                    "include": [
                      "refs/tags/*.*.*"
                    ]
                  }
                ]
              }
            ],
            "enforcement": "active",
            "etag": "W/\"b7c689803305fade7b3b165890170b251b56505107ad52ae0bdedfd6b1ca2438\"",
            "id": "15200850",
            "name": "Protect Release Tags",
            "node_id": "RRS_lACqUmVwb3NpdG9yec5IPDvyzgDn8lI",
            "repository": "ci-phparkitect-php",
            "rules": [
              {
                "branch_name_pattern": [],
                "commit_author_email_pattern": [],
                "commit_message_pattern": [],
                "committer_email_pattern": [],
                "copilot_code_review": [],
                "creation": false,
                "deletion": true,
                "file_extension_restriction": [],
                "file_path_restriction": [],
                "max_file_path_length": [],
                "max_file_size": [],
                "merge_queue": [],
                "non_fast_forward": true,
                "pull_request": [],
                "required_code_scanning": [],
                "required_deployments": [],
                "required_linear_history": false,
                "required_signatures": false,
                "required_status_checks": [],
                "tag_name_pattern": [],
                "update": false,
                "update_allows_fetch_and_merge": false
              }
            ],
            "ruleset_id": 15200850,
            "target": "tag"
          },
          "sensitive_attributes": [],
          "private": "eyJzY2hlbWFfdmVyc2lvbiI6IjEifQ==",
          "dependencies": [
            "module.repo.github_repository.this"
          ]
        }
      ]
    },
    {
      "module": "module.repo[\"ci-phparkitect-php\"]",
      "mode": "managed",
      "type": "github_repository_ruleset",
      "name": "require_pull_request",
      "provider": "provider[\"registry.opentofu.org/integrations/github\"]",
      "instances": [
        {
          "schema_version": 1,
          "attributes": {
            "bypass_actors": [
              {
                "actor_id": 0,
                "actor_type": "OrganizationAdmin",
                "bypass_mode": "always"
              },
              {
                "actor_id": 2462900,
                "actor_type": "Integration",
                "bypass_mode": "always"
              }
            ],
            "conditions": [
              {
                "ref_name": [
                  {
                    "exclude": [],
                    "include": [
                      "~DEFAULT_BRANCH",
                      "refs/heads/??.x",
                      "refs/heads/master"
                    ]
                  }
                ]
              }
            ],
            "enforcement": "active",
            "etag": "W/\"1a8ee7bf3ca27be3b270ba25eb41106263f6f15d65039b9a88c5814fb0ab9801\"",
            "id": "15191261",
            "name": "Require Pull Request",
            "node_id": "RRS_lACqUmVwb3NpdG9yec5IPDvyzgDnzN0",
            "repository": "ci-phparkitect-php",
            "rules": [
              {
                "branch_name_pattern": [],
                "commit_author_email_pattern": [],
                "commit_message_pattern": [],
                "committer_email_pattern": [],
                "copilot_code_review": [],
                "creation": false,
                "deletion": false,
                "file_extension_restriction": [],
                "file_path_restriction": [],
                "max_file_path_length": [],
                "max_file_size": [],
                "merge_queue": [],
                "non_fast_forward": false,
                "pull_request": [
                  {
                    "allowed_merge_methods": [
                      "squash"
                    ],
                    "dismiss_stale_reviews_on_push": false,
                    "require_code_owner_review": true,
                    "require_last_push_approval": false,
                    "required_approving_review_count": 0,
                    "required_review_thread_resolution": false,
                    "required_reviewers": []
                  }
                ],
                "required_code_scanning": [],
                "required_deployments": [],
                "required_linear_history": false,
                "required_signatures": false,
                "required_status_checks": [],
                "tag_name_pattern": [],
                "update": false,
                "update_allows_fetch_and_merge": false
              }
            ],
            "ruleset_id": 15191261,
            "target": "branch"
          },
          "sensitive_attributes": [],
          "private": "eyJzY2hlbWFfdmVyc2lvbiI6IjEifQ==",
          "dependencies": [
            "github_team.approvers",
            "module.repo.github_repository.this"
          ]
        }
      ]
    },
    {
      "module": "module.repo[\"ci-phparkitect-php\"]",
      "mode": "managed",
      "type": "github_repository_ruleset",
      "name": "required_default_checks",
      "provider": "provider[\"registry.opentofu.org/integrations/github\"]",
      "instances": [
        {
          "schema_version": 1,
          "attributes": {
            "bypass_actors": [
              {
                "actor_id": 0,
                "actor_type": "OrganizationAdmin",
                "bypass_mode": "always"
              },
              {
                "actor_id": 2462900,
                "actor_type": "Integration",
                "bypass_mode": "always"
              }
            ],
            "conditions": [
              {
                "ref_name": [
                  {
                    "exclude": [],
                    "include": [
                      "~DEFAULT_BRANCH",
                      "refs/heads/??.x"
                    ]
                  }
                ]
              }
            ],
            "enforcement": "active",
            "etag": "W/\"0b42fa0ff50f8c5b30ba41457f004546562cdbded19c2dd2f084fce4102825cc\"",
            "id": "15273977",
            "name": "Required Default PR Checks",
            "node_id": "RRS_lACqUmVwb3NpdG9yec5IPDvyzgDpD_k",
            "repository": "ci-phparkitect-php",
            "rules": [
              {
                "branch_name_pattern": [],
                "commit_author_email_pattern": [],
                "commit_message_pattern": [],
                "committer_email_pattern": [],
                "copilot_code_review": [],
                "creation": false,
                "deletion": false,
                "file_extension_restriction": [],
                "file_path_restriction": [],
                "max_file_path_length": [],
                "max_file_size": [],
                "merge_queue": [],
                "non_fast_forward": false,
                "pull_request": [],
                "required_code_scanning": [],
                "required_deployments": [],
                "required_linear_history": false,
                "required_signatures": false,
                "required_status_checks": [
                  {
                    "do_not_enforce_on_create": false,
                    "required_check": [
                      {
                        "context": "Commit Message Check / Check Commit Message",
                        "integration_id": 15368
                      },
                      {
                        "context": "Copyright Header Check / Check Copyright Header",
                        "integration_id": 15368
                      },
                      {
                        "context": "Markdown Check / Check Markdown",
                        "integration_id": 15368
                      },
                      {
                        "context": "Trailing Newline Check / Check Trailing Newline",
                        "integration_id": 15368
                      }
                    ],
                    "strict_required_status_checks_policy": false
                  }
                ],
                "tag_name_pattern": [],
                "update": false,
                "update_allows_fetch_and_merge": false
              }
            ],
            "ruleset_id": 15273977,
            "target": "branch"
          },
          "sensitive_attributes": [],
          "private": "eyJzY2hlbWFfdmVyc2lvbiI6IjEifQ==",
          "dependencies": [
            "module.repo.github_repository.this"
          ]
        }
      ]
    },
    {
      "module": "module.repo[\"ci-phparkitect-php\"]",
      "mode": "managed",
      "type": "github_repository_ruleset",
      "name": "required_language_checks",
      "provider": "provider[\"registry.opentofu.org/integrations/github\"]",
      "instances": [
        {
          "index_key": 0,
          "schema_version": 1,
          "attributes": {
            "bypass_actors": [
              {
                "actor_id": 0,
                "actor_type": "OrganizationAdmin",
                "bypass_mode": "always"
              },
              {
                "actor_id": 2462900,
                "actor_type": "Integration",
                "bypass_mode": "always"
              }
            ],
            "conditions": [
              {
                "ref_name": [
                  {
                    "exclude": [],
                    "include": [
                      "~DEFAULT_BRANCH",
                      "refs/heads/??.x"
                    ]
                  }
                ]
              }
            ],
            "enforcement": "active",
            "etag": "W/\"a0595c199fc05ba29c7105969c4d52454280240934feb0410be866d4dfad4678\"",
            "id": "15273978",
            "name": "Required PHP PR Checks",
            "node_id": "RRS_lACqUmVwb3NpdG9yec5IPDvyzgDpD_o",
            "repository": "ci-phparkitect-php",
            "rules": [
              {
                "branch_name_pattern": [],
                "commit_author_email_pattern": [],
                "commit_message_pattern": [],
                "committer_email_pattern": [],
                "copilot_code_review": [],
                "creation": false,
                "deletion": false,
                "file_extension_restriction": [],
                "file_path_restriction": [],
                "max_file_path_length": [],
                "max_file_size": [],
                "merge_queue": [],
                "non_fast_forward": false,
                "pull_request": [],
                "required_code_scanning": [],
                "required_deployments": [],
                "required_linear_history": false,
                "required_signatures": false,
                "required_status_checks": [
                  {
                    "do_not_enforce_on_create": false,
                    "required_check": [
                      {
                        "context": "Tools / PHP CS Fixer / PHP 8.4",
                        "integration_id": 15368
                      },
                      {
                        "context": "Tools / PHP Code Sniffer / PHP 8.4",
                        "integration_id": 15368
                      },
                      {
                        "context": "Tools / PHPArkitect / PHP 8.4",
                        "integration_id": 15368
                      },
                      {
                        "context": "Tools / PHPStan / PHP 8.4",
                        "integration_id": 15368
                      },
                      {
                        "context": "Tools / PHPUnit / PHP 8.4",
                        "integration_id": 15368
                      },
                      {
                        "context": "Tools / PHPUnit / PHP 8.5",
                        "integration_id": 15368
                      },
                      {
                        "context": "Tools / PHPUnit / PHP 8.6",
                        "integration_id": 15368
                      },
                      {
                        "context": "Tools / Psalm / PHP 8.4",
                        "integration_id": 15368
                      },
                      {
                        "context": "Tools / Rector / PHP 8.4",
                        "integration_id": 15368
                      }
                    ],
                    "strict_required_status_checks_policy": false
                  }
                ],
                "tag_name_pattern": [],
                "update": false,
                "update_allows_fetch_and_merge": false
              }
            ],
            "ruleset_id": 15273978,
            "target": "branch"
          },
          "sensitive_attributes": [],
          "private": "eyJzY2hlbWFfdmVyc2lvbiI6IjEifQ==",
          "dependencies": [
            "module.repo.github_repository.this"
          ]
        }
      ]
    },
    {
      "module": "module.repo[\"ci-phparkitect-php\"]",
      "mode": "managed",
      "type": "github_repository_ruleset",
      "name": "restrict_unsupported_branches",
      "provider": "provider[\"registry.opentofu.org/integrations/github\"]",
      "instances": [
        {
          "schema_version": 1,
          "attributes": {
            "bypass_actors": [
              {
                "actor_id": 2462900,
                "actor_type": "Integration",
                "bypass_mode": "always"
              }
            ],
            "conditions": [
              {
                "ref_name": [
                  {
                    "exclude": [],
                    "include": [
                      "refs/heads/??.x-backup",
                      "refs/heads/master-backup"
                    ]
                  }
                ]
              }
            ],
            "enforcement": "active",
            "etag": "W/\"35addb22760f5705354a18db4b633a15a787bfc54350992c19fee076c56232ba\"",
            "id": "15191264",
            "name": "Restrict Changes to Unsupported Branches",
            "node_id": "RRS_lACqUmVwb3NpdG9yec5IPDvyzgDnzOA",
            "repository": "ci-phparkitect-php",
            "rules": [
              {
                "branch_name_pattern": [],
                "commit_author_email_pattern": [],
                "commit_message_pattern": [],
                "committer_email_pattern": [],
                "copilot_code_review": [],
                "creation": true,
                "deletion": true,
                "file_extension_restriction": [],
                "file_path_restriction": [],
                "max_file_path_length": [],
                "max_file_size": [],
                "merge_queue": [],
                "non_fast_forward": true,
                "pull_request": [],
                "required_code_scanning": [],
                "required_deployments": [],
                "required_linear_history": false,
                "required_signatures": false,
                "required_status_checks": [],
                "tag_name_pattern": [],
                "update": true,
                "update_allows_fetch_and_merge": false
              }
            ],
            "ruleset_id": 15191264,
            "target": "branch"
          },
          "sensitive_attributes": [],
          "private": "eyJzY2hlbWFfdmVyc2lvbiI6IjEifQ==",
          "dependencies": [
            "module.repo.github_repository.this"
          ]
        }
      ]
    },
    {
      "module": "module.repo[\"ci-phparkitect-php\"]",
      "mode": "managed",
      "type": "github_repository_vulnerability_alerts",
      "name": "this",
      "provider": "provider[\"registry.opentofu.org/integrations/github\"]",
      "instances": [
        {
          "schema_version": 0,
          "attributes": {
            "enabled": true,
            "id": "1211907058",
            "repository": "ci-phparkitect-php",
            "repository_id": 1211907058
          },
          "sensitive_attributes": [],
          "private": "eyJzY2hlbWFfdmVyc2lvbiI6IjAifQ==",
          "dependencies": [
            "module.repo.github_repository.this"
          ]
        }
      ]
    },
    {
      "module": "module.repo[\"ci-phparkitect-php\"]",
      "mode": "managed",
      "type": "github_team_repository",
      "name": "approvers",
      "provider": "provider[\"registry.opentofu.org/integrations/github\"]",
      "instances": [
        {
          "index_key": 0,
          "schema_version": 0,
          "attributes": {
            "etag": "W/\"6cdf26de9d9199b66eb70ccd194032375158c6ab8ec5a6ffd4a524fa2fe355cb\"",
            "id": "18867552:ci-phparkitect-php",
            "permission": "push",
            "repository": "ci-phparkitect-php",
            "team_id": "approvers"
          },
          "sensitive_attributes": [],
          "private": "bnVsbA==",
          "dependencies": [
            "module.repo.github_repository.this"
          ]
        }
      ]
    },
    {
      "module": "module.repo[\"ci-phpcodesniffer-php\"]",
      "mode": "managed",
      "type": "github_issue_label",
      "name": "claude_review",
      "provider": "provider[\"registry.opentofu.org/integrations/github\"]",
      "instances": [
        {
          "schema_version": 0,
          "attributes": {
            "color": "5319e7",
            "description": "Ask Claude to review this pull request",
            "etag": "W/\"e93cff7012195465bc2be9e39925a87591a3f8cfa14ca5db36205d10c780b9e8\"",
            "id": "ci-phpcodesniffer-php:claude-review",
            "name": "claude-review",
            "repository": "ci-phpcodesniffer-php",
            "url": "https://api.github.com/repos/valkyrjaio/ci-phpcodesniffer-php/labels/claude-review"
          },
          "sensitive_attributes": [],
          "private": "eyJzY2hlbWFfdmVyc2lvbiI6IjAifQ==",
          "dependencies": [
            "module.repo.github_repository.this"
          ]
        }
      ]
    },
    {
      "module": "module.repo[\"ci-phpcodesniffer-php\"]",
      "mode": "managed",
      "type": "github_repository",
      "name": "this",
      "provider": "provider[\"registry.opentofu.org/integrations/github\"]",
      "instances": [
        {
          "schema_version": 1,
          "attributes": {
            "allow_auto_merge": false,
            "allow_forking": true,
            "allow_merge_commit": false,
            "allow_rebase_merge": false,
            "allow_squash_merge": true,
            "allow_update_branch": false,
            "archive_on_destroy": null,
            "archived": false,
            "auto_init": false,
            "default_branch": "26.x",
            "delete_branch_on_merge": true,
            "description": "Shared PHPCodeSniffer configuration for Valkyrja PHP projects",
            "etag": "W/\"b10932c6f95f600d6d096668be9354efb83ac3c4da638098caa9d4fb5a6b2fa3\"",
            "fork": "false",
            "full_name": "valkyrjaio/ci-phpcodesniffer-php",
            "git_clone_url": "git://github.com/valkyrjaio/ci-phpcodesniffer-php.git",
            "gitignore_template": null,
            "has_discussions": false,
            "has_downloads": false,
            "has_issues": true,
            "has_projects": false,
            "has_wiki": false,
            "homepage_url": "",
            "html_url": "https://github.com/valkyrjaio/ci-phpcodesniffer-php",
            "http_clone_url": "https://github.com/valkyrjaio/ci-phpcodesniffer-php.git",
            "id": "ci-phpcodesniffer-php",
            "ignore_vulnerability_alerts_during_read": null,
            "is_template": false,
            "license_template": null,
            "merge_commit_message": "PR_TITLE",
            "merge_commit_title": "MERGE_MESSAGE",
            "name": "ci-phpcodesniffer-php",
            "node_id": "R_kgDOSD2NhQ",
            "pages": [],
            "primary_language": "PHP",
            "private": false,
            "repo_id": 1211993477,
            "security_and_analysis": [
              {
                "advanced_security": [],
                "code_security": [],
                "secret_scanning": [
                  {
                    "status": "disabled"
                  }
                ],
                "secret_scanning_ai_detection": [],
                "secret_scanning_non_provider_patterns": [],
                "secret_scanning_push_protection": [
                  {
                    "status": "disabled"
                  }
                ]
              }
            ],
            "source_owner": "",
            "source_repo": "",
            "squash_merge_commit_message": "PR_BODY",
            "squash_merge_commit_title": "PR_TITLE",
            "ssh_clone_url": "git@github.com:valkyrjaio/ci-phpcodesniffer-php.git",
            "svn_url": "https://github.com/valkyrjaio/ci-phpcodesniffer-php",
            "template": [],
            "topics": [],
            "visibility": "public",
            "vulnerability_alerts": true,
            "web_commit_signoff_required": false
          },
          "sensitive_attributes": [],
          "private": "eyJzY2hlbWFfdmVyc2lvbiI6IjEifQ=="
        }
      ]
    },
    {
      "module": "module.repo[\"ci-phpcodesniffer-php\"]",
      "mode": "managed",
      "type": "github_repository_ruleset",
      "name": "force_push_protection",
      "provider": "provider[\"registry.opentofu.org/integrations/github\"]",
      "instances": [
        {
          "schema_version": 1,
          "attributes": {
            "bypass_actors": [
              {
                "actor_id": 0,
                "actor_type": "OrganizationAdmin",
                "bypass_mode": "always"
              }
            ],
            "conditions": [
              {
                "ref_name": [
                  {
                    "exclude": [],
                    "include": [
                      "refs/heads/??.x"
                    ]
                  }
                ]
              }
            ],
            "enforcement": "active",
            "etag": "W/\"e21eb342a46aa9cb6dcea4ce7e3b57703c2c64612fed30039fc7847de8fa62b6\"",
            "id": "15191299",
            "name": "Protect Against Force Pushes and Deletion",
            "node_id": "RRS_lACqUmVwb3NpdG9yec5IPY2FzgDnzQM",
            "repository": "ci-phpcodesniffer-php",
            "rules": [
              {
                "branch_name_pattern": [],
                "commit_author_email_pattern": [],
                "commit_message_pattern": [],
                "committer_email_pattern": [],
                "copilot_code_review": [],
                "creation": false,
                "deletion": true,
                "file_extension_restriction": [],
                "file_path_restriction": [],
                "max_file_path_length": [],
                "max_file_size": [],
                "merge_queue": [],
                "non_fast_forward": true,
                "pull_request": [],
                "required_code_scanning": [],
                "required_deployments": [],
                "required_linear_history": false,
                "required_signatures": false,
                "required_status_checks": [],
                "tag_name_pattern": [],
                "update": false,
                "update_allows_fetch_and_merge": false
              }
            ],
            "ruleset_id": 15191299,
            "target": "branch"
          },
          "sensitive_attributes": [],
          "private": "eyJzY2hlbWFfdmVyc2lvbiI6IjEifQ==",
          "dependencies": [
            "module.repo.github_repository.this"
          ]
        }
      ]
    },
    {
      "module": "module.repo[\"ci-phpcodesniffer-php\"]",
      "mode": "managed",
      "type": "github_repository_ruleset",
      "name": "protect_master",
      "provider": "provider[\"registry.opentofu.org/integrations/github\"]",
      "instances": [
        {
          "schema_version": 1,
          "attributes": {
            "bypass_actors": [],
            "conditions": [
              {
                "ref_name": [
                  {
                    "exclude": [],
                    "include": [
                      "refs/heads/master"
                    ]
                  }
                ]
              }
            ],
            "enforcement": "active",
            "etag": "W/\"a6ec4241153cdf7d747808f61fe6bc7cd926d929ee5c983bb6f8198ccbf7fde2\"",
            "id": "15191301",
            "name": "Protect Master At All Times",
            "node_id": "RRS_lACqUmVwb3NpdG9yec5IPY2FzgDnzQU",
            "repository": "ci-phpcodesniffer-php",
            "rules": [
              {
                "branch_name_pattern": [],
                "commit_author_email_pattern": [],
                "commit_message_pattern": [],
                "committer_email_pattern": [],
                "copilot_code_review": [],
                "creation": false,
                "deletion": true,
                "file_extension_restriction": [],
                "file_path_restriction": [],
                "max_file_path_length": [],
                "max_file_size": [],
                "merge_queue": [],
                "non_fast_forward": true,
                "pull_request": [],
                "required_code_scanning": [],
                "required_deployments": [],
                "required_linear_history": false,
                "required_signatures": false,
                "required_status_checks": [],
                "tag_name_pattern": [],
                "update": false,
                "update_allows_fetch_and_merge": false
              }
            ],
            "ruleset_id": 15191301,
            "target": "branch"
          },
          "sensitive_attributes": [],
          "private": "eyJzY2hlbWFfdmVyc2lvbiI6IjEifQ==",
          "dependencies": [
            "module.repo.github_repository.this"
          ]
        }
      ]
    },
    {
      "module": "module.repo[\"ci-phpcodesniffer-php\"]",
      "mode": "managed",
      "type": "github_repository_ruleset",
      "name": "protect_release_tags",
      "provider": "provider[\"registry.opentofu.org/integrations/github\"]",
      "instances": [
        {
          "schema_version": 1,
          "attributes": {
            "bypass_actors": [
              {
                "actor_id": 0,
                "actor_type": "OrganizationAdmin",
                "bypass_mode": "always"
              }
            ],
            "conditions": [
              {
                "ref_name": [
                  {
                    "exclude": [],
                    "include": [
                      "refs/tags/*.*.*"
                    ]
                  }
                ]
              }
            ],
            "enforcement": "active",
            "etag": "W/\"9c40fe829c6e7a9ad88da15011b995770d60f1fd82536683932ef341def07bfc\"",
            "id": "15200848",
            "name": "Protect Release Tags",
            "node_id": "RRS_lACqUmVwb3NpdG9yec5IPY2FzgDn8lA",
            "repository": "ci-phpcodesniffer-php",
            "rules": [
              {
                "branch_name_pattern": [],
                "commit_author_email_pattern": [],
                "commit_message_pattern": [],
                "committer_email_pattern": [],
                "copilot_code_review": [],
                "creation": false,
                "deletion": true,
                "file_extension_restriction": [],
                "file_path_restriction": [],
                "max_file_path_length": [],
                "max_file_size": [],
                "merge_queue": [],
                "non_fast_forward": true,
                "pull_request": [],
                "required_code_scanning": [],
                "required_deployments": [],
                "required_linear_history": false,
                "required_signatures": false,
                "required_status_checks": [],
                "tag_name_pattern": [],
                "update": false,
                "update_allows_fetch_and_merge": false
              }
            ],
            "ruleset_id": 15200848,
            "target": "tag"
          },
          "sensitive_attributes": [],
          "private": "eyJzY2hlbWFfdmVyc2lvbiI6IjEifQ==",
          "dependencies": [
            "module.repo.github_repository.this"
          ]
        }
      ]
    },
    {
      "module": "module.repo[\"ci-phpcodesniffer-php\"]",
      "mode": "managed",
      "type": "github_repository_ruleset",
      "name": "require_pull_request",
      "provider": "provider[\"registry.opentofu.org/integrations/github\"]",
      "instances": [
        {
          "schema_version": 1,
          "attributes": {
            "bypass_actors": [
              {
                "actor_id": 0,
                "actor_type": "OrganizationAdmin",
                "bypass_mode": "always"
              },
              {
                "actor_id": 2462900,
                "actor_type": "Integration",
                "bypass_mode": "always"
              }
            ],
            "conditions": [
              {
                "ref_name": [
                  {
                    "exclude": [],
                    "include": [
                      "~DEFAULT_BRANCH",
                      "refs/heads/??.x",
                      "refs/heads/master"
                    ]
                  }
                ]
              }
            ],
            "enforcement": "active",
            "etag": "W/\"cbfe71cfc43fd90441a0a5d20f027d9101b87f7da1fd3d275e36c33b7c1cfe23\"",
            "id": "15191305",
            "name": "Require Pull Request",
            "node_id": "RRS_lACqUmVwb3NpdG9yec5IPY2FzgDnzQk",
            "repository": "ci-phpcodesniffer-php",
            "rules": [
              {
                "branch_name_pattern": [],
                "commit_author_email_pattern": [],
                "commit_message_pattern": [],
                "committer_email_pattern": [],
                "copilot_code_review": [],
                "creation": false,
                "deletion": false,
                "file_extension_restriction": [],
                "file_path_restriction": [],
                "max_file_path_length": [],
                "max_file_size": [],
                "merge_queue": [],
                "non_fast_forward": false,
                "pull_request": [
                  {
                    "allowed_merge_methods": [
                      "squash"
                    ],
                    "dismiss_stale_reviews_on_push": false,
                    "require_code_owner_review": true,
                    "require_last_push_approval": false,
                    "required_approving_review_count": 0,
                    "required_review_thread_resolution": false,
                    "required_reviewers": []
                  }
                ],
                "required_code_scanning": [],
                "required_deployments": [],
                "required_linear_history": false,
                "required_signatures": false,
                "required_status_checks": [],
                "tag_name_pattern": [],
                "update": false,
                "update_allows_fetch_and_merge": false
              }
            ],
            "ruleset_id": 15191305,
            "target": "branch"
          },
          "sensitive_attributes": [],
          "private": "eyJzY2hlbWFfdmVyc2lvbiI6IjEifQ==",
          "dependencies": [
            "github_team.approvers",
            "module.repo.github_repository.this"
          ]
        }
      ]
    },
    {
      "module": "module.repo[\"ci-phpcodesniffer-php\"]",
      "mode": "managed",
      "type": "github_repository_ruleset",
      "name": "required_default_checks",
      "provider": "provider[\"registry.opentofu.org/integrations/github\"]",
      "instances": [
        {
          "schema_version": 1,
          "attributes": {
            "bypass_actors": [
              {
                "actor_id": 0,
                "actor_type": "OrganizationAdmin",
                "bypass_mode": "always"
              },
              {
                "actor_id": 2462900,
                "actor_type": "Integration",
                "bypass_mode": "always"
              }
            ],
            "conditions": [
              {
                "ref_name": [
                  {
                    "exclude": [],
                    "include": [
                      "~DEFAULT_BRANCH",
                      "refs/heads/??.x"
                    ]
                  }
                ]
              }
            ],
            "enforcement": "active",
            "etag": "W/\"5c5d7c63413342073edba710f2ce903a21b4cc86ef2efdac3f712978b9bb88d5\"",
            "id": "15273979",
            "name": "Required Default PR Checks",
            "node_id": "RRS_lACqUmVwb3NpdG9yec5IPY2FzgDpD_s",
            "repository": "ci-phpcodesniffer-php",
            "rules": [
              {
                "branch_name_pattern": [],
                "commit_author_email_pattern": [],
                "commit_message_pattern": [],
                "committer_email_pattern": [],
                "copilot_code_review": [],
                "creation": false,
                "deletion": false,
                "file_extension_restriction": [],
                "file_path_restriction": [],
                "max_file_path_length": [],
                "max_file_size": [],
                "merge_queue": [],
                "non_fast_forward": false,
                "pull_request": [],
                "required_code_scanning": [],
                "required_deployments": [],
                "required_linear_history": false,
                "required_signatures": false,
                "required_status_checks": [
                  {
                    "do_not_enforce_on_create": false,
                    "required_check": [
                      {
                        "context": "Commit Message Check / Check Commit Message",
                        "integration_id": 15368
                      },
                      {
                        "context": "Copyright Header Check / Check Copyright Header",
                        "integration_id": 15368
                      },
                      {
                        "context": "Markdown Check / Check Markdown",
                        "integration_id": 15368
                      },
                      {
                        "context": "Trailing Newline Check / Check Trailing Newline",
                        "integration_id": 15368
                      }
                    ],
                    "strict_required_status_checks_policy": false
                  }
                ],
                "tag_name_pattern": [],
                "update": false,
                "update_allows_fetch_and_merge": false
              }
            ],
            "ruleset_id": 15273979,
            "target": "branch"
          },
          "sensitive_attributes": [],
          "private": "eyJzY2hlbWFfdmVyc2lvbiI6IjEifQ==",
          "dependencies": [
            "module.repo.github_repository.this"
          ]
        }
      ]
    },
    {
      "module": "module.repo[\"ci-phpcodesniffer-php\"]",
      "mode": "managed",
      "type": "github_repository_ruleset",
      "name": "required_language_checks",
      "provider": "provider[\"registry.opentofu.org/integrations/github\"]",
      "instances": [
        {
          "index_key": 0,
          "schema_version": 1,
          "attributes": {
            "bypass_actors": [
              {
                "actor_id": 0,
                "actor_type": "OrganizationAdmin",
                "bypass_mode": "always"
              },
              {
                "actor_id": 2462900,
                "actor_type": "Integration",
                "bypass_mode": "always"
              }
            ],
            "conditions": [
              {
                "ref_name": [
                  {
                    "exclude": [],
                    "include": [
                      "~DEFAULT_BRANCH",
                      "refs/heads/??.x"
                    ]
                  }
                ]
              }
            ],
            "enforcement": "active",
            "etag": "W/\"b4f6a46a57c3c12a564ed704688e2675e9634f250beeaa066a3d1cc94bf36b76\"",
            "id": "15273980",
            "name": "Required PHP PR Checks",
            "node_id": "RRS_lACqUmVwb3NpdG9yec5IPY2FzgDpD_w",
            "repository": "ci-phpcodesniffer-php",
            "rules": [
              {
                "branch_name_pattern": [],
                "commit_author_email_pattern": [],
                "commit_message_pattern": [],
                "committer_email_pattern": [],
                "copilot_code_review": [],
                "creation": false,
                "deletion": false,
                "file_extension_restriction": [],
                "file_path_restriction": [],
                "max_file_path_length": [],
                "max_file_size": [],
                "merge_queue": [],
                "non_fast_forward": false,
                "pull_request": [],
                "required_code_scanning": [],
                "required_deployments": [],
                "required_linear_history": false,
                "required_signatures": false,
                "required_status_checks": [
                  {
                    "do_not_enforce_on_create": false,
                    "required_check": [
                      {
                        "context": "Tools / PHP CS Fixer / PHP 8.4",
                        "integration_id": 15368
                      },
                      {
                        "context": "Tools / PHP Code Sniffer / PHP 8.4",
                        "integration_id": 15368
                      },
                      {
                        "context": "Tools / PHPArkitect / PHP 8.4",
                        "integration_id": 15368
                      },
                      {
                        "context": "Tools / PHPStan / PHP 8.4",
                        "integration_id": 15368
                      },
                      {
                        "context": "Tools / PHPUnit / PHP 8.4",
                        "integration_id": 15368
                      },
                      {
                        "context": "Tools / PHPUnit / PHP 8.5",
                        "integration_id": 15368
                      },
                      {
                        "context": "Tools / PHPUnit / PHP 8.6",
                        "integration_id": 15368
                      },
                      {
                        "context": "Tools / Psalm / PHP 8.4",
                        "integration_id": 15368
                      },
                      {
                        "context": "Tools / Rector / PHP 8.4",
                        "integration_id": 15368
                      }
                    ],
                    "strict_required_status_checks_policy": false
                  }
                ],
                "tag_name_pattern": [],
                "update": false,
                "update_allows_fetch_and_merge": false
              }
            ],
            "ruleset_id": 15273980,
            "target": "branch"
          },
          "sensitive_attributes": [],
          "private": "eyJzY2hlbWFfdmVyc2lvbiI6IjEifQ==",
          "dependencies": [
            "module.repo.github_repository.this"
          ]
        }
      ]
    },
    {
      "module": "module.repo[\"ci-phpcodesniffer-php\"]",
      "mode": "managed",
      "type": "github_repository_ruleset",
      "name": "restrict_unsupported_branches",
      "provider": "provider[\"registry.opentofu.org/integrations/github\"]",
      "instances": [
        {
          "schema_version": 1,
          "attributes": {
            "bypass_actors": [
              {
                "actor_id": 2462900,
                "actor_type": "Integration",
                "bypass_mode": "always"
              }
            ],
            "conditions": [
              {
                "ref_name": [
                  {
                    "exclude": [],
                    "include": [
                      "refs/heads/??.x-backup",
                      "refs/heads/master-backup"
                    ]
                  }
                ]
              }
            ],
            "enforcement": "active",
            "etag": "W/\"0a79f106a505412998e50b4ef0afb35d9a3b91f88e79c93e18df206aba5b0e41\"",
            "id": "15191307",
            "name": "Restrict Changes to Unsupported Branches",
            "node_id": "RRS_lACqUmVwb3NpdG9yec5IPY2FzgDnzQs",
            "repository": "ci-phpcodesniffer-php",
            "rules": [
              {
                "branch_name_pattern": [],
                "commit_author_email_pattern": [],
                "commit_message_pattern": [],
                "committer_email_pattern": [],
                "copilot_code_review": [],
                "creation": true,
                "deletion": true,
                "file_extension_restriction": [],
                "file_path_restriction": [],
                "max_file_path_length": [],
                "max_file_size": [],
                "merge_queue": [],
                "non_fast_forward": true,
                "pull_request": [],
                "required_code_scanning": [],
                "required_deployments": [],
                "required_linear_history": false,
                "required_signatures": false,
                "required_status_checks": [],
                "tag_name_pattern": [],
                "update": true,
                "update_allows_fetch_and_merge": false
              }
            ],
            "ruleset_id": 15191307,
            "target": "branch"
          },
          "sensitive_attributes": [],
          "private": "eyJzY2hlbWFfdmVyc2lvbiI6IjEifQ==",
          "dependencies": [
            "module.repo.github_repository.this"
          ]
        }
      ]
    },
    {
      "module": "module.repo[\"ci-phpcodesniffer-php\"]",
      "mode": "managed",
      "type": "github_repository_vulnerability_alerts",
      "name": "this",
      "provider": "provider[\"registry.opentofu.org/integrations/github\"]",
      "instances": [
        {
          "schema_version": 0,
          "attributes": {
            "enabled": true,
            "id": "1211993477",
            "repository": "ci-phpcodesniffer-php",
            "repository_id": 1211993477
          },
          "sensitive_attributes": [],
          "private": "eyJzY2hlbWFfdmVyc2lvbiI6IjAifQ==",
          "dependencies": [
            "module.repo.github_repository.this"
          ]
        }
      ]
    },
    {
      "module": "module.repo[\"ci-phpcodesniffer-php\"]",
      "mode": "managed",
      "type": "github_team_repository",
      "name": "approvers",
      "provider": "provider[\"registry.opentofu.org/integrations/github\"]",
      "instances": [
        {
          "index_key": 0,
          "schema_version": 0,
          "attributes": {
            "etag": "W/\"edcb75a20041db9f8c8cb66d43c8cc2851266a5c19ddb91f2577b4691088c03b\"",
            "id": "18867552:ci-phpcodesniffer-php",
            "permission": "push",
            "repository": "ci-phpcodesniffer-php",
            "team_id": "approvers"
          },
          "sensitive_attributes": [],
          "private": "bnVsbA==",
          "dependencies": [
            "module.repo.github_repository.this"
          ]
        }
      ]
    },
    {
      "module": "module.repo[\"ci-phpcsfixer-php\"]",
      "mode": "managed",
      "type": "github_issue_label",
      "name": "claude_review",
      "provider": "provider[\"registry.opentofu.org/integrations/github\"]",
      "instances": [
        {
          "schema_version": 0,
          "attributes": {
            "color": "5319e7",
            "description": "Ask Claude to review this pull request",
            "etag": "W/\"e94ed59584d700412747f29f3e9b95dc83cada563470e8e10c02e5925f1fac93\"",
            "id": "ci-phpcsfixer-php:claude-review",
            "name": "claude-review",
            "repository": "ci-phpcsfixer-php",
            "url": "https://api.github.com/repos/valkyrjaio/ci-phpcsfixer-php/labels/claude-review"
          },
          "sensitive_attributes": [],
          "private": "eyJzY2hlbWFfdmVyc2lvbiI6IjAifQ==",
          "dependencies": [
            "module.repo.github_repository.this"
          ]
        }
      ]
    },
    {
      "module": "module.repo[\"ci-phpcsfixer-php\"]",
      "mode": "managed",
      "type": "github_repository",
      "name": "this",
      "provider": "provider[\"registry.opentofu.org/integrations/github\"]",
      "instances": [
        {
          "schema_version": 1,
          "attributes": {
            "allow_auto_merge": false,
            "allow_forking": true,
            "allow_merge_commit": false,
            "allow_rebase_merge": false,
            "allow_squash_merge": true,
            "allow_update_branch": false,
            "archive_on_destroy": null,
            "archived": false,
            "auto_init": false,
            "default_branch": "26.x",
            "delete_branch_on_merge": true,
            "description": "Shared PHP CS Fixer configuration for Valkyrja PHP projects",
            "etag": "W/\"aabf02e199e6d8962c85f83cbbc32422392c2d8589dd5eabd4267a1bcce087d7\"",
            "fork": "false",
            "full_name": "valkyrjaio/ci-phpcsfixer-php",
            "git_clone_url": "git://github.com/valkyrjaio/ci-phpcsfixer-php.git",
            "gitignore_template": null,
            "has_discussions": false,
            "has_downloads": false,
            "has_issues": true,
            "has_projects": false,
            "has_wiki": false,
            "homepage_url": "",
            "html_url": "https://github.com/valkyrjaio/ci-phpcsfixer-php",
            "http_clone_url": "https://github.com/valkyrjaio/ci-phpcsfixer-php.git",
            "id": "ci-phpcsfixer-php",
            "ignore_vulnerability_alerts_during_read": null,
            "is_template": false,
            "license_template": null,
            "merge_commit_message": "PR_TITLE",
            "merge_commit_title": "MERGE_MESSAGE",
            "name": "ci-phpcsfixer-php",
            "node_id": "R_kgDOSDx6gQ",
            "pages": [],
            "primary_language": "PHP",
            "private": false,
            "repo_id": 1211923073,
            "security_and_analysis": [
              {
                "advanced_security": [],
                "code_security": [],
                "secret_scanning": [
                  {
                    "status": "disabled"
                  }
                ],
                "secret_scanning_ai_detection": [],
                "secret_scanning_non_provider_patterns": [],
                "secret_scanning_push_protection": [
                  {
                    "status": "disabled"
                  }
                ]
              }
            ],
            "source_owner": "",
            "source_repo": "",
            "squash_merge_commit_message": "PR_BODY",
            "squash_merge_commit_title": "PR_TITLE",
            "ssh_clone_url": "git@github.com:valkyrjaio/ci-phpcsfixer-php.git",
            "svn_url": "https://github.com/valkyrjaio/ci-phpcsfixer-php",
            "template": [],
            "topics": [],
            "visibility": "public",
            "vulnerability_alerts": true,
            "web_commit_signoff_required": false
          },
          "sensitive_attributes": [],
          "private": "eyJzY2hlbWFfdmVyc2lvbiI6IjEifQ=="
        }
      ]
    },
    {
      "module": "module.repo[\"ci-phpcsfixer-php\"]",
      "mode": "managed",
      "type": "github_repository_ruleset",
      "name": "force_push_protection",
      "provider": "provider[\"registry.opentofu.org/integrations/github\"]",
      "instances": [
        {
          "schema_version": 1,
          "attributes": {
            "bypass_actors": [
              {
                "actor_id": 0,
                "actor_type": "OrganizationAdmin",
                "bypass_mode": "always"
              }
            ],
            "conditions": [
              {
                "ref_name": [
                  {
                    "exclude": [],
                    "include": [
                      "refs/heads/??.x"
                    ]
                  }
                ]
              }
            ],
            "enforcement": "active",
            "etag": "W/\"3deaf79ae9c0d565843bca74f2c57e1b0bf464329942544ce659851dd8f613ea\"",
            "id": "15189593",
            "name": "Protect Against Force Pushes and Deletion",
            "node_id": "RRS_lACqUmVwb3NpdG9yec5IPHqBzgDnxlk",
            "repository": "ci-phpcsfixer-php",
            "rules": [
              {
                "branch_name_pattern": [],
                "commit_author_email_pattern": [],
                "commit_message_pattern": [],
                "committer_email_pattern": [],
                "copilot_code_review": [],
                "creation": false,
                "deletion": true,
                "file_extension_restriction": [],
                "file_path_restriction": [],
                "max_file_path_length": [],
                "max_file_size": [],
                "merge_queue": [],
                "non_fast_forward": true,
                "pull_request": [],
                "required_code_scanning": [],
                "required_deployments": [],
                "required_linear_history": false,
                "required_signatures": false,
                "required_status_checks": [],
                "tag_name_pattern": [],
                "update": false,
                "update_allows_fetch_and_merge": false
              }
            ],
            "ruleset_id": 15189593,
            "target": "branch"
          },
          "sensitive_attributes": [],
          "private": "eyJzY2hlbWFfdmVyc2lvbiI6IjEifQ==",
          "dependencies": [
            "module.repo.github_repository.this"
          ]
        }
      ]
    },
    {
      "module": "module.repo[\"ci-phpcsfixer-php\"]",
      "mode": "managed",
      "type": "github_repository_ruleset",
      "name": "protect_master",
      "provider": "provider[\"registry.opentofu.org/integrations/github\"]",
      "instances": [
        {
          "schema_version": 1,
          "attributes": {
            "bypass_actors": [],
            "conditions": [
              {
                "ref_name": [
                  {
                    "exclude": [],
                    "include": [
                      "refs/heads/master"
                    ]
                  }
                ]
              }
            ],
            "enforcement": "active",
            "etag": "W/\"597a56dfd263eef4725a22f1ade5a5655285da6f481c2c3e5966b34bdbb167ae\"",
            "id": "15189597",
            "name": "Protect Master At All Times",
            "node_id": "RRS_lACqUmVwb3NpdG9yec5IPHqBzgDnxl0",
            "repository": "ci-phpcsfixer-php",
            "rules": [
              {
                "branch_name_pattern": [],
                "commit_author_email_pattern": [],
                "commit_message_pattern": [],
                "committer_email_pattern": [],
                "copilot_code_review": [],
                "creation": false,
                "deletion": true,
                "file_extension_restriction": [],
                "file_path_restriction": [],
                "max_file_path_length": [],
                "max_file_size": [],
                "merge_queue": [],
                "non_fast_forward": true,
                "pull_request": [],
                "required_code_scanning": [],
                "required_deployments": [],
                "required_linear_history": false,
                "required_signatures": false,
                "required_status_checks": [],
                "tag_name_pattern": [],
                "update": false,
                "update_allows_fetch_and_merge": false
              }
            ],
            "ruleset_id": 15189597,
            "target": "branch"
          },
          "sensitive_attributes": [],
          "private": "eyJzY2hlbWFfdmVyc2lvbiI6IjEifQ==",
          "dependencies": [
            "module.repo.github_repository.this"
          ]
        }
      ]
    },
    {
      "module": "module.repo[\"ci-phpcsfixer-php\"]",
      "mode": "managed",
      "type": "github_repository_ruleset",
      "name": "protect_release_tags",
      "provider": "provider[\"registry.opentofu.org/integrations/github\"]",
      "instances": [
        {
          "schema_version": 1,
          "attributes": {
            "bypass_actors": [
              {
                "actor_id": 0,
                "actor_type": "OrganizationAdmin",
                "bypass_mode": "always"
              }
            ],
            "conditions": [
              {
                "ref_name": [
                  {
                    "exclude": [],
                    "include": [
                      "refs/tags/*.*.*"
                    ]
                  }
                ]
              }
            ],
            "enforcement": "active",
            "etag": "W/\"ed624f89a668cb321b248627ca90ac433a9c9b6a54f49531fff3bd6e9ab3f90e\"",
            "id": "15200853",
            "name": "Protect Release Tags",
            "node_id": "RRS_lACqUmVwb3NpdG9yec5IPHqBzgDn8lU",
            "repository": "ci-phpcsfixer-php",
            "rules": [
              {
                "branch_name_pattern": [],
                "commit_author_email_pattern": [],
                "commit_message_pattern": [],
                "committer_email_pattern": [],
                "copilot_code_review": [],
                "creation": false,
                "deletion": true,
                "file_extension_restriction": [],
                "file_path_restriction": [],
                "max_file_path_length": [],
                "max_file_size": [],
                "merge_queue": [],
                "non_fast_forward": true,
                "pull_request": [],
                "required_code_scanning": [],
                "required_deployments": [],
                "required_linear_history": false,
                "required_signatures": false,
                "required_status_checks": [],
                "tag_name_pattern": [],
                "update": false,
                "update_allows_fetch_and_merge": false
              }
            ],
            "ruleset_id": 15200853,
            "target": "tag"
          },
          "sensitive_attributes": [],
          "private": "eyJzY2hlbWFfdmVyc2lvbiI6IjEifQ==",
          "dependencies": [
            "module.repo.github_repository.this"
          ]
        }
      ]
    },
    {
      "module": "module.repo[\"ci-phpcsfixer-php\"]",
      "mode": "managed",
      "type": "github_repository_ruleset",
      "name": "require_pull_request",
      "provider": "provider[\"registry.opentofu.org/integrations/github\"]",
      "instances": [
        {
          "schema_version": 1,
          "attributes": {
            "bypass_actors": [
              {
                "actor_id": 0,
                "actor_type": "OrganizationAdmin",
                "bypass_mode": "always"
              },
              {
                "actor_id": 2462900,
                "actor_type": "Integration",
                "bypass_mode": "always"
              }
            ],
            "conditions": [
              {
                "ref_name": [
                  {
                    "exclude": [],
                    "include": [
                      "~DEFAULT_BRANCH",
                      "refs/heads/??.x",
                      "refs/heads/master"
                    ]
                  }
                ]
              }
            ],
            "enforcement": "active",
            "etag": "W/\"8eb8ae4fbc484a596f4e3dbc3498340f48ec16d52762c590adbd79d1d3b91281\"",
            "id": "15189599",
            "name": "Require Pull Request",
            "node_id": "RRS_lACqUmVwb3NpdG9yec5IPHqBzgDnxl8",
            "repository": "ci-phpcsfixer-php",
            "rules": [
              {
                "branch_name_pattern": [],
                "commit_author_email_pattern": [],
                "commit_message_pattern": [],
                "committer_email_pattern": [],
                "copilot_code_review": [],
                "creation": false,
                "deletion": false,
                "file_extension_restriction": [],
                "file_path_restriction": [],
                "max_file_path_length": [],
                "max_file_size": [],
                "merge_queue": [],
                "non_fast_forward": false,
                "pull_request": [
                  {
                    "allowed_merge_methods": [
                      "squash"
                    ],
                    "dismiss_stale_reviews_on_push": false,
                    "require_code_owner_review": true,
                    "require_last_push_approval": false,
                    "required_approving_review_count": 0,
                    "required_review_thread_resolution": false,
                    "required_reviewers": []
                  }
                ],
                "required_code_scanning": [],
                "required_deployments": [],
                "required_linear_history": false,
                "required_signatures": false,
                "required_status_checks": [],
                "tag_name_pattern": [],
                "update": false,
                "update_allows_fetch_and_merge": false
              }
            ],
            "ruleset_id": 15189599,
            "target": "branch"
          },
          "sensitive_attributes": [],
          "private": "eyJzY2hlbWFfdmVyc2lvbiI6IjEifQ==",
          "dependencies": [
            "github_team.approvers",
            "module.repo.github_repository.this"
          ]
        }
      ]
    },
    {
      "module": "module.repo[\"ci-phpcsfixer-php\"]",
      "mode": "managed",
      "type": "github_repository_ruleset",
      "name": "required_default_checks",
      "provider": "provider[\"registry.opentofu.org/integrations/github\"]",
      "instances": [
        {
          "schema_version": 1,
          "attributes": {
            "bypass_actors": [
              {
                "actor_id": 0,
                "actor_type": "OrganizationAdmin",
                "bypass_mode": "always"
              },
              {
                "actor_id": 2462900,
                "actor_type": "Integration",
                "bypass_mode": "always"
              }
            ],
            "conditions": [
              {
                "ref_name": [
                  {
                    "exclude": [],
                    "include": [
                      "~DEFAULT_BRANCH",
                      "refs/heads/??.x"
                    ]
                  }
                ]
              }
            ],
            "enforcement": "active",
            "etag": "W/\"eec6f2546938bf7f87a6350b62b896d7f56263a5687b3d477fffb639dd8b005e\"",
            "id": "15273981",
            "name": "Required Default PR Checks",
            "node_id": "RRS_lACqUmVwb3NpdG9yec5IPHqBzgDpD_0",
            "repository": "ci-phpcsfixer-php",
            "rules": [
              {
                "branch_name_pattern": [],
                "commit_author_email_pattern": [],
                "commit_message_pattern": [],
                "committer_email_pattern": [],
                "copilot_code_review": [],
                "creation": false,
                "deletion": false,
                "file_extension_restriction": [],
                "file_path_restriction": [],
                "max_file_path_length": [],
                "max_file_size": [],
                "merge_queue": [],
                "non_fast_forward": false,
                "pull_request": [],
                "required_code_scanning": [],
                "required_deployments": [],
                "required_linear_history": false,
                "required_signatures": false,
                "required_status_checks": [
                  {
                    "do_not_enforce_on_create": false,
                    "required_check": [
                      {
                        "context": "Commit Message Check / Check Commit Message",
                        "integration_id": 15368
                      },
                      {
                        "context": "Copyright Header Check / Check Copyright Header",
                        "integration_id": 15368
                      },
                      {
                        "context": "Markdown Check / Check Markdown",
                        "integration_id": 15368
                      },
                      {
                        "context": "Trailing Newline Check / Check Trailing Newline",
                        "integration_id": 15368
                      }
                    ],
                    "strict_required_status_checks_policy": false
                  }
                ],
                "tag_name_pattern": [],
                "update": false,
                "update_allows_fetch_and_merge": false
              }
            ],
            "ruleset_id": 15273981,
            "target": "branch"
          },
          "sensitive_attributes": [],
          "private": "eyJzY2hlbWFfdmVyc2lvbiI6IjEifQ==",
          "dependencies": [
            "module.repo.github_repository.this"
          ]
        }
      ]
    },
    {
      "module": "module.repo[\"ci-phpcsfixer-php\"]",
      "mode": "managed",
      "type": "github_repository_ruleset",
      "name": "required_language_checks",
      "provider": "provider[\"registry.opentofu.org/integrations/github\"]",
      "instances": [
        {
          "index_key": 0,
          "schema_version": 1,
          "attributes": {
            "bypass_actors": [
              {
                "actor_id": 0,
                "actor_type": "OrganizationAdmin",
                "bypass_mode": "always"
              },
              {
                "actor_id": 2462900,
                "actor_type": "Integration",
                "bypass_mode": "always"
              }
            ],
            "conditions": [
              {
                "ref_name": [
                  {
                    "exclude": [],
                    "include": [
                      "~DEFAULT_BRANCH",
                      "refs/heads/??.x"
                    ]
                  }
                ]
              }
            ],
            "enforcement": "active",
            "etag": "W/\"dcfadd6aa17de6f181b5e513e6fea30a4a7d6c26f4297a872b13bdd0c425263a\"",
            "id": "15273982",
            "name": "Required PHP PR Checks",
            "node_id": "RRS_lACqUmVwb3NpdG9yec5IPHqBzgDpD_4",
            "repository": "ci-phpcsfixer-php",
            "rules": [
              {
                "branch_name_pattern": [],
                "commit_author_email_pattern": [],
                "commit_message_pattern": [],
                "committer_email_pattern": [],
                "copilot_code_review": [],
                "creation": false,
                "deletion": false,
                "file_extension_restriction": [],
                "file_path_restriction": [],
                "max_file_path_length": [],
                "max_file_size": [],
                "merge_queue": [],
                "non_fast_forward": false,
                "pull_request": [],
                "required_code_scanning": [],
                "required_deployments": [],
                "required_linear_history": false,
                "required_signatures": false,
                "required_status_checks": [
                  {
                    "do_not_enforce_on_create": false,
                    "required_check": [
                      {
                        "context": "Tools / PHP CS Fixer / PHP 8.4",
                        "integration_id": 15368
                      },
                      {
                        "context": "Tools / PHP Code Sniffer / PHP 8.4",
                        "integration_id": 15368
                      },
                      {
                        "context": "Tools / PHPArkitect / PHP 8.4",
                        "integration_id": 15368
                      },
                      {
                        "context": "Tools / PHPStan / PHP 8.4",
                        "integration_id": 15368
                      },
                      {
                        "context": "Tools / PHPUnit / PHP 8.4",
                        "integration_id": 15368
                      },
                      {
                        "context": "Tools / PHPUnit / PHP 8.5",
                        "integration_id": 15368
                      },
                      {
                        "context": "Tools / PHPUnit / PHP 8.6",
                        "integration_id": 15368
                      },
                      {
                        "context": "Tools / Psalm / PHP 8.4",
                        "integration_id": 15368
                      },
                      {
                        "context": "Tools / Rector / PHP 8.4",
                        "integration_id": 15368
                      }
                    ],
                    "strict_required_status_checks_policy": false
                  }
                ],
                "tag_name_pattern": [],
                "update": false,
                "update_allows_fetch_and_merge": false
              }
            ],
            "ruleset_id": 15273982,
            "target": "branch"
          },
          "sensitive_attributes": [],
          "private": "eyJzY2hlbWFfdmVyc2lvbiI6IjEifQ==",
          "dependencies": [
            "module.repo.github_repository.this"
          ]
        }
      ]
    },
    {
      "module": "module.repo[\"ci-phpcsfixer-php\"]",
      "mode": "managed",
      "type": "github_repository_ruleset",
      "name": "restrict_unsupported_branches",
      "provider": "provider[\"registry.opentofu.org/integrations/github\"]",
      "instances": [
        {
          "schema_version": 1,
          "attributes": {
            "bypass_actors": [
              {
                "actor_id": 2462900,
                "actor_type": "Integration",
                "bypass_mode": "always"
              }
            ],
            "conditions": [
              {
                "ref_name": [
                  {
                    "exclude": [],
                    "include": [
                      "refs/heads/??.x-backup",
                      "refs/heads/master-backup"
                    ]
                  }
                ]
              }
            ],
            "enforcement": "active",
            "etag": "W/\"f20dda361dab401e0bd600dcb4f238f1a6773fcc208077657fa38ca1173fb378\"",
            "id": "15189602",
            "name": "Restrict Changes to Unsupported Branches",
            "node_id": "RRS_lACqUmVwb3NpdG9yec5IPHqBzgDnxmI",
            "repository": "ci-phpcsfixer-php",
            "rules": [
              {
                "branch_name_pattern": [],
                "commit_author_email_pattern": [],
                "commit_message_pattern": [],
                "committer_email_pattern": [],
                "copilot_code_review": [],
                "creation": true,
                "deletion": true,
                "file_extension_restriction": [],
                "file_path_restriction": [],
                "max_file_path_length": [],
                "max_file_size": [],
                "merge_queue": [],
                "non_fast_forward": true,
                "pull_request": [],
                "required_code_scanning": [],
                "required_deployments": [],
                "required_linear_history": false,
                "required_signatures": false,
                "required_status_checks": [],
                "tag_name_pattern": [],
                "update": true,
                "update_allows_fetch_and_merge": false
              }
            ],
            "ruleset_id": 15189602,
            "target": "branch"
          },
          "sensitive_attributes": [],
          "private": "eyJzY2hlbWFfdmVyc2lvbiI6IjEifQ==",
          "dependencies": [
            "module.repo.github_repository.this"
          ]
        }
      ]
    },
    {
      "module": "module.repo[\"ci-phpcsfixer-php\"]",
      "mode": "managed",
      "type": "github_repository_vulnerability_alerts",
      "name": "this",
      "provider": "provider[\"registry.opentofu.org/integrations/github\"]",
      "instances": [
        {
          "schema_version": 0,
          "attributes": {
            "enabled": true,
            "id": "1211923073",
            "repository": "ci-phpcsfixer-php",
            "repository_id": 1211923073
          },
          "sensitive_attributes": [],
          "private": "eyJzY2hlbWFfdmVyc2lvbiI6IjAifQ==",
          "dependencies": [
            "module.repo.github_repository.this"
          ]
        }
      ]
    },
    {
      "module": "module.repo[\"ci-phpcsfixer-php\"]",
      "mode": "managed",
      "type": "github_team_repository",
      "name": "approvers",
      "provider": "provider[\"registry.opentofu.org/integrations/github\"]",
      "instances": [
        {
          "index_key": 0,
          "schema_version": 0,
          "attributes": {
            "etag": "W/\"b94fc4166d886d8159236d4753980c297e8c1840c798ab5ea1209254b0b7321f\"",
            "id": "18867552:ci-phpcsfixer-php",
            "permission": "push",
            "repository": "ci-phpcsfixer-php",
            "team_id": "approvers"
          },
          "sensitive_attributes": [],
          "private": "bnVsbA==",
          "dependencies": [
            "module.repo.github_repository.this"
          ]
        }
      ]
    },
    {
      "module": "module.repo[\"ci-phpstan-php\"]",
      "mode": "managed",
      "type": "github_issue_label",
      "name": "claude_review",
      "provider": "provider[\"registry.opentofu.org/integrations/github\"]",
      "instances": [
        {
          "schema_version": 0,
          "attributes": {
            "color": "5319e7",
            "description": "Ask Claude to review this pull request",
            "etag": "W/\"1a0f29deaccb6ca3e0632c202d79e135447c4ed968aca9f19138a49342c62efb\"",
            "id": "ci-phpstan-php:claude-review",
            "name": "claude-review",
            "repository": "ci-phpstan-php",
            "url": "https://api.github.com/repos/valkyrjaio/ci-phpstan-php/labels/claude-review"
          },
          "sensitive_attributes": [],
          "private": "eyJzY2hlbWFfdmVyc2lvbiI6IjAifQ==",
          "dependencies": [
            "module.repo.github_repository.this"
          ]
        }
      ]
    },
    {
      "module": "module.repo[\"ci-phpstan-php\"]",
      "mode": "managed",
      "type": "github_repository",
      "name": "this",
      "provider": "provider[\"registry.opentofu.org/integrations/github\"]",
      "instances": [
        {
          "schema_version": 1,
          "attributes": {
            "allow_auto_merge": false,
            "allow_forking": true,
            "allow_merge_commit": false,
            "allow_rebase_merge": false,
            "allow_squash_merge": true,
            "allow_update_branch": false,
            "archive_on_destroy": null,
            "archived": false,
            "auto_init": false,
            "default_branch": "26.x",
            "delete_branch_on_merge": true,
            "description": "Shared PHPStan configuration for Valkyrja PHP projects",
            "etag": "W/\"7d30cba098a230c9a0ada9da1bd635e5f1f1eb7869b7d6526eb97ca50f97530a\"",
            "fork": "false",
            "full_name": "valkyrjaio/ci-phpstan-php",
            "git_clone_url": "git://github.com/valkyrjaio/ci-phpstan-php.git",
            "gitignore_template": null,
            "has_discussions": false,
            "has_downloads": false,
            "has_issues": true,
            "has_projects": false,
            "has_wiki": false,
            "homepage_url": "",
            "html_url": "https://github.com/valkyrjaio/ci-phpstan-php",
            "http_clone_url": "https://github.com/valkyrjaio/ci-phpstan-php.git",
            "id": "ci-phpstan-php",
            "ignore_vulnerability_alerts_during_read": null,
            "is_template": false,
            "license_template": null,
            "merge_commit_message": "PR_TITLE",
            "merge_commit_title": "MERGE_MESSAGE",
            "name": "ci-phpstan-php",
            "node_id": "R_kgDOSD7jDA",
            "pages": [],
            "primary_language": "PHP",
            "private": false,
            "repo_id": 1212080908,
            "security_and_analysis": [
              {
                "advanced_security": [],
                "code_security": [],
                "secret_scanning": [
                  {
                    "status": "disabled"
                  }
                ],
                "secret_scanning_ai_detection": [],
                "secret_scanning_non_provider_patterns": [],
                "secret_scanning_push_protection": [
                  {
                    "status": "disabled"
                  }
                ]
              }
            ],
            "source_owner": "",
            "source_repo": "",
            "squash_merge_commit_message": "PR_BODY",
            "squash_merge_commit_title": "PR_TITLE",
            "ssh_clone_url": "git@github.com:valkyrjaio/ci-phpstan-php.git",
            "svn_url": "https://github.com/valkyrjaio/ci-phpstan-php",
            "template": [],
            "topics": [],
            "visibility": "public",
            "vulnerability_alerts": true,
            "web_commit_signoff_required": false
          },
          "sensitive_attributes": [],
          "private": "eyJzY2hlbWFfdmVyc2lvbiI6IjEifQ=="
        }
      ]
    },
    {
      "module": "module.repo[\"ci-phpstan-php\"]",
      "mode": "managed",
      "type": "github_repository_ruleset",
      "name": "force_push_protection",
      "provider": "provider[\"registry.opentofu.org/integrations/github\"]",
      "instances": [
        {
          "schema_version": 1,
          "attributes": {
            "bypass_actors": [
              {
                "actor_id": 0,
                "actor_type": "OrganizationAdmin",
                "bypass_mode": "always"
              }
            ],
            "conditions": [
              {
                "ref_name": [
                  {
                    "exclude": [],
                    "include": [
                      "refs/heads/??.x"
                    ]
                  }
                ]
              }
            ],
            "enforcement": "active",
            "etag": "W/\"6977d770af2272d092f6cec6c1818387b9cf2ad93d632b9cc79787d04638ba8c\"",
            "id": "15189204",
            "name": "Protect Against Force Pushes and Deletion",
            "node_id": "RRS_lACqUmVwb3NpdG9yec5IPuMMzgDnxNQ",
            "repository": "ci-phpstan-php",
            "rules": [
              {
                "branch_name_pattern": [],
                "commit_author_email_pattern": [],
                "commit_message_pattern": [],
                "committer_email_pattern": [],
                "copilot_code_review": [],
                "creation": false,
                "deletion": true,
                "file_extension_restriction": [],
                "file_path_restriction": [],
                "max_file_path_length": [],
                "max_file_size": [],
                "merge_queue": [],
                "non_fast_forward": true,
                "pull_request": [],
                "required_code_scanning": [],
                "required_deployments": [],
                "required_linear_history": false,
                "required_signatures": false,
                "required_status_checks": [],
                "tag_name_pattern": [],
                "update": false,
                "update_allows_fetch_and_merge": false
              }
            ],
            "ruleset_id": 15189204,
            "target": "branch"
          },
          "sensitive_attributes": [],
          "private": "eyJzY2hlbWFfdmVyc2lvbiI6IjEifQ==",
          "dependencies": [
            "module.repo.github_repository.this"
          ]
        }
      ]
    },
    {
      "module": "module.repo[\"ci-phpstan-php\"]",
      "mode": "managed",
      "type": "github_repository_ruleset",
      "name": "protect_master",
      "provider": "provider[\"registry.opentofu.org/integrations/github\"]",
      "instances": [
        {
          "schema_version": 1,
          "attributes": {
            "bypass_actors": [],
            "conditions": [
              {
                "ref_name": [
                  {
                    "exclude": [],
                    "include": [
                      "refs/heads/master"
                    ]
                  }
                ]
              }
            ],
            "enforcement": "active",
            "etag": "W/\"8426e5dc632586b73fdb6bccec285f2972a026e63c1a806024784ad63287e87b\"",
            "id": "15189205",
            "name": "Protect Master At All Times",
            "node_id": "RRS_lACqUmVwb3NpdG9yec5IPuMMzgDnxNU",
            "repository": "ci-phpstan-php",
            "rules": [
              {
                "branch_name_pattern": [],
                "commit_author_email_pattern": [],
                "commit_message_pattern": [],
                "committer_email_pattern": [],
                "copilot_code_review": [],
                "creation": false,
                "deletion": true,
                "file_extension_restriction": [],
                "file_path_restriction": [],
                "max_file_path_length": [],
                "max_file_size": [],
                "merge_queue": [],
                "non_fast_forward": true,
                "pull_request": [],
                "required_code_scanning": [],
                "required_deployments": [],
                "required_linear_history": false,
                "required_signatures": false,
                "required_status_checks": [],
                "tag_name_pattern": [],
                "update": false,
                "update_allows_fetch_and_merge": false
              }
            ],
            "ruleset_id": 15189205,
            "target": "branch"
          },
          "sensitive_attributes": [],
          "private": "eyJzY2hlbWFfdmVyc2lvbiI6IjEifQ==",
          "dependencies": [
            "module.repo.github_repository.this"
          ]
        }
      ]
    },
    {
      "module": "module.repo[\"ci-phpstan-php\"]",
      "mode": "managed",
      "type": "github_repository_ruleset",
      "name": "protect_release_tags",
      "provider": "provider[\"registry.opentofu.org/integrations/github\"]",
      "instances": [
        {
          "schema_version": 1,
          "attributes": {
            "bypass_actors": [
              {
                "actor_id": 0,
                "actor_type": "OrganizationAdmin",
                "bypass_mode": "always"
              }
            ],
            "conditions": [
              {
                "ref_name": [
                  {
                    "exclude": [],
                    "include": [
                      "refs/tags/*.*.*"
                    ]
                  }
                ]
              }
            ],
            "enforcement": "active",
            "etag": "W/\"53ea5fa02b76c5999f6642a7e1909b9ec9f83253706cadb77cc38631f0a5604e\"",
            "id": "15200858",
            "name": "Protect Release Tags",
            "node_id": "RRS_lACqUmVwb3NpdG9yec5IPuMMzgDn8lo",
            "repository": "ci-phpstan-php",
            "rules": [
              {
                "branch_name_pattern": [],
                "commit_author_email_pattern": [],
                "commit_message_pattern": [],
                "committer_email_pattern": [],
                "copilot_code_review": [],
                "creation": false,
                "deletion": true,
                "file_extension_restriction": [],
                "file_path_restriction": [],
                "max_file_path_length": [],
                "max_file_size": [],
                "merge_queue": [],
                "non_fast_forward": true,
                "pull_request": [],
                "required_code_scanning": [],
                "required_deployments": [],
                "required_linear_history": false,
                "required_signatures": false,
                "required_status_checks": [],
                "tag_name_pattern": [],
                "update": false,
                "update_allows_fetch_and_merge": false
              }
            ],
            "ruleset_id": 15200858,
            "target": "tag"
          },
          "sensitive_attributes": [],
          "private": "eyJzY2hlbWFfdmVyc2lvbiI6IjEifQ==",
          "dependencies": [
            "module.repo.github_repository.this"
          ]
        }
      ]
    },
    {
      "module": "module.repo[\"ci-phpstan-php\"]",
      "mode": "managed",
      "type": "github_repository_ruleset",
      "name": "require_pull_request",
      "provider": "provider[\"registry.opentofu.org/integrations/github\"]",
      "instances": [
        {
          "schema_version": 1,
          "attributes": {
            "bypass_actors": [
              {
                "actor_id": 0,
                "actor_type": "OrganizationAdmin",
                "bypass_mode": "always"
              },
              {
                "actor_id": 2462900,
                "actor_type": "Integration",
                "bypass_mode": "always"
              }
            ],
            "conditions": [
              {
                "ref_name": [
                  {
                    "exclude": [],
                    "include": [
                      "~DEFAULT_BRANCH",
                      "refs/heads/??.x",
                      "refs/heads/master"
                    ]
                  }
                ]
              }
            ],
            "enforcement": "active",
            "etag": "W/\"634c4a988bc9e77f9ec5145731742589592d71153c7a84bf21cb4a39d86f2283\"",
            "id": "15189210",
            "name": "Require Pull Request",
            "node_id": "RRS_lACqUmVwb3NpdG9yec5IPuMMzgDnxNo",
            "repository": "ci-phpstan-php",
            "rules": [
              {
                "branch_name_pattern": [],
                "commit_author_email_pattern": [],
                "commit_message_pattern": [],
                "committer_email_pattern": [],
                "copilot_code_review": [],
                "creation": false,
                "deletion": false,
                "file_extension_restriction": [],
                "file_path_restriction": [],
                "max_file_path_length": [],
                "max_file_size": [],
                "merge_queue": [],
                "non_fast_forward": false,
                "pull_request": [
                  {
                    "allowed_merge_methods": [
                      "squash"
                    ],
                    "dismiss_stale_reviews_on_push": false,
                    "require_code_owner_review": true,
                    "require_last_push_approval": false,
                    "required_approving_review_count": 0,
                    "required_review_thread_resolution": false,
                    "required_reviewers": []
                  }
                ],
                "required_code_scanning": [],
                "required_deployments": [],
                "required_linear_history": false,
                "required_signatures": false,
                "required_status_checks": [],
                "tag_name_pattern": [],
                "update": false,
                "update_allows_fetch_and_merge": false
              }
            ],
            "ruleset_id": 15189210,
            "target": "branch"
          },
          "sensitive_attributes": [],
          "private": "eyJzY2hlbWFfdmVyc2lvbiI6IjEifQ==",
          "dependencies": [
            "github_team.approvers",
            "module.repo.github_repository.this"
          ]
        }
      ]
    },
    {
      "module": "module.repo[\"ci-phpstan-php\"]",
      "mode": "managed",
      "type": "github_repository_ruleset",
      "name": "required_default_checks",
      "provider": "provider[\"registry.opentofu.org/integrations/github\"]",
      "instances": [
        {
          "schema_version": 1,
          "attributes": {
            "bypass_actors": [
              {
                "actor_id": 0,
                "actor_type": "OrganizationAdmin",
                "bypass_mode": "always"
              },
              {
                "actor_id": 2462900,
                "actor_type": "Integration",
                "bypass_mode": "always"
              }
            ],
            "conditions": [
              {
                "ref_name": [
                  {
                    "exclude": [],
                    "include": [
                      "~DEFAULT_BRANCH",
                      "refs/heads/??.x"
                    ]
                  }
                ]
              }
            ],
            "enforcement": "active",
            "etag": "W/\"1789d7b3bf413805843675dbfa2a94b70a980256537e75e3c544e296979a3b96\"",
            "id": "15273986",
            "name": "Required Default PR Checks",
            "node_id": "RRS_lACqUmVwb3NpdG9yec5IPuMMzgDpEAI",
            "repository": "ci-phpstan-php",
            "rules": [
              {
                "branch_name_pattern": [],
                "commit_author_email_pattern": [],
                "commit_message_pattern": [],
                "committer_email_pattern": [],
                "copilot_code_review": [],
                "creation": false,
                "deletion": false,
                "file_extension_restriction": [],
                "file_path_restriction": [],
                "max_file_path_length": [],
                "max_file_size": [],
                "merge_queue": [],
                "non_fast_forward": false,
                "pull_request": [],
                "required_code_scanning": [],
                "required_deployments": [],
                "required_linear_history": false,
                "required_signatures": false,
                "required_status_checks": [
                  {
                    "do_not_enforce_on_create": false,
                    "required_check": [
                      {
                        "context": "Commit Message Check / Check Commit Message",
                        "integration_id": 15368
                      },
                      {
                        "context": "Copyright Header Check / Check Copyright Header",
                        "integration_id": 15368
                      },
                      {
                        "context": "Markdown Check / Check Markdown",
                        "integration_id": 15368
                      },
                      {
                        "context": "Trailing Newline Check / Check Trailing Newline",
                        "integration_id": 15368
                      }
                    ],
                    "strict_required_status_checks_policy": false
                  }
                ],
                "tag_name_pattern": [],
                "update": false,
                "update_allows_fetch_and_merge": false
              }
            ],
            "ruleset_id": 15273986,
            "target": "branch"
          },
          "sensitive_attributes": [],
          "private": "eyJzY2hlbWFfdmVyc2lvbiI6IjEifQ==",
          "dependencies": [
            "module.repo.github_repository.this"
          ]
        }
      ]
    },
    {
      "module": "module.repo[\"ci-phpstan-php\"]",
      "mode": "managed",
      "type": "github_repository_ruleset",
      "name": "required_language_checks",
      "provider": "provider[\"registry.opentofu.org/integrations/github\"]",
      "instances": [
        {
          "index_key": 0,
          "schema_version": 1,
          "attributes": {
            "bypass_actors": [
              {
                "actor_id": 0,
                "actor_type": "OrganizationAdmin",
                "bypass_mode": "always"
              },
              {
                "actor_id": 2462900,
                "actor_type": "Integration",
                "bypass_mode": "always"
              }
            ],
            "conditions": [
              {
                "ref_name": [
                  {
                    "exclude": [],
                    "include": [
                      "~DEFAULT_BRANCH",
                      "refs/heads/??.x"
                    ]
                  }
                ]
              }
            ],
            "enforcement": "active",
            "etag": "W/\"2587c0485e274611617412fa6f4043f86dc36c0fc7d5c24245a02c079d00c8c4\"",
            "id": "15273987",
            "name": "Required PHP PR Checks",
            "node_id": "RRS_lACqUmVwb3NpdG9yec5IPuMMzgDpEAM",
            "repository": "ci-phpstan-php",
            "rules": [
              {
                "branch_name_pattern": [],
                "commit_author_email_pattern": [],
                "commit_message_pattern": [],
                "committer_email_pattern": [],
                "copilot_code_review": [],
                "creation": false,
                "deletion": false,
                "file_extension_restriction": [],
                "file_path_restriction": [],
                "max_file_path_length": [],
                "max_file_size": [],
                "merge_queue": [],
                "non_fast_forward": false,
                "pull_request": [],
                "required_code_scanning": [],
                "required_deployments": [],
                "required_linear_history": false,
                "required_signatures": false,
                "required_status_checks": [
                  {
                    "do_not_enforce_on_create": false,
                    "required_check": [
                      {
                        "context": "Tools / PHP CS Fixer / PHP 8.4",
                        "integration_id": 15368
                      },
                      {
                        "context": "Tools / PHP Code Sniffer / PHP 8.4",
                        "integration_id": 15368
                      },
                      {
                        "context": "Tools / PHPArkitect / PHP 8.4",
                        "integration_id": 15368
                      },
                      {
                        "context": "Tools / PHPStan / PHP 8.4",
                        "integration_id": 15368
                      },
                      {
                        "context": "Tools / PHPUnit / PHP 8.4",
                        "integration_id": 15368
                      },
                      {
                        "context": "Tools / PHPUnit / PHP 8.5",
                        "integration_id": 15368
                      },
                      {
                        "context": "Tools / PHPUnit / PHP 8.6",
                        "integration_id": 15368
                      },
                      {
                        "context": "Tools / Psalm / PHP 8.4",
                        "integration_id": 15368
                      },
                      {
                        "context": "Tools / Rector / PHP 8.4",
                        "integration_id": 15368
                      }
                    ],
                    "strict_required_status_checks_policy": false
                  }
                ],
                "tag_name_pattern": [],
                "update": false,
                "update_allows_fetch_and_merge": false
              }
            ],
            "ruleset_id": 15273987,
            "target": "branch"
          },
          "sensitive_attributes": [],
          "private": "eyJzY2hlbWFfdmVyc2lvbiI6IjEifQ==",
          "dependencies": [
            "module.repo.github_repository.this"
          ]
        }
      ]
    },
    {
      "module": "module.repo[\"ci-phpstan-php\"]",
      "mode": "managed",
      "type": "github_repository_ruleset",
      "name": "restrict_unsupported_branches",
      "provider": "provider[\"registry.opentofu.org/integrations/github\"]",
      "instances": [
        {
          "schema_version": 1,
          "attributes": {
            "bypass_actors": [
              {
                "actor_id": 2462900,
                "actor_type": "Integration",
                "bypass_mode": "always"
              }
            ],
            "conditions": [
              {
                "ref_name": [
                  {
                    "exclude": [],
                    "include": [
                      "refs/heads/??.x-backup",
                      "refs/heads/master-backup"
                    ]
                  }
                ]
              }
            ],
            "enforcement": "active",
            "etag": "W/\"097387f097837fb771b5ae3093791d8626ffc64c8a5673ea5bcb95d5ec51134b\"",
            "id": "15189211",
            "name": "Restrict Changes to Unsupported Branches",
            "node_id": "RRS_lACqUmVwb3NpdG9yec5IPuMMzgDnxNs",
            "repository": "ci-phpstan-php",
            "rules": [
              {
                "branch_name_pattern": [],
                "commit_author_email_pattern": [],
                "commit_message_pattern": [],
                "committer_email_pattern": [],
                "copilot_code_review": [],
                "creation": true,
                "deletion": true,
                "file_extension_restriction": [],
                "file_path_restriction": [],
                "max_file_path_length": [],
                "max_file_size": [],
                "merge_queue": [],
                "non_fast_forward": true,
                "pull_request": [],
                "required_code_scanning": [],
                "required_deployments": [],
                "required_linear_history": false,
                "required_signatures": false,
                "required_status_checks": [],
                "tag_name_pattern": [],
                "update": true,
                "update_allows_fetch_and_merge": false
              }
            ],
            "ruleset_id": 15189211,
            "target": "branch"
          },
          "sensitive_attributes": [],
          "private": "eyJzY2hlbWFfdmVyc2lvbiI6IjEifQ==",
          "dependencies": [
            "module.repo.github_repository.this"
          ]
        }
      ]
    },
    {
      "module": "module.repo[\"ci-phpstan-php\"]",
      "mode": "managed",
      "type": "github_repository_vulnerability_alerts",
      "name": "this",
      "provider": "provider[\"registry.opentofu.org/integrations/github\"]",
      "instances": [
        {
          "schema_version": 0,
          "attributes": {
            "enabled": true,
            "id": "1212080908",
            "repository": "ci-phpstan-php",
            "repository_id": 1212080908
          },
          "sensitive_attributes": [],
          "private": "eyJzY2hlbWFfdmVyc2lvbiI6IjAifQ==",
          "dependencies": [
            "module.repo.github_repository.this"
          ]
        }
      ]
    },
    {
      "module": "module.repo[\"ci-phpstan-php\"]",
      "mode": "managed",
      "type": "github_team_repository",
      "name": "approvers",
      "provider": "provider[\"registry.opentofu.org/integrations/github\"]",
      "instances": [
        {
          "index_key": 0,
          "schema_version": 0,
          "attributes": {
            "etag": "W/\"47759a3a32549606907dd702faa1c778025cd6860a3cba5714494cafcb901846\"",
            "id": "18867552:ci-phpstan-php",
            "permission": "push",
            "repository": "ci-phpstan-php",
            "team_id": "approvers"
          },
          "sensitive_attributes": [],
          "private": "bnVsbA==",
          "dependencies": [
            "module.repo.github_repository.this"
          ]
        }
      ]
    },
    {
      "module": "module.repo[\"ci-phpunit-php\"]",
      "mode": "managed",
      "type": "github_issue_label",
      "name": "claude_review",
      "provider": "provider[\"registry.opentofu.org/integrations/github\"]",
      "instances": [
        {
          "schema_version": 0,
          "attributes": {
            "color": "5319e7",
            "description": "Ask Claude to review this pull request",
            "etag": "W/\"7155b855efe336dd66d51ff06f3849fe2b3312358c66b729108b51335f7b5e63\"",
            "id": "ci-phpunit-php:claude-review",
            "name": "claude-review",
            "repository": "ci-phpunit-php",
            "url": "https://api.github.com/repos/valkyrjaio/ci-phpunit-php/labels/claude-review"
          },
          "sensitive_attributes": [],
          "private": "eyJzY2hlbWFfdmVyc2lvbiI6IjAifQ==",
          "dependencies": [
            "module.repo.github_repository.this"
          ]
        }
      ]
    },
    {
      "module": "module.repo[\"ci-phpunit-php\"]",
      "mode": "managed",
      "type": "github_repository",
      "name": "this",
      "provider": "provider[\"registry.opentofu.org/integrations/github\"]",
      "instances": [
        {
          "schema_version": 1,
          "attributes": {
            "allow_auto_merge": false,
            "allow_forking": true,
            "allow_merge_commit": false,
            "allow_rebase_merge": false,
            "allow_squash_merge": true,
            "allow_update_branch": false,
            "archive_on_destroy": null,
            "archived": false,
            "auto_init": false,
            "default_branch": "26.x",
            "delete_branch_on_merge": true,
            "description": "Shared PHPUnit configuration for Valkyrja PHP projects",
            "etag": "W/\"e0c157428a82cd4ec22a224b8b476215fba8b000c8f1f574ce57baf57623d446\"",
            "fork": "false",
            "full_name": "valkyrjaio/ci-phpunit-php",
            "git_clone_url": "git://github.com/valkyrjaio/ci-phpunit-php.git",
            "gitignore_template": null,
            "has_discussions": false,
            "has_downloads": false,
            "has_issues": true,
            "has_projects": false,
            "has_wiki": false,
            "homepage_url": "",
            "html_url": "https://github.com/valkyrjaio/ci-phpunit-php",
            "http_clone_url": "https://github.com/valkyrjaio/ci-phpunit-php.git",
            "id": "ci-phpunit-php",
            "ignore_vulnerability_alerts_during_read": null,
            "is_template": false,
            "license_template": null,
            "merge_commit_message": "PR_TITLE",
            "merge_commit_title": "MERGE_MESSAGE",
            "name": "ci-phpunit-php",
            "node_id": "R_kgDOSD4TBA",
            "pages": [],
            "primary_language": "PHP",
            "private": false,
            "repo_id": 1212027652,
            "security_and_analysis": [
              {
                "advanced_security": [],
                "code_security": [],
                "secret_scanning": [
                  {
                    "status": "disabled"
                  }
                ],
                "secret_scanning_ai_detection": [],
                "secret_scanning_non_provider_patterns": [],
                "secret_scanning_push_protection": [
                  {
                    "status": "disabled"
                  }
                ]
              }
            ],
            "source_owner": "",
            "source_repo": "",
            "squash_merge_commit_message": "PR_BODY",
            "squash_merge_commit_title": "PR_TITLE",
            "ssh_clone_url": "git@github.com:valkyrjaio/ci-phpunit-php.git",
            "svn_url": "https://github.com/valkyrjaio/ci-phpunit-php",
            "template": [],
            "topics": [],
            "visibility": "public",
            "vulnerability_alerts": true,
            "web_commit_signoff_required": false
          },
          "sensitive_attributes": [],
          "private": "eyJzY2hlbWFfdmVyc2lvbiI6IjEifQ=="
        }
      ]
    },
    {
      "module": "module.repo[\"ci-phpunit-php\"]",
      "mode": "managed",
      "type": "github_repository_ruleset",
      "name": "force_push_protection",
      "provider": "provider[\"registry.opentofu.org/integrations/github\"]",
      "instances": [
        {
          "schema_version": 1,
          "attributes": {
            "bypass_actors": [
              {
                "actor_id": 0,
                "actor_type": "OrganizationAdmin",
                "bypass_mode": "always"
              }
            ],
            "conditions": [
              {
                "ref_name": [
                  {
                    "exclude": [],
                    "include": [
                      "refs/heads/??.x"
                    ]
                  }
                ]
              }
            ],
            "enforcement": "active",
            "etag": "W/\"590da88b23e42c942bb8c6ed9fd1158f325bdf5d2cb137e34dc60315be0f56d7\"",
            "id": "15189376",
            "name": "Protect Against Force Pushes and Deletion",
            "node_id": "RRS_lACqUmVwb3NpdG9yec5IPhMEzgDnxYA",
            "repository": "ci-phpunit-php",
            "rules": [
              {
                "branch_name_pattern": [],
                "commit_author_email_pattern": [],
                "commit_message_pattern": [],
                "committer_email_pattern": [],
                "copilot_code_review": [],
                "creation": false,
                "deletion": true,
                "file_extension_restriction": [],
                "file_path_restriction": [],
                "max_file_path_length": [],
                "max_file_size": [],
                "merge_queue": [],
                "non_fast_forward": true,
                "pull_request": [],
                "required_code_scanning": [],
                "required_deployments": [],
                "required_linear_history": false,
                "required_signatures": false,
                "required_status_checks": [],
                "tag_name_pattern": [],
                "update": false,
                "update_allows_fetch_and_merge": false
              }
            ],
            "ruleset_id": 15189376,
            "target": "branch"
          },
          "sensitive_attributes": [],
          "private": "eyJzY2hlbWFfdmVyc2lvbiI6IjEifQ==",
          "dependencies": [
            "module.repo.github_repository.this"
          ]
        }
      ]
    },
    {
      "module": "module.repo[\"ci-phpunit-php\"]",
      "mode": "managed",
      "type": "github_repository_ruleset",
      "name": "protect_master",
      "provider": "provider[\"registry.opentofu.org/integrations/github\"]",
      "instances": [
        {
          "schema_version": 1,
          "attributes": {
            "bypass_actors": [],
            "conditions": [
              {
                "ref_name": [
                  {
                    "exclude": [],
                    "include": [
                      "refs/heads/master"
                    ]
                  }
                ]
              }
            ],
            "enforcement": "active",
            "etag": "W/\"ce5164533e8e269a7b83d6900e41c403f21efe13cbca9f5e5bd9bb9a7e4e4716\"",
            "id": "15189384",
            "name": "Protect Master At All Times",
            "node_id": "RRS_lACqUmVwb3NpdG9yec5IPhMEzgDnxYg",
            "repository": "ci-phpunit-php",
            "rules": [
              {
                "branch_name_pattern": [],
                "commit_author_email_pattern": [],
                "commit_message_pattern": [],
                "committer_email_pattern": [],
                "copilot_code_review": [],
                "creation": false,
                "deletion": true,
                "file_extension_restriction": [],
                "file_path_restriction": [],
                "max_file_path_length": [],
                "max_file_size": [],
                "merge_queue": [],
                "non_fast_forward": true,
                "pull_request": [],
                "required_code_scanning": [],
                "required_deployments": [],
                "required_linear_history": false,
                "required_signatures": false,
                "required_status_checks": [],
                "tag_name_pattern": [],
                "update": false,
                "update_allows_fetch_and_merge": false
              }
            ],
            "ruleset_id": 15189384,
            "target": "branch"
          },
          "sensitive_attributes": [],
          "private": "eyJzY2hlbWFfdmVyc2lvbiI6IjEifQ==",
          "dependencies": [
            "module.repo.github_repository.this"
          ]
        }
      ]
    },
    {
      "module": "module.repo[\"ci-phpunit-php\"]",
      "mode": "managed",
      "type": "github_repository_ruleset",
      "name": "protect_release_tags",
      "provider": "provider[\"registry.opentofu.org/integrations/github\"]",
      "instances": [
        {
          "schema_version": 1,
          "attributes": {
            "bypass_actors": [
              {
                "actor_id": 0,
                "actor_type": "OrganizationAdmin",
                "bypass_mode": "always"
              }
            ],
            "conditions": [
              {
                "ref_name": [
                  {
                    "exclude": [],
                    "include": [
                      "refs/tags/*.*.*"
                    ]
                  }
                ]
              }
            ],
            "enforcement": "active",
            "etag": "W/\"72f074420c6db83de79adfdade1df0f6f9ee0374d8c39a4656fcf254a6e421cb\"",
            "id": "15200855",
            "name": "Protect Release Tags",
            "node_id": "RRS_lACqUmVwb3NpdG9yec5IPhMEzgDn8lc",
            "repository": "ci-phpunit-php",
            "rules": [
              {
                "branch_name_pattern": [],
                "commit_author_email_pattern": [],
                "commit_message_pattern": [],
                "committer_email_pattern": [],
                "copilot_code_review": [],
                "creation": false,
                "deletion": true,
                "file_extension_restriction": [],
                "file_path_restriction": [],
                "max_file_path_length": [],
                "max_file_size": [],
                "merge_queue": [],
                "non_fast_forward": true,
                "pull_request": [],
                "required_code_scanning": [],
                "required_deployments": [],
                "required_linear_history": false,
                "required_signatures": false,
                "required_status_checks": [],
                "tag_name_pattern": [],
                "update": false,
                "update_allows_fetch_and_merge": false
              }
            ],
            "ruleset_id": 15200855,
            "target": "tag"
          },
          "sensitive_attributes": [],
          "private": "eyJzY2hlbWFfdmVyc2lvbiI6IjEifQ==",
          "dependencies": [
            "module.repo.github_repository.this"
          ]
        }
      ]
    },
    {
      "module": "module.repo[\"ci-phpunit-php\"]",
      "mode": "managed",
      "type": "github_repository_ruleset",
      "name": "require_pull_request",
      "provider": "provider[\"registry.opentofu.org/integrations/github\"]",
      "instances": [
        {
          "schema_version": 1,
          "attributes": {
            "bypass_actors": [
              {
                "actor_id": 0,
                "actor_type": "OrganizationAdmin",
                "bypass_mode": "always"
              },
              {
                "actor_id": 2462900,
                "actor_type": "Integration",
                "bypass_mode": "always"
              }
            ],
            "conditions": [
              {
                "ref_name": [
                  {
                    "exclude": [],
                    "include": [
                      "~DEFAULT_BRANCH",
                      "refs/heads/??.x",
                      "refs/heads/master"
                    ]
                  }
                ]
              }
            ],
            "enforcement": "active",
            "etag": "W/\"5efb51cb22bf6d99d1fe56aa29a111ffa2faef31f2e65e0e445e72643cf7d40f\"",
            "id": "15189392",
            "name": "Require Pull Request",
            "node_id": "RRS_lACqUmVwb3NpdG9yec5IPhMEzgDnxZA",
            "repository": "ci-phpunit-php",
            "rules": [
              {
                "branch_name_pattern": [],
                "commit_author_email_pattern": [],
                "commit_message_pattern": [],
                "committer_email_pattern": [],
                "copilot_code_review": [],
                "creation": false,
                "deletion": false,
                "file_extension_restriction": [],
                "file_path_restriction": [],
                "max_file_path_length": [],
                "max_file_size": [],
                "merge_queue": [],
                "non_fast_forward": false,
                "pull_request": [
                  {
                    "allowed_merge_methods": [
                      "squash"
                    ],
                    "dismiss_stale_reviews_on_push": false,
                    "require_code_owner_review": true,
                    "require_last_push_approval": false,
                    "required_approving_review_count": 0,
                    "required_review_thread_resolution": false,
                    "required_reviewers": []
                  }
                ],
                "required_code_scanning": [],
                "required_deployments": [],
                "required_linear_history": false,
                "required_signatures": false,
                "required_status_checks": [],
                "tag_name_pattern": [],
                "update": false,
                "update_allows_fetch_and_merge": false
              }
            ],
            "ruleset_id": 15189392,
            "target": "branch"
          },
          "sensitive_attributes": [],
          "private": "eyJzY2hlbWFfdmVyc2lvbiI6IjEifQ==",
          "dependencies": [
            "github_team.approvers",
            "module.repo.github_repository.this"
          ]
        }
      ]
    },
    {
      "module": "module.repo[\"ci-phpunit-php\"]",
      "mode": "managed",
      "type": "github_repository_ruleset",
      "name": "required_default_checks",
      "provider": "provider[\"registry.opentofu.org/integrations/github\"]",
      "instances": [
        {
          "schema_version": 1,
          "attributes": {
            "bypass_actors": [
              {
                "actor_id": 0,
                "actor_type": "OrganizationAdmin",
                "bypass_mode": "always"
              },
              {
                "actor_id": 2462900,
                "actor_type": "Integration",
                "bypass_mode": "always"
              }
            ],
            "conditions": [
              {
                "ref_name": [
                  {
                    "exclude": [],
                    "include": [
                      "~DEFAULT_BRANCH",
                      "refs/heads/??.x"
                    ]
                  }
                ]
              }
            ],
            "enforcement": "active",
            "etag": "W/\"4a309e03d3d093e82a97afe5a328e4b4e11176cbadf4c0f9371e4268b2b20e89\"",
            "id": "15274007",
            "name": "Required Default PR Checks",
            "node_id": "RRS_lACqUmVwb3NpdG9yec5IPhMEzgDpEBc",
            "repository": "ci-phpunit-php",
            "rules": [
              {
                "branch_name_pattern": [],
                "commit_author_email_pattern": [],
                "commit_message_pattern": [],
                "committer_email_pattern": [],
                "copilot_code_review": [],
                "creation": false,
                "deletion": false,
                "file_extension_restriction": [],
                "file_path_restriction": [],
                "max_file_path_length": [],
                "max_file_size": [],
                "merge_queue": [],
                "non_fast_forward": false,
                "pull_request": [],
                "required_code_scanning": [],
                "required_deployments": [],
                "required_linear_history": false,
                "required_signatures": false,
                "required_status_checks": [
                  {
                    "do_not_enforce_on_create": false,
                    "required_check": [
                      {
                        "context": "Commit Message Check / Check Commit Message",
                        "integration_id": 15368
                      },
                      {
                        "context": "Copyright Header Check / Check Copyright Header",
                        "integration_id": 15368
                      },
                      {
                        "context": "Markdown Check / Check Markdown",
                        "integration_id": 15368
                      },
                      {
                        "context": "Trailing Newline Check / Check Trailing Newline",
                        "integration_id": 15368
                      }
                    ],
                    "strict_required_status_checks_policy": false
                  }
                ],
                "tag_name_pattern": [],
                "update": false,
                "update_allows_fetch_and_merge": false
              }
            ],
            "ruleset_id": 15274007,
            "target": "branch"
          },
          "sensitive_attributes": [],
          "private": "eyJzY2hlbWFfdmVyc2lvbiI6IjEifQ==",
          "dependencies": [
            "module.repo.github_repository.this"
          ]
        }
      ]
    },
    {
      "module": "module.repo[\"ci-phpunit-php\"]",
      "mode": "managed",
      "type": "github_repository_ruleset",
      "name": "required_language_checks",
      "provider": "provider[\"registry.opentofu.org/integrations/github\"]",
      "instances": [
        {
          "index_key": 0,
          "schema_version": 1,
          "attributes": {
            "bypass_actors": [
              {
                "actor_id": 0,
                "actor_type": "OrganizationAdmin",
                "bypass_mode": "always"
              },
              {
                "actor_id": 2462900,
                "actor_type": "Integration",
                "bypass_mode": "always"
              }
            ],
            "conditions": [
              {
                "ref_name": [
                  {
                    "exclude": [],
                    "include": [
                      "~DEFAULT_BRANCH",
                      "refs/heads/??.x"
                    ]
                  }
                ]
              }
            ],
            "enforcement": "active",
            "etag": "W/\"019ac42bbafb0568acda7a833192820b70eef780ab91e88aa5c5e839630d4c9d\"",
            "id": "15274008",
            "name": "Required PHP PR Checks",
            "node_id": "RRS_lACqUmVwb3NpdG9yec5IPhMEzgDpEBg",
            "repository": "ci-phpunit-php",
            "rules": [
              {
                "branch_name_pattern": [],
                "commit_author_email_pattern": [],
                "commit_message_pattern": [],
                "committer_email_pattern": [],
                "copilot_code_review": [],
                "creation": false,
                "deletion": false,
                "file_extension_restriction": [],
                "file_path_restriction": [],
                "max_file_path_length": [],
                "max_file_size": [],
                "merge_queue": [],
                "non_fast_forward": false,
                "pull_request": [],
                "required_code_scanning": [],
                "required_deployments": [],
                "required_linear_history": false,
                "required_signatures": false,
                "required_status_checks": [
                  {
                    "do_not_enforce_on_create": false,
                    "required_check": [
                      {
                        "context": "Tools / PHP CS Fixer / PHP 8.4",
                        "integration_id": 15368
                      },
                      {
                        "context": "Tools / PHP Code Sniffer / PHP 8.4",
                        "integration_id": 15368
                      },
                      {
                        "context": "Tools / PHPArkitect / PHP 8.4",
                        "integration_id": 15368
                      },
                      {
                        "context": "Tools / PHPStan / PHP 8.4",
                        "integration_id": 15368
                      },
                      {
                        "context": "Tools / PHPUnit / PHP 8.4",
                        "integration_id": 15368
                      },
                      {
                        "context": "Tools / PHPUnit / PHP 8.5",
                        "integration_id": 15368
                      },
                      {
                        "context": "Tools / PHPUnit / PHP 8.6",
                        "integration_id": 15368
                      },
                      {
                        "context": "Tools / Psalm / PHP 8.4",
                        "integration_id": 15368
                      },
                      {
                        "context": "Tools / Rector / PHP 8.4",
                        "integration_id": 15368
                      }
                    ],
                    "strict_required_status_checks_policy": false
                  }
                ],
                "tag_name_pattern": [],
                "update": false,
                "update_allows_fetch_and_merge": false
              }
            ],
            "ruleset_id": 15274008,
            "target": "branch"
          },
          "sensitive_attributes": [],
          "private": "eyJzY2hlbWFfdmVyc2lvbiI6IjEifQ==",
          "dependencies": [
            "module.repo.github_repository.this"
          ]
        }
      ]
    },
    {
      "module": "module.repo[\"ci-phpunit-php\"]",
      "mode": "managed",
      "type": "github_repository_ruleset",
      "name": "restrict_unsupported_branches",
      "provider": "provider[\"registry.opentofu.org/integrations/github\"]",
      "instances": [
        {
          "schema_version": 1,
          "attributes": {
            "bypass_actors": [
              {
                "actor_id": 2462900,
                "actor_type": "Integration",
                "bypass_mode": "always"
              }
            ],
            "conditions": [
              {
                "ref_name": [
                  {
                    "exclude": [],
                    "include": [
                      "refs/heads/??.x-backup",
                      "refs/heads/master-backup"
                    ]
                  }
                ]
              }
            ],
            "enforcement": "active",
            "etag": "W/\"2cee5ac52ab427d6f7357bf1c8fe05cb8e2296bece6638898400eb8f916688f2\"",
            "id": "15189399",
            "name": "Restrict Changes to Unsupported Branches",
            "node_id": "RRS_lACqUmVwb3NpdG9yec5IPhMEzgDnxZc",
            "repository": "ci-phpunit-php",
            "rules": [
              {
                "branch_name_pattern": [],
                "commit_author_email_pattern": [],
                "commit_message_pattern": [],
                "committer_email_pattern": [],
                "copilot_code_review": [],
                "creation": true,
                "deletion": true,
                "file_extension_restriction": [],
                "file_path_restriction": [],
                "max_file_path_length": [],
                "max_file_size": [],
                "merge_queue": [],
                "non_fast_forward": true,
                "pull_request": [],
                "required_code_scanning": [],
                "required_deployments": [],
                "required_linear_history": false,
                "required_signatures": false,
                "required_status_checks": [],
                "tag_name_pattern": [],
                "update": true,
                "update_allows_fetch_and_merge": false
              }
            ],
            "ruleset_id": 15189399,
            "target": "branch"
          },
          "sensitive_attributes": [],
          "private": "eyJzY2hlbWFfdmVyc2lvbiI6IjEifQ==",
          "dependencies": [
            "module.repo.github_repository.this"
          ]
        }
      ]
    },
    {
      "module": "module.repo[\"ci-phpunit-php\"]",
      "mode": "managed",
      "type": "github_repository_vulnerability_alerts",
      "name": "this",
      "provider": "provider[\"registry.opentofu.org/integrations/github\"]",
      "instances": [
        {
          "schema_version": 0,
          "attributes": {
            "enabled": true,
            "id": "1212027652",
            "repository": "ci-phpunit-php",
            "repository_id": 1212027652
          },
          "sensitive_attributes": [],
          "private": "eyJzY2hlbWFfdmVyc2lvbiI6IjAifQ==",
          "dependencies": [
            "module.repo.github_repository.this"
          ]
        }
      ]
    },
    {
      "module": "module.repo[\"ci-phpunit-php\"]",
      "mode": "managed",
      "type": "github_team_repository",
      "name": "approvers",
      "provider": "provider[\"registry.opentofu.org/integrations/github\"]",
      "instances": [
        {
          "index_key": 0,
          "schema_version": 0,
          "attributes": {
            "etag": "W/\"e30e7cc4b3bb5b1acc88fdff3160c2250fcccbc78fbccd1cda4ef2a5a9dc4911\"",
            "id": "18867552:ci-phpunit-php",
            "permission": "push",
            "repository": "ci-phpunit-php",
            "team_id": "approvers"
          },
          "sensitive_attributes": [],
          "private": "bnVsbA==",
          "dependencies": [
            "module.repo.github_repository.this"
          ]
        }
      ]
    },
    {
      "module": "module.repo[\"ci-psalm-php\"]",
      "mode": "managed",
      "type": "github_issue_label",
      "name": "claude_review",
      "provider": "provider[\"registry.opentofu.org/integrations/github\"]",
      "instances": [
        {
          "schema_version": 0,
          "attributes": {
            "color": "5319e7",
            "description": "Ask Claude to review this pull request",
            "etag": "W/\"4d3a9d2d5ae3ce13a90c470c6e139dac4cecc1f154bc338b62b512b7f3096d2b\"",
            "id": "ci-psalm-php:claude-review",
            "name": "claude-review",
            "repository": "ci-psalm-php",
            "url": "https://api.github.com/repos/valkyrjaio/ci-psalm-php/labels/claude-review"
          },
          "sensitive_attributes": [],
          "private": "eyJzY2hlbWFfdmVyc2lvbiI6IjAifQ==",
          "dependencies": [
            "module.repo.github_repository.this"
          ]
        }
      ]
    },
    {
      "module": "module.repo[\"ci-psalm-php\"]",
      "mode": "managed",
      "type": "github_repository",
      "name": "this",
      "provider": "provider[\"registry.opentofu.org/integrations/github\"]",
      "instances": [
        {
          "schema_version": 1,
          "attributes": {
            "allow_auto_merge": false,
            "allow_forking": true,
            "allow_merge_commit": false,
            "allow_rebase_merge": false,
            "allow_squash_merge": true,
            "allow_update_branch": false,
            "archive_on_destroy": null,
            "archived": false,
            "auto_init": false,
            "default_branch": "26.x",
            "delete_branch_on_merge": true,
            "description": "Shared Psalm configuration for Valkyrja PHP projects",
            "etag": "W/\"686b40b6ed84b20721b34f4012817b07d1284f887a4492982597ed5365e54054\"",
            "fork": "false",
            "full_name": "valkyrjaio/ci-psalm-php",
            "git_clone_url": "git://github.com/valkyrjaio/ci-psalm-php.git",
            "gitignore_template": null,
            "has_discussions": false,
            "has_downloads": false,
            "has_issues": true,
            "has_projects": false,
            "has_wiki": false,
            "homepage_url": "",
            "html_url": "https://github.com/valkyrjaio/ci-psalm-php",
            "http_clone_url": "https://github.com/valkyrjaio/ci-psalm-php.git",
            "id": "ci-psalm-php",
            "ignore_vulnerability_alerts_during_read": null,
            "is_template": false,
            "license_template": null,
            "merge_commit_message": "PR_TITLE",
            "merge_commit_title": "MERGE_MESSAGE",
            "name": "ci-psalm-php",
            "node_id": "R_kgDOSD7hcg",
            "pages": [],
            "primary_language": "PHP",
            "private": false,
            "repo_id": 1212080498,
            "security_and_analysis": [
              {
                "advanced_security": [],
                "code_security": [],
                "secret_scanning": [
                  {
                    "status": "disabled"
                  }
                ],
                "secret_scanning_ai_detection": [],
                "secret_scanning_non_provider_patterns": [],
                "secret_scanning_push_protection": [
                  {
                    "status": "disabled"
                  }
                ]
              }
            ],
            "source_owner": "",
            "source_repo": "",
            "squash_merge_commit_message": "PR_BODY",
            "squash_merge_commit_title": "PR_TITLE",
            "ssh_clone_url": "git@github.com:valkyrjaio/ci-psalm-php.git",
            "svn_url": "https://github.com/valkyrjaio/ci-psalm-php",
            "template": [],
            "topics": [],
            "visibility": "public",
            "vulnerability_alerts": true,
            "web_commit_signoff_required": false
          },
          "sensitive_attributes": [],
          "private": "eyJzY2hlbWFfdmVyc2lvbiI6IjEifQ=="
        }
      ]
    },
    {
      "module": "module.repo[\"ci-psalm-php\"]",
      "mode": "managed",
      "type": "github_repository_ruleset",
      "name": "force_push_protection",
      "provider": "provider[\"registry.opentofu.org/integrations/github\"]",
      "instances": [
        {
          "schema_version": 1,
          "attributes": {
            "bypass_actors": [
              {
                "actor_id": 0,
                "actor_type": "OrganizationAdmin",
                "bypass_mode": "always"
              }
            ],
            "conditions": [
              {
                "ref_name": [
                  {
                    "exclude": [],
                    "include": [
                      "refs/heads/??.x"
                    ]
                  }
                ]
              }
            ],
            "enforcement": "active",
            "etag": "W/\"5bd20352a94e6a8106ec631acfa32f6b05da041bb764a7708ab84a3e0b0f8f39\"",
            "id": "15186763",
            "name": "Protect Against Force Pushes and Deletion",
            "node_id": "RRS_lACqUmVwb3NpdG9yec5IPuFyzgDnu0s",
            "repository": "ci-psalm-php",
            "rules": [
              {
                "branch_name_pattern": [],
                "commit_author_email_pattern": [],
                "commit_message_pattern": [],
                "committer_email_pattern": [],
                "copilot_code_review": [],
                "creation": false,
                "deletion": true,
                "file_extension_restriction": [],
                "file_path_restriction": [],
                "max_file_path_length": [],
                "max_file_size": [],
                "merge_queue": [],
                "non_fast_forward": true,
                "pull_request": [],
                "required_code_scanning": [],
                "required_deployments": [],
                "required_linear_history": false,
                "required_signatures": false,
                "required_status_checks": [],
                "tag_name_pattern": [],
                "update": false,
                "update_allows_fetch_and_merge": false
              }
            ],
            "ruleset_id": 15186763,
            "target": "branch"
          },
          "sensitive_attributes": [],
          "private": "eyJzY2hlbWFfdmVyc2lvbiI6IjEifQ==",
          "dependencies": [
            "module.repo.github_repository.this"
          ]
        }
      ]
    },
    {
      "module": "module.repo[\"ci-psalm-php\"]",
      "mode": "managed",
      "type": "github_repository_ruleset",
      "name": "protect_master",
      "provider": "provider[\"registry.opentofu.org/integrations/github\"]",
      "instances": [
        {
          "schema_version": 1,
          "attributes": {
            "bypass_actors": [],
            "conditions": [
              {
                "ref_name": [
                  {
                    "exclude": [],
                    "include": [
                      "refs/heads/master"
                    ]
                  }
                ]
              }
            ],
            "enforcement": "active",
            "etag": "W/\"6dbb3b56ab75909b267c8d2484f7dd47be17f7136e94664cdd79b07db7801548\"",
            "id": "15186767",
            "name": "Protect Master At All Times",
            "node_id": "RRS_lACqUmVwb3NpdG9yec5IPuFyzgDnu08",
            "repository": "ci-psalm-php",
            "rules": [
              {
                "branch_name_pattern": [],
                "commit_author_email_pattern": [],
                "commit_message_pattern": [],
                "committer_email_pattern": [],
                "copilot_code_review": [],
                "creation": false,
                "deletion": true,
                "file_extension_restriction": [],
                "file_path_restriction": [],
                "max_file_path_length": [],
                "max_file_size": [],
                "merge_queue": [],
                "non_fast_forward": true,
                "pull_request": [],
                "required_code_scanning": [],
                "required_deployments": [],
                "required_linear_history": false,
                "required_signatures": false,
                "required_status_checks": [],
                "tag_name_pattern": [],
                "update": false,
                "update_allows_fetch_and_merge": false
              }
            ],
            "ruleset_id": 15186767,
            "target": "branch"
          },
          "sensitive_attributes": [],
          "private": "eyJzY2hlbWFfdmVyc2lvbiI6IjEifQ==",
          "dependencies": [
            "module.repo.github_repository.this"
          ]
        }
      ]
    },
    {
      "module": "module.repo[\"ci-psalm-php\"]",
      "mode": "managed",
      "type": "github_repository_ruleset",
      "name": "protect_release_tags",
      "provider": "provider[\"registry.opentofu.org/integrations/github\"]",
      "instances": [
        {
          "schema_version": 1,
          "attributes": {
            "bypass_actors": [
              {
                "actor_id": 0,
                "actor_type": "OrganizationAdmin",
                "bypass_mode": "always"
              }
            ],
            "conditions": [
              {
                "ref_name": [
                  {
                    "exclude": [],
                    "include": [
                      "refs/tags/*.*.*"
                    ]
                  }
                ]
              }
            ],
            "enforcement": "active",
            "etag": "W/\"b25fa9385460e443e1358df69c64ed5d08dd14abcaf2f79d4a462d5eacb8b4bd\"",
            "id": "15200861",
            "name": "Protect Release Tags",
            "node_id": "RRS_lACqUmVwb3NpdG9yec5IPuFyzgDn8l0",
            "repository": "ci-psalm-php",
            "rules": [
              {
                "branch_name_pattern": [],
                "commit_author_email_pattern": [],
                "commit_message_pattern": [],
                "committer_email_pattern": [],
                "copilot_code_review": [],
                "creation": false,
                "deletion": true,
                "file_extension_restriction": [],
                "file_path_restriction": [],
                "max_file_path_length": [],
                "max_file_size": [],
                "merge_queue": [],
                "non_fast_forward": true,
                "pull_request": [],
                "required_code_scanning": [],
                "required_deployments": [],
                "required_linear_history": false,
                "required_signatures": false,
                "required_status_checks": [],
                "tag_name_pattern": [],
                "update": false,
                "update_allows_fetch_and_merge": false
              }
            ],
            "ruleset_id": 15200861,
            "target": "tag"
          },
          "sensitive_attributes": [],
          "private": "eyJzY2hlbWFfdmVyc2lvbiI6IjEifQ==",
          "dependencies": [
            "module.repo.github_repository.this"
          ]
        }
      ]
    },
    {
      "module": "module.repo[\"ci-psalm-php\"]",
      "mode": "managed",
      "type": "github_repository_ruleset",
      "name": "require_pull_request",
      "provider": "provider[\"registry.opentofu.org/integrations/github\"]",
      "instances": [
        {
          "schema_version": 1,
          "attributes": {
            "bypass_actors": [
              {
                "actor_id": 0,
                "actor_type": "OrganizationAdmin",
                "bypass_mode": "always"
              },
              {
                "actor_id": 2462900,
                "actor_type": "Integration",
                "bypass_mode": "always"
              }
            ],
            "conditions": [
              {
                "ref_name": [
                  {
                    "exclude": [],
                    "include": [
                      "~DEFAULT_BRANCH",
                      "refs/heads/??.x",
                      "refs/heads/master"
                    ]
                  }
                ]
              }
            ],
            "enforcement": "active",
            "etag": "W/\"a9913009a73812bc41ca3ddfe72521dd30e7b44703c0a06aec03b487207bbc53\"",
            "id": "15186768",
            "name": "Require Pull Request",
            "node_id": "RRS_lACqUmVwb3NpdG9yec5IPuFyzgDnu1A",
            "repository": "ci-psalm-php",
            "rules": [
              {
                "branch_name_pattern": [],
                "commit_author_email_pattern": [],
                "commit_message_pattern": [],
                "committer_email_pattern": [],
                "copilot_code_review": [],
                "creation": false,
                "deletion": false,
                "file_extension_restriction": [],
                "file_path_restriction": [],
                "max_file_path_length": [],
                "max_file_size": [],
                "merge_queue": [],
                "non_fast_forward": false,
                "pull_request": [
                  {
                    "allowed_merge_methods": [
                      "squash"
                    ],
                    "dismiss_stale_reviews_on_push": false,
                    "require_code_owner_review": true,
                    "require_last_push_approval": false,
                    "required_approving_review_count": 0,
                    "required_review_thread_resolution": false,
                    "required_reviewers": []
                  }
                ],
                "required_code_scanning": [],
                "required_deployments": [],
                "required_linear_history": false,
                "required_signatures": false,
                "required_status_checks": [],
                "tag_name_pattern": [],
                "update": false,
                "update_allows_fetch_and_merge": false
              }
            ],
            "ruleset_id": 15186768,
            "target": "branch"
          },
          "sensitive_attributes": [],
          "private": "eyJzY2hlbWFfdmVyc2lvbiI6IjEifQ==",
          "dependencies": [
            "github_team.approvers",
            "module.repo.github_repository.this"
          ]
        }
      ]
    },
    {
      "module": "module.repo[\"ci-psalm-php\"]",
      "mode": "managed",
      "type": "github_repository_ruleset",
      "name": "required_default_checks",
      "provider": "provider[\"registry.opentofu.org/integrations/github\"]",
      "instances": [
        {
          "schema_version": 1,
          "attributes": {
            "bypass_actors": [
              {
                "actor_id": 0,
                "actor_type": "OrganizationAdmin",
                "bypass_mode": "always"
              },
              {
                "actor_id": 2462900,
                "actor_type": "Integration",
                "bypass_mode": "always"
              }
            ],
            "conditions": [
              {
                "ref_name": [
                  {
                    "exclude": [],
                    "include": [
                      "~DEFAULT_BRANCH",
                      "refs/heads/??.x"
                    ]
                  }
                ]
              }
            ],
            "enforcement": "active",
            "etag": "W/\"551ac2126f444b5aaac8ba54a641a0d9574e38cb14127e50a1e14906a6d545c7\"",
            "id": "15273989",
            "name": "Required Default PR Checks",
            "node_id": "RRS_lACqUmVwb3NpdG9yec5IPuFyzgDpEAU",
            "repository": "ci-psalm-php",
            "rules": [
              {
                "branch_name_pattern": [],
                "commit_author_email_pattern": [],
                "commit_message_pattern": [],
                "committer_email_pattern": [],
                "copilot_code_review": [],
                "creation": false,
                "deletion": false,
                "file_extension_restriction": [],
                "file_path_restriction": [],
                "max_file_path_length": [],
                "max_file_size": [],
                "merge_queue": [],
                "non_fast_forward": false,
                "pull_request": [],
                "required_code_scanning": [],
                "required_deployments": [],
                "required_linear_history": false,
                "required_signatures": false,
                "required_status_checks": [
                  {
                    "do_not_enforce_on_create": false,
                    "required_check": [
                      {
                        "context": "Commit Message Check / Check Commit Message",
                        "integration_id": 15368
                      },
                      {
                        "context": "Copyright Header Check / Check Copyright Header",
                        "integration_id": 15368
                      },
                      {
                        "context": "Markdown Check / Check Markdown",
                        "integration_id": 15368
                      },
                      {
                        "context": "Trailing Newline Check / Check Trailing Newline",
                        "integration_id": 15368
                      }
                    ],
                    "strict_required_status_checks_policy": false
                  }
                ],
                "tag_name_pattern": [],
                "update": false,
                "update_allows_fetch_and_merge": false
              }
            ],
            "ruleset_id": 15273989,
            "target": "branch"
          },
          "sensitive_attributes": [],
          "private": "eyJzY2hlbWFfdmVyc2lvbiI6IjEifQ==",
          "dependencies": [
            "module.repo.github_repository.this"
          ]
        }
      ]
    },
    {
      "module": "module.repo[\"ci-psalm-php\"]",
      "mode": "managed",
      "type": "github_repository_ruleset",
      "name": "required_language_checks",
      "provider": "provider[\"registry.opentofu.org/integrations/github\"]",
      "instances": [
        {
          "index_key": 0,
          "schema_version": 1,
          "attributes": {
            "bypass_actors": [
              {
                "actor_id": 0,
                "actor_type": "OrganizationAdmin",
                "bypass_mode": "always"
              },
              {
                "actor_id": 2462900,
                "actor_type": "Integration",
                "bypass_mode": "always"
              }
            ],
            "conditions": [
              {
                "ref_name": [
                  {
                    "exclude": [],
                    "include": [
                      "~DEFAULT_BRANCH",
                      "refs/heads/??.x"
                    ]
                  }
                ]
              }
            ],
            "enforcement": "active",
            "etag": "W/\"7fcb7ef9696a402f8e8369e686b9dfc1a2b6cb7efa6cb1de868c93b9b873de8d\"",
            "id": "15273990",
            "name": "Required PHP PR Checks",
            "node_id": "RRS_lACqUmVwb3NpdG9yec5IPuFyzgDpEAY",
            "repository": "ci-psalm-php",
            "rules": [
              {
                "branch_name_pattern": [],
                "commit_author_email_pattern": [],
                "commit_message_pattern": [],
                "committer_email_pattern": [],
                "copilot_code_review": [],
                "creation": false,
                "deletion": false,
                "file_extension_restriction": [],
                "file_path_restriction": [],
                "max_file_path_length": [],
                "max_file_size": [],
                "merge_queue": [],
                "non_fast_forward": false,
                "pull_request": [],
                "required_code_scanning": [],
                "required_deployments": [],
                "required_linear_history": false,
                "required_signatures": false,
                "required_status_checks": [
                  {
                    "do_not_enforce_on_create": false,
                    "required_check": [
                      {
                        "context": "Tools / PHP CS Fixer / PHP 8.4",
                        "integration_id": 15368
                      },
                      {
                        "context": "Tools / PHP Code Sniffer / PHP 8.4",
                        "integration_id": 15368
                      },
                      {
                        "context": "Tools / PHPArkitect / PHP 8.4",
                        "integration_id": 15368
                      },
                      {
                        "context": "Tools / PHPStan / PHP 8.4",
                        "integration_id": 15368
                      },
                      {
                        "context": "Tools / PHPUnit / PHP 8.4",
                        "integration_id": 15368
                      },
                      {
                        "context": "Tools / PHPUnit / PHP 8.5",
                        "integration_id": 15368
                      },
                      {
                        "context": "Tools / PHPUnit / PHP 8.6",
                        "integration_id": 15368
                      },
                      {
                        "context": "Tools / Psalm / PHP 8.4",
                        "integration_id": 15368
                      },
                      {
                        "context": "Tools / Rector / PHP 8.4",
                        "integration_id": 15368
                      }
                    ],
                    "strict_required_status_checks_policy": false
                  }
                ],
                "tag_name_pattern": [],
                "update": false,
                "update_allows_fetch_and_merge": false
              }
            ],
            "ruleset_id": 15273990,
            "target": "branch"
          },
          "sensitive_attributes": [],
          "private": "eyJzY2hlbWFfdmVyc2lvbiI6IjEifQ==",
          "dependencies": [
            "module.repo.github_repository.this"
          ]
        }
      ]
    },
    {
      "module": "module.repo[\"ci-psalm-php\"]",
      "mode": "managed",
      "type": "github_repository_ruleset",
      "name": "restrict_unsupported_branches",
      "provider": "provider[\"registry.opentofu.org/integrations/github\"]",
      "instances": [
        {
          "schema_version": 1,
          "attributes": {
            "bypass_actors": [
              {
                "actor_id": 2462900,
                "actor_type": "Integration",
                "bypass_mode": "always"
              }
            ],
            "conditions": [
              {
                "ref_name": [
                  {
                    "exclude": [],
                    "include": [
                      "refs/heads/??.x-backup",
                      "refs/heads/master-backup"
                    ]
                  }
                ]
              }
            ],
            "enforcement": "active",
            "etag": "W/\"266a5c0167b225e1fb2edebd156d649ae0f2f18fdb671b22e998ec50b512bd23\"",
            "id": "15186773",
            "name": "Restrict Changes to Unsupported Branches",
            "node_id": "RRS_lACqUmVwb3NpdG9yec5IPuFyzgDnu1U",
            "repository": "ci-psalm-php",
            "rules": [
              {
                "branch_name_pattern": [],
                "commit_author_email_pattern": [],
                "commit_message_pattern": [],
                "committer_email_pattern": [],
                "copilot_code_review": [],
                "creation": true,
                "deletion": true,
                "file_extension_restriction": [],
                "file_path_restriction": [],
                "max_file_path_length": [],
                "max_file_size": [],
                "merge_queue": [],
                "non_fast_forward": true,
                "pull_request": [],
                "required_code_scanning": [],
                "required_deployments": [],
                "required_linear_history": false,
                "required_signatures": false,
                "required_status_checks": [],
                "tag_name_pattern": [],
                "update": true,
                "update_allows_fetch_and_merge": false
              }
            ],
            "ruleset_id": 15186773,
            "target": "branch"
          },
          "sensitive_attributes": [],
          "private": "eyJzY2hlbWFfdmVyc2lvbiI6IjEifQ==",
          "dependencies": [
            "module.repo.github_repository.this"
          ]
        }
      ]
    },
    {
      "module": "module.repo[\"ci-psalm-php\"]",
      "mode": "managed",
      "type": "github_repository_vulnerability_alerts",
      "name": "this",
      "provider": "provider[\"registry.opentofu.org/integrations/github\"]",
      "instances": [
        {
          "schema_version": 0,
          "attributes": {
            "enabled": true,
            "id": "1212080498",
            "repository": "ci-psalm-php",
            "repository_id": 1212080498
          },
          "sensitive_attributes": [],
          "private": "eyJzY2hlbWFfdmVyc2lvbiI6IjAifQ==",
          "dependencies": [
            "module.repo.github_repository.this"
          ]
        }
      ]
    },
    {
      "module": "module.repo[\"ci-psalm-php\"]",
      "mode": "managed",
      "type": "github_team_repository",
      "name": "approvers",
      "provider": "provider[\"registry.opentofu.org/integrations/github\"]",
      "instances": [
        {
          "index_key": 0,
          "schema_version": 0,
          "attributes": {
            "etag": "W/\"bd35688457f92906c978f260901e8a0b06286baa516b7252797db8005a58c022\"",
            "id": "18867552:ci-psalm-php",
            "permission": "push",
            "repository": "ci-psalm-php",
            "team_id": "approvers"
          },
          "sensitive_attributes": [],
          "private": "bnVsbA==",
          "dependencies": [
            "module.repo.github_repository.this"
          ]
        }
      ]
    },
    {
      "module": "module.repo[\"ci-rector-php\"]",
      "mode": "managed",
      "type": "github_issue_label",
      "name": "claude_review",
      "provider": "provider[\"registry.opentofu.org/integrations/github\"]",
      "instances": [
        {
          "schema_version": 0,
          "attributes": {
            "color": "5319e7",
            "description": "Ask Claude to review this pull request",
            "etag": "W/\"5672ac25cd4fb61590e4fa843bd879f7dd8f9a6c50337b73c6888065003fbd52\"",
            "id": "ci-rector-php:claude-review",
            "name": "claude-review",
            "repository": "ci-rector-php",
            "url": "https://api.github.com/repos/valkyrjaio/ci-rector-php/labels/claude-review"
          },
          "sensitive_attributes": [],
          "private": "eyJzY2hlbWFfdmVyc2lvbiI6IjAifQ==",
          "dependencies": [
            "module.repo.github_repository.this"
          ]
        }
      ]
    },
    {
      "module": "module.repo[\"ci-rector-php\"]",
      "mode": "managed",
      "type": "github_repository",
      "name": "this",
      "provider": "provider[\"registry.opentofu.org/integrations/github\"]",
      "instances": [
        {
          "schema_version": 1,
          "attributes": {
            "allow_auto_merge": false,
            "allow_forking": true,
            "allow_merge_commit": false,
            "allow_rebase_merge": false,
            "allow_squash_merge": true,
            "allow_update_branch": false,
            "archive_on_destroy": null,
            "archived": false,
            "auto_init": false,
            "default_branch": "26.x",
            "delete_branch_on_merge": true,
            "description": "Shared Rector configuration for Valkyrja PHP projects",
            "etag": "W/\"cc081816136e1be348c0da1032d3409d032a6bb75a00a5caa5263f028e410934\"",
            "fork": "false",
            "full_name": "valkyrjaio/ci-rector-php",
            "git_clone_url": "git://github.com/valkyrjaio/ci-rector-php.git",
            "gitignore_template": null,
            "has_discussions": false,
            "has_downloads": false,
            "has_issues": true,
            "has_projects": false,
            "has_wiki": false,
            "homepage_url": "",
            "html_url": "https://github.com/valkyrjaio/ci-rector-php",
            "http_clone_url": "https://github.com/valkyrjaio/ci-rector-php.git",
            "id": "ci-rector-php",
            "ignore_vulnerability_alerts_during_read": null,
            "is_template": false,
            "license_template": null,
            "merge_commit_message": "PR_TITLE",
            "merge_commit_title": "MERGE_MESSAGE",
            "name": "ci-rector-php",
            "node_id": "R_kgDOSDyYjw",
            "pages": [],
            "primary_language": "PHP",
            "private": false,
            "repo_id": 1211930767,
            "security_and_analysis": [
              {
                "advanced_security": [],
                "code_security": [],
                "secret_scanning": [
                  {
                    "status": "disabled"
                  }
                ],
                "secret_scanning_ai_detection": [],
                "secret_scanning_non_provider_patterns": [],
                "secret_scanning_push_protection": [
                  {
                    "status": "disabled"
                  }
                ]
              }
            ],
            "source_owner": "",
            "source_repo": "",
            "squash_merge_commit_message": "PR_BODY",
            "squash_merge_commit_title": "PR_TITLE",
            "ssh_clone_url": "git@github.com:valkyrjaio/ci-rector-php.git",
            "svn_url": "https://github.com/valkyrjaio/ci-rector-php",
            "template": [],
            "topics": [],
            "visibility": "public",
            "vulnerability_alerts": true,
            "web_commit_signoff_required": false
          },
          "sensitive_attributes": [],
          "private": "eyJzY2hlbWFfdmVyc2lvbiI6IjEifQ=="
        }
      ]
    },
    {
      "module": "module.repo[\"ci-rector-php\"]",
      "mode": "managed",
      "type": "github_repository_ruleset",
      "name": "force_push_protection",
      "provider": "provider[\"registry.opentofu.org/integrations/github\"]",
      "instances": [
        {
          "schema_version": 1,
          "attributes": {
            "bypass_actors": [
              {
                "actor_id": 0,
                "actor_type": "OrganizationAdmin",
                "bypass_mode": "always"
              }
            ],
            "conditions": [
              {
                "ref_name": [
                  {
                    "exclude": [],
                    "include": [
                      "refs/heads/??.x"
                    ]
                  }
                ]
              }
            ],
            "enforcement": "active",
            "etag": "W/\"433f0055fa69c9ed28971434ec038b844752374bbfa5d0bcb60a910f1c2591f9\"",
            "id": "15189134",
            "name": "Protect Against Force Pushes and Deletion",
            "node_id": "RRS_lACqUmVwb3NpdG9yec5IPJiPzgDnxI4",
            "repository": "ci-rector-php",
            "rules": [
              {
                "branch_name_pattern": [],
                "commit_author_email_pattern": [],
                "commit_message_pattern": [],
                "committer_email_pattern": [],
                "copilot_code_review": [],
                "creation": false,
                "deletion": true,
                "file_extension_restriction": [],
                "file_path_restriction": [],
                "max_file_path_length": [],
                "max_file_size": [],
                "merge_queue": [],
                "non_fast_forward": true,
                "pull_request": [],
                "required_code_scanning": [],
                "required_deployments": [],
                "required_linear_history": false,
                "required_signatures": false,
                "required_status_checks": [],
                "tag_name_pattern": [],
                "update": false,
                "update_allows_fetch_and_merge": false
              }
            ],
            "ruleset_id": 15189134,
            "target": "branch"
          },
          "sensitive_attributes": [],
          "private": "eyJzY2hlbWFfdmVyc2lvbiI6IjEifQ==",
          "dependencies": [
            "module.repo.github_repository.this"
          ]
        }
      ]
    },
    {
      "module": "module.repo[\"ci-rector-php\"]",
      "mode": "managed",
      "type": "github_repository_ruleset",
      "name": "protect_master",
      "provider": "provider[\"registry.opentofu.org/integrations/github\"]",
      "instances": [
        {
          "schema_version": 1,
          "attributes": {
            "bypass_actors": [],
            "conditions": [
              {
                "ref_name": [
                  {
                    "exclude": [],
                    "include": [
                      "refs/heads/master"
                    ]
                  }
                ]
              }
            ],
            "enforcement": "active",
            "etag": "W/\"741e3708cfc7d5d11ee8361e031bf8014b0eb0c49231a3269d85ed03e9df0095\"",
            "id": "15189136",
            "name": "Protect Master At All Times",
            "node_id": "RRS_lACqUmVwb3NpdG9yec5IPJiPzgDnxJA",
            "repository": "ci-rector-php",
            "rules": [
              {
                "branch_name_pattern": [],
                "commit_author_email_pattern": [],
                "commit_message_pattern": [],
                "committer_email_pattern": [],
                "copilot_code_review": [],
                "creation": false,
                "deletion": true,
                "file_extension_restriction": [],
                "file_path_restriction": [],
                "max_file_path_length": [],
                "max_file_size": [],
                "merge_queue": [],
                "non_fast_forward": true,
                "pull_request": [],
                "required_code_scanning": [],
                "required_deployments": [],
                "required_linear_history": false,
                "required_signatures": false,
                "required_status_checks": [],
                "tag_name_pattern": [],
                "update": false,
                "update_allows_fetch_and_merge": false
              }
            ],
            "ruleset_id": 15189136,
            "target": "branch"
          },
          "sensitive_attributes": [],
          "private": "eyJzY2hlbWFfdmVyc2lvbiI6IjEifQ==",
          "dependencies": [
            "module.repo.github_repository.this"
          ]
        }
      ]
    },
    {
      "module": "module.repo[\"ci-rector-php\"]",
      "mode": "managed",
      "type": "github_repository_ruleset",
      "name": "protect_release_tags",
      "provider": "provider[\"registry.opentofu.org/integrations/github\"]",
      "instances": [
        {
          "schema_version": 1,
          "attributes": {
            "bypass_actors": [
              {
                "actor_id": 0,
                "actor_type": "OrganizationAdmin",
                "bypass_mode": "always"
              }
            ],
            "conditions": [
              {
                "ref_name": [
                  {
                    "exclude": [],
                    "include": [
                      "refs/tags/*.*.*"
                    ]
                  }
                ]
              }
            ],
            "enforcement": "active",
            "etag": "W/\"3382bfebfefcb512a0fd73c0c956a37193d678f04c88b15f2bee3b474f09ef15\"",
            "id": "15200859",
            "name": "Protect Release Tags",
            "node_id": "RRS_lACqUmVwb3NpdG9yec5IPJiPzgDn8ls",
            "repository": "ci-rector-php",
            "rules": [
              {
                "branch_name_pattern": [],
                "commit_author_email_pattern": [],
                "commit_message_pattern": [],
                "committer_email_pattern": [],
                "copilot_code_review": [],
                "creation": false,
                "deletion": true,
                "file_extension_restriction": [],
                "file_path_restriction": [],
                "max_file_path_length": [],
                "max_file_size": [],
                "merge_queue": [],
                "non_fast_forward": true,
                "pull_request": [],
                "required_code_scanning": [],
                "required_deployments": [],
                "required_linear_history": false,
                "required_signatures": false,
                "required_status_checks": [],
                "tag_name_pattern": [],
                "update": false,
                "update_allows_fetch_and_merge": false
              }
            ],
            "ruleset_id": 15200859,
            "target": "tag"
          },
          "sensitive_attributes": [],
          "private": "eyJzY2hlbWFfdmVyc2lvbiI6IjEifQ==",
          "dependencies": [
            "module.repo.github_repository.this"
          ]
        }
      ]
    },
    {
      "module": "module.repo[\"ci-rector-php\"]",
      "mode": "managed",
      "type": "github_repository_ruleset",
      "name": "require_pull_request",
      "provider": "provider[\"registry.opentofu.org/integrations/github\"]",
      "instances": [
        {
          "schema_version": 1,
          "attributes": {
            "bypass_actors": [
              {
                "actor_id": 0,
                "actor_type": "OrganizationAdmin",
                "bypass_mode": "always"
              },
              {
                "actor_id": 2462900,
                "actor_type": "Integration",
                "bypass_mode": "always"
              }
            ],
            "conditions": [
              {
                "ref_name": [
                  {
                    "exclude": [],
                    "include": [
                      "~DEFAULT_BRANCH",
                      "refs/heads/??.x",
                      "refs/heads/master"
                    ]
                  }
                ]
              }
            ],
            "enforcement": "active",
            "etag": "W/\"43e07ef8d209bf86cf196ad61f58086e3d873be0720b0d477f8b4039741cede3\"",
            "id": "15189137",
            "name": "Require Pull Request",
            "node_id": "RRS_lACqUmVwb3NpdG9yec5IPJiPzgDnxJE",
            "repository": "ci-rector-php",
            "rules": [
              {
                "branch_name_pattern": [],
                "commit_author_email_pattern": [],
                "commit_message_pattern": [],
                "committer_email_pattern": [],
                "copilot_code_review": [],
                "creation": false,
                "deletion": false,
                "file_extension_restriction": [],
                "file_path_restriction": [],
                "max_file_path_length": [],
                "max_file_size": [],
                "merge_queue": [],
                "non_fast_forward": false,
                "pull_request": [
                  {
                    "allowed_merge_methods": [
                      "squash"
                    ],
                    "dismiss_stale_reviews_on_push": false,
                    "require_code_owner_review": true,
                    "require_last_push_approval": false,
                    "required_approving_review_count": 0,
                    "required_review_thread_resolution": false,
                    "required_reviewers": []
                  }
                ],
                "required_code_scanning": [],
                "required_deployments": [],
                "required_linear_history": false,
                "required_signatures": false,
                "required_status_checks": [],
                "tag_name_pattern": [],
                "update": false,
                "update_allows_fetch_and_merge": false
              }
            ],
            "ruleset_id": 15189137,
            "target": "branch"
          },
          "sensitive_attributes": [],
          "private": "eyJzY2hlbWFfdmVyc2lvbiI6IjEifQ==",
          "dependencies": [
            "github_team.approvers",
            "module.repo.github_repository.this"
          ]
        }
      ]
    },
    {
      "module": "module.repo[\"ci-rector-php\"]",
      "mode": "managed",
      "type": "github_repository_ruleset",
      "name": "required_default_checks",
      "provider": "provider[\"registry.opentofu.org/integrations/github\"]",
      "instances": [
        {
          "schema_version": 1,
          "attributes": {
            "bypass_actors": [
              {
                "actor_id": 0,
                "actor_type": "OrganizationAdmin",
                "bypass_mode": "always"
              },
              {
                "actor_id": 2462900,
                "actor_type": "Integration",
                "bypass_mode": "always"
              }
            ],
            "conditions": [
              {
                "ref_name": [
                  {
                    "exclude": [],
                    "include": [
                      "~DEFAULT_BRANCH",
                      "refs/heads/??.x"
                    ]
                  }
                ]
              }
            ],
            "enforcement": "active",
            "etag": "W/\"1117aeaf389af8b17ec6a0a2723f19c12ea60c487b14e58cd9dd6e00ed65d20a\"",
            "id": "15273984",
            "name": "Required Default PR Checks",
            "node_id": "RRS_lACqUmVwb3NpdG9yec5IPJiPzgDpEAA",
            "repository": "ci-rector-php",
            "rules": [
              {
                "branch_name_pattern": [],
                "commit_author_email_pattern": [],
                "commit_message_pattern": [],
                "committer_email_pattern": [],
                "copilot_code_review": [],
                "creation": false,
                "deletion": false,
                "file_extension_restriction": [],
                "file_path_restriction": [],
                "max_file_path_length": [],
                "max_file_size": [],
                "merge_queue": [],
                "non_fast_forward": false,
                "pull_request": [],
                "required_code_scanning": [],
                "required_deployments": [],
                "required_linear_history": false,
                "required_signatures": false,
                "required_status_checks": [
                  {
                    "do_not_enforce_on_create": false,
                    "required_check": [
                      {
                        "context": "Commit Message Check / Check Commit Message",
                        "integration_id": 15368
                      },
                      {
                        "context": "Copyright Header Check / Check Copyright Header",
                        "integration_id": 15368
                      },
                      {
                        "context": "Markdown Check / Check Markdown",
                        "integration_id": 15368
                      },
                      {
                        "context": "Trailing Newline Check / Check Trailing Newline",
                        "integration_id": 15368
                      }
                    ],
                    "strict_required_status_checks_policy": false
                  }
                ],
                "tag_name_pattern": [],
                "update": false,
                "update_allows_fetch_and_merge": false
              }
            ],
            "ruleset_id": 15273984,
            "target": "branch"
          },
          "sensitive_attributes": [],
          "private": "eyJzY2hlbWFfdmVyc2lvbiI6IjEifQ==",
          "dependencies": [
            "module.repo.github_repository.this"
          ]
        }
      ]
    },
    {
      "module": "module.repo[\"ci-rector-php\"]",
      "mode": "managed",
      "type": "github_repository_ruleset",
      "name": "required_language_checks",
      "provider": "provider[\"registry.opentofu.org/integrations/github\"]",
      "instances": [
        {
          "index_key": 0,
          "schema_version": 1,
          "attributes": {
            "bypass_actors": [
              {
                "actor_id": 0,
                "actor_type": "OrganizationAdmin",
                "bypass_mode": "always"
              },
              {
                "actor_id": 2462900,
                "actor_type": "Integration",
                "bypass_mode": "always"
              }
            ],
            "conditions": [
              {
                "ref_name": [
                  {
                    "exclude": [],
                    "include": [
                      "~DEFAULT_BRANCH",
                      "refs/heads/??.x"
                    ]
                  }
                ]
              }
            ],
            "enforcement": "active",
            "etag": "W/\"9a7f70a72a639a1c8e430df884c8b6b9a4a2f9c68e43feccf399a976d90cf406\"",
            "id": "15273985",
            "name": "Required PHP PR Checks",
            "node_id": "RRS_lACqUmVwb3NpdG9yec5IPJiPzgDpEAE",
            "repository": "ci-rector-php",
            "rules": [
              {
                "branch_name_pattern": [],
                "commit_author_email_pattern": [],
                "commit_message_pattern": [],
                "committer_email_pattern": [],
                "copilot_code_review": [],
                "creation": false,
                "deletion": false,
                "file_extension_restriction": [],
                "file_path_restriction": [],
                "max_file_path_length": [],
                "max_file_size": [],
                "merge_queue": [],
                "non_fast_forward": false,
                "pull_request": [],
                "required_code_scanning": [],
                "required_deployments": [],
                "required_linear_history": false,
                "required_signatures": false,
                "required_status_checks": [
                  {
                    "do_not_enforce_on_create": false,
                    "required_check": [
                      {
                        "context": "Tools / PHP CS Fixer / PHP 8.4",
                        "integration_id": 15368
                      },
                      {
                        "context": "Tools / PHP Code Sniffer / PHP 8.4",
                        "integration_id": 15368
                      },
                      {
                        "context": "Tools / PHPArkitect / PHP 8.4",
                        "integration_id": 15368
                      },
                      {
                        "context": "Tools / PHPStan / PHP 8.4",
                        "integration_id": 15368
                      },
                      {
                        "context": "Tools / PHPUnit / PHP 8.4",
                        "integration_id": 15368
                      },
                      {
                        "context": "Tools / PHPUnit / PHP 8.5",
                        "integration_id": 15368
                      },
                      {
                        "context": "Tools / PHPUnit / PHP 8.6",
                        "integration_id": 15368
                      },
                      {
                        "context": "Tools / Psalm / PHP 8.4",
                        "integration_id": 15368
                      },
                      {
                        "context": "Tools / Rector / PHP 8.4",
                        "integration_id": 15368
                      }
                    ],
                    "strict_required_status_checks_policy": false
                  }
                ],
                "tag_name_pattern": [],
                "update": false,
                "update_allows_fetch_and_merge": false
              }
            ],
            "ruleset_id": 15273985,
            "target": "branch"
          },
          "sensitive_attributes": [],
          "private": "eyJzY2hlbWFfdmVyc2lvbiI6IjEifQ==",
          "dependencies": [
            "module.repo.github_repository.this"
          ]
        }
      ]
    },
    {
      "module": "module.repo[\"ci-rector-php\"]",
      "mode": "managed",
      "type": "github_repository_ruleset",
      "name": "restrict_unsupported_branches",
      "provider": "provider[\"registry.opentofu.org/integrations/github\"]",
      "instances": [
        {
          "schema_version": 1,
          "attributes": {
            "bypass_actors": [
              {
                "actor_id": 2462900,
                "actor_type": "Integration",
                "bypass_mode": "always"
              }
            ],
            "conditions": [
              {
                "ref_name": [
                  {
                    "exclude": [],
                    "include": [
                      "refs/heads/??.x-backup",
                      "refs/heads/master-backup"
                    ]
                  }
                ]
              }
            ],
            "enforcement": "active",
            "etag": "W/\"c996cb50bfbed150839604b6a63d6be04d38875cabaa73524013734a5e8225c9\"",
            "id": "15189138",
            "name": "Restrict Changes to Unsupported Branches",
            "node_id": "RRS_lACqUmVwb3NpdG9yec5IPJiPzgDnxJI",
            "repository": "ci-rector-php",
            "rules": [
              {
                "branch_name_pattern": [],
                "commit_author_email_pattern": [],
                "commit_message_pattern": [],
                "committer_email_pattern": [],
                "copilot_code_review": [],
                "creation": true,
                "deletion": true,
                "file_extension_restriction": [],
                "file_path_restriction": [],
                "max_file_path_length": [],
                "max_file_size": [],
                "merge_queue": [],
                "non_fast_forward": true,
                "pull_request": [],
                "required_code_scanning": [],
                "required_deployments": [],
                "required_linear_history": false,
                "required_signatures": false,
                "required_status_checks": [],
                "tag_name_pattern": [],
                "update": true,
                "update_allows_fetch_and_merge": false
              }
            ],
            "ruleset_id": 15189138,
            "target": "branch"
          },
          "sensitive_attributes": [],
          "private": "eyJzY2hlbWFfdmVyc2lvbiI6IjEifQ==",
          "dependencies": [
            "module.repo.github_repository.this"
          ]
        }
      ]
    },
    {
      "module": "module.repo[\"ci-rector-php\"]",
      "mode": "managed",
      "type": "github_repository_vulnerability_alerts",
      "name": "this",
      "provider": "provider[\"registry.opentofu.org/integrations/github\"]",
      "instances": [
        {
          "schema_version": 0,
          "attributes": {
            "enabled": true,
            "id": "1211930767",
            "repository": "ci-rector-php",
            "repository_id": 1211930767
          },
          "sensitive_attributes": [],
          "private": "eyJzY2hlbWFfdmVyc2lvbiI6IjAifQ==",
          "dependencies": [
            "module.repo.github_repository.this"
          ]
        }
      ]
    },
    {
      "module": "module.repo[\"ci-rector-php\"]",
      "mode": "managed",
      "type": "github_team_repository",
      "name": "approvers",
      "provider": "provider[\"registry.opentofu.org/integrations/github\"]",
      "instances": [
        {
          "index_key": 0,
          "schema_version": 0,
          "attributes": {
            "etag": "W/\"f034e3a3d8c800cfaddb6cf7f80825c042fb610112c804119ff47ac4766e0bff\"",
            "id": "18867552:ci-rector-php",
            "permission": "push",
            "repository": "ci-rector-php",
            "team_id": "approvers"
          },
          "sensitive_attributes": [],
          "private": "bnVsbA==",
          "dependencies": [
            "module.repo.github_repository.this"
          ]
        }
      ]
    },
    {
      "module": "module.repo[\"ci-ruff-python\"]",
      "mode": "managed",
      "type": "github_issue_label",
      "name": "claude_review",
      "provider": "provider[\"registry.opentofu.org/integrations/github\"]",
      "instances": [
        {
          "schema_version": 0,
          "attributes": {
            "color": "5319e7",
            "description": "Ask Claude to review this pull request",
            "etag": "W/\"555941dbac6a08903688ed77fe6db4b8717e7d8a35d3c05ef21285aa51e53e9b\"",
            "id": "ci-ruff-python:claude-review",
            "name": "claude-review",
            "repository": "ci-ruff-python",
            "url": "https://api.github.com/repos/valkyrjaio/ci-ruff-python/labels/claude-review"
          },
          "sensitive_attributes": [],
          "private": "eyJzY2hlbWFfdmVyc2lvbiI6IjAifQ==",
          "dependencies": [
            "module.repo.github_repository.this"
          ]
        }
      ]
    },
    {
      "module": "module.repo[\"ci-ruff-python\"]",
      "mode": "managed",
      "type": "github_repository",
      "name": "this",
      "provider": "provider[\"registry.opentofu.org/integrations/github\"]",
      "instances": [
        {
          "schema_version": 1,
          "attributes": {
            "allow_auto_merge": false,
            "allow_forking": true,
            "allow_merge_commit": false,
            "allow_rebase_merge": false,
            "allow_squash_merge": true,
            "allow_update_branch": false,
            "archive_on_destroy": null,
            "archived": false,
            "auto_init": false,
            "default_branch": "26.x",
            "delete_branch_on_merge": true,
            "description": "Shared Ruff configuration for Valkyrja Python projects",
            "etag": "W/\"13479e6de6bedabb83165351ba61348dfed8989bc29f62e9b1ffaed4698c23da\"",
            "fork": "false",
            "full_name": "valkyrjaio/ci-ruff-python",
            "git_clone_url": "git://github.com/valkyrjaio/ci-ruff-python.git",
            "gitignore_template": null,
            "has_discussions": false,
            "has_downloads": false,
            "has_issues": true,
            "has_projects": false,
            "has_wiki": false,
            "homepage_url": "",
            "html_url": "https://github.com/valkyrjaio/ci-ruff-python",
            "http_clone_url": "https://github.com/valkyrjaio/ci-ruff-python.git",
            "id": "ci-ruff-python",
            "ignore_vulnerability_alerts_during_read": null,
            "is_template": false,
            "license_template": null,
            "merge_commit_message": "PR_TITLE",
            "merge_commit_title": "MERGE_MESSAGE",
            "name": "ci-ruff-python",
            "node_id": "R_kgDOTr7RbA",
            "pages": [],
            "primary_language": "Python",
            "private": false,
            "repo_id": 1321128300,
            "security_and_analysis": [
              {
                "advanced_security": [],
                "code_security": [],
                "secret_scanning": [
                  {
                    "status": "disabled"
                  }
                ],
                "secret_scanning_ai_detection": [],
                "secret_scanning_non_provider_patterns": [],
                "secret_scanning_push_protection": [
                  {
                    "status": "disabled"
                  }
                ]
              }
            ],
            "source_owner": "",
            "source_repo": "",
            "squash_merge_commit_message": "PR_BODY",
            "squash_merge_commit_title": "PR_TITLE",
            "ssh_clone_url": "git@github.com:valkyrjaio/ci-ruff-python.git",
            "svn_url": "https://github.com/valkyrjaio/ci-ruff-python",
            "template": [
              {
                "include_all_branches": false,
                "owner": "valkyrjaio",
                "repository": "project-template-python"
              }
            ],
            "topics": [],
            "visibility": "public",
            "vulnerability_alerts": true,
            "web_commit_signoff_required": false
          },
          "sensitive_attributes": [],
          "private": "eyJzY2hlbWFfdmVyc2lvbiI6IjEifQ=="
        }
      ]
    },
    {
      "module": "module.repo[\"ci-ruff-python\"]",
      "mode": "managed",
      "type": "github_repository_ruleset",
      "name": "force_push_protection",
      "provider": "provider[\"registry.opentofu.org/integrations/github\"]",
      "instances": [
        {
          "schema_version": 1,
          "attributes": {
            "bypass_actors": [
              {
                "actor_id": 0,
                "actor_type": "OrganizationAdmin",
                "bypass_mode": "always"
              }
            ],
            "conditions": [
              {
                "ref_name": [
                  {
                    "exclude": [],
                    "include": [
                      "refs/heads/??.x"
                    ]
                  }
                ]
              }
            ],
            "enforcement": "active",
            "etag": "W/\"90d5d98619027b375e790f28cc41cb71cd512bf38295f1592274d31a30e11875\"",
            "id": "20269364",
            "name": "Protect Against Force Pushes and Deletion",
            "node_id": "RRS_lACqUmVwb3NpdG9yec5OvtFszgE1STQ",
            "repository": "ci-ruff-python",
            "rules": [
              {
                "branch_name_pattern": [],
                "commit_author_email_pattern": [],
                "commit_message_pattern": [],
                "committer_email_pattern": [],
                "copilot_code_review": [],
                "creation": false,
                "deletion": true,
                "file_extension_restriction": [],
                "file_path_restriction": [],
                "max_file_path_length": [],
                "max_file_size": [],
                "merge_queue": [],
                "non_fast_forward": true,
                "pull_request": [],
                "required_code_scanning": [],
                "required_deployments": [],
                "required_linear_history": false,
                "required_signatures": false,
                "required_status_checks": [],
                "tag_name_pattern": [],
                "update": false,
                "update_allows_fetch_and_merge": false
              }
            ],
            "ruleset_id": 20269364,
            "target": "branch"
          },
          "sensitive_attributes": [],
          "private": "eyJzY2hlbWFfdmVyc2lvbiI6IjEifQ==",
          "dependencies": [
            "module.repo.github_repository.this"
          ]
        }
      ]
    },
    {
      "module": "module.repo[\"ci-ruff-python\"]",
      "mode": "managed",
      "type": "github_repository_ruleset",
      "name": "protect_master",
      "provider": "provider[\"registry.opentofu.org/integrations/github\"]",
      "instances": [
        {
          "schema_version": 1,
          "attributes": {
            "bypass_actors": [],
            "conditions": [
              {
                "ref_name": [
                  {
                    "exclude": [],
                    "include": [
                      "refs/heads/master"
                    ]
                  }
                ]
              }
            ],
            "enforcement": "active",
            "etag": "W/\"4a4d357e68ab82a831af3d41a3bfc27e5f8e0a5063eaf43c1c1a6ff12eedc773\"",
            "id": "20269366",
            "name": "Protect Master At All Times",
            "node_id": "RRS_lACqUmVwb3NpdG9yec5OvtFszgE1STY",
            "repository": "ci-ruff-python",
            "rules": [
              {
                "branch_name_pattern": [],
                "commit_author_email_pattern": [],
                "commit_message_pattern": [],
                "committer_email_pattern": [],
                "copilot_code_review": [],
                "creation": false,
                "deletion": true,
                "file_extension_restriction": [],
                "file_path_restriction": [],
                "max_file_path_length": [],
                "max_file_size": [],
                "merge_queue": [],
                "non_fast_forward": true,
                "pull_request": [],
                "required_code_scanning": [],
                "required_deployments": [],
                "required_linear_history": false,
                "required_signatures": false,
                "required_status_checks": [],
                "tag_name_pattern": [],
                "update": false,
                "update_allows_fetch_and_merge": false
              }
            ],
            "ruleset_id": 20269366,
            "target": "branch"
          },
          "sensitive_attributes": [],
          "private": "eyJzY2hlbWFfdmVyc2lvbiI6IjEifQ==",
          "dependencies": [
            "module.repo.github_repository.this"
          ]
        }
      ]
    },
    {
      "module": "module.repo[\"ci-ruff-python\"]",
      "mode": "managed",
      "type": "github_repository_ruleset",
      "name": "protect_release_tags",
      "provider": "provider[\"registry.opentofu.org/integrations/github\"]",
      "instances": [
        {
          "schema_version": 1,
          "attributes": {
            "bypass_actors": [
              {
                "actor_id": 0,
                "actor_type": "OrganizationAdmin",
                "bypass_mode": "always"
              }
            ],
            "conditions": [
              {
                "ref_name": [
                  {
                    "exclude": [],
                    "include": [
                      "refs/tags/*.*.*"
                    ]
                  }
                ]
              }
            ],
            "enforcement": "active",
            "etag": "W/\"6213d9b13bc50876420ec4c60b359fbbe34db783dd4531428aa54880ff24365e\"",
            "id": "20269367",
            "name": "Protect Release Tags",
            "node_id": "RRS_lACqUmVwb3NpdG9yec5OvtFszgE1STc",
            "repository": "ci-ruff-python",
            "rules": [
              {
                "branch_name_pattern": [],
                "commit_author_email_pattern": [],
                "commit_message_pattern": [],
                "committer_email_pattern": [],
                "copilot_code_review": [],
                "creation": false,
                "deletion": true,
                "file_extension_restriction": [],
                "file_path_restriction": [],
                "max_file_path_length": [],
                "max_file_size": [],
                "merge_queue": [],
                "non_fast_forward": true,
                "pull_request": [],
                "required_code_scanning": [],
                "required_deployments": [],
                "required_linear_history": false,
                "required_signatures": false,
                "required_status_checks": [],
                "tag_name_pattern": [],
                "update": false,
                "update_allows_fetch_and_merge": false
              }
            ],
            "ruleset_id": 20269367,
            "target": "tag"
          },
          "sensitive_attributes": [],
          "private": "eyJzY2hlbWFfdmVyc2lvbiI6IjEifQ==",
          "dependencies": [
            "module.repo.github_repository.this"
          ]
        }
      ]
    },
    {
      "module": "module.repo[\"ci-ruff-python\"]",
      "mode": "managed",
      "type": "github_repository_ruleset",
      "name": "require_pull_request",
      "provider": "provider[\"registry.opentofu.org/integrations/github\"]",
      "instances": [
        {
          "schema_version": 1,
          "attributes": {
            "bypass_actors": [
              {
                "actor_id": 0,
                "actor_type": "OrganizationAdmin",
                "bypass_mode": "always"
              },
              {
                "actor_id": 2462900,
                "actor_type": "Integration",
                "bypass_mode": "always"
              }
            ],
            "conditions": [
              {
                "ref_name": [
                  {
                    "exclude": [],
                    "include": [
                      "~DEFAULT_BRANCH",
                      "refs/heads/??.x",
                      "refs/heads/master"
                    ]
                  }
                ]
              }
            ],
            "enforcement": "active",
            "etag": "W/\"943da2702c5f7a1550895286ffa7e167ace835a1af9b78ca9d9ad33167027670\"",
            "id": "20269369",
            "name": "Require Pull Request",
            "node_id": "RRS_lACqUmVwb3NpdG9yec5OvtFszgE1STk",
            "repository": "ci-ruff-python",
            "rules": [
              {
                "branch_name_pattern": [],
                "commit_author_email_pattern": [],
                "commit_message_pattern": [],
                "committer_email_pattern": [],
                "copilot_code_review": [],
                "creation": false,
                "deletion": false,
                "file_extension_restriction": [],
                "file_path_restriction": [],
                "max_file_path_length": [],
                "max_file_size": [],
                "merge_queue": [],
                "non_fast_forward": false,
                "pull_request": [
                  {
                    "allowed_merge_methods": [
                      "squash"
                    ],
                    "dismiss_stale_reviews_on_push": false,
                    "require_code_owner_review": true,
                    "require_last_push_approval": false,
                    "required_approving_review_count": 0,
                    "required_review_thread_resolution": false,
                    "required_reviewers": []
                  }
                ],
                "required_code_scanning": [],
                "required_deployments": [],
                "required_linear_history": false,
                "required_signatures": false,
                "required_status_checks": [],
                "tag_name_pattern": [],
                "update": false,
                "update_allows_fetch_and_merge": false
              }
            ],
            "ruleset_id": 20269369,
            "target": "branch"
          },
          "sensitive_attributes": [],
          "private": "eyJzY2hlbWFfdmVyc2lvbiI6IjEifQ==",
          "dependencies": [
            "github_team.approvers",
            "module.repo.github_repository.this"
          ]
        }
      ]
    },
    {
      "module": "module.repo[\"ci-ruff-python\"]",
      "mode": "managed",
      "type": "github_repository_ruleset",
      "name": "required_default_checks",
      "provider": "provider[\"registry.opentofu.org/integrations/github\"]",
      "instances": [
        {
          "schema_version": 1,
          "attributes": {
            "bypass_actors": [
              {
                "actor_id": 0,
                "actor_type": "OrganizationAdmin",
                "bypass_mode": "always"
              },
              {
                "actor_id": 2462900,
                "actor_type": "Integration",
                "bypass_mode": "always"
              }
            ],
            "conditions": [
              {
                "ref_name": [
                  {
                    "exclude": [],
                    "include": [
                      "~DEFAULT_BRANCH",
                      "refs/heads/??.x"
                    ]
                  }
                ]
              }
            ],
            "enforcement": "active",
            "etag": "W/\"a683c42bc003c591b95bf89a7dbcf261982490c16f1ccebeab0c564d57336265\"",
            "id": "20269370",
            "name": "Required Default PR Checks",
            "node_id": "RRS_lACqUmVwb3NpdG9yec5OvtFszgE1STo",
            "repository": "ci-ruff-python",
            "rules": [
              {
                "branch_name_pattern": [],
                "commit_author_email_pattern": [],
                "commit_message_pattern": [],
                "committer_email_pattern": [],
                "copilot_code_review": [],
                "creation": false,
                "deletion": false,
                "file_extension_restriction": [],
                "file_path_restriction": [],
                "max_file_path_length": [],
                "max_file_size": [],
                "merge_queue": [],
                "non_fast_forward": false,
                "pull_request": [],
                "required_code_scanning": [],
                "required_deployments": [],
                "required_linear_history": false,
                "required_signatures": false,
                "required_status_checks": [
                  {
                    "do_not_enforce_on_create": false,
                    "required_check": [
                      {
                        "context": "Commit Message Check / Check Commit Message",
                        "integration_id": 15368
                      },
                      {
                        "context": "Copyright Header Check / Check Copyright Header",
                        "integration_id": 15368
                      },
                      {
                        "context": "Markdown Check / Check Markdown",
                        "integration_id": 15368
                      },
                      {
                        "context": "Trailing Newline Check / Check Trailing Newline",
                        "integration_id": 15368
                      }
                    ],
                    "strict_required_status_checks_policy": false
                  }
                ],
                "tag_name_pattern": [],
                "update": false,
                "update_allows_fetch_and_merge": false
              }
            ],
            "ruleset_id": 20269370,
            "target": "branch"
          },
          "sensitive_attributes": [],
          "private": "eyJzY2hlbWFfdmVyc2lvbiI6IjEifQ==",
          "dependencies": [
            "module.repo.github_repository.this"
          ]
        }
      ]
    },
    {
      "module": "module.repo[\"ci-ruff-python\"]",
      "mode": "managed",
      "type": "github_repository_ruleset",
      "name": "required_language_checks",
      "provider": "provider[\"registry.opentofu.org/integrations/github\"]",
      "instances": [
        {
          "index_key": 0,
          "schema_version": 1,
          "attributes": {
            "bypass_actors": [
              {
                "actor_id": 0,
                "actor_type": "OrganizationAdmin",
                "bypass_mode": "always"
              },
              {
                "actor_id": 2462900,
                "actor_type": "Integration",
                "bypass_mode": "always"
              }
            ],
            "conditions": [
              {
                "ref_name": [
                  {
                    "exclude": [],
                    "include": [
                      "~DEFAULT_BRANCH",
                      "refs/heads/??.x"
                    ]
                  }
                ]
              }
            ],
            "enforcement": "active",
            "etag": "W/\"6f0f95509c413209ff1ef31926829fa055460949a01a1742b99c9e80a4dc09bb\"",
            "id": "20269372",
            "name": "Required Python PR Checks",
            "node_id": "RRS_lACqUmVwb3NpdG9yec5OvtFszgE1STw",
            "repository": "ci-ruff-python",
            "rules": [
              {
                "branch_name_pattern": [],
                "commit_author_email_pattern": [],
                "commit_message_pattern": [],
                "committer_email_pattern": [],
                "copilot_code_review": [],
                "creation": false,
                "deletion": false,
                "file_extension_restriction": [],
                "file_path_restriction": [],
                "max_file_path_length": [],
                "max_file_size": [],
                "merge_queue": [],
                "non_fast_forward": false,
                "pull_request": [],
                "required_code_scanning": [],
                "required_deployments": [],
                "required_linear_history": false,
                "required_signatures": false,
                "required_status_checks": [
                  {
                    "do_not_enforce_on_create": false,
                    "required_check": [
                      {
                        "context": "Tools / Bandit / Bandit",
                        "integration_id": 15368
                      },
                      {
                        "context": "Tools / Ruff / Ruff",
                        "integration_id": 15368
                      },
                      {
                        "context": "Tools / import-linter / import-linter",
                        "integration_id": 15368
                      },
                      {
                        "context": "Tools / mypy / mypy",
                        "integration_id": 15368
                      },
                      {
                        "context": "Tools / pytest / pytest",
                        "integration_id": 15368
                      }
                    ],
                    "strict_required_status_checks_policy": false
                  }
                ],
                "tag_name_pattern": [],
                "update": false,
                "update_allows_fetch_and_merge": false
              }
            ],
            "ruleset_id": 20269372,
            "target": "branch"
          },
          "sensitive_attributes": [],
          "private": "eyJzY2hlbWFfdmVyc2lvbiI6IjEifQ==",
          "dependencies": [
            "module.repo.github_repository.this"
          ]
        }
      ]
    },
    {
      "module": "module.repo[\"ci-ruff-python\"]",
      "mode": "managed",
      "type": "github_repository_ruleset",
      "name": "restrict_unsupported_branches",
      "provider": "provider[\"registry.opentofu.org/integrations/github\"]",
      "instances": [
        {
          "schema_version": 1,
          "attributes": {
            "bypass_actors": [
              {
                "actor_id": 2462900,
                "actor_type": "Integration",
                "bypass_mode": "always"
              }
            ],
            "conditions": [
              {
                "ref_name": [
                  {
                    "exclude": [],
                    "include": [
                      "refs/heads/??.x-backup",
                      "refs/heads/master-backup"
                    ]
                  }
                ]
              }
            ],
            "enforcement": "active",
            "etag": "W/\"b18957ab6857edffa0ea05ff8feac67f7595a17810f5bf485e30928f86035b60\"",
            "id": "20269371",
            "name": "Restrict Changes to Unsupported Branches",
            "node_id": "RRS_lACqUmVwb3NpdG9yec5OvtFszgE1STs",
            "repository": "ci-ruff-python",
            "rules": [
              {
                "branch_name_pattern": [],
                "commit_author_email_pattern": [],
                "commit_message_pattern": [],
                "committer_email_pattern": [],
                "copilot_code_review": [],
                "creation": true,
                "deletion": true,
                "file_extension_restriction": [],
                "file_path_restriction": [],
                "max_file_path_length": [],
                "max_file_size": [],
                "merge_queue": [],
                "non_fast_forward": true,
                "pull_request": [],
                "required_code_scanning": [],
                "required_deployments": [],
                "required_linear_history": false,
                "required_signatures": false,
                "required_status_checks": [],
                "tag_name_pattern": [],
                "update": true,
                "update_allows_fetch_and_merge": false
              }
            ],
            "ruleset_id": 20269371,
            "target": "branch"
          },
          "sensitive_attributes": [],
          "private": "eyJzY2hlbWFfdmVyc2lvbiI6IjEifQ==",
          "dependencies": [
            "module.repo.github_repository.this"
          ]
        }
      ]
    },
    {
      "module": "module.repo[\"ci-ruff-python\"]",
      "mode": "managed",
      "type": "github_repository_vulnerability_alerts",
      "name": "this",
      "provider": "provider[\"registry.opentofu.org/integrations/github\"]",
      "instances": [
        {
          "schema_version": 0,
          "attributes": {
            "enabled": true,
            "id": "1321128300",
            "repository": "ci-ruff-python",
            "repository_id": 1321128300
          },
          "sensitive_attributes": [],
          "private": "eyJzY2hlbWFfdmVyc2lvbiI6IjAifQ==",
          "dependencies": [
            "module.repo.github_repository.this"
          ]
        }
      ]
    },
    {
      "module": "module.repo[\"ci-ruff-python\"]",
      "mode": "managed",
      "type": "github_team_repository",
      "name": "approvers",
      "provider": "provider[\"registry.opentofu.org/integrations/github\"]",
      "instances": [
        {
          "index_key": 0,
          "schema_version": 0,
          "attributes": {
            "etag": "W/\"a35e18ea3a37390ae92c6c51f2cc3f7ee677e69ebbcefc456308209df7dc93a3\"",
            "id": "18867552:ci-ruff-python",
            "permission": "push",
            "repository": "ci-ruff-python",
            "team_id": "approvers"
          },
          "sensitive_attributes": [],
          "private": "bnVsbA==",
          "dependencies": [
            "module.repo.github_repository.this"
          ]
        }
      ]
    },
    {
      "module": "module.repo[\"ci-spotless-java\"]",
      "mode": "managed",
      "type": "github_issue_label",
      "name": "claude_review",
      "provider": "provider[\"registry.opentofu.org/integrations/github\"]",
      "instances": [
        {
          "schema_version": 0,
          "attributes": {
            "color": "5319e7",
            "description": "Ask Claude to review this pull request",
            "etag": "W/\"9173ae1f4d2ff8f6068438a71fec31cd866d05996bd852ee56c2eef958f81503\"",
            "id": "ci-spotless-java:claude-review",
            "name": "claude-review",
            "repository": "ci-spotless-java",
            "url": "https://api.github.com/repos/valkyrjaio/ci-spotless-java/labels/claude-review"
          },
          "sensitive_attributes": [],
          "private": "eyJzY2hlbWFfdmVyc2lvbiI6IjAifQ==",
          "dependencies": [
            "module.repo.github_repository.this"
          ]
        }
      ]
    },
    {
      "module": "module.repo[\"ci-spotless-java\"]",
      "mode": "managed",
      "type": "github_repository",
      "name": "this",
      "provider": "provider[\"registry.opentofu.org/integrations/github\"]",
      "instances": [
        {
          "schema_version": 1,
          "attributes": {
            "allow_auto_merge": false,
            "allow_forking": true,
            "allow_merge_commit": false,
            "allow_rebase_merge": false,
            "allow_squash_merge": true,
            "allow_update_branch": false,
            "archive_on_destroy": null,
            "archived": false,
            "auto_init": false,
            "default_branch": "26.x",
            "delete_branch_on_merge": true,
            "description": "Shared Spotless configuration for Valkyrja Java repositories",
            "etag": "W/\"69b0369a0438729a267dd3894dccc6a98412e7453344c79e9dd7818aaee94115\"",
            "fork": "false",
            "full_name": "valkyrjaio/ci-spotless-java",
            "git_clone_url": "git://github.com/valkyrjaio/ci-spotless-java.git",
            "gitignore_template": null,
            "has_discussions": false,
            "has_downloads": false,
            "has_issues": true,
            "has_projects": false,
            "has_wiki": false,
            "homepage_url": "",
            "html_url": "https://github.com/valkyrjaio/ci-spotless-java",
            "http_clone_url": "https://github.com/valkyrjaio/ci-spotless-java.git",
            "id": "ci-spotless-java",
            "ignore_vulnerability_alerts_during_read": null,
            "is_template": false,
            "license_template": null,
            "merge_commit_message": "PR_TITLE",
            "merge_commit_title": "MERGE_MESSAGE",
            "name": "ci-spotless-java",
            "node_id": "R_kgDOTr5aqg",
            "pages": [],
            "primary_language": "Java",
            "private": false,
            "repo_id": 1321097898,
            "security_and_analysis": [
              {
                "advanced_security": [],
                "code_security": [],
                "secret_scanning": [
                  {
                    "status": "disabled"
                  }
                ],
                "secret_scanning_ai_detection": [],
                "secret_scanning_non_provider_patterns": [],
                "secret_scanning_push_protection": [
                  {
                    "status": "disabled"
                  }
                ]
              }
            ],
            "source_owner": "",
            "source_repo": "",
            "squash_merge_commit_message": "PR_BODY",
            "squash_merge_commit_title": "PR_TITLE",
            "ssh_clone_url": "git@github.com:valkyrjaio/ci-spotless-java.git",
            "svn_url": "https://github.com/valkyrjaio/ci-spotless-java",
            "template": [
              {
                "include_all_branches": false,
                "owner": "valkyrjaio",
                "repository": "project-template-java"
              }
            ],
            "topics": [],
            "visibility": "public",
            "vulnerability_alerts": true,
            "web_commit_signoff_required": false
          },
          "sensitive_attributes": [],
          "private": "eyJzY2hlbWFfdmVyc2lvbiI6IjEifQ=="
        }
      ]
    },
    {
      "module": "module.repo[\"ci-spotless-java\"]",
      "mode": "managed",
      "type": "github_repository_ruleset",
      "name": "force_push_protection",
      "provider": "provider[\"registry.opentofu.org/integrations/github\"]",
      "instances": [
        {
          "schema_version": 1,
          "attributes": {
            "bypass_actors": [
              {
                "actor_id": 0,
                "actor_type": "OrganizationAdmin",
                "bypass_mode": "always"
              }
            ],
            "conditions": [
              {
                "ref_name": [
                  {
                    "exclude": [],
                    "include": [
                      "refs/heads/??.x"
                    ]
                  }
                ]
              }
            ],
            "enforcement": "active",
            "etag": "W/\"b3133cfeeada954735f244b9bf0a9c5a7e2509666ff19eba9f73172c50f02476\"",
            "id": "20264576",
            "name": "Protect Against Force Pushes and Deletion",
            "node_id": "RRS_lACqUmVwb3NpdG9yec5OvlqqzgE1NoA",
            "repository": "ci-spotless-java",
            "rules": [
              {
                "branch_name_pattern": [],
                "commit_author_email_pattern": [],
                "commit_message_pattern": [],
                "committer_email_pattern": [],
                "copilot_code_review": [],
                "creation": false,
                "deletion": true,
                "file_extension_restriction": [],
                "file_path_restriction": [],
                "max_file_path_length": [],
                "max_file_size": [],
                "merge_queue": [],
                "non_fast_forward": true,
                "pull_request": [],
                "required_code_scanning": [],
                "required_deployments": [],
                "required_linear_history": false,
                "required_signatures": false,
                "required_status_checks": [],
                "tag_name_pattern": [],
                "update": false,
                "update_allows_fetch_and_merge": false
              }
            ],
            "ruleset_id": 20264576,
            "target": "branch"
          },
          "sensitive_attributes": [],
          "private": "eyJzY2hlbWFfdmVyc2lvbiI6IjEifQ==",
          "dependencies": [
            "module.repo.github_repository.this"
          ]
        }
      ]
    },
    {
      "module": "module.repo[\"ci-spotless-java\"]",
      "mode": "managed",
      "type": "github_repository_ruleset",
      "name": "protect_master",
      "provider": "provider[\"registry.opentofu.org/integrations/github\"]",
      "instances": [
        {
          "schema_version": 1,
          "attributes": {
            "bypass_actors": [],
            "conditions": [
              {
                "ref_name": [
                  {
                    "exclude": [],
                    "include": [
                      "refs/heads/master"
                    ]
                  }
                ]
              }
            ],
            "enforcement": "active",
            "etag": "W/\"b15467d748cadc4af5a3dad81a0c9832b0b38773adfa75fdced7526b9c2b9886\"",
            "id": "20264577",
            "name": "Protect Master At All Times",
            "node_id": "RRS_lACqUmVwb3NpdG9yec5OvlqqzgE1NoE",
            "repository": "ci-spotless-java",
            "rules": [
              {
                "branch_name_pattern": [],
                "commit_author_email_pattern": [],
                "commit_message_pattern": [],
                "committer_email_pattern": [],
                "copilot_code_review": [],
                "creation": false,
                "deletion": true,
                "file_extension_restriction": [],
                "file_path_restriction": [],
                "max_file_path_length": [],
                "max_file_size": [],
                "merge_queue": [],
                "non_fast_forward": true,
                "pull_request": [],
                "required_code_scanning": [],
                "required_deployments": [],
                "required_linear_history": false,
                "required_signatures": false,
                "required_status_checks": [],
                "tag_name_pattern": [],
                "update": false,
                "update_allows_fetch_and_merge": false
              }
            ],
            "ruleset_id": 20264577,
            "target": "branch"
          },
          "sensitive_attributes": [],
          "private": "eyJzY2hlbWFfdmVyc2lvbiI6IjEifQ==",
          "dependencies": [
            "module.repo.github_repository.this"
          ]
        }
      ]
    },
    {
      "module": "module.repo[\"ci-spotless-java\"]",
      "mode": "managed",
      "type": "github_repository_ruleset",
      "name": "protect_release_tags",
      "provider": "provider[\"registry.opentofu.org/integrations/github\"]",
      "instances": [
        {
          "schema_version": 1,
          "attributes": {
            "bypass_actors": [
              {
                "actor_id": 0,
                "actor_type": "OrganizationAdmin",
                "bypass_mode": "always"
              }
            ],
            "conditions": [
              {
                "ref_name": [
                  {
                    "exclude": [],
                    "include": [
                      "refs/tags/*.*.*"
                    ]
                  }
                ]
              }
            ],
            "enforcement": "active",
            "etag": "W/\"f4183b1abd207fd00a2ef42fe86c9eda22acbf81b6f5f113024cf264467eb29f\"",
            "id": "20264578",
            "name": "Protect Release Tags",
            "node_id": "RRS_lACqUmVwb3NpdG9yec5OvlqqzgE1NoI",
            "repository": "ci-spotless-java",
            "rules": [
              {
                "branch_name_pattern": [],
                "commit_author_email_pattern": [],
                "commit_message_pattern": [],
                "committer_email_pattern": [],
                "copilot_code_review": [],
                "creation": false,
                "deletion": true,
                "file_extension_restriction": [],
                "file_path_restriction": [],
                "max_file_path_length": [],
                "max_file_size": [],
                "merge_queue": [],
                "non_fast_forward": true,
                "pull_request": [],
                "required_code_scanning": [],
                "required_deployments": [],
                "required_linear_history": false,
                "required_signatures": false,
                "required_status_checks": [],
                "tag_name_pattern": [],
                "update": false,
                "update_allows_fetch_and_merge": false
              }
            ],
            "ruleset_id": 20264578,
            "target": "tag"
          },
          "sensitive_attributes": [],
          "private": "eyJzY2hlbWFfdmVyc2lvbiI6IjEifQ==",
          "dependencies": [
            "module.repo.github_repository.this"
          ]
        }
      ]
    },
    {
      "module": "module.repo[\"ci-spotless-java\"]",
      "mode": "managed",
      "type": "github_repository_ruleset",
      "name": "require_pull_request",
      "provider": "provider[\"registry.opentofu.org/integrations/github\"]",
      "instances": [
        {
          "schema_version": 1,
          "attributes": {
            "bypass_actors": [
              {
                "actor_id": 0,
                "actor_type": "OrganizationAdmin",
                "bypass_mode": "always"
              },
              {
                "actor_id": 2462900,
                "actor_type": "Integration",
                "bypass_mode": "always"
              }
            ],
            "conditions": [
              {
                "ref_name": [
                  {
                    "exclude": [],
                    "include": [
                      "~DEFAULT_BRANCH",
                      "refs/heads/??.x",
                      "refs/heads/master"
                    ]
                  }
                ]
              }
            ],
            "enforcement": "active",
            "etag": "W/\"d82d52de0e2758c263f6920863cfef9a8c67d0067208565061b97fac13e9ebd0\"",
            "id": "20264579",
            "name": "Require Pull Request",
            "node_id": "RRS_lACqUmVwb3NpdG9yec5OvlqqzgE1NoM",
            "repository": "ci-spotless-java",
            "rules": [
              {
                "branch_name_pattern": [],
                "commit_author_email_pattern": [],
                "commit_message_pattern": [],
                "committer_email_pattern": [],
                "copilot_code_review": [],
                "creation": false,
                "deletion": false,
                "file_extension_restriction": [],
                "file_path_restriction": [],
                "max_file_path_length": [],
                "max_file_size": [],
                "merge_queue": [],
                "non_fast_forward": false,
                "pull_request": [
                  {
                    "allowed_merge_methods": [
                      "squash"
                    ],
                    "dismiss_stale_reviews_on_push": false,
                    "require_code_owner_review": true,
                    "require_last_push_approval": false,
                    "required_approving_review_count": 0,
                    "required_review_thread_resolution": false,
                    "required_reviewers": []
                  }
                ],
                "required_code_scanning": [],
                "required_deployments": [],
                "required_linear_history": false,
                "required_signatures": false,
                "required_status_checks": [],
                "tag_name_pattern": [],
                "update": false,
                "update_allows_fetch_and_merge": false
              }
            ],
            "ruleset_id": 20264579,
            "target": "branch"
          },
          "sensitive_attributes": [],
          "private": "eyJzY2hlbWFfdmVyc2lvbiI6IjEifQ==",
          "dependencies": [
            "github_team.approvers",
            "module.repo.github_repository.this"
          ]
        }
      ]
    },
    {
      "module": "module.repo[\"ci-spotless-java\"]",
      "mode": "managed",
      "type": "github_repository_ruleset",
      "name": "required_default_checks",
      "provider": "provider[\"registry.opentofu.org/integrations/github\"]",
      "instances": [
        {
          "schema_version": 1,
          "attributes": {
            "bypass_actors": [
              {
                "actor_id": 0,
                "actor_type": "OrganizationAdmin",
                "bypass_mode": "always"
              },
              {
                "actor_id": 2462900,
                "actor_type": "Integration",
                "bypass_mode": "always"
              }
            ],
            "conditions": [
              {
                "ref_name": [
                  {
                    "exclude": [],
                    "include": [
                      "~DEFAULT_BRANCH",
                      "refs/heads/??.x"
                    ]
                  }
                ]
              }
            ],
            "enforcement": "active",
            "etag": "W/\"71cc813fe388ff0d654f6c6b685b4bcdd062dc208f7860bcd01b0422f2946471\"",
            "id": "20264580",
            "name": "Required Default PR Checks",
            "node_id": "RRS_lACqUmVwb3NpdG9yec5OvlqqzgE1NoQ",
            "repository": "ci-spotless-java",
            "rules": [
              {
                "branch_name_pattern": [],
                "commit_author_email_pattern": [],
                "commit_message_pattern": [],
                "committer_email_pattern": [],
                "copilot_code_review": [],
                "creation": false,
                "deletion": false,
                "file_extension_restriction": [],
                "file_path_restriction": [],
                "max_file_path_length": [],
                "max_file_size": [],
                "merge_queue": [],
                "non_fast_forward": false,
                "pull_request": [],
                "required_code_scanning": [],
                "required_deployments": [],
                "required_linear_history": false,
                "required_signatures": false,
                "required_status_checks": [
                  {
                    "do_not_enforce_on_create": false,
                    "required_check": [
                      {
                        "context": "Commit Message Check / Check Commit Message",
                        "integration_id": 15368
                      },
                      {
                        "context": "Copyright Header Check / Check Copyright Header",
                        "integration_id": 15368
                      },
                      {
                        "context": "Markdown Check / Check Markdown",
                        "integration_id": 15368
                      },
                      {
                        "context": "Trailing Newline Check / Check Trailing Newline",
                        "integration_id": 15368
                      }
                    ],
                    "strict_required_status_checks_policy": false
                  }
                ],
                "tag_name_pattern": [],
                "update": false,
                "update_allows_fetch_and_merge": false
              }
            ],
            "ruleset_id": 20264580,
            "target": "branch"
          },
          "sensitive_attributes": [],
          "private": "eyJzY2hlbWFfdmVyc2lvbiI6IjEifQ==",
          "dependencies": [
            "module.repo.github_repository.this"
          ]
        }
      ]
    },
    {
      "module": "module.repo[\"ci-spotless-java\"]",
      "mode": "managed",
      "type": "github_repository_ruleset",
      "name": "required_language_checks",
      "provider": "provider[\"registry.opentofu.org/integrations/github\"]",
      "instances": [
        {
          "index_key": 0,
          "schema_version": 1,
          "attributes": {
            "bypass_actors": [
              {
                "actor_id": 0,
                "actor_type": "OrganizationAdmin",
                "bypass_mode": "always"
              },
              {
                "actor_id": 2462900,
                "actor_type": "Integration",
                "bypass_mode": "always"
              }
            ],
            "conditions": [
              {
                "ref_name": [
                  {
                    "exclude": [],
                    "include": [
                      "~DEFAULT_BRANCH",
                      "refs/heads/??.x"
                    ]
                  }
                ]
              }
            ],
            "enforcement": "active",
            "etag": "W/\"ec1f14a2cbc29646c7c7dd7c64835747eacfe2eff44e6a698c3885c08b2bcfaf\"",
            "id": "20264582",
            "name": "Required Java PR Checks",
            "node_id": "RRS_lACqUmVwb3NpdG9yec5OvlqqzgE1NoY",
            "repository": "ci-spotless-java",
            "rules": [
              {
                "branch_name_pattern": [],
                "commit_author_email_pattern": [],
                "commit_message_pattern": [],
                "committer_email_pattern": [],
                "copilot_code_review": [],
                "creation": false,
                "deletion": false,
                "file_extension_restriction": [],
                "file_path_restriction": [],
                "max_file_path_length": [],
                "max_file_size": [],
                "merge_queue": [],
                "non_fast_forward": false,
                "pull_request": [],
                "required_code_scanning": [],
                "required_deployments": [],
                "required_linear_history": false,
                "required_signatures": false,
                "required_status_checks": [
                  {
                    "do_not_enforce_on_create": false,
                    "required_check": [
                      {
                        "context": "Tools / ArchUnit / ArchUnit",
                        "integration_id": 15368
                      },
                      {
                        "context": "Tools / ErrorProne / ErrorProne",
                        "integration_id": 15368
                      },
                      {
                        "context": "Tools / JUnit / JUnit",
                        "integration_id": 15368
                      },
                      {
                        "context": "Tools / SpotBugs / SpotBugs",
                        "integration_id": 15368
                      },
                      {
                        "context": "Tools / Spotless / Spotless",
                        "integration_id": 15368
                      }
                    ],
                    "strict_required_status_checks_policy": false
                  }
                ],
                "tag_name_pattern": [],
                "update": false,
                "update_allows_fetch_and_merge": false
              }
            ],
            "ruleset_id": 20264582,
            "target": "branch"
          },
          "sensitive_attributes": [],
          "private": "eyJzY2hlbWFfdmVyc2lvbiI6IjEifQ==",
          "dependencies": [
            "module.repo.github_repository.this"
          ]
        }
      ]
    },
    {
      "module": "module.repo[\"ci-spotless-java\"]",
      "mode": "managed",
      "type": "github_repository_ruleset",
      "name": "restrict_unsupported_branches",
      "provider": "provider[\"registry.opentofu.org/integrations/github\"]",
      "instances": [
        {
          "schema_version": 1,
          "attributes": {
            "bypass_actors": [
              {
                "actor_id": 2462900,
                "actor_type": "Integration",
                "bypass_mode": "always"
              }
            ],
            "conditions": [
              {
                "ref_name": [
                  {
                    "exclude": [],
                    "include": [
                      "refs/heads/??.x-backup",
                      "refs/heads/master-backup"
                    ]
                  }
                ]
              }
            ],
            "enforcement": "active",
            "etag": "W/\"74798cd873b2f8787ce14cbd0ded980c4deb2c4e5980301978a06fdb6e336ba7\"",
            "id": "20264581",
            "name": "Restrict Changes to Unsupported Branches",
            "node_id": "RRS_lACqUmVwb3NpdG9yec5OvlqqzgE1NoU",
            "repository": "ci-spotless-java",
            "rules": [
              {
                "branch_name_pattern": [],
                "commit_author_email_pattern": [],
                "commit_message_pattern": [],
                "committer_email_pattern": [],
                "copilot_code_review": [],
                "creation": true,
                "deletion": true,
                "file_extension_restriction": [],
                "file_path_restriction": [],
                "max_file_path_length": [],
                "max_file_size": [],
                "merge_queue": [],
                "non_fast_forward": true,
                "pull_request": [],
                "required_code_scanning": [],
                "required_deployments": [],
                "required_linear_history": false,
                "required_signatures": false,
                "required_status_checks": [],
                "tag_name_pattern": [],
                "update": true,
                "update_allows_fetch_and_merge": false
              }
            ],
            "ruleset_id": 20264581,
            "target": "branch"
          },
          "sensitive_attributes": [],
          "private": "eyJzY2hlbWFfdmVyc2lvbiI6IjEifQ==",
          "dependencies": [
            "module.repo.github_repository.this"
          ]
        }
      ]
    },
    {
      "module": "module.repo[\"ci-spotless-java\"]",
      "mode": "managed",
      "type": "github_repository_vulnerability_alerts",
      "name": "this",
      "provider": "provider[\"registry.opentofu.org/integrations/github\"]",
      "instances": [
        {
          "schema_version": 0,
          "attributes": {
            "enabled": true,
            "id": "1321097898",
            "repository": "ci-spotless-java",
            "repository_id": 1321097898
          },
          "sensitive_attributes": [],
          "private": "eyJzY2hlbWFfdmVyc2lvbiI6IjAifQ==",
          "dependencies": [
            "module.repo.github_repository.this"
          ]
        }
      ]
    },
    {
      "module": "module.repo[\"ci-spotless-java\"]",
      "mode": "managed",
      "type": "github_team_repository",
      "name": "approvers",
      "provider": "provider[\"registry.opentofu.org/integrations/github\"]",
      "instances": [
        {
          "index_key": 0,
          "schema_version": 0,
          "attributes": {
            "etag": "W/\"d6d8d1e17051d6ff05761ec5b54ee1b6b887e6f096f44a3acac8badbc90481a1\"",
            "id": "18867552:ci-spotless-java",
            "permission": "push",
            "repository": "ci-spotless-java",
            "team_id": "approvers"
          },
          "sensitive_attributes": [],
          "private": "bnVsbA==",
          "dependencies": [
            "module.repo.github_repository.this"
          ]
        }
      ]
    },
    {
      "module": "module.repo[\"infra-github\"]",
      "mode": "managed",
      "type": "github_issue_label",
      "name": "claude_review",
      "provider": "provider[\"registry.opentofu.org/integrations/github\"]",
      "instances": [
        {
          "schema_version": 0,
          "attributes": {
            "color": "5319e7",
            "description": "Ask Claude to review this pull request",
            "etag": "\"211454282910a526f1365633ab03d608e42b8c9eaf2f0758d797bab8b0aac697\"",
            "id": "infra-github:claude-review",
            "name": "claude-review",
            "repository": "infra-github",
            "url": "https://api.github.com/repos/valkyrjaio/infra-github/labels/claude-review"
          },
          "sensitive_attributes": [],
          "private": "bnVsbA==",
          "dependencies": [
            "module.repo.github_repository.this"
          ]
        }
      ]
    },
    {
      "module": "module.repo[\"infra-github\"]",
      "mode": "managed",
      "type": "github_repository",
      "name": "this",
      "provider": "provider[\"registry.opentofu.org/integrations/github\"]",
      "instances": [
        {
          "schema_version": 1,
          "attributes": {
            "allow_auto_merge": false,
            "allow_forking": true,
            "allow_merge_commit": false,
            "allow_rebase_merge": false,
            "allow_squash_merge": true,
            "allow_update_branch": false,
            "archive_on_destroy": null,
            "archived": false,
            "auto_init": null,
            "default_branch": "26.x",
            "delete_branch_on_merge": true,
            "description": "Declarative GitHub organization configuration",
            "etag": "W/\"245deeae4b5eef6d3c4ac22a1f76b28e24189c7ca2485447401368e148b21653\"",
            "fork": "false",
            "full_name": "valkyrjaio/infra-github",
            "git_clone_url": "git://github.com/valkyrjaio/infra-github.git",
            "gitignore_template": null,
            "has_discussions": false,
            "has_downloads": false,
            "has_issues": true,
            "has_projects": false,
            "has_wiki": false,
            "homepage_url": "",
            "html_url": "https://github.com/valkyrjaio/infra-github",
            "http_clone_url": "https://github.com/valkyrjaio/infra-github.git",
            "id": "infra-github",
            "ignore_vulnerability_alerts_during_read": false,
            "is_template": false,
            "license_template": null,
            "merge_commit_message": "PR_TITLE",
            "merge_commit_title": "MERGE_MESSAGE",
            "name": "infra-github",
            "node_id": "R_kgDOTvbxIw",
            "pages": [],
            "primary_language": "HCL",
            "private": false,
            "repo_id": 1324806435,
            "security_and_analysis": [
              {
                "advanced_security": [],
                "code_security": [],
                "secret_scanning": [
                  {
                    "status": "disabled"
                  }
                ],
                "secret_scanning_ai_detection": [],
                "secret_scanning_non_provider_patterns": [],
                "secret_scanning_push_protection": [
                  {
                    "status": "disabled"
                  }
                ]
              }
            ],
            "source_owner": "",
            "source_repo": "",
            "squash_merge_commit_message": "PR_BODY",
            "squash_merge_commit_title": "PR_TITLE",
            "ssh_clone_url": "git@github.com:valkyrjaio/infra-github.git",
            "svn_url": "https://github.com/valkyrjaio/infra-github",
            "template": [],
            "topics": [],
            "visibility": "public",
            "vulnerability_alerts": true,
            "web_commit_signoff_required": false
          },
          "sensitive_attributes": [],
          "private": "eyJzY2hlbWFfdmVyc2lvbiI6IjEifQ=="
        }
      ]
    },
    {
      "module": "module.repo[\"infra-github\"]",
      "mode": "managed",
      "type": "github_repository_ruleset",
      "name": "extra_checks",
      "provider": "provider[\"registry.opentofu.org/integrations/github\"]",
      "instances": [
        {
          "index_key": "Required Infra PR Checks",
          "schema_version": 1,
          "attributes": {
            "bypass_actors": [
              {
                "actor_id": 0,
                "actor_type": "OrganizationAdmin",
                "bypass_mode": "always"
              },
              {
                "actor_id": 2462900,
                "actor_type": "Integration",
                "bypass_mode": "always"
              }
            ],
            "conditions": [
              {
                "ref_name": [
                  {
                    "exclude": [],
                    "include": [
                      "~DEFAULT_BRANCH",
                      "refs/heads/??.x"
                    ]
                  }
                ]
              }
            ],
            "enforcement": "active",
            "etag": "W/\"de0028a0bb73e53aef780e40b36205659724cb2c10e6626ad80a1816a69cca61\"",
            "id": "20493744",
            "name": "Required Infra PR Checks",
            "node_id": "RRS_lACqUmVwb3NpdG9yec5O9vEjzgE4tbA",
            "repository": "infra-github",
            "rules": [
              {
                "branch_name_pattern": [],
                "commit_author_email_pattern": [],
                "commit_message_pattern": [],
                "committer_email_pattern": [],
                "copilot_code_review": [],
                "creation": false,
                "deletion": false,
                "file_extension_restriction": [],
                "file_path_restriction": [],
                "max_file_path_length": [],
                "max_file_size": [],
                "merge_queue": [],
                "non_fast_forward": false,
                "pull_request": [],
                "required_code_scanning": [],
                "required_deployments": [],
                "required_linear_history": false,
                "required_signatures": false,
                "required_status_checks": [
                  {
                    "do_not_enforce_on_create": false,
                    "required_check": [
                      {
                        "context": "Config Plan",
                        "integration_id": 15368
                      }
                    ],
                    "strict_required_status_checks_policy": false
                  }
                ],
                "tag_name_pattern": [],
                "update": false,
                "update_allows_fetch_and_merge": false
              }
            ],
            "ruleset_id": 20493744,
            "target": "branch"
          },
          "sensitive_attributes": [],
          "private": "eyJzY2hlbWFfdmVyc2lvbiI6IjEifQ==",
          "dependencies": [
            "module.repo.github_repository.this"
          ]
        }
      ]
    },
    {
      "module": "module.repo[\"infra-github\"]",
      "mode": "managed",
      "type": "github_repository_ruleset",
      "name": "force_push_protection",
      "provider": "provider[\"registry.opentofu.org/integrations/github\"]",
      "instances": [
        {
          "schema_version": 1,
          "attributes": {
            "bypass_actors": [
              {
                "actor_id": 0,
                "actor_type": "OrganizationAdmin",
                "bypass_mode": "always"
              }
            ],
            "conditions": [
              {
                "ref_name": [
                  {
                    "exclude": [],
                    "include": [
                      "refs/heads/??.x"
                    ]
                  }
                ]
              }
            ],
            "enforcement": "active",
            "etag": "W/\"d07a3eef85c61d19c10ae476cb81d6101ebbd1a09c8bd93a7e13a68d2b0f159d\"",
            "id": "20493739",
            "name": "Protect Against Force Pushes and Deletion",
            "node_id": "RRS_lACqUmVwb3NpdG9yec5O9vEjzgE4tas",
            "repository": "infra-github",
            "rules": [
              {
                "branch_name_pattern": [],
                "commit_author_email_pattern": [],
                "commit_message_pattern": [],
                "committer_email_pattern": [],
                "copilot_code_review": [],
                "creation": false,
                "deletion": true,
                "file_extension_restriction": [],
                "file_path_restriction": [],
                "max_file_path_length": [],
                "max_file_size": [],
                "merge_queue": [],
                "non_fast_forward": true,
                "pull_request": [],
                "required_code_scanning": [],
                "required_deployments": [],
                "required_linear_history": false,
                "required_signatures": false,
                "required_status_checks": [],
                "tag_name_pattern": [],
                "update": false,
                "update_allows_fetch_and_merge": false
              }
            ],
            "ruleset_id": 20493739,
            "target": "branch"
          },
          "sensitive_attributes": [],
          "private": "eyJzY2hlbWFfdmVyc2lvbiI6IjEifQ==",
          "dependencies": [
            "module.repo.github_repository.this"
          ]
        }
      ]
    },
    {
      "module": "module.repo[\"infra-github\"]",
      "mode": "managed",
      "type": "github_repository_ruleset",
      "name": "protect_master",
      "provider": "provider[\"registry.opentofu.org/integrations/github\"]",
      "instances": [
        {
          "schema_version": 1,
          "attributes": {
            "bypass_actors": [],
            "conditions": [
              {
                "ref_name": [
                  {
                    "exclude": [],
                    "include": [
                      "refs/heads/master"
                    ]
                  }
                ]
              }
            ],
            "enforcement": "active",
            "etag": "W/\"a947f6f71f8be2c47e5d846562f2569cc4b76f7d19abbc0868078f04f25ea685\"",
            "id": "20493741",
            "name": "Protect Master At All Times",
            "node_id": "RRS_lACqUmVwb3NpdG9yec5O9vEjzgE4ta0",
            "repository": "infra-github",
            "rules": [
              {
                "branch_name_pattern": [],
                "commit_author_email_pattern": [],
                "commit_message_pattern": [],
                "committer_email_pattern": [],
                "copilot_code_review": [],
                "creation": false,
                "deletion": true,
                "file_extension_restriction": [],
                "file_path_restriction": [],
                "max_file_path_length": [],
                "max_file_size": [],
                "merge_queue": [],
                "non_fast_forward": true,
                "pull_request": [],
                "required_code_scanning": [],
                "required_deployments": [],
                "required_linear_history": false,
                "required_signatures": false,
                "required_status_checks": [],
                "tag_name_pattern": [],
                "update": false,
                "update_allows_fetch_and_merge": false
              }
            ],
            "ruleset_id": 20493741,
            "target": "branch"
          },
          "sensitive_attributes": [],
          "private": "eyJzY2hlbWFfdmVyc2lvbiI6IjEifQ==",
          "dependencies": [
            "module.repo.github_repository.this"
          ]
        }
      ]
    },
    {
      "module": "module.repo[\"infra-github\"]",
      "mode": "managed",
      "type": "github_repository_ruleset",
      "name": "protect_release_tags",
      "provider": "provider[\"registry.opentofu.org/integrations/github\"]",
      "instances": [
        {
          "schema_version": 1,
          "attributes": {
            "bypass_actors": [
              {
                "actor_id": 0,
                "actor_type": "OrganizationAdmin",
                "bypass_mode": "always"
              }
            ],
            "conditions": [
              {
                "ref_name": [
                  {
                    "exclude": [],
                    "include": [
                      "refs/tags/*.*.*"
                    ]
                  }
                ]
              }
            ],
            "enforcement": "active",
            "etag": "W/\"35ee677866efa4192fd2cee0b67c352e815efd018eb61a7ee04d9459967013c6\"",
            "id": "20493737",
            "name": "Protect Release Tags",
            "node_id": "RRS_lACqUmVwb3NpdG9yec5O9vEjzgE4tak",
            "repository": "infra-github",
            "rules": [
              {
                "branch_name_pattern": [],
                "commit_author_email_pattern": [],
                "commit_message_pattern": [],
                "committer_email_pattern": [],
                "copilot_code_review": [],
                "creation": false,
                "deletion": true,
                "file_extension_restriction": [],
                "file_path_restriction": [],
                "max_file_path_length": [],
                "max_file_size": [],
                "merge_queue": [],
                "non_fast_forward": true,
                "pull_request": [],
                "required_code_scanning": [],
                "required_deployments": [],
                "required_linear_history": false,
                "required_signatures": false,
                "required_status_checks": [],
                "tag_name_pattern": [],
                "update": false,
                "update_allows_fetch_and_merge": false
              }
            ],
            "ruleset_id": 20493737,
            "target": "tag"
          },
          "sensitive_attributes": [],
          "private": "eyJzY2hlbWFfdmVyc2lvbiI6IjEifQ==",
          "dependencies": [
            "module.repo.github_repository.this"
          ]
        }
      ]
    },
    {
      "module": "module.repo[\"infra-github\"]",
      "mode": "managed",
      "type": "github_repository_ruleset",
      "name": "require_pull_request",
      "provider": "provider[\"registry.opentofu.org/integrations/github\"]",
      "instances": [
        {
          "schema_version": 1,
          "attributes": {
            "bypass_actors": [
              {
                "actor_id": 0,
                "actor_type": "OrganizationAdmin",
                "bypass_mode": "always"
              },
              {
                "actor_id": 2462900,
                "actor_type": "Integration",
                "bypass_mode": "always"
              }
            ],
            "conditions": [
              {
                "ref_name": [
                  {
                    "exclude": [],
                    "include": [
                      "~DEFAULT_BRANCH",
                      "refs/heads/??.x",
                      "refs/heads/master"
                    ]
                  }
                ]
              }
            ],
            "enforcement": "active",
            "etag": "W/\"471250bdcea33d81f255b033ecce6fa7ee3acfa51cb0e48a82b6c6f42c66a4ac\"",
            "id": "20493745",
            "name": "Require Pull Request",
            "node_id": "RRS_lACqUmVwb3NpdG9yec5O9vEjzgE4tbE",
            "repository": "infra-github",
            "rules": [
              {
                "branch_name_pattern": [],
                "commit_author_email_pattern": [],
                "commit_message_pattern": [],
                "committer_email_pattern": [],
                "copilot_code_review": [],
                "creation": false,
                "deletion": false,
                "file_extension_restriction": [],
                "file_path_restriction": [],
                "max_file_path_length": [],
                "max_file_size": [],
                "merge_queue": [],
                "non_fast_forward": false,
                "pull_request": [
                  {
                    "allowed_merge_methods": [
                      "squash"
                    ],
                    "dismiss_stale_reviews_on_push": false,
                    "require_code_owner_review": true,
                    "require_last_push_approval": false,
                    "required_approving_review_count": 0,
                    "required_review_thread_resolution": false,
                    "required_reviewers": []
                  }
                ],
                "required_code_scanning": [],
                "required_deployments": [],
                "required_linear_history": false,
                "required_signatures": false,
                "required_status_checks": [],
                "tag_name_pattern": [],
                "update": false,
                "update_allows_fetch_and_merge": false
              }
            ],
            "ruleset_id": 20493745,
            "target": "branch"
          },
          "sensitive_attributes": [],
          "private": "eyJzY2hlbWFfdmVyc2lvbiI6IjEifQ==",
          "dependencies": [
            "github_team.approvers",
            "module.repo.github_repository.this"
          ]
        }
      ]
    },
    {
      "module": "module.repo[\"infra-github\"]",
      "mode": "managed",
      "type": "github_repository_ruleset",
      "name": "required_default_checks",
      "provider": "provider[\"registry.opentofu.org/integrations/github\"]",
      "instances": [
        {
          "schema_version": 1,
          "attributes": {
            "bypass_actors": [
              {
                "actor_id": 0,
                "actor_type": "OrganizationAdmin",
                "bypass_mode": "always"
              },
              {
                "actor_id": 2462900,
                "actor_type": "Integration",
                "bypass_mode": "always"
              }
            ],
            "conditions": [
              {
                "ref_name": [
                  {
                    "exclude": [],
                    "include": [
                      "~DEFAULT_BRANCH",
                      "refs/heads/??.x"
                    ]
                  }
                ]
              }
            ],
            "enforcement": "active",
            "etag": "W/\"0fdb81bfab8f82a4cb9d8947f31810bc1b441565fda20e3c49197de295c75a2d\"",
            "id": "20493740",
            "name": "Required Default PR Checks",
            "node_id": "RRS_lACqUmVwb3NpdG9yec5O9vEjzgE4taw",
            "repository": "infra-github",
            "rules": [
              {
                "branch_name_pattern": [],
                "commit_author_email_pattern": [],
                "commit_message_pattern": [],
                "committer_email_pattern": [],
                "copilot_code_review": [],
                "creation": false,
                "deletion": false,
                "file_extension_restriction": [],
                "file_path_restriction": [],
                "max_file_path_length": [],
                "max_file_size": [],
                "merge_queue": [],
                "non_fast_forward": false,
                "pull_request": [],
                "required_code_scanning": [],
                "required_deployments": [],
                "required_linear_history": false,
                "required_signatures": false,
                "required_status_checks": [
                  {
                    "do_not_enforce_on_create": false,
                    "required_check": [
                      {
                        "context": "Commit Message Check / Check Commit Message",
                        "integration_id": 15368
                      },
                      {
                        "context": "Copyright Header Check / Check Copyright Header",
                        "integration_id": 15368
                      },
                      {
                        "context": "Markdown Check / Check Markdown",
                        "integration_id": 15368
                      },
                      {
                        "context": "Trailing Newline Check / Check Trailing Newline",
                        "integration_id": 15368
                      }
                    ],
                    "strict_required_status_checks_policy": false
                  }
                ],
                "tag_name_pattern": [],
                "update": false,
                "update_allows_fetch_and_merge": false
              }
            ],
            "ruleset_id": 20493740,
            "target": "branch"
          },
          "sensitive_attributes": [],
          "private": "eyJzY2hlbWFfdmVyc2lvbiI6IjEifQ==",
          "dependencies": [
            "module.repo.github_repository.this"
          ]
        }
      ]
    },
    {
      "module": "module.repo[\"infra-github\"]",
      "mode": "managed",
      "type": "github_repository_ruleset",
      "name": "restrict_unsupported_branches",
      "provider": "provider[\"registry.opentofu.org/integrations/github\"]",
      "instances": [
        {
          "schema_version": 1,
          "attributes": {
            "bypass_actors": [
              {
                "actor_id": 2462900,
                "actor_type": "Integration",
                "bypass_mode": "always"
              }
            ],
            "conditions": [
              {
                "ref_name": [
                  {
                    "exclude": [],
                    "include": [
                      "refs/heads/??.x-backup",
                      "refs/heads/master-backup"
                    ]
                  }
                ]
              }
            ],
            "enforcement": "active",
            "etag": "W/\"b4ec08a2e22f07f94fdaabca1621b25e0c615f3c4d2ce8aadbdf74928c345cd2\"",
            "id": "20493742",
            "name": "Restrict Changes to Unsupported Branches",
            "node_id": "RRS_lACqUmVwb3NpdG9yec5O9vEjzgE4ta4",
            "repository": "infra-github",
            "rules": [
              {
                "branch_name_pattern": [],
                "commit_author_email_pattern": [],
                "commit_message_pattern": [],
                "committer_email_pattern": [],
                "copilot_code_review": [],
                "creation": true,
                "deletion": true,
                "file_extension_restriction": [],
                "file_path_restriction": [],
                "max_file_path_length": [],
                "max_file_size": [],
                "merge_queue": [],
                "non_fast_forward": true,
                "pull_request": [],
                "required_code_scanning": [],
                "required_deployments": [],
                "required_linear_history": false,
                "required_signatures": false,
                "required_status_checks": [],
                "tag_name_pattern": [],
                "update": true,
                "update_allows_fetch_and_merge": false
              }
            ],
            "ruleset_id": 20493742,
            "target": "branch"
          },
          "sensitive_attributes": [],
          "private": "eyJzY2hlbWFfdmVyc2lvbiI6IjEifQ==",
          "dependencies": [
            "module.repo.github_repository.this"
          ]
        }
      ]
    },
    {
      "module": "module.repo[\"infra-github\"]",
      "mode": "managed",
      "type": "github_repository_vulnerability_alerts",
      "name": "this",
      "provider": "provider[\"registry.opentofu.org/integrations/github\"]",
      "instances": [
        {
          "schema_version": 0,
          "attributes": {
            "enabled": true,
            "id": "1324806435",
            "repository": "infra-github",
            "repository_id": 1324806435
          },
          "sensitive_attributes": [],
          "private": "bnVsbA==",
          "dependencies": [
            "module.repo.github_repository.this"
          ]
        }
      ]
    },
    {
      "module": "module.repo[\"infra-github\"]",
      "mode": "managed",
      "type": "github_team_repository",
      "name": "approvers",
      "provider": "provider[\"registry.opentofu.org/integrations/github\"]",
      "instances": [
        {
          "index_key": 0,
          "schema_version": 0,
          "attributes": {
            "etag": "W/\"ac61e91bd574d2044dfcc3ad73d853c259ed02777b620e0ac83582758fe6a260\"",
            "id": "18867552:infra-github",
            "permission": "push",
            "repository": "infra-github",
            "team_id": "approvers"
          },
          "sensitive_attributes": [],
          "private": "bnVsbA==",
          "dependencies": [
            "module.repo.github_repository.this"
          ]
        }
      ]
    },
    {
      "module": "module.repo[\"project-template-go\"]",
      "mode": "managed",
      "type": "github_issue_label",
      "name": "claude_review",
      "provider": "provider[\"registry.opentofu.org/integrations/github\"]",
      "instances": [
        {
          "schema_version": 0,
          "attributes": {
            "color": "5319e7",
            "description": "Ask Claude to review this pull request",
            "etag": "W/\"7bf252fe8da6c5bd7c9958e8ff610504a63cd275886f21b82ef14b526a53dd0c\"",
            "id": "project-template-go:claude-review",
            "name": "claude-review",
            "repository": "project-template-go",
            "url": "https://api.github.com/repos/valkyrjaio/project-template-go/labels/claude-review"
          },
          "sensitive_attributes": [],
          "private": "eyJzY2hlbWFfdmVyc2lvbiI6IjAifQ==",
          "dependencies": [
            "module.repo.github_repository.this"
          ]
        }
      ]
    },
    {
      "module": "module.repo[\"project-template-go\"]",
      "mode": "managed",
      "type": "github_repository",
      "name": "this",
      "provider": "provider[\"registry.opentofu.org/integrations/github\"]",
      "instances": [
        {
          "schema_version": 1,
          "attributes": {
            "allow_auto_merge": false,
            "allow_forking": true,
            "allow_merge_commit": false,
            "allow_rebase_merge": false,
            "allow_squash_merge": true,
            "allow_update_branch": false,
            "archive_on_destroy": null,
            "archived": false,
            "auto_init": false,
            "default_branch": "26.x",
            "delete_branch_on_merge": true,
            "description": "Go Project Template",
            "etag": "W/\"2b98f9ebc873daac49c227be98fbe9e2d99a4fb88a2286a77b35631b288a69cb\"",
            "fork": "false",
            "full_name": "valkyrjaio/project-template-go",
            "git_clone_url": "git://github.com/valkyrjaio/project-template-go.git",
            "gitignore_template": null,
            "has_discussions": false,
            "has_downloads": false,
            "has_issues": true,
            "has_projects": false,
            "has_wiki": false,
            "homepage_url": "",
            "html_url": "https://github.com/valkyrjaio/project-template-go",
            "http_clone_url": "https://github.com/valkyrjaio/project-template-go.git",
            "id": "project-template-go",
            "ignore_vulnerability_alerts_during_read": null,
            "is_template": true,
            "license_template": null,
            "merge_commit_message": "PR_TITLE",
            "merge_commit_title": "MERGE_MESSAGE",
            "name": "project-template-go",
            "node_id": "R_kgDOSXKxaQ",
            "pages": [],
            "primary_language": "Makefile",
            "private": false,
            "repo_id": 1232253289,
            "security_and_analysis": [
              {
                "advanced_security": [],
                "code_security": [],
                "secret_scanning": [
                  {
                    "status": "disabled"
                  }
                ],
                "secret_scanning_ai_detection": [],
                "secret_scanning_non_provider_patterns": [],
                "secret_scanning_push_protection": [
                  {
                    "status": "disabled"
                  }
                ]
              }
            ],
            "source_owner": "",
            "source_repo": "",
            "squash_merge_commit_message": "PR_BODY",
            "squash_merge_commit_title": "PR_TITLE",
            "ssh_clone_url": "git@github.com:valkyrjaio/project-template-go.git",
            "svn_url": "https://github.com/valkyrjaio/project-template-go",
            "template": [],
            "topics": [],
            "visibility": "public",
            "vulnerability_alerts": true,
            "web_commit_signoff_required": false
          },
          "sensitive_attributes": [],
          "private": "eyJzY2hlbWFfdmVyc2lvbiI6IjEifQ=="
        }
      ]
    },
    {
      "module": "module.repo[\"project-template-go\"]",
      "mode": "managed",
      "type": "github_repository_ruleset",
      "name": "force_push_protection",
      "provider": "provider[\"registry.opentofu.org/integrations/github\"]",
      "instances": [
        {
          "schema_version": 1,
          "attributes": {
            "bypass_actors": [
              {
                "actor_id": 0,
                "actor_type": "OrganizationAdmin",
                "bypass_mode": "always"
              }
            ],
            "conditions": [
              {
                "ref_name": [
                  {
                    "exclude": [],
                    "include": [
                      "refs/heads/??.x"
                    ]
                  }
                ]
              }
            ],
            "enforcement": "active",
            "etag": "W/\"c1fbc340692c73827355d3ce003edbf9dcaf88e34477fe0a14771f5e505f97a4\"",
            "id": "16099705",
            "name": "Protect Against Force Pushes and Deletion",
            "node_id": "RRS_lACqUmVwb3NpdG9yec5JcrFpzgD1qXk",
            "repository": "project-template-go",
            "rules": [
              {
                "branch_name_pattern": [],
                "commit_author_email_pattern": [],
                "commit_message_pattern": [],
                "committer_email_pattern": [],
                "copilot_code_review": [],
                "creation": false,
                "deletion": true,
                "file_extension_restriction": [],
                "file_path_restriction": [],
                "max_file_path_length": [],
                "max_file_size": [],
                "merge_queue": [],
                "non_fast_forward": true,
                "pull_request": [],
                "required_code_scanning": [],
                "required_deployments": [],
                "required_linear_history": false,
                "required_signatures": false,
                "required_status_checks": [],
                "tag_name_pattern": [],
                "update": false,
                "update_allows_fetch_and_merge": false
              }
            ],
            "ruleset_id": 16099705,
            "target": "branch"
          },
          "sensitive_attributes": [],
          "private": "eyJzY2hlbWFfdmVyc2lvbiI6IjEifQ==",
          "dependencies": [
            "module.repo.github_repository.this"
          ]
        }
      ]
    },
    {
      "module": "module.repo[\"project-template-go\"]",
      "mode": "managed",
      "type": "github_repository_ruleset",
      "name": "protect_master",
      "provider": "provider[\"registry.opentofu.org/integrations/github\"]",
      "instances": [
        {
          "schema_version": 1,
          "attributes": {
            "bypass_actors": [],
            "conditions": [
              {
                "ref_name": [
                  {
                    "exclude": [],
                    "include": [
                      "refs/heads/master"
                    ]
                  }
                ]
              }
            ],
            "enforcement": "active",
            "etag": "W/\"27bc51ff54deb5f8dc585b5422604f49471f1fb1ab0344ccd442ad4b4d55bcaf\"",
            "id": "16099706",
            "name": "Protect Master At All Times",
            "node_id": "RRS_lACqUmVwb3NpdG9yec5JcrFpzgD1qXo",
            "repository": "project-template-go",
            "rules": [
              {
                "branch_name_pattern": [],
                "commit_author_email_pattern": [],
                "commit_message_pattern": [],
                "committer_email_pattern": [],
                "copilot_code_review": [],
                "creation": false,
                "deletion": true,
                "file_extension_restriction": [],
                "file_path_restriction": [],
                "max_file_path_length": [],
                "max_file_size": [],
                "merge_queue": [],
                "non_fast_forward": true,
                "pull_request": [],
                "required_code_scanning": [],
                "required_deployments": [],
                "required_linear_history": false,
                "required_signatures": false,
                "required_status_checks": [],
                "tag_name_pattern": [],
                "update": false,
                "update_allows_fetch_and_merge": false
              }
            ],
            "ruleset_id": 16099706,
            "target": "branch"
          },
          "sensitive_attributes": [],
          "private": "eyJzY2hlbWFfdmVyc2lvbiI6IjEifQ==",
          "dependencies": [
            "module.repo.github_repository.this"
          ]
        }
      ]
    },
    {
      "module": "module.repo[\"project-template-go\"]",
      "mode": "managed",
      "type": "github_repository_ruleset",
      "name": "protect_release_tags",
      "provider": "provider[\"registry.opentofu.org/integrations/github\"]",
      "instances": [
        {
          "schema_version": 1,
          "attributes": {
            "bypass_actors": [
              {
                "actor_id": 0,
                "actor_type": "OrganizationAdmin",
                "bypass_mode": "always"
              }
            ],
            "conditions": [
              {
                "ref_name": [
                  {
                    "exclude": [],
                    "include": [
                      "refs/tags/*.*.*"
                    ]
                  }
                ]
              }
            ],
            "enforcement": "active",
            "etag": "W/\"76316710f14eb9237468d58467c012d06c177210af65398ee4c04c168b030279\"",
            "id": "16099707",
            "name": "Protect Release Tags",
            "node_id": "RRS_lACqUmVwb3NpdG9yec5JcrFpzgD1qXs",
            "repository": "project-template-go",
            "rules": [
              {
                "branch_name_pattern": [],
                "commit_author_email_pattern": [],
                "commit_message_pattern": [],
                "committer_email_pattern": [],
                "copilot_code_review": [],
                "creation": false,
                "deletion": true,
                "file_extension_restriction": [],
                "file_path_restriction": [],
                "max_file_path_length": [],
                "max_file_size": [],
                "merge_queue": [],
                "non_fast_forward": true,
                "pull_request": [],
                "required_code_scanning": [],
                "required_deployments": [],
                "required_linear_history": false,
                "required_signatures": false,
                "required_status_checks": [],
                "tag_name_pattern": [],
                "update": false,
                "update_allows_fetch_and_merge": false
              }
            ],
            "ruleset_id": 16099707,
            "target": "tag"
          },
          "sensitive_attributes": [],
          "private": "eyJzY2hlbWFfdmVyc2lvbiI6IjEifQ==",
          "dependencies": [
            "module.repo.github_repository.this"
          ]
        }
      ]
    },
    {
      "module": "module.repo[\"project-template-go\"]",
      "mode": "managed",
      "type": "github_repository_ruleset",
      "name": "require_pull_request",
      "provider": "provider[\"registry.opentofu.org/integrations/github\"]",
      "instances": [
        {
          "schema_version": 1,
          "attributes": {
            "bypass_actors": [
              {
                "actor_id": 0,
                "actor_type": "OrganizationAdmin",
                "bypass_mode": "always"
              },
              {
                "actor_id": 2462900,
                "actor_type": "Integration",
                "bypass_mode": "always"
              }
            ],
            "conditions": [
              {
                "ref_name": [
                  {
                    "exclude": [],
                    "include": [
                      "~DEFAULT_BRANCH",
                      "refs/heads/??.x",
                      "refs/heads/master"
                    ]
                  }
                ]
              }
            ],
            "enforcement": "active",
            "etag": "W/\"b574fdd00b1b64102a8c797766deecd56a853a0df2eb46316eac5cde3127de65\"",
            "id": "16099709",
            "name": "Require Pull Request",
            "node_id": "RRS_lACqUmVwb3NpdG9yec5JcrFpzgD1qX0",
            "repository": "project-template-go",
            "rules": [
              {
                "branch_name_pattern": [],
                "commit_author_email_pattern": [],
                "commit_message_pattern": [],
                "committer_email_pattern": [],
                "copilot_code_review": [],
                "creation": false,
                "deletion": false,
                "file_extension_restriction": [],
                "file_path_restriction": [],
                "max_file_path_length": [],
                "max_file_size": [],
                "merge_queue": [],
                "non_fast_forward": false,
                "pull_request": [
                  {
                    "allowed_merge_methods": [
                      "squash"
                    ],
                    "dismiss_stale_reviews_on_push": false,
                    "require_code_owner_review": true,
                    "require_last_push_approval": false,
                    "required_approving_review_count": 0,
                    "required_review_thread_resolution": false,
                    "required_reviewers": []
                  }
                ],
                "required_code_scanning": [],
                "required_deployments": [],
                "required_linear_history": false,
                "required_signatures": false,
                "required_status_checks": [],
                "tag_name_pattern": [],
                "update": false,
                "update_allows_fetch_and_merge": false
              }
            ],
            "ruleset_id": 16099709,
            "target": "branch"
          },
          "sensitive_attributes": [],
          "private": "eyJzY2hlbWFfdmVyc2lvbiI6IjEifQ==",
          "dependencies": [
            "github_team.approvers",
            "module.repo.github_repository.this"
          ]
        }
      ]
    },
    {
      "module": "module.repo[\"project-template-go\"]",
      "mode": "managed",
      "type": "github_repository_ruleset",
      "name": "required_default_checks",
      "provider": "provider[\"registry.opentofu.org/integrations/github\"]",
      "instances": [
        {
          "schema_version": 1,
          "attributes": {
            "bypass_actors": [
              {
                "actor_id": 0,
                "actor_type": "OrganizationAdmin",
                "bypass_mode": "always"
              },
              {
                "actor_id": 2462900,
                "actor_type": "Integration",
                "bypass_mode": "always"
              }
            ],
            "conditions": [
              {
                "ref_name": [
                  {
                    "exclude": [],
                    "include": [
                      "~DEFAULT_BRANCH",
                      "refs/heads/??.x"
                    ]
                  }
                ]
              }
            ],
            "enforcement": "active",
            "etag": "W/\"c042a67757f6f3ada2dc1baa7838f4a2bcaed7aa5bdacf2ca3772e6330b53dec\"",
            "id": "16099711",
            "name": "Required Default PR Checks",
            "node_id": "RRS_lACqUmVwb3NpdG9yec5JcrFpzgD1qX8",
            "repository": "project-template-go",
            "rules": [
              {
                "branch_name_pattern": [],
                "commit_author_email_pattern": [],
                "commit_message_pattern": [],
                "committer_email_pattern": [],
                "copilot_code_review": [],
                "creation": false,
                "deletion": false,
                "file_extension_restriction": [],
                "file_path_restriction": [],
                "max_file_path_length": [],
                "max_file_size": [],
                "merge_queue": [],
                "non_fast_forward": false,
                "pull_request": [],
                "required_code_scanning": [],
                "required_deployments": [],
                "required_linear_history": false,
                "required_signatures": false,
                "required_status_checks": [
                  {
                    "do_not_enforce_on_create": false,
                    "required_check": [
                      {
                        "context": "Commit Message Check / Check Commit Message",
                        "integration_id": 15368
                      },
                      {
                        "context": "Copyright Header Check / Check Copyright Header",
                        "integration_id": 15368
                      },
                      {
                        "context": "Markdown Check / Check Markdown",
                        "integration_id": 15368
                      },
                      {
                        "context": "Trailing Newline Check / Check Trailing Newline",
                        "integration_id": 15368
                      }
                    ],
                    "strict_required_status_checks_policy": false
                  }
                ],
                "tag_name_pattern": [],
                "update": false,
                "update_allows_fetch_and_merge": false
              }
            ],
            "ruleset_id": 16099711,
            "target": "branch"
          },
          "sensitive_attributes": [],
          "private": "eyJzY2hlbWFfdmVyc2lvbiI6IjEifQ==",
          "dependencies": [
            "module.repo.github_repository.this"
          ]
        }
      ]
    },
    {
      "module": "module.repo[\"project-template-go\"]",
      "mode": "managed",
      "type": "github_repository_ruleset",
      "name": "required_language_checks",
      "provider": "provider[\"registry.opentofu.org/integrations/github\"]",
      "instances": [
        {
          "index_key": 0,
          "schema_version": 1,
          "attributes": {
            "bypass_actors": [
              {
                "actor_id": 0,
                "actor_type": "OrganizationAdmin",
                "bypass_mode": "always"
              },
              {
                "actor_id": 2462900,
                "actor_type": "Integration",
                "bypass_mode": "always"
              }
            ],
            "conditions": [
              {
                "ref_name": [
                  {
                    "exclude": [],
                    "include": [
                      "~DEFAULT_BRANCH",
                      "refs/heads/??.x"
                    ]
                  }
                ]
              }
            ],
            "enforcement": "active",
            "etag": "W/\"a49f656b0379adc815446e7e1346d78079f203b6727e967b2b3fa9443259396f\"",
            "id": "19204428",
            "name": "Required Go PR Checks",
            "node_id": "RRS_lACqUmVwb3NpdG9yec5JcrFpzgElCUw",
            "repository": "project-template-go",
            "rules": [
              {
                "branch_name_pattern": [],
                "commit_author_email_pattern": [],
                "commit_message_pattern": [],
                "committer_email_pattern": [],
                "copilot_code_review": [],
                "creation": false,
                "deletion": false,
                "file_extension_restriction": [],
                "file_path_restriction": [],
                "max_file_path_length": [],
                "max_file_size": [],
                "merge_queue": [],
                "non_fast_forward": false,
                "pull_request": [],
                "required_code_scanning": [],
                "required_deployments": [],
                "required_linear_history": false,
                "required_signatures": false,
                "required_status_checks": [
                  {
                    "do_not_enforce_on_create": false,
                    "required_check": [
                      {
                        "context": "Tools / Test / Test",
                        "integration_id": 15368
                      },
                      {
                        "context": "Tools / golangci-lint / golangci-lint",
                        "integration_id": 15368
                      }
                    ],
                    "strict_required_status_checks_policy": false
                  }
                ],
                "tag_name_pattern": [],
                "update": false,
                "update_allows_fetch_and_merge": false
              }
            ],
            "ruleset_id": 19204428,
            "target": "branch"
          },
          "sensitive_attributes": [],
          "private": "eyJzY2hlbWFfdmVyc2lvbiI6IjEifQ==",
          "dependencies": [
            "module.repo.github_repository.this"
          ]
        }
      ]
    },
    {
      "module": "module.repo[\"project-template-go\"]",
      "mode": "managed",
      "type": "github_repository_ruleset",
      "name": "restrict_unsupported_branches",
      "provider": "provider[\"registry.opentofu.org/integrations/github\"]",
      "instances": [
        {
          "schema_version": 1,
          "attributes": {
            "bypass_actors": [
              {
                "actor_id": 2462900,
                "actor_type": "Integration",
                "bypass_mode": "always"
              }
            ],
            "conditions": [
              {
                "ref_name": [
                  {
                    "exclude": [],
                    "include": [
                      "refs/heads/??.x-backup",
                      "refs/heads/master-backup"
                    ]
                  }
                ]
              }
            ],
            "enforcement": "active",
            "etag": "W/\"048f72d60f267ba8c45e4c3958a75179e0dd03ab3c99b840db1f675a5c41034a\"",
            "id": "16099712",
            "name": "Restrict Changes to Unsupported Branches",
            "node_id": "RRS_lACqUmVwb3NpdG9yec5JcrFpzgD1qYA",
            "repository": "project-template-go",
            "rules": [
              {
                "branch_name_pattern": [],
                "commit_author_email_pattern": [],
                "commit_message_pattern": [],
                "committer_email_pattern": [],
                "copilot_code_review": [],
                "creation": true,
                "deletion": true,
                "file_extension_restriction": [],
                "file_path_restriction": [],
                "max_file_path_length": [],
                "max_file_size": [],
                "merge_queue": [],
                "non_fast_forward": true,
                "pull_request": [],
                "required_code_scanning": [],
                "required_deployments": [],
                "required_linear_history": false,
                "required_signatures": false,
                "required_status_checks": [],
                "tag_name_pattern": [],
                "update": true,
                "update_allows_fetch_and_merge": false
              }
            ],
            "ruleset_id": 16099712,
            "target": "branch"
          },
          "sensitive_attributes": [],
          "private": "eyJzY2hlbWFfdmVyc2lvbiI6IjEifQ==",
          "dependencies": [
            "module.repo.github_repository.this"
          ]
        }
      ]
    },
    {
      "module": "module.repo[\"project-template-go\"]",
      "mode": "managed",
      "type": "github_repository_vulnerability_alerts",
      "name": "this",
      "provider": "provider[\"registry.opentofu.org/integrations/github\"]",
      "instances": [
        {
          "schema_version": 0,
          "attributes": {
            "enabled": true,
            "id": "1232253289",
            "repository": "project-template-go",
            "repository_id": 1232253289
          },
          "sensitive_attributes": [],
          "private": "eyJzY2hlbWFfdmVyc2lvbiI6IjAifQ==",
          "dependencies": [
            "module.repo.github_repository.this"
          ]
        }
      ]
    },
    {
      "module": "module.repo[\"project-template-go\"]",
      "mode": "managed",
      "type": "github_team_repository",
      "name": "approvers",
      "provider": "provider[\"registry.opentofu.org/integrations/github\"]",
      "instances": [
        {
          "index_key": 0,
          "schema_version": 0,
          "attributes": {
            "etag": "W/\"0e7a521e33bf78baf523a9398ea25e9451ae027c36ed4be6ac08b27e7ee91cc7\"",
            "id": "18867552:project-template-go",
            "permission": "push",
            "repository": "project-template-go",
            "team_id": "approvers"
          },
          "sensitive_attributes": [],
          "private": "bnVsbA==",
          "dependencies": [
            "module.repo.github_repository.this"
          ]
        }
      ]
    },
    {
      "module": "module.repo[\"project-template-java\"]",
      "mode": "managed",
      "type": "github_issue_label",
      "name": "claude_review",
      "provider": "provider[\"registry.opentofu.org/integrations/github\"]",
      "instances": [
        {
          "schema_version": 0,
          "attributes": {
            "color": "5319e7",
            "description": "Ask Claude to review this pull request",
            "etag": "W/\"3632b42a0fd08940b22beecb20bc9aa1bc43df2bd2f18a02d4c3448f07933eee\"",
            "id": "project-template-java:claude-review",
            "name": "claude-review",
            "repository": "project-template-java",
            "url": "https://api.github.com/repos/valkyrjaio/project-template-java/labels/claude-review"
          },
          "sensitive_attributes": [],
          "private": "eyJzY2hlbWFfdmVyc2lvbiI6IjAifQ==",
          "dependencies": [
            "module.repo.github_repository.this"
          ]
        }
      ]
    },
    {
      "module": "module.repo[\"project-template-java\"]",
      "mode": "managed",
      "type": "github_repository",
      "name": "this",
      "provider": "provider[\"registry.opentofu.org/integrations/github\"]",
      "instances": [
        {
          "schema_version": 1,
          "attributes": {
            "allow_auto_merge": false,
            "allow_forking": true,
            "allow_merge_commit": false,
            "allow_rebase_merge": false,
            "allow_squash_merge": true,
            "allow_update_branch": false,
            "archive_on_destroy": null,
            "archived": false,
            "auto_init": false,
            "default_branch": "26.x",
            "delete_branch_on_merge": true,
            "description": "Java Project Template",
            "etag": "W/\"ca20f6d97489e134b9e60f6f672e709901f00d4960d05c657903822fe1a8c18f\"",
            "fork": "false",
            "full_name": "valkyrjaio/project-template-java",
            "git_clone_url": "git://github.com/valkyrjaio/project-template-java.git",
            "gitignore_template": null,
            "has_discussions": false,
            "has_downloads": false,
            "has_issues": true,
            "has_projects": false,
            "has_wiki": false,
            "homepage_url": "",
            "html_url": "https://github.com/valkyrjaio/project-template-java",
            "http_clone_url": "https://github.com/valkyrjaio/project-template-java.git",
            "id": "project-template-java",
            "ignore_vulnerability_alerts_during_read": null,
            "is_template": true,
            "license_template": null,
            "merge_commit_message": "PR_TITLE",
            "merge_commit_title": "MERGE_MESSAGE",
            "name": "project-template-java",
            "node_id": "R_kgDOSE_Ymw",
            "pages": [],
            "primary_language": "Java",
            "private": false,
            "repo_id": 1213192347,
            "security_and_analysis": [
              {
                "advanced_security": [],
                "code_security": [],
                "secret_scanning": [
                  {
                    "status": "disabled"
                  }
                ],
                "secret_scanning_ai_detection": [],
                "secret_scanning_non_provider_patterns": [],
                "secret_scanning_push_protection": [
                  {
                    "status": "disabled"
                  }
                ]
              }
            ],
            "source_owner": "",
            "source_repo": "",
            "squash_merge_commit_message": "PR_BODY",
            "squash_merge_commit_title": "PR_TITLE",
            "ssh_clone_url": "git@github.com:valkyrjaio/project-template-java.git",
            "svn_url": "https://github.com/valkyrjaio/project-template-java",
            "template": [],
            "topics": [],
            "visibility": "public",
            "vulnerability_alerts": true,
            "web_commit_signoff_required": false
          },
          "sensitive_attributes": [],
          "private": "eyJzY2hlbWFfdmVyc2lvbiI6IjEifQ=="
        }
      ]
    },
    {
      "module": "module.repo[\"project-template-java\"]",
      "mode": "managed",
      "type": "github_repository_ruleset",
      "name": "force_push_protection",
      "provider": "provider[\"registry.opentofu.org/integrations/github\"]",
      "instances": [
        {
          "schema_version": 1,
          "attributes": {
            "bypass_actors": [
              {
                "actor_id": 0,
                "actor_type": "OrganizationAdmin",
                "bypass_mode": "always"
              }
            ],
            "conditions": [
              {
                "ref_name": [
                  {
                    "exclude": [],
                    "include": [
                      "refs/heads/??.x"
                    ]
                  }
                ]
              }
            ],
            "enforcement": "active",
            "etag": "W/\"58674d9dc971ac7f1bf800fb84c7aa66330a726a0e39bb6c5e55a143281c1c91\"",
            "id": "15192465",
            "name": "Protect Against Force Pushes and Deletion",
            "node_id": "RRS_lACqUmVwb3NpdG9yec5IT9ibzgDn0ZE",
            "repository": "project-template-java",
            "rules": [
              {
                "branch_name_pattern": [],
                "commit_author_email_pattern": [],
                "commit_message_pattern": [],
                "committer_email_pattern": [],
                "copilot_code_review": [],
                "creation": false,
                "deletion": true,
                "file_extension_restriction": [],
                "file_path_restriction": [],
                "max_file_path_length": [],
                "max_file_size": [],
                "merge_queue": [],
                "non_fast_forward": true,
                "pull_request": [],
                "required_code_scanning": [],
                "required_deployments": [],
                "required_linear_history": false,
                "required_signatures": false,
                "required_status_checks": [],
                "tag_name_pattern": [],
                "update": false,
                "update_allows_fetch_and_merge": false
              }
            ],
            "ruleset_id": 15192465,
            "target": "branch"
          },
          "sensitive_attributes": [],
          "private": "eyJzY2hlbWFfdmVyc2lvbiI6IjEifQ==",
          "dependencies": [
            "module.repo.github_repository.this"
          ]
        }
      ]
    },
    {
      "module": "module.repo[\"project-template-java\"]",
      "mode": "managed",
      "type": "github_repository_ruleset",
      "name": "protect_master",
      "provider": "provider[\"registry.opentofu.org/integrations/github\"]",
      "instances": [
        {
          "schema_version": 1,
          "attributes": {
            "bypass_actors": [],
            "conditions": [
              {
                "ref_name": [
                  {
                    "exclude": [],
                    "include": [
                      "refs/heads/master"
                    ]
                  }
                ]
              }
            ],
            "enforcement": "active",
            "etag": "W/\"9f5326494570b0ae3aa09d6cd79bbe720d9cd5eee685ab9908dc203ff0e6ac94\"",
            "id": "15192466",
            "name": "Protect Master At All Times",
            "node_id": "RRS_lACqUmVwb3NpdG9yec5IT9ibzgDn0ZI",
            "repository": "project-template-java",
            "rules": [
              {
                "branch_name_pattern": [],
                "commit_author_email_pattern": [],
                "commit_message_pattern": [],
                "committer_email_pattern": [],
                "copilot_code_review": [],
                "creation": false,
                "deletion": true,
                "file_extension_restriction": [],
                "file_path_restriction": [],
                "max_file_path_length": [],
                "max_file_size": [],
                "merge_queue": [],
                "non_fast_forward": true,
                "pull_request": [],
                "required_code_scanning": [],
                "required_deployments": [],
                "required_linear_history": false,
                "required_signatures": false,
                "required_status_checks": [],
                "tag_name_pattern": [],
                "update": false,
                "update_allows_fetch_and_merge": false
              }
            ],
            "ruleset_id": 15192466,
            "target": "branch"
          },
          "sensitive_attributes": [],
          "private": "eyJzY2hlbWFfdmVyc2lvbiI6IjEifQ==",
          "dependencies": [
            "module.repo.github_repository.this"
          ]
        }
      ]
    },
    {
      "module": "module.repo[\"project-template-java\"]",
      "mode": "managed",
      "type": "github_repository_ruleset",
      "name": "protect_release_tags",
      "provider": "provider[\"registry.opentofu.org/integrations/github\"]",
      "instances": [
        {
          "schema_version": 1,
          "attributes": {
            "bypass_actors": [
              {
                "actor_id": 0,
                "actor_type": "OrganizationAdmin",
                "bypass_mode": "always"
              }
            ],
            "conditions": [
              {
                "ref_name": [
                  {
                    "exclude": [],
                    "include": [
                      "refs/tags/*.*.*"
                    ]
                  }
                ]
              }
            ],
            "enforcement": "active",
            "etag": "W/\"037643a256d84d87dcc5d94fcf598bc5f2b23606391e6802f8a43ca1b6b7dfcc\"",
            "id": "15200874",
            "name": "Protect Release Tags",
            "node_id": "RRS_lACqUmVwb3NpdG9yec5IT9ibzgDn8mo",
            "repository": "project-template-java",
            "rules": [
              {
                "branch_name_pattern": [],
                "commit_author_email_pattern": [],
                "commit_message_pattern": [],
                "committer_email_pattern": [],
                "copilot_code_review": [],
                "creation": false,
                "deletion": true,
                "file_extension_restriction": [],
                "file_path_restriction": [],
                "max_file_path_length": [],
                "max_file_size": [],
                "merge_queue": [],
                "non_fast_forward": true,
                "pull_request": [],
                "required_code_scanning": [],
                "required_deployments": [],
                "required_linear_history": false,
                "required_signatures": false,
                "required_status_checks": [],
                "tag_name_pattern": [],
                "update": false,
                "update_allows_fetch_and_merge": false
              }
            ],
            "ruleset_id": 15200874,
            "target": "tag"
          },
          "sensitive_attributes": [],
          "private": "eyJzY2hlbWFfdmVyc2lvbiI6IjEifQ==",
          "dependencies": [
            "module.repo.github_repository.this"
          ]
        }
      ]
    },
    {
      "module": "module.repo[\"project-template-java\"]",
      "mode": "managed",
      "type": "github_repository_ruleset",
      "name": "require_pull_request",
      "provider": "provider[\"registry.opentofu.org/integrations/github\"]",
      "instances": [
        {
          "schema_version": 1,
          "attributes": {
            "bypass_actors": [
              {
                "actor_id": 0,
                "actor_type": "OrganizationAdmin",
                "bypass_mode": "always"
              },
              {
                "actor_id": 2462900,
                "actor_type": "Integration",
                "bypass_mode": "always"
              }
            ],
            "conditions": [
              {
                "ref_name": [
                  {
                    "exclude": [],
                    "include": [
                      "~DEFAULT_BRANCH",
                      "refs/heads/??.x",
                      "refs/heads/master"
                    ]
                  }
                ]
              }
            ],
            "enforcement": "active",
            "etag": "W/\"fdd57693648793f6690b929e67bfeff92b4b6401391156511d3cede738d836d6\"",
            "id": "15192467",
            "name": "Require Pull Request",
            "node_id": "RRS_lACqUmVwb3NpdG9yec5IT9ibzgDn0ZM",
            "repository": "project-template-java",
            "rules": [
              {
                "branch_name_pattern": [],
                "commit_author_email_pattern": [],
                "commit_message_pattern": [],
                "committer_email_pattern": [],
                "copilot_code_review": [],
                "creation": false,
                "deletion": false,
                "file_extension_restriction": [],
                "file_path_restriction": [],
                "max_file_path_length": [],
                "max_file_size": [],
                "merge_queue": [],
                "non_fast_forward": false,
                "pull_request": [
                  {
                    "allowed_merge_methods": [
                      "squash"
                    ],
                    "dismiss_stale_reviews_on_push": false,
                    "require_code_owner_review": true,
                    "require_last_push_approval": false,
                    "required_approving_review_count": 0,
                    "required_review_thread_resolution": false,
                    "required_reviewers": []
                  }
                ],
                "required_code_scanning": [],
                "required_deployments": [],
                "required_linear_history": false,
                "required_signatures": false,
                "required_status_checks": [],
                "tag_name_pattern": [],
                "update": false,
                "update_allows_fetch_and_merge": false
              }
            ],
            "ruleset_id": 15192467,
            "target": "branch"
          },
          "sensitive_attributes": [],
          "private": "eyJzY2hlbWFfdmVyc2lvbiI6IjEifQ==",
          "dependencies": [
            "github_team.approvers",
            "module.repo.github_repository.this"
          ]
        }
      ]
    },
    {
      "module": "module.repo[\"project-template-java\"]",
      "mode": "managed",
      "type": "github_repository_ruleset",
      "name": "required_default_checks",
      "provider": "provider[\"registry.opentofu.org/integrations/github\"]",
      "instances": [
        {
          "schema_version": 1,
          "attributes": {
            "bypass_actors": [
              {
                "actor_id": 0,
                "actor_type": "OrganizationAdmin",
                "bypass_mode": "always"
              },
              {
                "actor_id": 2462900,
                "actor_type": "Integration",
                "bypass_mode": "always"
              }
            ],
            "conditions": [
              {
                "ref_name": [
                  {
                    "exclude": [],
                    "include": [
                      "~DEFAULT_BRANCH",
                      "refs/heads/??.x"
                    ]
                  }
                ]
              }
            ],
            "enforcement": "active",
            "etag": "W/\"676c99d71500de013edb1074a6635a516160fe78cfd583057e2fc59e14f1bff3\"",
            "id": "15274011",
            "name": "Required Default PR Checks",
            "node_id": "RRS_lACqUmVwb3NpdG9yec5IT9ibzgDpEBs",
            "repository": "project-template-java",
            "rules": [
              {
                "branch_name_pattern": [],
                "commit_author_email_pattern": [],
                "commit_message_pattern": [],
                "committer_email_pattern": [],
                "copilot_code_review": [],
                "creation": false,
                "deletion": false,
                "file_extension_restriction": [],
                "file_path_restriction": [],
                "max_file_path_length": [],
                "max_file_size": [],
                "merge_queue": [],
                "non_fast_forward": false,
                "pull_request": [],
                "required_code_scanning": [],
                "required_deployments": [],
                "required_linear_history": false,
                "required_signatures": false,
                "required_status_checks": [
                  {
                    "do_not_enforce_on_create": false,
                    "required_check": [
                      {
                        "context": "Commit Message Check / Check Commit Message",
                        "integration_id": 15368
                      },
                      {
                        "context": "Copyright Header Check / Check Copyright Header",
                        "integration_id": 15368
                      },
                      {
                        "context": "Markdown Check / Check Markdown",
                        "integration_id": 15368
                      },
                      {
                        "context": "Trailing Newline Check / Check Trailing Newline",
                        "integration_id": 15368
                      }
                    ],
                    "strict_required_status_checks_policy": false
                  }
                ],
                "tag_name_pattern": [],
                "update": false,
                "update_allows_fetch_and_merge": false
              }
            ],
            "ruleset_id": 15274011,
            "target": "branch"
          },
          "sensitive_attributes": [],
          "private": "eyJzY2hlbWFfdmVyc2lvbiI6IjEifQ==",
          "dependencies": [
            "module.repo.github_repository.this"
          ]
        }
      ]
    },
    {
      "module": "module.repo[\"project-template-java\"]",
      "mode": "managed",
      "type": "github_repository_ruleset",
      "name": "required_language_checks",
      "provider": "provider[\"registry.opentofu.org/integrations/github\"]",
      "instances": [
        {
          "index_key": 0,
          "schema_version": 1,
          "attributes": {
            "bypass_actors": [
              {
                "actor_id": 0,
                "actor_type": "OrganizationAdmin",
                "bypass_mode": "always"
              },
              {
                "actor_id": 2462900,
                "actor_type": "Integration",
                "bypass_mode": "always"
              }
            ],
            "conditions": [
              {
                "ref_name": [
                  {
                    "exclude": [],
                    "include": [
                      "~DEFAULT_BRANCH",
                      "refs/heads/??.x"
                    ]
                  }
                ]
              }
            ],
            "enforcement": "active",
            "etag": "W/\"c047b603945710cce6ebfba1312867d2751857d534c4e1b6a244c85e40c6e575\"",
            "id": "16538928",
            "name": "Required Java PR Checks",
            "node_id": "RRS_lACqUmVwb3NpdG9yec5IT9ibzgD8XTA",
            "repository": "project-template-java",
            "rules": [
              {
                "branch_name_pattern": [],
                "commit_author_email_pattern": [],
                "commit_message_pattern": [],
                "committer_email_pattern": [],
                "copilot_code_review": [],
                "creation": false,
                "deletion": false,
                "file_extension_restriction": [],
                "file_path_restriction": [],
                "max_file_path_length": [],
                "max_file_size": [],
                "merge_queue": [],
                "non_fast_forward": false,
                "pull_request": [],
                "required_code_scanning": [],
                "required_deployments": [],
                "required_linear_history": false,
                "required_signatures": false,
                "required_status_checks": [
                  {
                    "do_not_enforce_on_create": false,
                    "required_check": [
                      {
                        "context": "Tools / ArchUnit / ArchUnit",
                        "integration_id": 15368
                      },
                      {
                        "context": "Tools / ErrorProne / ErrorProne",
                        "integration_id": 15368
                      },
                      {
                        "context": "Tools / JUnit / JUnit",
                        "integration_id": 15368
                      },
                      {
                        "context": "Tools / SpotBugs / SpotBugs",
                        "integration_id": 15368
                      },
                      {
                        "context": "Tools / Spotless / Spotless",
                        "integration_id": 15368
                      }
                    ],
                    "strict_required_status_checks_policy": false
                  }
                ],
                "tag_name_pattern": [],
                "update": false,
                "update_allows_fetch_and_merge": false
              }
            ],
            "ruleset_id": 16538928,
            "target": "branch"
          },
          "sensitive_attributes": [],
          "private": "eyJzY2hlbWFfdmVyc2lvbiI6IjEifQ==",
          "dependencies": [
            "module.repo.github_repository.this"
          ]
        }
      ]
    },
    {
      "module": "module.repo[\"project-template-java\"]",
      "mode": "managed",
      "type": "github_repository_ruleset",
      "name": "restrict_unsupported_branches",
      "provider": "provider[\"registry.opentofu.org/integrations/github\"]",
      "instances": [
        {
          "schema_version": 1,
          "attributes": {
            "bypass_actors": [
              {
                "actor_id": 2462900,
                "actor_type": "Integration",
                "bypass_mode": "always"
              }
            ],
            "conditions": [
              {
                "ref_name": [
                  {
                    "exclude": [],
                    "include": [
                      "refs/heads/??.x-backup",
                      "refs/heads/master-backup"
                    ]
                  }
                ]
              }
            ],
            "enforcement": "active",
            "etag": "W/\"b9f045a3b78e6379a30ca27ae68d941c2adaa604db46dc9b167dc358c7a85331\"",
            "id": "15192468",
            "name": "Restrict Changes to Unsupported Branches",
            "node_id": "RRS_lACqUmVwb3NpdG9yec5IT9ibzgDn0ZQ",
            "repository": "project-template-java",
            "rules": [
              {
                "branch_name_pattern": [],
                "commit_author_email_pattern": [],
                "commit_message_pattern": [],
                "committer_email_pattern": [],
                "copilot_code_review": [],
                "creation": true,
                "deletion": true,
                "file_extension_restriction": [],
                "file_path_restriction": [],
                "max_file_path_length": [],
                "max_file_size": [],
                "merge_queue": [],
                "non_fast_forward": true,
                "pull_request": [],
                "required_code_scanning": [],
                "required_deployments": [],
                "required_linear_history": false,
                "required_signatures": false,
                "required_status_checks": [],
                "tag_name_pattern": [],
                "update": true,
                "update_allows_fetch_and_merge": false
              }
            ],
            "ruleset_id": 15192468,
            "target": "branch"
          },
          "sensitive_attributes": [],
          "private": "eyJzY2hlbWFfdmVyc2lvbiI6IjEifQ==",
          "dependencies": [
            "module.repo.github_repository.this"
          ]
        }
      ]
    },
    {
      "module": "module.repo[\"project-template-java\"]",
      "mode": "managed",
      "type": "github_repository_vulnerability_alerts",
      "name": "this",
      "provider": "provider[\"registry.opentofu.org/integrations/github\"]",
      "instances": [
        {
          "schema_version": 0,
          "attributes": {
            "enabled": true,
            "id": "1213192347",
            "repository": "project-template-java",
            "repository_id": 1213192347
          },
          "sensitive_attributes": [],
          "private": "eyJzY2hlbWFfdmVyc2lvbiI6IjAifQ==",
          "dependencies": [
            "module.repo.github_repository.this"
          ]
        }
      ]
    },
    {
      "module": "module.repo[\"project-template-java\"]",
      "mode": "managed",
      "type": "github_team_repository",
      "name": "approvers",
      "provider": "provider[\"registry.opentofu.org/integrations/github\"]",
      "instances": [
        {
          "index_key": 0,
          "schema_version": 0,
          "attributes": {
            "etag": "W/\"95091392a890b3dfb2b77261480cf4f8e0909634db1e8ae3308d866601cc19f7\"",
            "id": "18867552:project-template-java",
            "permission": "push",
            "repository": "project-template-java",
            "team_id": "approvers"
          },
          "sensitive_attributes": [],
          "private": "bnVsbA==",
          "dependencies": [
            "module.repo.github_repository.this"
          ]
        }
      ]
    },
    {
      "module": "module.repo[\"project-template-php\"]",
      "mode": "managed",
      "type": "github_issue_label",
      "name": "claude_review",
      "provider": "provider[\"registry.opentofu.org/integrations/github\"]",
      "instances": [
        {
          "schema_version": 0,
          "attributes": {
            "color": "5319e7",
            "description": "Ask Claude to review this pull request",
            "etag": "W/\"5b1de63221a077452150f9c237cfd59aaadb19fb0c02de31498578bb3dfbc13f\"",
            "id": "project-template-php:claude-review",
            "name": "claude-review",
            "repository": "project-template-php",
            "url": "https://api.github.com/repos/valkyrjaio/project-template-php/labels/claude-review"
          },
          "sensitive_attributes": [],
          "private": "eyJzY2hlbWFfdmVyc2lvbiI6IjAifQ==",
          "dependencies": [
            "module.repo.github_repository.this"
          ]
        }
      ]
    },
    {
      "module": "module.repo[\"project-template-php\"]",
      "mode": "managed",
      "type": "github_repository",
      "name": "this",
      "provider": "provider[\"registry.opentofu.org/integrations/github\"]",
      "instances": [
        {
          "schema_version": 1,
          "attributes": {
            "allow_auto_merge": false,
            "allow_forking": true,
            "allow_merge_commit": false,
            "allow_rebase_merge": false,
            "allow_squash_merge": true,
            "allow_update_branch": false,
            "archive_on_destroy": null,
            "archived": false,
            "auto_init": false,
            "default_branch": "26.x",
            "delete_branch_on_merge": true,
            "description": "PHP Project Template",
            "etag": "W/\"edaaa64463cfd0c7424f235c035955308b0570fe39cb75710fd845545369312e\"",
            "fork": "false",
            "full_name": "valkyrjaio/project-template-php",
            "git_clone_url": "git://github.com/valkyrjaio/project-template-php.git",
            "gitignore_template": null,
            "has_discussions": false,
            "has_downloads": false,
            "has_issues": true,
            "has_projects": false,
            "has_wiki": false,
            "homepage_url": "",
            "html_url": "https://github.com/valkyrjaio/project-template-php",
            "http_clone_url": "https://github.com/valkyrjaio/project-template-php.git",
            "id": "project-template-php",
            "ignore_vulnerability_alerts_during_read": null,
            "is_template": true,
            "license_template": null,
            "merge_commit_message": "PR_TITLE",
            "merge_commit_title": "MERGE_MESSAGE",
            "name": "project-template-php",
            "node_id": "R_kgDOSE_HLQ",
            "pages": [],
            "primary_language": "PHP",
            "private": false,
            "repo_id": 1213187885,
            "security_and_analysis": [
              {
                "advanced_security": [],
                "code_security": [],
                "secret_scanning": [
                  {
                    "status": "disabled"
                  }
                ],
                "secret_scanning_ai_detection": [],
                "secret_scanning_non_provider_patterns": [],
                "secret_scanning_push_protection": [
                  {
                    "status": "disabled"
                  }
                ]
              }
            ],
            "source_owner": "",
            "source_repo": "",
            "squash_merge_commit_message": "PR_BODY",
            "squash_merge_commit_title": "PR_TITLE",
            "ssh_clone_url": "git@github.com:valkyrjaio/project-template-php.git",
            "svn_url": "https://github.com/valkyrjaio/project-template-php",
            "template": [],
            "topics": [],
            "visibility": "public",
            "vulnerability_alerts": true,
            "web_commit_signoff_required": false
          },
          "sensitive_attributes": [],
          "private": "eyJzY2hlbWFfdmVyc2lvbiI6IjEifQ=="
        }
      ]
    },
    {
      "module": "module.repo[\"project-template-php\"]",
      "mode": "managed",
      "type": "github_repository_ruleset",
      "name": "force_push_protection",
      "provider": "provider[\"registry.opentofu.org/integrations/github\"]",
      "instances": [
        {
          "schema_version": 1,
          "attributes": {
            "bypass_actors": [
              {
                "actor_id": 0,
                "actor_type": "OrganizationAdmin",
                "bypass_mode": "always"
              }
            ],
            "conditions": [
              {
                "ref_name": [
                  {
                    "exclude": [],
                    "include": [
                      "refs/heads/??.x"
                    ]
                  }
                ]
              }
            ],
            "enforcement": "active",
            "etag": "W/\"6b0bb8c1d8586caf163278f733e62b36369128b7be6fe8933d7c83694fb06efc\"",
            "id": "15192411",
            "name": "Protect Against Force Pushes and Deletion",
            "node_id": "RRS_lACqUmVwb3NpdG9yec5IT8ctzgDn0Vs",
            "repository": "project-template-php",
            "rules": [
              {
                "branch_name_pattern": [],
                "commit_author_email_pattern": [],
                "commit_message_pattern": [],
                "committer_email_pattern": [],
                "copilot_code_review": [],
                "creation": false,
                "deletion": true,
                "file_extension_restriction": [],
                "file_path_restriction": [],
                "max_file_path_length": [],
                "max_file_size": [],
                "merge_queue": [],
                "non_fast_forward": true,
                "pull_request": [],
                "required_code_scanning": [],
                "required_deployments": [],
                "required_linear_history": false,
                "required_signatures": false,
                "required_status_checks": [],
                "tag_name_pattern": [],
                "update": false,
                "update_allows_fetch_and_merge": false
              }
            ],
            "ruleset_id": 15192411,
            "target": "branch"
          },
          "sensitive_attributes": [],
          "private": "eyJzY2hlbWFfdmVyc2lvbiI6IjEifQ==",
          "dependencies": [
            "module.repo.github_repository.this"
          ]
        }
      ]
    },
    {
      "module": "module.repo[\"project-template-php\"]",
      "mode": "managed",
      "type": "github_repository_ruleset",
      "name": "protect_master",
      "provider": "provider[\"registry.opentofu.org/integrations/github\"]",
      "instances": [
        {
          "schema_version": 1,
          "attributes": {
            "bypass_actors": [],
            "conditions": [
              {
                "ref_name": [
                  {
                    "exclude": [],
                    "include": [
                      "refs/heads/master"
                    ]
                  }
                ]
              }
            ],
            "enforcement": "active",
            "etag": "W/\"8738a32d234c1d0247c75a3822c067e36234967d84e87df4da3ad69467905c3e\"",
            "id": "15192413",
            "name": "Protect Master At All Times",
            "node_id": "RRS_lACqUmVwb3NpdG9yec5IT8ctzgDn0V0",
            "repository": "project-template-php",
            "rules": [
              {
                "branch_name_pattern": [],
                "commit_author_email_pattern": [],
                "commit_message_pattern": [],
                "committer_email_pattern": [],
                "copilot_code_review": [],
                "creation": false,
                "deletion": true,
                "file_extension_restriction": [],
                "file_path_restriction": [],
                "max_file_path_length": [],
                "max_file_size": [],
                "merge_queue": [],
                "non_fast_forward": true,
                "pull_request": [],
                "required_code_scanning": [],
                "required_deployments": [],
                "required_linear_history": false,
                "required_signatures": false,
                "required_status_checks": [],
                "tag_name_pattern": [],
                "update": false,
                "update_allows_fetch_and_merge": false
              }
            ],
            "ruleset_id": 15192413,
            "target": "branch"
          },
          "sensitive_attributes": [],
          "private": "eyJzY2hlbWFfdmVyc2lvbiI6IjEifQ==",
          "dependencies": [
            "module.repo.github_repository.this"
          ]
        }
      ]
    },
    {
      "module": "module.repo[\"project-template-php\"]",
      "mode": "managed",
      "type": "github_repository_ruleset",
      "name": "protect_release_tags",
      "provider": "provider[\"registry.opentofu.org/integrations/github\"]",
      "instances": [
        {
          "schema_version": 1,
          "attributes": {
            "bypass_actors": [
              {
                "actor_id": 0,
                "actor_type": "OrganizationAdmin",
                "bypass_mode": "always"
              }
            ],
            "conditions": [
              {
                "ref_name": [
                  {
                    "exclude": [],
                    "include": [
                      "refs/tags/*.*.*"
                    ]
                  }
                ]
              }
            ],
            "enforcement": "active",
            "etag": "W/\"ad2806da790a2dc1e7d41c970c3a178780554e5387b8cb9f62c35705816e9f45\"",
            "id": "15200846",
            "name": "Protect Release Tags",
            "node_id": "RRS_lACqUmVwb3NpdG9yec5IT8ctzgDn8k4",
            "repository": "project-template-php",
            "rules": [
              {
                "branch_name_pattern": [],
                "commit_author_email_pattern": [],
                "commit_message_pattern": [],
                "committer_email_pattern": [],
                "copilot_code_review": [],
                "creation": false,
                "deletion": true,
                "file_extension_restriction": [],
                "file_path_restriction": [],
                "max_file_path_length": [],
                "max_file_size": [],
                "merge_queue": [],
                "non_fast_forward": true,
                "pull_request": [],
                "required_code_scanning": [],
                "required_deployments": [],
                "required_linear_history": false,
                "required_signatures": false,
                "required_status_checks": [],
                "tag_name_pattern": [],
                "update": false,
                "update_allows_fetch_and_merge": false
              }
            ],
            "ruleset_id": 15200846,
            "target": "tag"
          },
          "sensitive_attributes": [],
          "private": "eyJzY2hlbWFfdmVyc2lvbiI6IjEifQ==",
          "dependencies": [
            "module.repo.github_repository.this"
          ]
        }
      ]
    },
    {
      "module": "module.repo[\"project-template-php\"]",
      "mode": "managed",
      "type": "github_repository_ruleset",
      "name": "require_pull_request",
      "provider": "provider[\"registry.opentofu.org/integrations/github\"]",
      "instances": [
        {
          "schema_version": 1,
          "attributes": {
            "bypass_actors": [
              {
                "actor_id": 0,
                "actor_type": "OrganizationAdmin",
                "bypass_mode": "always"
              },
              {
                "actor_id": 2462900,
                "actor_type": "Integration",
                "bypass_mode": "always"
              }
            ],
            "conditions": [
              {
                "ref_name": [
                  {
                    "exclude": [],
                    "include": [
                      "~DEFAULT_BRANCH",
                      "refs/heads/??.x",
                      "refs/heads/master"
                    ]
                  }
                ]
              }
            ],
            "enforcement": "active",
            "etag": "W/\"f751884bfbeab329f8d7efec9df0281d4ec51ad0e3414431bf772efd4511b44c\"",
            "id": "15192414",
            "name": "Require Pull Request",
            "node_id": "RRS_lACqUmVwb3NpdG9yec5IT8ctzgDn0V4",
            "repository": "project-template-php",
            "rules": [
              {
                "branch_name_pattern": [],
                "commit_author_email_pattern": [],
                "commit_message_pattern": [],
                "committer_email_pattern": [],
                "copilot_code_review": [],
                "creation": false,
                "deletion": false,
                "file_extension_restriction": [],
                "file_path_restriction": [],
                "max_file_path_length": [],
                "max_file_size": [],
                "merge_queue": [],
                "non_fast_forward": false,
                "pull_request": [
                  {
                    "allowed_merge_methods": [
                      "squash"
                    ],
                    "dismiss_stale_reviews_on_push": false,
                    "require_code_owner_review": true,
                    "require_last_push_approval": false,
                    "required_approving_review_count": 0,
                    "required_review_thread_resolution": false,
                    "required_reviewers": []
                  }
                ],
                "required_code_scanning": [],
                "required_deployments": [],
                "required_linear_history": false,
                "required_signatures": false,
                "required_status_checks": [],
                "tag_name_pattern": [],
                "update": false,
                "update_allows_fetch_and_merge": false
              }
            ],
            "ruleset_id": 15192414,
            "target": "branch"
          },
          "sensitive_attributes": [],
          "private": "eyJzY2hlbWFfdmVyc2lvbiI6IjEifQ==",
          "dependencies": [
            "github_team.approvers",
            "module.repo.github_repository.this"
          ]
        }
      ]
    },
    {
      "module": "module.repo[\"project-template-php\"]",
      "mode": "managed",
      "type": "github_repository_ruleset",
      "name": "required_default_checks",
      "provider": "provider[\"registry.opentofu.org/integrations/github\"]",
      "instances": [
        {
          "schema_version": 1,
          "attributes": {
            "bypass_actors": [
              {
                "actor_id": 0,
                "actor_type": "OrganizationAdmin",
                "bypass_mode": "always"
              },
              {
                "actor_id": 2462900,
                "actor_type": "Integration",
                "bypass_mode": "always"
              }
            ],
            "conditions": [
              {
                "ref_name": [
                  {
                    "exclude": [],
                    "include": [
                      "~DEFAULT_BRANCH",
                      "refs/heads/??.x"
                    ]
                  }
                ]
              }
            ],
            "enforcement": "active",
            "etag": "W/\"f1a7a2acf97936ae8deebf17c86e2a6462c021816f5b77450931f212fbaeca7f\"",
            "id": "15273995",
            "name": "Required Default PR Checks",
            "node_id": "RRS_lACqUmVwb3NpdG9yec5IT8ctzgDpEAs",
            "repository": "project-template-php",
            "rules": [
              {
                "branch_name_pattern": [],
                "commit_author_email_pattern": [],
                "commit_message_pattern": [],
                "committer_email_pattern": [],
                "copilot_code_review": [],
                "creation": false,
                "deletion": false,
                "file_extension_restriction": [],
                "file_path_restriction": [],
                "max_file_path_length": [],
                "max_file_size": [],
                "merge_queue": [],
                "non_fast_forward": false,
                "pull_request": [],
                "required_code_scanning": [],
                "required_deployments": [],
                "required_linear_history": false,
                "required_signatures": false,
                "required_status_checks": [
                  {
                    "do_not_enforce_on_create": false,
                    "required_check": [
                      {
                        "context": "Commit Message Check / Check Commit Message",
                        "integration_id": 15368
                      },
                      {
                        "context": "Copyright Header Check / Check Copyright Header",
                        "integration_id": 15368
                      },
                      {
                        "context": "Markdown Check / Check Markdown",
                        "integration_id": 15368
                      },
                      {
                        "context": "Trailing Newline Check / Check Trailing Newline",
                        "integration_id": 15368
                      }
                    ],
                    "strict_required_status_checks_policy": false
                  }
                ],
                "tag_name_pattern": [],
                "update": false,
                "update_allows_fetch_and_merge": false
              }
            ],
            "ruleset_id": 15273995,
            "target": "branch"
          },
          "sensitive_attributes": [],
          "private": "eyJzY2hlbWFfdmVyc2lvbiI6IjEifQ==",
          "dependencies": [
            "module.repo.github_repository.this"
          ]
        }
      ]
    },
    {
      "module": "module.repo[\"project-template-php\"]",
      "mode": "managed",
      "type": "github_repository_ruleset",
      "name": "required_language_checks",
      "provider": "provider[\"registry.opentofu.org/integrations/github\"]",
      "instances": [
        {
          "index_key": 0,
          "schema_version": 1,
          "attributes": {
            "bypass_actors": [
              {
                "actor_id": 0,
                "actor_type": "OrganizationAdmin",
                "bypass_mode": "always"
              },
              {
                "actor_id": 2462900,
                "actor_type": "Integration",
                "bypass_mode": "always"
              }
            ],
            "conditions": [
              {
                "ref_name": [
                  {
                    "exclude": [],
                    "include": [
                      "~DEFAULT_BRANCH",
                      "refs/heads/??.x"
                    ]
                  }
                ]
              }
            ],
            "enforcement": "active",
            "etag": "W/\"08cafa9dec7f849d6e859d93f0a21fd6a12944660c908192925328d5723a4fd7\"",
            "id": "15273996",
            "name": "Required PHP PR Checks",
            "node_id": "RRS_lACqUmVwb3NpdG9yec5IT8ctzgDpEAw",
            "repository": "project-template-php",
            "rules": [
              {
                "branch_name_pattern": [],
                "commit_author_email_pattern": [],
                "commit_message_pattern": [],
                "committer_email_pattern": [],
                "copilot_code_review": [],
                "creation": false,
                "deletion": false,
                "file_extension_restriction": [],
                "file_path_restriction": [],
                "max_file_path_length": [],
                "max_file_size": [],
                "merge_queue": [],
                "non_fast_forward": false,
                "pull_request": [],
                "required_code_scanning": [],
                "required_deployments": [],
                "required_linear_history": false,
                "required_signatures": false,
                "required_status_checks": [
                  {
                    "do_not_enforce_on_create": false,
                    "required_check": [
                      {
                        "context": "Tools / PHP CS Fixer / PHP 8.4",
                        "integration_id": 15368
                      },
                      {
                        "context": "Tools / PHP Code Sniffer / PHP 8.4",
                        "integration_id": 15368
                      },
                      {
                        "context": "Tools / PHPArkitect / PHP 8.4",
                        "integration_id": 15368
                      },
                      {
                        "context": "Tools / PHPStan / PHP 8.4",
                        "integration_id": 15368
                      },
                      {
                        "context": "Tools / PHPUnit / PHP 8.4",
                        "integration_id": 15368
                      },
                      {
                        "context": "Tools / PHPUnit / PHP 8.5",
                        "integration_id": 15368
                      },
                      {
                        "context": "Tools / PHPUnit / PHP 8.6",
                        "integration_id": 15368
                      },
                      {
                        "context": "Tools / Psalm / PHP 8.4",
                        "integration_id": 15368
                      },
                      {
                        "context": "Tools / Rector / PHP 8.4",
                        "integration_id": 15368
                      }
                    ],
                    "strict_required_status_checks_policy": false
                  }
                ],
                "tag_name_pattern": [],
                "update": false,
                "update_allows_fetch_and_merge": false
              }
            ],
            "ruleset_id": 15273996,
            "target": "branch"
          },
          "sensitive_attributes": [],
          "private": "eyJzY2hlbWFfdmVyc2lvbiI6IjEifQ==",
          "dependencies": [
            "module.repo.github_repository.this"
          ]
        }
      ]
    },
    {
      "module": "module.repo[\"project-template-php\"]",
      "mode": "managed",
      "type": "github_repository_ruleset",
      "name": "restrict_unsupported_branches",
      "provider": "provider[\"registry.opentofu.org/integrations/github\"]",
      "instances": [
        {
          "schema_version": 1,
          "attributes": {
            "bypass_actors": [
              {
                "actor_id": 2462900,
                "actor_type": "Integration",
                "bypass_mode": "always"
              }
            ],
            "conditions": [
              {
                "ref_name": [
                  {
                    "exclude": [],
                    "include": [
                      "refs/heads/??.x-backup",
                      "refs/heads/master-backup"
                    ]
                  }
                ]
              }
            ],
            "enforcement": "active",
            "etag": "W/\"38d8ddc56a327baf00aca496413bf7f2bb7f0bc1ff8dc00fd2482760f15eb90a\"",
            "id": "15192416",
            "name": "Restrict Changes to Unsupported Branches",
            "node_id": "RRS_lACqUmVwb3NpdG9yec5IT8ctzgDn0WA",
            "repository": "project-template-php",
            "rules": [
              {
                "branch_name_pattern": [],
                "commit_author_email_pattern": [],
                "commit_message_pattern": [],
                "committer_email_pattern": [],
                "copilot_code_review": [],
                "creation": true,
                "deletion": true,
                "file_extension_restriction": [],
                "file_path_restriction": [],
                "max_file_path_length": [],
                "max_file_size": [],
                "merge_queue": [],
                "non_fast_forward": true,
                "pull_request": [],
                "required_code_scanning": [],
                "required_deployments": [],
                "required_linear_history": false,
                "required_signatures": false,
                "required_status_checks": [],
                "tag_name_pattern": [],
                "update": true,
                "update_allows_fetch_and_merge": false
              }
            ],
            "ruleset_id": 15192416,
            "target": "branch"
          },
          "sensitive_attributes": [],
          "private": "eyJzY2hlbWFfdmVyc2lvbiI6IjEifQ==",
          "dependencies": [
            "module.repo.github_repository.this"
          ]
        }
      ]
    },
    {
      "module": "module.repo[\"project-template-php\"]",
      "mode": "managed",
      "type": "github_repository_vulnerability_alerts",
      "name": "this",
      "provider": "provider[\"registry.opentofu.org/integrations/github\"]",
      "instances": [
        {
          "schema_version": 0,
          "attributes": {
            "enabled": true,
            "id": "1213187885",
            "repository": "project-template-php",
            "repository_id": 1213187885
          },
          "sensitive_attributes": [],
          "private": "eyJzY2hlbWFfdmVyc2lvbiI6IjAifQ==",
          "dependencies": [
            "module.repo.github_repository.this"
          ]
        }
      ]
    },
    {
      "module": "module.repo[\"project-template-php\"]",
      "mode": "managed",
      "type": "github_team_repository",
      "name": "approvers",
      "provider": "provider[\"registry.opentofu.org/integrations/github\"]",
      "instances": [
        {
          "index_key": 0,
          "schema_version": 0,
          "attributes": {
            "etag": "W/\"b5c3441f4d03191a91f4eca4ffd1040153fb530276dc7fa4228d1997a5938340\"",
            "id": "18867552:project-template-php",
            "permission": "push",
            "repository": "project-template-php",
            "team_id": "approvers"
          },
          "sensitive_attributes": [],
          "private": "bnVsbA==",
          "dependencies": [
            "module.repo.github_repository.this"
          ]
        }
      ]
    },
    {
      "module": "module.repo[\"project-template-python\"]",
      "mode": "managed",
      "type": "github_issue_label",
      "name": "claude_review",
      "provider": "provider[\"registry.opentofu.org/integrations/github\"]",
      "instances": [
        {
          "schema_version": 0,
          "attributes": {
            "color": "5319e7",
            "description": "Ask Claude to review this pull request",
            "etag": "W/\"3cea0a7751e7824adb29dc53a0a8413eb606394d0f8afd2c89e677d94d99d2cb\"",
            "id": "project-template-python:claude-review",
            "name": "claude-review",
            "repository": "project-template-python",
            "url": "https://api.github.com/repos/valkyrjaio/project-template-python/labels/claude-review"
          },
          "sensitive_attributes": [],
          "private": "eyJzY2hlbWFfdmVyc2lvbiI6IjAifQ==",
          "dependencies": [
            "module.repo.github_repository.this"
          ]
        }
      ]
    },
    {
      "module": "module.repo[\"project-template-python\"]",
      "mode": "managed",
      "type": "github_repository",
      "name": "this",
      "provider": "provider[\"registry.opentofu.org/integrations/github\"]",
      "instances": [
        {
          "schema_version": 1,
          "attributes": {
            "allow_auto_merge": false,
            "allow_forking": true,
            "allow_merge_commit": false,
            "allow_rebase_merge": false,
            "allow_squash_merge": true,
            "allow_update_branch": false,
            "archive_on_destroy": null,
            "archived": false,
            "auto_init": false,
            "default_branch": "26.x",
            "delete_branch_on_merge": true,
            "description": "Python Project Template",
            "etag": "W/\"e5ff7822677b641a1e4804e69b1055d3e6a55478751f9ad29688c7d605e58ecb\"",
            "fork": "false",
            "full_name": "valkyrjaio/project-template-python",
            "git_clone_url": "git://github.com/valkyrjaio/project-template-python.git",
            "gitignore_template": null,
            "has_discussions": false,
            "has_downloads": false,
            "has_issues": true,
            "has_projects": false,
            "has_wiki": false,
            "homepage_url": "",
            "html_url": "https://github.com/valkyrjaio/project-template-python",
            "http_clone_url": "https://github.com/valkyrjaio/project-template-python.git",
            "id": "project-template-python",
            "ignore_vulnerability_alerts_during_read": null,
            "is_template": true,
            "license_template": null,
            "merge_commit_message": "PR_TITLE",
            "merge_commit_title": "MERGE_MESSAGE",
            "name": "project-template-python",
            "node_id": "R_kgDOSXKypw",
            "pages": [],
            "primary_language": "Python",
            "private": false,
            "repo_id": 1232253607,
            "security_and_analysis": [
              {
                "advanced_security": [],
                "code_security": [],
                "secret_scanning": [
                  {
                    "status": "disabled"
                  }
                ],
                "secret_scanning_ai_detection": [],
                "secret_scanning_non_provider_patterns": [],
                "secret_scanning_push_protection": [
                  {
                    "status": "disabled"
                  }
                ]
              }
            ],
            "source_owner": "",
            "source_repo": "",
            "squash_merge_commit_message": "PR_BODY",
            "squash_merge_commit_title": "PR_TITLE",
            "ssh_clone_url": "git@github.com:valkyrjaio/project-template-python.git",
            "svn_url": "https://github.com/valkyrjaio/project-template-python",
            "template": [],
            "topics": [],
            "visibility": "public",
            "vulnerability_alerts": true,
            "web_commit_signoff_required": false
          },
          "sensitive_attributes": [],
          "private": "eyJzY2hlbWFfdmVyc2lvbiI6IjEifQ=="
        }
      ]
    },
    {
      "module": "module.repo[\"project-template-python\"]",
      "mode": "managed",
      "type": "github_repository_ruleset",
      "name": "force_push_protection",
      "provider": "provider[\"registry.opentofu.org/integrations/github\"]",
      "instances": [
        {
          "schema_version": 1,
          "attributes": {
            "bypass_actors": [
              {
                "actor_id": 0,
                "actor_type": "OrganizationAdmin",
                "bypass_mode": "always"
              }
            ],
            "conditions": [
              {
                "ref_name": [
                  {
                    "exclude": [],
                    "include": [
                      "refs/heads/??.x"
                    ]
                  }
                ]
              }
            ],
            "enforcement": "active",
            "etag": "W/\"6a48972c92a571b905428b293b889d8dd55184a266651d7e9126c6de49894bc9\"",
            "id": "16099733",
            "name": "Protect Against Force Pushes and Deletion",
            "node_id": "RRS_lACqUmVwb3NpdG9yec5JcrKnzgD1qZU",
            "repository": "project-template-python",
            "rules": [
              {
                "branch_name_pattern": [],
                "commit_author_email_pattern": [],
                "commit_message_pattern": [],
                "committer_email_pattern": [],
                "copilot_code_review": [],
                "creation": false,
                "deletion": true,
                "file_extension_restriction": [],
                "file_path_restriction": [],
                "max_file_path_length": [],
                "max_file_size": [],
                "merge_queue": [],
                "non_fast_forward": true,
                "pull_request": [],
                "required_code_scanning": [],
                "required_deployments": [],
                "required_linear_history": false,
                "required_signatures": false,
                "required_status_checks": [],
                "tag_name_pattern": [],
                "update": false,
                "update_allows_fetch_and_merge": false
              }
            ],
            "ruleset_id": 16099733,
            "target": "branch"
          },
          "sensitive_attributes": [],
          "private": "eyJzY2hlbWFfdmVyc2lvbiI6IjEifQ==",
          "dependencies": [
            "module.repo.github_repository.this"
          ]
        }
      ]
    },
    {
      "module": "module.repo[\"project-template-python\"]",
      "mode": "managed",
      "type": "github_repository_ruleset",
      "name": "protect_master",
      "provider": "provider[\"registry.opentofu.org/integrations/github\"]",
      "instances": [
        {
          "schema_version": 1,
          "attributes": {
            "bypass_actors": [],
            "conditions": [
              {
                "ref_name": [
                  {
                    "exclude": [],
                    "include": [
                      "refs/heads/master"
                    ]
                  }
                ]
              }
            ],
            "enforcement": "active",
            "etag": "W/\"f59e58b52bfe928280909811d44a730a620b0286464ff08cb5e308bd8465618a\"",
            "id": "16099734",
            "name": "Protect Master At All Times",
            "node_id": "RRS_lACqUmVwb3NpdG9yec5JcrKnzgD1qZY",
            "repository": "project-template-python",
            "rules": [
              {
                "branch_name_pattern": [],
                "commit_author_email_pattern": [],
                "commit_message_pattern": [],
                "committer_email_pattern": [],
                "copilot_code_review": [],
                "creation": false,
                "deletion": true,
                "file_extension_restriction": [],
                "file_path_restriction": [],
                "max_file_path_length": [],
                "max_file_size": [],
                "merge_queue": [],
                "non_fast_forward": true,
                "pull_request": [],
                "required_code_scanning": [],
                "required_deployments": [],
                "required_linear_history": false,
                "required_signatures": false,
                "required_status_checks": [],
                "tag_name_pattern": [],
                "update": false,
                "update_allows_fetch_and_merge": false
              }
            ],
            "ruleset_id": 16099734,
            "target": "branch"
          },
          "sensitive_attributes": [],
          "private": "eyJzY2hlbWFfdmVyc2lvbiI6IjEifQ==",
          "dependencies": [
            "module.repo.github_repository.this"
          ]
        }
      ]
    },
    {
      "module": "module.repo[\"project-template-python\"]",
      "mode": "managed",
      "type": "github_repository_ruleset",
      "name": "protect_release_tags",
      "provider": "provider[\"registry.opentofu.org/integrations/github\"]",
      "instances": [
        {
          "schema_version": 1,
          "attributes": {
            "bypass_actors": [
              {
                "actor_id": 0,
                "actor_type": "OrganizationAdmin",
                "bypass_mode": "always"
              }
            ],
            "conditions": [
              {
                "ref_name": [
                  {
                    "exclude": [],
                    "include": [
                      "refs/tags/*.*.*"
                    ]
                  }
                ]
              }
            ],
            "enforcement": "active",
            "etag": "W/\"71c2c5df9c2f70138e70095bfab42cadc9c9ae3c34e9e92f6c076a7c02b68518\"",
            "id": "16099735",
            "name": "Protect Release Tags",
            "node_id": "RRS_lACqUmVwb3NpdG9yec5JcrKnzgD1qZc",
            "repository": "project-template-python",
            "rules": [
              {
                "branch_name_pattern": [],
                "commit_author_email_pattern": [],
                "commit_message_pattern": [],
                "committer_email_pattern": [],
                "copilot_code_review": [],
                "creation": false,
                "deletion": true,
                "file_extension_restriction": [],
                "file_path_restriction": [],
                "max_file_path_length": [],
                "max_file_size": [],
                "merge_queue": [],
                "non_fast_forward": true,
                "pull_request": [],
                "required_code_scanning": [],
                "required_deployments": [],
                "required_linear_history": false,
                "required_signatures": false,
                "required_status_checks": [],
                "tag_name_pattern": [],
                "update": false,
                "update_allows_fetch_and_merge": false
              }
            ],
            "ruleset_id": 16099735,
            "target": "tag"
          },
          "sensitive_attributes": [],
          "private": "eyJzY2hlbWFfdmVyc2lvbiI6IjEifQ==",
          "dependencies": [
            "module.repo.github_repository.this"
          ]
        }
      ]
    },
    {
      "module": "module.repo[\"project-template-python\"]",
      "mode": "managed",
      "type": "github_repository_ruleset",
      "name": "require_pull_request",
      "provider": "provider[\"registry.opentofu.org/integrations/github\"]",
      "instances": [
        {
          "schema_version": 1,
          "attributes": {
            "bypass_actors": [
              {
                "actor_id": 0,
                "actor_type": "OrganizationAdmin",
                "bypass_mode": "always"
              },
              {
                "actor_id": 2462900,
                "actor_type": "Integration",
                "bypass_mode": "always"
              }
            ],
            "conditions": [
              {
                "ref_name": [
                  {
                    "exclude": [],
                    "include": [
                      "~DEFAULT_BRANCH",
                      "refs/heads/??.x",
                      "refs/heads/master"
                    ]
                  }
                ]
              }
            ],
            "enforcement": "active",
            "etag": "W/\"de4285db4eb3d26a48a591670369c583c6e4c107453ac1db58076baa7d1ac93d\"",
            "id": "16099736",
            "name": "Require Pull Request",
            "node_id": "RRS_lACqUmVwb3NpdG9yec5JcrKnzgD1qZg",
            "repository": "project-template-python",
            "rules": [
              {
                "branch_name_pattern": [],
                "commit_author_email_pattern": [],
                "commit_message_pattern": [],
                "committer_email_pattern": [],
                "copilot_code_review": [],
                "creation": false,
                "deletion": false,
                "file_extension_restriction": [],
                "file_path_restriction": [],
                "max_file_path_length": [],
                "max_file_size": [],
                "merge_queue": [],
                "non_fast_forward": false,
                "pull_request": [
                  {
                    "allowed_merge_methods": [
                      "squash"
                    ],
                    "dismiss_stale_reviews_on_push": false,
                    "require_code_owner_review": true,
                    "require_last_push_approval": false,
                    "required_approving_review_count": 0,
                    "required_review_thread_resolution": false,
                    "required_reviewers": []
                  }
                ],
                "required_code_scanning": [],
                "required_deployments": [],
                "required_linear_history": false,
                "required_signatures": false,
                "required_status_checks": [],
                "tag_name_pattern": [],
                "update": false,
                "update_allows_fetch_and_merge": false
              }
            ],
            "ruleset_id": 16099736,
            "target": "branch"
          },
          "sensitive_attributes": [],
          "private": "eyJzY2hlbWFfdmVyc2lvbiI6IjEifQ==",
          "dependencies": [
            "github_team.approvers",
            "module.repo.github_repository.this"
          ]
        }
      ]
    },
    {
      "module": "module.repo[\"project-template-python\"]",
      "mode": "managed",
      "type": "github_repository_ruleset",
      "name": "required_default_checks",
      "provider": "provider[\"registry.opentofu.org/integrations/github\"]",
      "instances": [
        {
          "schema_version": 1,
          "attributes": {
            "bypass_actors": [
              {
                "actor_id": 0,
                "actor_type": "OrganizationAdmin",
                "bypass_mode": "always"
              },
              {
                "actor_id": 2462900,
                "actor_type": "Integration",
                "bypass_mode": "always"
              }
            ],
            "conditions": [
              {
                "ref_name": [
                  {
                    "exclude": [],
                    "include": [
                      "~DEFAULT_BRANCH",
                      "refs/heads/??.x"
                    ]
                  }
                ]
              }
            ],
            "enforcement": "active",
            "etag": "W/\"3da3e34a41aec6255994b0094ee6b47bf9c61705b9b648bcd454613aca091562\"",
            "id": "16099737",
            "name": "Required Default PR Checks",
            "node_id": "RRS_lACqUmVwb3NpdG9yec5JcrKnzgD1qZk",
            "repository": "project-template-python",
            "rules": [
              {
                "branch_name_pattern": [],
                "commit_author_email_pattern": [],
                "commit_message_pattern": [],
                "committer_email_pattern": [],
                "copilot_code_review": [],
                "creation": false,
                "deletion": false,
                "file_extension_restriction": [],
                "file_path_restriction": [],
                "max_file_path_length": [],
                "max_file_size": [],
                "merge_queue": [],
                "non_fast_forward": false,
                "pull_request": [],
                "required_code_scanning": [],
                "required_deployments": [],
                "required_linear_history": false,
                "required_signatures": false,
                "required_status_checks": [
                  {
                    "do_not_enforce_on_create": false,
                    "required_check": [
                      {
                        "context": "Commit Message Check / Check Commit Message",
                        "integration_id": 15368
                      },
                      {
                        "context": "Copyright Header Check / Check Copyright Header",
                        "integration_id": 15368
                      },
                      {
                        "context": "Markdown Check / Check Markdown",
                        "integration_id": 15368
                      },
                      {
                        "context": "Trailing Newline Check / Check Trailing Newline",
                        "integration_id": 15368
                      }
                    ],
                    "strict_required_status_checks_policy": false
                  }
                ],
                "tag_name_pattern": [],
                "update": false,
                "update_allows_fetch_and_merge": false
              }
            ],
            "ruleset_id": 16099737,
            "target": "branch"
          },
          "sensitive_attributes": [],
          "private": "eyJzY2hlbWFfdmVyc2lvbiI6IjEifQ==",
          "dependencies": [
            "module.repo.github_repository.this"
          ]
        }
      ]
    },
    {
      "module": "module.repo[\"project-template-python\"]",
      "mode": "managed",
      "type": "github_repository_ruleset",
      "name": "required_language_checks",
      "provider": "provider[\"registry.opentofu.org/integrations/github\"]",
      "instances": [
        {
          "index_key": 0,
          "schema_version": 1,
          "attributes": {
            "bypass_actors": [
              {
                "actor_id": 0,
                "actor_type": "OrganizationAdmin",
                "bypass_mode": "always"
              },
              {
                "actor_id": 2462900,
                "actor_type": "Integration",
                "bypass_mode": "always"
              }
            ],
            "conditions": [
              {
                "ref_name": [
                  {
                    "exclude": [],
                    "include": [
                      "~DEFAULT_BRANCH",
                      "refs/heads/??.x"
                    ]
                  }
                ]
              }
            ],
            "enforcement": "active",
            "etag": "W/\"61ecceb9fb4ff2426b08a3a174ecc40148b8242779d53b2a0f6adc01f22812ca\"",
            "id": "19204426",
            "name": "Required Python PR Checks",
            "node_id": "RRS_lACqUmVwb3NpdG9yec5JcrKnzgElCUo",
            "repository": "project-template-python",
            "rules": [
              {
                "branch_name_pattern": [],
                "commit_author_email_pattern": [],
                "commit_message_pattern": [],
                "committer_email_pattern": [],
                "copilot_code_review": [],
                "creation": false,
                "deletion": false,
                "file_extension_restriction": [],
                "file_path_restriction": [],
                "max_file_path_length": [],
                "max_file_size": [],
                "merge_queue": [],
                "non_fast_forward": false,
                "pull_request": [],
                "required_code_scanning": [],
                "required_deployments": [],
                "required_linear_history": false,
                "required_signatures": false,
                "required_status_checks": [
                  {
                    "do_not_enforce_on_create": false,
                    "required_check": [
                      {
                        "context": "Tools / Bandit / Bandit",
                        "integration_id": 15368
                      },
                      {
                        "context": "Tools / Ruff / Ruff",
                        "integration_id": 15368
                      },
                      {
                        "context": "Tools / import-linter / import-linter",
                        "integration_id": 15368
                      },
                      {
                        "context": "Tools / mypy / mypy",
                        "integration_id": 15368
                      },
                      {
                        "context": "Tools / pytest / pytest",
                        "integration_id": 15368
                      }
                    ],
                    "strict_required_status_checks_policy": false
                  }
                ],
                "tag_name_pattern": [],
                "update": false,
                "update_allows_fetch_and_merge": false
              }
            ],
            "ruleset_id": 19204426,
            "target": "branch"
          },
          "sensitive_attributes": [],
          "private": "eyJzY2hlbWFfdmVyc2lvbiI6IjEifQ==",
          "dependencies": [
            "module.repo.github_repository.this"
          ]
        }
      ]
    },
    {
      "module": "module.repo[\"project-template-python\"]",
      "mode": "managed",
      "type": "github_repository_ruleset",
      "name": "restrict_unsupported_branches",
      "provider": "provider[\"registry.opentofu.org/integrations/github\"]",
      "instances": [
        {
          "schema_version": 1,
          "attributes": {
            "bypass_actors": [
              {
                "actor_id": 2462900,
                "actor_type": "Integration",
                "bypass_mode": "always"
              }
            ],
            "conditions": [
              {
                "ref_name": [
                  {
                    "exclude": [],
                    "include": [
                      "refs/heads/??.x-backup",
                      "refs/heads/master-backup"
                    ]
                  }
                ]
              }
            ],
            "enforcement": "active",
            "etag": "W/\"48a43ff965b03b380da9e5f35b7025ce91c46fa4afca03494a6197a978ba7722\"",
            "id": "16099738",
            "name": "Restrict Changes to Unsupported Branches",
            "node_id": "RRS_lACqUmVwb3NpdG9yec5JcrKnzgD1qZo",
            "repository": "project-template-python",
            "rules": [
              {
                "branch_name_pattern": [],
                "commit_author_email_pattern": [],
                "commit_message_pattern": [],
                "committer_email_pattern": [],
                "copilot_code_review": [],
                "creation": true,
                "deletion": true,
                "file_extension_restriction": [],
                "file_path_restriction": [],
                "max_file_path_length": [],
                "max_file_size": [],
                "merge_queue": [],
                "non_fast_forward": true,
                "pull_request": [],
                "required_code_scanning": [],
                "required_deployments": [],
                "required_linear_history": false,
                "required_signatures": false,
                "required_status_checks": [],
                "tag_name_pattern": [],
                "update": true,
                "update_allows_fetch_and_merge": false
              }
            ],
            "ruleset_id": 16099738,
            "target": "branch"
          },
          "sensitive_attributes": [],
          "private": "eyJzY2hlbWFfdmVyc2lvbiI6IjEifQ==",
          "dependencies": [
            "module.repo.github_repository.this"
          ]
        }
      ]
    },
    {
      "module": "module.repo[\"project-template-python\"]",
      "mode": "managed",
      "type": "github_repository_vulnerability_alerts",
      "name": "this",
      "provider": "provider[\"registry.opentofu.org/integrations/github\"]",
      "instances": [
        {
          "schema_version": 0,
          "attributes": {
            "enabled": true,
            "id": "1232253607",
            "repository": "project-template-python",
            "repository_id": 1232253607
          },
          "sensitive_attributes": [],
          "private": "eyJzY2hlbWFfdmVyc2lvbiI6IjAifQ==",
          "dependencies": [
            "module.repo.github_repository.this"
          ]
        }
      ]
    },
    {
      "module": "module.repo[\"project-template-python\"]",
      "mode": "managed",
      "type": "github_team_repository",
      "name": "approvers",
      "provider": "provider[\"registry.opentofu.org/integrations/github\"]",
      "instances": [
        {
          "index_key": 0,
          "schema_version": 0,
          "attributes": {
            "etag": "W/\"82616dfa553d8341d5ab2e7e3c197bb9fd8308794766ece9183f68c50a347699\"",
            "id": "18867552:project-template-python",
            "permission": "push",
            "repository": "project-template-python",
            "team_id": "approvers"
          },
          "sensitive_attributes": [],
          "private": "bnVsbA==",
          "dependencies": [
            "module.repo.github_repository.this"
          ]
        }
      ]
    },
    {
      "module": "module.repo[\"project-template-ts\"]",
      "mode": "managed",
      "type": "github_issue_label",
      "name": "claude_review",
      "provider": "provider[\"registry.opentofu.org/integrations/github\"]",
      "instances": [
        {
          "schema_version": 0,
          "attributes": {
            "color": "5319e7",
            "description": "Ask Claude to review this pull request",
            "etag": "W/\"d989fd8d71d1446f345c177f7fa2154fe8c042208e311dfac795b08e69a990d5\"",
            "id": "project-template-ts:claude-review",
            "name": "claude-review",
            "repository": "project-template-ts",
            "url": "https://api.github.com/repos/valkyrjaio/project-template-ts/labels/claude-review"
          },
          "sensitive_attributes": [],
          "private": "eyJzY2hlbWFfdmVyc2lvbiI6IjAifQ==",
          "dependencies": [
            "module.repo.github_repository.this"
          ]
        }
      ]
    },
    {
      "module": "module.repo[\"project-template-ts\"]",
      "mode": "managed",
      "type": "github_repository",
      "name": "this",
      "provider": "provider[\"registry.opentofu.org/integrations/github\"]",
      "instances": [
        {
          "schema_version": 1,
          "attributes": {
            "allow_auto_merge": false,
            "allow_forking": true,
            "allow_merge_commit": false,
            "allow_rebase_merge": false,
            "allow_squash_merge": true,
            "allow_update_branch": false,
            "archive_on_destroy": null,
            "archived": false,
            "auto_init": false,
            "default_branch": "26.x",
            "delete_branch_on_merge": true,
            "description": "TypeScript Project Template",
            "etag": "W/\"fea545683dde38b2e85fb21257362ba05b019cea8e058a410c6d07a1dc38b412\"",
            "fork": "false",
            "full_name": "valkyrjaio/project-template-ts",
            "git_clone_url": "git://github.com/valkyrjaio/project-template-ts.git",
            "gitignore_template": null,
            "has_discussions": false,
            "has_downloads": false,
            "has_issues": true,
            "has_projects": false,
            "has_wiki": false,
            "homepage_url": "",
            "html_url": "https://github.com/valkyrjaio/project-template-ts",
            "http_clone_url": "https://github.com/valkyrjaio/project-template-ts.git",
            "id": "project-template-ts",
            "ignore_vulnerability_alerts_during_read": null,
            "is_template": true,
            "license_template": null,
            "merge_commit_message": "PR_TITLE",
            "merge_commit_title": "MERGE_MESSAGE",
            "name": "project-template-ts",
            "node_id": "R_kgDOSXHqEA",
            "pages": [],
            "primary_language": "TypeScript",
            "private": false,
            "repo_id": 1232202256,
            "security_and_analysis": [
              {
                "advanced_security": [],
                "code_security": [],
                "secret_scanning": [
                  {
                    "status": "disabled"
                  }
                ],
                "secret_scanning_ai_detection": [],
                "secret_scanning_non_provider_patterns": [],
                "secret_scanning_push_protection": [
                  {
                    "status": "disabled"
                  }
                ]
              }
            ],
            "source_owner": "",
            "source_repo": "",
            "squash_merge_commit_message": "PR_BODY",
            "squash_merge_commit_title": "PR_TITLE",
            "ssh_clone_url": "git@github.com:valkyrjaio/project-template-ts.git",
            "svn_url": "https://github.com/valkyrjaio/project-template-ts",
            "template": [],
            "topics": [],
            "visibility": "public",
            "vulnerability_alerts": true,
            "web_commit_signoff_required": false
          },
          "sensitive_attributes": [],
          "private": "eyJzY2hlbWFfdmVyc2lvbiI6IjEifQ=="
        }
      ]
    },
    {
      "module": "module.repo[\"project-template-ts\"]",
      "mode": "managed",
      "type": "github_repository_ruleset",
      "name": "force_push_protection",
      "provider": "provider[\"registry.opentofu.org/integrations/github\"]",
      "instances": [
        {
          "schema_version": 1,
          "attributes": {
            "bypass_actors": [
              {
                "actor_id": 0,
                "actor_type": "OrganizationAdmin",
                "bypass_mode": "always"
              }
            ],
            "conditions": [
              {
                "ref_name": [
                  {
                    "exclude": [],
                    "include": [
                      "refs/heads/??.x"
                    ]
                  }
                ]
              }
            ],
            "enforcement": "active",
            "etag": "W/\"b9493357a01f25d59cb597e4b557c2f5787f7555ac1c25d046a60b520c5e1c92\"",
            "id": "16097330",
            "name": "Protect Against Force Pushes and Deletion",
            "node_id": "RRS_lACqUmVwb3NpdG9yec5JceoQzgD1oDI",
            "repository": "project-template-ts",
            "rules": [
              {
                "branch_name_pattern": [],
                "commit_author_email_pattern": [],
                "commit_message_pattern": [],
                "committer_email_pattern": [],
                "copilot_code_review": [],
                "creation": false,
                "deletion": true,
                "file_extension_restriction": [],
                "file_path_restriction": [],
                "max_file_path_length": [],
                "max_file_size": [],
                "merge_queue": [],
                "non_fast_forward": true,
                "pull_request": [],
                "required_code_scanning": [],
                "required_deployments": [],
                "required_linear_history": false,
                "required_signatures": false,
                "required_status_checks": [],
                "tag_name_pattern": [],
                "update": false,
                "update_allows_fetch_and_merge": false
              }
            ],
            "ruleset_id": 16097330,
            "target": "branch"
          },
          "sensitive_attributes": [],
          "private": "eyJzY2hlbWFfdmVyc2lvbiI6IjEifQ==",
          "dependencies": [
            "module.repo.github_repository.this"
          ]
        }
      ]
    },
    {
      "module": "module.repo[\"project-template-ts\"]",
      "mode": "managed",
      "type": "github_repository_ruleset",
      "name": "protect_master",
      "provider": "provider[\"registry.opentofu.org/integrations/github\"]",
      "instances": [
        {
          "schema_version": 1,
          "attributes": {
            "bypass_actors": [],
            "conditions": [
              {
                "ref_name": [
                  {
                    "exclude": [],
                    "include": [
                      "refs/heads/master"
                    ]
                  }
                ]
              }
            ],
            "enforcement": "active",
            "etag": "W/\"b4067ccd25cc2315b7ea2ff89e2fff4520216d0805bf537736a7f6037c3ff905\"",
            "id": "16097331",
            "name": "Protect Master At All Times",
            "node_id": "RRS_lACqUmVwb3NpdG9yec5JceoQzgD1oDM",
            "repository": "project-template-ts",
            "rules": [
              {
                "branch_name_pattern": [],
                "commit_author_email_pattern": [],
                "commit_message_pattern": [],
                "committer_email_pattern": [],
                "copilot_code_review": [],
                "creation": false,
                "deletion": true,
                "file_extension_restriction": [],
                "file_path_restriction": [],
                "max_file_path_length": [],
                "max_file_size": [],
                "merge_queue": [],
                "non_fast_forward": true,
                "pull_request": [],
                "required_code_scanning": [],
                "required_deployments": [],
                "required_linear_history": false,
                "required_signatures": false,
                "required_status_checks": [],
                "tag_name_pattern": [],
                "update": false,
                "update_allows_fetch_and_merge": false
              }
            ],
            "ruleset_id": 16097331,
            "target": "branch"
          },
          "sensitive_attributes": [],
          "private": "eyJzY2hlbWFfdmVyc2lvbiI6IjEifQ==",
          "dependencies": [
            "module.repo.github_repository.this"
          ]
        }
      ]
    },
    {
      "module": "module.repo[\"project-template-ts\"]",
      "mode": "managed",
      "type": "github_repository_ruleset",
      "name": "protect_release_tags",
      "provider": "provider[\"registry.opentofu.org/integrations/github\"]",
      "instances": [
        {
          "schema_version": 1,
          "attributes": {
            "bypass_actors": [
              {
                "actor_id": 0,
                "actor_type": "OrganizationAdmin",
                "bypass_mode": "always"
              }
            ],
            "conditions": [
              {
                "ref_name": [
                  {
                    "exclude": [],
                    "include": [
                      "refs/tags/*.*.*"
                    ]
                  }
                ]
              }
            ],
            "enforcement": "active",
            "etag": "W/\"76d524d2c261248ab487fd161be457fadc3c2a2019ec6869664167ee6321a99c\"",
            "id": "16097332",
            "name": "Protect Release Tags",
            "node_id": "RRS_lACqUmVwb3NpdG9yec5JceoQzgD1oDQ",
            "repository": "project-template-ts",
            "rules": [
              {
                "branch_name_pattern": [],
                "commit_author_email_pattern": [],
                "commit_message_pattern": [],
                "committer_email_pattern": [],
                "copilot_code_review": [],
                "creation": false,
                "deletion": true,
                "file_extension_restriction": [],
                "file_path_restriction": [],
                "max_file_path_length": [],
                "max_file_size": [],
                "merge_queue": [],
                "non_fast_forward": true,
                "pull_request": [],
                "required_code_scanning": [],
                "required_deployments": [],
                "required_linear_history": false,
                "required_signatures": false,
                "required_status_checks": [],
                "tag_name_pattern": [],
                "update": false,
                "update_allows_fetch_and_merge": false
              }
            ],
            "ruleset_id": 16097332,
            "target": "tag"
          },
          "sensitive_attributes": [],
          "private": "eyJzY2hlbWFfdmVyc2lvbiI6IjEifQ==",
          "dependencies": [
            "module.repo.github_repository.this"
          ]
        }
      ]
    },
    {
      "module": "module.repo[\"project-template-ts\"]",
      "mode": "managed",
      "type": "github_repository_ruleset",
      "name": "require_pull_request",
      "provider": "provider[\"registry.opentofu.org/integrations/github\"]",
      "instances": [
        {
          "schema_version": 1,
          "attributes": {
            "bypass_actors": [
              {
                "actor_id": 0,
                "actor_type": "OrganizationAdmin",
                "bypass_mode": "always"
              },
              {
                "actor_id": 2462900,
                "actor_type": "Integration",
                "bypass_mode": "always"
              }
            ],
            "conditions": [
              {
                "ref_name": [
                  {
                    "exclude": [],
                    "include": [
                      "~DEFAULT_BRANCH",
                      "refs/heads/??.x",
                      "refs/heads/master"
                    ]
                  }
                ]
              }
            ],
            "enforcement": "active",
            "etag": "W/\"b03b9f18ef8d33b2ebabf012ed327dbfb39b3658c002f9c4b9126a32bab6671b\"",
            "id": "16097333",
            "name": "Require Pull Request",
            "node_id": "RRS_lACqUmVwb3NpdG9yec5JceoQzgD1oDU",
            "repository": "project-template-ts",
            "rules": [
              {
                "branch_name_pattern": [],
                "commit_author_email_pattern": [],
                "commit_message_pattern": [],
                "committer_email_pattern": [],
                "copilot_code_review": [],
                "creation": false,
                "deletion": false,
                "file_extension_restriction": [],
                "file_path_restriction": [],
                "max_file_path_length": [],
                "max_file_size": [],
                "merge_queue": [],
                "non_fast_forward": false,
                "pull_request": [
                  {
                    "allowed_merge_methods": [
                      "squash"
                    ],
                    "dismiss_stale_reviews_on_push": false,
                    "require_code_owner_review": true,
                    "require_last_push_approval": false,
                    "required_approving_review_count": 0,
                    "required_review_thread_resolution": false,
                    "required_reviewers": []
                  }
                ],
                "required_code_scanning": [],
                "required_deployments": [],
                "required_linear_history": false,
                "required_signatures": false,
                "required_status_checks": [],
                "tag_name_pattern": [],
                "update": false,
                "update_allows_fetch_and_merge": false
              }
            ],
            "ruleset_id": 16097333,
            "target": "branch"
          },
          "sensitive_attributes": [],
          "private": "eyJzY2hlbWFfdmVyc2lvbiI6IjEifQ==",
          "dependencies": [
            "github_team.approvers",
            "module.repo.github_repository.this"
          ]
        }
      ]
    },
    {
      "module": "module.repo[\"project-template-ts\"]",
      "mode": "managed",
      "type": "github_repository_ruleset",
      "name": "required_default_checks",
      "provider": "provider[\"registry.opentofu.org/integrations/github\"]",
      "instances": [
        {
          "schema_version": 1,
          "attributes": {
            "bypass_actors": [
              {
                "actor_id": 0,
                "actor_type": "OrganizationAdmin",
                "bypass_mode": "always"
              },
              {
                "actor_id": 2462900,
                "actor_type": "Integration",
                "bypass_mode": "always"
              }
            ],
            "conditions": [
              {
                "ref_name": [
                  {
                    "exclude": [],
                    "include": [
                      "~DEFAULT_BRANCH",
                      "refs/heads/??.x"
                    ]
                  }
                ]
              }
            ],
            "enforcement": "active",
            "etag": "W/\"0f16b42146078d8d1080edef2f116744836d03120834e4674cfc8b73d6a61c47\"",
            "id": "16097335",
            "name": "Required Default PR Checks",
            "node_id": "RRS_lACqUmVwb3NpdG9yec5JceoQzgD1oDc",
            "repository": "project-template-ts",
            "rules": [
              {
                "branch_name_pattern": [],
                "commit_author_email_pattern": [],
                "commit_message_pattern": [],
                "committer_email_pattern": [],
                "copilot_code_review": [],
                "creation": false,
                "deletion": false,
                "file_extension_restriction": [],
                "file_path_restriction": [],
                "max_file_path_length": [],
                "max_file_size": [],
                "merge_queue": [],
                "non_fast_forward": false,
                "pull_request": [],
                "required_code_scanning": [],
                "required_deployments": [],
                "required_linear_history": false,
                "required_signatures": false,
                "required_status_checks": [
                  {
                    "do_not_enforce_on_create": false,
                    "required_check": [
                      {
                        "context": "Commit Message Check / Check Commit Message",
                        "integration_id": 15368
                      },
                      {
                        "context": "Copyright Header Check / Check Copyright Header",
                        "integration_id": 15368
                      },
                      {
                        "context": "Markdown Check / Check Markdown",
                        "integration_id": 15368
                      },
                      {
                        "context": "Trailing Newline Check / Check Trailing Newline",
                        "integration_id": 15368
                      }
                    ],
                    "strict_required_status_checks_policy": false
                  }
                ],
                "tag_name_pattern": [],
                "update": false,
                "update_allows_fetch_and_merge": false
              }
            ],
            "ruleset_id": 16097335,
            "target": "branch"
          },
          "sensitive_attributes": [],
          "private": "eyJzY2hlbWFfdmVyc2lvbiI6IjEifQ==",
          "dependencies": [
            "module.repo.github_repository.this"
          ]
        }
      ]
    },
    {
      "module": "module.repo[\"project-template-ts\"]",
      "mode": "managed",
      "type": "github_repository_ruleset",
      "name": "required_language_checks",
      "provider": "provider[\"registry.opentofu.org/integrations/github\"]",
      "instances": [
        {
          "index_key": 0,
          "schema_version": 1,
          "attributes": {
            "bypass_actors": [
              {
                "actor_id": 0,
                "actor_type": "OrganizationAdmin",
                "bypass_mode": "always"
              },
              {
                "actor_id": 2462900,
                "actor_type": "Integration",
                "bypass_mode": "always"
              }
            ],
            "conditions": [
              {
                "ref_name": [
                  {
                    "exclude": [],
                    "include": [
                      "~DEFAULT_BRANCH",
                      "refs/heads/??.x"
                    ]
                  }
                ]
              }
            ],
            "enforcement": "active",
            "etag": "W/\"2d55fdcd35404d7f36445938382e18ed21147340309eced139f00e9988b73200\"",
            "id": "16538887",
            "name": "Required TypeScript PR Checks",
            "node_id": "RRS_lACqUmVwb3NpdG9yec5JceoQzgD8XQc",
            "repository": "project-template-ts",
            "rules": [
              {
                "branch_name_pattern": [],
                "commit_author_email_pattern": [],
                "commit_message_pattern": [],
                "committer_email_pattern": [],
                "copilot_code_review": [],
                "creation": false,
                "deletion": false,
                "file_extension_restriction": [],
                "file_path_restriction": [],
                "max_file_path_length": [],
                "max_file_size": [],
                "merge_queue": [],
                "non_fast_forward": false,
                "pull_request": [],
                "required_code_scanning": [],
                "required_deployments": [],
                "required_linear_history": false,
                "required_signatures": false,
                "required_status_checks": [
                  {
                    "do_not_enforce_on_create": false,
                    "required_check": [
                      {
                        "context": "Tools / ESLint / ESLint",
                        "integration_id": 15368
                      },
                      {
                        "context": "Tools / Prettier / Prettier",
                        "integration_id": 15368
                      },
                      {
                        "context": "Tools / TypeScript / TypeScript",
                        "integration_id": 15368
                      },
                      {
                        "context": "Tools / Vitest / Vitest",
                        "integration_id": 15368
                      }
                    ],
                    "strict_required_status_checks_policy": false
                  }
                ],
                "tag_name_pattern": [],
                "update": false,
                "update_allows_fetch_and_merge": false
              }
            ],
            "ruleset_id": 16538887,
            "target": "branch"
          },
          "sensitive_attributes": [],
          "private": "eyJzY2hlbWFfdmVyc2lvbiI6IjEifQ==",
          "dependencies": [
            "module.repo.github_repository.this"
          ]
        }
      ]
    },
    {
      "module": "module.repo[\"project-template-ts\"]",
      "mode": "managed",
      "type": "github_repository_ruleset",
      "name": "restrict_unsupported_branches",
      "provider": "provider[\"registry.opentofu.org/integrations/github\"]",
      "instances": [
        {
          "schema_version": 1,
          "attributes": {
            "bypass_actors": [
              {
                "actor_id": 2462900,
                "actor_type": "Integration",
                "bypass_mode": "always"
              }
            ],
            "conditions": [
              {
                "ref_name": [
                  {
                    "exclude": [],
                    "include": [
                      "refs/heads/??.x-backup",
                      "refs/heads/master-backup"
                    ]
                  }
                ]
              }
            ],
            "enforcement": "active",
            "etag": "W/\"ca8a05c2a5b2c6087b4e3d456545cd13bed0aebe2bd0609ea971bc1ea9c16532\"",
            "id": "16097336",
            "name": "Restrict Changes to Unsupported Branches",
            "node_id": "RRS_lACqUmVwb3NpdG9yec5JceoQzgD1oDg",
            "repository": "project-template-ts",
            "rules": [
              {
                "branch_name_pattern": [],
                "commit_author_email_pattern": [],
                "commit_message_pattern": [],
                "committer_email_pattern": [],
                "copilot_code_review": [],
                "creation": true,
                "deletion": true,
                "file_extension_restriction": [],
                "file_path_restriction": [],
                "max_file_path_length": [],
                "max_file_size": [],
                "merge_queue": [],
                "non_fast_forward": true,
                "pull_request": [],
                "required_code_scanning": [],
                "required_deployments": [],
                "required_linear_history": false,
                "required_signatures": false,
                "required_status_checks": [],
                "tag_name_pattern": [],
                "update": true,
                "update_allows_fetch_and_merge": false
              }
            ],
            "ruleset_id": 16097336,
            "target": "branch"
          },
          "sensitive_attributes": [],
          "private": "eyJzY2hlbWFfdmVyc2lvbiI6IjEifQ==",
          "dependencies": [
            "module.repo.github_repository.this"
          ]
        }
      ]
    },
    {
      "module": "module.repo[\"project-template-ts\"]",
      "mode": "managed",
      "type": "github_repository_vulnerability_alerts",
      "name": "this",
      "provider": "provider[\"registry.opentofu.org/integrations/github\"]",
      "instances": [
        {
          "schema_version": 0,
          "attributes": {
            "enabled": true,
            "id": "1232202256",
            "repository": "project-template-ts",
            "repository_id": 1232202256
          },
          "sensitive_attributes": [],
          "private": "eyJzY2hlbWFfdmVyc2lvbiI6IjAifQ==",
          "dependencies": [
            "module.repo.github_repository.this"
          ]
        }
      ]
    },
    {
      "module": "module.repo[\"project-template-ts\"]",
      "mode": "managed",
      "type": "github_team_repository",
      "name": "approvers",
      "provider": "provider[\"registry.opentofu.org/integrations/github\"]",
      "instances": [
        {
          "index_key": 0,
          "schema_version": 0,
          "attributes": {
            "etag": "W/\"6726c2ba39070314e05c9b55d7482ce978005555a9d34924e1c35f1ae00d4ed1\"",
            "id": "18867552:project-template-ts",
            "permission": "push",
            "repository": "project-template-ts",
            "team_id": "approvers"
          },
          "sensitive_attributes": [],
          "private": "bnVsbA==",
          "dependencies": [
            "module.repo.github_repository.this"
          ]
        }
      ]
    },
    {
      "module": "module.repo[\"sindri-go\"]",
      "mode": "managed",
      "type": "github_issue_label",
      "name": "claude_review",
      "provider": "provider[\"registry.opentofu.org/integrations/github\"]",
      "instances": [
        {
          "schema_version": 0,
          "attributes": {
            "color": "5319e7",
            "description": "Ask Claude to review this pull request",
            "etag": "W/\"ea2d9fca69d2cd080b3cea2fcc41fd9c3172cb9e58fe913a5306f13537150546\"",
            "id": "sindri-go:claude-review",
            "name": "claude-review",
            "repository": "sindri-go",
            "url": "https://api.github.com/repos/valkyrjaio/sindri-go/labels/claude-review"
          },
          "sensitive_attributes": [],
          "private": "eyJzY2hlbWFfdmVyc2lvbiI6IjAifQ==",
          "dependencies": [
            "module.repo.github_repository.this"
          ]
        }
      ]
    },
    {
      "module": "module.repo[\"sindri-go\"]",
      "mode": "managed",
      "type": "github_repository",
      "name": "this",
      "provider": "provider[\"registry.opentofu.org/integrations/github\"]",
      "instances": [
        {
          "schema_version": 1,
          "attributes": {
            "allow_auto_merge": false,
            "allow_forking": true,
            "allow_merge_commit": false,
            "allow_rebase_merge": false,
            "allow_squash_merge": true,
            "allow_update_branch": false,
            "archive_on_destroy": null,
            "archived": false,
            "auto_init": false,
            "default_branch": "26.x",
            "delete_branch_on_merge": true,
            "description": "The Valkyrja Go framework build tool and application creator",
            "etag": "W/\"d6c2cff8281f02f674be3e21c228f58297ec2ffe80f975bc8cc52acb00896477\"",
            "fork": "false",
            "full_name": "valkyrjaio/sindri-go",
            "git_clone_url": "git://github.com/valkyrjaio/sindri-go.git",
            "gitignore_template": null,
            "has_discussions": false,
            "has_downloads": false,
            "has_issues": true,
            "has_projects": false,
            "has_wiki": false,
            "homepage_url": "",
            "html_url": "https://github.com/valkyrjaio/sindri-go",
            "http_clone_url": "https://github.com/valkyrjaio/sindri-go.git",
            "id": "sindri-go",
            "ignore_vulnerability_alerts_during_read": null,
            "is_template": false,
            "license_template": null,
            "merge_commit_message": "PR_TITLE",
            "merge_commit_title": "MERGE_MESSAGE",
            "name": "sindri-go",
            "node_id": "R_kgDOTsJLRg",
            "pages": [],
            "primary_language": "Makefile",
            "private": false,
            "repo_id": 1321356102,
            "security_and_analysis": [
              {
                "advanced_security": [],
                "code_security": [],
                "secret_scanning": [
                  {
                    "status": "disabled"
                  }
                ],
                "secret_scanning_ai_detection": [],
                "secret_scanning_non_provider_patterns": [],
                "secret_scanning_push_protection": [
                  {
                    "status": "disabled"
                  }
                ]
              }
            ],
            "source_owner": "",
            "source_repo": "",
            "squash_merge_commit_message": "PR_BODY",
            "squash_merge_commit_title": "PR_TITLE",
            "ssh_clone_url": "git@github.com:valkyrjaio/sindri-go.git",
            "svn_url": "https://github.com/valkyrjaio/sindri-go",
            "template": [
              {
                "include_all_branches": false,
                "owner": "valkyrjaio",
                "repository": "project-template-go"
              }
            ],
            "topics": [],
            "visibility": "public",
            "vulnerability_alerts": true,
            "web_commit_signoff_required": false
          },
          "sensitive_attributes": [],
          "private": "eyJzY2hlbWFfdmVyc2lvbiI6IjEifQ=="
        }
      ]
    },
    {
      "module": "module.repo[\"sindri-go\"]",
      "mode": "managed",
      "type": "github_repository_ruleset",
      "name": "force_push_protection",
      "provider": "provider[\"registry.opentofu.org/integrations/github\"]",
      "instances": [
        {
          "schema_version": 1,
          "attributes": {
            "bypass_actors": [
              {
                "actor_id": 0,
                "actor_type": "OrganizationAdmin",
                "bypass_mode": "always"
              }
            ],
            "conditions": [
              {
                "ref_name": [
                  {
                    "exclude": [],
                    "include": [
                      "refs/heads/??.x"
                    ]
                  }
                ]
              }
            ],
            "enforcement": "active",
            "etag": "W/\"c081acb2a9db6006ebfff6bb0462e6fc034cf400a39931057b485fee8b1d0891\"",
            "id": "20276845",
            "name": "Protect Against Force Pushes and Deletion",
            "node_id": "RRS_lACqUmVwb3NpdG9yec5OwktGzgE1Zm0",
            "repository": "sindri-go",
            "rules": [
              {
                "branch_name_pattern": [],
                "commit_author_email_pattern": [],
                "commit_message_pattern": [],
                "committer_email_pattern": [],
                "copilot_code_review": [],
                "creation": false,
                "deletion": true,
                "file_extension_restriction": [],
                "file_path_restriction": [],
                "max_file_path_length": [],
                "max_file_size": [],
                "merge_queue": [],
                "non_fast_forward": true,
                "pull_request": [],
                "required_code_scanning": [],
                "required_deployments": [],
                "required_linear_history": false,
                "required_signatures": false,
                "required_status_checks": [],
                "tag_name_pattern": [],
                "update": false,
                "update_allows_fetch_and_merge": false
              }
            ],
            "ruleset_id": 20276845,
            "target": "branch"
          },
          "sensitive_attributes": [],
          "private": "eyJzY2hlbWFfdmVyc2lvbiI6IjEifQ==",
          "dependencies": [
            "module.repo.github_repository.this"
          ]
        }
      ]
    },
    {
      "module": "module.repo[\"sindri-go\"]",
      "mode": "managed",
      "type": "github_repository_ruleset",
      "name": "protect_master",
      "provider": "provider[\"registry.opentofu.org/integrations/github\"]",
      "instances": [
        {
          "schema_version": 1,
          "attributes": {
            "bypass_actors": [],
            "conditions": [
              {
                "ref_name": [
                  {
                    "exclude": [],
                    "include": [
                      "refs/heads/master"
                    ]
                  }
                ]
              }
            ],
            "enforcement": "active",
            "etag": "W/\"96bb4421270c1f631ab3c297d568e03ac47695a0f2b83a18e91f875e9ebe070c\"",
            "id": "20276848",
            "name": "Protect Master At All Times",
            "node_id": "RRS_lACqUmVwb3NpdG9yec5OwktGzgE1ZnA",
            "repository": "sindri-go",
            "rules": [
              {
                "branch_name_pattern": [],
                "commit_author_email_pattern": [],
                "commit_message_pattern": [],
                "committer_email_pattern": [],
                "copilot_code_review": [],
                "creation": false,
                "deletion": true,
                "file_extension_restriction": [],
                "file_path_restriction": [],
                "max_file_path_length": [],
                "max_file_size": [],
                "merge_queue": [],
                "non_fast_forward": true,
                "pull_request": [],
                "required_code_scanning": [],
                "required_deployments": [],
                "required_linear_history": false,
                "required_signatures": false,
                "required_status_checks": [],
                "tag_name_pattern": [],
                "update": false,
                "update_allows_fetch_and_merge": false
              }
            ],
            "ruleset_id": 20276848,
            "target": "branch"
          },
          "sensitive_attributes": [],
          "private": "eyJzY2hlbWFfdmVyc2lvbiI6IjEifQ==",
          "dependencies": [
            "module.repo.github_repository.this"
          ]
        }
      ]
    },
    {
      "module": "module.repo[\"sindri-go\"]",
      "mode": "managed",
      "type": "github_repository_ruleset",
      "name": "protect_release_tags",
      "provider": "provider[\"registry.opentofu.org/integrations/github\"]",
      "instances": [
        {
          "schema_version": 1,
          "attributes": {
            "bypass_actors": [
              {
                "actor_id": 0,
                "actor_type": "OrganizationAdmin",
                "bypass_mode": "always"
              }
            ],
            "conditions": [
              {
                "ref_name": [
                  {
                    "exclude": [],
                    "include": [
                      "refs/tags/*.*.*"
                    ]
                  }
                ]
              }
            ],
            "enforcement": "active",
            "etag": "W/\"a152a577d4b3e95e467d60d95aec45871d23c61d2c6505ffdfdc25e13984ce8e\"",
            "id": "20276850",
            "name": "Protect Release Tags",
            "node_id": "RRS_lACqUmVwb3NpdG9yec5OwktGzgE1ZnI",
            "repository": "sindri-go",
            "rules": [
              {
                "branch_name_pattern": [],
                "commit_author_email_pattern": [],
                "commit_message_pattern": [],
                "committer_email_pattern": [],
                "copilot_code_review": [],
                "creation": false,
                "deletion": true,
                "file_extension_restriction": [],
                "file_path_restriction": [],
                "max_file_path_length": [],
                "max_file_size": [],
                "merge_queue": [],
                "non_fast_forward": true,
                "pull_request": [],
                "required_code_scanning": [],
                "required_deployments": [],
                "required_linear_history": false,
                "required_signatures": false,
                "required_status_checks": [],
                "tag_name_pattern": [],
                "update": false,
                "update_allows_fetch_and_merge": false
              }
            ],
            "ruleset_id": 20276850,
            "target": "tag"
          },
          "sensitive_attributes": [],
          "private": "eyJzY2hlbWFfdmVyc2lvbiI6IjEifQ==",
          "dependencies": [
            "module.repo.github_repository.this"
          ]
        }
      ]
    },
    {
      "module": "module.repo[\"sindri-go\"]",
      "mode": "managed",
      "type": "github_repository_ruleset",
      "name": "require_pull_request",
      "provider": "provider[\"registry.opentofu.org/integrations/github\"]",
      "instances": [
        {
          "schema_version": 1,
          "attributes": {
            "bypass_actors": [
              {
                "actor_id": 0,
                "actor_type": "OrganizationAdmin",
                "bypass_mode": "always"
              },
              {
                "actor_id": 2462900,
                "actor_type": "Integration",
                "bypass_mode": "always"
              }
            ],
            "conditions": [
              {
                "ref_name": [
                  {
                    "exclude": [],
                    "include": [
                      "~DEFAULT_BRANCH",
                      "refs/heads/??.x",
                      "refs/heads/master"
                    ]
                  }
                ]
              }
            ],
            "enforcement": "active",
            "etag": "W/\"5bd35c3a800f8c1f9a7cffb0032af33ebe6b7c8b8a5d9c70b421c55827059aef\"",
            "id": "20276853",
            "name": "Require Pull Request",
            "node_id": "RRS_lACqUmVwb3NpdG9yec5OwktGzgE1ZnU",
            "repository": "sindri-go",
            "rules": [
              {
                "branch_name_pattern": [],
                "commit_author_email_pattern": [],
                "commit_message_pattern": [],
                "committer_email_pattern": [],
                "copilot_code_review": [],
                "creation": false,
                "deletion": false,
                "file_extension_restriction": [],
                "file_path_restriction": [],
                "max_file_path_length": [],
                "max_file_size": [],
                "merge_queue": [],
                "non_fast_forward": false,
                "pull_request": [
                  {
                    "allowed_merge_methods": [
                      "squash"
                    ],
                    "dismiss_stale_reviews_on_push": false,
                    "require_code_owner_review": true,
                    "require_last_push_approval": false,
                    "required_approving_review_count": 0,
                    "required_review_thread_resolution": false,
                    "required_reviewers": []
                  }
                ],
                "required_code_scanning": [],
                "required_deployments": [],
                "required_linear_history": false,
                "required_signatures": false,
                "required_status_checks": [],
                "tag_name_pattern": [],
                "update": false,
                "update_allows_fetch_and_merge": false
              }
            ],
            "ruleset_id": 20276853,
            "target": "branch"
          },
          "sensitive_attributes": [],
          "private": "eyJzY2hlbWFfdmVyc2lvbiI6IjEifQ==",
          "dependencies": [
            "github_team.approvers",
            "module.repo.github_repository.this"
          ]
        }
      ]
    },
    {
      "module": "module.repo[\"sindri-go\"]",
      "mode": "managed",
      "type": "github_repository_ruleset",
      "name": "required_default_checks",
      "provider": "provider[\"registry.opentofu.org/integrations/github\"]",
      "instances": [
        {
          "schema_version": 1,
          "attributes": {
            "bypass_actors": [
              {
                "actor_id": 0,
                "actor_type": "OrganizationAdmin",
                "bypass_mode": "always"
              },
              {
                "actor_id": 2462900,
                "actor_type": "Integration",
                "bypass_mode": "always"
              }
            ],
            "conditions": [
              {
                "ref_name": [
                  {
                    "exclude": [],
                    "include": [
                      "~DEFAULT_BRANCH",
                      "refs/heads/??.x"
                    ]
                  }
                ]
              }
            ],
            "enforcement": "active",
            "etag": "W/\"c56c2f341d9044e6ba3eba284fe6e58728db4fe512df1bfdf2c534fa9acf3ad5\"",
            "id": "20276855",
            "name": "Required Default PR Checks",
            "node_id": "RRS_lACqUmVwb3NpdG9yec5OwktGzgE1Znc",
            "repository": "sindri-go",
            "rules": [
              {
                "branch_name_pattern": [],
                "commit_author_email_pattern": [],
                "commit_message_pattern": [],
                "committer_email_pattern": [],
                "copilot_code_review": [],
                "creation": false,
                "deletion": false,
                "file_extension_restriction": [],
                "file_path_restriction": [],
                "max_file_path_length": [],
                "max_file_size": [],
                "merge_queue": [],
                "non_fast_forward": false,
                "pull_request": [],
                "required_code_scanning": [],
                "required_deployments": [],
                "required_linear_history": false,
                "required_signatures": false,
                "required_status_checks": [
                  {
                    "do_not_enforce_on_create": false,
                    "required_check": [
                      {
                        "context": "Commit Message Check / Check Commit Message",
                        "integration_id": 15368
                      },
                      {
                        "context": "Copyright Header Check / Check Copyright Header",
                        "integration_id": 15368
                      },
                      {
                        "context": "Markdown Check / Check Markdown",
                        "integration_id": 15368
                      },
                      {
                        "context": "Trailing Newline Check / Check Trailing Newline",
                        "integration_id": 15368
                      }
                    ],
                    "strict_required_status_checks_policy": false
                  }
                ],
                "tag_name_pattern": [],
                "update": false,
                "update_allows_fetch_and_merge": false
              }
            ],
            "ruleset_id": 20276855,
            "target": "branch"
          },
          "sensitive_attributes": [],
          "private": "eyJzY2hlbWFfdmVyc2lvbiI6IjEifQ==",
          "dependencies": [
            "module.repo.github_repository.this"
          ]
        }
      ]
    },
    {
      "module": "module.repo[\"sindri-go\"]",
      "mode": "managed",
      "type": "github_repository_ruleset",
      "name": "required_language_checks",
      "provider": "provider[\"registry.opentofu.org/integrations/github\"]",
      "instances": [
        {
          "index_key": 0,
          "schema_version": 1,
          "attributes": {
            "bypass_actors": [
              {
                "actor_id": 0,
                "actor_type": "OrganizationAdmin",
                "bypass_mode": "always"
              },
              {
                "actor_id": 2462900,
                "actor_type": "Integration",
                "bypass_mode": "always"
              }
            ],
            "conditions": [
              {
                "ref_name": [
                  {
                    "exclude": [],
                    "include": [
                      "~DEFAULT_BRANCH",
                      "refs/heads/??.x"
                    ]
                  }
                ]
              }
            ],
            "enforcement": "active",
            "etag": "W/\"216658a52921d7e625433f5007565ed22609a84218ab52dded26913a5297311c\"",
            "id": "20276857",
            "name": "Required Go PR Checks",
            "node_id": "RRS_lACqUmVwb3NpdG9yec5OwktGzgE1Znk",
            "repository": "sindri-go",
            "rules": [
              {
                "branch_name_pattern": [],
                "commit_author_email_pattern": [],
                "commit_message_pattern": [],
                "committer_email_pattern": [],
                "copilot_code_review": [],
                "creation": false,
                "deletion": false,
                "file_extension_restriction": [],
                "file_path_restriction": [],
                "max_file_path_length": [],
                "max_file_size": [],
                "merge_queue": [],
                "non_fast_forward": false,
                "pull_request": [],
                "required_code_scanning": [],
                "required_deployments": [],
                "required_linear_history": false,
                "required_signatures": false,
                "required_status_checks": [
                  {
                    "do_not_enforce_on_create": false,
                    "required_check": [
                      {
                        "context": "Tools / Test / Test",
                        "integration_id": 15368
                      },
                      {
                        "context": "Tools / golangci-lint / golangci-lint",
                        "integration_id": 15368
                      }
                    ],
                    "strict_required_status_checks_policy": false
                  }
                ],
                "tag_name_pattern": [],
                "update": false,
                "update_allows_fetch_and_merge": false
              }
            ],
            "ruleset_id": 20276857,
            "target": "branch"
          },
          "sensitive_attributes": [],
          "private": "eyJzY2hlbWFfdmVyc2lvbiI6IjEifQ==",
          "dependencies": [
            "module.repo.github_repository.this"
          ]
        }
      ]
    },
    {
      "module": "module.repo[\"sindri-go\"]",
      "mode": "managed",
      "type": "github_repository_ruleset",
      "name": "restrict_unsupported_branches",
      "provider": "provider[\"registry.opentofu.org/integrations/github\"]",
      "instances": [
        {
          "schema_version": 1,
          "attributes": {
            "bypass_actors": [
              {
                "actor_id": 2462900,
                "actor_type": "Integration",
                "bypass_mode": "always"
              }
            ],
            "conditions": [
              {
                "ref_name": [
                  {
                    "exclude": [],
                    "include": [
                      "refs/heads/??.x-backup",
                      "refs/heads/master-backup"
                    ]
                  }
                ]
              }
            ],
            "enforcement": "active",
            "etag": "W/\"43e8390bde1de56cc752705b811f641adc189946d3538448e70afc183181e4ec\"",
            "id": "20276856",
            "name": "Restrict Changes to Unsupported Branches",
            "node_id": "RRS_lACqUmVwb3NpdG9yec5OwktGzgE1Zng",
            "repository": "sindri-go",
            "rules": [
              {
                "branch_name_pattern": [],
                "commit_author_email_pattern": [],
                "commit_message_pattern": [],
                "committer_email_pattern": [],
                "copilot_code_review": [],
                "creation": true,
                "deletion": true,
                "file_extension_restriction": [],
                "file_path_restriction": [],
                "max_file_path_length": [],
                "max_file_size": [],
                "merge_queue": [],
                "non_fast_forward": true,
                "pull_request": [],
                "required_code_scanning": [],
                "required_deployments": [],
                "required_linear_history": false,
                "required_signatures": false,
                "required_status_checks": [],
                "tag_name_pattern": [],
                "update": true,
                "update_allows_fetch_and_merge": false
              }
            ],
            "ruleset_id": 20276856,
            "target": "branch"
          },
          "sensitive_attributes": [],
          "private": "eyJzY2hlbWFfdmVyc2lvbiI6IjEifQ==",
          "dependencies": [
            "module.repo.github_repository.this"
          ]
        }
      ]
    },
    {
      "module": "module.repo[\"sindri-go\"]",
      "mode": "managed",
      "type": "github_repository_vulnerability_alerts",
      "name": "this",
      "provider": "provider[\"registry.opentofu.org/integrations/github\"]",
      "instances": [
        {
          "schema_version": 0,
          "attributes": {
            "enabled": true,
            "id": "1321356102",
            "repository": "sindri-go",
            "repository_id": 1321356102
          },
          "sensitive_attributes": [],
          "private": "eyJzY2hlbWFfdmVyc2lvbiI6IjAifQ==",
          "dependencies": [
            "module.repo.github_repository.this"
          ]
        }
      ]
    },
    {
      "module": "module.repo[\"sindri-go\"]",
      "mode": "managed",
      "type": "github_team_repository",
      "name": "approvers",
      "provider": "provider[\"registry.opentofu.org/integrations/github\"]",
      "instances": [
        {
          "index_key": 0,
          "schema_version": 0,
          "attributes": {
            "etag": "W/\"d6d1e46f2dfabff961b73fd57bd428e46ad749127e0f3ce27d020117b308c16b\"",
            "id": "18867552:sindri-go",
            "permission": "push",
            "repository": "sindri-go",
            "team_id": "approvers"
          },
          "sensitive_attributes": [],
          "private": "bnVsbA==",
          "dependencies": [
            "module.repo.github_repository.this"
          ]
        }
      ]
    },
    {
      "module": "module.repo[\"sindri-java\"]",
      "mode": "managed",
      "type": "github_issue_label",
      "name": "claude_review",
      "provider": "provider[\"registry.opentofu.org/integrations/github\"]",
      "instances": [
        {
          "schema_version": 0,
          "attributes": {
            "color": "5319e7",
            "description": "Ask Claude to review this pull request",
            "etag": "W/\"98f7c162427cd94fde42a8f7964e7851f75d374373a66712e5f0b8804904fa94\"",
            "id": "sindri-java:claude-review",
            "name": "claude-review",
            "repository": "sindri-java",
            "url": "https://api.github.com/repos/valkyrjaio/sindri-java/labels/claude-review"
          },
          "sensitive_attributes": [],
          "private": "eyJzY2hlbWFfdmVyc2lvbiI6IjAifQ==",
          "dependencies": [
            "module.repo.github_repository.this"
          ]
        }
      ]
    },
    {
      "module": "module.repo[\"sindri-java\"]",
      "mode": "managed",
      "type": "github_repository",
      "name": "this",
      "provider": "provider[\"registry.opentofu.org/integrations/github\"]",
      "instances": [
        {
          "schema_version": 1,
          "attributes": {
            "allow_auto_merge": false,
            "allow_forking": true,
            "allow_merge_commit": false,
            "allow_rebase_merge": false,
            "allow_squash_merge": true,
            "allow_update_branch": false,
            "archive_on_destroy": null,
            "archived": false,
            "auto_init": false,
            "default_branch": "26.x",
            "delete_branch_on_merge": true,
            "description": "The Valkyrja Java framework build tool and application creator",
            "etag": "W/\"99d90e4758122945654b185de853b46fb0170af155bdd2af0f17a2831f02d83c\"",
            "fork": "false",
            "full_name": "valkyrjaio/sindri-java",
            "git_clone_url": "git://github.com/valkyrjaio/sindri-java.git",
            "gitignore_template": null,
            "has_discussions": false,
            "has_downloads": false,
            "has_issues": true,
            "has_projects": false,
            "has_wiki": false,
            "homepage_url": "",
            "html_url": "https://github.com/valkyrjaio/sindri-java",
            "http_clone_url": "https://github.com/valkyrjaio/sindri-java.git",
            "id": "sindri-java",
            "ignore_vulnerability_alerts_during_read": null,
            "is_template": false,
            "license_template": null,
            "merge_commit_message": "PR_TITLE",
            "merge_commit_title": "MERGE_MESSAGE",
            "name": "sindri-java",
            "node_id": "R_kgDOSXH1GQ",
            "pages": [],
            "primary_language": "Java",
            "private": false,
            "repo_id": 1232205081,
            "security_and_analysis": [
              {
                "advanced_security": [],
                "code_security": [],
                "secret_scanning": [
                  {
                    "status": "disabled"
                  }
                ],
                "secret_scanning_ai_detection": [],
                "secret_scanning_non_provider_patterns": [],
                "secret_scanning_push_protection": [
                  {
                    "status": "disabled"
                  }
                ]
              }
            ],
            "source_owner": "",
            "source_repo": "",
            "squash_merge_commit_message": "PR_BODY",
            "squash_merge_commit_title": "PR_TITLE",
            "ssh_clone_url": "git@github.com:valkyrjaio/sindri-java.git",
            "svn_url": "https://github.com/valkyrjaio/sindri-java",
            "template": [],
            "topics": [],
            "visibility": "public",
            "vulnerability_alerts": true,
            "web_commit_signoff_required": false
          },
          "sensitive_attributes": [],
          "private": "eyJzY2hlbWFfdmVyc2lvbiI6IjEifQ=="
        }
      ]
    },
    {
      "module": "module.repo[\"sindri-java\"]",
      "mode": "managed",
      "type": "github_repository_ruleset",
      "name": "force_push_protection",
      "provider": "provider[\"registry.opentofu.org/integrations/github\"]",
      "instances": [
        {
          "schema_version": 1,
          "attributes": {
            "bypass_actors": [
              {
                "actor_id": 0,
                "actor_type": "OrganizationAdmin",
                "bypass_mode": "always"
              }
            ],
            "conditions": [
              {
                "ref_name": [
                  {
                    "exclude": [],
                    "include": [
                      "refs/heads/??.x"
                    ]
                  }
                ]
              }
            ],
            "enforcement": "active",
            "etag": "W/\"de92144415030da51c14c6bea154401e508ec467d3aa3c66df0a4f37112f9590\"",
            "id": "16097440",
            "name": "Protect Against Force Pushes and Deletion",
            "node_id": "RRS_lACqUmVwb3NpdG9yec5JcfUZzgD1oKA",
            "repository": "sindri-java",
            "rules": [
              {
                "branch_name_pattern": [],
                "commit_author_email_pattern": [],
                "commit_message_pattern": [],
                "committer_email_pattern": [],
                "copilot_code_review": [],
                "creation": false,
                "deletion": true,
                "file_extension_restriction": [],
                "file_path_restriction": [],
                "max_file_path_length": [],
                "max_file_size": [],
                "merge_queue": [],
                "non_fast_forward": true,
                "pull_request": [],
                "required_code_scanning": [],
                "required_deployments": [],
                "required_linear_history": false,
                "required_signatures": false,
                "required_status_checks": [],
                "tag_name_pattern": [],
                "update": false,
                "update_allows_fetch_and_merge": false
              }
            ],
            "ruleset_id": 16097440,
            "target": "branch"
          },
          "sensitive_attributes": [],
          "private": "eyJzY2hlbWFfdmVyc2lvbiI6IjEifQ==",
          "dependencies": [
            "module.repo.github_repository.this"
          ]
        }
      ]
    },
    {
      "module": "module.repo[\"sindri-java\"]",
      "mode": "managed",
      "type": "github_repository_ruleset",
      "name": "protect_master",
      "provider": "provider[\"registry.opentofu.org/integrations/github\"]",
      "instances": [
        {
          "schema_version": 1,
          "attributes": {
            "bypass_actors": [],
            "conditions": [
              {
                "ref_name": [
                  {
                    "exclude": [],
                    "include": [
                      "refs/heads/master"
                    ]
                  }
                ]
              }
            ],
            "enforcement": "active",
            "etag": "W/\"f502b26564b4ee3b1504c3ff542567439bec57baf82e3c888233b8070b2f90a4\"",
            "id": "16097441",
            "name": "Protect Master At All Times",
            "node_id": "RRS_lACqUmVwb3NpdG9yec5JcfUZzgD1oKE",
            "repository": "sindri-java",
            "rules": [
              {
                "branch_name_pattern": [],
                "commit_author_email_pattern": [],
                "commit_message_pattern": [],
                "committer_email_pattern": [],
                "copilot_code_review": [],
                "creation": false,
                "deletion": true,
                "file_extension_restriction": [],
                "file_path_restriction": [],
                "max_file_path_length": [],
                "max_file_size": [],
                "merge_queue": [],
                "non_fast_forward": true,
                "pull_request": [],
                "required_code_scanning": [],
                "required_deployments": [],
                "required_linear_history": false,
                "required_signatures": false,
                "required_status_checks": [],
                "tag_name_pattern": [],
                "update": false,
                "update_allows_fetch_and_merge": false
              }
            ],
            "ruleset_id": 16097441,
            "target": "branch"
          },
          "sensitive_attributes": [],
          "private": "eyJzY2hlbWFfdmVyc2lvbiI6IjEifQ==",
          "dependencies": [
            "module.repo.github_repository.this"
          ]
        }
      ]
    },
    {
      "module": "module.repo[\"sindri-java\"]",
      "mode": "managed",
      "type": "github_repository_ruleset",
      "name": "protect_release_tags",
      "provider": "provider[\"registry.opentofu.org/integrations/github\"]",
      "instances": [
        {
          "schema_version": 1,
          "attributes": {
            "bypass_actors": [
              {
                "actor_id": 0,
                "actor_type": "OrganizationAdmin",
                "bypass_mode": "always"
              }
            ],
            "conditions": [
              {
                "ref_name": [
                  {
                    "exclude": [],
                    "include": [
                      "refs/tags/*.*.*"
                    ]
                  }
                ]
              }
            ],
            "enforcement": "active",
            "etag": "W/\"47e44c2e12b32def031e95ab7c948d52d42929da4d2e3afe202102d0a7c3c89e\"",
            "id": "16097442",
            "name": "Protect Release Tags",
            "node_id": "RRS_lACqUmVwb3NpdG9yec5JcfUZzgD1oKI",
            "repository": "sindri-java",
            "rules": [
              {
                "branch_name_pattern": [],
                "commit_author_email_pattern": [],
                "commit_message_pattern": [],
                "committer_email_pattern": [],
                "copilot_code_review": [],
                "creation": false,
                "deletion": true,
                "file_extension_restriction": [],
                "file_path_restriction": [],
                "max_file_path_length": [],
                "max_file_size": [],
                "merge_queue": [],
                "non_fast_forward": true,
                "pull_request": [],
                "required_code_scanning": [],
                "required_deployments": [],
                "required_linear_history": false,
                "required_signatures": false,
                "required_status_checks": [],
                "tag_name_pattern": [],
                "update": false,
                "update_allows_fetch_and_merge": false
              }
            ],
            "ruleset_id": 16097442,
            "target": "tag"
          },
          "sensitive_attributes": [],
          "private": "eyJzY2hlbWFfdmVyc2lvbiI6IjEifQ==",
          "dependencies": [
            "module.repo.github_repository.this"
          ]
        }
      ]
    },
    {
      "module": "module.repo[\"sindri-java\"]",
      "mode": "managed",
      "type": "github_repository_ruleset",
      "name": "require_pull_request",
      "provider": "provider[\"registry.opentofu.org/integrations/github\"]",
      "instances": [
        {
          "schema_version": 1,
          "attributes": {
            "bypass_actors": [
              {
                "actor_id": 0,
                "actor_type": "OrganizationAdmin",
                "bypass_mode": "always"
              },
              {
                "actor_id": 2462900,
                "actor_type": "Integration",
                "bypass_mode": "always"
              }
            ],
            "conditions": [
              {
                "ref_name": [
                  {
                    "exclude": [],
                    "include": [
                      "~DEFAULT_BRANCH",
                      "refs/heads/??.x",
                      "refs/heads/master"
                    ]
                  }
                ]
              }
            ],
            "enforcement": "active",
            "etag": "W/\"51b33556ef5cb5596be6bc42101c3a15d40248a3199e59c334299d2d44d26255\"",
            "id": "16097443",
            "name": "Require Pull Request",
            "node_id": "RRS_lACqUmVwb3NpdG9yec5JcfUZzgD1oKM",
            "repository": "sindri-java",
            "rules": [
              {
                "branch_name_pattern": [],
                "commit_author_email_pattern": [],
                "commit_message_pattern": [],
                "committer_email_pattern": [],
                "copilot_code_review": [],
                "creation": false,
                "deletion": false,
                "file_extension_restriction": [],
                "file_path_restriction": [],
                "max_file_path_length": [],
                "max_file_size": [],
                "merge_queue": [],
                "non_fast_forward": false,
                "pull_request": [
                  {
                    "allowed_merge_methods": [
                      "squash"
                    ],
                    "dismiss_stale_reviews_on_push": false,
                    "require_code_owner_review": true,
                    "require_last_push_approval": false,
                    "required_approving_review_count": 0,
                    "required_review_thread_resolution": false,
                    "required_reviewers": []
                  }
                ],
                "required_code_scanning": [],
                "required_deployments": [],
                "required_linear_history": false,
                "required_signatures": false,
                "required_status_checks": [],
                "tag_name_pattern": [],
                "update": false,
                "update_allows_fetch_and_merge": false
              }
            ],
            "ruleset_id": 16097443,
            "target": "branch"
          },
          "sensitive_attributes": [],
          "private": "eyJzY2hlbWFfdmVyc2lvbiI6IjEifQ==",
          "dependencies": [
            "github_team.approvers",
            "module.repo.github_repository.this"
          ]
        }
      ]
    },
    {
      "module": "module.repo[\"sindri-java\"]",
      "mode": "managed",
      "type": "github_repository_ruleset",
      "name": "required_default_checks",
      "provider": "provider[\"registry.opentofu.org/integrations/github\"]",
      "instances": [
        {
          "schema_version": 1,
          "attributes": {
            "bypass_actors": [
              {
                "actor_id": 0,
                "actor_type": "OrganizationAdmin",
                "bypass_mode": "always"
              },
              {
                "actor_id": 2462900,
                "actor_type": "Integration",
                "bypass_mode": "always"
              }
            ],
            "conditions": [
              {
                "ref_name": [
                  {
                    "exclude": [],
                    "include": [
                      "~DEFAULT_BRANCH",
                      "refs/heads/??.x"
                    ]
                  }
                ]
              }
            ],
            "enforcement": "active",
            "etag": "W/\"caba1464d28e995a99708f7a4d702a3241087789869fc5b970d2ddd7ece67070\"",
            "id": "16097445",
            "name": "Required Default PR Checks",
            "node_id": "RRS_lACqUmVwb3NpdG9yec5JcfUZzgD1oKU",
            "repository": "sindri-java",
            "rules": [
              {
                "branch_name_pattern": [],
                "commit_author_email_pattern": [],
                "commit_message_pattern": [],
                "committer_email_pattern": [],
                "copilot_code_review": [],
                "creation": false,
                "deletion": false,
                "file_extension_restriction": [],
                "file_path_restriction": [],
                "max_file_path_length": [],
                "max_file_size": [],
                "merge_queue": [],
                "non_fast_forward": false,
                "pull_request": [],
                "required_code_scanning": [],
                "required_deployments": [],
                "required_linear_history": false,
                "required_signatures": false,
                "required_status_checks": [
                  {
                    "do_not_enforce_on_create": false,
                    "required_check": [
                      {
                        "context": "Commit Message Check / Check Commit Message",
                        "integration_id": 15368
                      },
                      {
                        "context": "Copyright Header Check / Check Copyright Header",
                        "integration_id": 15368
                      },
                      {
                        "context": "Markdown Check / Check Markdown",
                        "integration_id": 15368
                      },
                      {
                        "context": "Trailing Newline Check / Check Trailing Newline",
                        "integration_id": 15368
                      }
                    ],
                    "strict_required_status_checks_policy": false
                  }
                ],
                "tag_name_pattern": [],
                "update": false,
                "update_allows_fetch_and_merge": false
              }
            ],
            "ruleset_id": 16097445,
            "target": "branch"
          },
          "sensitive_attributes": [],
          "private": "eyJzY2hlbWFfdmVyc2lvbiI6IjEifQ==",
          "dependencies": [
            "module.repo.github_repository.this"
          ]
        }
      ]
    },
    {
      "module": "module.repo[\"sindri-java\"]",
      "mode": "managed",
      "type": "github_repository_ruleset",
      "name": "required_language_checks",
      "provider": "provider[\"registry.opentofu.org/integrations/github\"]",
      "instances": [
        {
          "index_key": 0,
          "schema_version": 1,
          "attributes": {
            "bypass_actors": [
              {
                "actor_id": 0,
                "actor_type": "OrganizationAdmin",
                "bypass_mode": "always"
              },
              {
                "actor_id": 2462900,
                "actor_type": "Integration",
                "bypass_mode": "always"
              }
            ],
            "conditions": [
              {
                "ref_name": [
                  {
                    "exclude": [],
                    "include": [
                      "~DEFAULT_BRANCH",
                      "refs/heads/??.x"
                    ]
                  }
                ]
              }
            ],
            "enforcement": "active",
            "etag": "W/\"94dbd1a67b71059de5f2fc967d630c69d481acaf2094c24fb847d831db5d3491\"",
            "id": "16538902",
            "name": "Required Java PR Checks",
            "node_id": "RRS_lACqUmVwb3NpdG9yec5JcfUZzgD8XRY",
            "repository": "sindri-java",
            "rules": [
              {
                "branch_name_pattern": [],
                "commit_author_email_pattern": [],
                "commit_message_pattern": [],
                "committer_email_pattern": [],
                "copilot_code_review": [],
                "creation": false,
                "deletion": false,
                "file_extension_restriction": [],
                "file_path_restriction": [],
                "max_file_path_length": [],
                "max_file_size": [],
                "merge_queue": [],
                "non_fast_forward": false,
                "pull_request": [],
                "required_code_scanning": [],
                "required_deployments": [],
                "required_linear_history": false,
                "required_signatures": false,
                "required_status_checks": [
                  {
                    "do_not_enforce_on_create": false,
                    "required_check": [
                      {
                        "context": "Tools / ArchUnit / ArchUnit",
                        "integration_id": 15368
                      },
                      {
                        "context": "Tools / ErrorProne / ErrorProne",
                        "integration_id": 15368
                      },
                      {
                        "context": "Tools / JUnit / JUnit",
                        "integration_id": 15368
                      },
                      {
                        "context": "Tools / SpotBugs / SpotBugs",
                        "integration_id": 15368
                      },
                      {
                        "context": "Tools / Spotless / Spotless",
                        "integration_id": 15368
                      }
                    ],
                    "strict_required_status_checks_policy": false
                  }
                ],
                "tag_name_pattern": [],
                "update": false,
                "update_allows_fetch_and_merge": false
              }
            ],
            "ruleset_id": 16538902,
            "target": "branch"
          },
          "sensitive_attributes": [],
          "private": "eyJzY2hlbWFfdmVyc2lvbiI6IjEifQ==",
          "dependencies": [
            "module.repo.github_repository.this"
          ]
        }
      ]
    },
    {
      "module": "module.repo[\"sindri-java\"]",
      "mode": "managed",
      "type": "github_repository_ruleset",
      "name": "restrict_unsupported_branches",
      "provider": "provider[\"registry.opentofu.org/integrations/github\"]",
      "instances": [
        {
          "schema_version": 1,
          "attributes": {
            "bypass_actors": [
              {
                "actor_id": 2462900,
                "actor_type": "Integration",
                "bypass_mode": "always"
              }
            ],
            "conditions": [
              {
                "ref_name": [
                  {
                    "exclude": [],
                    "include": [
                      "refs/heads/??.x-backup",
                      "refs/heads/master-backup"
                    ]
                  }
                ]
              }
            ],
            "enforcement": "active",
            "etag": "W/\"b8fac60f96fda00bdd16d5f7ed2dc9e93c9f6cd199339d3c2615575335b18aed\"",
            "id": "16097446",
            "name": "Restrict Changes to Unsupported Branches",
            "node_id": "RRS_lACqUmVwb3NpdG9yec5JcfUZzgD1oKY",
            "repository": "sindri-java",
            "rules": [
              {
                "branch_name_pattern": [],
                "commit_author_email_pattern": [],
                "commit_message_pattern": [],
                "committer_email_pattern": [],
                "copilot_code_review": [],
                "creation": true,
                "deletion": true,
                "file_extension_restriction": [],
                "file_path_restriction": [],
                "max_file_path_length": [],
                "max_file_size": [],
                "merge_queue": [],
                "non_fast_forward": true,
                "pull_request": [],
                "required_code_scanning": [],
                "required_deployments": [],
                "required_linear_history": false,
                "required_signatures": false,
                "required_status_checks": [],
                "tag_name_pattern": [],
                "update": true,
                "update_allows_fetch_and_merge": false
              }
            ],
            "ruleset_id": 16097446,
            "target": "branch"
          },
          "sensitive_attributes": [],
          "private": "eyJzY2hlbWFfdmVyc2lvbiI6IjEifQ==",
          "dependencies": [
            "module.repo.github_repository.this"
          ]
        }
      ]
    },
    {
      "module": "module.repo[\"sindri-java\"]",
      "mode": "managed",
      "type": "github_repository_vulnerability_alerts",
      "name": "this",
      "provider": "provider[\"registry.opentofu.org/integrations/github\"]",
      "instances": [
        {
          "schema_version": 0,
          "attributes": {
            "enabled": true,
            "id": "1232205081",
            "repository": "sindri-java",
            "repository_id": 1232205081
          },
          "sensitive_attributes": [],
          "private": "eyJzY2hlbWFfdmVyc2lvbiI6IjAifQ==",
          "dependencies": [
            "module.repo.github_repository.this"
          ]
        }
      ]
    },
    {
      "module": "module.repo[\"sindri-java\"]",
      "mode": "managed",
      "type": "github_team_repository",
      "name": "approvers",
      "provider": "provider[\"registry.opentofu.org/integrations/github\"]",
      "instances": [
        {
          "index_key": 0,
          "schema_version": 0,
          "attributes": {
            "etag": "W/\"f2da55532c7d7cb63e6f07b9e4e30e7364aeb1141cde1554fb913455b5c7f0d6\"",
            "id": "18867552:sindri-java",
            "permission": "push",
            "repository": "sindri-java",
            "team_id": "approvers"
          },
          "sensitive_attributes": [],
          "private": "bnVsbA==",
          "dependencies": [
            "module.repo.github_repository.this"
          ]
        }
      ]
    },
    {
      "module": "module.repo[\"sindri-php\"]",
      "mode": "managed",
      "type": "github_issue_label",
      "name": "claude_review",
      "provider": "provider[\"registry.opentofu.org/integrations/github\"]",
      "instances": [
        {
          "schema_version": 0,
          "attributes": {
            "color": "5319e7",
            "description": "Ask Claude to review this pull request",
            "etag": "W/\"f1bfccf9bda26c814d7bd099982c7b1da25295999889bd22078298420248eb6e\"",
            "id": "sindri-php:claude-review",
            "name": "claude-review",
            "repository": "sindri-php",
            "url": "https://api.github.com/repos/valkyrjaio/sindri-php/labels/claude-review"
          },
          "sensitive_attributes": [],
          "private": "eyJzY2hlbWFfdmVyc2lvbiI6IjAifQ==",
          "dependencies": [
            "module.repo.github_repository.this"
          ]
        }
      ]
    },
    {
      "module": "module.repo[\"sindri-php\"]",
      "mode": "managed",
      "type": "github_repository",
      "name": "this",
      "provider": "provider[\"registry.opentofu.org/integrations/github\"]",
      "instances": [
        {
          "schema_version": 1,
          "attributes": {
            "allow_auto_merge": false,
            "allow_forking": true,
            "allow_merge_commit": false,
            "allow_rebase_merge": false,
            "allow_squash_merge": true,
            "allow_update_branch": false,
            "archive_on_destroy": null,
            "archived": false,
            "auto_init": false,
            "default_branch": "26.x",
            "delete_branch_on_merge": true,
            "description": "The Valkyrja PHP framework build tool and application creator",
            "etag": "W/\"de9623571ce298bbbaf8e869dcbf6c30d454f78f4d8d831779bdde81800f1b51\"",
            "fork": "false",
            "full_name": "valkyrjaio/sindri-php",
            "git_clone_url": "git://github.com/valkyrjaio/sindri-php.git",
            "gitignore_template": null,
            "has_discussions": false,
            "has_downloads": false,
            "has_issues": true,
            "has_projects": false,
            "has_wiki": false,
            "homepage_url": "",
            "html_url": "https://github.com/valkyrjaio/sindri-php",
            "http_clone_url": "https://github.com/valkyrjaio/sindri-php.git",
            "id": "sindri-php",
            "ignore_vulnerability_alerts_during_read": null,
            "is_template": false,
            "license_template": null,
            "merge_commit_message": "PR_TITLE",
            "merge_commit_title": "MERGE_MESSAGE",
            "name": "sindri-php",
            "node_id": "R_kgDOSA1-8A",
            "pages": [],
            "primary_language": "PHP",
            "private": false,
            "repo_id": 1208844016,
            "security_and_analysis": [
              {
                "advanced_security": [],
                "code_security": [],
                "secret_scanning": [
                  {
                    "status": "disabled"
                  }
                ],
                "secret_scanning_ai_detection": [],
                "secret_scanning_non_provider_patterns": [],
                "secret_scanning_push_protection": [
                  {
                    "status": "disabled"
                  }
                ]
              }
            ],
            "source_owner": "",
            "source_repo": "",
            "squash_merge_commit_message": "PR_BODY",
            "squash_merge_commit_title": "PR_TITLE",
            "ssh_clone_url": "git@github.com:valkyrjaio/sindri-php.git",
            "svn_url": "https://github.com/valkyrjaio/sindri-php",
            "template": [],
            "topics": [],
            "visibility": "public",
            "vulnerability_alerts": true,
            "web_commit_signoff_required": false
          },
          "sensitive_attributes": [],
          "private": "eyJzY2hlbWFfdmVyc2lvbiI6IjEifQ=="
        }
      ]
    },
    {
      "module": "module.repo[\"sindri-php\"]",
      "mode": "managed",
      "type": "github_repository_ruleset",
      "name": "force_push_protection",
      "provider": "provider[\"registry.opentofu.org/integrations/github\"]",
      "instances": [
        {
          "schema_version": 1,
          "attributes": {
            "bypass_actors": [
              {
                "actor_id": 0,
                "actor_type": "OrganizationAdmin",
                "bypass_mode": "always"
              }
            ],
            "conditions": [
              {
                "ref_name": [
                  {
                    "exclude": [],
                    "include": [
                      "refs/heads/??.x"
                    ]
                  }
                ]
              }
            ],
            "enforcement": "active",
            "etag": "W/\"e719b03e7470bc48a014821133d19f408a864f38dddc3a37797102eeef368e69\"",
            "id": "15191414",
            "name": "Protect Against Force Pushes and Deletion",
            "node_id": "RRS_lACqUmVwb3NpdG9yec5IDX7wzgDnzXY",
            "repository": "sindri-php",
            "rules": [
              {
                "branch_name_pattern": [],
                "commit_author_email_pattern": [],
                "commit_message_pattern": [],
                "committer_email_pattern": [],
                "copilot_code_review": [],
                "creation": false,
                "deletion": true,
                "file_extension_restriction": [],
                "file_path_restriction": [],
                "max_file_path_length": [],
                "max_file_size": [],
                "merge_queue": [],
                "non_fast_forward": true,
                "pull_request": [],
                "required_code_scanning": [],
                "required_deployments": [],
                "required_linear_history": false,
                "required_signatures": false,
                "required_status_checks": [],
                "tag_name_pattern": [],
                "update": false,
                "update_allows_fetch_and_merge": false
              }
            ],
            "ruleset_id": 15191414,
            "target": "branch"
          },
          "sensitive_attributes": [],
          "private": "eyJzY2hlbWFfdmVyc2lvbiI6IjEifQ==",
          "dependencies": [
            "module.repo.github_repository.this"
          ]
        }
      ]
    },
    {
      "module": "module.repo[\"sindri-php\"]",
      "mode": "managed",
      "type": "github_repository_ruleset",
      "name": "protect_master",
      "provider": "provider[\"registry.opentofu.org/integrations/github\"]",
      "instances": [
        {
          "schema_version": 1,
          "attributes": {
            "bypass_actors": [],
            "conditions": [
              {
                "ref_name": [
                  {
                    "exclude": [],
                    "include": [
                      "refs/heads/master"
                    ]
                  }
                ]
              }
            ],
            "enforcement": "active",
            "etag": "W/\"5dfbf2ad4397e57472317e24416038e4badabc3ccbd8317299eaa3d4ccfcffa6\"",
            "id": "15191416",
            "name": "Protect Master At All Times",
            "node_id": "RRS_lACqUmVwb3NpdG9yec5IDX7wzgDnzXg",
            "repository": "sindri-php",
            "rules": [
              {
                "branch_name_pattern": [],
                "commit_author_email_pattern": [],
                "commit_message_pattern": [],
                "committer_email_pattern": [],
                "copilot_code_review": [],
                "creation": false,
                "deletion": true,
                "file_extension_restriction": [],
                "file_path_restriction": [],
                "max_file_path_length": [],
                "max_file_size": [],
                "merge_queue": [],
                "non_fast_forward": true,
                "pull_request": [],
                "required_code_scanning": [],
                "required_deployments": [],
                "required_linear_history": false,
                "required_signatures": false,
                "required_status_checks": [],
                "tag_name_pattern": [],
                "update": false,
                "update_allows_fetch_and_merge": false
              }
            ],
            "ruleset_id": 15191416,
            "target": "branch"
          },
          "sensitive_attributes": [],
          "private": "eyJzY2hlbWFfdmVyc2lvbiI6IjEifQ==",
          "dependencies": [
            "module.repo.github_repository.this"
          ]
        }
      ]
    },
    {
      "module": "module.repo[\"sindri-php\"]",
      "mode": "managed",
      "type": "github_repository_ruleset",
      "name": "protect_release_tags",
      "provider": "provider[\"registry.opentofu.org/integrations/github\"]",
      "instances": [
        {
          "schema_version": 1,
          "attributes": {
            "bypass_actors": [
              {
                "actor_id": 0,
                "actor_type": "OrganizationAdmin",
                "bypass_mode": "always"
              }
            ],
            "conditions": [
              {
                "ref_name": [
                  {
                    "exclude": [],
                    "include": [
                      "refs/tags/*.*.*"
                    ]
                  }
                ]
              }
            ],
            "enforcement": "active",
            "etag": "W/\"639d36bbae7031599b8bfc12cb0d33f1384ffb4ab2cd9b3aaae276a9efba4cdb\"",
            "id": "15200871",
            "name": "Protect Release Tags",
            "node_id": "RRS_lACqUmVwb3NpdG9yec5IDX7wzgDn8mc",
            "repository": "sindri-php",
            "rules": [
              {
                "branch_name_pattern": [],
                "commit_author_email_pattern": [],
                "commit_message_pattern": [],
                "committer_email_pattern": [],
                "copilot_code_review": [],
                "creation": false,
                "deletion": true,
                "file_extension_restriction": [],
                "file_path_restriction": [],
                "max_file_path_length": [],
                "max_file_size": [],
                "merge_queue": [],
                "non_fast_forward": true,
                "pull_request": [],
                "required_code_scanning": [],
                "required_deployments": [],
                "required_linear_history": false,
                "required_signatures": false,
                "required_status_checks": [],
                "tag_name_pattern": [],
                "update": false,
                "update_allows_fetch_and_merge": false
              }
            ],
            "ruleset_id": 15200871,
            "target": "tag"
          },
          "sensitive_attributes": [],
          "private": "eyJzY2hlbWFfdmVyc2lvbiI6IjEifQ==",
          "dependencies": [
            "module.repo.github_repository.this"
          ]
        }
      ]
    },
    {
      "module": "module.repo[\"sindri-php\"]",
      "mode": "managed",
      "type": "github_repository_ruleset",
      "name": "require_pull_request",
      "provider": "provider[\"registry.opentofu.org/integrations/github\"]",
      "instances": [
        {
          "schema_version": 1,
          "attributes": {
            "bypass_actors": [
              {
                "actor_id": 0,
                "actor_type": "OrganizationAdmin",
                "bypass_mode": "always"
              },
              {
                "actor_id": 2462900,
                "actor_type": "Integration",
                "bypass_mode": "always"
              }
            ],
            "conditions": [
              {
                "ref_name": [
                  {
                    "exclude": [],
                    "include": [
                      "~DEFAULT_BRANCH",
                      "refs/heads/??.x",
                      "refs/heads/master"
                    ]
                  }
                ]
              }
            ],
            "enforcement": "active",
            "etag": "W/\"e2019e1e581643501fcb3e3bc75c5869babde4c8e59bc4b2314990ebd7496ff4\"",
            "id": "15191419",
            "name": "Require Pull Request",
            "node_id": "RRS_lACqUmVwb3NpdG9yec5IDX7wzgDnzXs",
            "repository": "sindri-php",
            "rules": [
              {
                "branch_name_pattern": [],
                "commit_author_email_pattern": [],
                "commit_message_pattern": [],
                "committer_email_pattern": [],
                "copilot_code_review": [],
                "creation": false,
                "deletion": false,
                "file_extension_restriction": [],
                "file_path_restriction": [],
                "max_file_path_length": [],
                "max_file_size": [],
                "merge_queue": [],
                "non_fast_forward": false,
                "pull_request": [
                  {
                    "allowed_merge_methods": [
                      "squash"
                    ],
                    "dismiss_stale_reviews_on_push": false,
                    "require_code_owner_review": true,
                    "require_last_push_approval": false,
                    "required_approving_review_count": 0,
                    "required_review_thread_resolution": false,
                    "required_reviewers": []
                  }
                ],
                "required_code_scanning": [],
                "required_deployments": [],
                "required_linear_history": false,
                "required_signatures": false,
                "required_status_checks": [],
                "tag_name_pattern": [],
                "update": false,
                "update_allows_fetch_and_merge": false
              }
            ],
            "ruleset_id": 15191419,
            "target": "branch"
          },
          "sensitive_attributes": [],
          "private": "eyJzY2hlbWFfdmVyc2lvbiI6IjEifQ==",
          "dependencies": [
            "github_team.approvers",
            "module.repo.github_repository.this"
          ]
        }
      ]
    },
    {
      "module": "module.repo[\"sindri-php\"]",
      "mode": "managed",
      "type": "github_repository_ruleset",
      "name": "required_default_checks",
      "provider": "provider[\"registry.opentofu.org/integrations/github\"]",
      "instances": [
        {
          "schema_version": 1,
          "attributes": {
            "bypass_actors": [
              {
                "actor_id": 0,
                "actor_type": "OrganizationAdmin",
                "bypass_mode": "always"
              },
              {
                "actor_id": 2462900,
                "actor_type": "Integration",
                "bypass_mode": "always"
              }
            ],
            "conditions": [
              {
                "ref_name": [
                  {
                    "exclude": [],
                    "include": [
                      "~DEFAULT_BRANCH",
                      "refs/heads/??.x"
                    ]
                  }
                ]
              }
            ],
            "enforcement": "active",
            "etag": "W/\"4eda4ba749310d3bb131e10ed176629f3db251f3a3775d763eb26ca0faf5564f\"",
            "id": "15274000",
            "name": "Required Default PR Checks",
            "node_id": "RRS_lACqUmVwb3NpdG9yec5IDX7wzgDpEBA",
            "repository": "sindri-php",
            "rules": [
              {
                "branch_name_pattern": [],
                "commit_author_email_pattern": [],
                "commit_message_pattern": [],
                "committer_email_pattern": [],
                "copilot_code_review": [],
                "creation": false,
                "deletion": false,
                "file_extension_restriction": [],
                "file_path_restriction": [],
                "max_file_path_length": [],
                "max_file_size": [],
                "merge_queue": [],
                "non_fast_forward": false,
                "pull_request": [],
                "required_code_scanning": [],
                "required_deployments": [],
                "required_linear_history": false,
                "required_signatures": false,
                "required_status_checks": [
                  {
                    "do_not_enforce_on_create": false,
                    "required_check": [
                      {
                        "context": "Commit Message Check / Check Commit Message",
                        "integration_id": 15368
                      },
                      {
                        "context": "Copyright Header Check / Check Copyright Header",
                        "integration_id": 15368
                      },
                      {
                        "context": "Markdown Check / Check Markdown",
                        "integration_id": 15368
                      },
                      {
                        "context": "Trailing Newline Check / Check Trailing Newline",
                        "integration_id": 15368
                      }
                    ],
                    "strict_required_status_checks_policy": false
                  }
                ],
                "tag_name_pattern": [],
                "update": false,
                "update_allows_fetch_and_merge": false
              }
            ],
            "ruleset_id": 15274000,
            "target": "branch"
          },
          "sensitive_attributes": [],
          "private": "eyJzY2hlbWFfdmVyc2lvbiI6IjEifQ==",
          "dependencies": [
            "module.repo.github_repository.this"
          ]
        }
      ]
    },
    {
      "module": "module.repo[\"sindri-php\"]",
      "mode": "managed",
      "type": "github_repository_ruleset",
      "name": "required_language_checks",
      "provider": "provider[\"registry.opentofu.org/integrations/github\"]",
      "instances": [
        {
          "index_key": 0,
          "schema_version": 1,
          "attributes": {
            "bypass_actors": [
              {
                "actor_id": 0,
                "actor_type": "OrganizationAdmin",
                "bypass_mode": "always"
              },
              {
                "actor_id": 2462900,
                "actor_type": "Integration",
                "bypass_mode": "always"
              }
            ],
            "conditions": [
              {
                "ref_name": [
                  {
                    "exclude": [],
                    "include": [
                      "~DEFAULT_BRANCH",
                      "refs/heads/??.x"
                    ]
                  }
                ]
              }
            ],
            "enforcement": "active",
            "etag": "W/\"3a7fbf74caba6d479958bdf7755c19273edbb4b69011550a9c444d40764263bc\"",
            "id": "15274001",
            "name": "Required PHP PR Checks",
            "node_id": "RRS_lACqUmVwb3NpdG9yec5IDX7wzgDpEBE",
            "repository": "sindri-php",
            "rules": [
              {
                "branch_name_pattern": [],
                "commit_author_email_pattern": [],
                "commit_message_pattern": [],
                "committer_email_pattern": [],
                "copilot_code_review": [],
                "creation": false,
                "deletion": false,
                "file_extension_restriction": [],
                "file_path_restriction": [],
                "max_file_path_length": [],
                "max_file_size": [],
                "merge_queue": [],
                "non_fast_forward": false,
                "pull_request": [],
                "required_code_scanning": [],
                "required_deployments": [],
                "required_linear_history": false,
                "required_signatures": false,
                "required_status_checks": [
                  {
                    "do_not_enforce_on_create": false,
                    "required_check": [
                      {
                        "context": "Tools / PHP CS Fixer / PHP 8.4",
                        "integration_id": 15368
                      },
                      {
                        "context": "Tools / PHP Code Sniffer / PHP 8.4",
                        "integration_id": 15368
                      },
                      {
                        "context": "Tools / PHPArkitect / PHP 8.4",
                        "integration_id": 15368
                      },
                      {
                        "context": "Tools / PHPStan / PHP 8.4",
                        "integration_id": 15368
                      },
                      {
                        "context": "Tools / PHPUnit / PHP 8.4",
                        "integration_id": 15368
                      },
                      {
                        "context": "Tools / PHPUnit / PHP 8.5",
                        "integration_id": 15368
                      },
                      {
                        "context": "Tools / PHPUnit / PHP 8.6",
                        "integration_id": 15368
                      },
                      {
                        "context": "Tools / Psalm / PHP 8.4",
                        "integration_id": 15368
                      },
                      {
                        "context": "Tools / Rector / PHP 8.4",
                        "integration_id": 15368
                      }
                    ],
                    "strict_required_status_checks_policy": false
                  }
                ],
                "tag_name_pattern": [],
                "update": false,
                "update_allows_fetch_and_merge": false
              }
            ],
            "ruleset_id": 15274001,
            "target": "branch"
          },
          "sensitive_attributes": [],
          "private": "eyJzY2hlbWFfdmVyc2lvbiI6IjEifQ==",
          "dependencies": [
            "module.repo.github_repository.this"
          ]
        }
      ]
    },
    {
      "module": "module.repo[\"sindri-php\"]",
      "mode": "managed",
      "type": "github_repository_ruleset",
      "name": "restrict_unsupported_branches",
      "provider": "provider[\"registry.opentofu.org/integrations/github\"]",
      "instances": [
        {
          "schema_version": 1,
          "attributes": {
            "bypass_actors": [
              {
                "actor_id": 2462900,
                "actor_type": "Integration",
                "bypass_mode": "always"
              }
            ],
            "conditions": [
              {
                "ref_name": [
                  {
                    "exclude": [],
                    "include": [
                      "refs/heads/??.x-backup",
                      "refs/heads/master-backup"
                    ]
                  }
                ]
              }
            ],
            "enforcement": "active",
            "etag": "W/\"fafc93c14826e5b0b029be12bc6b36c94817461d529f018e535999c8f46c8d09\"",
            "id": "15191421",
            "name": "Restrict Changes to Unsupported Branches",
            "node_id": "RRS_lACqUmVwb3NpdG9yec5IDX7wzgDnzX0",
            "repository": "sindri-php",
            "rules": [
              {
                "branch_name_pattern": [],
                "commit_author_email_pattern": [],
                "commit_message_pattern": [],
                "committer_email_pattern": [],
                "copilot_code_review": [],
                "creation": true,
                "deletion": true,
                "file_extension_restriction": [],
                "file_path_restriction": [],
                "max_file_path_length": [],
                "max_file_size": [],
                "merge_queue": [],
                "non_fast_forward": true,
                "pull_request": [],
                "required_code_scanning": [],
                "required_deployments": [],
                "required_linear_history": false,
                "required_signatures": false,
                "required_status_checks": [],
                "tag_name_pattern": [],
                "update": true,
                "update_allows_fetch_and_merge": false
              }
            ],
            "ruleset_id": 15191421,
            "target": "branch"
          },
          "sensitive_attributes": [],
          "private": "eyJzY2hlbWFfdmVyc2lvbiI6IjEifQ==",
          "dependencies": [
            "module.repo.github_repository.this"
          ]
        }
      ]
    },
    {
      "module": "module.repo[\"sindri-php\"]",
      "mode": "managed",
      "type": "github_repository_vulnerability_alerts",
      "name": "this",
      "provider": "provider[\"registry.opentofu.org/integrations/github\"]",
      "instances": [
        {
          "schema_version": 0,
          "attributes": {
            "enabled": true,
            "id": "1208844016",
            "repository": "sindri-php",
            "repository_id": 1208844016
          },
          "sensitive_attributes": [],
          "private": "eyJzY2hlbWFfdmVyc2lvbiI6IjAifQ==",
          "dependencies": [
            "module.repo.github_repository.this"
          ]
        }
      ]
    },
    {
      "module": "module.repo[\"sindri-php\"]",
      "mode": "managed",
      "type": "github_team_repository",
      "name": "approvers",
      "provider": "provider[\"registry.opentofu.org/integrations/github\"]",
      "instances": [
        {
          "index_key": 0,
          "schema_version": 0,
          "attributes": {
            "etag": "W/\"83ba93ee82bbf4c415843b71c33ec041bd71b041cffda47a85b33cbddbcb97c9\"",
            "id": "18867552:sindri-php",
            "permission": "push",
            "repository": "sindri-php",
            "team_id": "approvers"
          },
          "sensitive_attributes": [],
          "private": "bnVsbA==",
          "dependencies": [
            "module.repo.github_repository.this"
          ]
        }
      ]
    },
    {
      "module": "module.repo[\"sindri-python\"]",
      "mode": "managed",
      "type": "github_issue_label",
      "name": "claude_review",
      "provider": "provider[\"registry.opentofu.org/integrations/github\"]",
      "instances": [
        {
          "schema_version": 0,
          "attributes": {
            "color": "5319e7",
            "description": "Ask Claude to review this pull request",
            "etag": "W/\"541e35af5c73773946889bd095ed0565f027c2a168f7beae3ae9d8c7eec07b05\"",
            "id": "sindri-python:claude-review",
            "name": "claude-review",
            "repository": "sindri-python",
            "url": "https://api.github.com/repos/valkyrjaio/sindri-python/labels/claude-review"
          },
          "sensitive_attributes": [],
          "private": "eyJzY2hlbWFfdmVyc2lvbiI6IjAifQ==",
          "dependencies": [
            "module.repo.github_repository.this"
          ]
        }
      ]
    },
    {
      "module": "module.repo[\"sindri-python\"]",
      "mode": "managed",
      "type": "github_repository",
      "name": "this",
      "provider": "provider[\"registry.opentofu.org/integrations/github\"]",
      "instances": [
        {
          "schema_version": 1,
          "attributes": {
            "allow_auto_merge": false,
            "allow_forking": true,
            "allow_merge_commit": false,
            "allow_rebase_merge": false,
            "allow_squash_merge": true,
            "allow_update_branch": false,
            "archive_on_destroy": null,
            "archived": false,
            "auto_init": false,
            "default_branch": "26.x",
            "delete_branch_on_merge": true,
            "description": "The Valkyrja Python framework build tool and application creator",
            "etag": "W/\"3f5267d3bdbf9455ec4623ac2e4ea73f8e01b8234aba67e01f74b3a21cb7abec\"",
            "fork": "false",
            "full_name": "valkyrjaio/sindri-python",
            "git_clone_url": "git://github.com/valkyrjaio/sindri-python.git",
            "gitignore_template": null,
            "has_discussions": false,
            "has_downloads": false,
            "has_issues": true,
            "has_projects": false,
            "has_wiki": false,
            "homepage_url": "",
            "html_url": "https://github.com/valkyrjaio/sindri-python",
            "http_clone_url": "https://github.com/valkyrjaio/sindri-python.git",
            "id": "sindri-python",
            "ignore_vulnerability_alerts_during_read": null,
            "is_template": false,
            "license_template": null,
            "merge_commit_message": "PR_TITLE",
            "merge_commit_title": "MERGE_MESSAGE",
            "name": "sindri-python",
            "node_id": "R_kgDOTsJD6w",
            "pages": [],
            "primary_language": "Python",
            "private": false,
            "repo_id": 1321354219,
            "security_and_analysis": [
              {
                "advanced_security": [],
                "code_security": [],
                "secret_scanning": [
                  {
                    "status": "disabled"
                  }
                ],
                "secret_scanning_ai_detection": [],
                "secret_scanning_non_provider_patterns": [],
                "secret_scanning_push_protection": [
                  {
                    "status": "disabled"
                  }
                ]
              }
            ],
            "source_owner": "",
            "source_repo": "",
            "squash_merge_commit_message": "PR_BODY",
            "squash_merge_commit_title": "PR_TITLE",
            "ssh_clone_url": "git@github.com:valkyrjaio/sindri-python.git",
            "svn_url": "https://github.com/valkyrjaio/sindri-python",
            "template": [
              {
                "include_all_branches": false,
                "owner": "valkyrjaio",
                "repository": "project-template-python"
              }
            ],
            "topics": [],
            "visibility": "public",
            "vulnerability_alerts": true,
            "web_commit_signoff_required": false
          },
          "sensitive_attributes": [],
          "private": "eyJzY2hlbWFfdmVyc2lvbiI6IjEifQ=="
        }
      ]
    },
    {
      "module": "module.repo[\"sindri-python\"]",
      "mode": "managed",
      "type": "github_repository_ruleset",
      "name": "force_push_protection",
      "provider": "provider[\"registry.opentofu.org/integrations/github\"]",
      "instances": [
        {
          "schema_version": 1,
          "attributes": {
            "bypass_actors": [
              {
                "actor_id": 0,
                "actor_type": "OrganizationAdmin",
                "bypass_mode": "always"
              }
            ],
            "conditions": [
              {
                "ref_name": [
                  {
                    "exclude": [],
                    "include": [
                      "refs/heads/??.x"
                    ]
                  }
                ]
              }
            ],
            "enforcement": "active",
            "etag": "W/\"7d43b4699060e43a38ea4ef6549d28880452fe6c2ad7172f418bdbd783a6c577\"",
            "id": "20276728",
            "name": "Protect Against Force Pushes and Deletion",
            "node_id": "RRS_lACqUmVwb3NpdG9yec5OwkPrzgE1Zfg",
            "repository": "sindri-python",
            "rules": [
              {
                "branch_name_pattern": [],
                "commit_author_email_pattern": [],
                "commit_message_pattern": [],
                "committer_email_pattern": [],
                "copilot_code_review": [],
                "creation": false,
                "deletion": true,
                "file_extension_restriction": [],
                "file_path_restriction": [],
                "max_file_path_length": [],
                "max_file_size": [],
                "merge_queue": [],
                "non_fast_forward": true,
                "pull_request": [],
                "required_code_scanning": [],
                "required_deployments": [],
                "required_linear_history": false,
                "required_signatures": false,
                "required_status_checks": [],
                "tag_name_pattern": [],
                "update": false,
                "update_allows_fetch_and_merge": false
              }
            ],
            "ruleset_id": 20276728,
            "target": "branch"
          },
          "sensitive_attributes": [],
          "private": "eyJzY2hlbWFfdmVyc2lvbiI6IjEifQ==",
          "dependencies": [
            "module.repo.github_repository.this"
          ]
        }
      ]
    },
    {
      "module": "module.repo[\"sindri-python\"]",
      "mode": "managed",
      "type": "github_repository_ruleset",
      "name": "protect_master",
      "provider": "provider[\"registry.opentofu.org/integrations/github\"]",
      "instances": [
        {
          "schema_version": 1,
          "attributes": {
            "bypass_actors": [],
            "conditions": [
              {
                "ref_name": [
                  {
                    "exclude": [],
                    "include": [
                      "refs/heads/master"
                    ]
                  }
                ]
              }
            ],
            "enforcement": "active",
            "etag": "W/\"4ed9c1f75cb7ea8bac8375dc8d309a9e3b8b689b1e8d960a779113fa8a3d96ea\"",
            "id": "20276729",
            "name": "Protect Master At All Times",
            "node_id": "RRS_lACqUmVwb3NpdG9yec5OwkPrzgE1Zfk",
            "repository": "sindri-python",
            "rules": [
              {
                "branch_name_pattern": [],
                "commit_author_email_pattern": [],
                "commit_message_pattern": [],
                "committer_email_pattern": [],
                "copilot_code_review": [],
                "creation": false,
                "deletion": true,
                "file_extension_restriction": [],
                "file_path_restriction": [],
                "max_file_path_length": [],
                "max_file_size": [],
                "merge_queue": [],
                "non_fast_forward": true,
                "pull_request": [],
                "required_code_scanning": [],
                "required_deployments": [],
                "required_linear_history": false,
                "required_signatures": false,
                "required_status_checks": [],
                "tag_name_pattern": [],
                "update": false,
                "update_allows_fetch_and_merge": false
              }
            ],
            "ruleset_id": 20276729,
            "target": "branch"
          },
          "sensitive_attributes": [],
          "private": "eyJzY2hlbWFfdmVyc2lvbiI6IjEifQ==",
          "dependencies": [
            "module.repo.github_repository.this"
          ]
        }
      ]
    },
    {
      "module": "module.repo[\"sindri-python\"]",
      "mode": "managed",
      "type": "github_repository_ruleset",
      "name": "protect_release_tags",
      "provider": "provider[\"registry.opentofu.org/integrations/github\"]",
      "instances": [
        {
          "schema_version": 1,
          "attributes": {
            "bypass_actors": [
              {
                "actor_id": 0,
                "actor_type": "OrganizationAdmin",
                "bypass_mode": "always"
              }
            ],
            "conditions": [
              {
                "ref_name": [
                  {
                    "exclude": [],
                    "include": [
                      "refs/tags/*.*.*"
                    ]
                  }
                ]
              }
            ],
            "enforcement": "active",
            "etag": "W/\"874ea139793e56c46b65acd63e10a1b0c9f3b7f4d59748261c3b830cbce842b1\"",
            "id": "20276731",
            "name": "Protect Release Tags",
            "node_id": "RRS_lACqUmVwb3NpdG9yec5OwkPrzgE1Zfs",
            "repository": "sindri-python",
            "rules": [
              {
                "branch_name_pattern": [],
                "commit_author_email_pattern": [],
                "commit_message_pattern": [],
                "committer_email_pattern": [],
                "copilot_code_review": [],
                "creation": false,
                "deletion": true,
                "file_extension_restriction": [],
                "file_path_restriction": [],
                "max_file_path_length": [],
                "max_file_size": [],
                "merge_queue": [],
                "non_fast_forward": true,
                "pull_request": [],
                "required_code_scanning": [],
                "required_deployments": [],
                "required_linear_history": false,
                "required_signatures": false,
                "required_status_checks": [],
                "tag_name_pattern": [],
                "update": false,
                "update_allows_fetch_and_merge": false
              }
            ],
            "ruleset_id": 20276731,
            "target": "tag"
          },
          "sensitive_attributes": [],
          "private": "eyJzY2hlbWFfdmVyc2lvbiI6IjEifQ==",
          "dependencies": [
            "module.repo.github_repository.this"
          ]
        }
      ]
    },
    {
      "module": "module.repo[\"sindri-python\"]",
      "mode": "managed",
      "type": "github_repository_ruleset",
      "name": "require_pull_request",
      "provider": "provider[\"registry.opentofu.org/integrations/github\"]",
      "instances": [
        {
          "schema_version": 1,
          "attributes": {
            "bypass_actors": [
              {
                "actor_id": 0,
                "actor_type": "OrganizationAdmin",
                "bypass_mode": "always"
              },
              {
                "actor_id": 2462900,
                "actor_type": "Integration",
                "bypass_mode": "always"
              }
            ],
            "conditions": [
              {
                "ref_name": [
                  {
                    "exclude": [],
                    "include": [
                      "~DEFAULT_BRANCH",
                      "refs/heads/??.x",
                      "refs/heads/master"
                    ]
                  }
                ]
              }
            ],
            "enforcement": "active",
            "etag": "W/\"3fe74dd427fbb46222b388ba27d613540b41aa833c347446272405a9beb2138c\"",
            "id": "20276732",
            "name": "Require Pull Request",
            "node_id": "RRS_lACqUmVwb3NpdG9yec5OwkPrzgE1Zfw",
            "repository": "sindri-python",
            "rules": [
              {
                "branch_name_pattern": [],
                "commit_author_email_pattern": [],
                "commit_message_pattern": [],
                "committer_email_pattern": [],
                "copilot_code_review": [],
                "creation": false,
                "deletion": false,
                "file_extension_restriction": [],
                "file_path_restriction": [],
                "max_file_path_length": [],
                "max_file_size": [],
                "merge_queue": [],
                "non_fast_forward": false,
                "pull_request": [
                  {
                    "allowed_merge_methods": [
                      "squash"
                    ],
                    "dismiss_stale_reviews_on_push": false,
                    "require_code_owner_review": true,
                    "require_last_push_approval": false,
                    "required_approving_review_count": 0,
                    "required_review_thread_resolution": false,
                    "required_reviewers": []
                  }
                ],
                "required_code_scanning": [],
                "required_deployments": [],
                "required_linear_history": false,
                "required_signatures": false,
                "required_status_checks": [],
                "tag_name_pattern": [],
                "update": false,
                "update_allows_fetch_and_merge": false
              }
            ],
            "ruleset_id": 20276732,
            "target": "branch"
          },
          "sensitive_attributes": [],
          "private": "eyJzY2hlbWFfdmVyc2lvbiI6IjEifQ==",
          "dependencies": [
            "github_team.approvers",
            "module.repo.github_repository.this"
          ]
        }
      ]
    },
    {
      "module": "module.repo[\"sindri-python\"]",
      "mode": "managed",
      "type": "github_repository_ruleset",
      "name": "required_default_checks",
      "provider": "provider[\"registry.opentofu.org/integrations/github\"]",
      "instances": [
        {
          "schema_version": 1,
          "attributes": {
            "bypass_actors": [
              {
                "actor_id": 0,
                "actor_type": "OrganizationAdmin",
                "bypass_mode": "always"
              },
              {
                "actor_id": 2462900,
                "actor_type": "Integration",
                "bypass_mode": "always"
              }
            ],
            "conditions": [
              {
                "ref_name": [
                  {
                    "exclude": [],
                    "include": [
                      "~DEFAULT_BRANCH",
                      "refs/heads/??.x"
                    ]
                  }
                ]
              }
            ],
            "enforcement": "active",
            "etag": "W/\"23892f68baf67cc84adb412799e8dadd3080ccce645f7836ea8c8c0b467342bc\"",
            "id": "20276735",
            "name": "Required Default PR Checks",
            "node_id": "RRS_lACqUmVwb3NpdG9yec5OwkPrzgE1Zf8",
            "repository": "sindri-python",
            "rules": [
              {
                "branch_name_pattern": [],
                "commit_author_email_pattern": [],
                "commit_message_pattern": [],
                "committer_email_pattern": [],
                "copilot_code_review": [],
                "creation": false,
                "deletion": false,
                "file_extension_restriction": [],
                "file_path_restriction": [],
                "max_file_path_length": [],
                "max_file_size": [],
                "merge_queue": [],
                "non_fast_forward": false,
                "pull_request": [],
                "required_code_scanning": [],
                "required_deployments": [],
                "required_linear_history": false,
                "required_signatures": false,
                "required_status_checks": [
                  {
                    "do_not_enforce_on_create": false,
                    "required_check": [
                      {
                        "context": "Commit Message Check / Check Commit Message",
                        "integration_id": 15368
                      },
                      {
                        "context": "Copyright Header Check / Check Copyright Header",
                        "integration_id": 15368
                      },
                      {
                        "context": "Markdown Check / Check Markdown",
                        "integration_id": 15368
                      },
                      {
                        "context": "Trailing Newline Check / Check Trailing Newline",
                        "integration_id": 15368
                      }
                    ],
                    "strict_required_status_checks_policy": false
                  }
                ],
                "tag_name_pattern": [],
                "update": false,
                "update_allows_fetch_and_merge": false
              }
            ],
            "ruleset_id": 20276735,
            "target": "branch"
          },
          "sensitive_attributes": [],
          "private": "eyJzY2hlbWFfdmVyc2lvbiI6IjEifQ==",
          "dependencies": [
            "module.repo.github_repository.this"
          ]
        }
      ]
    },
    {
      "module": "module.repo[\"sindri-python\"]",
      "mode": "managed",
      "type": "github_repository_ruleset",
      "name": "required_language_checks",
      "provider": "provider[\"registry.opentofu.org/integrations/github\"]",
      "instances": [
        {
          "index_key": 0,
          "schema_version": 1,
          "attributes": {
            "bypass_actors": [
              {
                "actor_id": 0,
                "actor_type": "OrganizationAdmin",
                "bypass_mode": "always"
              },
              {
                "actor_id": 2462900,
                "actor_type": "Integration",
                "bypass_mode": "always"
              }
            ],
            "conditions": [
              {
                "ref_name": [
                  {
                    "exclude": [],
                    "include": [
                      "~DEFAULT_BRANCH",
                      "refs/heads/??.x"
                    ]
                  }
                ]
              }
            ],
            "enforcement": "active",
            "etag": "W/\"c7fc3e0ffde07131a3218f51212216cb87c887f8705f736e939bed6c26e55a68\"",
            "id": "20276738",
            "name": "Required Python PR Checks",
            "node_id": "RRS_lACqUmVwb3NpdG9yec5OwkPrzgE1ZgI",
            "repository": "sindri-python",
            "rules": [
              {
                "branch_name_pattern": [],
                "commit_author_email_pattern": [],
                "commit_message_pattern": [],
                "committer_email_pattern": [],
                "copilot_code_review": [],
                "creation": false,
                "deletion": false,
                "file_extension_restriction": [],
                "file_path_restriction": [],
                "max_file_path_length": [],
                "max_file_size": [],
                "merge_queue": [],
                "non_fast_forward": false,
                "pull_request": [],
                "required_code_scanning": [],
                "required_deployments": [],
                "required_linear_history": false,
                "required_signatures": false,
                "required_status_checks": [
                  {
                    "do_not_enforce_on_create": false,
                    "required_check": [
                      {
                        "context": "Tools / Bandit / Bandit",
                        "integration_id": 15368
                      },
                      {
                        "context": "Tools / Ruff / Ruff",
                        "integration_id": 15368
                      },
                      {
                        "context": "Tools / import-linter / import-linter",
                        "integration_id": 15368
                      },
                      {
                        "context": "Tools / mypy / mypy",
                        "integration_id": 15368
                      },
                      {
                        "context": "Tools / pytest / pytest",
                        "integration_id": 15368
                      }
                    ],
                    "strict_required_status_checks_policy": false
                  }
                ],
                "tag_name_pattern": [],
                "update": false,
                "update_allows_fetch_and_merge": false
              }
            ],
            "ruleset_id": 20276738,
            "target": "branch"
          },
          "sensitive_attributes": [],
          "private": "eyJzY2hlbWFfdmVyc2lvbiI6IjEifQ==",
          "dependencies": [
            "module.repo.github_repository.this"
          ]
        }
      ]
    },
    {
      "module": "module.repo[\"sindri-python\"]",
      "mode": "managed",
      "type": "github_repository_ruleset",
      "name": "restrict_unsupported_branches",
      "provider": "provider[\"registry.opentofu.org/integrations/github\"]",
      "instances": [
        {
          "schema_version": 1,
          "attributes": {
            "bypass_actors": [
              {
                "actor_id": 2462900,
                "actor_type": "Integration",
                "bypass_mode": "always"
              }
            ],
            "conditions": [
              {
                "ref_name": [
                  {
                    "exclude": [],
                    "include": [
                      "refs/heads/??.x-backup",
                      "refs/heads/master-backup"
                    ]
                  }
                ]
              }
            ],
            "enforcement": "active",
            "etag": "W/\"d1dabd4d0fe2c457ddaceac83590a9e36a255a57a3d400d8820699463891153f\"",
            "id": "20276737",
            "name": "Restrict Changes to Unsupported Branches",
            "node_id": "RRS_lACqUmVwb3NpdG9yec5OwkPrzgE1ZgE",
            "repository": "sindri-python",
            "rules": [
              {
                "branch_name_pattern": [],
                "commit_author_email_pattern": [],
                "commit_message_pattern": [],
                "committer_email_pattern": [],
                "copilot_code_review": [],
                "creation": true,
                "deletion": true,
                "file_extension_restriction": [],
                "file_path_restriction": [],
                "max_file_path_length": [],
                "max_file_size": [],
                "merge_queue": [],
                "non_fast_forward": true,
                "pull_request": [],
                "required_code_scanning": [],
                "required_deployments": [],
                "required_linear_history": false,
                "required_signatures": false,
                "required_status_checks": [],
                "tag_name_pattern": [],
                "update": true,
                "update_allows_fetch_and_merge": false
              }
            ],
            "ruleset_id": 20276737,
            "target": "branch"
          },
          "sensitive_attributes": [],
          "private": "eyJzY2hlbWFfdmVyc2lvbiI6IjEifQ==",
          "dependencies": [
            "module.repo.github_repository.this"
          ]
        }
      ]
    },
    {
      "module": "module.repo[\"sindri-python\"]",
      "mode": "managed",
      "type": "github_repository_vulnerability_alerts",
      "name": "this",
      "provider": "provider[\"registry.opentofu.org/integrations/github\"]",
      "instances": [
        {
          "schema_version": 0,
          "attributes": {
            "enabled": true,
            "id": "1321354219",
            "repository": "sindri-python",
            "repository_id": 1321354219
          },
          "sensitive_attributes": [],
          "private": "eyJzY2hlbWFfdmVyc2lvbiI6IjAifQ==",
          "dependencies": [
            "module.repo.github_repository.this"
          ]
        }
      ]
    },
    {
      "module": "module.repo[\"sindri-python\"]",
      "mode": "managed",
      "type": "github_team_repository",
      "name": "approvers",
      "provider": "provider[\"registry.opentofu.org/integrations/github\"]",
      "instances": [
        {
          "index_key": 0,
          "schema_version": 0,
          "attributes": {
            "etag": "W/\"d04241042ae845ba9803c475d6cc604a5cc10b27bf58db9d898757e468b38645\"",
            "id": "18867552:sindri-python",
            "permission": "push",
            "repository": "sindri-python",
            "team_id": "approvers"
          },
          "sensitive_attributes": [],
          "private": "bnVsbA==",
          "dependencies": [
            "module.repo.github_repository.this"
          ]
        }
      ]
    },
    {
      "module": "module.repo[\"sindri-ts\"]",
      "mode": "managed",
      "type": "github_issue_label",
      "name": "claude_review",
      "provider": "provider[\"registry.opentofu.org/integrations/github\"]",
      "instances": [
        {
          "schema_version": 0,
          "attributes": {
            "color": "5319e7",
            "description": "Ask Claude to review this pull request",
            "etag": "W/\"68114fe570e9430a214b76cb5e2dcaaebc99506f9ce69197fcdd09fde157ac00\"",
            "id": "sindri-ts:claude-review",
            "name": "claude-review",
            "repository": "sindri-ts",
            "url": "https://api.github.com/repos/valkyrjaio/sindri-ts/labels/claude-review"
          },
          "sensitive_attributes": [],
          "private": "eyJzY2hlbWFfdmVyc2lvbiI6IjAifQ==",
          "dependencies": [
            "module.repo.github_repository.this"
          ]
        }
      ]
    },
    {
      "module": "module.repo[\"sindri-ts\"]",
      "mode": "managed",
      "type": "github_repository",
      "name": "this",
      "provider": "provider[\"registry.opentofu.org/integrations/github\"]",
      "instances": [
        {
          "schema_version": 1,
          "attributes": {
            "allow_auto_merge": false,
            "allow_forking": true,
            "allow_merge_commit": false,
            "allow_rebase_merge": false,
            "allow_squash_merge": true,
            "allow_update_branch": false,
            "archive_on_destroy": null,
            "archived": false,
            "auto_init": false,
            "default_branch": "26.x",
            "delete_branch_on_merge": true,
            "description": "The Valkyrja TypeScript framework build tool and application creator",
            "etag": "W/\"25b15eeb7851b2fdf888fe7b05b5bd992172a4f9aea78841a2f26e5202e16990\"",
            "fork": "false",
            "full_name": "valkyrjaio/sindri-ts",
            "git_clone_url": "git://github.com/valkyrjaio/sindri-ts.git",
            "gitignore_template": null,
            "has_discussions": false,
            "has_downloads": false,
            "has_issues": true,
            "has_projects": false,
            "has_wiki": false,
            "homepage_url": "",
            "html_url": "https://github.com/valkyrjaio/sindri-ts",
            "http_clone_url": "https://github.com/valkyrjaio/sindri-ts.git",
            "id": "sindri-ts",
            "ignore_vulnerability_alerts_during_read": null,
            "is_template": false,
            "license_template": null,
            "merge_commit_message": "PR_TITLE",
            "merge_commit_title": "MERGE_MESSAGE",
            "name": "sindri-ts",
            "node_id": "R_kgDOSXHN0g",
            "pages": [],
            "primary_language": "TypeScript",
            "private": false,
            "repo_id": 1232195026,
            "security_and_analysis": [
              {
                "advanced_security": [],
                "code_security": [],
                "secret_scanning": [
                  {
                    "status": "disabled"
                  }
                ],
                "secret_scanning_ai_detection": [],
                "secret_scanning_non_provider_patterns": [],
                "secret_scanning_push_protection": [
                  {
                    "status": "disabled"
                  }
                ]
              }
            ],
            "source_owner": "",
            "source_repo": "",
            "squash_merge_commit_message": "PR_BODY",
            "squash_merge_commit_title": "PR_TITLE",
            "ssh_clone_url": "git@github.com:valkyrjaio/sindri-ts.git",
            "svn_url": "https://github.com/valkyrjaio/sindri-ts",
            "template": [],
            "topics": [],
            "visibility": "public",
            "vulnerability_alerts": true,
            "web_commit_signoff_required": false
          },
          "sensitive_attributes": [],
          "private": "eyJzY2hlbWFfdmVyc2lvbiI6IjEifQ=="
        }
      ]
    },
    {
      "module": "module.repo[\"sindri-ts\"]",
      "mode": "managed",
      "type": "github_repository_ruleset",
      "name": "force_push_protection",
      "provider": "provider[\"registry.opentofu.org/integrations/github\"]",
      "instances": [
        {
          "schema_version": 1,
          "attributes": {
            "bypass_actors": [
              {
                "actor_id": 0,
                "actor_type": "OrganizationAdmin",
                "bypass_mode": "always"
              }
            ],
            "conditions": [
              {
                "ref_name": [
                  {
                    "exclude": [],
                    "include": [
                      "refs/heads/??.x"
                    ]
                  }
                ]
              }
            ],
            "enforcement": "active",
            "etag": "W/\"2c9b0f4531cd1d71db96c6c99ccfdbac297a61fd0adb2627abbb991a096d30eb\"",
            "id": "16097121",
            "name": "Protect Against Force Pushes and Deletion",
            "node_id": "RRS_lACqUmVwb3NpdG9yec5Jcc3SzgD1n2E",
            "repository": "sindri-ts",
            "rules": [
              {
                "branch_name_pattern": [],
                "commit_author_email_pattern": [],
                "commit_message_pattern": [],
                "committer_email_pattern": [],
                "copilot_code_review": [],
                "creation": false,
                "deletion": true,
                "file_extension_restriction": [],
                "file_path_restriction": [],
                "max_file_path_length": [],
                "max_file_size": [],
                "merge_queue": [],
                "non_fast_forward": true,
                "pull_request": [],
                "required_code_scanning": [],
                "required_deployments": [],
                "required_linear_history": false,
                "required_signatures": false,
                "required_status_checks": [],
                "tag_name_pattern": [],
                "update": false,
                "update_allows_fetch_and_merge": false
              }
            ],
            "ruleset_id": 16097121,
            "target": "branch"
          },
          "sensitive_attributes": [],
          "private": "eyJzY2hlbWFfdmVyc2lvbiI6IjEifQ==",
          "dependencies": [
            "module.repo.github_repository.this"
          ]
        }
      ]
    },
    {
      "module": "module.repo[\"sindri-ts\"]",
      "mode": "managed",
      "type": "github_repository_ruleset",
      "name": "protect_master",
      "provider": "provider[\"registry.opentofu.org/integrations/github\"]",
      "instances": [
        {
          "schema_version": 1,
          "attributes": {
            "bypass_actors": [],
            "conditions": [
              {
                "ref_name": [
                  {
                    "exclude": [],
                    "include": [
                      "refs/heads/master"
                    ]
                  }
                ]
              }
            ],
            "enforcement": "active",
            "etag": "W/\"87ed0c1a44f5fb31e0813d4d490d398461eadc14b7b2fbdb1243e931e36512c4\"",
            "id": "16097123",
            "name": "Protect Master At All Times",
            "node_id": "RRS_lACqUmVwb3NpdG9yec5Jcc3SzgD1n2M",
            "repository": "sindri-ts",
            "rules": [
              {
                "branch_name_pattern": [],
                "commit_author_email_pattern": [],
                "commit_message_pattern": [],
                "committer_email_pattern": [],
                "copilot_code_review": [],
                "creation": false,
                "deletion": true,
                "file_extension_restriction": [],
                "file_path_restriction": [],
                "max_file_path_length": [],
                "max_file_size": [],
                "merge_queue": [],
                "non_fast_forward": true,
                "pull_request": [],
                "required_code_scanning": [],
                "required_deployments": [],
                "required_linear_history": false,
                "required_signatures": false,
                "required_status_checks": [],
                "tag_name_pattern": [],
                "update": false,
                "update_allows_fetch_and_merge": false
              }
            ],
            "ruleset_id": 16097123,
            "target": "branch"
          },
          "sensitive_attributes": [],
          "private": "eyJzY2hlbWFfdmVyc2lvbiI6IjEifQ==",
          "dependencies": [
            "module.repo.github_repository.this"
          ]
        }
      ]
    },
    {
      "module": "module.repo[\"sindri-ts\"]",
      "mode": "managed",
      "type": "github_repository_ruleset",
      "name": "protect_release_tags",
      "provider": "provider[\"registry.opentofu.org/integrations/github\"]",
      "instances": [
        {
          "schema_version": 1,
          "attributes": {
            "bypass_actors": [
              {
                "actor_id": 0,
                "actor_type": "OrganizationAdmin",
                "bypass_mode": "always"
              }
            ],
            "conditions": [
              {
                "ref_name": [
                  {
                    "exclude": [],
                    "include": [
                      "refs/tags/*.*.*"
                    ]
                  }
                ]
              }
            ],
            "enforcement": "active",
            "etag": "W/\"8dec82c25cb2180ff062bcc9145a8b6ebf6b93950ed2c627fe0d12424a48c0f3\"",
            "id": "16097124",
            "name": "Protect Release Tags",
            "node_id": "RRS_lACqUmVwb3NpdG9yec5Jcc3SzgD1n2Q",
            "repository": "sindri-ts",
            "rules": [
              {
                "branch_name_pattern": [],
                "commit_author_email_pattern": [],
                "commit_message_pattern": [],
                "committer_email_pattern": [],
                "copilot_code_review": [],
                "creation": false,
                "deletion": true,
                "file_extension_restriction": [],
                "file_path_restriction": [],
                "max_file_path_length": [],
                "max_file_size": [],
                "merge_queue": [],
                "non_fast_forward": true,
                "pull_request": [],
                "required_code_scanning": [],
                "required_deployments": [],
                "required_linear_history": false,
                "required_signatures": false,
                "required_status_checks": [],
                "tag_name_pattern": [],
                "update": false,
                "update_allows_fetch_and_merge": false
              }
            ],
            "ruleset_id": 16097124,
            "target": "tag"
          },
          "sensitive_attributes": [],
          "private": "eyJzY2hlbWFfdmVyc2lvbiI6IjEifQ==",
          "dependencies": [
            "module.repo.github_repository.this"
          ]
        }
      ]
    },
    {
      "module": "module.repo[\"sindri-ts\"]",
      "mode": "managed",
      "type": "github_repository_ruleset",
      "name": "require_pull_request",
      "provider": "provider[\"registry.opentofu.org/integrations/github\"]",
      "instances": [
        {
          "schema_version": 1,
          "attributes": {
            "bypass_actors": [
              {
                "actor_id": 0,
                "actor_type": "OrganizationAdmin",
                "bypass_mode": "always"
              },
              {
                "actor_id": 2462900,
                "actor_type": "Integration",
                "bypass_mode": "always"
              }
            ],
            "conditions": [
              {
                "ref_name": [
                  {
                    "exclude": [],
                    "include": [
                      "~DEFAULT_BRANCH",
                      "refs/heads/??.x",
                      "refs/heads/master"
                    ]
                  }
                ]
              }
            ],
            "enforcement": "active",
            "etag": "W/\"7adec8f1bc4200b6160bc7cd1a64fc67b56ebc188408b7e9a1cb8dd338642abe\"",
            "id": "16097125",
            "name": "Require Pull Request",
            "node_id": "RRS_lACqUmVwb3NpdG9yec5Jcc3SzgD1n2U",
            "repository": "sindri-ts",
            "rules": [
              {
                "branch_name_pattern": [],
                "commit_author_email_pattern": [],
                "commit_message_pattern": [],
                "committer_email_pattern": [],
                "copilot_code_review": [],
                "creation": false,
                "deletion": false,
                "file_extension_restriction": [],
                "file_path_restriction": [],
                "max_file_path_length": [],
                "max_file_size": [],
                "merge_queue": [],
                "non_fast_forward": false,
                "pull_request": [
                  {
                    "allowed_merge_methods": [
                      "squash"
                    ],
                    "dismiss_stale_reviews_on_push": false,
                    "require_code_owner_review": true,
                    "require_last_push_approval": false,
                    "required_approving_review_count": 0,
                    "required_review_thread_resolution": false,
                    "required_reviewers": []
                  }
                ],
                "required_code_scanning": [],
                "required_deployments": [],
                "required_linear_history": false,
                "required_signatures": false,
                "required_status_checks": [],
                "tag_name_pattern": [],
                "update": false,
                "update_allows_fetch_and_merge": false
              }
            ],
            "ruleset_id": 16097125,
            "target": "branch"
          },
          "sensitive_attributes": [],
          "private": "eyJzY2hlbWFfdmVyc2lvbiI6IjEifQ==",
          "dependencies": [
            "github_team.approvers",
            "module.repo.github_repository.this"
          ]
        }
      ]
    },
    {
      "module": "module.repo[\"sindri-ts\"]",
      "mode": "managed",
      "type": "github_repository_ruleset",
      "name": "required_default_checks",
      "provider": "provider[\"registry.opentofu.org/integrations/github\"]",
      "instances": [
        {
          "schema_version": 1,
          "attributes": {
            "bypass_actors": [
              {
                "actor_id": 0,
                "actor_type": "OrganizationAdmin",
                "bypass_mode": "always"
              },
              {
                "actor_id": 2462900,
                "actor_type": "Integration",
                "bypass_mode": "always"
              }
            ],
            "conditions": [
              {
                "ref_name": [
                  {
                    "exclude": [],
                    "include": [
                      "~DEFAULT_BRANCH",
                      "refs/heads/??.x"
                    ]
                  }
                ]
              }
            ],
            "enforcement": "active",
            "etag": "W/\"abd054b83298b6ea8277ade7c6c6fdf2e063ef06c74c8ff1ac05170986cb5983\"",
            "id": "16097127",
            "name": "Required Default PR Checks",
            "node_id": "RRS_lACqUmVwb3NpdG9yec5Jcc3SzgD1n2c",
            "repository": "sindri-ts",
            "rules": [
              {
                "branch_name_pattern": [],
                "commit_author_email_pattern": [],
                "commit_message_pattern": [],
                "committer_email_pattern": [],
                "copilot_code_review": [],
                "creation": false,
                "deletion": false,
                "file_extension_restriction": [],
                "file_path_restriction": [],
                "max_file_path_length": [],
                "max_file_size": [],
                "merge_queue": [],
                "non_fast_forward": false,
                "pull_request": [],
                "required_code_scanning": [],
                "required_deployments": [],
                "required_linear_history": false,
                "required_signatures": false,
                "required_status_checks": [
                  {
                    "do_not_enforce_on_create": false,
                    "required_check": [
                      {
                        "context": "Commit Message Check / Check Commit Message",
                        "integration_id": 15368
                      },
                      {
                        "context": "Copyright Header Check / Check Copyright Header",
                        "integration_id": 15368
                      },
                      {
                        "context": "Markdown Check / Check Markdown",
                        "integration_id": 15368
                      },
                      {
                        "context": "Trailing Newline Check / Check Trailing Newline",
                        "integration_id": 15368
                      }
                    ],
                    "strict_required_status_checks_policy": false
                  }
                ],
                "tag_name_pattern": [],
                "update": false,
                "update_allows_fetch_and_merge": false
              }
            ],
            "ruleset_id": 16097127,
            "target": "branch"
          },
          "sensitive_attributes": [],
          "private": "eyJzY2hlbWFfdmVyc2lvbiI6IjEifQ==",
          "dependencies": [
            "module.repo.github_repository.this"
          ]
        }
      ]
    },
    {
      "module": "module.repo[\"sindri-ts\"]",
      "mode": "managed",
      "type": "github_repository_ruleset",
      "name": "required_language_checks",
      "provider": "provider[\"registry.opentofu.org/integrations/github\"]",
      "instances": [
        {
          "index_key": 0,
          "schema_version": 1,
          "attributes": {
            "bypass_actors": [
              {
                "actor_id": 0,
                "actor_type": "OrganizationAdmin",
                "bypass_mode": "always"
              },
              {
                "actor_id": 2462900,
                "actor_type": "Integration",
                "bypass_mode": "always"
              }
            ],
            "conditions": [
              {
                "ref_name": [
                  {
                    "exclude": [],
                    "include": [
                      "~DEFAULT_BRANCH",
                      "refs/heads/??.x"
                    ]
                  }
                ]
              }
            ],
            "enforcement": "active",
            "etag": "W/\"3e30d8c396ba29e61633e198bcf5108f0e1ee29f0ec06a7350c18025d53ce859\"",
            "id": "16538936",
            "name": "Required TypeScript PR Checks",
            "node_id": "RRS_lACqUmVwb3NpdG9yec5Jcc3SzgD8XTg",
            "repository": "sindri-ts",
            "rules": [
              {
                "branch_name_pattern": [],
                "commit_author_email_pattern": [],
                "commit_message_pattern": [],
                "committer_email_pattern": [],
                "copilot_code_review": [],
                "creation": false,
                "deletion": false,
                "file_extension_restriction": [],
                "file_path_restriction": [],
                "max_file_path_length": [],
                "max_file_size": [],
                "merge_queue": [],
                "non_fast_forward": false,
                "pull_request": [],
                "required_code_scanning": [],
                "required_deployments": [],
                "required_linear_history": false,
                "required_signatures": false,
                "required_status_checks": [
                  {
                    "do_not_enforce_on_create": false,
                    "required_check": [
                      {
                        "context": "Tools / ESLint / ESLint",
                        "integration_id": 15368
                      },
                      {
                        "context": "Tools / Prettier / Prettier",
                        "integration_id": 15368
                      },
                      {
                        "context": "Tools / TypeScript / TypeScript",
                        "integration_id": 15368
                      },
                      {
                        "context": "Tools / Vitest / Vitest",
                        "integration_id": 15368
                      }
                    ],
                    "strict_required_status_checks_policy": false
                  }
                ],
                "tag_name_pattern": [],
                "update": false,
                "update_allows_fetch_and_merge": false
              }
            ],
            "ruleset_id": 16538936,
            "target": "branch"
          },
          "sensitive_attributes": [],
          "private": "eyJzY2hlbWFfdmVyc2lvbiI6IjEifQ==",
          "dependencies": [
            "module.repo.github_repository.this"
          ]
        }
      ]
    },
    {
      "module": "module.repo[\"sindri-ts\"]",
      "mode": "managed",
      "type": "github_repository_ruleset",
      "name": "restrict_unsupported_branches",
      "provider": "provider[\"registry.opentofu.org/integrations/github\"]",
      "instances": [
        {
          "schema_version": 1,
          "attributes": {
            "bypass_actors": [
              {
                "actor_id": 2462900,
                "actor_type": "Integration",
                "bypass_mode": "always"
              }
            ],
            "conditions": [
              {
                "ref_name": [
                  {
                    "exclude": [],
                    "include": [
                      "refs/heads/??.x-backup",
                      "refs/heads/master-backup"
                    ]
                  }
                ]
              }
            ],
            "enforcement": "active",
            "etag": "W/\"2849ca1975b7c92704b00a3e11cdeff56ff1f2d594d54aa738542b4535efe7ae\"",
            "id": "16097129",
            "name": "Restrict Changes to Unsupported Branches",
            "node_id": "RRS_lACqUmVwb3NpdG9yec5Jcc3SzgD1n2k",
            "repository": "sindri-ts",
            "rules": [
              {
                "branch_name_pattern": [],
                "commit_author_email_pattern": [],
                "commit_message_pattern": [],
                "committer_email_pattern": [],
                "copilot_code_review": [],
                "creation": true,
                "deletion": true,
                "file_extension_restriction": [],
                "file_path_restriction": [],
                "max_file_path_length": [],
                "max_file_size": [],
                "merge_queue": [],
                "non_fast_forward": true,
                "pull_request": [],
                "required_code_scanning": [],
                "required_deployments": [],
                "required_linear_history": false,
                "required_signatures": false,
                "required_status_checks": [],
                "tag_name_pattern": [],
                "update": true,
                "update_allows_fetch_and_merge": false
              }
            ],
            "ruleset_id": 16097129,
            "target": "branch"
          },
          "sensitive_attributes": [],
          "private": "eyJzY2hlbWFfdmVyc2lvbiI6IjEifQ==",
          "dependencies": [
            "module.repo.github_repository.this"
          ]
        }
      ]
    },
    {
      "module": "module.repo[\"sindri-ts\"]",
      "mode": "managed",
      "type": "github_repository_vulnerability_alerts",
      "name": "this",
      "provider": "provider[\"registry.opentofu.org/integrations/github\"]",
      "instances": [
        {
          "schema_version": 0,
          "attributes": {
            "enabled": true,
            "id": "1232195026",
            "repository": "sindri-ts",
            "repository_id": 1232195026
          },
          "sensitive_attributes": [],
          "private": "eyJzY2hlbWFfdmVyc2lvbiI6IjAifQ==",
          "dependencies": [
            "module.repo.github_repository.this"
          ]
        }
      ]
    },
    {
      "module": "module.repo[\"sindri-ts\"]",
      "mode": "managed",
      "type": "github_team_repository",
      "name": "approvers",
      "provider": "provider[\"registry.opentofu.org/integrations/github\"]",
      "instances": [
        {
          "index_key": 0,
          "schema_version": 0,
          "attributes": {
            "etag": "W/\"552414d25ef37ee650477414bc7cc01ac11f16877d7c1fc2b3fc8087750ef297\"",
            "id": "18867552:sindri-ts",
            "permission": "push",
            "repository": "sindri-ts",
            "team_id": "approvers"
          },
          "sensitive_attributes": [],
          "private": "bnVsbA==",
          "dependencies": [
            "module.repo.github_repository.this"
          ]
        }
      ]
    },
    {
      "module": "module.repo[\"valkyrja-benchmarking-php\"]",
      "mode": "managed",
      "type": "github_issue_label",
      "name": "claude_review",
      "provider": "provider[\"registry.opentofu.org/integrations/github\"]",
      "instances": [
        {
          "schema_version": 0,
          "attributes": {
            "color": "5319e7",
            "description": "Ask Claude to review this pull request",
            "etag": "W/\"b81fcdc14f67001f125735066654a388bf924fadc6f8b057d09c083beab8aaec\"",
            "id": "valkyrja-benchmarking-php:claude-review",
            "name": "claude-review",
            "repository": "valkyrja-benchmarking-php",
            "url": "https://api.github.com/repos/valkyrjaio/valkyrja-benchmarking-php/labels/claude-review"
          },
          "sensitive_attributes": [],
          "private": "eyJzY2hlbWFfdmVyc2lvbiI6IjAifQ==",
          "dependencies": [
            "module.repo.github_repository.this"
          ]
        }
      ]
    },
    {
      "module": "module.repo[\"valkyrja-benchmarking-php\"]",
      "mode": "managed",
      "type": "github_repository",
      "name": "this",
      "provider": "provider[\"registry.opentofu.org/integrations/github\"]",
      "instances": [
        {
          "schema_version": 1,
          "attributes": {
            "allow_auto_merge": false,
            "allow_forking": true,
            "allow_merge_commit": false,
            "allow_rebase_merge": false,
            "allow_squash_merge": true,
            "allow_update_branch": false,
            "archive_on_destroy": null,
            "archived": false,
            "auto_init": false,
            "default_branch": "master",
            "delete_branch_on_merge": true,
            "description": "Framework Benchmarking",
            "etag": "W/\"3b10cf0732f1ced08bb1d9b341e9ad0ef33d1c5d8671c4c3f4d71ed80725bdcf\"",
            "fork": "false",
            "full_name": "valkyrjaio/valkyrja-benchmarking-php",
            "git_clone_url": "git://github.com/valkyrjaio/valkyrja-benchmarking-php.git",
            "gitignore_template": null,
            "has_discussions": false,
            "has_downloads": false,
            "has_issues": true,
            "has_projects": false,
            "has_wiki": false,
            "homepage_url": "",
            "html_url": "https://github.com/valkyrjaio/valkyrja-benchmarking-php",
            "http_clone_url": "https://github.com/valkyrjaio/valkyrja-benchmarking-php.git",
            "id": "valkyrja-benchmarking-php",
            "ignore_vulnerability_alerts_during_read": null,
            "is_template": false,
            "license_template": null,
            "merge_commit_message": "PR_TITLE",
            "merge_commit_title": "MERGE_MESSAGE",
            "name": "valkyrja-benchmarking-php",
            "node_id": "MDEwOlJlcG9zaXRvcnk5MTE5ODkwOQ==",
            "pages": [],
            "primary_language": "Shell",
            "private": false,
            "repo_id": 91198909,
            "security_and_analysis": [
              {
                "advanced_security": [],
                "code_security": [],
                "secret_scanning": [
                  {
                    "status": "disabled"
                  }
                ],
                "secret_scanning_ai_detection": [],
                "secret_scanning_non_provider_patterns": [],
                "secret_scanning_push_protection": [
                  {
                    "status": "disabled"
                  }
                ]
              }
            ],
            "source_owner": "",
            "source_repo": "",
            "squash_merge_commit_message": "PR_BODY",
            "squash_merge_commit_title": "PR_TITLE",
            "ssh_clone_url": "git@github.com:valkyrjaio/valkyrja-benchmarking-php.git",
            "svn_url": "https://github.com/valkyrjaio/valkyrja-benchmarking-php",
            "template": [],
            "topics": [],
            "visibility": "public",
            "vulnerability_alerts": true,
            "web_commit_signoff_required": false
          },
          "sensitive_attributes": [],
          "private": "eyJzY2hlbWFfdmVyc2lvbiI6IjEifQ=="
        }
      ]
    },
    {
      "module": "module.repo[\"valkyrja-benchmarking-php\"]",
      "mode": "managed",
      "type": "github_repository_ruleset",
      "name": "force_push_protection",
      "provider": "provider[\"registry.opentofu.org/integrations/github\"]",
      "instances": [
        {
          "schema_version": 1,
          "attributes": {
            "bypass_actors": [
              {
                "actor_id": 0,
                "actor_type": "OrganizationAdmin",
                "bypass_mode": "always"
              }
            ],
            "conditions": [
              {
                "ref_name": [
                  {
                    "exclude": [],
                    "include": [
                      "refs/heads/??.x"
                    ]
                  }
                ]
              }
            ],
            "enforcement": "active",
            "etag": "W/\"7023e4e47649fd648167c8c228c23c0d360dca5690862c88929132852b970800\"",
            "id": "15195252",
            "name": "Protect Against Force Pushes and Deletion",
            "node_id": "RRS_lACqUmVwb3NpdG9yec4Fb5W9zgDn3HQ",
            "repository": "valkyrja-benchmarking-php",
            "rules": [
              {
                "branch_name_pattern": [],
                "commit_author_email_pattern": [],
                "commit_message_pattern": [],
                "committer_email_pattern": [],
                "copilot_code_review": [],
                "creation": false,
                "deletion": true,
                "file_extension_restriction": [],
                "file_path_restriction": [],
                "max_file_path_length": [],
                "max_file_size": [],
                "merge_queue": [],
                "non_fast_forward": true,
                "pull_request": [],
                "required_code_scanning": [],
                "required_deployments": [],
                "required_linear_history": false,
                "required_signatures": false,
                "required_status_checks": [],
                "tag_name_pattern": [],
                "update": false,
                "update_allows_fetch_and_merge": false
              }
            ],
            "ruleset_id": 15195252,
            "target": "branch"
          },
          "sensitive_attributes": [],
          "private": "eyJzY2hlbWFfdmVyc2lvbiI6IjEifQ==",
          "dependencies": [
            "module.repo.github_repository.this"
          ]
        }
      ]
    },
    {
      "module": "module.repo[\"valkyrja-benchmarking-php\"]",
      "mode": "managed",
      "type": "github_repository_ruleset",
      "name": "protect_master",
      "provider": "provider[\"registry.opentofu.org/integrations/github\"]",
      "instances": [
        {
          "schema_version": 1,
          "attributes": {
            "bypass_actors": [],
            "conditions": [
              {
                "ref_name": [
                  {
                    "exclude": [],
                    "include": [
                      "refs/heads/master"
                    ]
                  }
                ]
              }
            ],
            "enforcement": "active",
            "etag": "W/\"5a6c39124f71e10c290360c4dff23bae613ef1b98bf1e01afccafac9237cba40\"",
            "id": "15195253",
            "name": "Protect Master At All Times",
            "node_id": "RRS_lACqUmVwb3NpdG9yec4Fb5W9zgDn3HU",
            "repository": "valkyrja-benchmarking-php",
            "rules": [
              {
                "branch_name_pattern": [],
                "commit_author_email_pattern": [],
                "commit_message_pattern": [],
                "committer_email_pattern": [],
                "copilot_code_review": [],
                "creation": false,
                "deletion": true,
                "file_extension_restriction": [],
                "file_path_restriction": [],
                "max_file_path_length": [],
                "max_file_size": [],
                "merge_queue": [],
                "non_fast_forward": true,
                "pull_request": [],
                "required_code_scanning": [],
                "required_deployments": [],
                "required_linear_history": false,
                "required_signatures": false,
                "required_status_checks": [],
                "tag_name_pattern": [],
                "update": false,
                "update_allows_fetch_and_merge": false
              }
            ],
            "ruleset_id": 15195253,
            "target": "branch"
          },
          "sensitive_attributes": [],
          "private": "eyJzY2hlbWFfdmVyc2lvbiI6IjEifQ==",
          "dependencies": [
            "module.repo.github_repository.this"
          ]
        }
      ]
    },
    {
      "module": "module.repo[\"valkyrja-benchmarking-php\"]",
      "mode": "managed",
      "type": "github_repository_ruleset",
      "name": "protect_release_tags",
      "provider": "provider[\"registry.opentofu.org/integrations/github\"]",
      "instances": [
        {
          "schema_version": 1,
          "attributes": {
            "bypass_actors": [
              {
                "actor_id": 0,
                "actor_type": "OrganizationAdmin",
                "bypass_mode": "always"
              }
            ],
            "conditions": [
              {
                "ref_name": [
                  {
                    "exclude": [],
                    "include": [
                      "refs/tags/*.*.*"
                    ]
                  }
                ]
              }
            ],
            "enforcement": "active",
            "etag": "W/\"50e8865418ef38bc9853340d9ed1b3ff2f10b37f7d2d0a274896c358bd4314cc\"",
            "id": "15200891",
            "name": "Protect Release Tags",
            "node_id": "RRS_lACqUmVwb3NpdG9yec4Fb5W9zgDn8ns",
            "repository": "valkyrja-benchmarking-php",
            "rules": [
              {
                "branch_name_pattern": [],
                "commit_author_email_pattern": [],
                "commit_message_pattern": [],
                "committer_email_pattern": [],
                "copilot_code_review": [],
                "creation": false,
                "deletion": true,
                "file_extension_restriction": [],
                "file_path_restriction": [],
                "max_file_path_length": [],
                "max_file_size": [],
                "merge_queue": [],
                "non_fast_forward": true,
                "pull_request": [],
                "required_code_scanning": [],
                "required_deployments": [],
                "required_linear_history": false,
                "required_signatures": false,
                "required_status_checks": [],
                "tag_name_pattern": [],
                "update": false,
                "update_allows_fetch_and_merge": false
              }
            ],
            "ruleset_id": 15200891,
            "target": "tag"
          },
          "sensitive_attributes": [],
          "private": "eyJzY2hlbWFfdmVyc2lvbiI6IjEifQ==",
          "dependencies": [
            "module.repo.github_repository.this"
          ]
        }
      ]
    },
    {
      "module": "module.repo[\"valkyrja-benchmarking-php\"]",
      "mode": "managed",
      "type": "github_repository_ruleset",
      "name": "require_pull_request",
      "provider": "provider[\"registry.opentofu.org/integrations/github\"]",
      "instances": [
        {
          "schema_version": 1,
          "attributes": {
            "bypass_actors": [
              {
                "actor_id": 0,
                "actor_type": "OrganizationAdmin",
                "bypass_mode": "always"
              },
              {
                "actor_id": 2462900,
                "actor_type": "Integration",
                "bypass_mode": "always"
              }
            ],
            "conditions": [
              {
                "ref_name": [
                  {
                    "exclude": [],
                    "include": [
                      "~DEFAULT_BRANCH",
                      "refs/heads/??.x",
                      "refs/heads/master"
                    ]
                  }
                ]
              }
            ],
            "enforcement": "active",
            "etag": "W/\"ddaa86d72b1d6ba272beb8fe466cd040f37666323a9da4e16b907326c69589c3\"",
            "id": "15195254",
            "name": "Require Pull Request",
            "node_id": "RRS_lACqUmVwb3NpdG9yec4Fb5W9zgDn3HY",
            "repository": "valkyrja-benchmarking-php",
            "rules": [
              {
                "branch_name_pattern": [],
                "commit_author_email_pattern": [],
                "commit_message_pattern": [],
                "committer_email_pattern": [],
                "copilot_code_review": [],
                "creation": false,
                "deletion": false,
                "file_extension_restriction": [],
                "file_path_restriction": [],
                "max_file_path_length": [],
                "max_file_size": [],
                "merge_queue": [],
                "non_fast_forward": false,
                "pull_request": [
                  {
                    "allowed_merge_methods": [
                      "squash"
                    ],
                    "dismiss_stale_reviews_on_push": false,
                    "require_code_owner_review": true,
                    "require_last_push_approval": false,
                    "required_approving_review_count": 0,
                    "required_review_thread_resolution": false,
                    "required_reviewers": []
                  }
                ],
                "required_code_scanning": [],
                "required_deployments": [],
                "required_linear_history": false,
                "required_signatures": false,
                "required_status_checks": [],
                "tag_name_pattern": [],
                "update": false,
                "update_allows_fetch_and_merge": false
              }
            ],
            "ruleset_id": 15195254,
            "target": "branch"
          },
          "sensitive_attributes": [],
          "private": "eyJzY2hlbWFfdmVyc2lvbiI6IjEifQ==",
          "dependencies": [
            "github_team.approvers",
            "module.repo.github_repository.this"
          ]
        }
      ]
    },
    {
      "module": "module.repo[\"valkyrja-benchmarking-php\"]",
      "mode": "managed",
      "type": "github_repository_ruleset",
      "name": "required_default_checks",
      "provider": "provider[\"registry.opentofu.org/integrations/github\"]",
      "instances": [
        {
          "schema_version": 1,
          "attributes": {
            "bypass_actors": [
              {
                "actor_id": 0,
                "actor_type": "OrganizationAdmin",
                "bypass_mode": "always"
              },
              {
                "actor_id": 2462900,
                "actor_type": "Integration",
                "bypass_mode": "always"
              }
            ],
            "conditions": [
              {
                "ref_name": [
                  {
                    "exclude": [],
                    "include": [
                      "~DEFAULT_BRANCH",
                      "refs/heads/??.x"
                    ]
                  }
                ]
              }
            ],
            "enforcement": "active",
            "etag": "W/\"2fc97bdb8a84b714186ffc9c3b5dd21c099b39a24e76bfecf66ed729d676f293\"",
            "id": "15273967",
            "name": "Required Default PR Checks",
            "node_id": "RRS_lACqUmVwb3NpdG9yec4Fb5W9zgDpD-8",
            "repository": "valkyrja-benchmarking-php",
            "rules": [
              {
                "branch_name_pattern": [],
                "commit_author_email_pattern": [],
                "commit_message_pattern": [],
                "committer_email_pattern": [],
                "copilot_code_review": [],
                "creation": false,
                "deletion": false,
                "file_extension_restriction": [],
                "file_path_restriction": [],
                "max_file_path_length": [],
                "max_file_size": [],
                "merge_queue": [],
                "non_fast_forward": false,
                "pull_request": [],
                "required_code_scanning": [],
                "required_deployments": [],
                "required_linear_history": false,
                "required_signatures": false,
                "required_status_checks": [
                  {
                    "do_not_enforce_on_create": false,
                    "required_check": [
                      {
                        "context": "Commit Message Check / Check Commit Message",
                        "integration_id": 15368
                      },
                      {
                        "context": "Copyright Header Check / Check Copyright Header",
                        "integration_id": 15368
                      },
                      {
                        "context": "Markdown Check / Check Markdown",
                        "integration_id": 15368
                      },
                      {
                        "context": "Trailing Newline Check / Check Trailing Newline",
                        "integration_id": 15368
                      }
                    ],
                    "strict_required_status_checks_policy": false
                  }
                ],
                "tag_name_pattern": [],
                "update": false,
                "update_allows_fetch_and_merge": false
              }
            ],
            "ruleset_id": 15273967,
            "target": "branch"
          },
          "sensitive_attributes": [],
          "private": "eyJzY2hlbWFfdmVyc2lvbiI6IjEifQ==",
          "dependencies": [
            "module.repo.github_repository.this"
          ]
        }
      ]
    },
    {
      "module": "module.repo[\"valkyrja-benchmarking-php\"]",
      "mode": "managed",
      "type": "github_repository_ruleset",
      "name": "restrict_unsupported_branches",
      "provider": "provider[\"registry.opentofu.org/integrations/github\"]",
      "instances": [
        {
          "schema_version": 1,
          "attributes": {
            "bypass_actors": [
              {
                "actor_id": 2462900,
                "actor_type": "Integration",
                "bypass_mode": "always"
              }
            ],
            "conditions": [
              {
                "ref_name": [
                  {
                    "exclude": [],
                    "include": [
                      "refs/heads/??.x-backup",
                      "refs/heads/master-backup"
                    ]
                  }
                ]
              }
            ],
            "enforcement": "active",
            "etag": "W/\"d98343b15c4be11beb5b53595be67ca24c35842f95006ceb1b2162366207579f\"",
            "id": "15195255",
            "name": "Restrict Changes to Unsupported Branches",
            "node_id": "RRS_lACqUmVwb3NpdG9yec4Fb5W9zgDn3Hc",
            "repository": "valkyrja-benchmarking-php",
            "rules": [
              {
                "branch_name_pattern": [],
                "commit_author_email_pattern": [],
                "commit_message_pattern": [],
                "committer_email_pattern": [],
                "copilot_code_review": [],
                "creation": true,
                "deletion": true,
                "file_extension_restriction": [],
                "file_path_restriction": [],
                "max_file_path_length": [],
                "max_file_size": [],
                "merge_queue": [],
                "non_fast_forward": true,
                "pull_request": [],
                "required_code_scanning": [],
                "required_deployments": [],
                "required_linear_history": false,
                "required_signatures": false,
                "required_status_checks": [],
                "tag_name_pattern": [],
                "update": true,
                "update_allows_fetch_and_merge": false
              }
            ],
            "ruleset_id": 15195255,
            "target": "branch"
          },
          "sensitive_attributes": [],
          "private": "eyJzY2hlbWFfdmVyc2lvbiI6IjEifQ==",
          "dependencies": [
            "module.repo.github_repository.this"
          ]
        }
      ]
    },
    {
      "module": "module.repo[\"valkyrja-benchmarking-php\"]",
      "mode": "managed",
      "type": "github_repository_vulnerability_alerts",
      "name": "this",
      "provider": "provider[\"registry.opentofu.org/integrations/github\"]",
      "instances": [
        {
          "schema_version": 0,
          "attributes": {
            "enabled": true,
            "id": "91198909",
            "repository": "valkyrja-benchmarking-php",
            "repository_id": 91198909
          },
          "sensitive_attributes": [],
          "private": "eyJzY2hlbWFfdmVyc2lvbiI6IjAifQ==",
          "dependencies": [
            "module.repo.github_repository.this"
          ]
        }
      ]
    },
    {
      "module": "module.repo[\"valkyrja-benchmarking-php\"]",
      "mode": "managed",
      "type": "github_team_repository",
      "name": "approvers",
      "provider": "provider[\"registry.opentofu.org/integrations/github\"]",
      "instances": [
        {
          "index_key": 0,
          "schema_version": 0,
          "attributes": {
            "etag": "W/\"6c5273c37e578321a2507fefe71bf4a8a34b5e66b834a9002d62fafb6c19ec57\"",
            "id": "18867552:valkyrja-benchmarking-php",
            "permission": "push",
            "repository": "valkyrja-benchmarking-php",
            "team_id": "approvers"
          },
          "sensitive_attributes": [],
          "private": "bnVsbA==",
          "dependencies": [
            "module.repo.github_repository.this"
          ]
        }
      ]
    },
    {
      "module": "module.repo[\"valkyrja-docker-php\"]",
      "mode": "managed",
      "type": "github_issue_label",
      "name": "claude_review",
      "provider": "provider[\"registry.opentofu.org/integrations/github\"]",
      "instances": [
        {
          "schema_version": 0,
          "attributes": {
            "color": "5319e7",
            "description": "Ask Claude to review this pull request",
            "etag": "W/\"41a365f015ab7d0b12244d10b23ad09e7326f67c549f335bb16fd36d3ca3ed2b\"",
            "id": "valkyrja-docker-php:claude-review",
            "name": "claude-review",
            "repository": "valkyrja-docker-php",
            "url": "https://api.github.com/repos/valkyrjaio/valkyrja-docker-php/labels/claude-review"
          },
          "sensitive_attributes": [],
          "private": "eyJzY2hlbWFfdmVyc2lvbiI6IjAifQ==",
          "dependencies": [
            "module.repo.github_repository.this"
          ]
        }
      ]
    },
    {
      "module": "module.repo[\"valkyrja-docker-php\"]",
      "mode": "managed",
      "type": "github_repository",
      "name": "this",
      "provider": "provider[\"registry.opentofu.org/integrations/github\"]",
      "instances": [
        {
          "schema_version": 1,
          "attributes": {
            "allow_auto_merge": false,
            "allow_forking": true,
            "allow_merge_commit": false,
            "allow_rebase_merge": false,
            "allow_squash_merge": true,
            "allow_update_branch": false,
            "archive_on_destroy": null,
            "archived": false,
            "auto_init": false,
            "default_branch": "master",
            "delete_branch_on_merge": true,
            "description": "A docker container to run The Valkyrja PHP Application",
            "etag": "W/\"af423ce7fc6752743942a3dfa6d5020287970bd6af2bd7f6e6fdfb00fbbba80e\"",
            "fork": "false",
            "full_name": "valkyrjaio/valkyrja-docker-php",
            "git_clone_url": "git://github.com/valkyrjaio/valkyrja-docker-php.git",
            "gitignore_template": null,
            "has_discussions": false,
            "has_downloads": false,
            "has_issues": true,
            "has_projects": false,
            "has_wiki": false,
            "homepage_url": "",
            "html_url": "https://github.com/valkyrjaio/valkyrja-docker-php",
            "http_clone_url": "https://github.com/valkyrjaio/valkyrja-docker-php.git",
            "id": "valkyrja-docker-php",
            "ignore_vulnerability_alerts_during_read": null,
            "is_template": false,
            "license_template": null,
            "merge_commit_message": "PR_TITLE",
            "merge_commit_title": "MERGE_MESSAGE",
            "name": "valkyrja-docker-php",
            "node_id": "MDEwOlJlcG9zaXRvcnk4OTA4OTQ1MQ==",
            "pages": [],
            "primary_language": "Dockerfile",
            "private": false,
            "repo_id": 89089451,
            "security_and_analysis": [
              {
                "advanced_security": [],
                "code_security": [],
                "secret_scanning": [
                  {
                    "status": "disabled"
                  }
                ],
                "secret_scanning_ai_detection": [],
                "secret_scanning_non_provider_patterns": [],
                "secret_scanning_push_protection": [
                  {
                    "status": "disabled"
                  }
                ]
              }
            ],
            "source_owner": "",
            "source_repo": "",
            "squash_merge_commit_message": "PR_BODY",
            "squash_merge_commit_title": "PR_TITLE",
            "ssh_clone_url": "git@github.com:valkyrjaio/valkyrja-docker-php.git",
            "svn_url": "https://github.com/valkyrjaio/valkyrja-docker-php",
            "template": [],
            "topics": [],
            "visibility": "public",
            "vulnerability_alerts": true,
            "web_commit_signoff_required": false
          },
          "sensitive_attributes": [],
          "private": "eyJzY2hlbWFfdmVyc2lvbiI6IjEifQ=="
        }
      ]
    },
    {
      "module": "module.repo[\"valkyrja-docker-php\"]",
      "mode": "managed",
      "type": "github_repository_ruleset",
      "name": "force_push_protection",
      "provider": "provider[\"registry.opentofu.org/integrations/github\"]",
      "instances": [
        {
          "schema_version": 1,
          "attributes": {
            "bypass_actors": [
              {
                "actor_id": 0,
                "actor_type": "OrganizationAdmin",
                "bypass_mode": "always"
              }
            ],
            "conditions": [
              {
                "ref_name": [
                  {
                    "exclude": [],
                    "include": [
                      "refs/heads/??.x"
                    ]
                  }
                ]
              }
            ],
            "enforcement": "active",
            "etag": "W/\"0ee1da9d732bdc2da7d1a34362b141b051413c14a547d646f27b2bad17818cfc\"",
            "id": "15195256",
            "name": "Protect Against Force Pushes and Deletion",
            "node_id": "RRS_lACqUmVwb3NpdG9yec4FT2WrzgDn3Hg",
            "repository": "valkyrja-docker-php",
            "rules": [
              {
                "branch_name_pattern": [],
                "commit_author_email_pattern": [],
                "commit_message_pattern": [],
                "committer_email_pattern": [],
                "copilot_code_review": [],
                "creation": false,
                "deletion": true,
                "file_extension_restriction": [],
                "file_path_restriction": [],
                "max_file_path_length": [],
                "max_file_size": [],
                "merge_queue": [],
                "non_fast_forward": true,
                "pull_request": [],
                "required_code_scanning": [],
                "required_deployments": [],
                "required_linear_history": false,
                "required_signatures": false,
                "required_status_checks": [],
                "tag_name_pattern": [],
                "update": false,
                "update_allows_fetch_and_merge": false
              }
            ],
            "ruleset_id": 15195256,
            "target": "branch"
          },
          "sensitive_attributes": [],
          "private": "eyJzY2hlbWFfdmVyc2lvbiI6IjEifQ==",
          "dependencies": [
            "module.repo.github_repository.this"
          ]
        }
      ]
    },
    {
      "module": "module.repo[\"valkyrja-docker-php\"]",
      "mode": "managed",
      "type": "github_repository_ruleset",
      "name": "protect_master",
      "provider": "provider[\"registry.opentofu.org/integrations/github\"]",
      "instances": [
        {
          "schema_version": 1,
          "attributes": {
            "bypass_actors": [],
            "conditions": [
              {
                "ref_name": [
                  {
                    "exclude": [],
                    "include": [
                      "refs/heads/master"
                    ]
                  }
                ]
              }
            ],
            "enforcement": "active",
            "etag": "W/\"c7cb82d988acfafe500e43a3507ed17cf9e342e3981c5e4781b73bf7c9f5044c\"",
            "id": "15195257",
            "name": "Protect Master At All Times",
            "node_id": "RRS_lACqUmVwb3NpdG9yec4FT2WrzgDn3Hk",
            "repository": "valkyrja-docker-php",
            "rules": [
              {
                "branch_name_pattern": [],
                "commit_author_email_pattern": [],
                "commit_message_pattern": [],
                "committer_email_pattern": [],
                "copilot_code_review": [],
                "creation": false,
                "deletion": true,
                "file_extension_restriction": [],
                "file_path_restriction": [],
                "max_file_path_length": [],
                "max_file_size": [],
                "merge_queue": [],
                "non_fast_forward": true,
                "pull_request": [],
                "required_code_scanning": [],
                "required_deployments": [],
                "required_linear_history": false,
                "required_signatures": false,
                "required_status_checks": [],
                "tag_name_pattern": [],
                "update": false,
                "update_allows_fetch_and_merge": false
              }
            ],
            "ruleset_id": 15195257,
            "target": "branch"
          },
          "sensitive_attributes": [],
          "private": "eyJzY2hlbWFfdmVyc2lvbiI6IjEifQ==",
          "dependencies": [
            "module.repo.github_repository.this"
          ]
        }
      ]
    },
    {
      "module": "module.repo[\"valkyrja-docker-php\"]",
      "mode": "managed",
      "type": "github_repository_ruleset",
      "name": "protect_release_tags",
      "provider": "provider[\"registry.opentofu.org/integrations/github\"]",
      "instances": [
        {
          "schema_version": 1,
          "attributes": {
            "bypass_actors": [
              {
                "actor_id": 0,
                "actor_type": "OrganizationAdmin",
                "bypass_mode": "always"
              }
            ],
            "conditions": [
              {
                "ref_name": [
                  {
                    "exclude": [],
                    "include": [
                      "refs/tags/*.*.*"
                    ]
                  }
                ]
              }
            ],
            "enforcement": "active",
            "etag": "W/\"402c9f18cdcc55a780ad5c1f0677acaf757ae5521b5ff213607d69a44a46b7ae\"",
            "id": "15200893",
            "name": "Protect Release Tags",
            "node_id": "RRS_lACqUmVwb3NpdG9yec4FT2WrzgDn8n0",
            "repository": "valkyrja-docker-php",
            "rules": [
              {
                "branch_name_pattern": [],
                "commit_author_email_pattern": [],
                "commit_message_pattern": [],
                "committer_email_pattern": [],
                "copilot_code_review": [],
                "creation": false,
                "deletion": true,
                "file_extension_restriction": [],
                "file_path_restriction": [],
                "max_file_path_length": [],
                "max_file_size": [],
                "merge_queue": [],
                "non_fast_forward": true,
                "pull_request": [],
                "required_code_scanning": [],
                "required_deployments": [],
                "required_linear_history": false,
                "required_signatures": false,
                "required_status_checks": [],
                "tag_name_pattern": [],
                "update": false,
                "update_allows_fetch_and_merge": false
              }
            ],
            "ruleset_id": 15200893,
            "target": "tag"
          },
          "sensitive_attributes": [],
          "private": "eyJzY2hlbWFfdmVyc2lvbiI6IjEifQ==",
          "dependencies": [
            "module.repo.github_repository.this"
          ]
        }
      ]
    },
    {
      "module": "module.repo[\"valkyrja-docker-php\"]",
      "mode": "managed",
      "type": "github_repository_ruleset",
      "name": "require_pull_request",
      "provider": "provider[\"registry.opentofu.org/integrations/github\"]",
      "instances": [
        {
          "schema_version": 1,
          "attributes": {
            "bypass_actors": [
              {
                "actor_id": 0,
                "actor_type": "OrganizationAdmin",
                "bypass_mode": "always"
              },
              {
                "actor_id": 2462900,
                "actor_type": "Integration",
                "bypass_mode": "always"
              }
            ],
            "conditions": [
              {
                "ref_name": [
                  {
                    "exclude": [],
                    "include": [
                      "~DEFAULT_BRANCH",
                      "refs/heads/??.x",
                      "refs/heads/master"
                    ]
                  }
                ]
              }
            ],
            "enforcement": "active",
            "etag": "W/\"23bd95781ae94dfd7ba8db174441c5f8e3ad7afd75e97627330fe74ac68a8550\"",
            "id": "15195258",
            "name": "Require Pull Request",
            "node_id": "RRS_lACqUmVwb3NpdG9yec4FT2WrzgDn3Ho",
            "repository": "valkyrja-docker-php",
            "rules": [
              {
                "branch_name_pattern": [],
                "commit_author_email_pattern": [],
                "commit_message_pattern": [],
                "committer_email_pattern": [],
                "copilot_code_review": [],
                "creation": false,
                "deletion": false,
                "file_extension_restriction": [],
                "file_path_restriction": [],
                "max_file_path_length": [],
                "max_file_size": [],
                "merge_queue": [],
                "non_fast_forward": false,
                "pull_request": [
                  {
                    "allowed_merge_methods": [
                      "squash"
                    ],
                    "dismiss_stale_reviews_on_push": false,
                    "require_code_owner_review": true,
                    "require_last_push_approval": false,
                    "required_approving_review_count": 0,
                    "required_review_thread_resolution": false,
                    "required_reviewers": []
                  }
                ],
                "required_code_scanning": [],
                "required_deployments": [],
                "required_linear_history": false,
                "required_signatures": false,
                "required_status_checks": [],
                "tag_name_pattern": [],
                "update": false,
                "update_allows_fetch_and_merge": false
              }
            ],
            "ruleset_id": 15195258,
            "target": "branch"
          },
          "sensitive_attributes": [],
          "private": "eyJzY2hlbWFfdmVyc2lvbiI6IjEifQ==",
          "dependencies": [
            "github_team.approvers",
            "module.repo.github_repository.this"
          ]
        }
      ]
    },
    {
      "module": "module.repo[\"valkyrja-docker-php\"]",
      "mode": "managed",
      "type": "github_repository_ruleset",
      "name": "required_default_checks",
      "provider": "provider[\"registry.opentofu.org/integrations/github\"]",
      "instances": [
        {
          "schema_version": 1,
          "attributes": {
            "bypass_actors": [
              {
                "actor_id": 0,
                "actor_type": "OrganizationAdmin",
                "bypass_mode": "always"
              },
              {
                "actor_id": 2462900,
                "actor_type": "Integration",
                "bypass_mode": "always"
              }
            ],
            "conditions": [
              {
                "ref_name": [
                  {
                    "exclude": [],
                    "include": [
                      "~DEFAULT_BRANCH",
                      "refs/heads/??.x"
                    ]
                  }
                ]
              }
            ],
            "enforcement": "active",
            "etag": "W/\"7cef5d5ffb13088913d5c4531304f505542bbafb51f306320bdc92dc2777bf65\"",
            "id": "15273968",
            "name": "Required Default PR Checks",
            "node_id": "RRS_lACqUmVwb3NpdG9yec4FT2WrzgDpD_A",
            "repository": "valkyrja-docker-php",
            "rules": [
              {
                "branch_name_pattern": [],
                "commit_author_email_pattern": [],
                "commit_message_pattern": [],
                "committer_email_pattern": [],
                "copilot_code_review": [],
                "creation": false,
                "deletion": false,
                "file_extension_restriction": [],
                "file_path_restriction": [],
                "max_file_path_length": [],
                "max_file_size": [],
                "merge_queue": [],
                "non_fast_forward": false,
                "pull_request": [],
                "required_code_scanning": [],
                "required_deployments": [],
                "required_linear_history": false,
                "required_signatures": false,
                "required_status_checks": [
                  {
                    "do_not_enforce_on_create": false,
                    "required_check": [
                      {
                        "context": "Commit Message Check / Check Commit Message",
                        "integration_id": 15368
                      },
                      {
                        "context": "Copyright Header Check / Check Copyright Header",
                        "integration_id": 15368
                      },
                      {
                        "context": "Markdown Check / Check Markdown",
                        "integration_id": 15368
                      },
                      {
                        "context": "Trailing Newline Check / Check Trailing Newline",
                        "integration_id": 15368
                      }
                    ],
                    "strict_required_status_checks_policy": false
                  }
                ],
                "tag_name_pattern": [],
                "update": false,
                "update_allows_fetch_and_merge": false
              }
            ],
            "ruleset_id": 15273968,
            "target": "branch"
          },
          "sensitive_attributes": [],
          "private": "eyJzY2hlbWFfdmVyc2lvbiI6IjEifQ==",
          "dependencies": [
            "module.repo.github_repository.this"
          ]
        }
      ]
    },
    {
      "module": "module.repo[\"valkyrja-docker-php\"]",
      "mode": "managed",
      "type": "github_repository_ruleset",
      "name": "restrict_unsupported_branches",
      "provider": "provider[\"registry.opentofu.org/integrations/github\"]",
      "instances": [
        {
          "schema_version": 1,
          "attributes": {
            "bypass_actors": [
              {
                "actor_id": 2462900,
                "actor_type": "Integration",
                "bypass_mode": "always"
              }
            ],
            "conditions": [
              {
                "ref_name": [
                  {
                    "exclude": [],
                    "include": [
                      "refs/heads/??.x-backup",
                      "refs/heads/master-backup"
                    ]
                  }
                ]
              }
            ],
            "enforcement": "active",
            "etag": "W/\"b69f91e499a44ee462c15cf5d711303b7b0baddd49333493368d3b4c2697648e\"",
            "id": "15195259",
            "name": "Restrict Changes to Unsupported Branches",
            "node_id": "RRS_lACqUmVwb3NpdG9yec4FT2WrzgDn3Hs",
            "repository": "valkyrja-docker-php",
            "rules": [
              {
                "branch_name_pattern": [],
                "commit_author_email_pattern": [],
                "commit_message_pattern": [],
                "committer_email_pattern": [],
                "copilot_code_review": [],
                "creation": true,
                "deletion": true,
                "file_extension_restriction": [],
                "file_path_restriction": [],
                "max_file_path_length": [],
                "max_file_size": [],
                "merge_queue": [],
                "non_fast_forward": true,
                "pull_request": [],
                "required_code_scanning": [],
                "required_deployments": [],
                "required_linear_history": false,
                "required_signatures": false,
                "required_status_checks": [],
                "tag_name_pattern": [],
                "update": true,
                "update_allows_fetch_and_merge": false
              }
            ],
            "ruleset_id": 15195259,
            "target": "branch"
          },
          "sensitive_attributes": [],
          "private": "eyJzY2hlbWFfdmVyc2lvbiI6IjEifQ==",
          "dependencies": [
            "module.repo.github_repository.this"
          ]
        }
      ]
    },
    {
      "module": "module.repo[\"valkyrja-docker-php\"]",
      "mode": "managed",
      "type": "github_repository_vulnerability_alerts",
      "name": "this",
      "provider": "provider[\"registry.opentofu.org/integrations/github\"]",
      "instances": [
        {
          "schema_version": 0,
          "attributes": {
            "enabled": true,
            "id": "89089451",
            "repository": "valkyrja-docker-php",
            "repository_id": 89089451
          },
          "sensitive_attributes": [],
          "private": "eyJzY2hlbWFfdmVyc2lvbiI6IjAifQ==",
          "dependencies": [
            "module.repo.github_repository.this"
          ]
        }
      ]
    },
    {
      "module": "module.repo[\"valkyrja-docker-php\"]",
      "mode": "managed",
      "type": "github_team_repository",
      "name": "approvers",
      "provider": "provider[\"registry.opentofu.org/integrations/github\"]",
      "instances": [
        {
          "index_key": 0,
          "schema_version": 0,
          "attributes": {
            "etag": "W/\"ca1ca8dee87311c86dca1360a533c0ca572c15e9eb2a2f74fcc3bf8222875abb\"",
            "id": "18867552:valkyrja-docker-php",
            "permission": "push",
            "repository": "valkyrja-docker-php",
            "team_id": "approvers"
          },
          "sensitive_attributes": [],
          "private": "bnVsbA==",
          "dependencies": [
            "module.repo.github_repository.this"
          ]
        }
      ]
    },
    {
      "module": "module.repo[\"valkyrja-go\"]",
      "mode": "managed",
      "type": "github_issue_label",
      "name": "claude_review",
      "provider": "provider[\"registry.opentofu.org/integrations/github\"]",
      "instances": [
        {
          "schema_version": 0,
          "attributes": {
            "color": "5319e7",
            "description": "Ask Claude to review this pull request",
            "etag": "W/\"63b7d0822614537e15c647b0ba55a74f6848cbc57e786d04e9f92f6778bbdf1e\"",
            "id": "valkyrja-go:claude-review",
            "name": "claude-review",
            "repository": "valkyrja-go",
            "url": "https://api.github.com/repos/valkyrjaio/valkyrja-go/labels/claude-review"
          },
          "sensitive_attributes": [],
          "private": "eyJzY2hlbWFfdmVyc2lvbiI6IjAifQ==",
          "dependencies": [
            "module.repo.github_repository.this"
          ]
        }
      ]
    },
    {
      "module": "module.repo[\"valkyrja-go\"]",
      "mode": "managed",
      "type": "github_repository",
      "name": "this",
      "provider": "provider[\"registry.opentofu.org/integrations/github\"]",
      "instances": [
        {
          "schema_version": 1,
          "attributes": {
            "allow_auto_merge": false,
            "allow_forking": true,
            "allow_merge_commit": false,
            "allow_rebase_merge": false,
            "allow_squash_merge": true,
            "allow_update_branch": false,
            "archive_on_destroy": null,
            "archived": false,
            "auto_init": false,
            "default_branch": "26.x",
            "delete_branch_on_merge": true,
            "description": "Valkyrja is a fast, light, and robust Go framework for multi-protocol applications — HTTP, CLI, and gRPC",
            "etag": "W/\"bb513456a236c3eb3a0772fd5d60caaa199416dbb66c45947f2f693885e70655\"",
            "fork": "false",
            "full_name": "valkyrjaio/valkyrja-go",
            "git_clone_url": "git://github.com/valkyrjaio/valkyrja-go.git",
            "gitignore_template": null,
            "has_discussions": false,
            "has_downloads": false,
            "has_issues": true,
            "has_projects": false,
            "has_wiki": false,
            "homepage_url": "",
            "html_url": "https://github.com/valkyrjaio/valkyrja-go",
            "http_clone_url": "https://github.com/valkyrjaio/valkyrja-go.git",
            "id": "valkyrja-go",
            "ignore_vulnerability_alerts_during_read": null,
            "is_template": false,
            "license_template": null,
            "merge_commit_message": "PR_TITLE",
            "merge_commit_title": "MERGE_MESSAGE",
            "name": "valkyrja-go",
            "node_id": "R_kgDOTsJKbQ",
            "pages": [],
            "primary_language": "Makefile",
            "private": false,
            "repo_id": 1321355885,
            "security_and_analysis": [
              {
                "advanced_security": [],
                "code_security": [],
                "secret_scanning": [
                  {
                    "status": "disabled"
                  }
                ],
                "secret_scanning_ai_detection": [],
                "secret_scanning_non_provider_patterns": [],
                "secret_scanning_push_protection": [
                  {
                    "status": "disabled"
                  }
                ]
              }
            ],
            "source_owner": "",
            "source_repo": "",
            "squash_merge_commit_message": "PR_BODY",
            "squash_merge_commit_title": "PR_TITLE",
            "ssh_clone_url": "git@github.com:valkyrjaio/valkyrja-go.git",
            "svn_url": "https://github.com/valkyrjaio/valkyrja-go",
            "template": [
              {
                "include_all_branches": false,
                "owner": "valkyrjaio",
                "repository": "project-template-go"
              }
            ],
            "topics": [],
            "visibility": "public",
            "vulnerability_alerts": true,
            "web_commit_signoff_required": false
          },
          "sensitive_attributes": [],
          "private": "eyJzY2hlbWFfdmVyc2lvbiI6IjEifQ=="
        }
      ]
    },
    {
      "module": "module.repo[\"valkyrja-go\"]",
      "mode": "managed",
      "type": "github_repository_ruleset",
      "name": "force_push_protection",
      "provider": "provider[\"registry.opentofu.org/integrations/github\"]",
      "instances": [
        {
          "schema_version": 1,
          "attributes": {
            "bypass_actors": [
              {
                "actor_id": 0,
                "actor_type": "OrganizationAdmin",
                "bypass_mode": "always"
              }
            ],
            "conditions": [
              {
                "ref_name": [
                  {
                    "exclude": [],
                    "include": [
                      "refs/heads/??.x"
                    ]
                  }
                ]
              }
            ],
            "enforcement": "active",
            "etag": "W/\"b385211708181689295a62682db344c630427b328edba5f3adc12cdf3e30a3b8\"",
            "id": "20276829",
            "name": "Protect Against Force Pushes and Deletion",
            "node_id": "RRS_lACqUmVwb3NpdG9yec5OwkptzgE1Zl0",
            "repository": "valkyrja-go",
            "rules": [
              {
                "branch_name_pattern": [],
                "commit_author_email_pattern": [],
                "commit_message_pattern": [],
                "committer_email_pattern": [],
                "copilot_code_review": [],
                "creation": false,
                "deletion": true,
                "file_extension_restriction": [],
                "file_path_restriction": [],
                "max_file_path_length": [],
                "max_file_size": [],
                "merge_queue": [],
                "non_fast_forward": true,
                "pull_request": [],
                "required_code_scanning": [],
                "required_deployments": [],
                "required_linear_history": false,
                "required_signatures": false,
                "required_status_checks": [],
                "tag_name_pattern": [],
                "update": false,
                "update_allows_fetch_and_merge": false
              }
            ],
            "ruleset_id": 20276829,
            "target": "branch"
          },
          "sensitive_attributes": [],
          "private": "eyJzY2hlbWFfdmVyc2lvbiI6IjEifQ==",
          "dependencies": [
            "module.repo.github_repository.this"
          ]
        }
      ]
    },
    {
      "module": "module.repo[\"valkyrja-go\"]",
      "mode": "managed",
      "type": "github_repository_ruleset",
      "name": "protect_master",
      "provider": "provider[\"registry.opentofu.org/integrations/github\"]",
      "instances": [
        {
          "schema_version": 1,
          "attributes": {
            "bypass_actors": [],
            "conditions": [
              {
                "ref_name": [
                  {
                    "exclude": [],
                    "include": [
                      "refs/heads/master"
                    ]
                  }
                ]
              }
            ],
            "enforcement": "active",
            "etag": "W/\"ce237ee417540d3df8adf81277637b8d6bf3a79a1a1a3ee3e5247ce26ba0db61\"",
            "id": "20276830",
            "name": "Protect Master At All Times",
            "node_id": "RRS_lACqUmVwb3NpdG9yec5OwkptzgE1Zl4",
            "repository": "valkyrja-go",
            "rules": [
              {
                "branch_name_pattern": [],
                "commit_author_email_pattern": [],
                "commit_message_pattern": [],
                "committer_email_pattern": [],
                "copilot_code_review": [],
                "creation": false,
                "deletion": true,
                "file_extension_restriction": [],
                "file_path_restriction": [],
                "max_file_path_length": [],
                "max_file_size": [],
                "merge_queue": [],
                "non_fast_forward": true,
                "pull_request": [],
                "required_code_scanning": [],
                "required_deployments": [],
                "required_linear_history": false,
                "required_signatures": false,
                "required_status_checks": [],
                "tag_name_pattern": [],
                "update": false,
                "update_allows_fetch_and_merge": false
              }
            ],
            "ruleset_id": 20276830,
            "target": "branch"
          },
          "sensitive_attributes": [],
          "private": "eyJzY2hlbWFfdmVyc2lvbiI6IjEifQ==",
          "dependencies": [
            "module.repo.github_repository.this"
          ]
        }
      ]
    },
    {
      "module": "module.repo[\"valkyrja-go\"]",
      "mode": "managed",
      "type": "github_repository_ruleset",
      "name": "protect_release_tags",
      "provider": "provider[\"registry.opentofu.org/integrations/github\"]",
      "instances": [
        {
          "schema_version": 1,
          "attributes": {
            "bypass_actors": [
              {
                "actor_id": 0,
                "actor_type": "OrganizationAdmin",
                "bypass_mode": "always"
              }
            ],
            "conditions": [
              {
                "ref_name": [
                  {
                    "exclude": [],
                    "include": [
                      "refs/tags/*.*.*"
                    ]
                  }
                ]
              }
            ],
            "enforcement": "active",
            "etag": "W/\"e370bd123108c97282a934fa2e915027f19d3133e0099845e8c696fdac429474\"",
            "id": "20276831",
            "name": "Protect Release Tags",
            "node_id": "RRS_lACqUmVwb3NpdG9yec5OwkptzgE1Zl8",
            "repository": "valkyrja-go",
            "rules": [
              {
                "branch_name_pattern": [],
                "commit_author_email_pattern": [],
                "commit_message_pattern": [],
                "committer_email_pattern": [],
                "copilot_code_review": [],
                "creation": false,
                "deletion": true,
                "file_extension_restriction": [],
                "file_path_restriction": [],
                "max_file_path_length": [],
                "max_file_size": [],
                "merge_queue": [],
                "non_fast_forward": true,
                "pull_request": [],
                "required_code_scanning": [],
                "required_deployments": [],
                "required_linear_history": false,
                "required_signatures": false,
                "required_status_checks": [],
                "tag_name_pattern": [],
                "update": false,
                "update_allows_fetch_and_merge": false
              }
            ],
            "ruleset_id": 20276831,
            "target": "tag"
          },
          "sensitive_attributes": [],
          "private": "eyJzY2hlbWFfdmVyc2lvbiI6IjEifQ==",
          "dependencies": [
            "module.repo.github_repository.this"
          ]
        }
      ]
    },
    {
      "module": "module.repo[\"valkyrja-go\"]",
      "mode": "managed",
      "type": "github_repository_ruleset",
      "name": "require_pull_request",
      "provider": "provider[\"registry.opentofu.org/integrations/github\"]",
      "instances": [
        {
          "schema_version": 1,
          "attributes": {
            "bypass_actors": [
              {
                "actor_id": 0,
                "actor_type": "OrganizationAdmin",
                "bypass_mode": "always"
              },
              {
                "actor_id": 2462900,
                "actor_type": "Integration",
                "bypass_mode": "always"
              }
            ],
            "conditions": [
              {
                "ref_name": [
                  {
                    "exclude": [],
                    "include": [
                      "~DEFAULT_BRANCH",
                      "refs/heads/??.x",
                      "refs/heads/master"
                    ]
                  }
                ]
              }
            ],
            "enforcement": "active",
            "etag": "W/\"271737cb1df11f26602fba6697a59ce81a85d3bc9948e0c583ab14a23462d0cd\"",
            "id": "20276832",
            "name": "Require Pull Request",
            "node_id": "RRS_lACqUmVwb3NpdG9yec5OwkptzgE1ZmA",
            "repository": "valkyrja-go",
            "rules": [
              {
                "branch_name_pattern": [],
                "commit_author_email_pattern": [],
                "commit_message_pattern": [],
                "committer_email_pattern": [],
                "copilot_code_review": [],
                "creation": false,
                "deletion": false,
                "file_extension_restriction": [],
                "file_path_restriction": [],
                "max_file_path_length": [],
                "max_file_size": [],
                "merge_queue": [],
                "non_fast_forward": false,
                "pull_request": [
                  {
                    "allowed_merge_methods": [
                      "squash"
                    ],
                    "dismiss_stale_reviews_on_push": false,
                    "require_code_owner_review": true,
                    "require_last_push_approval": false,
                    "required_approving_review_count": 0,
                    "required_review_thread_resolution": false,
                    "required_reviewers": []
                  }
                ],
                "required_code_scanning": [],
                "required_deployments": [],
                "required_linear_history": false,
                "required_signatures": false,
                "required_status_checks": [],
                "tag_name_pattern": [],
                "update": false,
                "update_allows_fetch_and_merge": false
              }
            ],
            "ruleset_id": 20276832,
            "target": "branch"
          },
          "sensitive_attributes": [],
          "private": "eyJzY2hlbWFfdmVyc2lvbiI6IjEifQ==",
          "dependencies": [
            "github_team.approvers",
            "module.repo.github_repository.this"
          ]
        }
      ]
    },
    {
      "module": "module.repo[\"valkyrja-go\"]",
      "mode": "managed",
      "type": "github_repository_ruleset",
      "name": "required_default_checks",
      "provider": "provider[\"registry.opentofu.org/integrations/github\"]",
      "instances": [
        {
          "schema_version": 1,
          "attributes": {
            "bypass_actors": [
              {
                "actor_id": 0,
                "actor_type": "OrganizationAdmin",
                "bypass_mode": "always"
              },
              {
                "actor_id": 2462900,
                "actor_type": "Integration",
                "bypass_mode": "always"
              }
            ],
            "conditions": [
              {
                "ref_name": [
                  {
                    "exclude": [],
                    "include": [
                      "~DEFAULT_BRANCH",
                      "refs/heads/??.x"
                    ]
                  }
                ]
              }
            ],
            "enforcement": "active",
            "etag": "W/\"d1c974fe110e7fb4a3060500aa3ab618f39bb0e8a03ffe7564e47fb0937bf66d\"",
            "id": "20276833",
            "name": "Required Default PR Checks",
            "node_id": "RRS_lACqUmVwb3NpdG9yec5OwkptzgE1ZmE",
            "repository": "valkyrja-go",
            "rules": [
              {
                "branch_name_pattern": [],
                "commit_author_email_pattern": [],
                "commit_message_pattern": [],
                "committer_email_pattern": [],
                "copilot_code_review": [],
                "creation": false,
                "deletion": false,
                "file_extension_restriction": [],
                "file_path_restriction": [],
                "max_file_path_length": [],
                "max_file_size": [],
                "merge_queue": [],
                "non_fast_forward": false,
                "pull_request": [],
                "required_code_scanning": [],
                "required_deployments": [],
                "required_linear_history": false,
                "required_signatures": false,
                "required_status_checks": [
                  {
                    "do_not_enforce_on_create": false,
                    "required_check": [
                      {
                        "context": "Commit Message Check / Check Commit Message",
                        "integration_id": 15368
                      },
                      {
                        "context": "Copyright Header Check / Check Copyright Header",
                        "integration_id": 15368
                      },
                      {
                        "context": "Markdown Check / Check Markdown",
                        "integration_id": 15368
                      },
                      {
                        "context": "Trailing Newline Check / Check Trailing Newline",
                        "integration_id": 15368
                      }
                    ],
                    "strict_required_status_checks_policy": false
                  }
                ],
                "tag_name_pattern": [],
                "update": false,
                "update_allows_fetch_and_merge": false
              }
            ],
            "ruleset_id": 20276833,
            "target": "branch"
          },
          "sensitive_attributes": [],
          "private": "eyJzY2hlbWFfdmVyc2lvbiI6IjEifQ==",
          "dependencies": [
            "module.repo.github_repository.this"
          ]
        }
      ]
    },
    {
      "module": "module.repo[\"valkyrja-go\"]",
      "mode": "managed",
      "type": "github_repository_ruleset",
      "name": "required_language_checks",
      "provider": "provider[\"registry.opentofu.org/integrations/github\"]",
      "instances": [
        {
          "index_key": 0,
          "schema_version": 1,
          "attributes": {
            "bypass_actors": [
              {
                "actor_id": 0,
                "actor_type": "OrganizationAdmin",
                "bypass_mode": "always"
              },
              {
                "actor_id": 2462900,
                "actor_type": "Integration",
                "bypass_mode": "always"
              }
            ],
            "conditions": [
              {
                "ref_name": [
                  {
                    "exclude": [],
                    "include": [
                      "~DEFAULT_BRANCH",
                      "refs/heads/??.x"
                    ]
                  }
                ]
              }
            ],
            "enforcement": "active",
            "etag": "W/\"5e5a69c3d1f7cc5c11987a7662b4ab462f26b3abe6b41e4ff0506a5a8243bc72\"",
            "id": "20276835",
            "name": "Required Go PR Checks",
            "node_id": "RRS_lACqUmVwb3NpdG9yec5OwkptzgE1ZmM",
            "repository": "valkyrja-go",
            "rules": [
              {
                "branch_name_pattern": [],
                "commit_author_email_pattern": [],
                "commit_message_pattern": [],
                "committer_email_pattern": [],
                "copilot_code_review": [],
                "creation": false,
                "deletion": false,
                "file_extension_restriction": [],
                "file_path_restriction": [],
                "max_file_path_length": [],
                "max_file_size": [],
                "merge_queue": [],
                "non_fast_forward": false,
                "pull_request": [],
                "required_code_scanning": [],
                "required_deployments": [],
                "required_linear_history": false,
                "required_signatures": false,
                "required_status_checks": [
                  {
                    "do_not_enforce_on_create": false,
                    "required_check": [
                      {
                        "context": "Tools / Test / Test",
                        "integration_id": 15368
                      },
                      {
                        "context": "Tools / golangci-lint / golangci-lint",
                        "integration_id": 15368
                      }
                    ],
                    "strict_required_status_checks_policy": false
                  }
                ],
                "tag_name_pattern": [],
                "update": false,
                "update_allows_fetch_and_merge": false
              }
            ],
            "ruleset_id": 20276835,
            "target": "branch"
          },
          "sensitive_attributes": [],
          "private": "eyJzY2hlbWFfdmVyc2lvbiI6IjEifQ==",
          "dependencies": [
            "module.repo.github_repository.this"
          ]
        }
      ]
    },
    {
      "module": "module.repo[\"valkyrja-go\"]",
      "mode": "managed",
      "type": "github_repository_ruleset",
      "name": "restrict_unsupported_branches",
      "provider": "provider[\"registry.opentofu.org/integrations/github\"]",
      "instances": [
        {
          "schema_version": 1,
          "attributes": {
            "bypass_actors": [
              {
                "actor_id": 2462900,
                "actor_type": "Integration",
                "bypass_mode": "always"
              }
            ],
            "conditions": [
              {
                "ref_name": [
                  {
                    "exclude": [],
                    "include": [
                      "refs/heads/??.x-backup",
                      "refs/heads/master-backup"
                    ]
                  }
                ]
              }
            ],
            "enforcement": "active",
            "etag": "W/\"de36682755c05918dfee2929f034ee21d10b37d966f422f7c7f6bb916701118b\"",
            "id": "20276834",
            "name": "Restrict Changes to Unsupported Branches",
            "node_id": "RRS_lACqUmVwb3NpdG9yec5OwkptzgE1ZmI",
            "repository": "valkyrja-go",
            "rules": [
              {
                "branch_name_pattern": [],
                "commit_author_email_pattern": [],
                "commit_message_pattern": [],
                "committer_email_pattern": [],
                "copilot_code_review": [],
                "creation": true,
                "deletion": true,
                "file_extension_restriction": [],
                "file_path_restriction": [],
                "max_file_path_length": [],
                "max_file_size": [],
                "merge_queue": [],
                "non_fast_forward": true,
                "pull_request": [],
                "required_code_scanning": [],
                "required_deployments": [],
                "required_linear_history": false,
                "required_signatures": false,
                "required_status_checks": [],
                "tag_name_pattern": [],
                "update": true,
                "update_allows_fetch_and_merge": false
              }
            ],
            "ruleset_id": 20276834,
            "target": "branch"
          },
          "sensitive_attributes": [],
          "private": "eyJzY2hlbWFfdmVyc2lvbiI6IjEifQ==",
          "dependencies": [
            "module.repo.github_repository.this"
          ]
        }
      ]
    },
    {
      "module": "module.repo[\"valkyrja-go\"]",
      "mode": "managed",
      "type": "github_repository_vulnerability_alerts",
      "name": "this",
      "provider": "provider[\"registry.opentofu.org/integrations/github\"]",
      "instances": [
        {
          "schema_version": 0,
          "attributes": {
            "enabled": true,
            "id": "1321355885",
            "repository": "valkyrja-go",
            "repository_id": 1321355885
          },
          "sensitive_attributes": [],
          "private": "eyJzY2hlbWFfdmVyc2lvbiI6IjAifQ==",
          "dependencies": [
            "module.repo.github_repository.this"
          ]
        }
      ]
    },
    {
      "module": "module.repo[\"valkyrja-go\"]",
      "mode": "managed",
      "type": "github_team_repository",
      "name": "approvers",
      "provider": "provider[\"registry.opentofu.org/integrations/github\"]",
      "instances": [
        {
          "index_key": 0,
          "schema_version": 0,
          "attributes": {
            "etag": "W/\"7db1ac9170150fd0bd1d982970ca15f38d68ff41b77062f8bdb59c2519034b9a\"",
            "id": "18867552:valkyrja-go",
            "permission": "push",
            "repository": "valkyrja-go",
            "team_id": "approvers"
          },
          "sensitive_attributes": [],
          "private": "bnVsbA==",
          "dependencies": [
            "module.repo.github_repository.this"
          ]
        }
      ]
    },
    {
      "module": "module.repo[\"valkyrja-java\"]",
      "mode": "managed",
      "type": "github_issue_label",
      "name": "claude_review",
      "provider": "provider[\"registry.opentofu.org/integrations/github\"]",
      "instances": [
        {
          "schema_version": 0,
          "attributes": {
            "color": "5319e7",
            "description": "Ask Claude to review this pull request",
            "etag": "W/\"b0f9b1665d8c78c1104d78a76a5b700500eee52780b8b85668a214b07e06f4a4\"",
            "id": "valkyrja-java:claude-review",
            "name": "claude-review",
            "repository": "valkyrja-java",
            "url": "https://api.github.com/repos/valkyrjaio/valkyrja-java/labels/claude-review"
          },
          "sensitive_attributes": [],
          "private": "eyJzY2hlbWFfdmVyc2lvbiI6IjAifQ==",
          "dependencies": [
            "module.repo.github_repository.this"
          ]
        }
      ]
    },
    {
      "module": "module.repo[\"valkyrja-java\"]",
      "mode": "managed",
      "type": "github_repository",
      "name": "this",
      "provider": "provider[\"registry.opentofu.org/integrations/github\"]",
      "instances": [
        {
          "schema_version": 1,
          "attributes": {
            "allow_auto_merge": false,
            "allow_forking": true,
            "allow_merge_commit": false,
            "allow_rebase_merge": false,
            "allow_squash_merge": true,
            "allow_update_branch": false,
            "archive_on_destroy": null,
            "archived": false,
            "auto_init": false,
            "default_branch": "26.x",
            "delete_branch_on_merge": true,
            "description": "Valkyrja is a fast, light, and robust Java framework for multi-protocol applications — HTTP, CLI, and gRPC",
            "etag": "W/\"483b28e18e76a1cdbb969ef74bd16a0b06d7c979983c157e4c4d3dcd3871a23f\"",
            "fork": "false",
            "full_name": "valkyrjaio/valkyrja-java",
            "git_clone_url": "git://github.com/valkyrjaio/valkyrja-java.git",
            "gitignore_template": null,
            "has_discussions": false,
            "has_downloads": false,
            "has_issues": true,
            "has_projects": false,
            "has_wiki": false,
            "homepage_url": "",
            "html_url": "https://github.com/valkyrjaio/valkyrja-java",
            "http_clone_url": "https://github.com/valkyrjaio/valkyrja-java.git",
            "id": "valkyrja-java",
            "ignore_vulnerability_alerts_during_read": null,
            "is_template": false,
            "license_template": null,
            "merge_commit_message": "PR_TITLE",
            "merge_commit_title": "MERGE_MESSAGE",
            "name": "valkyrja-java",
            "node_id": "R_kgDOR7mYpQ",
            "pages": [],
            "primary_language": "Java",
            "private": false,
            "repo_id": 1203345573,
            "security_and_analysis": [
              {
                "advanced_security": [],
                "code_security": [],
                "secret_scanning": [
                  {
                    "status": "disabled"
                  }
                ],
                "secret_scanning_ai_detection": [],
                "secret_scanning_non_provider_patterns": [],
                "secret_scanning_push_protection": [
                  {
                    "status": "disabled"
                  }
                ]
              }
            ],
            "source_owner": "",
            "source_repo": "",
            "squash_merge_commit_message": "PR_BODY",
            "squash_merge_commit_title": "PR_TITLE",
            "ssh_clone_url": "git@github.com:valkyrjaio/valkyrja-java.git",
            "svn_url": "https://github.com/valkyrjaio/valkyrja-java",
            "template": [],
            "topics": [
              "cli",
              "framework",
              "http",
              "java",
              "java-framework",
              "mit",
              "mit-license"
            ],
            "visibility": "public",
            "vulnerability_alerts": true,
            "web_commit_signoff_required": false
          },
          "sensitive_attributes": [],
          "private": "eyJzY2hlbWFfdmVyc2lvbiI6IjEifQ=="
        }
      ]
    },
    {
      "module": "module.repo[\"valkyrja-java\"]",
      "mode": "managed",
      "type": "github_repository_ruleset",
      "name": "force_push_protection",
      "provider": "provider[\"registry.opentofu.org/integrations/github\"]",
      "instances": [
        {
          "schema_version": 1,
          "attributes": {
            "bypass_actors": [
              {
                "actor_id": 0,
                "actor_type": "OrganizationAdmin",
                "bypass_mode": "always"
              }
            ],
            "conditions": [
              {
                "ref_name": [
                  {
                    "exclude": [],
                    "include": [
                      "refs/heads/??.x"
                    ]
                  }
                ]
              }
            ],
            "enforcement": "active",
            "etag": "W/\"788389811cc1c678e6f1310d65ddea2dfa19f86f54d6b21700083f668844a20c\"",
            "id": "15195246",
            "name": "Protect Against Force Pushes and Deletion",
            "node_id": "RRS_lACqUmVwb3NpdG9yec5HuZilzgDn3G4",
            "repository": "valkyrja-java",
            "rules": [
              {
                "branch_name_pattern": [],
                "commit_author_email_pattern": [],
                "commit_message_pattern": [],
                "committer_email_pattern": [],
                "copilot_code_review": [],
                "creation": false,
                "deletion": true,
                "file_extension_restriction": [],
                "file_path_restriction": [],
                "max_file_path_length": [],
                "max_file_size": [],
                "merge_queue": [],
                "non_fast_forward": true,
                "pull_request": [],
                "required_code_scanning": [],
                "required_deployments": [],
                "required_linear_history": false,
                "required_signatures": false,
                "required_status_checks": [],
                "tag_name_pattern": [],
                "update": false,
                "update_allows_fetch_and_merge": false
              }
            ],
            "ruleset_id": 15195246,
            "target": "branch"
          },
          "sensitive_attributes": [],
          "private": "eyJzY2hlbWFfdmVyc2lvbiI6IjEifQ==",
          "dependencies": [
            "module.repo.github_repository.this"
          ]
        }
      ]
    },
    {
      "module": "module.repo[\"valkyrja-java\"]",
      "mode": "managed",
      "type": "github_repository_ruleset",
      "name": "protect_master",
      "provider": "provider[\"registry.opentofu.org/integrations/github\"]",
      "instances": [
        {
          "schema_version": 1,
          "attributes": {
            "bypass_actors": [],
            "conditions": [
              {
                "ref_name": [
                  {
                    "exclude": [],
                    "include": [
                      "refs/heads/master"
                    ]
                  }
                ]
              }
            ],
            "enforcement": "active",
            "etag": "W/\"f412d6153cb3d8ee4411f4ebf13f7457e9f25bca185ae563787034d877d0d5c7\"",
            "id": "15195247",
            "name": "Protect Master At All Times",
            "node_id": "RRS_lACqUmVwb3NpdG9yec5HuZilzgDn3G8",
            "repository": "valkyrja-java",
            "rules": [
              {
                "branch_name_pattern": [],
                "commit_author_email_pattern": [],
                "commit_message_pattern": [],
                "committer_email_pattern": [],
                "copilot_code_review": [],
                "creation": false,
                "deletion": true,
                "file_extension_restriction": [],
                "file_path_restriction": [],
                "max_file_path_length": [],
                "max_file_size": [],
                "merge_queue": [],
                "non_fast_forward": true,
                "pull_request": [],
                "required_code_scanning": [],
                "required_deployments": [],
                "required_linear_history": false,
                "required_signatures": false,
                "required_status_checks": [],
                "tag_name_pattern": [],
                "update": false,
                "update_allows_fetch_and_merge": false
              }
            ],
            "ruleset_id": 15195247,
            "target": "branch"
          },
          "sensitive_attributes": [],
          "private": "eyJzY2hlbWFfdmVyc2lvbiI6IjEifQ==",
          "dependencies": [
            "module.repo.github_repository.this"
          ]
        }
      ]
    },
    {
      "module": "module.repo[\"valkyrja-java\"]",
      "mode": "managed",
      "type": "github_repository_ruleset",
      "name": "protect_release_tags",
      "provider": "provider[\"registry.opentofu.org/integrations/github\"]",
      "instances": [
        {
          "schema_version": 1,
          "attributes": {
            "bypass_actors": [
              {
                "actor_id": 0,
                "actor_type": "OrganizationAdmin",
                "bypass_mode": "always"
              }
            ],
            "conditions": [
              {
                "ref_name": [
                  {
                    "exclude": [],
                    "include": [
                      "refs/tags/*.*.*"
                    ]
                  }
                ]
              }
            ],
            "enforcement": "active",
            "etag": "W/\"02e0549f77fbc93d3ddcde06e1587ce32c5e71c5c1629a4ad8962d4c0b0efb5c\"",
            "id": "15200887",
            "name": "Protect Release Tags",
            "node_id": "RRS_lACqUmVwb3NpdG9yec5HuZilzgDn8nc",
            "repository": "valkyrja-java",
            "rules": [
              {
                "branch_name_pattern": [],
                "commit_author_email_pattern": [],
                "commit_message_pattern": [],
                "committer_email_pattern": [],
                "copilot_code_review": [],
                "creation": false,
                "deletion": true,
                "file_extension_restriction": [],
                "file_path_restriction": [],
                "max_file_path_length": [],
                "max_file_size": [],
                "merge_queue": [],
                "non_fast_forward": true,
                "pull_request": [],
                "required_code_scanning": [],
                "required_deployments": [],
                "required_linear_history": false,
                "required_signatures": false,
                "required_status_checks": [],
                "tag_name_pattern": [],
                "update": false,
                "update_allows_fetch_and_merge": false
              }
            ],
            "ruleset_id": 15200887,
            "target": "tag"
          },
          "sensitive_attributes": [],
          "private": "eyJzY2hlbWFfdmVyc2lvbiI6IjEifQ==",
          "dependencies": [
            "module.repo.github_repository.this"
          ]
        }
      ]
    },
    {
      "module": "module.repo[\"valkyrja-java\"]",
      "mode": "managed",
      "type": "github_repository_ruleset",
      "name": "require_pull_request",
      "provider": "provider[\"registry.opentofu.org/integrations/github\"]",
      "instances": [
        {
          "schema_version": 1,
          "attributes": {
            "bypass_actors": [
              {
                "actor_id": 0,
                "actor_type": "OrganizationAdmin",
                "bypass_mode": "always"
              },
              {
                "actor_id": 2462900,
                "actor_type": "Integration",
                "bypass_mode": "always"
              }
            ],
            "conditions": [
              {
                "ref_name": [
                  {
                    "exclude": [],
                    "include": [
                      "~DEFAULT_BRANCH",
                      "refs/heads/??.x",
                      "refs/heads/master"
                    ]
                  }
                ]
              }
            ],
            "enforcement": "active",
            "etag": "W/\"05f79fce341a07e50eb35bc1c8a7cb6d8c9a38de449ead26db16732fcab7a360\"",
            "id": "15195248",
            "name": "Require Pull Request",
            "node_id": "RRS_lACqUmVwb3NpdG9yec5HuZilzgDn3HA",
            "repository": "valkyrja-java",
            "rules": [
              {
                "branch_name_pattern": [],
                "commit_author_email_pattern": [],
                "commit_message_pattern": [],
                "committer_email_pattern": [],
                "copilot_code_review": [],
                "creation": false,
                "deletion": false,
                "file_extension_restriction": [],
                "file_path_restriction": [],
                "max_file_path_length": [],
                "max_file_size": [],
                "merge_queue": [],
                "non_fast_forward": false,
                "pull_request": [
                  {
                    "allowed_merge_methods": [
                      "squash"
                    ],
                    "dismiss_stale_reviews_on_push": false,
                    "require_code_owner_review": true,
                    "require_last_push_approval": false,
                    "required_approving_review_count": 0,
                    "required_review_thread_resolution": false,
                    "required_reviewers": []
                  }
                ],
                "required_code_scanning": [],
                "required_deployments": [],
                "required_linear_history": false,
                "required_signatures": false,
                "required_status_checks": [],
                "tag_name_pattern": [],
                "update": false,
                "update_allows_fetch_and_merge": false
              }
            ],
            "ruleset_id": 15195248,
            "target": "branch"
          },
          "sensitive_attributes": [],
          "private": "eyJzY2hlbWFfdmVyc2lvbiI6IjEifQ==",
          "dependencies": [
            "github_team.approvers",
            "module.repo.github_repository.this"
          ]
        }
      ]
    },
    {
      "module": "module.repo[\"valkyrja-java\"]",
      "mode": "managed",
      "type": "github_repository_ruleset",
      "name": "required_default_checks",
      "provider": "provider[\"registry.opentofu.org/integrations/github\"]",
      "instances": [
        {
          "schema_version": 1,
          "attributes": {
            "bypass_actors": [
              {
                "actor_id": 0,
                "actor_type": "OrganizationAdmin",
                "bypass_mode": "always"
              },
              {
                "actor_id": 2462900,
                "actor_type": "Integration",
                "bypass_mode": "always"
              }
            ],
            "conditions": [
              {
                "ref_name": [
                  {
                    "exclude": [],
                    "include": [
                      "~DEFAULT_BRANCH",
                      "refs/heads/??.x"
                    ]
                  }
                ]
              }
            ],
            "enforcement": "active",
            "etag": "W/\"2642ef544ae6c8e2a3322f3adbb559dbdd51cddf56454e93508c4383dafe44d0\"",
            "id": "15274013",
            "name": "Required Default PR Checks",
            "node_id": "RRS_lACqUmVwb3NpdG9yec5HuZilzgDpEB0",
            "repository": "valkyrja-java",
            "rules": [
              {
                "branch_name_pattern": [],
                "commit_author_email_pattern": [],
                "commit_message_pattern": [],
                "committer_email_pattern": [],
                "copilot_code_review": [],
                "creation": false,
                "deletion": false,
                "file_extension_restriction": [],
                "file_path_restriction": [],
                "max_file_path_length": [],
                "max_file_size": [],
                "merge_queue": [],
                "non_fast_forward": false,
                "pull_request": [],
                "required_code_scanning": [],
                "required_deployments": [],
                "required_linear_history": false,
                "required_signatures": false,
                "required_status_checks": [
                  {
                    "do_not_enforce_on_create": false,
                    "required_check": [
                      {
                        "context": "Commit Message Check / Check Commit Message",
                        "integration_id": 15368
                      },
                      {
                        "context": "Copyright Header Check / Check Copyright Header",
                        "integration_id": 15368
                      },
                      {
                        "context": "Markdown Check / Check Markdown",
                        "integration_id": 15368
                      },
                      {
                        "context": "Trailing Newline Check / Check Trailing Newline",
                        "integration_id": 15368
                      }
                    ],
                    "strict_required_status_checks_policy": false
                  }
                ],
                "tag_name_pattern": [],
                "update": false,
                "update_allows_fetch_and_merge": false
              }
            ],
            "ruleset_id": 15274013,
            "target": "branch"
          },
          "sensitive_attributes": [],
          "private": "eyJzY2hlbWFfdmVyc2lvbiI6IjEifQ==",
          "dependencies": [
            "module.repo.github_repository.this"
          ]
        }
      ]
    },
    {
      "module": "module.repo[\"valkyrja-java\"]",
      "mode": "managed",
      "type": "github_repository_ruleset",
      "name": "required_language_checks",
      "provider": "provider[\"registry.opentofu.org/integrations/github\"]",
      "instances": [
        {
          "index_key": 0,
          "schema_version": 1,
          "attributes": {
            "bypass_actors": [
              {
                "actor_id": 0,
                "actor_type": "OrganizationAdmin",
                "bypass_mode": "always"
              },
              {
                "actor_id": 2462900,
                "actor_type": "Integration",
                "bypass_mode": "always"
              }
            ],
            "conditions": [
              {
                "ref_name": [
                  {
                    "exclude": [],
                    "include": [
                      "~DEFAULT_BRANCH",
                      "refs/heads/??.x"
                    ]
                  }
                ]
              }
            ],
            "enforcement": "active",
            "etag": "W/\"0d626fc4cb9dcb9eb76e742bb95841c57a0de723574363497433c2aab03199fe\"",
            "id": "16563736",
            "name": "Required Java PR Checks",
            "node_id": "RRS_lACqUmVwb3NpdG9yec5HuZilzgD8vhg",
            "repository": "valkyrja-java",
            "rules": [
              {
                "branch_name_pattern": [],
                "commit_author_email_pattern": [],
                "commit_message_pattern": [],
                "committer_email_pattern": [],
                "copilot_code_review": [],
                "creation": false,
                "deletion": false,
                "file_extension_restriction": [],
                "file_path_restriction": [],
                "max_file_path_length": [],
                "max_file_size": [],
                "merge_queue": [],
                "non_fast_forward": false,
                "pull_request": [],
                "required_code_scanning": [],
                "required_deployments": [],
                "required_linear_history": false,
                "required_signatures": false,
                "required_status_checks": [
                  {
                    "do_not_enforce_on_create": false,
                    "required_check": [
                      {
                        "context": "Tools / ArchUnit / ArchUnit",
                        "integration_id": 15368
                      },
                      {
                        "context": "Tools / ErrorProne / ErrorProne",
                        "integration_id": 15368
                      },
                      {
                        "context": "Tools / JUnit / JUnit",
                        "integration_id": 15368
                      },
                      {
                        "context": "Tools / SpotBugs / SpotBugs",
                        "integration_id": 15368
                      },
                      {
                        "context": "Tools / Spotless / Spotless",
                        "integration_id": 15368
                      }
                    ],
                    "strict_required_status_checks_policy": false
                  }
                ],
                "tag_name_pattern": [],
                "update": false,
                "update_allows_fetch_and_merge": false
              }
            ],
            "ruleset_id": 16563736,
            "target": "branch"
          },
          "sensitive_attributes": [],
          "private": "eyJzY2hlbWFfdmVyc2lvbiI6IjEifQ==",
          "dependencies": [
            "module.repo.github_repository.this"
          ]
        }
      ]
    },
    {
      "module": "module.repo[\"valkyrja-java\"]",
      "mode": "managed",
      "type": "github_repository_ruleset",
      "name": "restrict_unsupported_branches",
      "provider": "provider[\"registry.opentofu.org/integrations/github\"]",
      "instances": [
        {
          "schema_version": 1,
          "attributes": {
            "bypass_actors": [
              {
                "actor_id": 2462900,
                "actor_type": "Integration",
                "bypass_mode": "always"
              }
            ],
            "conditions": [
              {
                "ref_name": [
                  {
                    "exclude": [],
                    "include": [
                      "refs/heads/??.x-backup",
                      "refs/heads/master-backup"
                    ]
                  }
                ]
              }
            ],
            "enforcement": "active",
            "etag": "W/\"a659e6a88b69008e60329a204c8d2b2a2e32e1f36ada5d6f78848f483c3e62a2\"",
            "id": "15195250",
            "name": "Restrict Changes to Unsupported Branches",
            "node_id": "RRS_lACqUmVwb3NpdG9yec5HuZilzgDn3HI",
            "repository": "valkyrja-java",
            "rules": [
              {
                "branch_name_pattern": [],
                "commit_author_email_pattern": [],
                "commit_message_pattern": [],
                "committer_email_pattern": [],
                "copilot_code_review": [],
                "creation": true,
                "deletion": true,
                "file_extension_restriction": [],
                "file_path_restriction": [],
                "max_file_path_length": [],
                "max_file_size": [],
                "merge_queue": [],
                "non_fast_forward": true,
                "pull_request": [],
                "required_code_scanning": [],
                "required_deployments": [],
                "required_linear_history": false,
                "required_signatures": false,
                "required_status_checks": [],
                "tag_name_pattern": [],
                "update": true,
                "update_allows_fetch_and_merge": false
              }
            ],
            "ruleset_id": 15195250,
            "target": "branch"
          },
          "sensitive_attributes": [],
          "private": "eyJzY2hlbWFfdmVyc2lvbiI6IjEifQ==",
          "dependencies": [
            "module.repo.github_repository.this"
          ]
        }
      ]
    },
    {
      "module": "module.repo[\"valkyrja-java\"]",
      "mode": "managed",
      "type": "github_repository_vulnerability_alerts",
      "name": "this",
      "provider": "provider[\"registry.opentofu.org/integrations/github\"]",
      "instances": [
        {
          "schema_version": 0,
          "attributes": {
            "enabled": true,
            "id": "1203345573",
            "repository": "valkyrja-java",
            "repository_id": 1203345573
          },
          "sensitive_attributes": [],
          "private": "eyJzY2hlbWFfdmVyc2lvbiI6IjAifQ==",
          "dependencies": [
            "module.repo.github_repository.this"
          ]
        }
      ]
    },
    {
      "module": "module.repo[\"valkyrja-java\"]",
      "mode": "managed",
      "type": "github_team_repository",
      "name": "approvers",
      "provider": "provider[\"registry.opentofu.org/integrations/github\"]",
      "instances": [
        {
          "index_key": 0,
          "schema_version": 0,
          "attributes": {
            "etag": "W/\"1642626f6b75de32b945903c97149112e4fd7e66ab2f1bebe9d6e8d3b86e3032\"",
            "id": "18867552:valkyrja-java",
            "permission": "push",
            "repository": "valkyrja-java",
            "team_id": "approvers"
          },
          "sensitive_attributes": [],
          "private": "bnVsbA==",
          "dependencies": [
            "module.repo.github_repository.this"
          ]
        }
      ]
    },
    {
      "module": "module.repo[\"valkyrja-php\"]",
      "mode": "managed",
      "type": "github_issue_label",
      "name": "claude_review",
      "provider": "provider[\"registry.opentofu.org/integrations/github\"]",
      "instances": [
        {
          "schema_version": 0,
          "attributes": {
            "color": "5319e7",
            "description": "Ask Claude to review this pull request",
            "etag": "W/\"37c7474d4a5fa93fc362a5f99c4783b723b46c7f70d352b42a0f0a81508572c7\"",
            "id": "valkyrja-php:claude-review",
            "name": "claude-review",
            "repository": "valkyrja-php",
            "url": "https://api.github.com/repos/valkyrjaio/valkyrja-php/labels/claude-review"
          },
          "sensitive_attributes": [],
          "private": "eyJzY2hlbWFfdmVyc2lvbiI6IjAifQ==",
          "dependencies": [
            "module.repo.github_repository.this"
          ]
        }
      ]
    },
    {
      "module": "module.repo[\"valkyrja-php\"]",
      "mode": "managed",
      "type": "github_repository",
      "name": "this",
      "provider": "provider[\"registry.opentofu.org/integrations/github\"]",
      "instances": [
        {
          "schema_version": 1,
          "attributes": {
            "allow_auto_merge": false,
            "allow_forking": true,
            "allow_merge_commit": false,
            "allow_rebase_merge": false,
            "allow_squash_merge": true,
            "allow_update_branch": false,
            "archive_on_destroy": null,
            "archived": false,
            "auto_init": false,
            "default_branch": "26.x",
            "delete_branch_on_merge": true,
            "description": "Valkyrja is a fast, light, and robust PHP framework for web and console applications",
            "etag": "W/\"2a4ce873ad3c2193513938def76ba10b752a71eaada9375a42cbabc7940d394f\"",
            "fork": "false",
            "full_name": "valkyrjaio/valkyrja-php",
            "git_clone_url": "git://github.com/valkyrjaio/valkyrja-php.git",
            "gitignore_template": null,
            "has_discussions": false,
            "has_downloads": false,
            "has_issues": true,
            "has_projects": false,
            "has_wiki": false,
            "homepage_url": "https://valkyrja.io",
            "html_url": "https://github.com/valkyrjaio/valkyrja-php",
            "http_clone_url": "https://github.com/valkyrjaio/valkyrja-php.git",
            "id": "valkyrja-php",
            "ignore_vulnerability_alerts_during_read": null,
            "is_template": false,
            "license_template": null,
            "merge_commit_message": "PR_TITLE",
            "merge_commit_title": "MERGE_MESSAGE",
            "name": "valkyrja-php",
            "node_id": "MDEwOlJlcG9zaXRvcnkzMDQyNDcyMzc=",
            "pages": [],
            "primary_language": "PHP",
            "private": false,
            "repo_id": 304247237,
            "security_and_analysis": [
              {
                "advanced_security": [],
                "code_security": [],
                "secret_scanning": [
                  {
                    "status": "disabled"
                  }
                ],
                "secret_scanning_ai_detection": [],
                "secret_scanning_non_provider_patterns": [],
                "secret_scanning_push_protection": [
                  {
                    "status": "disabled"
                  }
                ]
              }
            ],
            "source_owner": "",
            "source_repo": "",
            "squash_merge_commit_message": "PR_BODY",
            "squash_merge_commit_title": "PR_TITLE",
            "ssh_clone_url": "git@github.com:valkyrjaio/valkyrja-php.git",
            "svn_url": "https://github.com/valkyrjaio/valkyrja-php",
            "template": [],
            "topics": [
              "cli",
              "framework",
              "http",
              "mit",
              "mit-license",
              "php",
              "php-framework",
              "php8",
              "php84",
              "php85",
              "valkyrja"
            ],
            "visibility": "public",
            "vulnerability_alerts": true,
            "web_commit_signoff_required": false
          },
          "sensitive_attributes": [],
          "private": "eyJzY2hlbWFfdmVyc2lvbiI6IjEifQ=="
        }
      ]
    },
    {
      "module": "module.repo[\"valkyrja-php\"]",
      "mode": "managed",
      "type": "github_repository_ruleset",
      "name": "force_push_protection",
      "provider": "provider[\"registry.opentofu.org/integrations/github\"]",
      "instances": [
        {
          "schema_version": 1,
          "attributes": {
            "bypass_actors": [
              {
                "actor_id": 0,
                "actor_type": "OrganizationAdmin",
                "bypass_mode": "always"
              }
            ],
            "conditions": [
              {
                "ref_name": [
                  {
                    "exclude": [],
                    "include": [
                      "refs/heads/??.x"
                    ]
                  }
                ]
              }
            ],
            "enforcement": "active",
            "etag": "W/\"38353f8661f3117bbeefb45764d04d166d8ee90938159f72c142b926965bbcf9\"",
            "id": "11086774",
            "name": "Protect Against Force Pushes and Deletion",
            "node_id": "RRS_lACqUmVwb3NpdG9yec4SInHFzgCpK7Y",
            "repository": "valkyrja-php",
            "rules": [
              {
                "branch_name_pattern": [],
                "commit_author_email_pattern": [],
                "commit_message_pattern": [],
                "committer_email_pattern": [],
                "copilot_code_review": [],
                "creation": false,
                "deletion": true,
                "file_extension_restriction": [],
                "file_path_restriction": [],
                "max_file_path_length": [],
                "max_file_size": [],
                "merge_queue": [],
                "non_fast_forward": true,
                "pull_request": [],
                "required_code_scanning": [],
                "required_deployments": [],
                "required_linear_history": false,
                "required_signatures": false,
                "required_status_checks": [],
                "tag_name_pattern": [],
                "update": false,
                "update_allows_fetch_and_merge": false
              }
            ],
            "ruleset_id": 11086774,
            "target": "branch"
          },
          "sensitive_attributes": [],
          "private": "eyJzY2hlbWFfdmVyc2lvbiI6IjEifQ==",
          "dependencies": [
            "module.repo.github_repository.this"
          ]
        }
      ]
    },
    {
      "module": "module.repo[\"valkyrja-php\"]",
      "mode": "managed",
      "type": "github_repository_ruleset",
      "name": "protect_master",
      "provider": "provider[\"registry.opentofu.org/integrations/github\"]",
      "instances": [
        {
          "schema_version": 1,
          "attributes": {
            "bypass_actors": [],
            "conditions": [
              {
                "ref_name": [
                  {
                    "exclude": [],
                    "include": [
                      "refs/heads/master"
                    ]
                  }
                ]
              }
            ],
            "enforcement": "active",
            "etag": "W/\"6f121c1a8753718273b2a4d8e460f493d3aff2c231ce085c3e9e915a46c0ee04\"",
            "id": "11216738",
            "name": "Protect Master At All Times",
            "node_id": "RRS_lACqUmVwb3NpdG9yec4SInHFzgCrJ2I",
            "repository": "valkyrja-php",
            "rules": [
              {
                "branch_name_pattern": [],
                "commit_author_email_pattern": [],
                "commit_message_pattern": [],
                "committer_email_pattern": [],
                "copilot_code_review": [],
                "creation": false,
                "deletion": true,
                "file_extension_restriction": [],
                "file_path_restriction": [],
                "max_file_path_length": [],
                "max_file_size": [],
                "merge_queue": [],
                "non_fast_forward": true,
                "pull_request": [],
                "required_code_scanning": [],
                "required_deployments": [],
                "required_linear_history": false,
                "required_signatures": false,
                "required_status_checks": [],
                "tag_name_pattern": [],
                "update": false,
                "update_allows_fetch_and_merge": false
              }
            ],
            "ruleset_id": 11216738,
            "target": "branch"
          },
          "sensitive_attributes": [],
          "private": "eyJzY2hlbWFfdmVyc2lvbiI6IjEifQ==",
          "dependencies": [
            "module.repo.github_repository.this"
          ]
        }
      ]
    },
    {
      "module": "module.repo[\"valkyrja-php\"]",
      "mode": "managed",
      "type": "github_repository_ruleset",
      "name": "protect_release_tags",
      "provider": "provider[\"registry.opentofu.org/integrations/github\"]",
      "instances": [
        {
          "schema_version": 1,
          "attributes": {
            "bypass_actors": [
              {
                "actor_id": 0,
                "actor_type": "OrganizationAdmin",
                "bypass_mode": "always"
              }
            ],
            "conditions": [
              {
                "ref_name": [
                  {
                    "exclude": [],
                    "include": [
                      "refs/tags/*.*.*"
                    ]
                  }
                ]
              }
            ],
            "enforcement": "active",
            "etag": "W/\"a5376362414acdb5c5a82e350006b2174fd91358f4bcd4db4210f9dea2d48284\"",
            "id": "15200844",
            "name": "Protect Release Tags",
            "node_id": "RRS_lACqUmVwb3NpdG9yec4SInHFzgDn8kw",
            "repository": "valkyrja-php",
            "rules": [
              {
                "branch_name_pattern": [],
                "commit_author_email_pattern": [],
                "commit_message_pattern": [],
                "committer_email_pattern": [],
                "copilot_code_review": [],
                "creation": false,
                "deletion": true,
                "file_extension_restriction": [],
                "file_path_restriction": [],
                "max_file_path_length": [],
                "max_file_size": [],
                "merge_queue": [],
                "non_fast_forward": true,
                "pull_request": [],
                "required_code_scanning": [],
                "required_deployments": [],
                "required_linear_history": false,
                "required_signatures": false,
                "required_status_checks": [],
                "tag_name_pattern": [],
                "update": false,
                "update_allows_fetch_and_merge": false
              }
            ],
            "ruleset_id": 15200844,
            "target": "tag"
          },
          "sensitive_attributes": [],
          "private": "eyJzY2hlbWFfdmVyc2lvbiI6IjEifQ==",
          "dependencies": [
            "module.repo.github_repository.this"
          ]
        }
      ]
    },
    {
      "module": "module.repo[\"valkyrja-php\"]",
      "mode": "managed",
      "type": "github_repository_ruleset",
      "name": "require_pull_request",
      "provider": "provider[\"registry.opentofu.org/integrations/github\"]",
      "instances": [
        {
          "schema_version": 1,
          "attributes": {
            "bypass_actors": [
              {
                "actor_id": 0,
                "actor_type": "OrganizationAdmin",
                "bypass_mode": "always"
              },
              {
                "actor_id": 2462900,
                "actor_type": "Integration",
                "bypass_mode": "always"
              }
            ],
            "conditions": [
              {
                "ref_name": [
                  {
                    "exclude": [],
                    "include": [
                      "~DEFAULT_BRANCH",
                      "refs/heads/??.x",
                      "refs/heads/master"
                    ]
                  }
                ]
              }
            ],
            "enforcement": "active",
            "etag": "W/\"5e2866b641d02c330a3dba6b7f1616ab7156fc66a1dfe81d439ce6bd60d88c71\"",
            "id": "11090433",
            "name": "Require Pull Request",
            "node_id": "RRS_lACqUmVwb3NpdG9yec4SInHFzgCpOgE",
            "repository": "valkyrja-php",
            "rules": [
              {
                "branch_name_pattern": [],
                "commit_author_email_pattern": [],
                "commit_message_pattern": [],
                "committer_email_pattern": [],
                "copilot_code_review": [],
                "creation": false,
                "deletion": false,
                "file_extension_restriction": [],
                "file_path_restriction": [],
                "max_file_path_length": [],
                "max_file_size": [],
                "merge_queue": [],
                "non_fast_forward": false,
                "pull_request": [
                  {
                    "allowed_merge_methods": [
                      "squash"
                    ],
                    "dismiss_stale_reviews_on_push": false,
                    "require_code_owner_review": true,
                    "require_last_push_approval": false,
                    "required_approving_review_count": 0,
                    "required_review_thread_resolution": false,
                    "required_reviewers": []
                  }
                ],
                "required_code_scanning": [],
                "required_deployments": [],
                "required_linear_history": false,
                "required_signatures": false,
                "required_status_checks": [],
                "tag_name_pattern": [],
                "update": false,
                "update_allows_fetch_and_merge": false
              }
            ],
            "ruleset_id": 11090433,
            "target": "branch"
          },
          "sensitive_attributes": [],
          "private": "eyJzY2hlbWFfdmVyc2lvbiI6IjEifQ==",
          "dependencies": [
            "github_team.approvers",
            "module.repo.github_repository.this"
          ]
        }
      ]
    },
    {
      "module": "module.repo[\"valkyrja-php\"]",
      "mode": "managed",
      "type": "github_repository_ruleset",
      "name": "required_default_checks",
      "provider": "provider[\"registry.opentofu.org/integrations/github\"]",
      "instances": [
        {
          "schema_version": 1,
          "attributes": {
            "bypass_actors": [
              {
                "actor_id": 0,
                "actor_type": "OrganizationAdmin",
                "bypass_mode": "always"
              },
              {
                "actor_id": 2462900,
                "actor_type": "Integration",
                "bypass_mode": "always"
              }
            ],
            "conditions": [
              {
                "ref_name": [
                  {
                    "exclude": [],
                    "include": [
                      "~DEFAULT_BRANCH",
                      "refs/heads/??.x"
                    ]
                  }
                ]
              }
            ],
            "enforcement": "active",
            "etag": "W/\"02e4450e552773900b516b1bd0e2306bcc85e30be63166a9597d3ba42b8ee4b2\"",
            "id": "15274009",
            "name": "Required Default PR Checks",
            "node_id": "RRS_lACqUmVwb3NpdG9yec4SInHFzgDpEBk",
            "repository": "valkyrja-php",
            "rules": [
              {
                "branch_name_pattern": [],
                "commit_author_email_pattern": [],
                "commit_message_pattern": [],
                "committer_email_pattern": [],
                "copilot_code_review": [],
                "creation": false,
                "deletion": false,
                "file_extension_restriction": [],
                "file_path_restriction": [],
                "max_file_path_length": [],
                "max_file_size": [],
                "merge_queue": [],
                "non_fast_forward": false,
                "pull_request": [],
                "required_code_scanning": [],
                "required_deployments": [],
                "required_linear_history": false,
                "required_signatures": false,
                "required_status_checks": [
                  {
                    "do_not_enforce_on_create": false,
                    "required_check": [
                      {
                        "context": "Commit Message Check / Check Commit Message",
                        "integration_id": 15368
                      },
                      {
                        "context": "Copyright Header Check / Check Copyright Header",
                        "integration_id": 15368
                      },
                      {
                        "context": "Markdown Check / Check Markdown",
                        "integration_id": 15368
                      },
                      {
                        "context": "Trailing Newline Check / Check Trailing Newline",
                        "integration_id": 15368
                      }
                    ],
                    "strict_required_status_checks_policy": false
                  }
                ],
                "tag_name_pattern": [],
                "update": false,
                "update_allows_fetch_and_merge": false
              }
            ],
            "ruleset_id": 15274009,
            "target": "branch"
          },
          "sensitive_attributes": [],
          "private": "eyJzY2hlbWFfdmVyc2lvbiI6IjEifQ==",
          "dependencies": [
            "module.repo.github_repository.this"
          ]
        }
      ]
    },
    {
      "module": "module.repo[\"valkyrja-php\"]",
      "mode": "managed",
      "type": "github_repository_ruleset",
      "name": "required_language_checks",
      "provider": "provider[\"registry.opentofu.org/integrations/github\"]",
      "instances": [
        {
          "index_key": 0,
          "schema_version": 1,
          "attributes": {
            "bypass_actors": [
              {
                "actor_id": 0,
                "actor_type": "OrganizationAdmin",
                "bypass_mode": "always"
              },
              {
                "actor_id": 2462900,
                "actor_type": "Integration",
                "bypass_mode": "always"
              }
            ],
            "conditions": [
              {
                "ref_name": [
                  {
                    "exclude": [],
                    "include": [
                      "~DEFAULT_BRANCH",
                      "refs/heads/??.x"
                    ]
                  }
                ]
              }
            ],
            "enforcement": "active",
            "etag": "W/\"1d43b6b6a1dbf5527dbc6bf89afd255f11ee1c90b8578992389170dc24bcb25e\"",
            "id": "15274010",
            "name": "Required PHP PR Checks",
            "node_id": "RRS_lACqUmVwb3NpdG9yec4SInHFzgDpEBo",
            "repository": "valkyrja-php",
            "rules": [
              {
                "branch_name_pattern": [],
                "commit_author_email_pattern": [],
                "commit_message_pattern": [],
                "committer_email_pattern": [],
                "copilot_code_review": [],
                "creation": false,
                "deletion": false,
                "file_extension_restriction": [],
                "file_path_restriction": [],
                "max_file_path_length": [],
                "max_file_size": [],
                "merge_queue": [],
                "non_fast_forward": false,
                "pull_request": [],
                "required_code_scanning": [],
                "required_deployments": [],
                "required_linear_history": false,
                "required_signatures": false,
                "required_status_checks": [
                  {
                    "do_not_enforce_on_create": false,
                    "required_check": [
                      {
                        "context": "Tools / PHP CS Fixer / PHP 8.4",
                        "integration_id": 15368
                      },
                      {
                        "context": "Tools / PHP Code Sniffer / PHP 8.4",
                        "integration_id": 15368
                      },
                      {
                        "context": "Tools / PHPArkitect / PHP 8.4",
                        "integration_id": 15368
                      },
                      {
                        "context": "Tools / PHPStan / PHP 8.4",
                        "integration_id": 15368
                      },
                      {
                        "context": "Tools / PHPUnit / PHP 8.4",
                        "integration_id": 15368
                      },
                      {
                        "context": "Tools / PHPUnit / PHP 8.5",
                        "integration_id": 15368
                      },
                      {
                        "context": "Tools / PHPUnit / PHP 8.6",
                        "integration_id": 15368
                      },
                      {
                        "context": "Tools / Psalm / PHP 8.4",
                        "integration_id": 15368
                      },
                      {
                        "context": "Tools / Rector / PHP 8.4",
                        "integration_id": 15368
                      }
                    ],
                    "strict_required_status_checks_policy": false
                  }
                ],
                "tag_name_pattern": [],
                "update": false,
                "update_allows_fetch_and_merge": false
              }
            ],
            "ruleset_id": 15274010,
            "target": "branch"
          },
          "sensitive_attributes": [],
          "private": "eyJzY2hlbWFfdmVyc2lvbiI6IjEifQ==",
          "dependencies": [
            "module.repo.github_repository.this"
          ]
        }
      ]
    },
    {
      "module": "module.repo[\"valkyrja-php\"]",
      "mode": "managed",
      "type": "github_repository_ruleset",
      "name": "restrict_unsupported_branches",
      "provider": "provider[\"registry.opentofu.org/integrations/github\"]",
      "instances": [
        {
          "schema_version": 1,
          "attributes": {
            "bypass_actors": [
              {
                "actor_id": 2462900,
                "actor_type": "Integration",
                "bypass_mode": "always"
              }
            ],
            "conditions": [
              {
                "ref_name": [
                  {
                    "exclude": [],
                    "include": [
                      "refs/heads/??.x-backup",
                      "refs/heads/master-backup"
                    ]
                  }
                ]
              }
            ],
            "enforcement": "active",
            "etag": "W/\"9a1c604160945c460dae63afac4fd64b4f2a73d0c7a789056cba3541d3798cb7\"",
            "id": "11112960",
            "name": "Restrict Changes to Unsupported Branches",
            "node_id": "RRS_lACqUmVwb3NpdG9yec4SInHFzgCpkgA",
            "repository": "valkyrja-php",
            "rules": [
              {
                "branch_name_pattern": [],
                "commit_author_email_pattern": [],
                "commit_message_pattern": [],
                "committer_email_pattern": [],
                "copilot_code_review": [],
                "creation": true,
                "deletion": true,
                "file_extension_restriction": [],
                "file_path_restriction": [],
                "max_file_path_length": [],
                "max_file_size": [],
                "merge_queue": [],
                "non_fast_forward": true,
                "pull_request": [],
                "required_code_scanning": [],
                "required_deployments": [],
                "required_linear_history": false,
                "required_signatures": false,
                "required_status_checks": [],
                "tag_name_pattern": [],
                "update": true,
                "update_allows_fetch_and_merge": false
              }
            ],
            "ruleset_id": 11112960,
            "target": "branch"
          },
          "sensitive_attributes": [],
          "private": "eyJzY2hlbWFfdmVyc2lvbiI6IjEifQ==",
          "dependencies": [
            "module.repo.github_repository.this"
          ]
        }
      ]
    },
    {
      "module": "module.repo[\"valkyrja-php\"]",
      "mode": "managed",
      "type": "github_repository_vulnerability_alerts",
      "name": "this",
      "provider": "provider[\"registry.opentofu.org/integrations/github\"]",
      "instances": [
        {
          "schema_version": 0,
          "attributes": {
            "enabled": true,
            "id": "304247237",
            "repository": "valkyrja-php",
            "repository_id": 304247237
          },
          "sensitive_attributes": [],
          "private": "eyJzY2hlbWFfdmVyc2lvbiI6IjAifQ==",
          "dependencies": [
            "module.repo.github_repository.this"
          ]
        }
      ]
    },
    {
      "module": "module.repo[\"valkyrja-php\"]",
      "mode": "managed",
      "type": "github_team_repository",
      "name": "approvers",
      "provider": "provider[\"registry.opentofu.org/integrations/github\"]",
      "instances": [
        {
          "index_key": 0,
          "schema_version": 0,
          "attributes": {
            "etag": "W/\"31b2cdde3944fc59788be8796bf0f58008d73cda8b288dcc9b5d9d472cc301e1\"",
            "id": "18867552:valkyrja-php",
            "permission": "push",
            "repository": "valkyrja-php",
            "team_id": "approvers"
          },
          "sensitive_attributes": [],
          "private": "bnVsbA==",
          "dependencies": [
            "module.repo.github_repository.this"
          ]
        }
      ]
    },
    {
      "module": "module.repo[\"valkyrja-python\"]",
      "mode": "managed",
      "type": "github_issue_label",
      "name": "claude_review",
      "provider": "provider[\"registry.opentofu.org/integrations/github\"]",
      "instances": [
        {
          "schema_version": 0,
          "attributes": {
            "color": "5319e7",
            "description": "Ask Claude to review this pull request",
            "etag": "W/\"7b07879c5126e2083f7be0264a98ff6284a4ee84debd0a42d0424e4e798009ca\"",
            "id": "valkyrja-python:claude-review",
            "name": "claude-review",
            "repository": "valkyrja-python",
            "url": "https://api.github.com/repos/valkyrjaio/valkyrja-python/labels/claude-review"
          },
          "sensitive_attributes": [],
          "private": "eyJzY2hlbWFfdmVyc2lvbiI6IjAifQ==",
          "dependencies": [
            "module.repo.github_repository.this"
          ]
        }
      ]
    },
    {
      "module": "module.repo[\"valkyrja-python\"]",
      "mode": "managed",
      "type": "github_repository",
      "name": "this",
      "provider": "provider[\"registry.opentofu.org/integrations/github\"]",
      "instances": [
        {
          "schema_version": 1,
          "attributes": {
            "allow_auto_merge": false,
            "allow_forking": true,
            "allow_merge_commit": false,
            "allow_rebase_merge": false,
            "allow_squash_merge": true,
            "allow_update_branch": false,
            "archive_on_destroy": null,
            "archived": false,
            "auto_init": false,
            "default_branch": "26.x",
            "delete_branch_on_merge": true,
            "description": "Valkyrja is a fast, light, and robust Python framework for web and console applications",
            "etag": "W/\"75c34577fbae2841e0f63bd28fdc245131e7108d96e202609f051470eca3ce9a\"",
            "fork": "false",
            "full_name": "valkyrjaio/valkyrja-python",
            "git_clone_url": "git://github.com/valkyrjaio/valkyrja-python.git",
            "gitignore_template": null,
            "has_discussions": false,
            "has_downloads": false,
            "has_issues": true,
            "has_projects": false,
            "has_wiki": false,
            "homepage_url": "",
            "html_url": "https://github.com/valkyrjaio/valkyrja-python",
            "http_clone_url": "https://github.com/valkyrjaio/valkyrja-python.git",
            "id": "valkyrja-python",
            "ignore_vulnerability_alerts_during_read": null,
            "is_template": false,
            "license_template": null,
            "merge_commit_message": "PR_TITLE",
            "merge_commit_title": "MERGE_MESSAGE",
            "name": "valkyrja-python",
            "node_id": "R_kgDOTsGuPw",
            "pages": [],
            "primary_language": "Python",
            "private": false,
            "repo_id": 1321315903,
            "security_and_analysis": [
              {
                "advanced_security": [],
                "code_security": [],
                "secret_scanning": [
                  {
                    "status": "disabled"
                  }
                ],
                "secret_scanning_ai_detection": [],
                "secret_scanning_non_provider_patterns": [],
                "secret_scanning_push_protection": [
                  {
                    "status": "disabled"
                  }
                ]
              }
            ],
            "source_owner": "",
            "source_repo": "",
            "squash_merge_commit_message": "PR_BODY",
            "squash_merge_commit_title": "PR_TITLE",
            "ssh_clone_url": "git@github.com:valkyrjaio/valkyrja-python.git",
            "svn_url": "https://github.com/valkyrjaio/valkyrja-python",
            "template": [
              {
                "include_all_branches": false,
                "owner": "valkyrjaio",
                "repository": "project-template-python"
              }
            ],
            "topics": [],
            "visibility": "public",
            "vulnerability_alerts": true,
            "web_commit_signoff_required": false
          },
          "sensitive_attributes": [],
          "private": "eyJzY2hlbWFfdmVyc2lvbiI6IjEifQ=="
        }
      ]
    },
    {
      "module": "module.repo[\"valkyrja-python\"]",
      "mode": "managed",
      "type": "github_repository_ruleset",
      "name": "force_push_protection",
      "provider": "provider[\"registry.opentofu.org/integrations/github\"]",
      "instances": [
        {
          "schema_version": 1,
          "attributes": {
            "bypass_actors": [
              {
                "actor_id": 0,
                "actor_type": "OrganizationAdmin",
                "bypass_mode": "always"
              }
            ],
            "conditions": [
              {
                "ref_name": [
                  {
                    "exclude": [],
                    "include": [
                      "refs/heads/??.x"
                    ]
                  }
                ]
              }
            ],
            "enforcement": "active",
            "etag": "W/\"6cdafadaf42c8c88c0e738b4bf136ce37ab7b81c56105525b49bd01551f67b1a\"",
            "id": "20275230",
            "name": "Protect Against Force Pushes and Deletion",
            "node_id": "RRS_lACqUmVwb3NpdG9yec5Owa4_zgE1YB4",
            "repository": "valkyrja-python",
            "rules": [
              {
                "branch_name_pattern": [],
                "commit_author_email_pattern": [],
                "commit_message_pattern": [],
                "committer_email_pattern": [],
                "copilot_code_review": [],
                "creation": false,
                "deletion": true,
                "file_extension_restriction": [],
                "file_path_restriction": [],
                "max_file_path_length": [],
                "max_file_size": [],
                "merge_queue": [],
                "non_fast_forward": true,
                "pull_request": [],
                "required_code_scanning": [],
                "required_deployments": [],
                "required_linear_history": false,
                "required_signatures": false,
                "required_status_checks": [],
                "tag_name_pattern": [],
                "update": false,
                "update_allows_fetch_and_merge": false
              }
            ],
            "ruleset_id": 20275230,
            "target": "branch"
          },
          "sensitive_attributes": [],
          "private": "eyJzY2hlbWFfdmVyc2lvbiI6IjEifQ==",
          "dependencies": [
            "module.repo.github_repository.this"
          ]
        }
      ]
    },
    {
      "module": "module.repo[\"valkyrja-python\"]",
      "mode": "managed",
      "type": "github_repository_ruleset",
      "name": "protect_master",
      "provider": "provider[\"registry.opentofu.org/integrations/github\"]",
      "instances": [
        {
          "schema_version": 1,
          "attributes": {
            "bypass_actors": [],
            "conditions": [
              {
                "ref_name": [
                  {
                    "exclude": [],
                    "include": [
                      "refs/heads/master"
                    ]
                  }
                ]
              }
            ],
            "enforcement": "active",
            "etag": "W/\"3ae3ba4f14eadf1c52c6f164e1694305a814c524fc2218794c0bbbffd69f3a39\"",
            "id": "20275232",
            "name": "Protect Master At All Times",
            "node_id": "RRS_lACqUmVwb3NpdG9yec5Owa4_zgE1YCA",
            "repository": "valkyrja-python",
            "rules": [
              {
                "branch_name_pattern": [],
                "commit_author_email_pattern": [],
                "commit_message_pattern": [],
                "committer_email_pattern": [],
                "copilot_code_review": [],
                "creation": false,
                "deletion": true,
                "file_extension_restriction": [],
                "file_path_restriction": [],
                "max_file_path_length": [],
                "max_file_size": [],
                "merge_queue": [],
                "non_fast_forward": true,
                "pull_request": [],
                "required_code_scanning": [],
                "required_deployments": [],
                "required_linear_history": false,
                "required_signatures": false,
                "required_status_checks": [],
                "tag_name_pattern": [],
                "update": false,
                "update_allows_fetch_and_merge": false
              }
            ],
            "ruleset_id": 20275232,
            "target": "branch"
          },
          "sensitive_attributes": [],
          "private": "eyJzY2hlbWFfdmVyc2lvbiI6IjEifQ==",
          "dependencies": [
            "module.repo.github_repository.this"
          ]
        }
      ]
    },
    {
      "module": "module.repo[\"valkyrja-python\"]",
      "mode": "managed",
      "type": "github_repository_ruleset",
      "name": "protect_release_tags",
      "provider": "provider[\"registry.opentofu.org/integrations/github\"]",
      "instances": [
        {
          "schema_version": 1,
          "attributes": {
            "bypass_actors": [
              {
                "actor_id": 0,
                "actor_type": "OrganizationAdmin",
                "bypass_mode": "always"
              }
            ],
            "conditions": [
              {
                "ref_name": [
                  {
                    "exclude": [],
                    "include": [
                      "refs/tags/*.*.*"
                    ]
                  }
                ]
              }
            ],
            "enforcement": "active",
            "etag": "W/\"d660116ea6b4869c29eb9420804dff15379e9dbc734fae28ac536bc62f8c337d\"",
            "id": "20275234",
            "name": "Protect Release Tags",
            "node_id": "RRS_lACqUmVwb3NpdG9yec5Owa4_zgE1YCI",
            "repository": "valkyrja-python",
            "rules": [
              {
                "branch_name_pattern": [],
                "commit_author_email_pattern": [],
                "commit_message_pattern": [],
                "committer_email_pattern": [],
                "copilot_code_review": [],
                "creation": false,
                "deletion": true,
                "file_extension_restriction": [],
                "file_path_restriction": [],
                "max_file_path_length": [],
                "max_file_size": [],
                "merge_queue": [],
                "non_fast_forward": true,
                "pull_request": [],
                "required_code_scanning": [],
                "required_deployments": [],
                "required_linear_history": false,
                "required_signatures": false,
                "required_status_checks": [],
                "tag_name_pattern": [],
                "update": false,
                "update_allows_fetch_and_merge": false
              }
            ],
            "ruleset_id": 20275234,
            "target": "tag"
          },
          "sensitive_attributes": [],
          "private": "eyJzY2hlbWFfdmVyc2lvbiI6IjEifQ==",
          "dependencies": [
            "module.repo.github_repository.this"
          ]
        }
      ]
    },
    {
      "module": "module.repo[\"valkyrja-python\"]",
      "mode": "managed",
      "type": "github_repository_ruleset",
      "name": "require_pull_request",
      "provider": "provider[\"registry.opentofu.org/integrations/github\"]",
      "instances": [
        {
          "schema_version": 1,
          "attributes": {
            "bypass_actors": [
              {
                "actor_id": 0,
                "actor_type": "OrganizationAdmin",
                "bypass_mode": "always"
              },
              {
                "actor_id": 2462900,
                "actor_type": "Integration",
                "bypass_mode": "always"
              }
            ],
            "conditions": [
              {
                "ref_name": [
                  {
                    "exclude": [],
                    "include": [
                      "~DEFAULT_BRANCH",
                      "refs/heads/??.x",
                      "refs/heads/master"
                    ]
                  }
                ]
              }
            ],
            "enforcement": "active",
            "etag": "W/\"b314d58e5ed18caa6f4fc01c6f7edc5e4e4121a5b12f8d982f2565aa8318caba\"",
            "id": "20275236",
            "name": "Require Pull Request",
            "node_id": "RRS_lACqUmVwb3NpdG9yec5Owa4_zgE1YCQ",
            "repository": "valkyrja-python",
            "rules": [
              {
                "branch_name_pattern": [],
                "commit_author_email_pattern": [],
                "commit_message_pattern": [],
                "committer_email_pattern": [],
                "copilot_code_review": [],
                "creation": false,
                "deletion": false,
                "file_extension_restriction": [],
                "file_path_restriction": [],
                "max_file_path_length": [],
                "max_file_size": [],
                "merge_queue": [],
                "non_fast_forward": false,
                "pull_request": [
                  {
                    "allowed_merge_methods": [
                      "squash"
                    ],
                    "dismiss_stale_reviews_on_push": false,
                    "require_code_owner_review": true,
                    "require_last_push_approval": false,
                    "required_approving_review_count": 0,
                    "required_review_thread_resolution": false,
                    "required_reviewers": []
                  }
                ],
                "required_code_scanning": [],
                "required_deployments": [],
                "required_linear_history": false,
                "required_signatures": false,
                "required_status_checks": [],
                "tag_name_pattern": [],
                "update": false,
                "update_allows_fetch_and_merge": false
              }
            ],
            "ruleset_id": 20275236,
            "target": "branch"
          },
          "sensitive_attributes": [],
          "private": "eyJzY2hlbWFfdmVyc2lvbiI6IjEifQ==",
          "dependencies": [
            "github_team.approvers",
            "module.repo.github_repository.this"
          ]
        }
      ]
    },
    {
      "module": "module.repo[\"valkyrja-python\"]",
      "mode": "managed",
      "type": "github_repository_ruleset",
      "name": "required_default_checks",
      "provider": "provider[\"registry.opentofu.org/integrations/github\"]",
      "instances": [
        {
          "schema_version": 1,
          "attributes": {
            "bypass_actors": [
              {
                "actor_id": 0,
                "actor_type": "OrganizationAdmin",
                "bypass_mode": "always"
              },
              {
                "actor_id": 2462900,
                "actor_type": "Integration",
                "bypass_mode": "always"
              }
            ],
            "conditions": [
              {
                "ref_name": [
                  {
                    "exclude": [],
                    "include": [
                      "~DEFAULT_BRANCH",
                      "refs/heads/??.x"
                    ]
                  }
                ]
              }
            ],
            "enforcement": "active",
            "etag": "W/\"65c791da7b98fc37b79b6d802fc3597c932ec7a536b32aca8ef9090e9ee2fa95\"",
            "id": "20275238",
            "name": "Required Default PR Checks",
            "node_id": "RRS_lACqUmVwb3NpdG9yec5Owa4_zgE1YCY",
            "repository": "valkyrja-python",
            "rules": [
              {
                "branch_name_pattern": [],
                "commit_author_email_pattern": [],
                "commit_message_pattern": [],
                "committer_email_pattern": [],
                "copilot_code_review": [],
                "creation": false,
                "deletion": false,
                "file_extension_restriction": [],
                "file_path_restriction": [],
                "max_file_path_length": [],
                "max_file_size": [],
                "merge_queue": [],
                "non_fast_forward": false,
                "pull_request": [],
                "required_code_scanning": [],
                "required_deployments": [],
                "required_linear_history": false,
                "required_signatures": false,
                "required_status_checks": [
                  {
                    "do_not_enforce_on_create": false,
                    "required_check": [
                      {
                        "context": "Commit Message Check / Check Commit Message",
                        "integration_id": 15368
                      },
                      {
                        "context": "Copyright Header Check / Check Copyright Header",
                        "integration_id": 15368
                      },
                      {
                        "context": "Markdown Check / Check Markdown",
                        "integration_id": 15368
                      },
                      {
                        "context": "Trailing Newline Check / Check Trailing Newline",
                        "integration_id": 15368
                      }
                    ],
                    "strict_required_status_checks_policy": false
                  }
                ],
                "tag_name_pattern": [],
                "update": false,
                "update_allows_fetch_and_merge": false
              }
            ],
            "ruleset_id": 20275238,
            "target": "branch"
          },
          "sensitive_attributes": [],
          "private": "eyJzY2hlbWFfdmVyc2lvbiI6IjEifQ==",
          "dependencies": [
            "module.repo.github_repository.this"
          ]
        }
      ]
    },
    {
      "module": "module.repo[\"valkyrja-python\"]",
      "mode": "managed",
      "type": "github_repository_ruleset",
      "name": "required_language_checks",
      "provider": "provider[\"registry.opentofu.org/integrations/github\"]",
      "instances": [
        {
          "index_key": 0,
          "schema_version": 1,
          "attributes": {
            "bypass_actors": [
              {
                "actor_id": 0,
                "actor_type": "OrganizationAdmin",
                "bypass_mode": "always"
              },
              {
                "actor_id": 2462900,
                "actor_type": "Integration",
                "bypass_mode": "always"
              }
            ],
            "conditions": [
              {
                "ref_name": [
                  {
                    "exclude": [],
                    "include": [
                      "~DEFAULT_BRANCH",
                      "refs/heads/??.x"
                    ]
                  }
                ]
              }
            ],
            "enforcement": "active",
            "etag": "W/\"fc4871ec714b1223d5f46b4363ea3620c2827b1efd6e72109361a3489427515a\"",
            "id": "20275241",
            "name": "Required Python PR Checks",
            "node_id": "RRS_lACqUmVwb3NpdG9yec5Owa4_zgE1YCk",
            "repository": "valkyrja-python",
            "rules": [
              {
                "branch_name_pattern": [],
                "commit_author_email_pattern": [],
                "commit_message_pattern": [],
                "committer_email_pattern": [],
                "copilot_code_review": [],
                "creation": false,
                "deletion": false,
                "file_extension_restriction": [],
                "file_path_restriction": [],
                "max_file_path_length": [],
                "max_file_size": [],
                "merge_queue": [],
                "non_fast_forward": false,
                "pull_request": [],
                "required_code_scanning": [],
                "required_deployments": [],
                "required_linear_history": false,
                "required_signatures": false,
                "required_status_checks": [
                  {
                    "do_not_enforce_on_create": false,
                    "required_check": [
                      {
                        "context": "Tools / Bandit / Bandit",
                        "integration_id": 15368
                      },
                      {
                        "context": "Tools / Ruff / Ruff",
                        "integration_id": 15368
                      },
                      {
                        "context": "Tools / import-linter / import-linter",
                        "integration_id": 15368
                      },
                      {
                        "context": "Tools / mypy / mypy",
                        "integration_id": 15368
                      },
                      {
                        "context": "Tools / pytest / pytest",
                        "integration_id": 15368
                      }
                    ],
                    "strict_required_status_checks_policy": false
                  }
                ],
                "tag_name_pattern": [],
                "update": false,
                "update_allows_fetch_and_merge": false
              }
            ],
            "ruleset_id": 20275241,
            "target": "branch"
          },
          "sensitive_attributes": [],
          "private": "eyJzY2hlbWFfdmVyc2lvbiI6IjEifQ==",
          "dependencies": [
            "module.repo.github_repository.this"
          ]
        }
      ]
    },
    {
      "module": "module.repo[\"valkyrja-python\"]",
      "mode": "managed",
      "type": "github_repository_ruleset",
      "name": "restrict_unsupported_branches",
      "provider": "provider[\"registry.opentofu.org/integrations/github\"]",
      "instances": [
        {
          "schema_version": 1,
          "attributes": {
            "bypass_actors": [
              {
                "actor_id": 2462900,
                "actor_type": "Integration",
                "bypass_mode": "always"
              }
            ],
            "conditions": [
              {
                "ref_name": [
                  {
                    "exclude": [],
                    "include": [
                      "refs/heads/??.x-backup",
                      "refs/heads/master-backup"
                    ]
                  }
                ]
              }
            ],
            "enforcement": "active",
            "etag": "W/\"cd69d53482aee4bad3d35143b00654a23c06718912cd8b3c1b0cbef2e58f9df1\"",
            "id": "20275240",
            "name": "Restrict Changes to Unsupported Branches",
            "node_id": "RRS_lACqUmVwb3NpdG9yec5Owa4_zgE1YCg",
            "repository": "valkyrja-python",
            "rules": [
              {
                "branch_name_pattern": [],
                "commit_author_email_pattern": [],
                "commit_message_pattern": [],
                "committer_email_pattern": [],
                "copilot_code_review": [],
                "creation": true,
                "deletion": true,
                "file_extension_restriction": [],
                "file_path_restriction": [],
                "max_file_path_length": [],
                "max_file_size": [],
                "merge_queue": [],
                "non_fast_forward": true,
                "pull_request": [],
                "required_code_scanning": [],
                "required_deployments": [],
                "required_linear_history": false,
                "required_signatures": false,
                "required_status_checks": [],
                "tag_name_pattern": [],
                "update": true,
                "update_allows_fetch_and_merge": false
              }
            ],
            "ruleset_id": 20275240,
            "target": "branch"
          },
          "sensitive_attributes": [],
          "private": "eyJzY2hlbWFfdmVyc2lvbiI6IjEifQ==",
          "dependencies": [
            "module.repo.github_repository.this"
          ]
        }
      ]
    },
    {
      "module": "module.repo[\"valkyrja-python\"]",
      "mode": "managed",
      "type": "github_repository_vulnerability_alerts",
      "name": "this",
      "provider": "provider[\"registry.opentofu.org/integrations/github\"]",
      "instances": [
        {
          "schema_version": 0,
          "attributes": {
            "enabled": true,
            "id": "1321315903",
            "repository": "valkyrja-python",
            "repository_id": 1321315903
          },
          "sensitive_attributes": [],
          "private": "eyJzY2hlbWFfdmVyc2lvbiI6IjAifQ==",
          "dependencies": [
            "module.repo.github_repository.this"
          ]
        }
      ]
    },
    {
      "module": "module.repo[\"valkyrja-python\"]",
      "mode": "managed",
      "type": "github_team_repository",
      "name": "approvers",
      "provider": "provider[\"registry.opentofu.org/integrations/github\"]",
      "instances": [
        {
          "index_key": 0,
          "schema_version": 0,
          "attributes": {
            "etag": "W/\"18008d59f1ab50a1a8773e38045869eea810bc47d4e8569d11d638408fc6d549\"",
            "id": "18867552:valkyrja-python",
            "permission": "push",
            "repository": "valkyrja-python",
            "team_id": "approvers"
          },
          "sensitive_attributes": [],
          "private": "bnVsbA==",
          "dependencies": [
            "module.repo.github_repository.this"
          ]
        }
      ]
    },
    {
      "module": "module.repo[\"valkyrja-starter-app-go\"]",
      "mode": "managed",
      "type": "github_issue_label",
      "name": "claude_review",
      "provider": "provider[\"registry.opentofu.org/integrations/github\"]",
      "instances": [
        {
          "schema_version": 0,
          "attributes": {
            "color": "5319e7",
            "description": "Ask Claude to review this pull request",
            "etag": "W/\"e456abc0f74415387a48253126e59e3d94059256331102f755d84ea6a1c31b02\"",
            "id": "valkyrja-starter-app-go:claude-review",
            "name": "claude-review",
            "repository": "valkyrja-starter-app-go",
            "url": "https://api.github.com/repos/valkyrjaio/valkyrja-starter-app-go/labels/claude-review"
          },
          "sensitive_attributes": [],
          "private": "eyJzY2hlbWFfdmVyc2lvbiI6IjAifQ==",
          "dependencies": [
            "module.repo.github_repository.this"
          ]
        }
      ]
    },
    {
      "module": "module.repo[\"valkyrja-starter-app-go\"]",
      "mode": "managed",
      "type": "github_repository",
      "name": "this",
      "provider": "provider[\"registry.opentofu.org/integrations/github\"]",
      "instances": [
        {
          "schema_version": 1,
          "attributes": {
            "allow_auto_merge": false,
            "allow_forking": true,
            "allow_merge_commit": false,
            "allow_rebase_merge": false,
            "allow_squash_merge": true,
            "allow_update_branch": false,
            "archive_on_destroy": null,
            "archived": false,
            "auto_init": false,
            "default_branch": "26.x",
            "delete_branch_on_merge": true,
            "description": "Starter application template for building on the Valkyrja Go framework",
            "etag": "W/\"1527f6161c007c6f0c4e04adb653f24c3df2be4ef60abe3b80fe3e1e37333840\"",
            "fork": "false",
            "full_name": "valkyrjaio/valkyrja-starter-app-go",
            "git_clone_url": "git://github.com/valkyrjaio/valkyrja-starter-app-go.git",
            "gitignore_template": null,
            "has_discussions": false,
            "has_downloads": false,
            "has_issues": true,
            "has_projects": false,
            "has_wiki": false,
            "homepage_url": "",
            "html_url": "https://github.com/valkyrjaio/valkyrja-starter-app-go",
            "http_clone_url": "https://github.com/valkyrjaio/valkyrja-starter-app-go.git",
            "id": "valkyrja-starter-app-go",
            "ignore_vulnerability_alerts_during_read": false,
            "is_template": true,
            "license_template": null,
            "merge_commit_message": "PR_TITLE",
            "merge_commit_title": "MERGE_MESSAGE",
            "name": "valkyrja-starter-app-go",
            "node_id": "R_kgDOTsJLhA",
            "pages": [],
            "primary_language": "Makefile",
            "private": false,
            "repo_id": 1321356164,
            "security_and_analysis": [
              {
                "advanced_security": [],
                "code_security": [],
                "secret_scanning": [
                  {
                    "status": "disabled"
                  }
                ],
                "secret_scanning_ai_detection": [],
                "secret_scanning_non_provider_patterns": [],
                "secret_scanning_push_protection": [
                  {
                    "status": "disabled"
                  }
                ]
              }
            ],
            "source_owner": "",
            "source_repo": "",
            "squash_merge_commit_message": "PR_BODY",
            "squash_merge_commit_title": "PR_TITLE",
            "ssh_clone_url": "git@github.com:valkyrjaio/valkyrja-starter-app-go.git",
            "svn_url": "https://github.com/valkyrjaio/valkyrja-starter-app-go",
            "template": [
              {
                "include_all_branches": false,
                "owner": "valkyrjaio",
                "repository": "project-template-go"
              }
            ],
            "topics": [],
            "visibility": "public",
            "vulnerability_alerts": true,
            "web_commit_signoff_required": false
          },
          "sensitive_attributes": [],
          "private": "eyJzY2hlbWFfdmVyc2lvbiI6IjEifQ=="
        }
      ]
    },
    {
      "module": "module.repo[\"valkyrja-starter-app-go\"]",
      "mode": "managed",
      "type": "github_repository_ruleset",
      "name": "force_push_protection",
      "provider": "provider[\"registry.opentofu.org/integrations/github\"]",
      "instances": [
        {
          "schema_version": 1,
          "attributes": {
            "bypass_actors": [
              {
                "actor_id": 0,
                "actor_type": "OrganizationAdmin",
                "bypass_mode": "always"
              }
            ],
            "conditions": [
              {
                "ref_name": [
                  {
                    "exclude": [],
                    "include": [
                      "refs/heads/??.x"
                    ]
                  }
                ]
              }
            ],
            "enforcement": "active",
            "etag": "W/\"3fd47b3506d558a95369e6e864bf022f9fbcb1c238685c0b637ece4a614351c7\"",
            "id": "20276843",
            "name": "Protect Against Force Pushes and Deletion",
            "node_id": "RRS_lACqUmVwb3NpdG9yec5OwkuEzgE1Zms",
            "repository": "valkyrja-starter-app-go",
            "rules": [
              {
                "branch_name_pattern": [],
                "commit_author_email_pattern": [],
                "commit_message_pattern": [],
                "committer_email_pattern": [],
                "copilot_code_review": [],
                "creation": false,
                "deletion": true,
                "file_extension_restriction": [],
                "file_path_restriction": [],
                "max_file_path_length": [],
                "max_file_size": [],
                "merge_queue": [],
                "non_fast_forward": true,
                "pull_request": [],
                "required_code_scanning": [],
                "required_deployments": [],
                "required_linear_history": false,
                "required_signatures": false,
                "required_status_checks": [],
                "tag_name_pattern": [],
                "update": false,
                "update_allows_fetch_and_merge": false
              }
            ],
            "ruleset_id": 20276843,
            "target": "branch"
          },
          "sensitive_attributes": [],
          "private": "eyJzY2hlbWFfdmVyc2lvbiI6IjEifQ==",
          "dependencies": [
            "module.repo.github_repository.this"
          ]
        }
      ]
    },
    {
      "module": "module.repo[\"valkyrja-starter-app-go\"]",
      "mode": "managed",
      "type": "github_repository_ruleset",
      "name": "protect_master",
      "provider": "provider[\"registry.opentofu.org/integrations/github\"]",
      "instances": [
        {
          "schema_version": 1,
          "attributes": {
            "bypass_actors": [],
            "conditions": [
              {
                "ref_name": [
                  {
                    "exclude": [],
                    "include": [
                      "refs/heads/master"
                    ]
                  }
                ]
              }
            ],
            "enforcement": "active",
            "etag": "W/\"29d6b7d858b03d7b4caa32c799e82551625dc1d1fe87857b7ebc95783b0cb14c\"",
            "id": "20276844",
            "name": "Protect Master At All Times",
            "node_id": "RRS_lACqUmVwb3NpdG9yec5OwkuEzgE1Zmw",
            "repository": "valkyrja-starter-app-go",
            "rules": [
              {
                "branch_name_pattern": [],
                "commit_author_email_pattern": [],
                "commit_message_pattern": [],
                "committer_email_pattern": [],
                "copilot_code_review": [],
                "creation": false,
                "deletion": true,
                "file_extension_restriction": [],
                "file_path_restriction": [],
                "max_file_path_length": [],
                "max_file_size": [],
                "merge_queue": [],
                "non_fast_forward": true,
                "pull_request": [],
                "required_code_scanning": [],
                "required_deployments": [],
                "required_linear_history": false,
                "required_signatures": false,
                "required_status_checks": [],
                "tag_name_pattern": [],
                "update": false,
                "update_allows_fetch_and_merge": false
              }
            ],
            "ruleset_id": 20276844,
            "target": "branch"
          },
          "sensitive_attributes": [],
          "private": "eyJzY2hlbWFfdmVyc2lvbiI6IjEifQ==",
          "dependencies": [
            "module.repo.github_repository.this"
          ]
        }
      ]
    },
    {
      "module": "module.repo[\"valkyrja-starter-app-go\"]",
      "mode": "managed",
      "type": "github_repository_ruleset",
      "name": "protect_release_tags",
      "provider": "provider[\"registry.opentofu.org/integrations/github\"]",
      "instances": [
        {
          "schema_version": 1,
          "attributes": {
            "bypass_actors": [
              {
                "actor_id": 0,
                "actor_type": "OrganizationAdmin",
                "bypass_mode": "always"
              }
            ],
            "conditions": [
              {
                "ref_name": [
                  {
                    "exclude": [],
                    "include": [
                      "refs/tags/*.*.*"
                    ]
                  }
                ]
              }
            ],
            "enforcement": "active",
            "etag": "W/\"0989dc622411c936af10e8737a8e4f5d91ea8736e56238a912b34b483220fd3c\"",
            "id": "20276846",
            "name": "Protect Release Tags",
            "node_id": "RRS_lACqUmVwb3NpdG9yec5OwkuEzgE1Zm4",
            "repository": "valkyrja-starter-app-go",
            "rules": [
              {
                "branch_name_pattern": [],
                "commit_author_email_pattern": [],
                "commit_message_pattern": [],
                "committer_email_pattern": [],
                "copilot_code_review": [],
                "creation": false,
                "deletion": true,
                "file_extension_restriction": [],
                "file_path_restriction": [],
                "max_file_path_length": [],
                "max_file_size": [],
                "merge_queue": [],
                "non_fast_forward": true,
                "pull_request": [],
                "required_code_scanning": [],
                "required_deployments": [],
                "required_linear_history": false,
                "required_signatures": false,
                "required_status_checks": [],
                "tag_name_pattern": [],
                "update": false,
                "update_allows_fetch_and_merge": false
              }
            ],
            "ruleset_id": 20276846,
            "target": "tag"
          },
          "sensitive_attributes": [],
          "private": "eyJzY2hlbWFfdmVyc2lvbiI6IjEifQ==",
          "dependencies": [
            "module.repo.github_repository.this"
          ]
        }
      ]
    },
    {
      "module": "module.repo[\"valkyrja-starter-app-go\"]",
      "mode": "managed",
      "type": "github_repository_ruleset",
      "name": "require_pull_request",
      "provider": "provider[\"registry.opentofu.org/integrations/github\"]",
      "instances": [
        {
          "schema_version": 1,
          "attributes": {
            "bypass_actors": [
              {
                "actor_id": 0,
                "actor_type": "OrganizationAdmin",
                "bypass_mode": "always"
              },
              {
                "actor_id": 2462900,
                "actor_type": "Integration",
                "bypass_mode": "always"
              }
            ],
            "conditions": [
              {
                "ref_name": [
                  {
                    "exclude": [],
                    "include": [
                      "~DEFAULT_BRANCH",
                      "refs/heads/??.x",
                      "refs/heads/master"
                    ]
                  }
                ]
              }
            ],
            "enforcement": "active",
            "etag": "W/\"80aaaa31a50d6d37b64aacbc7c12bfe04cc3b0dabe51d0c98abcbe850d664ec9\"",
            "id": "20276847",
            "name": "Require Pull Request",
            "node_id": "RRS_lACqUmVwb3NpdG9yec5OwkuEzgE1Zm8",
            "repository": "valkyrja-starter-app-go",
            "rules": [
              {
                "branch_name_pattern": [],
                "commit_author_email_pattern": [],
                "commit_message_pattern": [],
                "committer_email_pattern": [],
                "copilot_code_review": [],
                "creation": false,
                "deletion": false,
                "file_extension_restriction": [],
                "file_path_restriction": [],
                "max_file_path_length": [],
                "max_file_size": [],
                "merge_queue": [],
                "non_fast_forward": false,
                "pull_request": [
                  {
                    "allowed_merge_methods": [
                      "squash"
                    ],
                    "dismiss_stale_reviews_on_push": false,
                    "require_code_owner_review": true,
                    "require_last_push_approval": false,
                    "required_approving_review_count": 0,
                    "required_review_thread_resolution": false,
                    "required_reviewers": []
                  }
                ],
                "required_code_scanning": [],
                "required_deployments": [],
                "required_linear_history": false,
                "required_signatures": false,
                "required_status_checks": [],
                "tag_name_pattern": [],
                "update": false,
                "update_allows_fetch_and_merge": false
              }
            ],
            "ruleset_id": 20276847,
            "target": "branch"
          },
          "sensitive_attributes": [],
          "private": "eyJzY2hlbWFfdmVyc2lvbiI6IjEifQ==",
          "dependencies": [
            "github_team.approvers",
            "module.repo.github_repository.this"
          ]
        }
      ]
    },
    {
      "module": "module.repo[\"valkyrja-starter-app-go\"]",
      "mode": "managed",
      "type": "github_repository_ruleset",
      "name": "required_default_checks",
      "provider": "provider[\"registry.opentofu.org/integrations/github\"]",
      "instances": [
        {
          "schema_version": 1,
          "attributes": {
            "bypass_actors": [
              {
                "actor_id": 0,
                "actor_type": "OrganizationAdmin",
                "bypass_mode": "always"
              },
              {
                "actor_id": 2462900,
                "actor_type": "Integration",
                "bypass_mode": "always"
              }
            ],
            "conditions": [
              {
                "ref_name": [
                  {
                    "exclude": [],
                    "include": [
                      "~DEFAULT_BRANCH",
                      "refs/heads/??.x"
                    ]
                  }
                ]
              }
            ],
            "enforcement": "active",
            "etag": "W/\"15d501436dd7b395827807cf74aa90da5946489d0486db77a873c0a4407f7893\"",
            "id": "20276849",
            "name": "Required Default PR Checks",
            "node_id": "RRS_lACqUmVwb3NpdG9yec5OwkuEzgE1ZnE",
            "repository": "valkyrja-starter-app-go",
            "rules": [
              {
                "branch_name_pattern": [],
                "commit_author_email_pattern": [],
                "commit_message_pattern": [],
                "committer_email_pattern": [],
                "copilot_code_review": [],
                "creation": false,
                "deletion": false,
                "file_extension_restriction": [],
                "file_path_restriction": [],
                "max_file_path_length": [],
                "max_file_size": [],
                "merge_queue": [],
                "non_fast_forward": false,
                "pull_request": [],
                "required_code_scanning": [],
                "required_deployments": [],
                "required_linear_history": false,
                "required_signatures": false,
                "required_status_checks": [
                  {
                    "do_not_enforce_on_create": false,
                    "required_check": [
                      {
                        "context": "Commit Message Check / Check Commit Message",
                        "integration_id": 15368
                      },
                      {
                        "context": "Copyright Header Check / Check Copyright Header",
                        "integration_id": 15368
                      },
                      {
                        "context": "Markdown Check / Check Markdown",
                        "integration_id": 15368
                      },
                      {
                        "context": "Trailing Newline Check / Check Trailing Newline",
                        "integration_id": 15368
                      }
                    ],
                    "strict_required_status_checks_policy": false
                  }
                ],
                "tag_name_pattern": [],
                "update": false,
                "update_allows_fetch_and_merge": false
              }
            ],
            "ruleset_id": 20276849,
            "target": "branch"
          },
          "sensitive_attributes": [],
          "private": "eyJzY2hlbWFfdmVyc2lvbiI6IjEifQ==",
          "dependencies": [
            "module.repo.github_repository.this"
          ]
        }
      ]
    },
    {
      "module": "module.repo[\"valkyrja-starter-app-go\"]",
      "mode": "managed",
      "type": "github_repository_ruleset",
      "name": "required_language_checks",
      "provider": "provider[\"registry.opentofu.org/integrations/github\"]",
      "instances": [
        {
          "index_key": 0,
          "schema_version": 1,
          "attributes": {
            "bypass_actors": [
              {
                "actor_id": 0,
                "actor_type": "OrganizationAdmin",
                "bypass_mode": "always"
              },
              {
                "actor_id": 2462900,
                "actor_type": "Integration",
                "bypass_mode": "always"
              }
            ],
            "conditions": [
              {
                "ref_name": [
                  {
                    "exclude": [],
                    "include": [
                      "~DEFAULT_BRANCH",
                      "refs/heads/??.x"
                    ]
                  }
                ]
              }
            ],
            "enforcement": "active",
            "etag": "W/\"3c39f2e40b396d337a6a0439ed1486284e245245af0264c54fcf7c25647f98f4\"",
            "id": "20276854",
            "name": "Required Go PR Checks",
            "node_id": "RRS_lACqUmVwb3NpdG9yec5OwkuEzgE1ZnY",
            "repository": "valkyrja-starter-app-go",
            "rules": [
              {
                "branch_name_pattern": [],
                "commit_author_email_pattern": [],
                "commit_message_pattern": [],
                "committer_email_pattern": [],
                "copilot_code_review": [],
                "creation": false,
                "deletion": false,
                "file_extension_restriction": [],
                "file_path_restriction": [],
                "max_file_path_length": [],
                "max_file_size": [],
                "merge_queue": [],
                "non_fast_forward": false,
                "pull_request": [],
                "required_code_scanning": [],
                "required_deployments": [],
                "required_linear_history": false,
                "required_signatures": false,
                "required_status_checks": [
                  {
                    "do_not_enforce_on_create": false,
                    "required_check": [
                      {
                        "context": "Tools / Test / Test",
                        "integration_id": 15368
                      },
                      {
                        "context": "Tools / golangci-lint / golangci-lint",
                        "integration_id": 15368
                      }
                    ],
                    "strict_required_status_checks_policy": false
                  }
                ],
                "tag_name_pattern": [],
                "update": false,
                "update_allows_fetch_and_merge": false
              }
            ],
            "ruleset_id": 20276854,
            "target": "branch"
          },
          "sensitive_attributes": [],
          "private": "eyJzY2hlbWFfdmVyc2lvbiI6IjEifQ==",
          "dependencies": [
            "module.repo.github_repository.this"
          ]
        }
      ]
    },
    {
      "module": "module.repo[\"valkyrja-starter-app-go\"]",
      "mode": "managed",
      "type": "github_repository_ruleset",
      "name": "restrict_unsupported_branches",
      "provider": "provider[\"registry.opentofu.org/integrations/github\"]",
      "instances": [
        {
          "schema_version": 1,
          "attributes": {
            "bypass_actors": [
              {
                "actor_id": 2462900,
                "actor_type": "Integration",
                "bypass_mode": "always"
              }
            ],
            "conditions": [
              {
                "ref_name": [
                  {
                    "exclude": [],
                    "include": [
                      "refs/heads/??.x-backup",
                      "refs/heads/master-backup"
                    ]
                  }
                ]
              }
            ],
            "enforcement": "active",
            "etag": "W/\"de93eb60b7a5ede461acc42f2b2b2b3adfd418e4b6077667d35878e91a2ce529\"",
            "id": "20276852",
            "name": "Restrict Changes to Unsupported Branches",
            "node_id": "RRS_lACqUmVwb3NpdG9yec5OwkuEzgE1ZnQ",
            "repository": "valkyrja-starter-app-go",
            "rules": [
              {
                "branch_name_pattern": [],
                "commit_author_email_pattern": [],
                "commit_message_pattern": [],
                "committer_email_pattern": [],
                "copilot_code_review": [],
                "creation": true,
                "deletion": true,
                "file_extension_restriction": [],
                "file_path_restriction": [],
                "max_file_path_length": [],
                "max_file_size": [],
                "merge_queue": [],
                "non_fast_forward": true,
                "pull_request": [],
                "required_code_scanning": [],
                "required_deployments": [],
                "required_linear_history": false,
                "required_signatures": false,
                "required_status_checks": [],
                "tag_name_pattern": [],
                "update": true,
                "update_allows_fetch_and_merge": false
              }
            ],
            "ruleset_id": 20276852,
            "target": "branch"
          },
          "sensitive_attributes": [],
          "private": "eyJzY2hlbWFfdmVyc2lvbiI6IjEifQ==",
          "dependencies": [
            "module.repo.github_repository.this"
          ]
        }
      ]
    },
    {
      "module": "module.repo[\"valkyrja-starter-app-go\"]",
      "mode": "managed",
      "type": "github_repository_vulnerability_alerts",
      "name": "this",
      "provider": "provider[\"registry.opentofu.org/integrations/github\"]",
      "instances": [
        {
          "schema_version": 0,
          "attributes": {
            "enabled": true,
            "id": "1321356164",
            "repository": "valkyrja-starter-app-go",
            "repository_id": 1321356164
          },
          "sensitive_attributes": [],
          "private": "eyJzY2hlbWFfdmVyc2lvbiI6IjAifQ==",
          "dependencies": [
            "module.repo.github_repository.this"
          ]
        }
      ]
    },
    {
      "module": "module.repo[\"valkyrja-starter-app-go\"]",
      "mode": "managed",
      "type": "github_team_repository",
      "name": "approvers",
      "provider": "provider[\"registry.opentofu.org/integrations/github\"]",
      "instances": [
        {
          "index_key": 0,
          "schema_version": 0,
          "attributes": {
            "etag": "W/\"553af4222cb3a5f8c2117c44f542d83a919f94b5c531328d4b89642aa0b02d06\"",
            "id": "18867552:valkyrja-starter-app-go",
            "permission": "push",
            "repository": "valkyrja-starter-app-go",
            "team_id": "approvers"
          },
          "sensitive_attributes": [],
          "private": "bnVsbA==",
          "dependencies": [
            "module.repo.github_repository.this"
          ]
        }
      ]
    },
    {
      "module": "module.repo[\"valkyrja-starter-app-java\"]",
      "mode": "managed",
      "type": "github_issue_label",
      "name": "claude_review",
      "provider": "provider[\"registry.opentofu.org/integrations/github\"]",
      "instances": [
        {
          "schema_version": 0,
          "attributes": {
            "color": "5319e7",
            "description": "Ask Claude to review this pull request",
            "etag": "W/\"494c4717369dabcd87d4b536976ee690312fd9ec8d45d85327166ef6b112b8fb\"",
            "id": "valkyrja-starter-app-java:claude-review",
            "name": "claude-review",
            "repository": "valkyrja-starter-app-java",
            "url": "https://api.github.com/repos/valkyrjaio/valkyrja-starter-app-java/labels/claude-review"
          },
          "sensitive_attributes": [],
          "private": "eyJzY2hlbWFfdmVyc2lvbiI6IjAifQ==",
          "dependencies": [
            "module.repo.github_repository.this"
          ]
        }
      ]
    },
    {
      "module": "module.repo[\"valkyrja-starter-app-java\"]",
      "mode": "managed",
      "type": "github_repository",
      "name": "this",
      "provider": "provider[\"registry.opentofu.org/integrations/github\"]",
      "instances": [
        {
          "schema_version": 1,
          "attributes": {
            "allow_auto_merge": false,
            "allow_forking": true,
            "allow_merge_commit": false,
            "allow_rebase_merge": false,
            "allow_squash_merge": true,
            "allow_update_branch": false,
            "archive_on_destroy": null,
            "archived": false,
            "auto_init": false,
            "default_branch": "26.x",
            "delete_branch_on_merge": true,
            "description": "Starter application template for building on the Valkyrja Java framework",
            "etag": "W/\"0bde701021b7d088f5c2adc8bb7ebd6ad332f42e76b011c70baea703772ba756\"",
            "fork": "false",
            "full_name": "valkyrjaio/valkyrja-starter-app-java",
            "git_clone_url": "git://github.com/valkyrjaio/valkyrja-starter-app-java.git",
            "gitignore_template": null,
            "has_discussions": false,
            "has_downloads": false,
            "has_issues": true,
            "has_projects": false,
            "has_wiki": false,
            "homepage_url": "",
            "html_url": "https://github.com/valkyrjaio/valkyrja-starter-app-java",
            "http_clone_url": "https://github.com/valkyrjaio/valkyrja-starter-app-java.git",
            "id": "valkyrja-starter-app-java",
            "ignore_vulnerability_alerts_during_read": null,
            "is_template": true,
            "license_template": null,
            "merge_commit_message": "PR_TITLE",
            "merge_commit_title": "MERGE_MESSAGE",
            "name": "valkyrja-starter-app-java",
            "node_id": "R_kgDOR8swBQ",
            "pages": [],
            "primary_language": "Java",
            "private": false,
            "repo_id": 1204498437,
            "security_and_analysis": [
              {
                "advanced_security": [],
                "code_security": [],
                "secret_scanning": [
                  {
                    "status": "disabled"
                  }
                ],
                "secret_scanning_ai_detection": [],
                "secret_scanning_non_provider_patterns": [],
                "secret_scanning_push_protection": [
                  {
                    "status": "disabled"
                  }
                ]
              }
            ],
            "source_owner": "",
            "source_repo": "",
            "squash_merge_commit_message": "PR_BODY",
            "squash_merge_commit_title": "PR_TITLE",
            "ssh_clone_url": "git@github.com:valkyrjaio/valkyrja-starter-app-java.git",
            "svn_url": "https://github.com/valkyrjaio/valkyrja-starter-app-java",
            "template": [],
            "topics": [],
            "visibility": "public",
            "vulnerability_alerts": true,
            "web_commit_signoff_required": false
          },
          "sensitive_attributes": [],
          "private": "eyJzY2hlbWFfdmVyc2lvbiI6IjEifQ=="
        }
      ]
    },
    {
      "module": "module.repo[\"valkyrja-starter-app-java\"]",
      "mode": "managed",
      "type": "github_repository_ruleset",
      "name": "extra_checks",
      "provider": "provider[\"registry.opentofu.org/integrations/github\"]",
      "instances": [
        {
          "index_key": "Required Starter App PR Checks",
          "schema_version": 1,
          "attributes": {
            "bypass_actors": [
              {
                "actor_id": 0,
                "actor_type": "OrganizationAdmin",
                "bypass_mode": "always"
              },
              {
                "actor_id": 2462900,
                "actor_type": "Integration",
                "bypass_mode": "always"
              }
            ],
            "conditions": [
              {
                "ref_name": [
                  {
                    "exclude": [],
                    "include": [
                      "~DEFAULT_BRANCH",
                      "refs/heads/??.x"
                    ]
                  }
                ]
              }
            ],
            "enforcement": "active",
            "etag": "W/\"d91ac30df116bd4ce4f6b3976129695b1db3573bce56fa1c8ccc7957e30119ce\"",
            "id": "19745930",
            "name": "Required Starter App PR Checks",
            "node_id": "RRS_lACqUmVwb3NpdG9yec5HyzAFzgEtTIo",
            "repository": "valkyrja-starter-app-java",
            "rules": [
              {
                "branch_name_pattern": [],
                "commit_author_email_pattern": [],
                "commit_message_pattern": [],
                "committer_email_pattern": [],
                "copilot_code_review": [],
                "creation": false,
                "deletion": false,
                "file_extension_restriction": [],
                "file_path_restriction": [],
                "max_file_path_length": [],
                "max_file_size": [],
                "merge_queue": [],
                "non_fast_forward": false,
                "pull_request": [],
                "required_code_scanning": [],
                "required_deployments": [],
                "required_linear_history": false,
                "required_signatures": false,
                "required_status_checks": [
                  {
                    "do_not_enforce_on_create": false,
                    "required_check": [
                      {
                        "context": "Sindri JUnit / JUnit",
                        "integration_id": 15368
                      }
                    ],
                    "strict_required_status_checks_policy": false
                  }
                ],
                "tag_name_pattern": [],
                "update": false,
                "update_allows_fetch_and_merge": false
              }
            ],
            "ruleset_id": 19745930,
            "target": "branch"
          },
          "sensitive_attributes": [],
          "private": "eyJzY2hlbWFfdmVyc2lvbiI6IjEifQ==",
          "dependencies": [
            "module.repo.github_repository.this"
          ]
        }
      ]
    },
    {
      "module": "module.repo[\"valkyrja-starter-app-java\"]",
      "mode": "managed",
      "type": "github_repository_ruleset",
      "name": "force_push_protection",
      "provider": "provider[\"registry.opentofu.org/integrations/github\"]",
      "instances": [
        {
          "schema_version": 1,
          "attributes": {
            "bypass_actors": [
              {
                "actor_id": 0,
                "actor_type": "OrganizationAdmin",
                "bypass_mode": "always"
              }
            ],
            "conditions": [
              {
                "ref_name": [
                  {
                    "exclude": [],
                    "include": [
                      "refs/heads/??.x"
                    ]
                  }
                ]
              }
            ],
            "enforcement": "active",
            "etag": "W/\"cac2524fac98d21173005761e322f1fc86cd024b6f54266a6740630eb8801f87\"",
            "id": "15195240",
            "name": "Protect Against Force Pushes and Deletion",
            "node_id": "RRS_lACqUmVwb3NpdG9yec5HyzAFzgDn3Gg",
            "repository": "valkyrja-starter-app-java",
            "rules": [
              {
                "branch_name_pattern": [],
                "commit_author_email_pattern": [],
                "commit_message_pattern": [],
                "committer_email_pattern": [],
                "copilot_code_review": [],
                "creation": false,
                "deletion": true,
                "file_extension_restriction": [],
                "file_path_restriction": [],
                "max_file_path_length": [],
                "max_file_size": [],
                "merge_queue": [],
                "non_fast_forward": true,
                "pull_request": [],
                "required_code_scanning": [],
                "required_deployments": [],
                "required_linear_history": false,
                "required_signatures": false,
                "required_status_checks": [],
                "tag_name_pattern": [],
                "update": false,
                "update_allows_fetch_and_merge": false
              }
            ],
            "ruleset_id": 15195240,
            "target": "branch"
          },
          "sensitive_attributes": [],
          "private": "eyJzY2hlbWFfdmVyc2lvbiI6IjEifQ==",
          "dependencies": [
            "module.repo.github_repository.this"
          ]
        }
      ]
    },
    {
      "module": "module.repo[\"valkyrja-starter-app-java\"]",
      "mode": "managed",
      "type": "github_repository_ruleset",
      "name": "protect_master",
      "provider": "provider[\"registry.opentofu.org/integrations/github\"]",
      "instances": [
        {
          "schema_version": 1,
          "attributes": {
            "bypass_actors": [],
            "conditions": [
              {
                "ref_name": [
                  {
                    "exclude": [],
                    "include": [
                      "refs/heads/master"
                    ]
                  }
                ]
              }
            ],
            "enforcement": "active",
            "etag": "W/\"0be2267205bbea26162c75b83087720fce6c97924e2dd3c7dbf53653de3ca417\"",
            "id": "15195242",
            "name": "Protect Master At All Times",
            "node_id": "RRS_lACqUmVwb3NpdG9yec5HyzAFzgDn3Go",
            "repository": "valkyrja-starter-app-java",
            "rules": [
              {
                "branch_name_pattern": [],
                "commit_author_email_pattern": [],
                "commit_message_pattern": [],
                "committer_email_pattern": [],
                "copilot_code_review": [],
                "creation": false,
                "deletion": true,
                "file_extension_restriction": [],
                "file_path_restriction": [],
                "max_file_path_length": [],
                "max_file_size": [],
                "merge_queue": [],
                "non_fast_forward": true,
                "pull_request": [],
                "required_code_scanning": [],
                "required_deployments": [],
                "required_linear_history": false,
                "required_signatures": false,
                "required_status_checks": [],
                "tag_name_pattern": [],
                "update": false,
                "update_allows_fetch_and_merge": false
              }
            ],
            "ruleset_id": 15195242,
            "target": "branch"
          },
          "sensitive_attributes": [],
          "private": "eyJzY2hlbWFfdmVyc2lvbiI6IjEifQ==",
          "dependencies": [
            "module.repo.github_repository.this"
          ]
        }
      ]
    },
    {
      "module": "module.repo[\"valkyrja-starter-app-java\"]",
      "mode": "managed",
      "type": "github_repository_ruleset",
      "name": "protect_release_tags",
      "provider": "provider[\"registry.opentofu.org/integrations/github\"]",
      "instances": [
        {
          "schema_version": 1,
          "attributes": {
            "bypass_actors": [
              {
                "actor_id": 0,
                "actor_type": "OrganizationAdmin",
                "bypass_mode": "always"
              }
            ],
            "conditions": [
              {
                "ref_name": [
                  {
                    "exclude": [],
                    "include": [
                      "refs/tags/*.*.*"
                    ]
                  }
                ]
              }
            ],
            "enforcement": "active",
            "etag": "W/\"fdf89f828d43f3aa95422b0c430625945d72aa50f009beefe0f00fe71091ba2f\"",
            "id": "15200885",
            "name": "Protect Release Tags",
            "node_id": "RRS_lACqUmVwb3NpdG9yec5HyzAFzgDn8nU",
            "repository": "valkyrja-starter-app-java",
            "rules": [
              {
                "branch_name_pattern": [],
                "commit_author_email_pattern": [],
                "commit_message_pattern": [],
                "committer_email_pattern": [],
                "copilot_code_review": [],
                "creation": false,
                "deletion": true,
                "file_extension_restriction": [],
                "file_path_restriction": [],
                "max_file_path_length": [],
                "max_file_size": [],
                "merge_queue": [],
                "non_fast_forward": true,
                "pull_request": [],
                "required_code_scanning": [],
                "required_deployments": [],
                "required_linear_history": false,
                "required_signatures": false,
                "required_status_checks": [],
                "tag_name_pattern": [],
                "update": false,
                "update_allows_fetch_and_merge": false
              }
            ],
            "ruleset_id": 15200885,
            "target": "tag"
          },
          "sensitive_attributes": [],
          "private": "eyJzY2hlbWFfdmVyc2lvbiI6IjEifQ==",
          "dependencies": [
            "module.repo.github_repository.this"
          ]
        }
      ]
    },
    {
      "module": "module.repo[\"valkyrja-starter-app-java\"]",
      "mode": "managed",
      "type": "github_repository_ruleset",
      "name": "require_pull_request",
      "provider": "provider[\"registry.opentofu.org/integrations/github\"]",
      "instances": [
        {
          "schema_version": 1,
          "attributes": {
            "bypass_actors": [
              {
                "actor_id": 0,
                "actor_type": "OrganizationAdmin",
                "bypass_mode": "always"
              },
              {
                "actor_id": 2462900,
                "actor_type": "Integration",
                "bypass_mode": "always"
              }
            ],
            "conditions": [
              {
                "ref_name": [
                  {
                    "exclude": [],
                    "include": [
                      "~DEFAULT_BRANCH",
                      "refs/heads/??.x",
                      "refs/heads/master"
                    ]
                  }
                ]
              }
            ],
            "enforcement": "active",
            "etag": "W/\"0a031cd086e49a4e2525342edb9c035feef83ac4d44b2b1cb1b17fdf0daa5469\"",
            "id": "15195243",
            "name": "Require Pull Request",
            "node_id": "RRS_lACqUmVwb3NpdG9yec5HyzAFzgDn3Gs",
            "repository": "valkyrja-starter-app-java",
            "rules": [
              {
                "branch_name_pattern": [],
                "commit_author_email_pattern": [],
                "commit_message_pattern": [],
                "committer_email_pattern": [],
                "copilot_code_review": [],
                "creation": false,
                "deletion": false,
                "file_extension_restriction": [],
                "file_path_restriction": [],
                "max_file_path_length": [],
                "max_file_size": [],
                "merge_queue": [],
                "non_fast_forward": false,
                "pull_request": [
                  {
                    "allowed_merge_methods": [
                      "squash"
                    ],
                    "dismiss_stale_reviews_on_push": false,
                    "require_code_owner_review": true,
                    "require_last_push_approval": false,
                    "required_approving_review_count": 0,
                    "required_review_thread_resolution": false,
                    "required_reviewers": []
                  }
                ],
                "required_code_scanning": [],
                "required_deployments": [],
                "required_linear_history": false,
                "required_signatures": false,
                "required_status_checks": [],
                "tag_name_pattern": [],
                "update": false,
                "update_allows_fetch_and_merge": false
              }
            ],
            "ruleset_id": 15195243,
            "target": "branch"
          },
          "sensitive_attributes": [],
          "private": "eyJzY2hlbWFfdmVyc2lvbiI6IjEifQ==",
          "dependencies": [
            "github_team.approvers",
            "module.repo.github_repository.this"
          ]
        }
      ]
    },
    {
      "module": "module.repo[\"valkyrja-starter-app-java\"]",
      "mode": "managed",
      "type": "github_repository_ruleset",
      "name": "required_default_checks",
      "provider": "provider[\"registry.opentofu.org/integrations/github\"]",
      "instances": [
        {
          "schema_version": 1,
          "attributes": {
            "bypass_actors": [
              {
                "actor_id": 0,
                "actor_type": "OrganizationAdmin",
                "bypass_mode": "always"
              },
              {
                "actor_id": 2462900,
                "actor_type": "Integration",
                "bypass_mode": "always"
              }
            ],
            "conditions": [
              {
                "ref_name": [
                  {
                    "exclude": [],
                    "include": [
                      "~DEFAULT_BRANCH",
                      "refs/heads/??.x"
                    ]
                  }
                ]
              }
            ],
            "enforcement": "active",
            "etag": "W/\"d25433bcd5e4072fb1ac6c040b11ac08bb856cef79369935c28798bd03553a2e\"",
            "id": "15274012",
            "name": "Required Default PR Checks",
            "node_id": "RRS_lACqUmVwb3NpdG9yec5HyzAFzgDpEBw",
            "repository": "valkyrja-starter-app-java",
            "rules": [
              {
                "branch_name_pattern": [],
                "commit_author_email_pattern": [],
                "commit_message_pattern": [],
                "committer_email_pattern": [],
                "copilot_code_review": [],
                "creation": false,
                "deletion": false,
                "file_extension_restriction": [],
                "file_path_restriction": [],
                "max_file_path_length": [],
                "max_file_size": [],
                "merge_queue": [],
                "non_fast_forward": false,
                "pull_request": [],
                "required_code_scanning": [],
                "required_deployments": [],
                "required_linear_history": false,
                "required_signatures": false,
                "required_status_checks": [
                  {
                    "do_not_enforce_on_create": false,
                    "required_check": [
                      {
                        "context": "Commit Message Check / Check Commit Message",
                        "integration_id": 15368
                      },
                      {
                        "context": "Copyright Header Check / Check Copyright Header",
                        "integration_id": 15368
                      },
                      {
                        "context": "Markdown Check / Check Markdown",
                        "integration_id": 15368
                      },
                      {
                        "context": "Trailing Newline Check / Check Trailing Newline",
                        "integration_id": 15368
                      }
                    ],
                    "strict_required_status_checks_policy": false
                  }
                ],
                "tag_name_pattern": [],
                "update": false,
                "update_allows_fetch_and_merge": false
              }
            ],
            "ruleset_id": 15274012,
            "target": "branch"
          },
          "sensitive_attributes": [],
          "private": "eyJzY2hlbWFfdmVyc2lvbiI6IjEifQ==",
          "dependencies": [
            "module.repo.github_repository.this"
          ]
        }
      ]
    },
    {
      "module": "module.repo[\"valkyrja-starter-app-java\"]",
      "mode": "managed",
      "type": "github_repository_ruleset",
      "name": "required_language_checks",
      "provider": "provider[\"registry.opentofu.org/integrations/github\"]",
      "instances": [
        {
          "index_key": 0,
          "schema_version": 1,
          "attributes": {
            "bypass_actors": [
              {
                "actor_id": 0,
                "actor_type": "OrganizationAdmin",
                "bypass_mode": "always"
              },
              {
                "actor_id": 2462900,
                "actor_type": "Integration",
                "bypass_mode": "always"
              }
            ],
            "conditions": [
              {
                "ref_name": [
                  {
                    "exclude": [],
                    "include": [
                      "~DEFAULT_BRANCH",
                      "refs/heads/??.x"
                    ]
                  }
                ]
              }
            ],
            "enforcement": "active",
            "etag": "W/\"45283f9251b57021dd91f38b7f28072dff5843b624a3fd1c33080d39ee39a42d\"",
            "id": "16563761",
            "name": "Required Java PR Checks",
            "node_id": "RRS_lACqUmVwb3NpdG9yec5HyzAFzgD8vjE",
            "repository": "valkyrja-starter-app-java",
            "rules": [
              {
                "branch_name_pattern": [],
                "commit_author_email_pattern": [],
                "commit_message_pattern": [],
                "committer_email_pattern": [],
                "copilot_code_review": [],
                "creation": false,
                "deletion": false,
                "file_extension_restriction": [],
                "file_path_restriction": [],
                "max_file_path_length": [],
                "max_file_size": [],
                "merge_queue": [],
                "non_fast_forward": false,
                "pull_request": [],
                "required_code_scanning": [],
                "required_deployments": [],
                "required_linear_history": false,
                "required_signatures": false,
                "required_status_checks": [
                  {
                    "do_not_enforce_on_create": false,
                    "required_check": [
                      {
                        "context": "Tools / ArchUnit / ArchUnit",
                        "integration_id": 15368
                      },
                      {
                        "context": "Tools / ErrorProne / ErrorProne",
                        "integration_id": 15368
                      },
                      {
                        "context": "Tools / JUnit / JUnit",
                        "integration_id": 15368
                      },
                      {
                        "context": "Tools / SpotBugs / SpotBugs",
                        "integration_id": 15368
                      },
                      {
                        "context": "Tools / Spotless / Spotless",
                        "integration_id": 15368
                      }
                    ],
                    "strict_required_status_checks_policy": false
                  }
                ],
                "tag_name_pattern": [],
                "update": false,
                "update_allows_fetch_and_merge": false
              }
            ],
            "ruleset_id": 16563761,
            "target": "branch"
          },
          "sensitive_attributes": [],
          "private": "eyJzY2hlbWFfdmVyc2lvbiI6IjEifQ==",
          "dependencies": [
            "module.repo.github_repository.this"
          ]
        }
      ]
    },
    {
      "module": "module.repo[\"valkyrja-starter-app-java\"]",
      "mode": "managed",
      "type": "github_repository_ruleset",
      "name": "restrict_unsupported_branches",
      "provider": "provider[\"registry.opentofu.org/integrations/github\"]",
      "instances": [
        {
          "schema_version": 1,
          "attributes": {
            "bypass_actors": [
              {
                "actor_id": 2462900,
                "actor_type": "Integration",
                "bypass_mode": "always"
              }
            ],
            "conditions": [
              {
                "ref_name": [
                  {
                    "exclude": [],
                    "include": [
                      "refs/heads/??.x-backup",
                      "refs/heads/master-backup"
                    ]
                  }
                ]
              }
            ],
            "enforcement": "active",
            "etag": "W/\"3d096f14c2ecdd575bb0b8d11c45a0b38bcf937b78415a2177edab038c469323\"",
            "id": "15195244",
            "name": "Restrict Changes to Unsupported Branches",
            "node_id": "RRS_lACqUmVwb3NpdG9yec5HyzAFzgDn3Gw",
            "repository": "valkyrja-starter-app-java",
            "rules": [
              {
                "branch_name_pattern": [],
                "commit_author_email_pattern": [],
                "commit_message_pattern": [],
                "committer_email_pattern": [],
                "copilot_code_review": [],
                "creation": true,
                "deletion": true,
                "file_extension_restriction": [],
                "file_path_restriction": [],
                "max_file_path_length": [],
                "max_file_size": [],
                "merge_queue": [],
                "non_fast_forward": true,
                "pull_request": [],
                "required_code_scanning": [],
                "required_deployments": [],
                "required_linear_history": false,
                "required_signatures": false,
                "required_status_checks": [],
                "tag_name_pattern": [],
                "update": true,
                "update_allows_fetch_and_merge": false
              }
            ],
            "ruleset_id": 15195244,
            "target": "branch"
          },
          "sensitive_attributes": [],
          "private": "eyJzY2hlbWFfdmVyc2lvbiI6IjEifQ==",
          "dependencies": [
            "module.repo.github_repository.this"
          ]
        }
      ]
    },
    {
      "module": "module.repo[\"valkyrja-starter-app-java\"]",
      "mode": "managed",
      "type": "github_repository_vulnerability_alerts",
      "name": "this",
      "provider": "provider[\"registry.opentofu.org/integrations/github\"]",
      "instances": [
        {
          "schema_version": 0,
          "attributes": {
            "enabled": true,
            "id": "1204498437",
            "repository": "valkyrja-starter-app-java",
            "repository_id": 1204498437
          },
          "sensitive_attributes": [],
          "private": "eyJzY2hlbWFfdmVyc2lvbiI6IjAifQ==",
          "dependencies": [
            "module.repo.github_repository.this"
          ]
        }
      ]
    },
    {
      "module": "module.repo[\"valkyrja-starter-app-java\"]",
      "mode": "managed",
      "type": "github_team_repository",
      "name": "approvers",
      "provider": "provider[\"registry.opentofu.org/integrations/github\"]",
      "instances": [
        {
          "index_key": 0,
          "schema_version": 0,
          "attributes": {
            "etag": "W/\"f78ed4c3782f4afa642db670a743efc4fbf558e2b36216cdcd5a436003853c28\"",
            "id": "18867552:valkyrja-starter-app-java",
            "permission": "push",
            "repository": "valkyrja-starter-app-java",
            "team_id": "approvers"
          },
          "sensitive_attributes": [],
          "private": "bnVsbA==",
          "dependencies": [
            "module.repo.github_repository.this"
          ]
        }
      ]
    },
    {
      "module": "module.repo[\"valkyrja-starter-app-php\"]",
      "mode": "managed",
      "type": "github_issue_label",
      "name": "claude_review",
      "provider": "provider[\"registry.opentofu.org/integrations/github\"]",
      "instances": [
        {
          "schema_version": 0,
          "attributes": {
            "color": "5319e7",
            "description": "Ask Claude to review this pull request",
            "etag": "W/\"2d3407a6786b7a896e958701965806404d8d0160168c6d9532400fa10355313f\"",
            "id": "valkyrja-starter-app-php:claude-review",
            "name": "claude-review",
            "repository": "valkyrja-starter-app-php",
            "url": "https://api.github.com/repos/valkyrjaio/valkyrja-starter-app-php/labels/claude-review"
          },
          "sensitive_attributes": [],
          "private": "eyJzY2hlbWFfdmVyc2lvbiI6IjAifQ==",
          "dependencies": [
            "module.repo.github_repository.this"
          ]
        }
      ]
    },
    {
      "module": "module.repo[\"valkyrja-starter-app-php\"]",
      "mode": "managed",
      "type": "github_repository",
      "name": "this",
      "provider": "provider[\"registry.opentofu.org/integrations/github\"]",
      "instances": [
        {
          "schema_version": 1,
          "attributes": {
            "allow_auto_merge": false,
            "allow_forking": true,
            "allow_merge_commit": false,
            "allow_rebase_merge": false,
            "allow_squash_merge": true,
            "allow_update_branch": false,
            "archive_on_destroy": null,
            "archived": false,
            "auto_init": false,
            "default_branch": "26.x",
            "delete_branch_on_merge": true,
            "description": "Starter application template for building on the Valkyrja PHP framework",
            "etag": "W/\"0ec4f1273d383afbd01f580e9bdb02ffd37c8bef8372b1efab8fae5e6214de89\"",
            "fork": "false",
            "full_name": "valkyrjaio/valkyrja-starter-app-php",
            "git_clone_url": "git://github.com/valkyrjaio/valkyrja-starter-app-php.git",
            "gitignore_template": null,
            "has_discussions": false,
            "has_downloads": false,
            "has_issues": true,
            "has_projects": false,
            "has_wiki": false,
            "homepage_url": "https://valkyrja.io",
            "html_url": "https://github.com/valkyrjaio/valkyrja-starter-app-php",
            "http_clone_url": "https://github.com/valkyrjaio/valkyrja-starter-app-php.git",
            "id": "valkyrja-starter-app-php",
            "ignore_vulnerability_alerts_during_read": null,
            "is_template": true,
            "license_template": null,
            "merge_commit_message": "PR_TITLE",
            "merge_commit_title": "MERGE_MESSAGE",
            "name": "valkyrja-starter-app-php",
            "node_id": "MDEwOlJlcG9zaXRvcnk4OTA4OTM4NQ==",
            "pages": [],
            "primary_language": "PHP",
            "private": false,
            "repo_id": 89089385,
            "security_and_analysis": [
              {
                "advanced_security": [],
                "code_security": [],
                "secret_scanning": [
                  {
                    "status": "disabled"
                  }
                ],
                "secret_scanning_ai_detection": [],
                "secret_scanning_non_provider_patterns": [],
                "secret_scanning_push_protection": [
                  {
                    "status": "disabled"
                  }
                ]
              }
            ],
            "source_owner": "",
            "source_repo": "",
            "squash_merge_commit_message": "PR_BODY",
            "squash_merge_commit_title": "PR_TITLE",
            "ssh_clone_url": "git@github.com:valkyrjaio/valkyrja-starter-app-php.git",
            "svn_url": "https://github.com/valkyrjaio/valkyrja-starter-app-php",
            "template": [],
            "topics": [],
            "visibility": "public",
            "vulnerability_alerts": true,
            "web_commit_signoff_required": false
          },
          "sensitive_attributes": [],
          "private": "eyJzY2hlbWFfdmVyc2lvbiI6IjEifQ=="
        }
      ]
    },
    {
      "module": "module.repo[\"valkyrja-starter-app-php\"]",
      "mode": "managed",
      "type": "github_repository_ruleset",
      "name": "extra_checks",
      "provider": "provider[\"registry.opentofu.org/integrations/github\"]",
      "instances": [
        {
          "index_key": "Required Starter App PR Checks",
          "schema_version": 1,
          "attributes": {
            "bypass_actors": [
              {
                "actor_id": 0,
                "actor_type": "OrganizationAdmin",
                "bypass_mode": "always"
              },
              {
                "actor_id": 2462900,
                "actor_type": "Integration",
                "bypass_mode": "always"
              }
            ],
            "conditions": [
              {
                "ref_name": [
                  {
                    "exclude": [],
                    "include": [
                      "~DEFAULT_BRANCH",
                      "refs/heads/??.x"
                    ]
                  }
                ]
              }
            ],
            "enforcement": "active",
            "etag": "W/\"e94b6dda873199f68227d90ea81dd6562ac5c4869c3868445631e5223b1a2556\"",
            "id": "19749233",
            "name": "Required Starter App PR Checks",
            "node_id": "RRS_lACqUmVwb3NpdG9yec4FT2VpzgEtWXE",
            "repository": "valkyrja-starter-app-php",
            "rules": [
              {
                "branch_name_pattern": [],
                "commit_author_email_pattern": [],
                "commit_message_pattern": [],
                "committer_email_pattern": [],
                "copilot_code_review": [],
                "creation": false,
                "deletion": false,
                "file_extension_restriction": [],
                "file_path_restriction": [],
                "max_file_path_length": [],
                "max_file_size": [],
                "merge_queue": [],
                "non_fast_forward": false,
                "pull_request": [],
                "required_code_scanning": [],
                "required_deployments": [],
                "required_linear_history": false,
                "required_signatures": false,
                "required_status_checks": [
                  {
                    "do_not_enforce_on_create": false,
                    "required_check": [
                      {
                        "context": "FrankenPHP E2E",
                        "integration_id": 15368
                      },
                      {
                        "context": "RoadRunner E2E",
                        "integration_id": 15368
                      },
                      {
                        "context": "Sindri PHPUnit",
                        "integration_id": 15368
                      }
                    ],
                    "strict_required_status_checks_policy": false
                  }
                ],
                "tag_name_pattern": [],
                "update": false,
                "update_allows_fetch_and_merge": false
              }
            ],
            "ruleset_id": 19749233,
            "target": "branch"
          },
          "sensitive_attributes": [],
          "private": "eyJzY2hlbWFfdmVyc2lvbiI6IjEifQ==",
          "dependencies": [
            "module.repo.github_repository.this"
          ]
        }
      ]
    },
    {
      "module": "module.repo[\"valkyrja-starter-app-php\"]",
      "mode": "managed",
      "type": "github_repository_ruleset",
      "name": "force_push_protection",
      "provider": "provider[\"registry.opentofu.org/integrations/github\"]",
      "instances": [
        {
          "schema_version": 1,
          "attributes": {
            "bypass_actors": [
              {
                "actor_id": 0,
                "actor_type": "OrganizationAdmin",
                "bypass_mode": "always"
              }
            ],
            "conditions": [
              {
                "ref_name": [
                  {
                    "exclude": [],
                    "include": [
                      "refs/heads/??.x"
                    ]
                  }
                ]
              }
            ],
            "enforcement": "active",
            "etag": "W/\"0de90964d53214b938122702ee77e716993de5d32ab3d1a6578b48e58809f568\"",
            "id": "14893349",
            "name": "Protect Against Force Pushes and Deletion",
            "node_id": "RRS_lACqUmVwb3NpdG9yec4FT2VpzgDjQSU",
            "repository": "valkyrja-starter-app-php",
            "rules": [
              {
                "branch_name_pattern": [],
                "commit_author_email_pattern": [],
                "commit_message_pattern": [],
                "committer_email_pattern": [],
                "copilot_code_review": [],
                "creation": false,
                "deletion": true,
                "file_extension_restriction": [],
                "file_path_restriction": [],
                "max_file_path_length": [],
                "max_file_size": [],
                "merge_queue": [],
                "non_fast_forward": true,
                "pull_request": [],
                "required_code_scanning": [],
                "required_deployments": [],
                "required_linear_history": false,
                "required_signatures": false,
                "required_status_checks": [],
                "tag_name_pattern": [],
                "update": false,
                "update_allows_fetch_and_merge": false
              }
            ],
            "ruleset_id": 14893349,
            "target": "branch"
          },
          "sensitive_attributes": [],
          "private": "eyJzY2hlbWFfdmVyc2lvbiI6IjEifQ==",
          "dependencies": [
            "module.repo.github_repository.this"
          ]
        }
      ]
    },
    {
      "module": "module.repo[\"valkyrja-starter-app-php\"]",
      "mode": "managed",
      "type": "github_repository_ruleset",
      "name": "protect_master",
      "provider": "provider[\"registry.opentofu.org/integrations/github\"]",
      "instances": [
        {
          "schema_version": 1,
          "attributes": {
            "bypass_actors": [],
            "conditions": [
              {
                "ref_name": [
                  {
                    "exclude": [],
                    "include": [
                      "refs/heads/master"
                    ]
                  }
                ]
              }
            ],
            "enforcement": "active",
            "etag": "W/\"4fdad0ff2b2374bf9b6561b42620a3d144d0357fbcb2014456611e8dd07ae0c3\"",
            "id": "14893341",
            "name": "Protect Master At All Times",
            "node_id": "RRS_lACqUmVwb3NpdG9yec4FT2VpzgDjQR0",
            "repository": "valkyrja-starter-app-php",
            "rules": [
              {
                "branch_name_pattern": [],
                "commit_author_email_pattern": [],
                "commit_message_pattern": [],
                "committer_email_pattern": [],
                "copilot_code_review": [],
                "creation": false,
                "deletion": true,
                "file_extension_restriction": [],
                "file_path_restriction": [],
                "max_file_path_length": [],
                "max_file_size": [],
                "merge_queue": [],
                "non_fast_forward": true,
                "pull_request": [],
                "required_code_scanning": [],
                "required_deployments": [],
                "required_linear_history": false,
                "required_signatures": false,
                "required_status_checks": [],
                "tag_name_pattern": [],
                "update": false,
                "update_allows_fetch_and_merge": false
              }
            ],
            "ruleset_id": 14893341,
            "target": "branch"
          },
          "sensitive_attributes": [],
          "private": "eyJzY2hlbWFfdmVyc2lvbiI6IjEifQ==",
          "dependencies": [
            "module.repo.github_repository.this"
          ]
        }
      ]
    },
    {
      "module": "module.repo[\"valkyrja-starter-app-php\"]",
      "mode": "managed",
      "type": "github_repository_ruleset",
      "name": "protect_release_tags",
      "provider": "provider[\"registry.opentofu.org/integrations/github\"]",
      "instances": [
        {
          "schema_version": 1,
          "attributes": {
            "bypass_actors": [
              {
                "actor_id": 0,
                "actor_type": "OrganizationAdmin",
                "bypass_mode": "always"
              }
            ],
            "conditions": [
              {
                "ref_name": [
                  {
                    "exclude": [],
                    "include": [
                      "refs/tags/*.*.*"
                    ]
                  }
                ]
              }
            ],
            "enforcement": "active",
            "etag": "W/\"f2d49c623d80d0d7d0fc340946d339ec121382ea914b00fc85f928e8de5dbc53\"",
            "id": "15200845",
            "name": "Protect Release Tags",
            "node_id": "RRS_lACqUmVwb3NpdG9yec4FT2VpzgDn8k0",
            "repository": "valkyrja-starter-app-php",
            "rules": [
              {
                "branch_name_pattern": [],
                "commit_author_email_pattern": [],
                "commit_message_pattern": [],
                "committer_email_pattern": [],
                "copilot_code_review": [],
                "creation": false,
                "deletion": true,
                "file_extension_restriction": [],
                "file_path_restriction": [],
                "max_file_path_length": [],
                "max_file_size": [],
                "merge_queue": [],
                "non_fast_forward": true,
                "pull_request": [],
                "required_code_scanning": [],
                "required_deployments": [],
                "required_linear_history": false,
                "required_signatures": false,
                "required_status_checks": [],
                "tag_name_pattern": [],
                "update": false,
                "update_allows_fetch_and_merge": false
              }
            ],
            "ruleset_id": 15200845,
            "target": "tag"
          },
          "sensitive_attributes": [],
          "private": "eyJzY2hlbWFfdmVyc2lvbiI6IjEifQ==",
          "dependencies": [
            "module.repo.github_repository.this"
          ]
        }
      ]
    },
    {
      "module": "module.repo[\"valkyrja-starter-app-php\"]",
      "mode": "managed",
      "type": "github_repository_ruleset",
      "name": "require_pull_request",
      "provider": "provider[\"registry.opentofu.org/integrations/github\"]",
      "instances": [
        {
          "schema_version": 1,
          "attributes": {
            "bypass_actors": [
              {
                "actor_id": 0,
                "actor_type": "OrganizationAdmin",
                "bypass_mode": "always"
              },
              {
                "actor_id": 2462900,
                "actor_type": "Integration",
                "bypass_mode": "always"
              }
            ],
            "conditions": [
              {
                "ref_name": [
                  {
                    "exclude": [],
                    "include": [
                      "~DEFAULT_BRANCH",
                      "refs/heads/??.x",
                      "refs/heads/master"
                    ]
                  }
                ]
              }
            ],
            "enforcement": "active",
            "etag": "W/\"df05ddb349785f01296e3680cc79bca0806492f5896e027f78fbaa714b8ecaf6\"",
            "id": "15195228",
            "name": "Require Pull Request",
            "node_id": "RRS_lACqUmVwb3NpdG9yec4FT2VpzgDn3Fw",
            "repository": "valkyrja-starter-app-php",
            "rules": [
              {
                "branch_name_pattern": [],
                "commit_author_email_pattern": [],
                "commit_message_pattern": [],
                "committer_email_pattern": [],
                "copilot_code_review": [],
                "creation": false,
                "deletion": false,
                "file_extension_restriction": [],
                "file_path_restriction": [],
                "max_file_path_length": [],
                "max_file_size": [],
                "merge_queue": [],
                "non_fast_forward": false,
                "pull_request": [
                  {
                    "allowed_merge_methods": [
                      "squash"
                    ],
                    "dismiss_stale_reviews_on_push": false,
                    "require_code_owner_review": true,
                    "require_last_push_approval": false,
                    "required_approving_review_count": 0,
                    "required_review_thread_resolution": false,
                    "required_reviewers": []
                  }
                ],
                "required_code_scanning": [],
                "required_deployments": [],
                "required_linear_history": false,
                "required_signatures": false,
                "required_status_checks": [],
                "tag_name_pattern": [],
                "update": false,
                "update_allows_fetch_and_merge": false
              }
            ],
            "ruleset_id": 15195228,
            "target": "branch"
          },
          "sensitive_attributes": [],
          "private": "eyJzY2hlbWFfdmVyc2lvbiI6IjEifQ==",
          "dependencies": [
            "github_team.approvers",
            "module.repo.github_repository.this"
          ]
        }
      ]
    },
    {
      "module": "module.repo[\"valkyrja-starter-app-php\"]",
      "mode": "managed",
      "type": "github_repository_ruleset",
      "name": "required_default_checks",
      "provider": "provider[\"registry.opentofu.org/integrations/github\"]",
      "instances": [
        {
          "schema_version": 1,
          "attributes": {
            "bypass_actors": [
              {
                "actor_id": 0,
                "actor_type": "OrganizationAdmin",
                "bypass_mode": "always"
              },
              {
                "actor_id": 2462900,
                "actor_type": "Integration",
                "bypass_mode": "always"
              }
            ],
            "conditions": [
              {
                "ref_name": [
                  {
                    "exclude": [],
                    "include": [
                      "~DEFAULT_BRANCH",
                      "refs/heads/??.x"
                    ]
                  }
                ]
              }
            ],
            "enforcement": "active",
            "etag": "W/\"3eac719958c06a3d4088822d5f45f5f3f571fa29befd94cf0590cd0523e5eca4\"",
            "id": "15273997",
            "name": "Required Default PR Checks",
            "node_id": "RRS_lACqUmVwb3NpdG9yec4FT2VpzgDpEA0",
            "repository": "valkyrja-starter-app-php",
            "rules": [
              {
                "branch_name_pattern": [],
                "commit_author_email_pattern": [],
                "commit_message_pattern": [],
                "committer_email_pattern": [],
                "copilot_code_review": [],
                "creation": false,
                "deletion": false,
                "file_extension_restriction": [],
                "file_path_restriction": [],
                "max_file_path_length": [],
                "max_file_size": [],
                "merge_queue": [],
                "non_fast_forward": false,
                "pull_request": [],
                "required_code_scanning": [],
                "required_deployments": [],
                "required_linear_history": false,
                "required_signatures": false,
                "required_status_checks": [
                  {
                    "do_not_enforce_on_create": false,
                    "required_check": [
                      {
                        "context": "Commit Message Check / Check Commit Message",
                        "integration_id": 15368
                      },
                      {
                        "context": "Copyright Header Check / Check Copyright Header",
                        "integration_id": 15368
                      },
                      {
                        "context": "Markdown Check / Check Markdown",
                        "integration_id": 15368
                      },
                      {
                        "context": "Trailing Newline Check / Check Trailing Newline",
                        "integration_id": 15368
                      }
                    ],
                    "strict_required_status_checks_policy": false
                  }
                ],
                "tag_name_pattern": [],
                "update": false,
                "update_allows_fetch_and_merge": false
              }
            ],
            "ruleset_id": 15273997,
            "target": "branch"
          },
          "sensitive_attributes": [],
          "private": "eyJzY2hlbWFfdmVyc2lvbiI6IjEifQ==",
          "dependencies": [
            "module.repo.github_repository.this"
          ]
        }
      ]
    },
    {
      "module": "module.repo[\"valkyrja-starter-app-php\"]",
      "mode": "managed",
      "type": "github_repository_ruleset",
      "name": "required_language_checks",
      "provider": "provider[\"registry.opentofu.org/integrations/github\"]",
      "instances": [
        {
          "index_key": 0,
          "schema_version": 1,
          "attributes": {
            "bypass_actors": [
              {
                "actor_id": 0,
                "actor_type": "OrganizationAdmin",
                "bypass_mode": "always"
              },
              {
                "actor_id": 2462900,
                "actor_type": "Integration",
                "bypass_mode": "always"
              }
            ],
            "conditions": [
              {
                "ref_name": [
                  {
                    "exclude": [],
                    "include": [
                      "~DEFAULT_BRANCH",
                      "refs/heads/??.x"
                    ]
                  }
                ]
              }
            ],
            "enforcement": "active",
            "etag": "W/\"d01019f59ec10e2af74cfb1ea214b63475295c79a02f074fe803daec168ad3f7\"",
            "id": "15273998",
            "name": "Required PHP PR Checks",
            "node_id": "RRS_lACqUmVwb3NpdG9yec4FT2VpzgDpEA4",
            "repository": "valkyrja-starter-app-php",
            "rules": [
              {
                "branch_name_pattern": [],
                "commit_author_email_pattern": [],
                "commit_message_pattern": [],
                "committer_email_pattern": [],
                "copilot_code_review": [],
                "creation": false,
                "deletion": false,
                "file_extension_restriction": [],
                "file_path_restriction": [],
                "max_file_path_length": [],
                "max_file_size": [],
                "merge_queue": [],
                "non_fast_forward": false,
                "pull_request": [],
                "required_code_scanning": [],
                "required_deployments": [],
                "required_linear_history": false,
                "required_signatures": false,
                "required_status_checks": [
                  {
                    "do_not_enforce_on_create": false,
                    "required_check": [
                      {
                        "context": "Tools / PHP CS Fixer / PHP 8.4",
                        "integration_id": 15368
                      },
                      {
                        "context": "Tools / PHP Code Sniffer / PHP 8.4",
                        "integration_id": 15368
                      },
                      {
                        "context": "Tools / PHPArkitect / PHP 8.4",
                        "integration_id": 15368
                      },
                      {
                        "context": "Tools / PHPStan / PHP 8.4",
                        "integration_id": 15368
                      },
                      {
                        "context": "Tools / PHPUnit / PHP 8.4",
                        "integration_id": 15368
                      },
                      {
                        "context": "Tools / PHPUnit / PHP 8.5",
                        "integration_id": 15368
                      },
                      {
                        "context": "Tools / PHPUnit / PHP 8.6",
                        "integration_id": 15368
                      },
                      {
                        "context": "Tools / Psalm / PHP 8.4",
                        "integration_id": 15368
                      },
                      {
                        "context": "Tools / Rector / PHP 8.4",
                        "integration_id": 15368
                      }
                    ],
                    "strict_required_status_checks_policy": false
                  }
                ],
                "tag_name_pattern": [],
                "update": false,
                "update_allows_fetch_and_merge": false
              }
            ],
            "ruleset_id": 15273998,
            "target": "branch"
          },
          "sensitive_attributes": [],
          "private": "eyJzY2hlbWFfdmVyc2lvbiI6IjEifQ==",
          "dependencies": [
            "module.repo.github_repository.this"
          ]
        }
      ]
    },
    {
      "module": "module.repo[\"valkyrja-starter-app-php\"]",
      "mode": "managed",
      "type": "github_repository_ruleset",
      "name": "restrict_unsupported_branches",
      "provider": "provider[\"registry.opentofu.org/integrations/github\"]",
      "instances": [
        {
          "schema_version": 1,
          "attributes": {
            "bypass_actors": [
              {
                "actor_id": 2462900,
                "actor_type": "Integration",
                "bypass_mode": "always"
              }
            ],
            "conditions": [
              {
                "ref_name": [
                  {
                    "exclude": [],
                    "include": [
                      "refs/heads/??.x-backup",
                      "refs/heads/master-backup"
                    ]
                  }
                ]
              }
            ],
            "enforcement": "active",
            "etag": "W/\"8c53cd0deec77ecb146afcacbb070d157a4280889aea74780b70f4f15609c269\"",
            "id": "15195229",
            "name": "Restrict Changes to Unsupported Branches",
            "node_id": "RRS_lACqUmVwb3NpdG9yec4FT2VpzgDn3F0",
            "repository": "valkyrja-starter-app-php",
            "rules": [
              {
                "branch_name_pattern": [],
                "commit_author_email_pattern": [],
                "commit_message_pattern": [],
                "committer_email_pattern": [],
                "copilot_code_review": [],
                "creation": true,
                "deletion": true,
                "file_extension_restriction": [],
                "file_path_restriction": [],
                "max_file_path_length": [],
                "max_file_size": [],
                "merge_queue": [],
                "non_fast_forward": true,
                "pull_request": [],
                "required_code_scanning": [],
                "required_deployments": [],
                "required_linear_history": false,
                "required_signatures": false,
                "required_status_checks": [],
                "tag_name_pattern": [],
                "update": true,
                "update_allows_fetch_and_merge": false
              }
            ],
            "ruleset_id": 15195229,
            "target": "branch"
          },
          "sensitive_attributes": [],
          "private": "eyJzY2hlbWFfdmVyc2lvbiI6IjEifQ==",
          "dependencies": [
            "module.repo.github_repository.this"
          ]
        }
      ]
    },
    {
      "module": "module.repo[\"valkyrja-starter-app-php\"]",
      "mode": "managed",
      "type": "github_repository_vulnerability_alerts",
      "name": "this",
      "provider": "provider[\"registry.opentofu.org/integrations/github\"]",
      "instances": [
        {
          "schema_version": 0,
          "attributes": {
            "enabled": true,
            "id": "89089385",
            "repository": "valkyrja-starter-app-php",
            "repository_id": 89089385
          },
          "sensitive_attributes": [],
          "private": "eyJzY2hlbWFfdmVyc2lvbiI6IjAifQ==",
          "dependencies": [
            "module.repo.github_repository.this"
          ]
        }
      ]
    },
    {
      "module": "module.repo[\"valkyrja-starter-app-php\"]",
      "mode": "managed",
      "type": "github_team_repository",
      "name": "approvers",
      "provider": "provider[\"registry.opentofu.org/integrations/github\"]",
      "instances": [
        {
          "index_key": 0,
          "schema_version": 0,
          "attributes": {
            "etag": "W/\"5dfa8289f649903079a47d13e1167862e715aaebb013c6ebd538d9590ace8356\"",
            "id": "18867552:valkyrja-starter-app-php",
            "permission": "push",
            "repository": "valkyrja-starter-app-php",
            "team_id": "approvers"
          },
          "sensitive_attributes": [],
          "private": "bnVsbA==",
          "dependencies": [
            "module.repo.github_repository.this"
          ]
        }
      ]
    },
    {
      "module": "module.repo[\"valkyrja-starter-app-python\"]",
      "mode": "managed",
      "type": "github_issue_label",
      "name": "claude_review",
      "provider": "provider[\"registry.opentofu.org/integrations/github\"]",
      "instances": [
        {
          "schema_version": 0,
          "attributes": {
            "color": "5319e7",
            "description": "Ask Claude to review this pull request",
            "etag": "W/\"3ff18426b2b4360ed2df214e5e01f5a221dac18d66fe90771dd1f09208bc09e0\"",
            "id": "valkyrja-starter-app-python:claude-review",
            "name": "claude-review",
            "repository": "valkyrja-starter-app-python",
            "url": "https://api.github.com/repos/valkyrjaio/valkyrja-starter-app-python/labels/claude-review"
          },
          "sensitive_attributes": [],
          "private": "eyJzY2hlbWFfdmVyc2lvbiI6IjAifQ==",
          "dependencies": [
            "module.repo.github_repository.this"
          ]
        }
      ]
    },
    {
      "module": "module.repo[\"valkyrja-starter-app-python\"]",
      "mode": "managed",
      "type": "github_repository",
      "name": "this",
      "provider": "provider[\"registry.opentofu.org/integrations/github\"]",
      "instances": [
        {
          "schema_version": 1,
          "attributes": {
            "allow_auto_merge": false,
            "allow_forking": true,
            "allow_merge_commit": false,
            "allow_rebase_merge": false,
            "allow_squash_merge": true,
            "allow_update_branch": false,
            "archive_on_destroy": null,
            "archived": false,
            "auto_init": false,
            "default_branch": "26.x",
            "delete_branch_on_merge": true,
            "description": "Starter application template for building on the Valkyrja Python framework",
            "etag": "W/\"c34432b33c56673bb56810f17a27a9ef2d286712dc070dab6f4a67e8c07e9d02\"",
            "fork": "false",
            "full_name": "valkyrjaio/valkyrja-starter-app-python",
            "git_clone_url": "git://github.com/valkyrjaio/valkyrja-starter-app-python.git",
            "gitignore_template": null,
            "has_discussions": false,
            "has_downloads": false,
            "has_issues": true,
            "has_projects": false,
            "has_wiki": false,
            "homepage_url": "",
            "html_url": "https://github.com/valkyrjaio/valkyrja-starter-app-python",
            "http_clone_url": "https://github.com/valkyrjaio/valkyrja-starter-app-python.git",
            "id": "valkyrja-starter-app-python",
            "ignore_vulnerability_alerts_during_read": null,
            "is_template": true,
            "license_template": null,
            "merge_commit_message": "PR_TITLE",
            "merge_commit_title": "MERGE_MESSAGE",
            "name": "valkyrja-starter-app-python",
            "node_id": "R_kgDOTsJH1A",
            "pages": [],
            "primary_language": "Python",
            "private": false,
            "repo_id": 1321355220,
            "security_and_analysis": [
              {
                "advanced_security": [],
                "code_security": [],
                "secret_scanning": [
                  {
                    "status": "disabled"
                  }
                ],
                "secret_scanning_ai_detection": [],
                "secret_scanning_non_provider_patterns": [],
                "secret_scanning_push_protection": [
                  {
                    "status": "disabled"
                  }
                ]
              }
            ],
            "source_owner": "",
            "source_repo": "",
            "squash_merge_commit_message": "PR_BODY",
            "squash_merge_commit_title": "PR_TITLE",
            "ssh_clone_url": "git@github.com:valkyrjaio/valkyrja-starter-app-python.git",
            "svn_url": "https://github.com/valkyrjaio/valkyrja-starter-app-python",
            "template": [
              {
                "include_all_branches": false,
                "owner": "valkyrjaio",
                "repository": "project-template-python"
              }
            ],
            "topics": [],
            "visibility": "public",
            "vulnerability_alerts": true,
            "web_commit_signoff_required": false
          },
          "sensitive_attributes": [],
          "private": "eyJzY2hlbWFfdmVyc2lvbiI6IjEifQ=="
        }
      ]
    },
    {
      "module": "module.repo[\"valkyrja-starter-app-python\"]",
      "mode": "managed",
      "type": "github_repository_ruleset",
      "name": "force_push_protection",
      "provider": "provider[\"registry.opentofu.org/integrations/github\"]",
      "instances": [
        {
          "schema_version": 1,
          "attributes": {
            "bypass_actors": [
              {
                "actor_id": 0,
                "actor_type": "OrganizationAdmin",
                "bypass_mode": "always"
              }
            ],
            "conditions": [
              {
                "ref_name": [
                  {
                    "exclude": [],
                    "include": [
                      "refs/heads/??.x"
                    ]
                  }
                ]
              }
            ],
            "enforcement": "active",
            "etag": "W/\"8a75bfb7647cc5d3782e7fcfb7c0b66ee12b529301da6aeeffef05f35f6f6c17\"",
            "id": "20276776",
            "name": "Protect Against Force Pushes and Deletion",
            "node_id": "RRS_lACqUmVwb3NpdG9yec5OwkfUzgE1Zig",
            "repository": "valkyrja-starter-app-python",
            "rules": [
              {
                "branch_name_pattern": [],
                "commit_author_email_pattern": [],
                "commit_message_pattern": [],
                "committer_email_pattern": [],
                "copilot_code_review": [],
                "creation": false,
                "deletion": true,
                "file_extension_restriction": [],
                "file_path_restriction": [],
                "max_file_path_length": [],
                "max_file_size": [],
                "merge_queue": [],
                "non_fast_forward": true,
                "pull_request": [],
                "required_code_scanning": [],
                "required_deployments": [],
                "required_linear_history": false,
                "required_signatures": false,
                "required_status_checks": [],
                "tag_name_pattern": [],
                "update": false,
                "update_allows_fetch_and_merge": false
              }
            ],
            "ruleset_id": 20276776,
            "target": "branch"
          },
          "sensitive_attributes": [],
          "private": "eyJzY2hlbWFfdmVyc2lvbiI6IjEifQ==",
          "dependencies": [
            "module.repo.github_repository.this"
          ]
        }
      ]
    },
    {
      "module": "module.repo[\"valkyrja-starter-app-python\"]",
      "mode": "managed",
      "type": "github_repository_ruleset",
      "name": "protect_master",
      "provider": "provider[\"registry.opentofu.org/integrations/github\"]",
      "instances": [
        {
          "schema_version": 1,
          "attributes": {
            "bypass_actors": [],
            "conditions": [
              {
                "ref_name": [
                  {
                    "exclude": [],
                    "include": [
                      "refs/heads/master"
                    ]
                  }
                ]
              }
            ],
            "enforcement": "active",
            "etag": "W/\"b93569f9a1d953bd8d3ec966a0eea368841693a4e621b6409ee089a82ac4c21b\"",
            "id": "20276777",
            "name": "Protect Master At All Times",
            "node_id": "RRS_lACqUmVwb3NpdG9yec5OwkfUzgE1Zik",
            "repository": "valkyrja-starter-app-python",
            "rules": [
              {
                "branch_name_pattern": [],
                "commit_author_email_pattern": [],
                "commit_message_pattern": [],
                "committer_email_pattern": [],
                "copilot_code_review": [],
                "creation": false,
                "deletion": true,
                "file_extension_restriction": [],
                "file_path_restriction": [],
                "max_file_path_length": [],
                "max_file_size": [],
                "merge_queue": [],
                "non_fast_forward": true,
                "pull_request": [],
                "required_code_scanning": [],
                "required_deployments": [],
                "required_linear_history": false,
                "required_signatures": false,
                "required_status_checks": [],
                "tag_name_pattern": [],
                "update": false,
                "update_allows_fetch_and_merge": false
              }
            ],
            "ruleset_id": 20276777,
            "target": "branch"
          },
          "sensitive_attributes": [],
          "private": "eyJzY2hlbWFfdmVyc2lvbiI6IjEifQ==",
          "dependencies": [
            "module.repo.github_repository.this"
          ]
        }
      ]
    },
    {
      "module": "module.repo[\"valkyrja-starter-app-python\"]",
      "mode": "managed",
      "type": "github_repository_ruleset",
      "name": "protect_release_tags",
      "provider": "provider[\"registry.opentofu.org/integrations/github\"]",
      "instances": [
        {
          "schema_version": 1,
          "attributes": {
            "bypass_actors": [
              {
                "actor_id": 0,
                "actor_type": "OrganizationAdmin",
                "bypass_mode": "always"
              }
            ],
            "conditions": [
              {
                "ref_name": [
                  {
                    "exclude": [],
                    "include": [
                      "refs/tags/*.*.*"
                    ]
                  }
                ]
              }
            ],
            "enforcement": "active",
            "etag": "W/\"167c2d13ac65632a22ad656d9ddd22e21fbff5d52484c797282b1333745fa883\"",
            "id": "20276779",
            "name": "Protect Release Tags",
            "node_id": "RRS_lACqUmVwb3NpdG9yec5OwkfUzgE1Zis",
            "repository": "valkyrja-starter-app-python",
            "rules": [
              {
                "branch_name_pattern": [],
                "commit_author_email_pattern": [],
                "commit_message_pattern": [],
                "committer_email_pattern": [],
                "copilot_code_review": [],
                "creation": false,
                "deletion": true,
                "file_extension_restriction": [],
                "file_path_restriction": [],
                "max_file_path_length": [],
                "max_file_size": [],
                "merge_queue": [],
                "non_fast_forward": true,
                "pull_request": [],
                "required_code_scanning": [],
                "required_deployments": [],
                "required_linear_history": false,
                "required_signatures": false,
                "required_status_checks": [],
                "tag_name_pattern": [],
                "update": false,
                "update_allows_fetch_and_merge": false
              }
            ],
            "ruleset_id": 20276779,
            "target": "tag"
          },
          "sensitive_attributes": [],
          "private": "eyJzY2hlbWFfdmVyc2lvbiI6IjEifQ==",
          "dependencies": [
            "module.repo.github_repository.this"
          ]
        }
      ]
    },
    {
      "module": "module.repo[\"valkyrja-starter-app-python\"]",
      "mode": "managed",
      "type": "github_repository_ruleset",
      "name": "require_pull_request",
      "provider": "provider[\"registry.opentofu.org/integrations/github\"]",
      "instances": [
        {
          "schema_version": 1,
          "attributes": {
            "bypass_actors": [
              {
                "actor_id": 0,
                "actor_type": "OrganizationAdmin",
                "bypass_mode": "always"
              },
              {
                "actor_id": 2462900,
                "actor_type": "Integration",
                "bypass_mode": "always"
              }
            ],
            "conditions": [
              {
                "ref_name": [
                  {
                    "exclude": [],
                    "include": [
                      "~DEFAULT_BRANCH",
                      "refs/heads/??.x",
                      "refs/heads/master"
                    ]
                  }
                ]
              }
            ],
            "enforcement": "active",
            "etag": "W/\"70495cff7f9a2d21e2040d96f40a7cf1e40061d6355cdda51d42c469348dbcf2\"",
            "id": "20276780",
            "name": "Require Pull Request",
            "node_id": "RRS_lACqUmVwb3NpdG9yec5OwkfUzgE1Ziw",
            "repository": "valkyrja-starter-app-python",
            "rules": [
              {
                "branch_name_pattern": [],
                "commit_author_email_pattern": [],
                "commit_message_pattern": [],
                "committer_email_pattern": [],
                "copilot_code_review": [],
                "creation": false,
                "deletion": false,
                "file_extension_restriction": [],
                "file_path_restriction": [],
                "max_file_path_length": [],
                "max_file_size": [],
                "merge_queue": [],
                "non_fast_forward": false,
                "pull_request": [
                  {
                    "allowed_merge_methods": [
                      "squash"
                    ],
                    "dismiss_stale_reviews_on_push": false,
                    "require_code_owner_review": true,
                    "require_last_push_approval": false,
                    "required_approving_review_count": 0,
                    "required_review_thread_resolution": false,
                    "required_reviewers": []
                  }
                ],
                "required_code_scanning": [],
                "required_deployments": [],
                "required_linear_history": false,
                "required_signatures": false,
                "required_status_checks": [],
                "tag_name_pattern": [],
                "update": false,
                "update_allows_fetch_and_merge": false
              }
            ],
            "ruleset_id": 20276780,
            "target": "branch"
          },
          "sensitive_attributes": [],
          "private": "eyJzY2hlbWFfdmVyc2lvbiI6IjEifQ==",
          "dependencies": [
            "github_team.approvers",
            "module.repo.github_repository.this"
          ]
        }
      ]
    },
    {
      "module": "module.repo[\"valkyrja-starter-app-python\"]",
      "mode": "managed",
      "type": "github_repository_ruleset",
      "name": "required_default_checks",
      "provider": "provider[\"registry.opentofu.org/integrations/github\"]",
      "instances": [
        {
          "schema_version": 1,
          "attributes": {
            "bypass_actors": [
              {
                "actor_id": 0,
                "actor_type": "OrganizationAdmin",
                "bypass_mode": "always"
              },
              {
                "actor_id": 2462900,
                "actor_type": "Integration",
                "bypass_mode": "always"
              }
            ],
            "conditions": [
              {
                "ref_name": [
                  {
                    "exclude": [],
                    "include": [
                      "~DEFAULT_BRANCH",
                      "refs/heads/??.x"
                    ]
                  }
                ]
              }
            ],
            "enforcement": "active",
            "etag": "W/\"568309137c6a941befac2597593bfd93164bfeb0a62b2b1ae11db5a1a71ce8e4\"",
            "id": "20276781",
            "name": "Required Default PR Checks",
            "node_id": "RRS_lACqUmVwb3NpdG9yec5OwkfUzgE1Zi0",
            "repository": "valkyrja-starter-app-python",
            "rules": [
              {
                "branch_name_pattern": [],
                "commit_author_email_pattern": [],
                "commit_message_pattern": [],
                "committer_email_pattern": [],
                "copilot_code_review": [],
                "creation": false,
                "deletion": false,
                "file_extension_restriction": [],
                "file_path_restriction": [],
                "max_file_path_length": [],
                "max_file_size": [],
                "merge_queue": [],
                "non_fast_forward": false,
                "pull_request": [],
                "required_code_scanning": [],
                "required_deployments": [],
                "required_linear_history": false,
                "required_signatures": false,
                "required_status_checks": [
                  {
                    "do_not_enforce_on_create": false,
                    "required_check": [
                      {
                        "context": "Commit Message Check / Check Commit Message",
                        "integration_id": 15368
                      },
                      {
                        "context": "Copyright Header Check / Check Copyright Header",
                        "integration_id": 15368
                      },
                      {
                        "context": "Markdown Check / Check Markdown",
                        "integration_id": 15368
                      },
                      {
                        "context": "Trailing Newline Check / Check Trailing Newline",
                        "integration_id": 15368
                      }
                    ],
                    "strict_required_status_checks_policy": false
                  }
                ],
                "tag_name_pattern": [],
                "update": false,
                "update_allows_fetch_and_merge": false
              }
            ],
            "ruleset_id": 20276781,
            "target": "branch"
          },
          "sensitive_attributes": [],
          "private": "eyJzY2hlbWFfdmVyc2lvbiI6IjEifQ==",
          "dependencies": [
            "module.repo.github_repository.this"
          ]
        }
      ]
    },
    {
      "module": "module.repo[\"valkyrja-starter-app-python\"]",
      "mode": "managed",
      "type": "github_repository_ruleset",
      "name": "required_language_checks",
      "provider": "provider[\"registry.opentofu.org/integrations/github\"]",
      "instances": [
        {
          "index_key": 0,
          "schema_version": 1,
          "attributes": {
            "bypass_actors": [
              {
                "actor_id": 0,
                "actor_type": "OrganizationAdmin",
                "bypass_mode": "always"
              },
              {
                "actor_id": 2462900,
                "actor_type": "Integration",
                "bypass_mode": "always"
              }
            ],
            "conditions": [
              {
                "ref_name": [
                  {
                    "exclude": [],
                    "include": [
                      "~DEFAULT_BRANCH",
                      "refs/heads/??.x"
                    ]
                  }
                ]
              }
            ],
            "enforcement": "active",
            "etag": "W/\"6d85b3a222c9ae53ebe99cc134e7afcc826e63c4c5d259127e2ad0f9b9e9f32f\"",
            "id": "20276783",
            "name": "Required Python PR Checks",
            "node_id": "RRS_lACqUmVwb3NpdG9yec5OwkfUzgE1Zi8",
            "repository": "valkyrja-starter-app-python",
            "rules": [
              {
                "branch_name_pattern": [],
                "commit_author_email_pattern": [],
                "commit_message_pattern": [],
                "committer_email_pattern": [],
                "copilot_code_review": [],
                "creation": false,
                "deletion": false,
                "file_extension_restriction": [],
                "file_path_restriction": [],
                "max_file_path_length": [],
                "max_file_size": [],
                "merge_queue": [],
                "non_fast_forward": false,
                "pull_request": [],
                "required_code_scanning": [],
                "required_deployments": [],
                "required_linear_history": false,
                "required_signatures": false,
                "required_status_checks": [
                  {
                    "do_not_enforce_on_create": false,
                    "required_check": [
                      {
                        "context": "Tools / Bandit / Bandit",
                        "integration_id": 15368
                      },
                      {
                        "context": "Tools / Ruff / Ruff",
                        "integration_id": 15368
                      },
                      {
                        "context": "Tools / import-linter / import-linter",
                        "integration_id": 15368
                      },
                      {
                        "context": "Tools / mypy / mypy",
                        "integration_id": 15368
                      },
                      {
                        "context": "Tools / pytest / pytest",
                        "integration_id": 15368
                      }
                    ],
                    "strict_required_status_checks_policy": false
                  }
                ],
                "tag_name_pattern": [],
                "update": false,
                "update_allows_fetch_and_merge": false
              }
            ],
            "ruleset_id": 20276783,
            "target": "branch"
          },
          "sensitive_attributes": [],
          "private": "eyJzY2hlbWFfdmVyc2lvbiI6IjEifQ==",
          "dependencies": [
            "module.repo.github_repository.this"
          ]
        }
      ]
    },
    {
      "module": "module.repo[\"valkyrja-starter-app-python\"]",
      "mode": "managed",
      "type": "github_repository_ruleset",
      "name": "restrict_unsupported_branches",
      "provider": "provider[\"registry.opentofu.org/integrations/github\"]",
      "instances": [
        {
          "schema_version": 1,
          "attributes": {
            "bypass_actors": [
              {
                "actor_id": 2462900,
                "actor_type": "Integration",
                "bypass_mode": "always"
              }
            ],
            "conditions": [
              {
                "ref_name": [
                  {
                    "exclude": [],
                    "include": [
                      "refs/heads/??.x-backup",
                      "refs/heads/master-backup"
                    ]
                  }
                ]
              }
            ],
            "enforcement": "active",
            "etag": "W/\"547053190dd38b7daee36b6926732db4f35ca7c7104b4f78e027a92054f88921\"",
            "id": "20276782",
            "name": "Restrict Changes to Unsupported Branches",
            "node_id": "RRS_lACqUmVwb3NpdG9yec5OwkfUzgE1Zi4",
            "repository": "valkyrja-starter-app-python",
            "rules": [
              {
                "branch_name_pattern": [],
                "commit_author_email_pattern": [],
                "commit_message_pattern": [],
                "committer_email_pattern": [],
                "copilot_code_review": [],
                "creation": true,
                "deletion": true,
                "file_extension_restriction": [],
                "file_path_restriction": [],
                "max_file_path_length": [],
                "max_file_size": [],
                "merge_queue": [],
                "non_fast_forward": true,
                "pull_request": [],
                "required_code_scanning": [],
                "required_deployments": [],
                "required_linear_history": false,
                "required_signatures": false,
                "required_status_checks": [],
                "tag_name_pattern": [],
                "update": true,
                "update_allows_fetch_and_merge": false
              }
            ],
            "ruleset_id": 20276782,
            "target": "branch"
          },
          "sensitive_attributes": [],
          "private": "eyJzY2hlbWFfdmVyc2lvbiI6IjEifQ==",
          "dependencies": [
            "module.repo.github_repository.this"
          ]
        }
      ]
    },
    {
      "module": "module.repo[\"valkyrja-starter-app-python\"]",
      "mode": "managed",
      "type": "github_repository_vulnerability_alerts",
      "name": "this",
      "provider": "provider[\"registry.opentofu.org/integrations/github\"]",
      "instances": [
        {
          "schema_version": 0,
          "attributes": {
            "enabled": true,
            "id": "1321355220",
            "repository": "valkyrja-starter-app-python",
            "repository_id": 1321355220
          },
          "sensitive_attributes": [],
          "private": "eyJzY2hlbWFfdmVyc2lvbiI6IjAifQ==",
          "dependencies": [
            "module.repo.github_repository.this"
          ]
        }
      ]
    },
    {
      "module": "module.repo[\"valkyrja-starter-app-python\"]",
      "mode": "managed",
      "type": "github_team_repository",
      "name": "approvers",
      "provider": "provider[\"registry.opentofu.org/integrations/github\"]",
      "instances": [
        {
          "index_key": 0,
          "schema_version": 0,
          "attributes": {
            "etag": "W/\"be494e57c3e4631a7e0a4bad7aa47d6baf6e248c53152ff8b3480939bd45c0b7\"",
            "id": "18867552:valkyrja-starter-app-python",
            "permission": "push",
            "repository": "valkyrja-starter-app-python",
            "team_id": "approvers"
          },
          "sensitive_attributes": [],
          "private": "bnVsbA==",
          "dependencies": [
            "module.repo.github_repository.this"
          ]
        }
      ]
    },
    {
      "module": "module.repo[\"valkyrja-starter-app-ts\"]",
      "mode": "managed",
      "type": "github_issue_label",
      "name": "claude_review",
      "provider": "provider[\"registry.opentofu.org/integrations/github\"]",
      "instances": [
        {
          "schema_version": 0,
          "attributes": {
            "color": "5319e7",
            "description": "Ask Claude to review this pull request",
            "etag": "W/\"70a381e4fd261ab546f345b50b8833aec3e934516456fac15ea624d1a0bc9874\"",
            "id": "valkyrja-starter-app-ts:claude-review",
            "name": "claude-review",
            "repository": "valkyrja-starter-app-ts",
            "url": "https://api.github.com/repos/valkyrjaio/valkyrja-starter-app-ts/labels/claude-review"
          },
          "sensitive_attributes": [],
          "private": "eyJzY2hlbWFfdmVyc2lvbiI6IjAifQ==",
          "dependencies": [
            "module.repo.github_repository.this"
          ]
        }
      ]
    },
    {
      "module": "module.repo[\"valkyrja-starter-app-ts\"]",
      "mode": "managed",
      "type": "github_repository",
      "name": "this",
      "provider": "provider[\"registry.opentofu.org/integrations/github\"]",
      "instances": [
        {
          "schema_version": 1,
          "attributes": {
            "allow_auto_merge": false,
            "allow_forking": true,
            "allow_merge_commit": false,
            "allow_rebase_merge": false,
            "allow_squash_merge": true,
            "allow_update_branch": false,
            "archive_on_destroy": null,
            "archived": false,
            "auto_init": false,
            "default_branch": "26.x",
            "delete_branch_on_merge": true,
            "description": "Starter application template for building on the Valkyrja TypeScript framework",
            "etag": "W/\"480383adb12220051c219f43b5dec2fd9518e5ab13fe1b10fb06c61b06f1a7dc\"",
            "fork": "false",
            "full_name": "valkyrjaio/valkyrja-starter-app-ts",
            "git_clone_url": "git://github.com/valkyrjaio/valkyrja-starter-app-ts.git",
            "gitignore_template": null,
            "has_discussions": false,
            "has_downloads": false,
            "has_issues": true,
            "has_projects": false,
            "has_wiki": false,
            "homepage_url": "",
            "html_url": "https://github.com/valkyrjaio/valkyrja-starter-app-ts",
            "http_clone_url": "https://github.com/valkyrjaio/valkyrja-starter-app-ts.git",
            "id": "valkyrja-starter-app-ts",
            "ignore_vulnerability_alerts_during_read": null,
            "is_template": true,
            "license_template": null,
            "merge_commit_message": "PR_TITLE",
            "merge_commit_title": "MERGE_MESSAGE",
            "name": "valkyrja-starter-app-ts",
            "node_id": "R_kgDOSXHJ2w",
            "pages": [],
            "primary_language": "TypeScript",
            "private": false,
            "repo_id": 1232194011,
            "security_and_analysis": [
              {
                "advanced_security": [],
                "code_security": [],
                "secret_scanning": [
                  {
                    "status": "disabled"
                  }
                ],
                "secret_scanning_ai_detection": [],
                "secret_scanning_non_provider_patterns": [],
                "secret_scanning_push_protection": [
                  {
                    "status": "disabled"
                  }
                ]
              }
            ],
            "source_owner": "",
            "source_repo": "",
            "squash_merge_commit_message": "PR_BODY",
            "squash_merge_commit_title": "PR_TITLE",
            "ssh_clone_url": "git@github.com:valkyrjaio/valkyrja-starter-app-ts.git",
            "svn_url": "https://github.com/valkyrjaio/valkyrja-starter-app-ts",
            "template": [],
            "topics": [],
            "visibility": "public",
            "vulnerability_alerts": true,
            "web_commit_signoff_required": false
          },
          "sensitive_attributes": [],
          "private": "eyJzY2hlbWFfdmVyc2lvbiI6IjEifQ=="
        }
      ]
    },
    {
      "module": "module.repo[\"valkyrja-starter-app-ts\"]",
      "mode": "managed",
      "type": "github_repository_ruleset",
      "name": "extra_checks",
      "provider": "provider[\"registry.opentofu.org/integrations/github\"]",
      "instances": [
        {
          "index_key": "Required Starter App PR Checks",
          "schema_version": 1,
          "attributes": {
            "bypass_actors": [
              {
                "actor_id": 0,
                "actor_type": "OrganizationAdmin",
                "bypass_mode": "always"
              },
              {
                "actor_id": 2462900,
                "actor_type": "Integration",
                "bypass_mode": "always"
              }
            ],
            "conditions": [
              {
                "ref_name": [
                  {
                    "exclude": [],
                    "include": [
                      "~DEFAULT_BRANCH",
                      "refs/heads/??.x"
                    ]
                  }
                ]
              }
            ],
            "enforcement": "active",
            "etag": "W/\"b019f8b9cd172f73ce6bf61d3e0ed4bbf1e24e5218d3bac46dc6d1bc99273c45\"",
            "id": "19872612",
            "name": "Required Starter App PR Checks",
            "node_id": "RRS_lACqUmVwb3NpdG9yec5JccnbzgEvO2Q",
            "repository": "valkyrja-starter-app-ts",
            "rules": [
              {
                "branch_name_pattern": [],
                "commit_author_email_pattern": [],
                "commit_message_pattern": [],
                "committer_email_pattern": [],
                "copilot_code_review": [],
                "creation": false,
                "deletion": false,
                "file_extension_restriction": [],
                "file_path_restriction": [],
                "max_file_path_length": [],
                "max_file_size": [],
                "merge_queue": [],
                "non_fast_forward": false,
                "pull_request": [],
                "required_code_scanning": [],
                "required_deployments": [],
                "required_linear_history": false,
                "required_signatures": false,
                "required_status_checks": [
                  {
                    "do_not_enforce_on_create": false,
                    "required_check": [
                      {
                        "context": "Sindri Vitest",
                        "integration_id": 15368
                      }
                    ],
                    "strict_required_status_checks_policy": false
                  }
                ],
                "tag_name_pattern": [],
                "update": false,
                "update_allows_fetch_and_merge": false
              }
            ],
            "ruleset_id": 19872612,
            "target": "branch"
          },
          "sensitive_attributes": [],
          "private": "eyJzY2hlbWFfdmVyc2lvbiI6IjEifQ==",
          "dependencies": [
            "module.repo.github_repository.this"
          ]
        }
      ]
    },
    {
      "module": "module.repo[\"valkyrja-starter-app-ts\"]",
      "mode": "managed",
      "type": "github_repository_ruleset",
      "name": "force_push_protection",
      "provider": "provider[\"registry.opentofu.org/integrations/github\"]",
      "instances": [
        {
          "schema_version": 1,
          "attributes": {
            "bypass_actors": [
              {
                "actor_id": 0,
                "actor_type": "OrganizationAdmin",
                "bypass_mode": "always"
              }
            ],
            "conditions": [
              {
                "ref_name": [
                  {
                    "exclude": [],
                    "include": [
                      "refs/heads/??.x"
                    ]
                  }
                ]
              }
            ],
            "enforcement": "active",
            "etag": "W/\"4032ee9e4ae18cf566382bc4228ac10cff9d2cc2441df878a5e72ec786f0e1d9\"",
            "id": "16097061",
            "name": "Protect Against Force Pushes and Deletion",
            "node_id": "RRS_lACqUmVwb3NpdG9yec5JccnbzgD1nyU",
            "repository": "valkyrja-starter-app-ts",
            "rules": [
              {
                "branch_name_pattern": [],
                "commit_author_email_pattern": [],
                "commit_message_pattern": [],
                "committer_email_pattern": [],
                "copilot_code_review": [],
                "creation": false,
                "deletion": true,
                "file_extension_restriction": [],
                "file_path_restriction": [],
                "max_file_path_length": [],
                "max_file_size": [],
                "merge_queue": [],
                "non_fast_forward": true,
                "pull_request": [],
                "required_code_scanning": [],
                "required_deployments": [],
                "required_linear_history": false,
                "required_signatures": false,
                "required_status_checks": [],
                "tag_name_pattern": [],
                "update": false,
                "update_allows_fetch_and_merge": false
              }
            ],
            "ruleset_id": 16097061,
            "target": "branch"
          },
          "sensitive_attributes": [],
          "private": "eyJzY2hlbWFfdmVyc2lvbiI6IjEifQ==",
          "dependencies": [
            "module.repo.github_repository.this"
          ]
        }
      ]
    },
    {
      "module": "module.repo[\"valkyrja-starter-app-ts\"]",
      "mode": "managed",
      "type": "github_repository_ruleset",
      "name": "protect_master",
      "provider": "provider[\"registry.opentofu.org/integrations/github\"]",
      "instances": [
        {
          "schema_version": 1,
          "attributes": {
            "bypass_actors": [],
            "conditions": [
              {
                "ref_name": [
                  {
                    "exclude": [],
                    "include": [
                      "refs/heads/master"
                    ]
                  }
                ]
              }
            ],
            "enforcement": "active",
            "etag": "W/\"2c6474cc8dba4c907e24fe7aa783156127fb6584e6974501b436619b0a031778\"",
            "id": "16097063",
            "name": "Protect Master At All Times",
            "node_id": "RRS_lACqUmVwb3NpdG9yec5JccnbzgD1nyc",
            "repository": "valkyrja-starter-app-ts",
            "rules": [
              {
                "branch_name_pattern": [],
                "commit_author_email_pattern": [],
                "commit_message_pattern": [],
                "committer_email_pattern": [],
                "copilot_code_review": [],
                "creation": false,
                "deletion": true,
                "file_extension_restriction": [],
                "file_path_restriction": [],
                "max_file_path_length": [],
                "max_file_size": [],
                "merge_queue": [],
                "non_fast_forward": true,
                "pull_request": [],
                "required_code_scanning": [],
                "required_deployments": [],
                "required_linear_history": false,
                "required_signatures": false,
                "required_status_checks": [],
                "tag_name_pattern": [],
                "update": false,
                "update_allows_fetch_and_merge": false
              }
            ],
            "ruleset_id": 16097063,
            "target": "branch"
          },
          "sensitive_attributes": [],
          "private": "eyJzY2hlbWFfdmVyc2lvbiI6IjEifQ==",
          "dependencies": [
            "module.repo.github_repository.this"
          ]
        }
      ]
    },
    {
      "module": "module.repo[\"valkyrja-starter-app-ts\"]",
      "mode": "managed",
      "type": "github_repository_ruleset",
      "name": "protect_release_tags",
      "provider": "provider[\"registry.opentofu.org/integrations/github\"]",
      "instances": [
        {
          "schema_version": 1,
          "attributes": {
            "bypass_actors": [
              {
                "actor_id": 0,
                "actor_type": "OrganizationAdmin",
                "bypass_mode": "always"
              }
            ],
            "conditions": [
              {
                "ref_name": [
                  {
                    "exclude": [],
                    "include": [
                      "refs/tags/*.*.*"
                    ]
                  }
                ]
              }
            ],
            "enforcement": "active",
            "etag": "W/\"76218703e17876a0e7b7a9d985815bebc2e7f6573308ce0edc1b79d33f106464\"",
            "id": "16097064",
            "name": "Protect Release Tags",
            "node_id": "RRS_lACqUmVwb3NpdG9yec5JccnbzgD1nyg",
            "repository": "valkyrja-starter-app-ts",
            "rules": [
              {
                "branch_name_pattern": [],
                "commit_author_email_pattern": [],
                "commit_message_pattern": [],
                "committer_email_pattern": [],
                "copilot_code_review": [],
                "creation": false,
                "deletion": true,
                "file_extension_restriction": [],
                "file_path_restriction": [],
                "max_file_path_length": [],
                "max_file_size": [],
                "merge_queue": [],
                "non_fast_forward": true,
                "pull_request": [],
                "required_code_scanning": [],
                "required_deployments": [],
                "required_linear_history": false,
                "required_signatures": false,
                "required_status_checks": [],
                "tag_name_pattern": [],
                "update": false,
                "update_allows_fetch_and_merge": false
              }
            ],
            "ruleset_id": 16097064,
            "target": "tag"
          },
          "sensitive_attributes": [],
          "private": "eyJzY2hlbWFfdmVyc2lvbiI6IjEifQ==",
          "dependencies": [
            "module.repo.github_repository.this"
          ]
        }
      ]
    },
    {
      "module": "module.repo[\"valkyrja-starter-app-ts\"]",
      "mode": "managed",
      "type": "github_repository_ruleset",
      "name": "require_pull_request",
      "provider": "provider[\"registry.opentofu.org/integrations/github\"]",
      "instances": [
        {
          "schema_version": 1,
          "attributes": {
            "bypass_actors": [
              {
                "actor_id": 0,
                "actor_type": "OrganizationAdmin",
                "bypass_mode": "always"
              },
              {
                "actor_id": 2462900,
                "actor_type": "Integration",
                "bypass_mode": "always"
              }
            ],
            "conditions": [
              {
                "ref_name": [
                  {
                    "exclude": [],
                    "include": [
                      "~DEFAULT_BRANCH",
                      "refs/heads/??.x",
                      "refs/heads/master"
                    ]
                  }
                ]
              }
            ],
            "enforcement": "active",
            "etag": "W/\"da00fd2c3f1d65ed7ac25f3c96527ed784e18a71974560dce8309897402e01b9\"",
            "id": "16097065",
            "name": "Require Pull Request",
            "node_id": "RRS_lACqUmVwb3NpdG9yec5JccnbzgD1nyk",
            "repository": "valkyrja-starter-app-ts",
            "rules": [
              {
                "branch_name_pattern": [],
                "commit_author_email_pattern": [],
                "commit_message_pattern": [],
                "committer_email_pattern": [],
                "copilot_code_review": [],
                "creation": false,
                "deletion": false,
                "file_extension_restriction": [],
                "file_path_restriction": [],
                "max_file_path_length": [],
                "max_file_size": [],
                "merge_queue": [],
                "non_fast_forward": false,
                "pull_request": [
                  {
                    "allowed_merge_methods": [
                      "squash"
                    ],
                    "dismiss_stale_reviews_on_push": false,
                    "require_code_owner_review": true,
                    "require_last_push_approval": false,
                    "required_approving_review_count": 0,
                    "required_review_thread_resolution": false,
                    "required_reviewers": []
                  }
                ],
                "required_code_scanning": [],
                "required_deployments": [],
                "required_linear_history": false,
                "required_signatures": false,
                "required_status_checks": [],
                "tag_name_pattern": [],
                "update": false,
                "update_allows_fetch_and_merge": false
              }
            ],
            "ruleset_id": 16097065,
            "target": "branch"
          },
          "sensitive_attributes": [],
          "private": "eyJzY2hlbWFfdmVyc2lvbiI6IjEifQ==",
          "dependencies": [
            "github_team.approvers",
            "module.repo.github_repository.this"
          ]
        }
      ]
    },
    {
      "module": "module.repo[\"valkyrja-starter-app-ts\"]",
      "mode": "managed",
      "type": "github_repository_ruleset",
      "name": "required_default_checks",
      "provider": "provider[\"registry.opentofu.org/integrations/github\"]",
      "instances": [
        {
          "schema_version": 1,
          "attributes": {
            "bypass_actors": [
              {
                "actor_id": 0,
                "actor_type": "OrganizationAdmin",
                "bypass_mode": "always"
              },
              {
                "actor_id": 2462900,
                "actor_type": "Integration",
                "bypass_mode": "always"
              }
            ],
            "conditions": [
              {
                "ref_name": [
                  {
                    "exclude": [],
                    "include": [
                      "~DEFAULT_BRANCH",
                      "refs/heads/??.x"
                    ]
                  }
                ]
              }
            ],
            "enforcement": "active",
            "etag": "W/\"981eb06e57f69a445207ba24bb35dfe818dba81887a14c1f9d40f06c99f6c408\"",
            "id": "16097067",
            "name": "Required Default PR Checks",
            "node_id": "RRS_lACqUmVwb3NpdG9yec5JccnbzgD1nys",
            "repository": "valkyrja-starter-app-ts",
            "rules": [
              {
                "branch_name_pattern": [],
                "commit_author_email_pattern": [],
                "commit_message_pattern": [],
                "committer_email_pattern": [],
                "copilot_code_review": [],
                "creation": false,
                "deletion": false,
                "file_extension_restriction": [],
                "file_path_restriction": [],
                "max_file_path_length": [],
                "max_file_size": [],
                "merge_queue": [],
                "non_fast_forward": false,
                "pull_request": [],
                "required_code_scanning": [],
                "required_deployments": [],
                "required_linear_history": false,
                "required_signatures": false,
                "required_status_checks": [
                  {
                    "do_not_enforce_on_create": false,
                    "required_check": [
                      {
                        "context": "Commit Message Check / Check Commit Message",
                        "integration_id": 15368
                      },
                      {
                        "context": "Copyright Header Check / Check Copyright Header",
                        "integration_id": 15368
                      },
                      {
                        "context": "Markdown Check / Check Markdown",
                        "integration_id": 15368
                      },
                      {
                        "context": "Trailing Newline Check / Check Trailing Newline",
                        "integration_id": 15368
                      }
                    ],
                    "strict_required_status_checks_policy": false
                  }
                ],
                "tag_name_pattern": [],
                "update": false,
                "update_allows_fetch_and_merge": false
              }
            ],
            "ruleset_id": 16097067,
            "target": "branch"
          },
          "sensitive_attributes": [],
          "private": "eyJzY2hlbWFfdmVyc2lvbiI6IjEifQ==",
          "dependencies": [
            "module.repo.github_repository.this"
          ]
        }
      ]
    },
    {
      "module": "module.repo[\"valkyrja-starter-app-ts\"]",
      "mode": "managed",
      "type": "github_repository_ruleset",
      "name": "required_language_checks",
      "provider": "provider[\"registry.opentofu.org/integrations/github\"]",
      "instances": [
        {
          "index_key": 0,
          "schema_version": 1,
          "attributes": {
            "bypass_actors": [
              {
                "actor_id": 0,
                "actor_type": "OrganizationAdmin",
                "bypass_mode": "always"
              },
              {
                "actor_id": 2462900,
                "actor_type": "Integration",
                "bypass_mode": "always"
              }
            ],
            "conditions": [
              {
                "ref_name": [
                  {
                    "exclude": [],
                    "include": [
                      "~DEFAULT_BRANCH",
                      "refs/heads/??.x"
                    ]
                  }
                ]
              }
            ],
            "enforcement": "active",
            "etag": "W/\"be57e3d1eda5b14fac03f620bdc5816f94fd67dc1712b8d42db5576cdd9459e8\"",
            "id": "16538872",
            "name": "Required TypeScript PR Checks",
            "node_id": "RRS_lACqUmVwb3NpdG9yec5JccnbzgD8XPg",
            "repository": "valkyrja-starter-app-ts",
            "rules": [
              {
                "branch_name_pattern": [],
                "commit_author_email_pattern": [],
                "commit_message_pattern": [],
                "committer_email_pattern": [],
                "copilot_code_review": [],
                "creation": false,
                "deletion": false,
                "file_extension_restriction": [],
                "file_path_restriction": [],
                "max_file_path_length": [],
                "max_file_size": [],
                "merge_queue": [],
                "non_fast_forward": false,
                "pull_request": [],
                "required_code_scanning": [],
                "required_deployments": [],
                "required_linear_history": false,
                "required_signatures": false,
                "required_status_checks": [
                  {
                    "do_not_enforce_on_create": false,
                    "required_check": [
                      {
                        "context": "Tools / ESLint / ESLint",
                        "integration_id": 15368
                      },
                      {
                        "context": "Tools / Prettier / Prettier",
                        "integration_id": 15368
                      },
                      {
                        "context": "Tools / TypeScript / TypeScript",
                        "integration_id": 15368
                      },
                      {
                        "context": "Tools / Vitest / Vitest",
                        "integration_id": 15368
                      }
                    ],
                    "strict_required_status_checks_policy": false
                  }
                ],
                "tag_name_pattern": [],
                "update": false,
                "update_allows_fetch_and_merge": false
              }
            ],
            "ruleset_id": 16538872,
            "target": "branch"
          },
          "sensitive_attributes": [],
          "private": "eyJzY2hlbWFfdmVyc2lvbiI6IjEifQ==",
          "dependencies": [
            "module.repo.github_repository.this"
          ]
        }
      ]
    },
    {
      "module": "module.repo[\"valkyrja-starter-app-ts\"]",
      "mode": "managed",
      "type": "github_repository_ruleset",
      "name": "restrict_unsupported_branches",
      "provider": "provider[\"registry.opentofu.org/integrations/github\"]",
      "instances": [
        {
          "schema_version": 1,
          "attributes": {
            "bypass_actors": [
              {
                "actor_id": 2462900,
                "actor_type": "Integration",
                "bypass_mode": "always"
              }
            ],
            "conditions": [
              {
                "ref_name": [
                  {
                    "exclude": [],
                    "include": [
                      "refs/heads/??.x-backup",
                      "refs/heads/master-backup"
                    ]
                  }
                ]
              }
            ],
            "enforcement": "active",
            "etag": "W/\"fd24e01ecf2009f60a9154dd008c94d95a3562f326405e8accfee1da8dede1ba\"",
            "id": "16097068",
            "name": "Restrict Changes to Unsupported Branches",
            "node_id": "RRS_lACqUmVwb3NpdG9yec5JccnbzgD1nyw",
            "repository": "valkyrja-starter-app-ts",
            "rules": [
              {
                "branch_name_pattern": [],
                "commit_author_email_pattern": [],
                "commit_message_pattern": [],
                "committer_email_pattern": [],
                "copilot_code_review": [],
                "creation": true,
                "deletion": true,
                "file_extension_restriction": [],
                "file_path_restriction": [],
                "max_file_path_length": [],
                "max_file_size": [],
                "merge_queue": [],
                "non_fast_forward": true,
                "pull_request": [],
                "required_code_scanning": [],
                "required_deployments": [],
                "required_linear_history": false,
                "required_signatures": false,
                "required_status_checks": [],
                "tag_name_pattern": [],
                "update": true,
                "update_allows_fetch_and_merge": false
              }
            ],
            "ruleset_id": 16097068,
            "target": "branch"
          },
          "sensitive_attributes": [],
          "private": "eyJzY2hlbWFfdmVyc2lvbiI6IjEifQ==",
          "dependencies": [
            "module.repo.github_repository.this"
          ]
        }
      ]
    },
    {
      "module": "module.repo[\"valkyrja-starter-app-ts\"]",
      "mode": "managed",
      "type": "github_repository_vulnerability_alerts",
      "name": "this",
      "provider": "provider[\"registry.opentofu.org/integrations/github\"]",
      "instances": [
        {
          "schema_version": 0,
          "attributes": {
            "enabled": true,
            "id": "1232194011",
            "repository": "valkyrja-starter-app-ts",
            "repository_id": 1232194011
          },
          "sensitive_attributes": [],
          "private": "eyJzY2hlbWFfdmVyc2lvbiI6IjAifQ==",
          "dependencies": [
            "module.repo.github_repository.this"
          ]
        }
      ]
    },
    {
      "module": "module.repo[\"valkyrja-starter-app-ts\"]",
      "mode": "managed",
      "type": "github_team_repository",
      "name": "approvers",
      "provider": "provider[\"registry.opentofu.org/integrations/github\"]",
      "instances": [
        {
          "index_key": 0,
          "schema_version": 0,
          "attributes": {
            "etag": "W/\"4f2bd6c62ab5b3c6ef4153d6ff2c4d9ac8267aac3d9adf8a6e3bc5aadb5a651e\"",
            "id": "18867552:valkyrja-starter-app-ts",
            "permission": "push",
            "repository": "valkyrja-starter-app-ts",
            "team_id": "approvers"
          },
          "sensitive_attributes": [],
          "private": "bnVsbA==",
          "dependencies": [
            "module.repo.github_repository.this"
          ]
        }
      ]
    },
    {
      "module": "module.repo[\"valkyrja-ts\"]",
      "mode": "managed",
      "type": "github_issue_label",
      "name": "claude_review",
      "provider": "provider[\"registry.opentofu.org/integrations/github\"]",
      "instances": [
        {
          "schema_version": 0,
          "attributes": {
            "color": "5319e7",
            "description": "Ask Claude to review this pull request",
            "etag": "W/\"a3dc602c95c9df7c54971129cfcfdc3c5faac80092c3617bcf84f2bbc0be7f89\"",
            "id": "valkyrja-ts:claude-review",
            "name": "claude-review",
            "repository": "valkyrja-ts",
            "url": "https://api.github.com/repos/valkyrjaio/valkyrja-ts/labels/claude-review"
          },
          "sensitive_attributes": [],
          "private": "eyJzY2hlbWFfdmVyc2lvbiI6IjAifQ==",
          "dependencies": [
            "module.repo.github_repository.this"
          ]
        }
      ]
    },
    {
      "module": "module.repo[\"valkyrja-ts\"]",
      "mode": "managed",
      "type": "github_repository",
      "name": "this",
      "provider": "provider[\"registry.opentofu.org/integrations/github\"]",
      "instances": [
        {
          "schema_version": 1,
          "attributes": {
            "allow_auto_merge": false,
            "allow_forking": true,
            "allow_merge_commit": false,
            "allow_rebase_merge": false,
            "allow_squash_merge": true,
            "allow_update_branch": false,
            "archive_on_destroy": null,
            "archived": false,
            "auto_init": false,
            "default_branch": "26.x",
            "delete_branch_on_merge": true,
            "description": "Valkyrja is a fast, light, and robust TypeScript framework for web and console applications",
            "etag": "W/\"145343d4a5b588f88d3942f927850ce96f97e87c74c099a8bda5e510e4fd6235\"",
            "fork": "false",
            "full_name": "valkyrjaio/valkyrja-ts",
            "git_clone_url": "git://github.com/valkyrjaio/valkyrja-ts.git",
            "gitignore_template": null,
            "has_discussions": false,
            "has_downloads": false,
            "has_issues": true,
            "has_projects": false,
            "has_wiki": false,
            "homepage_url": "",
            "html_url": "https://github.com/valkyrjaio/valkyrja-ts",
            "http_clone_url": "https://github.com/valkyrjaio/valkyrja-ts.git",
            "id": "valkyrja-ts",
            "ignore_vulnerability_alerts_during_read": null,
            "is_template": false,
            "license_template": null,
            "merge_commit_message": "PR_TITLE",
            "merge_commit_title": "MERGE_MESSAGE",
            "name": "valkyrja-ts",
            "node_id": "R_kgDOSXHHTg",
            "pages": [],
            "primary_language": "TypeScript",
            "private": false,
            "repo_id": 1232193358,
            "security_and_analysis": [
              {
                "advanced_security": [],
                "code_security": [],
                "secret_scanning": [
                  {
                    "status": "disabled"
                  }
                ],
                "secret_scanning_ai_detection": [],
                "secret_scanning_non_provider_patterns": [],
                "secret_scanning_push_protection": [
                  {
                    "status": "disabled"
                  }
                ]
              }
            ],
            "source_owner": "",
            "source_repo": "",
            "squash_merge_commit_message": "PR_BODY",
            "squash_merge_commit_title": "PR_TITLE",
            "ssh_clone_url": "git@github.com:valkyrjaio/valkyrja-ts.git",
            "svn_url": "https://github.com/valkyrjaio/valkyrja-ts",
            "template": [],
            "topics": [
              "cli",
              "framework",
              "http",
              "mit",
              "mit-license",
              "typescript",
              "typescript-framework"
            ],
            "visibility": "public",
            "vulnerability_alerts": true,
            "web_commit_signoff_required": false
          },
          "sensitive_attributes": [],
          "private": "eyJzY2hlbWFfdmVyc2lvbiI6IjEifQ=="
        }
      ]
    },
    {
      "module": "module.repo[\"valkyrja-ts\"]",
      "mode": "managed",
      "type": "github_repository_ruleset",
      "name": "force_push_protection",
      "provider": "provider[\"registry.opentofu.org/integrations/github\"]",
      "instances": [
        {
          "schema_version": 1,
          "attributes": {
            "bypass_actors": [
              {
                "actor_id": 0,
                "actor_type": "OrganizationAdmin",
                "bypass_mode": "always"
              }
            ],
            "conditions": [
              {
                "ref_name": [
                  {
                    "exclude": [],
                    "include": [
                      "refs/heads/??.x"
                    ]
                  }
                ]
              }
            ],
            "enforcement": "active",
            "etag": "W/\"ac27d58fa35026a07870f8e02e153585547ddf80e68bba99757f8bc87d018225\"",
            "id": "16097038",
            "name": "Protect Against Force Pushes and Deletion",
            "node_id": "RRS_lACqUmVwb3NpdG9yec5JccdOzgD1nw4",
            "repository": "valkyrja-ts",
            "rules": [
              {
                "branch_name_pattern": [],
                "commit_author_email_pattern": [],
                "commit_message_pattern": [],
                "committer_email_pattern": [],
                "copilot_code_review": [],
                "creation": false,
                "deletion": true,
                "file_extension_restriction": [],
                "file_path_restriction": [],
                "max_file_path_length": [],
                "max_file_size": [],
                "merge_queue": [],
                "non_fast_forward": true,
                "pull_request": [],
                "required_code_scanning": [],
                "required_deployments": [],
                "required_linear_history": false,
                "required_signatures": false,
                "required_status_checks": [],
                "tag_name_pattern": [],
                "update": false,
                "update_allows_fetch_and_merge": false
              }
            ],
            "ruleset_id": 16097038,
            "target": "branch"
          },
          "sensitive_attributes": [],
          "private": "eyJzY2hlbWFfdmVyc2lvbiI6IjEifQ==",
          "dependencies": [
            "module.repo.github_repository.this"
          ]
        }
      ]
    },
    {
      "module": "module.repo[\"valkyrja-ts\"]",
      "mode": "managed",
      "type": "github_repository_ruleset",
      "name": "protect_master",
      "provider": "provider[\"registry.opentofu.org/integrations/github\"]",
      "instances": [
        {
          "schema_version": 1,
          "attributes": {
            "bypass_actors": [],
            "conditions": [
              {
                "ref_name": [
                  {
                    "exclude": [],
                    "include": [
                      "refs/heads/master"
                    ]
                  }
                ]
              }
            ],
            "enforcement": "active",
            "etag": "W/\"029caa3812a094f85525bc80f3e926c37d3451f2f9b140e2df3b2e43c538586f\"",
            "id": "16097039",
            "name": "Protect Master At All Times",
            "node_id": "RRS_lACqUmVwb3NpdG9yec5JccdOzgD1nw8",
            "repository": "valkyrja-ts",
            "rules": [
              {
                "branch_name_pattern": [],
                "commit_author_email_pattern": [],
                "commit_message_pattern": [],
                "committer_email_pattern": [],
                "copilot_code_review": [],
                "creation": false,
                "deletion": true,
                "file_extension_restriction": [],
                "file_path_restriction": [],
                "max_file_path_length": [],
                "max_file_size": [],
                "merge_queue": [],
                "non_fast_forward": true,
                "pull_request": [],
                "required_code_scanning": [],
                "required_deployments": [],
                "required_linear_history": false,
                "required_signatures": false,
                "required_status_checks": [],
                "tag_name_pattern": [],
                "update": false,
                "update_allows_fetch_and_merge": false
              }
            ],
            "ruleset_id": 16097039,
            "target": "branch"
          },
          "sensitive_attributes": [],
          "private": "eyJzY2hlbWFfdmVyc2lvbiI6IjEifQ==",
          "dependencies": [
            "module.repo.github_repository.this"
          ]
        }
      ]
    },
    {
      "module": "module.repo[\"valkyrja-ts\"]",
      "mode": "managed",
      "type": "github_repository_ruleset",
      "name": "protect_release_tags",
      "provider": "provider[\"registry.opentofu.org/integrations/github\"]",
      "instances": [
        {
          "schema_version": 1,
          "attributes": {
            "bypass_actors": [
              {
                "actor_id": 0,
                "actor_type": "OrganizationAdmin",
                "bypass_mode": "always"
              }
            ],
            "conditions": [
              {
                "ref_name": [
                  {
                    "exclude": [],
                    "include": [
                      "refs/tags/*.*.*"
                    ]
                  }
                ]
              }
            ],
            "enforcement": "active",
            "etag": "W/\"dc7149bb93126bded644ac4a9a3bed7e44c2af0d571006fabb9c71c1e2b5dafd\"",
            "id": "16097040",
            "name": "Protect Release Tags",
            "node_id": "RRS_lACqUmVwb3NpdG9yec5JccdOzgD1nxA",
            "repository": "valkyrja-ts",
            "rules": [
              {
                "branch_name_pattern": [],
                "commit_author_email_pattern": [],
                "commit_message_pattern": [],
                "committer_email_pattern": [],
                "copilot_code_review": [],
                "creation": false,
                "deletion": true,
                "file_extension_restriction": [],
                "file_path_restriction": [],
                "max_file_path_length": [],
                "max_file_size": [],
                "merge_queue": [],
                "non_fast_forward": true,
                "pull_request": [],
                "required_code_scanning": [],
                "required_deployments": [],
                "required_linear_history": false,
                "required_signatures": false,
                "required_status_checks": [],
                "tag_name_pattern": [],
                "update": false,
                "update_allows_fetch_and_merge": false
              }
            ],
            "ruleset_id": 16097040,
            "target": "tag"
          },
          "sensitive_attributes": [],
          "private": "eyJzY2hlbWFfdmVyc2lvbiI6IjEifQ==",
          "dependencies": [
            "module.repo.github_repository.this"
          ]
        }
      ]
    },
    {
      "module": "module.repo[\"valkyrja-ts\"]",
      "mode": "managed",
      "type": "github_repository_ruleset",
      "name": "require_pull_request",
      "provider": "provider[\"registry.opentofu.org/integrations/github\"]",
      "instances": [
        {
          "schema_version": 1,
          "attributes": {
            "bypass_actors": [
              {
                "actor_id": 0,
                "actor_type": "OrganizationAdmin",
                "bypass_mode": "always"
              },
              {
                "actor_id": 2462900,
                "actor_type": "Integration",
                "bypass_mode": "always"
              }
            ],
            "conditions": [
              {
                "ref_name": [
                  {
                    "exclude": [],
                    "include": [
                      "~DEFAULT_BRANCH",
                      "refs/heads/??.x",
                      "refs/heads/master"
                    ]
                  }
                ]
              }
            ],
            "enforcement": "active",
            "etag": "W/\"38d9f033ff38c3b178a4c9d887a051090e9c658d4a308717b9bf174ac8d06c05\"",
            "id": "16097041",
            "name": "Require Pull Request",
            "node_id": "RRS_lACqUmVwb3NpdG9yec5JccdOzgD1nxE",
            "repository": "valkyrja-ts",
            "rules": [
              {
                "branch_name_pattern": [],
                "commit_author_email_pattern": [],
                "commit_message_pattern": [],
                "committer_email_pattern": [],
                "copilot_code_review": [],
                "creation": false,
                "deletion": false,
                "file_extension_restriction": [],
                "file_path_restriction": [],
                "max_file_path_length": [],
                "max_file_size": [],
                "merge_queue": [],
                "non_fast_forward": false,
                "pull_request": [
                  {
                    "allowed_merge_methods": [
                      "squash"
                    ],
                    "dismiss_stale_reviews_on_push": false,
                    "require_code_owner_review": true,
                    "require_last_push_approval": false,
                    "required_approving_review_count": 0,
                    "required_review_thread_resolution": false,
                    "required_reviewers": []
                  }
                ],
                "required_code_scanning": [],
                "required_deployments": [],
                "required_linear_history": false,
                "required_signatures": false,
                "required_status_checks": [],
                "tag_name_pattern": [],
                "update": false,
                "update_allows_fetch_and_merge": false
              }
            ],
            "ruleset_id": 16097041,
            "target": "branch"
          },
          "sensitive_attributes": [],
          "private": "eyJzY2hlbWFfdmVyc2lvbiI6IjEifQ==",
          "dependencies": [
            "github_team.approvers",
            "module.repo.github_repository.this"
          ]
        }
      ]
    },
    {
      "module": "module.repo[\"valkyrja-ts\"]",
      "mode": "managed",
      "type": "github_repository_ruleset",
      "name": "required_default_checks",
      "provider": "provider[\"registry.opentofu.org/integrations/github\"]",
      "instances": [
        {
          "schema_version": 1,
          "attributes": {
            "bypass_actors": [
              {
                "actor_id": 0,
                "actor_type": "OrganizationAdmin",
                "bypass_mode": "always"
              },
              {
                "actor_id": 2462900,
                "actor_type": "Integration",
                "bypass_mode": "always"
              }
            ],
            "conditions": [
              {
                "ref_name": [
                  {
                    "exclude": [],
                    "include": [
                      "~DEFAULT_BRANCH",
                      "refs/heads/??.x"
                    ]
                  }
                ]
              }
            ],
            "enforcement": "active",
            "etag": "W/\"67d692832a7eacaf14fda194416f17ffd1a5c078d9584545f8aa345af4660e91\"",
            "id": "16097042",
            "name": "Required Default PR Checks",
            "node_id": "RRS_lACqUmVwb3NpdG9yec5JccdOzgD1nxI",
            "repository": "valkyrja-ts",
            "rules": [
              {
                "branch_name_pattern": [],
                "commit_author_email_pattern": [],
                "commit_message_pattern": [],
                "committer_email_pattern": [],
                "copilot_code_review": [],
                "creation": false,
                "deletion": false,
                "file_extension_restriction": [],
                "file_path_restriction": [],
                "max_file_path_length": [],
                "max_file_size": [],
                "merge_queue": [],
                "non_fast_forward": false,
                "pull_request": [],
                "required_code_scanning": [],
                "required_deployments": [],
                "required_linear_history": false,
                "required_signatures": false,
                "required_status_checks": [
                  {
                    "do_not_enforce_on_create": false,
                    "required_check": [
                      {
                        "context": "Commit Message Check / Check Commit Message",
                        "integration_id": 15368
                      },
                      {
                        "context": "Copyright Header Check / Check Copyright Header",
                        "integration_id": 15368
                      },
                      {
                        "context": "Markdown Check / Check Markdown",
                        "integration_id": 15368
                      },
                      {
                        "context": "Trailing Newline Check / Check Trailing Newline",
                        "integration_id": 15368
                      }
                    ],
                    "strict_required_status_checks_policy": false
                  }
                ],
                "tag_name_pattern": [],
                "update": false,
                "update_allows_fetch_and_merge": false
              }
            ],
            "ruleset_id": 16097042,
            "target": "branch"
          },
          "sensitive_attributes": [],
          "private": "eyJzY2hlbWFfdmVyc2lvbiI6IjEifQ==",
          "dependencies": [
            "module.repo.github_repository.this"
          ]
        }
      ]
    },
    {
      "module": "module.repo[\"valkyrja-ts\"]",
      "mode": "managed",
      "type": "github_repository_ruleset",
      "name": "required_language_checks",
      "provider": "provider[\"registry.opentofu.org/integrations/github\"]",
      "instances": [
        {
          "index_key": 0,
          "schema_version": 1,
          "attributes": {
            "bypass_actors": [
              {
                "actor_id": 0,
                "actor_type": "OrganizationAdmin",
                "bypass_mode": "always"
              },
              {
                "actor_id": 2462900,
                "actor_type": "Integration",
                "bypass_mode": "always"
              }
            ],
            "conditions": [
              {
                "ref_name": [
                  {
                    "exclude": [],
                    "include": [
                      "~DEFAULT_BRANCH",
                      "refs/heads/??.x"
                    ]
                  }
                ]
              }
            ],
            "enforcement": "active",
            "etag": "W/\"50dcdbd1742a7e52225a2908d73beff764092371e4f2c1a50c6d4f1a393c128d\"",
            "id": "16515388",
            "name": "Required TypeScript PR Checks",
            "node_id": "RRS_lACqUmVwb3NpdG9yec5JccdOzgD8ATw",
            "repository": "valkyrja-ts",
            "rules": [
              {
                "branch_name_pattern": [],
                "commit_author_email_pattern": [],
                "commit_message_pattern": [],
                "committer_email_pattern": [],
                "copilot_code_review": [],
                "creation": false,
                "deletion": false,
                "file_extension_restriction": [],
                "file_path_restriction": [],
                "max_file_path_length": [],
                "max_file_size": [],
                "merge_queue": [],
                "non_fast_forward": false,
                "pull_request": [],
                "required_code_scanning": [],
                "required_deployments": [],
                "required_linear_history": false,
                "required_signatures": false,
                "required_status_checks": [
                  {
                    "do_not_enforce_on_create": false,
                    "required_check": [
                      {
                        "context": "Tools / ESLint / ESLint",
                        "integration_id": 15368
                      },
                      {
                        "context": "Tools / Prettier / Prettier",
                        "integration_id": 15368
                      },
                      {
                        "context": "Tools / TypeScript / TypeScript",
                        "integration_id": 15368
                      },
                      {
                        "context": "Tools / Vitest / Vitest",
                        "integration_id": 15368
                      }
                    ],
                    "strict_required_status_checks_policy": false
                  }
                ],
                "tag_name_pattern": [],
                "update": false,
                "update_allows_fetch_and_merge": false
              }
            ],
            "ruleset_id": 16515388,
            "target": "branch"
          },
          "sensitive_attributes": [],
          "private": "eyJzY2hlbWFfdmVyc2lvbiI6IjEifQ==",
          "dependencies": [
            "module.repo.github_repository.this"
          ]
        }
      ]
    },
    {
      "module": "module.repo[\"valkyrja-ts\"]",
      "mode": "managed",
      "type": "github_repository_ruleset",
      "name": "restrict_unsupported_branches",
      "provider": "provider[\"registry.opentofu.org/integrations/github\"]",
      "instances": [
        {
          "schema_version": 1,
          "attributes": {
            "bypass_actors": [
              {
                "actor_id": 2462900,
                "actor_type": "Integration",
                "bypass_mode": "always"
              }
            ],
            "conditions": [
              {
                "ref_name": [
                  {
                    "exclude": [],
                    "include": [
                      "refs/heads/??.x-backup",
                      "refs/heads/master-backup"
                    ]
                  }
                ]
              }
            ],
            "enforcement": "active",
            "etag": "W/\"28d686255576cddc337e1d1fe8ea2bb36462426db7d8bfb396fae0d3796a7635\"",
            "id": "16097043",
            "name": "Restrict Changes to Unsupported Branches",
            "node_id": "RRS_lACqUmVwb3NpdG9yec5JccdOzgD1nxM",
            "repository": "valkyrja-ts",
            "rules": [
              {
                "branch_name_pattern": [],
                "commit_author_email_pattern": [],
                "commit_message_pattern": [],
                "committer_email_pattern": [],
                "copilot_code_review": [],
                "creation": true,
                "deletion": true,
                "file_extension_restriction": [],
                "file_path_restriction": [],
                "max_file_path_length": [],
                "max_file_size": [],
                "merge_queue": [],
                "non_fast_forward": true,
                "pull_request": [],
                "required_code_scanning": [],
                "required_deployments": [],
                "required_linear_history": false,
                "required_signatures": false,
                "required_status_checks": [],
                "tag_name_pattern": [],
                "update": true,
                "update_allows_fetch_and_merge": false
              }
            ],
            "ruleset_id": 16097043,
            "target": "branch"
          },
          "sensitive_attributes": [],
          "private": "eyJzY2hlbWFfdmVyc2lvbiI6IjEifQ==",
          "dependencies": [
            "module.repo.github_repository.this"
          ]
        }
      ]
    },
    {
      "module": "module.repo[\"valkyrja-ts\"]",
      "mode": "managed",
      "type": "github_repository_vulnerability_alerts",
      "name": "this",
      "provider": "provider[\"registry.opentofu.org/integrations/github\"]",
      "instances": [
        {
          "schema_version": 0,
          "attributes": {
            "enabled": true,
            "id": "1232193358",
            "repository": "valkyrja-ts",
            "repository_id": 1232193358
          },
          "sensitive_attributes": [],
          "private": "eyJzY2hlbWFfdmVyc2lvbiI6IjAifQ==",
          "dependencies": [
            "module.repo.github_repository.this"
          ]
        }
      ]
    },
    {
      "module": "module.repo[\"valkyrja-ts\"]",
      "mode": "managed",
      "type": "github_team_repository",
      "name": "approvers",
      "provider": "provider[\"registry.opentofu.org/integrations/github\"]",
      "instances": [
        {
          "index_key": 0,
          "schema_version": 0,
          "attributes": {
            "etag": "W/\"0d1c9767671cf5ca7bb760f7de2c885bc3732a8bb3ebe681c0f5f46a944ea271\"",
            "id": "18867552:valkyrja-ts",
            "permission": "push",
            "repository": "valkyrja-ts",
            "team_id": "approvers"
          },
          "sensitive_attributes": [],
          "private": "bnVsbA==",
          "dependencies": [
            "module.repo.github_repository.this"
          ]
        }
      ]
    }
  ],
  "check_results": null
}

